{
  "version": 4,
  "terraform_version": "1.2.9",
  "serial": 182,
  "lineage": "900b09bc-0006-2feb-efdf-7613c333cbce",
  "outputs": {
    "certificate_authority_data": {
      "value": "LS0tLS1CRUdJTiBDRVJUSUZJQ0FURS0tLS0tCk1JSUM1ekNDQWMrZ0F3SUJBZ0lCQURBTkJna3Foa2lHOXcwQkFRc0ZBREFWTVJNd0VRWURWUVFERXdwcmRXSmwKY201bGRHVnpNQjRYRFRJeU1URXhOekEzTlRVd04xb1hEVE15TVRFeE5EQTNOVFV3TjFvd0ZURVRNQkVHQTFVRQpBeE1LYTNWaVpYSnVaWFJsY3pDQ0FTSXdEUVlKS29aSWh2Y05BUUVCQlFBRGdnRVBBRENDQVFvQ2dnRUJBTGs0CnJrTU00Y0FMQmcvelVaa0thVjV4R1R3dU5mcXZwYkF3UTNEM0FsbGJzOWZUbVNFejVuTWlCOXgwU2JaL3RsRWoKYVhCT2szdzNvaTVrWUdMNGJOTW9GWDNaUVBFYmh1c0I0K3o5UnFXNUhURjIwdEd3azBRYVp1LzVtQTd5UW53TQpKeWRoajZxUDV3akdnRmVFMmJhVjlkWkFpNExEOFBBamFDT2hZZER5TWdhRkwrbW8vZUhiOEJRbmlXQjNLNjJWCnZMNWdRb1o5NVNmZllFRXBOQjdjbDZxa00va2s5cU5oZUxkU1ljVjhUWmVmU1E0NTJGR1VXL3pBaFB1UDBIQmwKRGc5Q3Jqd3VlZm1ETTZQYjRDSWlKSENoMFZ2eXlCTHptd1pySkc3M1YyYXlnUlRsalVYdkxBSHQ4VzhvdVpLNwp2ZEtUYWpVY015alNZUTVIV1gwQ0F3RUFBYU5DTUVBd0RnWURWUjBQQVFIL0JBUURBZ0trTUE4R0ExVWRFd0VCCi93UUZNQU1CQWY4d0hRWURWUjBPQkJZRUZDaVZhN1Y3UVhHZGVtU3kyVXRuOWdYMG96UTdNQTBHQ1NxR1NJYjMKRFFFQkN3VUFBNElCQVFDam9jM3JDSTFyQ1p1a2dTNG81azF0a08xaVNRb1hSY0dCUDJIdWViaTZ5cjhzRHhpVApJdWRVc0tFdm5OUEIraUpLRnozYXhEaUI5RENnTHQrblJHRVorZUhrWlEvVGxmK0dNUFJZSU4vOG0wN2dyVjQ4CnM3am9VRjdzSkdoOUJTWUxOcWs3em0wRGdtNWp4eXVtdWhCSENMTEVlREo5a3h1dXBIYnNXZU9jS0h1d1YvZHYKQnNUZ1EwYUJmZzlIRER3UUlOTUpibjcyU1RNQnYvNDc2YlhoTmV2MHpwTnhpb3ZnejRWN09UTWZkNExpV0srMgp1TWJESk5lT3JOV091VEsvbHNWUnZtejFjSysrR3g5ZUVzcGVtQTVYa1RMbFp4cG51Q2hONmd6NzB6Uy9iTEZuCnUvU01PNVlHdllPNXBuWGJ5YlNUOGhmc2lMSEZsYjFxMzB4ZAotLS0tLUVORCBDRVJUSUZJQ0FURS0tLS0tCg==",
      "type": "string",
      "sensitive": true
    },
    "cluster_endpoint": {
      "value": "https://B5E4A8F73D2823F247F70443DF689A3C.gr7.us-east-1.eks.amazonaws.com",
      "type": "string"
    },
    "cluster_id": {
      "value": "eclipz-sndbx-devops-eks",
      "type": "string"
    },
    "db_endpoint": {
      "value": "eclipz-sndbx-devops-aurora.cluster-ckukbxtcgunv.us-east-1.rds.amazonaws.com",
      "type": "string"
    },
    "db_name": {
      "value": "mydb",
      "type": "string"
    },
    "db_password": {
      "value": "QpCXrgfYw4",
      "type": "string",
      "sensitive": true
    },
    "db_port": {
      "value": 5432,
      "type": "number"
    },
    "db_username": {
      "value": "root",
      "type": "string",
      "sensitive": true
    }
  },
  "resources": [
    {
      "module": "module.ecr_registry.module.ecr[\"admingui-backend-eclipz-sndbx-devops-us-east-1\"]",
      "mode": "data",
      "type": "aws_caller_identity",
      "name": "current",
      "provider": "provider[\"registry.terraform.io/hashicorp/aws\"]",
      "instances": [
        {
          "schema_version": 0,
          "attributes": {
            "account_id": "411309562081",
            "arn": "arn:aws:iam::411309562081:user/nahmed@puffersoft.com",
            "id": "411309562081",
            "user_id": "AIDAV7Q7V3DQ4QDGQEA75"
          },
          "sensitive_attributes": []
        }
      ]
    },
    {
      "module": "module.ecr_registry.module.ecr[\"admingui-backend-eclipz-sndbx-devops-us-east-1\"]",
      "mode": "data",
      "type": "aws_iam_policy_document",
      "name": "repository",
      "provider": "provider[\"registry.terraform.io/hashicorp/aws\"]",
      "instances": [
        {
          "index_key": 0,
          "schema_version": 0,
          "attributes": {
            "id": "2617235263",
            "json": "{\n  \"Version\": \"2012-10-17\",\n  \"Statement\": [\n    {\n      \"Sid\": \"PrivateReadOnly\",\n      \"Effect\": \"Allow\",\n      \"Action\": [\n        \"ecr:ListTagsForResource\",\n        \"ecr:ListImages\",\n        \"ecr:GetRepositoryPolicy\",\n        \"ecr:GetLifecyclePolicyPreview\",\n        \"ecr:GetLifecyclePolicy\",\n        \"ecr:GetDownloadUrlForLayer\",\n        \"ecr:DescribeRepositories\",\n        \"ecr:DescribeImages\",\n        \"ecr:DescribeImageScanFindings\",\n        \"ecr:BatchGetImage\",\n        \"ecr:BatchCheckLayerAvailability\"\n      ],\n      \"Principal\": {\n        \"AWS\": \"arn:aws:iam::411309562081:root\"\n      }\n    }\n  ]\n}",
            "override_json": null,
            "override_policy_documents": null,
            "policy_id": null,
            "source_json": null,
            "source_policy_documents": null,
            "statement": [
              {
                "actions": [
                  "ecr:BatchCheckLayerAvailability",
                  "ecr:BatchGetImage",
                  "ecr:DescribeImageScanFindings",
                  "ecr:DescribeImages",
                  "ecr:DescribeRepositories",
                  "ecr:GetDownloadUrlForLayer",
                  "ecr:GetLifecyclePolicy",
                  "ecr:GetLifecyclePolicyPreview",
                  "ecr:GetRepositoryPolicy",
                  "ecr:ListImages",
                  "ecr:ListTagsForResource"
                ],
                "condition": [],
                "effect": "Allow",
                "not_actions": [],
                "not_principals": [],
                "not_resources": [],
                "principals": [
                  {
                    "identifiers": [
                      "arn:aws:iam::411309562081:root"
                    ],
                    "type": "AWS"
                  }
                ],
                "resources": [],
                "sid": "PrivateReadOnly"
              }
            ],
            "version": "2012-10-17"
          },
          "sensitive_attributes": []
        }
      ]
    },
    {
      "module": "module.ecr_registry.module.ecr[\"admingui-backend-eclipz-sndbx-devops-us-east-1\"]",
      "mode": "data",
      "type": "aws_partition",
      "name": "current",
      "provider": "provider[\"registry.terraform.io/hashicorp/aws\"]",
      "instances": [
        {
          "schema_version": 0,
          "attributes": {
            "dns_suffix": "amazonaws.com",
            "id": "aws",
            "partition": "aws",
            "reverse_dns_prefix": "com.amazonaws"
          },
          "sensitive_attributes": []
        }
      ]
    },
    {
      "module": "module.ecr_registry.module.ecr[\"admingui-backend-eclipz-sndbx-devops-us-east-1\"]",
      "mode": "managed",
      "type": "aws_ecr_lifecycle_policy",
      "name": "this",
      "provider": "provider[\"registry.terraform.io/hashicorp/aws\"]",
      "instances": [
        {
          "index_key": 0,
          "schema_version": 0,
          "attributes": {
            "id": "admingui-backend-eclipz-sndbx-devops-us-east-1",
            "policy": "{\"rules\":[{\"action\":{\"type\":\"expire\"},\"description\":\"Keep last 30 images\",\"rulePriority\":1,\"selection\":{\"countNumber\":30,\"countType\":\"imageCountMoreThan\",\"tagPrefixList\":[\"v\"],\"tagStatus\":\"tagged\"}}]}",
            "registry_id": "411309562081",
            "repository": "admingui-backend-eclipz-sndbx-devops-us-east-1"
          },
          "sensitive_attributes": [],
          "private": "bnVsbA==",
          "dependencies": [
            "module.ecr_registry.module.ecr.aws_ecr_repository.this"
          ]
        }
      ]
    },
    {
      "module": "module.ecr_registry.module.ecr[\"admingui-backend-eclipz-sndbx-devops-us-east-1\"]",
      "mode": "managed",
      "type": "aws_ecr_repository",
      "name": "this",
      "provider": "provider[\"registry.terraform.io/hashicorp/aws\"]",
      "instances": [
        {
          "index_key": 0,
          "schema_version": 0,
          "attributes": {
            "arn": "arn:aws:ecr:us-east-1:411309562081:repository/admingui-backend-eclipz-sndbx-devops-us-east-1",
            "encryption_configuration": [
              {
                "encryption_type": "AES256",
                "kms_key": ""
              }
            ],
            "force_delete": null,
            "id": "admingui-backend-eclipz-sndbx-devops-us-east-1",
            "image_scanning_configuration": [
              {
                "scan_on_push": true
              }
            ],
            "image_tag_mutability": "IMMUTABLE",
            "name": "admingui-backend-eclipz-sndbx-devops-us-east-1",
            "registry_id": "411309562081",
            "repository_url": "411309562081.dkr.ecr.us-east-1.amazonaws.com/admingui-backend-eclipz-sndbx-devops-us-east-1",
            "tags": null,
            "tags_all": {},
            "timeouts": null
          },
          "sensitive_attributes": [],
          "private": "eyJlMmJmYjczMC1lY2FhLTExZTYtOGY4OC0zNDM2M2JjN2M0YzAiOnsiZGVsZXRlIjoxMjAwMDAwMDAwMDAwfX0="
        }
      ]
    },
    {
      "module": "module.ecr_registry.module.ecr[\"admingui-backend-eclipz-sndbx-devops-us-east-1\"]",
      "mode": "managed",
      "type": "aws_ecr_repository_policy",
      "name": "this",
      "provider": "provider[\"registry.terraform.io/hashicorp/aws\"]",
      "instances": [
        {
          "index_key": 0,
          "schema_version": 0,
          "attributes": {
            "id": "admingui-backend-eclipz-sndbx-devops-us-east-1",
            "policy": "{\"Statement\":[{\"Action\":[\"ecr:ListTagsForResource\",\"ecr:ListImages\",\"ecr:GetRepositoryPolicy\",\"ecr:GetLifecyclePolicyPreview\",\"ecr:GetLifecyclePolicy\",\"ecr:GetDownloadUrlForLayer\",\"ecr:DescribeRepositories\",\"ecr:DescribeImages\",\"ecr:DescribeImageScanFindings\",\"ecr:BatchGetImage\",\"ecr:BatchCheckLayerAvailability\"],\"Effect\":\"Allow\",\"Principal\":{\"AWS\":\"arn:aws:iam::411309562081:root\"},\"Sid\":\"PrivateReadOnly\"}],\"Version\":\"2012-10-17\"}",
            "registry_id": "411309562081",
            "repository": "admingui-backend-eclipz-sndbx-devops-us-east-1"
          },
          "sensitive_attributes": [],
          "private": "bnVsbA==",
          "dependencies": [
            "module.ecr_registry.module.ecr.aws_ecr_repository.this",
            "module.ecr_registry.module.ecr.data.aws_iam_policy_document.repository"
          ]
        }
      ]
    },
    {
      "module": "module.ecr_registry.module.ecr[\"admingui-controller-eclipz-sndbx-devops-us-east-1\"]",
      "mode": "data",
      "type": "aws_caller_identity",
      "name": "current",
      "provider": "provider[\"registry.terraform.io/hashicorp/aws\"]",
      "instances": [
        {
          "schema_version": 0,
          "attributes": {
            "account_id": "411309562081",
            "arn": "arn:aws:iam::411309562081:user/nahmed@puffersoft.com",
            "id": "411309562081",
            "user_id": "AIDAV7Q7V3DQ4QDGQEA75"
          },
          "sensitive_attributes": []
        }
      ]
    },
    {
      "module": "module.ecr_registry.module.ecr[\"admingui-controller-eclipz-sndbx-devops-us-east-1\"]",
      "mode": "data",
      "type": "aws_iam_policy_document",
      "name": "repository",
      "provider": "provider[\"registry.terraform.io/hashicorp/aws\"]",
      "instances": [
        {
          "index_key": 0,
          "schema_version": 0,
          "attributes": {
            "id": "2617235263",
            "json": "{\n  \"Version\": \"2012-10-17\",\n  \"Statement\": [\n    {\n      \"Sid\": \"PrivateReadOnly\",\n      \"Effect\": \"Allow\",\n      \"Action\": [\n        \"ecr:ListTagsForResource\",\n        \"ecr:ListImages\",\n        \"ecr:GetRepositoryPolicy\",\n        \"ecr:GetLifecyclePolicyPreview\",\n        \"ecr:GetLifecyclePolicy\",\n        \"ecr:GetDownloadUrlForLayer\",\n        \"ecr:DescribeRepositories\",\n        \"ecr:DescribeImages\",\n        \"ecr:DescribeImageScanFindings\",\n        \"ecr:BatchGetImage\",\n        \"ecr:BatchCheckLayerAvailability\"\n      ],\n      \"Principal\": {\n        \"AWS\": \"arn:aws:iam::411309562081:root\"\n      }\n    }\n  ]\n}",
            "override_json": null,
            "override_policy_documents": null,
            "policy_id": null,
            "source_json": null,
            "source_policy_documents": null,
            "statement": [
              {
                "actions": [
                  "ecr:BatchCheckLayerAvailability",
                  "ecr:BatchGetImage",
                  "ecr:DescribeImageScanFindings",
                  "ecr:DescribeImages",
                  "ecr:DescribeRepositories",
                  "ecr:GetDownloadUrlForLayer",
                  "ecr:GetLifecyclePolicy",
                  "ecr:GetLifecyclePolicyPreview",
                  "ecr:GetRepositoryPolicy",
                  "ecr:ListImages",
                  "ecr:ListTagsForResource"
                ],
                "condition": [],
                "effect": "Allow",
                "not_actions": [],
                "not_principals": [],
                "not_resources": [],
                "principals": [
                  {
                    "identifiers": [
                      "arn:aws:iam::411309562081:root"
                    ],
                    "type": "AWS"
                  }
                ],
                "resources": [],
                "sid": "PrivateReadOnly"
              }
            ],
            "version": "2012-10-17"
          },
          "sensitive_attributes": []
        }
      ]
    },
    {
      "module": "module.ecr_registry.module.ecr[\"admingui-controller-eclipz-sndbx-devops-us-east-1\"]",
      "mode": "data",
      "type": "aws_partition",
      "name": "current",
      "provider": "provider[\"registry.terraform.io/hashicorp/aws\"]",
      "instances": [
        {
          "schema_version": 0,
          "attributes": {
            "dns_suffix": "amazonaws.com",
            "id": "aws",
            "partition": "aws",
            "reverse_dns_prefix": "com.amazonaws"
          },
          "sensitive_attributes": []
        }
      ]
    },
    {
      "module": "module.ecr_registry.module.ecr[\"admingui-controller-eclipz-sndbx-devops-us-east-1\"]",
      "mode": "managed",
      "type": "aws_ecr_lifecycle_policy",
      "name": "this",
      "provider": "provider[\"registry.terraform.io/hashicorp/aws\"]",
      "instances": [
        {
          "index_key": 0,
          "schema_version": 0,
          "attributes": {
            "id": "admingui-controller-eclipz-sndbx-devops-us-east-1",
            "policy": "{\"rules\":[{\"action\":{\"type\":\"expire\"},\"description\":\"Keep last 30 images\",\"rulePriority\":1,\"selection\":{\"countNumber\":30,\"countType\":\"imageCountMoreThan\",\"tagPrefixList\":[\"v\"],\"tagStatus\":\"tagged\"}}]}",
            "registry_id": "411309562081",
            "repository": "admingui-controller-eclipz-sndbx-devops-us-east-1"
          },
          "sensitive_attributes": [],
          "private": "bnVsbA==",
          "dependencies": [
            "module.ecr_registry.module.ecr.aws_ecr_repository.this"
          ]
        }
      ]
    },
    {
      "module": "module.ecr_registry.module.ecr[\"admingui-controller-eclipz-sndbx-devops-us-east-1\"]",
      "mode": "managed",
      "type": "aws_ecr_repository",
      "name": "this",
      "provider": "provider[\"registry.terraform.io/hashicorp/aws\"]",
      "instances": [
        {
          "index_key": 0,
          "schema_version": 0,
          "attributes": {
            "arn": "arn:aws:ecr:us-east-1:411309562081:repository/admingui-controller-eclipz-sndbx-devops-us-east-1",
            "encryption_configuration": [
              {
                "encryption_type": "AES256",
                "kms_key": ""
              }
            ],
            "force_delete": null,
            "id": "admingui-controller-eclipz-sndbx-devops-us-east-1",
            "image_scanning_configuration": [
              {
                "scan_on_push": true
              }
            ],
            "image_tag_mutability": "IMMUTABLE",
            "name": "admingui-controller-eclipz-sndbx-devops-us-east-1",
            "registry_id": "411309562081",
            "repository_url": "411309562081.dkr.ecr.us-east-1.amazonaws.com/admingui-controller-eclipz-sndbx-devops-us-east-1",
            "tags": null,
            "tags_all": {},
            "timeouts": null
          },
          "sensitive_attributes": [],
          "private": "eyJlMmJmYjczMC1lY2FhLTExZTYtOGY4OC0zNDM2M2JjN2M0YzAiOnsiZGVsZXRlIjoxMjAwMDAwMDAwMDAwfX0="
        }
      ]
    },
    {
      "module": "module.ecr_registry.module.ecr[\"admingui-controller-eclipz-sndbx-devops-us-east-1\"]",
      "mode": "managed",
      "type": "aws_ecr_repository_policy",
      "name": "this",
      "provider": "provider[\"registry.terraform.io/hashicorp/aws\"]",
      "instances": [
        {
          "index_key": 0,
          "schema_version": 0,
          "attributes": {
            "id": "admingui-controller-eclipz-sndbx-devops-us-east-1",
            "policy": "{\"Statement\":[{\"Action\":[\"ecr:ListTagsForResource\",\"ecr:ListImages\",\"ecr:GetRepositoryPolicy\",\"ecr:GetLifecyclePolicyPreview\",\"ecr:GetLifecyclePolicy\",\"ecr:GetDownloadUrlForLayer\",\"ecr:DescribeRepositories\",\"ecr:DescribeImages\",\"ecr:DescribeImageScanFindings\",\"ecr:BatchGetImage\",\"ecr:BatchCheckLayerAvailability\"],\"Effect\":\"Allow\",\"Principal\":{\"AWS\":\"arn:aws:iam::411309562081:root\"},\"Sid\":\"PrivateReadOnly\"}],\"Version\":\"2012-10-17\"}",
            "registry_id": "411309562081",
            "repository": "admingui-controller-eclipz-sndbx-devops-us-east-1"
          },
          "sensitive_attributes": [],
          "private": "bnVsbA==",
          "dependencies": [
            "module.ecr_registry.module.ecr.aws_ecr_repository.this",
            "module.ecr_registry.module.ecr.data.aws_iam_policy_document.repository"
          ]
        }
      ]
    },
    {
      "module": "module.ecr_registry.module.ecr[\"admingui-frontend-eclipz-sndbx-devops-us-east-1\"]",
      "mode": "data",
      "type": "aws_caller_identity",
      "name": "current",
      "provider": "provider[\"registry.terraform.io/hashicorp/aws\"]",
      "instances": [
        {
          "schema_version": 0,
          "attributes": {
            "account_id": "411309562081",
            "arn": "arn:aws:iam::411309562081:user/nahmed@puffersoft.com",
            "id": "411309562081",
            "user_id": "AIDAV7Q7V3DQ4QDGQEA75"
          },
          "sensitive_attributes": []
        }
      ]
    },
    {
      "module": "module.ecr_registry.module.ecr[\"admingui-frontend-eclipz-sndbx-devops-us-east-1\"]",
      "mode": "data",
      "type": "aws_iam_policy_document",
      "name": "repository",
      "provider": "provider[\"registry.terraform.io/hashicorp/aws\"]",
      "instances": [
        {
          "index_key": 0,
          "schema_version": 0,
          "attributes": {
            "id": "2617235263",
            "json": "{\n  \"Version\": \"2012-10-17\",\n  \"Statement\": [\n    {\n      \"Sid\": \"PrivateReadOnly\",\n      \"Effect\": \"Allow\",\n      \"Action\": [\n        \"ecr:ListTagsForResource\",\n        \"ecr:ListImages\",\n        \"ecr:GetRepositoryPolicy\",\n        \"ecr:GetLifecyclePolicyPreview\",\n        \"ecr:GetLifecyclePolicy\",\n        \"ecr:GetDownloadUrlForLayer\",\n        \"ecr:DescribeRepositories\",\n        \"ecr:DescribeImages\",\n        \"ecr:DescribeImageScanFindings\",\n        \"ecr:BatchGetImage\",\n        \"ecr:BatchCheckLayerAvailability\"\n      ],\n      \"Principal\": {\n        \"AWS\": \"arn:aws:iam::411309562081:root\"\n      }\n    }\n  ]\n}",
            "override_json": null,
            "override_policy_documents": null,
            "policy_id": null,
            "source_json": null,
            "source_policy_documents": null,
            "statement": [
              {
                "actions": [
                  "ecr:BatchCheckLayerAvailability",
                  "ecr:BatchGetImage",
                  "ecr:DescribeImageScanFindings",
                  "ecr:DescribeImages",
                  "ecr:DescribeRepositories",
                  "ecr:GetDownloadUrlForLayer",
                  "ecr:GetLifecyclePolicy",
                  "ecr:GetLifecyclePolicyPreview",
                  "ecr:GetRepositoryPolicy",
                  "ecr:ListImages",
                  "ecr:ListTagsForResource"
                ],
                "condition": [],
                "effect": "Allow",
                "not_actions": [],
                "not_principals": [],
                "not_resources": [],
                "principals": [
                  {
                    "identifiers": [
                      "arn:aws:iam::411309562081:root"
                    ],
                    "type": "AWS"
                  }
                ],
                "resources": [],
                "sid": "PrivateReadOnly"
              }
            ],
            "version": "2012-10-17"
          },
          "sensitive_attributes": []
        }
      ]
    },
    {
      "module": "module.ecr_registry.module.ecr[\"admingui-frontend-eclipz-sndbx-devops-us-east-1\"]",
      "mode": "data",
      "type": "aws_partition",
      "name": "current",
      "provider": "provider[\"registry.terraform.io/hashicorp/aws\"]",
      "instances": [
        {
          "schema_version": 0,
          "attributes": {
            "dns_suffix": "amazonaws.com",
            "id": "aws",
            "partition": "aws",
            "reverse_dns_prefix": "com.amazonaws"
          },
          "sensitive_attributes": []
        }
      ]
    },
    {
      "module": "module.ecr_registry.module.ecr[\"admingui-frontend-eclipz-sndbx-devops-us-east-1\"]",
      "mode": "managed",
      "type": "aws_ecr_lifecycle_policy",
      "name": "this",
      "provider": "provider[\"registry.terraform.io/hashicorp/aws\"]",
      "instances": [
        {
          "index_key": 0,
          "schema_version": 0,
          "attributes": {
            "id": "admingui-frontend-eclipz-sndbx-devops-us-east-1",
            "policy": "{\"rules\":[{\"action\":{\"type\":\"expire\"},\"description\":\"Keep last 30 images\",\"rulePriority\":1,\"selection\":{\"countNumber\":30,\"countType\":\"imageCountMoreThan\",\"tagPrefixList\":[\"v\"],\"tagStatus\":\"tagged\"}}]}",
            "registry_id": "411309562081",
            "repository": "admingui-frontend-eclipz-sndbx-devops-us-east-1"
          },
          "sensitive_attributes": [],
          "private": "bnVsbA==",
          "dependencies": [
            "module.ecr_registry.module.ecr.aws_ecr_repository.this"
          ]
        }
      ]
    },
    {
      "module": "module.ecr_registry.module.ecr[\"admingui-frontend-eclipz-sndbx-devops-us-east-1\"]",
      "mode": "managed",
      "type": "aws_ecr_repository",
      "name": "this",
      "provider": "provider[\"registry.terraform.io/hashicorp/aws\"]",
      "instances": [
        {
          "index_key": 0,
          "schema_version": 0,
          "attributes": {
            "arn": "arn:aws:ecr:us-east-1:411309562081:repository/admingui-frontend-eclipz-sndbx-devops-us-east-1",
            "encryption_configuration": [
              {
                "encryption_type": "AES256",
                "kms_key": ""
              }
            ],
            "force_delete": null,
            "id": "admingui-frontend-eclipz-sndbx-devops-us-east-1",
            "image_scanning_configuration": [
              {
                "scan_on_push": true
              }
            ],
            "image_tag_mutability": "IMMUTABLE",
            "name": "admingui-frontend-eclipz-sndbx-devops-us-east-1",
            "registry_id": "411309562081",
            "repository_url": "411309562081.dkr.ecr.us-east-1.amazonaws.com/admingui-frontend-eclipz-sndbx-devops-us-east-1",
            "tags": null,
            "tags_all": {},
            "timeouts": null
          },
          "sensitive_attributes": [],
          "private": "eyJlMmJmYjczMC1lY2FhLTExZTYtOGY4OC0zNDM2M2JjN2M0YzAiOnsiZGVsZXRlIjoxMjAwMDAwMDAwMDAwfX0="
        }
      ]
    },
    {
      "module": "module.ecr_registry.module.ecr[\"admingui-frontend-eclipz-sndbx-devops-us-east-1\"]",
      "mode": "managed",
      "type": "aws_ecr_repository_policy",
      "name": "this",
      "provider": "provider[\"registry.terraform.io/hashicorp/aws\"]",
      "instances": [
        {
          "index_key": 0,
          "schema_version": 0,
          "attributes": {
            "id": "admingui-frontend-eclipz-sndbx-devops-us-east-1",
            "policy": "{\"Statement\":[{\"Action\":[\"ecr:ListTagsForResource\",\"ecr:ListImages\",\"ecr:GetRepositoryPolicy\",\"ecr:GetLifecyclePolicyPreview\",\"ecr:GetLifecyclePolicy\",\"ecr:GetDownloadUrlForLayer\",\"ecr:DescribeRepositories\",\"ecr:DescribeImages\",\"ecr:DescribeImageScanFindings\",\"ecr:BatchGetImage\",\"ecr:BatchCheckLayerAvailability\"],\"Effect\":\"Allow\",\"Principal\":{\"AWS\":\"arn:aws:iam::411309562081:root\"},\"Sid\":\"PrivateReadOnly\"}],\"Version\":\"2012-10-17\"}",
            "registry_id": "411309562081",
            "repository": "admingui-frontend-eclipz-sndbx-devops-us-east-1"
          },
          "sensitive_attributes": [],
          "private": "bnVsbA==",
          "dependencies": [
            "module.ecr_registry.module.ecr.aws_ecr_repository.this",
            "module.ecr_registry.module.ecr.data.aws_iam_policy_document.repository"
          ]
        }
      ]
    },
    {
      "module": "module.eks-cluster-with-import-vpc",
      "mode": "data",
      "type": "aws_availability_zones",
      "name": "available",
      "provider": "provider[\"registry.terraform.io/hashicorp/aws\"]",
      "instances": [
        {
          "schema_version": 0,
          "attributes": {
            "all_availability_zones": null,
            "exclude_names": null,
            "exclude_zone_ids": null,
            "filter": null,
            "group_names": [
              "us-east-1"
            ],
            "id": "us-east-1",
            "names": [
              "us-east-1a",
              "us-east-1b",
              "us-east-1c",
              "us-east-1d",
              "us-east-1e",
              "us-east-1f"
            ],
            "state": null,
            "timeouts": null,
            "zone_ids": [
              "use1-az4",
              "use1-az6",
              "use1-az1",
              "use1-az2",
              "use1-az3",
              "use1-az5"
            ]
          },
          "sensitive_attributes": []
        }
      ]
    },
    {
      "module": "module.eks-cluster-with-import-vpc",
      "mode": "data",
      "type": "aws_eks_cluster",
      "name": "cluster",
      "provider": "provider[\"registry.terraform.io/hashicorp/aws\"]",
      "instances": [
        {
          "schema_version": 0,
          "attributes": {
            "arn": "arn:aws:eks:us-east-1:411309562081:cluster/eclipz-sndbx-devops-eks",
            "certificate_authority": [
              {
                "data": "LS0tLS1CRUdJTiBDRVJUSUZJQ0FURS0tLS0tCk1JSUM1ekNDQWMrZ0F3SUJBZ0lCQURBTkJna3Foa2lHOXcwQkFRc0ZBREFWTVJNd0VRWURWUVFERXdwcmRXSmwKY201bGRHVnpNQjRYRFRJeU1URXhOekEzTlRVd04xb1hEVE15TVRFeE5EQTNOVFV3TjFvd0ZURVRNQkVHQTFVRQpBeE1LYTNWaVpYSnVaWFJsY3pDQ0FTSXdEUVlKS29aSWh2Y05BUUVCQlFBRGdnRVBBRENDQVFvQ2dnRUJBTGs0CnJrTU00Y0FMQmcvelVaa0thVjV4R1R3dU5mcXZwYkF3UTNEM0FsbGJzOWZUbVNFejVuTWlCOXgwU2JaL3RsRWoKYVhCT2szdzNvaTVrWUdMNGJOTW9GWDNaUVBFYmh1c0I0K3o5UnFXNUhURjIwdEd3azBRYVp1LzVtQTd5UW53TQpKeWRoajZxUDV3akdnRmVFMmJhVjlkWkFpNExEOFBBamFDT2hZZER5TWdhRkwrbW8vZUhiOEJRbmlXQjNLNjJWCnZMNWdRb1o5NVNmZllFRXBOQjdjbDZxa00va2s5cU5oZUxkU1ljVjhUWmVmU1E0NTJGR1VXL3pBaFB1UDBIQmwKRGc5Q3Jqd3VlZm1ETTZQYjRDSWlKSENoMFZ2eXlCTHptd1pySkc3M1YyYXlnUlRsalVYdkxBSHQ4VzhvdVpLNwp2ZEtUYWpVY015alNZUTVIV1gwQ0F3RUFBYU5DTUVBd0RnWURWUjBQQVFIL0JBUURBZ0trTUE4R0ExVWRFd0VCCi93UUZNQU1CQWY4d0hRWURWUjBPQkJZRUZDaVZhN1Y3UVhHZGVtU3kyVXRuOWdYMG96UTdNQTBHQ1NxR1NJYjMKRFFFQkN3VUFBNElCQVFDam9jM3JDSTFyQ1p1a2dTNG81azF0a08xaVNRb1hSY0dCUDJIdWViaTZ5cjhzRHhpVApJdWRVc0tFdm5OUEIraUpLRnozYXhEaUI5RENnTHQrblJHRVorZUhrWlEvVGxmK0dNUFJZSU4vOG0wN2dyVjQ4CnM3am9VRjdzSkdoOUJTWUxOcWs3em0wRGdtNWp4eXVtdWhCSENMTEVlREo5a3h1dXBIYnNXZU9jS0h1d1YvZHYKQnNUZ1EwYUJmZzlIRER3UUlOTUpibjcyU1RNQnYvNDc2YlhoTmV2MHpwTnhpb3ZnejRWN09UTWZkNExpV0srMgp1TWJESk5lT3JOV091VEsvbHNWUnZtejFjSysrR3g5ZUVzcGVtQTVYa1RMbFp4cG51Q2hONmd6NzB6Uy9iTEZuCnUvU01PNVlHdllPNXBuWGJ5YlNUOGhmc2lMSEZsYjFxMzB4ZAotLS0tLUVORCBDRVJUSUZJQ0FURS0tLS0tCg=="
              }
            ],
            "created_at": "2022-11-17 07:48:53.171 +0000 UTC",
            "enabled_cluster_log_types": [
              "api",
              "audit",
              "authenticator",
              "controllerManager",
              "scheduler"
            ],
            "endpoint": "https://B5E4A8F73D2823F247F70443DF689A3C.gr7.us-east-1.eks.amazonaws.com",
            "id": "eclipz-sndbx-devops-eks",
            "identity": [
              {
                "oidc": [
                  {
                    "issuer": "https://oidc.eks.us-east-1.amazonaws.com/id/B5E4A8F73D2823F247F70443DF689A3C"
                  }
                ]
              }
            ],
            "kubernetes_network_config": [
              {
                "ip_family": "ipv4",
                "service_ipv4_cidr": "172.20.0.0/16",
                "service_ipv6_cidr": ""
              }
            ],
            "name": "eclipz-sndbx-devops-eks",
            "outpost_config": [],
            "platform_version": "eks.13",
            "role_arn": "arn:aws:iam::411309562081:role/eclipz-sndbx-devops-eks-cluster-role",
            "status": "ACTIVE",
            "tags": {
              "created-by": "Terraform v1.0.1",
              "environment": "sndbx",
              "name": "eclipz-sndbx-devops-eks",
              "org": "",
              "resource": "eks",
              "tenant": "eclipz",
              "zone": "devops"
            },
            "version": "1.21",
            "vpc_config": [
              {
                "cluster_security_group_id": "sg-05e935e459fe8631f",
                "endpoint_private_access": false,
                "endpoint_public_access": true,
                "public_access_cidrs": [
                  "0.0.0.0/0"
                ],
                "security_group_ids": [
                  "sg-0a1cb7ab132f4ed83"
                ],
                "subnet_ids": [
                  "subnet-041f62c3f1c166d60",
                  "subnet-04a4f30bbba6ac904",
                  "subnet-0ecb0848e1fe9d6e3"
                ],
                "vpc_id": "vpc-0404837b5d107024c"
              }
            ]
          },
          "sensitive_attributes": []
        }
      ]
    },
    {
      "module": "module.eks-cluster-with-import-vpc",
      "mode": "data",
      "type": "aws_eks_cluster_auth",
      "name": "cluster",
      "provider": "provider[\"registry.terraform.io/hashicorp/aws\"]",
      "instances": [
        {
          "schema_version": 0,
          "attributes": {
            "id": "eclipz-sndbx-devops-eks",
            "name": "eclipz-sndbx-devops-eks",
            "token": "k8s-aws-v1.aHR0cHM6Ly9zdHMuYW1hem9uYXdzLmNvbS8_QWN0aW9uPUdldENhbGxlcklkZW50aXR5JlZlcnNpb249MjAxMS0wNi0xNSZYLUFtei1BbGdvcml0aG09QVdTNC1ITUFDLVNIQTI1NiZYLUFtei1DcmVkZW50aWFsPUFLSUFWN1E3VjNEUVlWVlpJSUFIJTJGMjAyMjEyMDIlMkZ1cy1lYXN0LTElMkZzdHMlMkZhd3M0X3JlcXVlc3QmWC1BbXotRGF0ZT0yMDIyMTIwMlQxOTQ4MzVaJlgtQW16LUV4cGlyZXM9MCZYLUFtei1TaWduZWRIZWFkZXJzPWhvc3QlM0J4LWs4cy1hd3MtaWQmWC1BbXotU2lnbmF0dXJlPTBhZmFlZDcyZGMwYTExYWUzNmYwNmQ5OGY4NzJjYTgzMDMxOGZkMDA3YjFmZmUzNWU3NmRmMDNhZjMwODNmMjY"
          },
          "sensitive_attributes": []
        }
      ]
    },
    {
      "module": "module.eks-cluster-with-import-vpc",
      "mode": "data",
      "type": "aws_region",
      "name": "current",
      "provider": "provider[\"registry.terraform.io/hashicorp/aws\"]",
      "instances": [
        {
          "schema_version": 0,
          "attributes": {
            "description": "US East (N. Virginia)",
            "endpoint": "ec2.us-east-1.amazonaws.com",
            "id": "us-east-1",
            "name": "us-east-1"
          },
          "sensitive_attributes": []
        }
      ]
    },
    {
      "module": "module.eks-cluster-with-import-vpc",
      "mode": "managed",
      "type": "aws_eip",
      "name": "bastionIP",
      "provider": "provider[\"registry.terraform.io/hashicorp/aws\"]",
      "instances": [
        {
          "schema_version": 0,
          "attributes": {
            "address": null,
            "allocation_id": "eipalloc-0bc484b7d0d4f9005",
            "associate_with_private_ip": null,
            "association_id": "eipassoc-00b8714963a3fc259",
            "carrier_ip": "",
            "customer_owned_ip": "",
            "customer_owned_ipv4_pool": "",
            "domain": "vpc",
            "id": "eipalloc-0bc484b7d0d4f9005",
            "instance": "i-0c50155d1329746cb",
            "network_border_group": "us-east-1",
            "network_interface": "eni-03f7057b583f93608",
            "private_dns": "ip-10-0-0-202.ec2.internal",
            "private_ip": "10.0.0.202",
            "public_dns": "ec2-44-194-252-225.compute-1.amazonaws.com",
            "public_ip": "44.194.252.225",
            "public_ipv4_pool": "amazon",
            "tags": {},
            "tags_all": {},
            "timeouts": null,
            "vpc": true
          },
          "sensitive_attributes": [],
          "private": "eyJlMmJmYjczMC1lY2FhLTExZTYtOGY4OC0zNDM2M2JjN2M0YzAiOnsiZGVsZXRlIjoxODAwMDAwMDAwMDAsInJlYWQiOjkwMDAwMDAwMDAwMCwidXBkYXRlIjozMDAwMDAwMDAwMDB9fQ==",
          "dependencies": [
            "module.eks-cluster-with-import-vpc.aws_security_group.allow_ssl",
            "module.eks-cluster-with-import-vpc.data.aws_availability_zones.available",
            "module.eks-cluster-with-import-vpc.module.aws_vpc.aws_subnet.public",
            "module.eks-cluster-with-import-vpc.module.aws_vpc.aws_vpc.this",
            "module.eks-cluster-with-import-vpc.module.aws_vpc.aws_vpc_ipv4_cidr_block_association.this",
            "module.eks-cluster-with-import-vpc.module.ec2_instance.aws_iam_instance_profile.this",
            "module.eks-cluster-with-import-vpc.module.ec2_instance.aws_iam_role.this",
            "module.eks-cluster-with-import-vpc.module.ec2_instance.aws_instance.this",
            "module.eks-cluster-with-import-vpc.module.ec2_instance.aws_spot_instance_request.this",
            "module.eks-cluster-with-import-vpc.module.ec2_instance.data.aws_iam_policy_document.assume_role_policy",
            "module.eks-cluster-with-import-vpc.module.ec2_instance.data.aws_partition.current",
            "module.eks-cluster-with-import-vpc.module.ec2_instance.data.aws_ssm_parameter.this"
          ]
        }
      ]
    },
    {
      "module": "module.eks-cluster-with-import-vpc",
      "mode": "managed",
      "type": "aws_security_group",
      "name": "allow_ssl",
      "provider": "provider[\"registry.terraform.io/hashicorp/aws\"]",
      "instances": [
        {
          "schema_version": 1,
          "attributes": {
            "arn": "arn:aws:ec2:us-east-1:411309562081:security-group/sg-0c313d1ba8fb87067",
            "description": "Allow ssl inbound traffic",
            "egress": [
              {
                "cidr_blocks": [
                  "0.0.0.0/0"
                ],
                "description": "",
                "from_port": 0,
                "ipv6_cidr_blocks": [
                  "::/0"
                ],
                "prefix_list_ids": [],
                "protocol": "-1",
                "security_groups": [],
                "self": false,
                "to_port": 0
              }
            ],
            "id": "sg-0c313d1ba8fb87067",
            "ingress": [
              {
                "cidr_blocks": [
                  "0.0.0.0/0"
                ],
                "description": "SSL from VPC",
                "from_port": 22,
                "ipv6_cidr_blocks": [],
                "prefix_list_ids": [],
                "protocol": "tcp",
                "security_groups": [],
                "self": false,
                "to_port": 22
              }
            ],
            "name": "allow_ssl",
            "name_prefix": "",
            "owner_id": "411309562081",
            "revoke_rules_on_delete": false,
            "tags": {
              "Name": "allow_ssl"
            },
            "tags_all": {
              "Name": "allow_ssl"
            },
            "timeouts": null,
            "vpc_id": "vpc-0404837b5d107024c"
          },
          "sensitive_attributes": [],
          "private": "eyJlMmJmYjczMC1lY2FhLTExZTYtOGY4OC0zNDM2M2JjN2M0YzAiOnsiY3JlYXRlIjo2MDAwMDAwMDAwMDAsImRlbGV0ZSI6OTAwMDAwMDAwMDAwfSwic2NoZW1hX3ZlcnNpb24iOiIxIn0=",
          "dependencies": [
            "module.eks-cluster-with-import-vpc.module.aws_vpc.aws_vpc.this"
          ]
        }
      ]
    },
    {
      "module": "module.eks-cluster-with-import-vpc.module.aws-eks-accelerator-for-terraform",
      "mode": "data",
      "type": "aws_availability_zones",
      "name": "available",
      "provider": "provider[\"registry.terraform.io/hashicorp/aws\"]",
      "instances": [
        {
          "schema_version": 0,
          "attributes": {
            "all_availability_zones": null,
            "exclude_names": null,
            "exclude_zone_ids": null,
            "filter": null,
            "group_names": [
              "us-east-1"
            ],
            "id": "us-east-1",
            "names": [
              "us-east-1a",
              "us-east-1b",
              "us-east-1c",
              "us-east-1d",
              "us-east-1e",
              "us-east-1f"
            ],
            "state": "available",
            "timeouts": null,
            "zone_ids": [
              "use1-az4",
              "use1-az6",
              "use1-az1",
              "use1-az2",
              "use1-az3",
              "use1-az5"
            ]
          },
          "sensitive_attributes": []
        }
      ]
    },
    {
      "module": "module.eks-cluster-with-import-vpc.module.aws-eks-accelerator-for-terraform",
      "mode": "data",
      "type": "aws_caller_identity",
      "name": "current",
      "provider": "provider[\"registry.terraform.io/hashicorp/aws\"]",
      "instances": [
        {
          "schema_version": 0,
          "attributes": {
            "account_id": "411309562081",
            "arn": "arn:aws:iam::411309562081:user/nahmed@puffersoft.com",
            "id": "411309562081",
            "user_id": "AIDAV7Q7V3DQ4QDGQEA75"
          },
          "sensitive_attributes": []
        }
      ]
    },
    {
      "module": "module.eks-cluster-with-import-vpc.module.aws-eks-accelerator-for-terraform",
      "mode": "data",
      "type": "aws_eks_cluster",
      "name": "cluster",
      "provider": "provider[\"registry.terraform.io/hashicorp/aws\"]",
      "instances": [
        {
          "index_key": 0,
          "schema_version": 0,
          "attributes": {
            "arn": "arn:aws:eks:us-east-1:411309562081:cluster/eclipz-sndbx-devops-eks",
            "certificate_authority": [
              {
                "data": "LS0tLS1CRUdJTiBDRVJUSUZJQ0FURS0tLS0tCk1JSUM1ekNDQWMrZ0F3SUJBZ0lCQURBTkJna3Foa2lHOXcwQkFRc0ZBREFWTVJNd0VRWURWUVFERXdwcmRXSmwKY201bGRHVnpNQjRYRFRJeU1URXhOekEzTlRVd04xb1hEVE15TVRFeE5EQTNOVFV3TjFvd0ZURVRNQkVHQTFVRQpBeE1LYTNWaVpYSnVaWFJsY3pDQ0FTSXdEUVlKS29aSWh2Y05BUUVCQlFBRGdnRVBBRENDQVFvQ2dnRUJBTGs0CnJrTU00Y0FMQmcvelVaa0thVjV4R1R3dU5mcXZwYkF3UTNEM0FsbGJzOWZUbVNFejVuTWlCOXgwU2JaL3RsRWoKYVhCT2szdzNvaTVrWUdMNGJOTW9GWDNaUVBFYmh1c0I0K3o5UnFXNUhURjIwdEd3azBRYVp1LzVtQTd5UW53TQpKeWRoajZxUDV3akdnRmVFMmJhVjlkWkFpNExEOFBBamFDT2hZZER5TWdhRkwrbW8vZUhiOEJRbmlXQjNLNjJWCnZMNWdRb1o5NVNmZllFRXBOQjdjbDZxa00va2s5cU5oZUxkU1ljVjhUWmVmU1E0NTJGR1VXL3pBaFB1UDBIQmwKRGc5Q3Jqd3VlZm1ETTZQYjRDSWlKSENoMFZ2eXlCTHptd1pySkc3M1YyYXlnUlRsalVYdkxBSHQ4VzhvdVpLNwp2ZEtUYWpVY015alNZUTVIV1gwQ0F3RUFBYU5DTUVBd0RnWURWUjBQQVFIL0JBUURBZ0trTUE4R0ExVWRFd0VCCi93UUZNQU1CQWY4d0hRWURWUjBPQkJZRUZDaVZhN1Y3UVhHZGVtU3kyVXRuOWdYMG96UTdNQTBHQ1NxR1NJYjMKRFFFQkN3VUFBNElCQVFDam9jM3JDSTFyQ1p1a2dTNG81azF0a08xaVNRb1hSY0dCUDJIdWViaTZ5cjhzRHhpVApJdWRVc0tFdm5OUEIraUpLRnozYXhEaUI5RENnTHQrblJHRVorZUhrWlEvVGxmK0dNUFJZSU4vOG0wN2dyVjQ4CnM3am9VRjdzSkdoOUJTWUxOcWs3em0wRGdtNWp4eXVtdWhCSENMTEVlREo5a3h1dXBIYnNXZU9jS0h1d1YvZHYKQnNUZ1EwYUJmZzlIRER3UUlOTUpibjcyU1RNQnYvNDc2YlhoTmV2MHpwTnhpb3ZnejRWN09UTWZkNExpV0srMgp1TWJESk5lT3JOV091VEsvbHNWUnZtejFjSysrR3g5ZUVzcGVtQTVYa1RMbFp4cG51Q2hONmd6NzB6Uy9iTEZuCnUvU01PNVlHdllPNXBuWGJ5YlNUOGhmc2lMSEZsYjFxMzB4ZAotLS0tLUVORCBDRVJUSUZJQ0FURS0tLS0tCg=="
              }
            ],
            "created_at": "2022-11-17 07:48:53.171 +0000 UTC",
            "enabled_cluster_log_types": [
              "api",
              "audit",
              "authenticator",
              "controllerManager",
              "scheduler"
            ],
            "endpoint": "https://B5E4A8F73D2823F247F70443DF689A3C.gr7.us-east-1.eks.amazonaws.com",
            "id": "eclipz-sndbx-devops-eks",
            "identity": [
              {
                "oidc": [
                  {
                    "issuer": "https://oidc.eks.us-east-1.amazonaws.com/id/B5E4A8F73D2823F247F70443DF689A3C"
                  }
                ]
              }
            ],
            "kubernetes_network_config": [
              {
                "ip_family": "ipv4",
                "service_ipv4_cidr": "172.20.0.0/16",
                "service_ipv6_cidr": ""
              }
            ],
            "name": "eclipz-sndbx-devops-eks",
            "outpost_config": [],
            "platform_version": "eks.13",
            "role_arn": "arn:aws:iam::411309562081:role/eclipz-sndbx-devops-eks-cluster-role",
            "status": "ACTIVE",
            "tags": {
              "created-by": "Terraform v1.0.1",
              "environment": "sndbx",
              "name": "eclipz-sndbx-devops-eks",
              "org": "",
              "resource": "eks",
              "tenant": "eclipz",
              "zone": "devops"
            },
            "version": "1.21",
            "vpc_config": [
              {
                "cluster_security_group_id": "sg-05e935e459fe8631f",
                "endpoint_private_access": false,
                "endpoint_public_access": true,
                "public_access_cidrs": [
                  "0.0.0.0/0"
                ],
                "security_group_ids": [
                  "sg-0a1cb7ab132f4ed83"
                ],
                "subnet_ids": [
                  "subnet-041f62c3f1c166d60",
                  "subnet-04a4f30bbba6ac904",
                  "subnet-0ecb0848e1fe9d6e3"
                ],
                "vpc_id": "vpc-0404837b5d107024c"
              }
            ]
          },
          "sensitive_attributes": []
        }
      ]
    },
    {
      "module": "module.eks-cluster-with-import-vpc.module.aws-eks-accelerator-for-terraform",
      "mode": "data",
      "type": "aws_eks_cluster_auth",
      "name": "cluster",
      "provider": "provider[\"registry.terraform.io/hashicorp/aws\"]",
      "instances": [
        {
          "index_key": 0,
          "schema_version": 0,
          "attributes": {
            "id": "eclipz-sndbx-devops-eks",
            "name": "eclipz-sndbx-devops-eks",
            "token": "k8s-aws-v1.aHR0cHM6Ly9zdHMuYW1hem9uYXdzLmNvbS8_QWN0aW9uPUdldENhbGxlcklkZW50aXR5JlZlcnNpb249MjAxMS0wNi0xNSZYLUFtei1BbGdvcml0aG09QVdTNC1ITUFDLVNIQTI1NiZYLUFtei1DcmVkZW50aWFsPUFLSUFWN1E3VjNEUVlWVlpJSUFIJTJGMjAyMjEyMDIlMkZ1cy1lYXN0LTElMkZzdHMlMkZhd3M0X3JlcXVlc3QmWC1BbXotRGF0ZT0yMDIyMTIwMlQxOTQ4MzVaJlgtQW16LUV4cGlyZXM9MCZYLUFtei1TaWduZWRIZWFkZXJzPWhvc3QlM0J4LWs4cy1hd3MtaWQmWC1BbXotU2lnbmF0dXJlPTBhZmFlZDcyZGMwYTExYWUzNmYwNmQ5OGY4NzJjYTgzMDMxOGZkMDA3YjFmZmUzNWU3NmRmMDNhZjMwODNmMjY"
          },
          "sensitive_attributes": []
        }
      ]
    },
    {
      "module": "module.eks-cluster-with-import-vpc.module.aws-eks-accelerator-for-terraform",
      "mode": "data",
      "type": "aws_iam_policy_document",
      "name": "eks_key",
      "provider": "provider[\"registry.terraform.io/hashicorp/aws\"]",
      "instances": [
        {
          "schema_version": 0,
          "attributes": {
            "id": "3380015488",
            "json": "{\n  \"Version\": \"2012-10-17\",\n  \"Statement\": [\n    {\n      \"Sid\": \"Allow access for all principals in the account that are authorized\",\n      \"Effect\": \"Allow\",\n      \"Action\": [\n        \"kms:ReEncrypt*\",\n        \"kms:GenerateDataKey*\",\n        \"kms:Encrypt\",\n        \"kms:DescribeKey\",\n        \"kms:Decrypt\",\n        \"kms:CreateGrant\"\n      ],\n      \"Resource\": \"*\",\n      \"Principal\": {\n        \"AWS\": \"arn:aws:iam::411309562081:root\"\n      },\n      \"Condition\": {\n        \"StringEquals\": {\n          \"kms:CallerAccount\": \"411309562081\",\n          \"kms:ViaService\": \"eks.us-east-1.amazonaws.com\"\n        }\n      }\n    },\n    {\n      \"Sid\": \"Allow direct access to key metadata to the account\",\n      \"Effect\": \"Allow\",\n      \"Action\": [\n        \"kms:RevokeGrant\",\n        \"kms:List*\",\n        \"kms:Get*\",\n        \"kms:Describe*\"\n      ],\n      \"Resource\": \"*\",\n      \"Principal\": {\n        \"AWS\": \"arn:aws:iam::411309562081:root\"\n      }\n    },\n    {\n      \"Sid\": \"Allow access for Key Administrators\",\n      \"Effect\": \"Allow\",\n      \"Action\": \"kms:*\",\n      \"Resource\": \"*\",\n      \"Principal\": {\n        \"AWS\": [\n          \"arn:aws:iam::411309562081:user/nahmed@puffersoft.com\",\n          \"arn:aws:iam::411309562081:role/eclipz-sndbx-devops-eks-cluster-role\"\n        ]\n      }\n    },\n    {\n      \"Sid\": \"Allow use of the key\",\n      \"Effect\": \"Allow\",\n      \"Action\": [\n        \"kms:ReEncrypt*\",\n        \"kms:GenerateDataKey*\",\n        \"kms:Encrypt\",\n        \"kms:DescribeKey\",\n        \"kms:Decrypt\"\n      ],\n      \"Resource\": \"*\",\n      \"Principal\": {\n        \"AWS\": \"arn:aws:iam::411309562081:role/eclipz-sndbx-devops-eks-cluster-role\"\n      }\n    },\n    {\n      \"Sid\": \"Allow attachment of persistent resources\",\n      \"Effect\": \"Allow\",\n      \"Action\": [\n        \"kms:RevokeGrant\",\n        \"kms:ListGrants\",\n        \"kms:CreateGrant\"\n      ],\n      \"Resource\": \"*\",\n      \"Principal\": {\n        \"AWS\": \"arn:aws:iam::411309562081:role/eclipz-sndbx-devops-eks-cluster-role\"\n      },\n      \"Condition\": {\n        \"Bool\": {\n          \"kms:GrantIsForAWSResource\": \"true\"\n        }\n      }\n    }\n  ]\n}",
            "override_json": null,
            "override_policy_documents": null,
            "policy_id": null,
            "source_json": null,
            "source_policy_documents": null,
            "statement": [
              {
                "actions": [
                  "kms:CreateGrant",
                  "kms:Decrypt",
                  "kms:DescribeKey",
                  "kms:Encrypt",
                  "kms:GenerateDataKey*",
                  "kms:ReEncrypt*"
                ],
                "condition": [
                  {
                    "test": "StringEquals",
                    "values": [
                      "411309562081"
                    ],
                    "variable": "kms:CallerAccount"
                  },
                  {
                    "test": "StringEquals",
                    "values": [
                      "eks.us-east-1.amazonaws.com"
                    ],
                    "variable": "kms:ViaService"
                  }
                ],
                "effect": "Allow",
                "not_actions": [],
                "not_principals": [],
                "not_resources": [],
                "principals": [
                  {
                    "identifiers": [
                      "arn:aws:iam::411309562081:root"
                    ],
                    "type": "AWS"
                  }
                ],
                "resources": [
                  "*"
                ],
                "sid": "Allow access for all principals in the account that are authorized"
              },
              {
                "actions": [
                  "kms:Describe*",
                  "kms:Get*",
                  "kms:List*",
                  "kms:RevokeGrant"
                ],
                "condition": [],
                "effect": "Allow",
                "not_actions": [],
                "not_principals": [],
                "not_resources": [],
                "principals": [
                  {
                    "identifiers": [
                      "arn:aws:iam::411309562081:root"
                    ],
                    "type": "AWS"
                  }
                ],
                "resources": [
                  "*"
                ],
                "sid": "Allow direct access to key metadata to the account"
              },
              {
                "actions": [
                  "kms:*"
                ],
                "condition": [],
                "effect": "Allow",
                "not_actions": [],
                "not_principals": [],
                "not_resources": [],
                "principals": [
                  {
                    "identifiers": [
                      "arn:aws:iam::411309562081:role/eclipz-sndbx-devops-eks-cluster-role",
                      "arn:aws:iam::411309562081:user/nahmed@puffersoft.com"
                    ],
                    "type": "AWS"
                  }
                ],
                "resources": [
                  "*"
                ],
                "sid": "Allow access for Key Administrators"
              },
              {
                "actions": [
                  "kms:Decrypt",
                  "kms:DescribeKey",
                  "kms:Encrypt",
                  "kms:GenerateDataKey*",
                  "kms:ReEncrypt*"
                ],
                "condition": [],
                "effect": "Allow",
                "not_actions": [],
                "not_principals": [],
                "not_resources": [],
                "principals": [
                  {
                    "identifiers": [
                      "arn:aws:iam::411309562081:role/eclipz-sndbx-devops-eks-cluster-role"
                    ],
                    "type": "AWS"
                  }
                ],
                "resources": [
                  "*"
                ],
                "sid": "Allow use of the key"
              },
              {
                "actions": [
                  "kms:CreateGrant",
                  "kms:ListGrants",
                  "kms:RevokeGrant"
                ],
                "condition": [
                  {
                    "test": "Bool",
                    "values": [
                      "true"
                    ],
                    "variable": "kms:GrantIsForAWSResource"
                  }
                ],
                "effect": "Allow",
                "not_actions": [],
                "not_principals": [],
                "not_resources": [],
                "principals": [
                  {
                    "identifiers": [
                      "arn:aws:iam::411309562081:role/eclipz-sndbx-devops-eks-cluster-role"
                    ],
                    "type": "AWS"
                  }
                ],
                "resources": [
                  "*"
                ],
                "sid": "Allow attachment of persistent resources"
              }
            ],
            "version": "2012-10-17"
          },
          "sensitive_attributes": []
        }
      ]
    },
    {
      "module": "module.eks-cluster-with-import-vpc.module.aws-eks-accelerator-for-terraform",
      "mode": "data",
      "type": "aws_iam_session_context",
      "name": "current",
      "provider": "provider[\"registry.terraform.io/hashicorp/aws\"]",
      "instances": [
        {
          "schema_version": 0,
          "attributes": {
            "arn": "arn:aws:iam::411309562081:user/nahmed@puffersoft.com",
            "id": "arn:aws:iam::411309562081:user/nahmed@puffersoft.com",
            "issuer_arn": "arn:aws:iam::411309562081:user/nahmed@puffersoft.com",
            "issuer_id": "",
            "issuer_name": "",
            "session_name": ""
          },
          "sensitive_attributes": []
        }
      ]
    },
    {
      "module": "module.eks-cluster-with-import-vpc.module.aws-eks-accelerator-for-terraform",
      "mode": "data",
      "type": "aws_partition",
      "name": "current",
      "provider": "provider[\"registry.terraform.io/hashicorp/aws\"]",
      "instances": [
        {
          "schema_version": 0,
          "attributes": {
            "dns_suffix": "amazonaws.com",
            "id": "aws",
            "partition": "aws",
            "reverse_dns_prefix": "com.amazonaws"
          },
          "sensitive_attributes": []
        }
      ]
    },
    {
      "module": "module.eks-cluster-with-import-vpc.module.aws-eks-accelerator-for-terraform",
      "mode": "data",
      "type": "aws_region",
      "name": "current",
      "provider": "provider[\"registry.terraform.io/hashicorp/aws\"]",
      "instances": [
        {
          "schema_version": 0,
          "attributes": {
            "description": "US East (N. Virginia)",
            "endpoint": "ec2.us-east-1.amazonaws.com",
            "id": "us-east-1",
            "name": "us-east-1"
          },
          "sensitive_attributes": []
        }
      ]
    },
    {
      "module": "module.eks-cluster-with-import-vpc.module.aws-eks-accelerator-for-terraform",
      "mode": "data",
      "type": "http",
      "name": "eks_cluster_readiness",
      "provider": "provider[\"registry.terraform.io/terraform-aws-modules/http\"]",
      "instances": [
        {
          "index_key": 0,
          "schema_version": 0,
          "attributes": {
            "body": "ok",
            "ca_certificate": "-----BEGIN CERTIFICATE-----\nMIIC5zCCAc+gAwIBAgIBADANBgkqhkiG9w0BAQsFADAVMRMwEQYDVQQDEwprdWJl\ncm5ldGVzMB4XDTIyMTExNzA3NTUwN1oXDTMyMTExNDA3NTUwN1owFTETMBEGA1UE\nAxMKa3ViZXJuZXRlczCCASIwDQYJKoZIhvcNAQEBBQADggEPADCCAQoCggEBALk4\nrkMM4cALBg/zUZkKaV5xGTwuNfqvpbAwQ3D3Allbs9fTmSEz5nMiB9x0SbZ/tlEj\naXBOk3w3oi5kYGL4bNMoFX3ZQPEbhusB4+z9RqW5HTF20tGwk0QaZu/5mA7yQnwM\nJydhj6qP5wjGgFeE2baV9dZAi4LD8PAjaCOhYdDyMgaFL+mo/eHb8BQniWB3K62V\nvL5gQoZ95SffYEEpNB7cl6qkM/kk9qNheLdSYcV8TZefSQ452FGUW/zAhPuP0HBl\nDg9CrjwuefmDM6Pb4CIiJHCh0VvyyBLzmwZrJG73V2aygRTljUXvLAHt8W8ouZK7\nvdKTajUcMyjSYQ5HWX0CAwEAAaNCMEAwDgYDVR0PAQH/BAQDAgKkMA8GA1UdEwEB\n/wQFMAMBAf8wHQYDVR0OBBYEFCiVa7V7QXGdemSy2Utn9gX0ozQ7MA0GCSqGSIb3\nDQEBCwUAA4IBAQCjoc3rCI1rCZukgS4o5k1tkO1iSQoXRcGBP2Huebi6yr8sDxiT\nIudUsKEvnNPB+iJKFz3axDiB9DCgLt+nRGEZ+eHkZQ/Tlf+GMPRYIN/8m07grV48\ns7joUF7sJGh9BSYLNqk7zm0Dgm5jxyumuhBHCLLEeDJ9kxuupHbsWeOcKHuwV/dv\nBsTgQ0aBfg9HDDwQINMJbn72STMBv/476bXhNev0zpNxiovgz4V7OTMfd4LiWK+2\nuMbDJNeOrNWOuTK/lsVRvmz1cK++Gx9eEspemA5XkTLlZxpnuChN6gz70zS/bLFn\nu/SMO5YGvYO5pnXbybST8hfsiLHFlb1q30xd\n-----END CERTIFICATE-----\n",
            "id": "https://B5E4A8F73D2823F247F70443DF689A3C.gr7.us-east-1.eks.amazonaws.com/healthz",
            "insecure": false,
            "request_headers": null,
            "response_headers": {
              "Cache-Control": "no-cache, private",
              "Content-Length": "2",
              "Content-Type": "text/plain; charset=utf-8",
              "Date": "Fri, 02 Dec 2022 19:50:50 GMT",
              "X-Content-Type-Options": "nosniff",
              "X-Kubernetes-Pf-Flowschema-Uid": "95e551ff-0ee7-43eb-bbfb-d81a8cb78e0a",
              "X-Kubernetes-Pf-Prioritylevel-Uid": "09f1e681-35d5-4ce7-8644-0ef7bbedd43c"
            },
            "timeout": 300,
            "url": "https://B5E4A8F73D2823F247F70443DF689A3C.gr7.us-east-1.eks.amazonaws.com/healthz"
          },
          "sensitive_attributes": []
        }
      ]
    },
    {
      "module": "module.eks-cluster-with-import-vpc.module.aws-eks-accelerator-for-terraform",
      "mode": "managed",
      "type": "kubernetes_config_map",
      "name": "aws_auth",
      "provider": "module.eks-cluster-with-import-vpc.provider[\"registry.terraform.io/hashicorp/kubernetes\"]",
      "instances": [
        {
          "index_key": 0,
          "schema_version": 0,
          "attributes": {
            "binary_data": {},
            "data": {
              "mapAccounts": "[]\n",
              "mapRoles": "- \"groups\":\n  - \"system:bootstrappers\"\n  - \"system:nodes\"\n  \"rolearn\": \"arn:aws:iam::411309562081:role/eclipz-sndbx-devops-eks-managed-ondemand\"\n  \"username\": \"system:node:{{EC2PrivateDNSName}}\"\n",
              "mapUsers": "[]\n"
            },
            "id": "kube-system/aws-auth",
            "immutable": false,
            "metadata": [
              {
                "annotations": {},
                "generate_name": "",
                "generation": 0,
                "labels": {
                  "app.kubernetes.io/managed-by": "Terraform",
                  "terraform.io/module": "terraform-eks-blueprints"
                },
                "name": "aws-auth",
                "namespace": "kube-system",
                "resource_version": "1019",
                "uid": "31c420e5-c945-46ef-91b9-c1b18f967cd1"
              }
            ]
          },
          "sensitive_attributes": [],
          "private": "bnVsbA==",
          "dependencies": [
            "module.eks-cluster-with-import-vpc.data.aws_availability_zones.available",
            "module.eks-cluster-with-import-vpc.data.aws_eks_cluster.cluster",
            "module.eks-cluster-with-import-vpc.data.aws_eks_cluster_auth.cluster",
            "module.eks-cluster-with-import-vpc.module.aws-eks-accelerator-for-terraform.data.aws_caller_identity.current",
            "module.eks-cluster-with-import-vpc.module.aws-eks-accelerator-for-terraform.data.aws_eks_cluster.cluster",
            "module.eks-cluster-with-import-vpc.module.aws-eks-accelerator-for-terraform.data.aws_iam_policy_document.eks_key",
            "module.eks-cluster-with-import-vpc.module.aws-eks-accelerator-for-terraform.data.aws_iam_session_context.current",
            "module.eks-cluster-with-import-vpc.module.aws-eks-accelerator-for-terraform.data.aws_partition.current",
            "module.eks-cluster-with-import-vpc.module.aws-eks-accelerator-for-terraform.data.aws_region.current",
            "module.eks-cluster-with-import-vpc.module.aws-eks-accelerator-for-terraform.data.http.eks_cluster_readiness",
            "module.eks-cluster-with-import-vpc.module.aws-eks-accelerator-for-terraform.module.aws_eks.aws_cloudwatch_log_group.this",
            "module.eks-cluster-with-import-vpc.module.aws-eks-accelerator-for-terraform.module.aws_eks.aws_eks_cluster.this",
            "module.eks-cluster-with-import-vpc.module.aws-eks-accelerator-for-terraform.module.aws_eks.aws_iam_role.this",
            "module.eks-cluster-with-import-vpc.module.aws-eks-accelerator-for-terraform.module.aws_eks.aws_iam_role_policy_attachment.this",
            "module.eks-cluster-with-import-vpc.module.aws-eks-accelerator-for-terraform.module.aws_eks.aws_security_group.cluster",
            "module.eks-cluster-with-import-vpc.module.aws-eks-accelerator-for-terraform.module.aws_eks.aws_security_group.node",
            "module.eks-cluster-with-import-vpc.module.aws-eks-accelerator-for-terraform.module.aws_eks.aws_security_group_rule.cluster",
            "module.eks-cluster-with-import-vpc.module.aws-eks-accelerator-for-terraform.module.aws_eks.aws_security_group_rule.node",
            "module.eks-cluster-with-import-vpc.module.aws-eks-accelerator-for-terraform.module.aws_eks.data.aws_iam_policy_document.assume_role_policy",
            "module.eks-cluster-with-import-vpc.module.aws-eks-accelerator-for-terraform.module.aws_eks.data.aws_partition.current",
            "module.eks-cluster-with-import-vpc.module.aws-eks-accelerator-for-terraform.module.kms.aws_kms_key.this",
            "module.eks-cluster-with-import-vpc.module.aws_vpc.aws_subnet.private",
            "module.eks-cluster-with-import-vpc.module.aws_vpc.aws_vpc.this",
            "module.eks-cluster-with-import-vpc.module.aws_vpc.aws_vpc_ipv4_cidr_block_association.this"
          ],
          "create_before_destroy": true
        }
      ]
    },
    {
      "module": "module.eks-cluster-with-import-vpc.module.aws-eks-accelerator-for-terraform.module.aws_eks",
      "mode": "data",
      "type": "aws_iam_policy_document",
      "name": "assume_role_policy",
      "provider": "provider[\"registry.terraform.io/hashicorp/aws\"]",
      "instances": [
        {
          "index_key": 0,
          "schema_version": 0,
          "attributes": {
            "id": "2764486067",
            "json": "{\n  \"Version\": \"2012-10-17\",\n  \"Statement\": [\n    {\n      \"Sid\": \"EKSClusterAssumeRole\",\n      \"Effect\": \"Allow\",\n      \"Action\": \"sts:AssumeRole\",\n      \"Principal\": {\n        \"Service\": \"eks.amazonaws.com\"\n      }\n    }\n  ]\n}",
            "override_json": null,
            "override_policy_documents": null,
            "policy_id": null,
            "source_json": null,
            "source_policy_documents": null,
            "statement": [
              {
                "actions": [
                  "sts:AssumeRole"
                ],
                "condition": [],
                "effect": "Allow",
                "not_actions": [],
                "not_principals": [],
                "not_resources": [],
                "principals": [
                  {
                    "identifiers": [
                      "eks.amazonaws.com"
                    ],
                    "type": "Service"
                  }
                ],
                "resources": [],
                "sid": "EKSClusterAssumeRole"
              }
            ],
            "version": "2012-10-17"
          },
          "sensitive_attributes": []
        }
      ]
    },
    {
      "module": "module.eks-cluster-with-import-vpc.module.aws-eks-accelerator-for-terraform.module.aws_eks",
      "mode": "data",
      "type": "aws_partition",
      "name": "current",
      "provider": "provider[\"registry.terraform.io/hashicorp/aws\"]",
      "instances": [
        {
          "schema_version": 0,
          "attributes": {
            "dns_suffix": "amazonaws.com",
            "id": "aws",
            "partition": "aws",
            "reverse_dns_prefix": "com.amazonaws"
          },
          "sensitive_attributes": []
        }
      ]
    },
    {
      "module": "module.eks-cluster-with-import-vpc.module.aws-eks-accelerator-for-terraform.module.aws_eks",
      "mode": "data",
      "type": "tls_certificate",
      "name": "this",
      "provider": "provider[\"registry.terraform.io/hashicorp/tls\"]",
      "instances": [
        {
          "index_key": 0,
          "schema_version": 0,
          "attributes": {
            "certificates": [
              {
                "cert_pem": "-----BEGIN CERTIFICATE-----\nMIIEdTCCA12gAwIBAgIJAKcOSkw0grd/MA0GCSqGSIb3DQEBCwUAMGgxCzAJBgNV\nBAYTAlVTMSUwIwYDVQQKExxTdGFyZmllbGQgVGVjaG5vbG9naWVzLCBJbmMuMTIw\nMAYDVQQLEylTdGFyZmllbGQgQ2xhc3MgMiBDZXJ0aWZpY2F0aW9uIEF1dGhvcml0\neTAeFw0wOTA5MDIwMDAwMDBaFw0zNDA2MjgxNzM5MTZaMIGYMQswCQYDVQQGEwJV\nUzEQMA4GA1UECBMHQXJpem9uYTETMBEGA1UEBxMKU2NvdHRzZGFsZTElMCMGA1UE\nChMcU3RhcmZpZWxkIFRlY2hub2xvZ2llcywgSW5jLjE7MDkGA1UEAxMyU3RhcmZp\nZWxkIFNlcnZpY2VzIFJvb3QgQ2VydGlmaWNhdGUgQXV0aG9yaXR5IC0gRzIwggEi\nMA0GCSqGSIb3DQEBAQUAA4IBDwAwggEKAoIBAQDVDDrEKvlO4vW+GZdfjohTsR8/\ny8+fIBNtKTrID30892t2OGPZNmCom15cAICyL1l/9of5JUOG52kbUpqQ4XHj2C0N\nTm/2yEnZtvMaVq4rtnQU68/7JuMauh2WLmo7WJSJR1b/JaCTcFOD2oR0FMNnngRo\nOt+OQFodSk7PQ5E751bWAHDLUu57fa4657wx+UX2wmDPE1kCK4DMNEffud6QZW0C\nzyyRpqbn3oUYSXxmTqM6bam17jQuug0DuDPfR+uxa40l2ZvOgdFFRjKWcIfeAg5J\nQ4W2bHO7ZOphQazJ1FTfhy/HIrImzJ9ZVGif/L4qL8RVHHVAYBeFAlU5i38FAgMB\nAAGjgfAwge0wDwYDVR0TAQH/BAUwAwEB/zAOBgNVHQ8BAf8EBAMCAYYwHQYDVR0O\nBBYEFJxfAN+qAdcwKziIorhtSpzyEZGDMB8GA1UdIwQYMBaAFL9ft9HO3R+G9FtV\nrNzXEMIOqYjnME8GCCsGAQUFBwEBBEMwQTAcBggrBgEFBQcwAYYQaHR0cDovL28u\nc3MyLnVzLzAhBggrBgEFBQcwAoYVaHR0cDovL3guc3MyLnVzL3guY2VyMCYGA1Ud\nHwQfMB0wG6AZoBeGFWh0dHA6Ly9zLnNzMi51cy9yLmNybDARBgNVHSAECjAIMAYG\nBFUdIAAwDQYJKoZIhvcNAQELBQADggEBACMd44pXyn3pF3lM8R5V/cxTbj5HD9/G\nVfKyBDbtgB9TxF00KGu+x1X8Z+rLP3+QsjPNG1gQggL4+C/1E2DUBc7xgQjB3ad1\nl08YuW3e95ORCLp+QCztweq7dp4zBncdDQh/U90bZKuCJ/Fp1U1ervShw3WnWEQt\n8jxwmKy6abaVd38PMV4s/KCHOkdp8Hlf9BRUpJVeEXgSYCfOn8J3/yNTd126/+pZ\n59vPr5KW7ySaNRB6nJHGDn2Z9j8Z3/VyVOEVqQdZe4O/Ui5GjLIAZHYcSNPYeehu\nVsyuLAOQ1xk4meTKCRlb/weWsKh/NEnfVqn3sF/tM+2MR7cwA130A4w=\n-----END CERTIFICATE-----\n",
                "is_ca": true,
                "issuer": "OU=Starfield Class 2 Certification Authority,O=Starfield Technologies\\, Inc.,C=US",
                "not_after": "2034-06-28T17:39:16Z",
                "not_before": "2009-09-02T00:00:00Z",
                "public_key_algorithm": "RSA",
                "serial_number": "12037640545166866303",
                "sha1_fingerprint": "9e99a48a9960b14926bb7f3b02e22da2b0ab7280",
                "signature_algorithm": "SHA256-RSA",
                "subject": "CN=Starfield Services Root Certificate Authority - G2,O=Starfield Technologies\\, Inc.,L=Scottsdale,ST=Arizona,C=US",
                "version": 3
              },
              {
                "cert_pem": "-----BEGIN CERTIFICATE-----\nMIIEkjCCA3qgAwIBAgITBn+USionzfP6wq4rAfkI7rnExjANBgkqhkiG9w0BAQsF\nADCBmDELMAkGA1UEBhMCVVMxEDAOBgNVBAgTB0FyaXpvbmExEzARBgNVBAcTClNj\nb3R0c2RhbGUxJTAjBgNVBAoTHFN0YXJmaWVsZCBUZWNobm9sb2dpZXMsIEluYy4x\nOzA5BgNVBAMTMlN0YXJmaWVsZCBTZXJ2aWNlcyBSb290IENlcnRpZmljYXRlIEF1\ndGhvcml0eSAtIEcyMB4XDTE1MDUyNTEyMDAwMFoXDTM3MTIzMTAxMDAwMFowOTEL\nMAkGA1UEBhMCVVMxDzANBgNVBAoTBkFtYXpvbjEZMBcGA1UEAxMQQW1hem9uIFJv\nb3QgQ0EgMTCCASIwDQYJKoZIhvcNAQEBBQADggEPADCCAQoCggEBALJ4gHHKeNXj\nca9HgFB0fW7Y14h29Jlo91ghYPl0hAEvrAIthtOgQ3pOsqTQNroBvo3bSMgHFzZM\n9O6II8c+6zf1tRn4SWiw3te5djgdYZ6k/oI2peVKVuRF4fn9tBb6dNqcmzU5L/qw\nIFAGbHrQgLKm+a/sRxmPUDgH3KKHOVj4utWp+UhnMJbulHheb4mjUcAwhmahRWa6\nVOujw5H5SNz/0egwLX0tdHA114gk957EWW67c4cX8jJGKLhD+rcdqsq08p8kDi1L\n93FcXmn/6pUCyziKrlA4b9v7LWIbxcceVOF34GfID5yHI9Y/QCB/IIDEgEw+OyQm\njgSubJrIqg0CAwEAAaOCATEwggEtMA8GA1UdEwEB/wQFMAMBAf8wDgYDVR0PAQH/\nBAQDAgGGMB0GA1UdDgQWBBSEGMyFNOy8DJSULghZnMeyEE4KCDAfBgNVHSMEGDAW\ngBScXwDfqgHXMCs4iKK4bUqc8hGRgzB4BggrBgEFBQcBAQRsMGowLgYIKwYBBQUH\nMAGGImh0dHA6Ly9vY3NwLnJvb3RnMi5hbWF6b250cnVzdC5jb20wOAYIKwYBBQUH\nMAKGLGh0dHA6Ly9jcnQucm9vdGcyLmFtYXpvbnRydXN0LmNvbS9yb290ZzIuY2Vy\nMD0GA1UdHwQ2MDQwMqAwoC6GLGh0dHA6Ly9jcmwucm9vdGcyLmFtYXpvbnRydXN0\nLmNvbS9yb290ZzIuY3JsMBEGA1UdIAQKMAgwBgYEVR0gADANBgkqhkiG9w0BAQsF\nAAOCAQEAYjdCXLwQtT6LLOkMm2xF4gcAevnFWAu5CIw+7bMlPLVvUOTNNWqnkzSW\nMiGpSESrnO09tKpzbeR/FoCJbM8oAxiDR3mjEH4wW6w7sGDgd9QIpuEdfF7Au/ma\neyKdpwAJfqxGF4PcnCZXmTA5YpaP7dreqsXMGz7KQ2hsVxa81Q4gLv7/wmpdLqBK\nbRRYh5TmOTFffHPLkIhqhBGWJ6bt2YFGpn6jcgAKUj6DiAdjd4lpFw85hdKrCEVN\n0FE6/V1dN2RMfjCyVSRCnTawXZwXgWHxyvkQAiSr6w10kY17RSlQOYiypok1JR4U\nakcjMS9cmvqtmg5iUaQqqcT5NJ0hGA==\n-----END CERTIFICATE-----\n",
                "is_ca": true,
                "issuer": "CN=Starfield Services Root Certificate Authority - G2,O=Starfield Technologies\\, Inc.,L=Scottsdale,ST=Arizona,C=US",
                "not_after": "2037-12-31T01:00:00Z",
                "not_before": "2015-05-25T12:00:00Z",
                "public_key_algorithm": "RSA",
                "serial_number": "144918191876577076464031512351042010504348870",
                "sha1_fingerprint": "06b25927c42a721631c1efd9431e648fa62e1e39",
                "signature_algorithm": "SHA256-RSA",
                "subject": "CN=Amazon Root CA 1,O=Amazon,C=US",
                "version": 3
              },
              {
                "cert_pem": "-----BEGIN CERTIFICATE-----\nMIIESTCCAzGgAwIBAgITBn+UV4WH6Kx33rJTMlu8mYtWDTANBgkqhkiG9w0BAQsF\nADA5MQswCQYDVQQGEwJVUzEPMA0GA1UEChMGQW1hem9uMRkwFwYDVQQDExBBbWF6\nb24gUm9vdCBDQSAxMB4XDTE1MTAyMjAwMDAwMFoXDTI1MTAxOTAwMDAwMFowRjEL\nMAkGA1UEBhMCVVMxDzANBgNVBAoTBkFtYXpvbjEVMBMGA1UECxMMU2VydmVyIENB\nIDFCMQ8wDQYDVQQDEwZBbWF6b24wggEiMA0GCSqGSIb3DQEBAQUAA4IBDwAwggEK\nAoIBAQDCThZn3c68asg3Wuw6MLAd5tES6BIoSMzoKcG5blPVo+sDORrMd4f2AbnZ\ncMzPa43j4wNxhplty6aUKk4T1qe9BOwKFjwK6zmxxLVYo7bHViXsPlJ6qOMpFge5\nblDP+18x+B26A0piiQOuPkfyDyeR4xQghfj66Yo19V+emU3nazfvpFA+ROz6WoVm\nB5x+F2pV8xeKNR7u6azDdU5YVX1TawprmxRC1+WsAYmz6qP+z8ArDITC2FMVy2fw\n0IjKOtEXc/VfmtTFch5+AfGYMGMqqvJ6LcXiAhqG5TI+Dr0RtM88k+8XUBCeQ8IG\nKuANaL7TiItKZYxK1MMuTJtV9IblAgMBAAGjggE7MIIBNzASBgNVHRMBAf8ECDAG\nAQH/AgEAMA4GA1UdDwEB/wQEAwIBhjAdBgNVHQ4EFgQUWaRmBlKge5WSPKOUByeW\ndFv5PdAwHwYDVR0jBBgwFoAUhBjMhTTsvAyUlC4IWZzHshBOCggwewYIKwYBBQUH\nAQEEbzBtMC8GCCsGAQUFBzABhiNodHRwOi8vb2NzcC5yb290Y2ExLmFtYXpvbnRy\ndXN0LmNvbTA6BggrBgEFBQcwAoYuaHR0cDovL2NydC5yb290Y2ExLmFtYXpvbnRy\ndXN0LmNvbS9yb290Y2ExLmNlcjA/BgNVHR8EODA2MDSgMqAwhi5odHRwOi8vY3Js\nLnJvb3RjYTEuYW1hem9udHJ1c3QuY29tL3Jvb3RjYTEuY3JsMBMGA1UdIAQMMAow\nCAYGZ4EMAQIBMA0GCSqGSIb3DQEBCwUAA4IBAQCFkr41u3nPo4FCHOTjY3NTOVI1\n59Gt/a6ZiqyJEi+752+a1U5y6iAwYfmXss2lJwJFqMp2PphKg5625kXg8kP2CN5t\n6G7bMQcT8C8xDZNtYTd7WPD8UZiRKAJPBXa30/AbwuZe0GaFEQ8ugcYQgSn+IGBI\n8/LwhBNTZTUVEWuCUUBVV18YtbAiPq3yXqMB48Oz+ctBWuZSkbvkNodPLamkB2g1\nupRyzQ7qDn1X8nn8N8V7YJ6y68AtkHcNSRAnpTitxBKjtKPISLMVCx7i4hncxHZS\nyLyKQXhw2W2Xs0qLeC1etA+jTGDK4UfLeC0SF7FSi8o5LL21L8IzApar2pR/\n-----END CERTIFICATE-----\n",
                "is_ca": true,
                "issuer": "CN=Amazon Root CA 1,O=Amazon,C=US",
                "not_after": "2025-10-19T00:00:00Z",
                "not_before": "2015-10-22T00:00:00Z",
                "public_key_algorithm": "RSA",
                "serial_number": "144918209630989264145272943054026349679957517",
                "sha1_fingerprint": "917e732d330f9a12404f73d8bea36948b929dffc",
                "signature_algorithm": "SHA256-RSA",
                "subject": "CN=Amazon,OU=Server CA 1B,O=Amazon,C=US",
                "version": 3
              },
              {
                "cert_pem": "-----BEGIN CERTIFICATE-----\nMIIF+TCCBOGgAwIBAgIQBKBPf/Y+CaZaEZKtsA68YjANBgkqhkiG9w0BAQsFADBG\nMQswCQYDVQQGEwJVUzEPMA0GA1UEChMGQW1hem9uMRUwEwYDVQQLEwxTZXJ2ZXIg\nQ0EgMUIxDzANBgNVBAMTBkFtYXpvbjAeFw0yMjA1MjgwMDAwMDBaFw0yMzA2MjYy\nMzU5NTlaMCsxKTAnBgNVBAMTIG9pZGMuZWtzLnVzLWVhc3QtMS5hbWF6b25hd3Mu\nY29tMIIBIjANBgkqhkiG9w0BAQEFAAOCAQ8AMIIBCgKCAQEA4EOK45sIzdbjDilC\nhKbRoKQVuOvZ41l82W0mSzPkXek1F3QY2L+TOqGO4MGFVkXgucYTJr2VaeCvnPVc\nB+x1j2NLtbsfXHGirQJSBOZG4CGl4/9i7IdAK049sCbJh8GRVq/mdEdc9qhinQVQ\nuxfZh3Lhv3n7SK+LQ1mDyB0ZJTezF/YXdxoy1vRDMdABRz0H57y7yjA7yZI5tdmj\nlyNCGEo0GEWVzkyzlemshCyfGBGByqOLJrTMKq/bNDS7fqPfLhc8pH2lGizD2vel\notu0uk9MqUT8/shWK/3qJb9s4MdX0JiZV9d2etVm9kFVp5a0x/BxhxE1k+WaBaxQ\nC0tBkwIDAQABo4IC/DCCAvgwHwYDVR0jBBgwFoAUWaRmBlKge5WSPKOUByeWdFv5\nPdAwHQYDVR0OBBYEFAfDgGNEsQWKFUQUhVoVuJF0N7PAMCsGA1UdEQQkMCKCIG9p\nZGMuZWtzLnVzLWVhc3QtMS5hbWF6b25hd3MuY29tMA4GA1UdDwEB/wQEAwIFoDAd\nBgNVHSUEFjAUBggrBgEFBQcDAQYIKwYBBQUHAwIwPQYDVR0fBDYwNDAyoDCgLoYs\naHR0cDovL2NybC5zY2ExYi5hbWF6b250cnVzdC5jb20vc2NhMWItMS5jcmwwEwYD\nVR0gBAwwCjAIBgZngQwBAgEwdQYIKwYBBQUHAQEEaTBnMC0GCCsGAQUFBzABhiFo\ndHRwOi8vb2NzcC5zY2ExYi5hbWF6b250cnVzdC5jb20wNgYIKwYBBQUHMAKGKmh0\ndHA6Ly9jcnQuc2NhMWIuYW1hem9udHJ1c3QuY29tL3NjYTFiLmNydDAMBgNVHRMB\nAf8EAjAAMIIBfwYKKwYBBAHWeQIEAgSCAW8EggFrAWkAdwCt9776fP8QyIudPZwe\nPhhqtGcpXc+xDCTKhYY069yCigAAAYEH/bnqAAAEAwBIMEYCIQCNpYYQN7GApl3t\n1HYn24YS5/44SW9weDW7y6F0enJnhwIhAJ5KFHOue60eJfnGfdc1aRJNRQ80yDIo\nQbCvafxpEasCAHYANc8ZG7+xbFe/D61MbULLu7YnICZR6j/hKu+oA8M71kwAAAGB\nB/254QAABAMARzBFAiBUg0KD96qBjiqAWBHPf4vzQERk17Avh3KUaZSqUNzZhQIh\nAKRx3FePEH6m4/4C6vHg/INjTI0FT0FJTavCJgaDl1fAAHYAs3N3B+GEUPhjhtYF\nqdwRCUp5LbFnDAuH3PADDnk2pZoAAAGBB/26BgAABAMARzBFAiBUm7oANs0zIvTJ\n/UzdWkSLng/Tl5/7fhE0nfkwwdNLxAIhAK1feuVQJQhxGmdrra8VHpqkc/RnksY+\n6GmgVLTlrdIoMA0GCSqGSIb3DQEBCwUAA4IBAQCB0UbRUCNisXrg7/ZxJVdP3Dp4\nc4yMRwShMdvlLvRzJRglC38rB2fGJEAR6/jVqJsvyIbd+hcxgf2uRoSp5ZU4CON6\nxiDY4XQsOWH5X7HomOzt8hVU4GC+7ADuLxfe9WX2IoB4Agf0M7bY6GSKQphtqSPc\nKgjQM66XifLCsrmwq/atWnt0e90UpFrBDXW1TIDw4h1IpZKFoK5zENLaxNwKRRde\nk7K8kz8QAKce4n+WkgEqDgdKJ3/Jsyh1Mmc4c6vnE+h6luMIRaGYuazHv1/4wd2e\n4rBKpJHaZpzCeG+a/UXHwv30IM/iW0H0FjVUlPwsN7OwU0A9FipN9rCQKCiV\n-----END CERTIFICATE-----\n",
                "is_ca": false,
                "issuer": "CN=Amazon,OU=Server CA 1B,O=Amazon,C=US",
                "not_after": "2023-06-26T23:59:59Z",
                "not_before": "2022-05-28T00:00:00Z",
                "public_key_algorithm": "RSA",
                "serial_number": "6149291929048875092529459657148644450",
                "sha1_fingerprint": "6b3eb618ca61696a2c216bb3cdac635c694a6616",
                "signature_algorithm": "SHA256-RSA",
                "subject": "CN=oidc.eks.us-east-1.amazonaws.com",
                "version": 3
              }
            ],
            "content": null,
            "id": "29dc9b1fd282516f6dd8d02143f33bbea24134e2",
            "url": "https://oidc.eks.us-east-1.amazonaws.com/id/B5E4A8F73D2823F247F70443DF689A3C",
            "verify_chain": true
          },
          "sensitive_attributes": []
        }
      ]
    },
    {
      "module": "module.eks-cluster-with-import-vpc.module.aws-eks-accelerator-for-terraform.module.aws_eks",
      "mode": "managed",
      "type": "aws_cloudwatch_log_group",
      "name": "this",
      "provider": "provider[\"registry.terraform.io/hashicorp/aws\"]",
      "instances": [
        {
          "index_key": 0,
          "schema_version": 0,
          "attributes": {
            "arn": "arn:aws:logs:us-east-1:411309562081:log-group:/aws/eks/eclipz-sndbx-devops-eks/cluster",
            "id": "/aws/eks/eclipz-sndbx-devops-eks/cluster",
            "kms_key_id": "",
            "name": "/aws/eks/eclipz-sndbx-devops-eks/cluster",
            "name_prefix": null,
            "retention_in_days": 90,
            "tags": {
              "created-by": "Terraform v1.0.1",
              "environment": "sndbx",
              "name": "eclipz-sndbx-devops-eks",
              "org": "",
              "resource": "eks",
              "tenant": "eclipz",
              "zone": "devops"
            },
            "tags_all": {
              "created-by": "Terraform v1.0.1",
              "environment": "sndbx",
              "name": "eclipz-sndbx-devops-eks",
              "org": "",
              "resource": "eks",
              "tenant": "eclipz",
              "zone": "devops"
            }
          },
          "sensitive_attributes": [],
          "private": "bnVsbA==",
          "create_before_destroy": true
        }
      ]
    },
    {
      "module": "module.eks-cluster-with-import-vpc.module.aws-eks-accelerator-for-terraform.module.aws_eks",
      "mode": "managed",
      "type": "aws_eks_cluster",
      "name": "this",
      "provider": "provider[\"registry.terraform.io/hashicorp/aws\"]",
      "instances": [
        {
          "index_key": 0,
          "schema_version": 0,
          "attributes": {
            "arn": "arn:aws:eks:us-east-1:411309562081:cluster/eclipz-sndbx-devops-eks",
            "certificate_authority": [
              {
                "data": "LS0tLS1CRUdJTiBDRVJUSUZJQ0FURS0tLS0tCk1JSUM1ekNDQWMrZ0F3SUJBZ0lCQURBTkJna3Foa2lHOXcwQkFRc0ZBREFWTVJNd0VRWURWUVFERXdwcmRXSmwKY201bGRHVnpNQjRYRFRJeU1URXhOekEzTlRVd04xb1hEVE15TVRFeE5EQTNOVFV3TjFvd0ZURVRNQkVHQTFVRQpBeE1LYTNWaVpYSnVaWFJsY3pDQ0FTSXdEUVlKS29aSWh2Y05BUUVCQlFBRGdnRVBBRENDQVFvQ2dnRUJBTGs0CnJrTU00Y0FMQmcvelVaa0thVjV4R1R3dU5mcXZwYkF3UTNEM0FsbGJzOWZUbVNFejVuTWlCOXgwU2JaL3RsRWoKYVhCT2szdzNvaTVrWUdMNGJOTW9GWDNaUVBFYmh1c0I0K3o5UnFXNUhURjIwdEd3azBRYVp1LzVtQTd5UW53TQpKeWRoajZxUDV3akdnRmVFMmJhVjlkWkFpNExEOFBBamFDT2hZZER5TWdhRkwrbW8vZUhiOEJRbmlXQjNLNjJWCnZMNWdRb1o5NVNmZllFRXBOQjdjbDZxa00va2s5cU5oZUxkU1ljVjhUWmVmU1E0NTJGR1VXL3pBaFB1UDBIQmwKRGc5Q3Jqd3VlZm1ETTZQYjRDSWlKSENoMFZ2eXlCTHptd1pySkc3M1YyYXlnUlRsalVYdkxBSHQ4VzhvdVpLNwp2ZEtUYWpVY015alNZUTVIV1gwQ0F3RUFBYU5DTUVBd0RnWURWUjBQQVFIL0JBUURBZ0trTUE4R0ExVWRFd0VCCi93UUZNQU1CQWY4d0hRWURWUjBPQkJZRUZDaVZhN1Y3UVhHZGVtU3kyVXRuOWdYMG96UTdNQTBHQ1NxR1NJYjMKRFFFQkN3VUFBNElCQVFDam9jM3JDSTFyQ1p1a2dTNG81azF0a08xaVNRb1hSY0dCUDJIdWViaTZ5cjhzRHhpVApJdWRVc0tFdm5OUEIraUpLRnozYXhEaUI5RENnTHQrblJHRVorZUhrWlEvVGxmK0dNUFJZSU4vOG0wN2dyVjQ4CnM3am9VRjdzSkdoOUJTWUxOcWs3em0wRGdtNWp4eXVtdWhCSENMTEVlREo5a3h1dXBIYnNXZU9jS0h1d1YvZHYKQnNUZ1EwYUJmZzlIRER3UUlOTUpibjcyU1RNQnYvNDc2YlhoTmV2MHpwTnhpb3ZnejRWN09UTWZkNExpV0srMgp1TWJESk5lT3JOV091VEsvbHNWUnZtejFjSysrR3g5ZUVzcGVtQTVYa1RMbFp4cG51Q2hONmd6NzB6Uy9iTEZuCnUvU01PNVlHdllPNXBuWGJ5YlNUOGhmc2lMSEZsYjFxMzB4ZAotLS0tLUVORCBDRVJUSUZJQ0FURS0tLS0tCg=="
              }
            ],
            "created_at": "2022-11-17 07:48:53.171 +0000 UTC",
            "enabled_cluster_log_types": [
              "api",
              "audit",
              "authenticator",
              "controllerManager",
              "scheduler"
            ],
            "encryption_config": [
              {
                "provider": [
                  {
                    "key_arn": "arn:aws:kms:us-east-1:411309562081:key/f364ce57-fa67-47bf-ba17-a209eca85a32"
                  }
                ],
                "resources": [
                  "secrets"
                ]
              }
            ],
            "endpoint": "https://B5E4A8F73D2823F247F70443DF689A3C.gr7.us-east-1.eks.amazonaws.com",
            "id": "eclipz-sndbx-devops-eks",
            "identity": [
              {
                "oidc": [
                  {
                    "issuer": "https://oidc.eks.us-east-1.amazonaws.com/id/B5E4A8F73D2823F247F70443DF689A3C"
                  }
                ]
              }
            ],
            "kubernetes_network_config": [
              {
                "ip_family": "ipv4",
                "service_ipv4_cidr": "172.20.0.0/16",
                "service_ipv6_cidr": ""
              }
            ],
            "name": "eclipz-sndbx-devops-eks",
            "outpost_config": [],
            "platform_version": "eks.13",
            "role_arn": "arn:aws:iam::411309562081:role/eclipz-sndbx-devops-eks-cluster-role",
            "status": "ACTIVE",
            "tags": {
              "created-by": "Terraform v1.0.1",
              "environment": "sndbx",
              "name": "eclipz-sndbx-devops-eks",
              "org": "",
              "resource": "eks",
              "tenant": "eclipz",
              "zone": "devops"
            },
            "tags_all": {
              "created-by": "Terraform v1.0.1",
              "environment": "sndbx",
              "name": "eclipz-sndbx-devops-eks",
              "org": "",
              "resource": "eks",
              "tenant": "eclipz",
              "zone": "devops"
            },
            "timeouts": {
              "create": null,
              "delete": null,
              "update": null
            },
            "version": "1.21",
            "vpc_config": [
              {
                "cluster_security_group_id": "sg-05e935e459fe8631f",
                "endpoint_private_access": false,
                "endpoint_public_access": true,
                "public_access_cidrs": [
                  "0.0.0.0/0"
                ],
                "security_group_ids": [
                  "sg-0a1cb7ab132f4ed83"
                ],
                "subnet_ids": [
                  "subnet-041f62c3f1c166d60",
                  "subnet-04a4f30bbba6ac904",
                  "subnet-0ecb0848e1fe9d6e3"
                ],
                "vpc_id": "vpc-0404837b5d107024c"
              }
            ]
          },
          "sensitive_attributes": [],
          "private": "eyJlMmJmYjczMC1lY2FhLTExZTYtOGY4OC0zNDM2M2JjN2M0YzAiOnsiY3JlYXRlIjoxODAwMDAwMDAwMDAwLCJkZWxldGUiOjkwMDAwMDAwMDAwMCwidXBkYXRlIjozNjAwMDAwMDAwMDAwfX0=",
          "dependencies": [
            "module.eks-cluster-with-import-vpc.data.aws_availability_zones.available",
            "module.eks-cluster-with-import-vpc.module.aws-eks-accelerator-for-terraform.data.aws_caller_identity.current",
            "module.eks-cluster-with-import-vpc.module.aws-eks-accelerator-for-terraform.data.aws_iam_policy_document.eks_key",
            "module.eks-cluster-with-import-vpc.module.aws-eks-accelerator-for-terraform.data.aws_iam_session_context.current",
            "module.eks-cluster-with-import-vpc.module.aws-eks-accelerator-for-terraform.data.aws_partition.current",
            "module.eks-cluster-with-import-vpc.module.aws-eks-accelerator-for-terraform.data.aws_region.current",
            "module.eks-cluster-with-import-vpc.module.aws-eks-accelerator-for-terraform.module.aws_eks.aws_cloudwatch_log_group.this",
            "module.eks-cluster-with-import-vpc.module.aws-eks-accelerator-for-terraform.module.aws_eks.aws_iam_role.this",
            "module.eks-cluster-with-import-vpc.module.aws-eks-accelerator-for-terraform.module.aws_eks.aws_iam_role_policy_attachment.this",
            "module.eks-cluster-with-import-vpc.module.aws-eks-accelerator-for-terraform.module.aws_eks.aws_security_group.cluster",
            "module.eks-cluster-with-import-vpc.module.aws-eks-accelerator-for-terraform.module.aws_eks.aws_security_group.node",
            "module.eks-cluster-with-import-vpc.module.aws-eks-accelerator-for-terraform.module.aws_eks.aws_security_group_rule.cluster",
            "module.eks-cluster-with-import-vpc.module.aws-eks-accelerator-for-terraform.module.aws_eks.aws_security_group_rule.node",
            "module.eks-cluster-with-import-vpc.module.aws-eks-accelerator-for-terraform.module.aws_eks.data.aws_iam_policy_document.assume_role_policy",
            "module.eks-cluster-with-import-vpc.module.aws-eks-accelerator-for-terraform.module.aws_eks.data.aws_partition.current",
            "module.eks-cluster-with-import-vpc.module.aws-eks-accelerator-for-terraform.module.kms.aws_kms_key.this",
            "module.eks-cluster-with-import-vpc.module.aws_vpc.aws_subnet.private",
            "module.eks-cluster-with-import-vpc.module.aws_vpc.aws_vpc.this",
            "module.eks-cluster-with-import-vpc.module.aws_vpc.aws_vpc_ipv4_cidr_block_association.this"
          ],
          "create_before_destroy": true
        }
      ]
    },
    {
      "module": "module.eks-cluster-with-import-vpc.module.aws-eks-accelerator-for-terraform.module.aws_eks",
      "mode": "managed",
      "type": "aws_iam_openid_connect_provider",
      "name": "oidc_provider",
      "provider": "provider[\"registry.terraform.io/hashicorp/aws\"]",
      "instances": [
        {
          "index_key": 0,
          "schema_version": 0,
          "attributes": {
            "arn": "arn:aws:iam::411309562081:oidc-provider/oidc.eks.us-east-1.amazonaws.com/id/B5E4A8F73D2823F247F70443DF689A3C",
            "client_id_list": [
              "sts.amazonaws.com"
            ],
            "id": "arn:aws:iam::411309562081:oidc-provider/oidc.eks.us-east-1.amazonaws.com/id/B5E4A8F73D2823F247F70443DF689A3C",
            "tags": {
              "Name": "eclipz-sndbx-devops-eks-eks-irsa",
              "created-by": "Terraform v1.0.1",
              "environment": "sndbx",
              "name": "eclipz-sndbx-devops-eks",
              "org": "",
              "resource": "eks",
              "tenant": "eclipz",
              "zone": "devops"
            },
            "tags_all": {
              "Name": "eclipz-sndbx-devops-eks-eks-irsa",
              "created-by": "Terraform v1.0.1",
              "environment": "sndbx",
              "name": "eclipz-sndbx-devops-eks",
              "org": "",
              "resource": "eks",
              "tenant": "eclipz",
              "zone": "devops"
            },
            "thumbprint_list": [
              "9e99a48a9960b14926bb7f3b02e22da2b0ab7280"
            ],
            "url": "oidc.eks.us-east-1.amazonaws.com/id/B5E4A8F73D2823F247F70443DF689A3C"
          },
          "sensitive_attributes": [],
          "private": "bnVsbA==",
          "dependencies": [
            "module.eks-cluster-with-import-vpc.data.aws_availability_zones.available",
            "module.eks-cluster-with-import-vpc.module.aws-eks-accelerator-for-terraform.data.aws_caller_identity.current",
            "module.eks-cluster-with-import-vpc.module.aws-eks-accelerator-for-terraform.data.aws_iam_policy_document.eks_key",
            "module.eks-cluster-with-import-vpc.module.aws-eks-accelerator-for-terraform.data.aws_iam_session_context.current",
            "module.eks-cluster-with-import-vpc.module.aws-eks-accelerator-for-terraform.data.aws_partition.current",
            "module.eks-cluster-with-import-vpc.module.aws-eks-accelerator-for-terraform.data.aws_region.current",
            "module.eks-cluster-with-import-vpc.module.aws-eks-accelerator-for-terraform.module.aws_eks.aws_cloudwatch_log_group.this",
            "module.eks-cluster-with-import-vpc.module.aws-eks-accelerator-for-terraform.module.aws_eks.aws_eks_cluster.this",
            "module.eks-cluster-with-import-vpc.module.aws-eks-accelerator-for-terraform.module.aws_eks.aws_iam_role.this",
            "module.eks-cluster-with-import-vpc.module.aws-eks-accelerator-for-terraform.module.aws_eks.aws_iam_role_policy_attachment.this",
            "module.eks-cluster-with-import-vpc.module.aws-eks-accelerator-for-terraform.module.aws_eks.aws_security_group.cluster",
            "module.eks-cluster-with-import-vpc.module.aws-eks-accelerator-for-terraform.module.aws_eks.aws_security_group.node",
            "module.eks-cluster-with-import-vpc.module.aws-eks-accelerator-for-terraform.module.aws_eks.aws_security_group_rule.cluster",
            "module.eks-cluster-with-import-vpc.module.aws-eks-accelerator-for-terraform.module.aws_eks.aws_security_group_rule.node",
            "module.eks-cluster-with-import-vpc.module.aws-eks-accelerator-for-terraform.module.aws_eks.data.aws_iam_policy_document.assume_role_policy",
            "module.eks-cluster-with-import-vpc.module.aws-eks-accelerator-for-terraform.module.aws_eks.data.aws_partition.current",
            "module.eks-cluster-with-import-vpc.module.aws-eks-accelerator-for-terraform.module.aws_eks.data.tls_certificate.this",
            "module.eks-cluster-with-import-vpc.module.aws-eks-accelerator-for-terraform.module.kms.aws_kms_key.this",
            "module.eks-cluster-with-import-vpc.module.aws_vpc.aws_subnet.private",
            "module.eks-cluster-with-import-vpc.module.aws_vpc.aws_vpc.this",
            "module.eks-cluster-with-import-vpc.module.aws_vpc.aws_vpc_ipv4_cidr_block_association.this"
          ]
        }
      ]
    },
    {
      "module": "module.eks-cluster-with-import-vpc.module.aws-eks-accelerator-for-terraform.module.aws_eks",
      "mode": "managed",
      "type": "aws_iam_role",
      "name": "this",
      "provider": "provider[\"registry.terraform.io/hashicorp/aws\"]",
      "instances": [
        {
          "index_key": 0,
          "schema_version": 0,
          "attributes": {
            "arn": "arn:aws:iam::411309562081:role/eclipz-sndbx-devops-eks-cluster-role",
            "assume_role_policy": "{\"Statement\":[{\"Action\":\"sts:AssumeRole\",\"Effect\":\"Allow\",\"Principal\":{\"Service\":\"eks.amazonaws.com\"},\"Sid\":\"EKSClusterAssumeRole\"}],\"Version\":\"2012-10-17\"}",
            "create_date": "2022-11-17T07:48:16Z",
            "description": "",
            "force_detach_policies": true,
            "id": "eclipz-sndbx-devops-eks-cluster-role",
            "inline_policy": [],
            "managed_policy_arns": [
              "arn:aws:iam::aws:policy/AmazonEKSClusterPolicy",
              "arn:aws:iam::aws:policy/AmazonEKSVPCResourceController"
            ],
            "max_session_duration": 3600,
            "name": "eclipz-sndbx-devops-eks-cluster-role",
            "name_prefix": "",
            "path": "/",
            "permissions_boundary": null,
            "tags": {
              "created-by": "Terraform v1.0.1",
              "environment": "sndbx",
              "name": "eclipz-sndbx-devops-eks",
              "org": "",
              "resource": "eks",
              "tenant": "eclipz",
              "zone": "devops"
            },
            "tags_all": {
              "created-by": "Terraform v1.0.1",
              "environment": "sndbx",
              "name": "eclipz-sndbx-devops-eks",
              "org": "",
              "resource": "eks",
              "tenant": "eclipz",
              "zone": "devops"
            },
            "unique_id": "AROAV7Q7V3DQYBME6WLZ3"
          },
          "sensitive_attributes": [],
          "private": "bnVsbA==",
          "dependencies": [
            "module.eks-cluster-with-import-vpc.module.aws-eks-accelerator-for-terraform.module.aws_eks.data.aws_iam_policy_document.assume_role_policy",
            "module.eks-cluster-with-import-vpc.module.aws-eks-accelerator-for-terraform.module.aws_eks.data.aws_partition.current"
          ],
          "create_before_destroy": true
        }
      ]
    },
    {
      "module": "module.eks-cluster-with-import-vpc.module.aws-eks-accelerator-for-terraform.module.aws_eks",
      "mode": "managed",
      "type": "aws_iam_role_policy_attachment",
      "name": "this",
      "provider": "provider[\"registry.terraform.io/hashicorp/aws\"]",
      "instances": [
        {
          "index_key": "arn:aws:iam::aws:policy/AmazonEKSClusterPolicy",
          "schema_version": 0,
          "attributes": {
            "id": "eclipz-sndbx-devops-eks-cluster-role-20221117074659437600000002",
            "policy_arn": "arn:aws:iam::aws:policy/AmazonEKSClusterPolicy",
            "role": "eclipz-sndbx-devops-eks-cluster-role"
          },
          "sensitive_attributes": [],
          "private": "bnVsbA==",
          "dependencies": [
            "module.eks-cluster-with-import-vpc.module.aws-eks-accelerator-for-terraform.module.aws_eks.aws_iam_role.this",
            "module.eks-cluster-with-import-vpc.module.aws-eks-accelerator-for-terraform.module.aws_eks.data.aws_iam_policy_document.assume_role_policy",
            "module.eks-cluster-with-import-vpc.module.aws-eks-accelerator-for-terraform.module.aws_eks.data.aws_partition.current"
          ],
          "create_before_destroy": true
        },
        {
          "index_key": "arn:aws:iam::aws:policy/AmazonEKSVPCResourceController",
          "schema_version": 0,
          "attributes": {
            "id": "eclipz-sndbx-devops-eks-cluster-role-20221117074659136400000001",
            "policy_arn": "arn:aws:iam::aws:policy/AmazonEKSVPCResourceController",
            "role": "eclipz-sndbx-devops-eks-cluster-role"
          },
          "sensitive_attributes": [],
          "private": "bnVsbA==",
          "dependencies": [
            "module.eks-cluster-with-import-vpc.module.aws-eks-accelerator-for-terraform.module.aws_eks.aws_iam_role.this",
            "module.eks-cluster-with-import-vpc.module.aws-eks-accelerator-for-terraform.module.aws_eks.data.aws_iam_policy_document.assume_role_policy",
            "module.eks-cluster-with-import-vpc.module.aws-eks-accelerator-for-terraform.module.aws_eks.data.aws_partition.current"
          ],
          "create_before_destroy": true
        }
      ]
    },
    {
      "module": "module.eks-cluster-with-import-vpc.module.aws-eks-accelerator-for-terraform.module.aws_eks",
      "mode": "managed",
      "type": "aws_security_group",
      "name": "cluster",
      "provider": "provider[\"registry.terraform.io/hashicorp/aws\"]",
      "instances": [
        {
          "index_key": 0,
          "schema_version": 1,
          "attributes": {
            "arn": "arn:aws:ec2:us-east-1:411309562081:security-group/sg-0a1cb7ab132f4ed83",
            "description": "EKS cluster security group",
            "egress": [
              {
                "cidr_blocks": [],
                "description": "Cluster API to node groups",
                "from_port": 443,
                "ipv6_cidr_blocks": [],
                "prefix_list_ids": [],
                "protocol": "tcp",
                "security_groups": [
                  "sg-0ce1dbfe5753f6deb"
                ],
                "self": false,
                "to_port": 443
              },
              {
                "cidr_blocks": [],
                "description": "Cluster API to node kubelets",
                "from_port": 10250,
                "ipv6_cidr_blocks": [],
                "prefix_list_ids": [],
                "protocol": "tcp",
                "security_groups": [
                  "sg-0ce1dbfe5753f6deb"
                ],
                "self": false,
                "to_port": 10250
              }
            ],
            "id": "sg-0a1cb7ab132f4ed83",
            "ingress": [
              {
                "cidr_blocks": [],
                "description": "Node groups to cluster API",
                "from_port": 443,
                "ipv6_cidr_blocks": [],
                "prefix_list_ids": [],
                "protocol": "tcp",
                "security_groups": [
                  "sg-0ce1dbfe5753f6deb"
                ],
                "self": false,
                "to_port": 443
              }
            ],
            "name": "eclipz-sndbx-devops-eks-cluster-20221117074713304100000004",
            "name_prefix": "eclipz-sndbx-devops-eks-cluster-",
            "owner_id": "411309562081",
            "revoke_rules_on_delete": false,
            "tags": {
              "Name": "eclipz-sndbx-devops-eks-cluster",
              "created-by": "Terraform v1.0.1",
              "environment": "sndbx",
              "name": "eclipz-sndbx-devops-eks",
              "org": "",
              "resource": "eks",
              "tenant": "eclipz",
              "zone": "devops"
            },
            "tags_all": {
              "Name": "eclipz-sndbx-devops-eks-cluster",
              "created-by": "Terraform v1.0.1",
              "environment": "sndbx",
              "name": "eclipz-sndbx-devops-eks",
              "org": "",
              "resource": "eks",
              "tenant": "eclipz",
              "zone": "devops"
            },
            "timeouts": null,
            "vpc_id": "vpc-0404837b5d107024c"
          },
          "sensitive_attributes": [],
          "private": "eyJlMmJmYjczMC1lY2FhLTExZTYtOGY4OC0zNDM2M2JjN2M0YzAiOnsiY3JlYXRlIjo2MDAwMDAwMDAwMDAsImRlbGV0ZSI6OTAwMDAwMDAwMDAwfSwic2NoZW1hX3ZlcnNpb24iOiIxIn0=",
          "dependencies": [
            "module.eks-cluster-with-import-vpc.module.aws_vpc.aws_vpc.this"
          ],
          "create_before_destroy": true
        }
      ]
    },
    {
      "module": "module.eks-cluster-with-import-vpc.module.aws-eks-accelerator-for-terraform.module.aws_eks",
      "mode": "managed",
      "type": "aws_security_group",
      "name": "node",
      "provider": "provider[\"registry.terraform.io/hashicorp/aws\"]",
      "instances": [
        {
          "index_key": 0,
          "schema_version": 1,
          "attributes": {
            "arn": "arn:aws:ec2:us-east-1:411309562081:security-group/sg-0ce1dbfe5753f6deb",
            "description": "EKS node shared security group",
            "egress": [
              {
                "cidr_blocks": [
                  "0.0.0.0/0"
                ],
                "description": "Egress NTP/TCP to internet",
                "from_port": 123,
                "ipv6_cidr_blocks": [],
                "prefix_list_ids": [],
                "protocol": "tcp",
                "security_groups": [],
                "self": false,
                "to_port": 123
              },
              {
                "cidr_blocks": [
                  "0.0.0.0/0"
                ],
                "description": "Egress NTP/UDP to internet",
                "from_port": 123,
                "ipv6_cidr_blocks": [],
                "prefix_list_ids": [],
                "protocol": "udp",
                "security_groups": [],
                "self": false,
                "to_port": 123
              },
              {
                "cidr_blocks": [
                  "0.0.0.0/0"
                ],
                "description": "Egress all HTTPS to internet",
                "from_port": 443,
                "ipv6_cidr_blocks": [],
                "prefix_list_ids": [],
                "protocol": "tcp",
                "security_groups": [],
                "self": false,
                "to_port": 443
              },
              {
                "cidr_blocks": [
                  "10.0.0.0/16"
                ],
                "description": "DB egress to Kubernetes API",
                "from_port": 5432,
                "ipv6_cidr_blocks": [],
                "prefix_list_ids": [],
                "protocol": "tcp",
                "security_groups": [],
                "self": false,
                "to_port": 5432
              },
              {
                "cidr_blocks": [],
                "description": "Node groups to cluster API",
                "from_port": 443,
                "ipv6_cidr_blocks": [],
                "prefix_list_ids": [],
                "protocol": "tcp",
                "security_groups": [
                  "sg-0a1cb7ab132f4ed83"
                ],
                "self": false,
                "to_port": 443
              },
              {
                "cidr_blocks": [],
                "description": "Node to node CoreDNS",
                "from_port": 53,
                "ipv6_cidr_blocks": [],
                "prefix_list_ids": [],
                "protocol": "tcp",
                "security_groups": [],
                "self": true,
                "to_port": 53
              },
              {
                "cidr_blocks": [],
                "description": "Node to node CoreDNS",
                "from_port": 53,
                "ipv6_cidr_blocks": [],
                "prefix_list_ids": [],
                "protocol": "udp",
                "security_groups": [],
                "self": true,
                "to_port": 53
              }
            ],
            "id": "sg-0ce1dbfe5753f6deb",
            "ingress": [
              {
                "cidr_blocks": [
                  "10.0.0.0/16"
                ],
                "description": "DB ingress to Kubernetes API",
                "from_port": 5432,
                "ipv6_cidr_blocks": [],
                "prefix_list_ids": [],
                "protocol": "tcp",
                "security_groups": [],
                "self": false,
                "to_port": 5432
              },
              {
                "cidr_blocks": [],
                "description": "Cluster API to node groups",
                "from_port": 443,
                "ipv6_cidr_blocks": [],
                "prefix_list_ids": [],
                "protocol": "tcp",
                "security_groups": [
                  "sg-0a1cb7ab132f4ed83"
                ],
                "self": false,
                "to_port": 443
              },
              {
                "cidr_blocks": [],
                "description": "Cluster API to node kubelets",
                "from_port": 10250,
                "ipv6_cidr_blocks": [],
                "prefix_list_ids": [],
                "protocol": "tcp",
                "security_groups": [
                  "sg-0a1cb7ab132f4ed83"
                ],
                "self": false,
                "to_port": 10250
              },
              {
                "cidr_blocks": [],
                "description": "Node to node CoreDNS",
                "from_port": 53,
                "ipv6_cidr_blocks": [],
                "prefix_list_ids": [],
                "protocol": "tcp",
                "security_groups": [],
                "self": true,
                "to_port": 53
              },
              {
                "cidr_blocks": [],
                "description": "Node to node CoreDNS",
                "from_port": 53,
                "ipv6_cidr_blocks": [],
                "prefix_list_ids": [],
                "protocol": "udp",
                "security_groups": [],
                "self": true,
                "to_port": 53
              }
            ],
            "name": "eclipz-sndbx-devops-eks-node-20221117074713254200000003",
            "name_prefix": "eclipz-sndbx-devops-eks-node-",
            "owner_id": "411309562081",
            "revoke_rules_on_delete": false,
            "tags": {
              "Name": "eclipz-sndbx-devops-eks-node",
              "created-by": "Terraform v1.0.1",
              "environment": "sndbx",
              "kubernetes.io/cluster/eclipz-sndbx-devops-eks": "owned",
              "name": "eclipz-sndbx-devops-eks",
              "org": "",
              "resource": "eks",
              "tenant": "eclipz",
              "zone": "devops"
            },
            "tags_all": {
              "Name": "eclipz-sndbx-devops-eks-node",
              "created-by": "Terraform v1.0.1",
              "environment": "sndbx",
              "kubernetes.io/cluster/eclipz-sndbx-devops-eks": "owned",
              "name": "eclipz-sndbx-devops-eks",
              "org": "",
              "resource": "eks",
              "tenant": "eclipz",
              "zone": "devops"
            },
            "timeouts": null,
            "vpc_id": "vpc-0404837b5d107024c"
          },
          "sensitive_attributes": [],
          "private": "eyJlMmJmYjczMC1lY2FhLTExZTYtOGY4OC0zNDM2M2JjN2M0YzAiOnsiY3JlYXRlIjo2MDAwMDAwMDAwMDAsImRlbGV0ZSI6OTAwMDAwMDAwMDAwfSwic2NoZW1hX3ZlcnNpb24iOiIxIn0=",
          "dependencies": [
            "module.eks-cluster-with-import-vpc.module.aws_vpc.aws_vpc.this"
          ],
          "create_before_destroy": true
        }
      ]
    },
    {
      "module": "module.eks-cluster-with-import-vpc.module.aws-eks-accelerator-for-terraform.module.aws_eks",
      "mode": "managed",
      "type": "aws_security_group_rule",
      "name": "cluster",
      "provider": "provider[\"registry.terraform.io/hashicorp/aws\"]",
      "instances": [
        {
          "index_key": "egress_nodes_443",
          "schema_version": 2,
          "attributes": {
            "cidr_blocks": null,
            "description": "Cluster API to node groups",
            "from_port": 443,
            "id": "sgrule-1790650625",
            "ipv6_cidr_blocks": null,
            "prefix_list_ids": [],
            "protocol": "tcp",
            "security_group_id": "sg-0a1cb7ab132f4ed83",
            "self": false,
            "source_security_group_id": "sg-0ce1dbfe5753f6deb",
            "timeouts": null,
            "to_port": 443,
            "type": "egress"
          },
          "sensitive_attributes": [],
          "private": "eyJlMmJmYjczMC1lY2FhLTExZTYtOGY4OC0zNDM2M2JjN2M0YzAiOnsiY3JlYXRlIjozMDAwMDAwMDAwMDB9LCJzY2hlbWFfdmVyc2lvbiI6IjIifQ==",
          "dependencies": [
            "module.eks-cluster-with-import-vpc.module.aws-eks-accelerator-for-terraform.module.aws_eks.aws_security_group.cluster",
            "module.eks-cluster-with-import-vpc.module.aws-eks-accelerator-for-terraform.module.aws_eks.aws_security_group.node",
            "module.eks-cluster-with-import-vpc.module.aws_vpc.aws_vpc.this"
          ],
          "create_before_destroy": true
        },
        {
          "index_key": "egress_nodes_kubelet",
          "schema_version": 2,
          "attributes": {
            "cidr_blocks": null,
            "description": "Cluster API to node kubelets",
            "from_port": 10250,
            "id": "sgrule-2380772842",
            "ipv6_cidr_blocks": null,
            "prefix_list_ids": [],
            "protocol": "tcp",
            "security_group_id": "sg-0a1cb7ab132f4ed83",
            "self": false,
            "source_security_group_id": "sg-0ce1dbfe5753f6deb",
            "timeouts": null,
            "to_port": 10250,
            "type": "egress"
          },
          "sensitive_attributes": [],
          "private": "eyJlMmJmYjczMC1lY2FhLTExZTYtOGY4OC0zNDM2M2JjN2M0YzAiOnsiY3JlYXRlIjozMDAwMDAwMDAwMDB9LCJzY2hlbWFfdmVyc2lvbiI6IjIifQ==",
          "dependencies": [
            "module.eks-cluster-with-import-vpc.module.aws-eks-accelerator-for-terraform.module.aws_eks.aws_security_group.cluster",
            "module.eks-cluster-with-import-vpc.module.aws-eks-accelerator-for-terraform.module.aws_eks.aws_security_group.node",
            "module.eks-cluster-with-import-vpc.module.aws_vpc.aws_vpc.this"
          ],
          "create_before_destroy": true
        },
        {
          "index_key": "ingress_nodes_443",
          "schema_version": 2,
          "attributes": {
            "cidr_blocks": null,
            "description": "Node groups to cluster API",
            "from_port": 443,
            "id": "sgrule-3974842700",
            "ipv6_cidr_blocks": null,
            "prefix_list_ids": [],
            "protocol": "tcp",
            "security_group_id": "sg-0a1cb7ab132f4ed83",
            "self": false,
            "source_security_group_id": "sg-0ce1dbfe5753f6deb",
            "timeouts": null,
            "to_port": 443,
            "type": "ingress"
          },
          "sensitive_attributes": [],
          "private": "eyJlMmJmYjczMC1lY2FhLTExZTYtOGY4OC0zNDM2M2JjN2M0YzAiOnsiY3JlYXRlIjozMDAwMDAwMDAwMDB9LCJzY2hlbWFfdmVyc2lvbiI6IjIifQ==",
          "dependencies": [
            "module.eks-cluster-with-import-vpc.module.aws-eks-accelerator-for-terraform.module.aws_eks.aws_security_group.cluster",
            "module.eks-cluster-with-import-vpc.module.aws-eks-accelerator-for-terraform.module.aws_eks.aws_security_group.node",
            "module.eks-cluster-with-import-vpc.module.aws_vpc.aws_vpc.this"
          ],
          "create_before_destroy": true
        }
      ]
    },
    {
      "module": "module.eks-cluster-with-import-vpc.module.aws-eks-accelerator-for-terraform.module.aws_eks",
      "mode": "managed",
      "type": "aws_security_group_rule",
      "name": "node",
      "provider": "provider[\"registry.terraform.io/hashicorp/aws\"]",
      "instances": [
        {
          "index_key": "egress_cluster_443",
          "schema_version": 2,
          "attributes": {
            "cidr_blocks": null,
            "description": "Node groups to cluster API",
            "from_port": 443,
            "id": "sgrule-4118978837",
            "ipv6_cidr_blocks": null,
            "prefix_list_ids": [],
            "protocol": "tcp",
            "security_group_id": "sg-0ce1dbfe5753f6deb",
            "self": false,
            "source_security_group_id": "sg-0a1cb7ab132f4ed83",
            "timeouts": null,
            "to_port": 443,
            "type": "egress"
          },
          "sensitive_attributes": [],
          "private": "eyJlMmJmYjczMC1lY2FhLTExZTYtOGY4OC0zNDM2M2JjN2M0YzAiOnsiY3JlYXRlIjozMDAwMDAwMDAwMDB9LCJzY2hlbWFfdmVyc2lvbiI6IjIifQ==",
          "dependencies": [
            "module.eks-cluster-with-import-vpc.module.aws-eks-accelerator-for-terraform.module.aws_eks.aws_security_group.cluster",
            "module.eks-cluster-with-import-vpc.module.aws-eks-accelerator-for-terraform.module.aws_eks.aws_security_group.node",
            "module.eks-cluster-with-import-vpc.module.aws_vpc.aws_vpc.this"
          ],
          "create_before_destroy": true
        },
        {
          "index_key": "egress_https",
          "schema_version": 2,
          "attributes": {
            "cidr_blocks": [
              "0.0.0.0/0"
            ],
            "description": "Egress all HTTPS to internet",
            "from_port": 443,
            "id": "sgrule-3573310361",
            "ipv6_cidr_blocks": null,
            "prefix_list_ids": [],
            "protocol": "tcp",
            "security_group_id": "sg-0ce1dbfe5753f6deb",
            "self": false,
            "source_security_group_id": null,
            "timeouts": null,
            "to_port": 443,
            "type": "egress"
          },
          "sensitive_attributes": [],
          "private": "eyJlMmJmYjczMC1lY2FhLTExZTYtOGY4OC0zNDM2M2JjN2M0YzAiOnsiY3JlYXRlIjozMDAwMDAwMDAwMDB9LCJzY2hlbWFfdmVyc2lvbiI6IjIifQ==",
          "dependencies": [
            "module.eks-cluster-with-import-vpc.module.aws-eks-accelerator-for-terraform.module.aws_eks.aws_security_group.cluster",
            "module.eks-cluster-with-import-vpc.module.aws-eks-accelerator-for-terraform.module.aws_eks.aws_security_group.node",
            "module.eks-cluster-with-import-vpc.module.aws_vpc.aws_vpc.this"
          ],
          "create_before_destroy": true
        },
        {
          "index_key": "egress_ntp_tcp",
          "schema_version": 2,
          "attributes": {
            "cidr_blocks": [
              "0.0.0.0/0"
            ],
            "description": "Egress NTP/TCP to internet",
            "from_port": 123,
            "id": "sgrule-186801799",
            "ipv6_cidr_blocks": null,
            "prefix_list_ids": [],
            "protocol": "tcp",
            "security_group_id": "sg-0ce1dbfe5753f6deb",
            "self": false,
            "source_security_group_id": null,
            "timeouts": null,
            "to_port": 123,
            "type": "egress"
          },
          "sensitive_attributes": [],
          "private": "eyJlMmJmYjczMC1lY2FhLTExZTYtOGY4OC0zNDM2M2JjN2M0YzAiOnsiY3JlYXRlIjozMDAwMDAwMDAwMDB9LCJzY2hlbWFfdmVyc2lvbiI6IjIifQ==",
          "dependencies": [
            "module.eks-cluster-with-import-vpc.module.aws-eks-accelerator-for-terraform.module.aws_eks.aws_security_group.cluster",
            "module.eks-cluster-with-import-vpc.module.aws-eks-accelerator-for-terraform.module.aws_eks.aws_security_group.node",
            "module.eks-cluster-with-import-vpc.module.aws_vpc.aws_vpc.this"
          ],
          "create_before_destroy": true
        },
        {
          "index_key": "egress_ntp_udp",
          "schema_version": 2,
          "attributes": {
            "cidr_blocks": [
              "0.0.0.0/0"
            ],
            "description": "Egress NTP/UDP to internet",
            "from_port": 123,
            "id": "sgrule-1975286666",
            "ipv6_cidr_blocks": null,
            "prefix_list_ids": [],
            "protocol": "udp",
            "security_group_id": "sg-0ce1dbfe5753f6deb",
            "self": false,
            "source_security_group_id": null,
            "timeouts": null,
            "to_port": 123,
            "type": "egress"
          },
          "sensitive_attributes": [],
          "private": "eyJlMmJmYjczMC1lY2FhLTExZTYtOGY4OC0zNDM2M2JjN2M0YzAiOnsiY3JlYXRlIjozMDAwMDAwMDAwMDB9LCJzY2hlbWFfdmVyc2lvbiI6IjIifQ==",
          "dependencies": [
            "module.eks-cluster-with-import-vpc.module.aws-eks-accelerator-for-terraform.module.aws_eks.aws_security_group.cluster",
            "module.eks-cluster-with-import-vpc.module.aws-eks-accelerator-for-terraform.module.aws_eks.aws_security_group.node",
            "module.eks-cluster-with-import-vpc.module.aws_vpc.aws_vpc.this"
          ],
          "create_before_destroy": true
        },
        {
          "index_key": "egress_self_coredns_tcp",
          "schema_version": 2,
          "attributes": {
            "cidr_blocks": null,
            "description": "Node to node CoreDNS",
            "from_port": 53,
            "id": "sgrule-154254325",
            "ipv6_cidr_blocks": null,
            "prefix_list_ids": [],
            "protocol": "tcp",
            "security_group_id": "sg-0ce1dbfe5753f6deb",
            "self": true,
            "source_security_group_id": null,
            "timeouts": null,
            "to_port": 53,
            "type": "egress"
          },
          "sensitive_attributes": [],
          "private": "eyJlMmJmYjczMC1lY2FhLTExZTYtOGY4OC0zNDM2M2JjN2M0YzAiOnsiY3JlYXRlIjozMDAwMDAwMDAwMDB9LCJzY2hlbWFfdmVyc2lvbiI6IjIifQ==",
          "dependencies": [
            "module.eks-cluster-with-import-vpc.module.aws-eks-accelerator-for-terraform.module.aws_eks.aws_security_group.cluster",
            "module.eks-cluster-with-import-vpc.module.aws-eks-accelerator-for-terraform.module.aws_eks.aws_security_group.node",
            "module.eks-cluster-with-import-vpc.module.aws_vpc.aws_vpc.this"
          ],
          "create_before_destroy": true
        },
        {
          "index_key": "egress_self_coredns_udp",
          "schema_version": 2,
          "attributes": {
            "cidr_blocks": null,
            "description": "Node to node CoreDNS",
            "from_port": 53,
            "id": "sgrule-2270574995",
            "ipv6_cidr_blocks": null,
            "prefix_list_ids": [],
            "protocol": "udp",
            "security_group_id": "sg-0ce1dbfe5753f6deb",
            "self": true,
            "source_security_group_id": null,
            "timeouts": null,
            "to_port": 53,
            "type": "egress"
          },
          "sensitive_attributes": [],
          "private": "eyJlMmJmYjczMC1lY2FhLTExZTYtOGY4OC0zNDM2M2JjN2M0YzAiOnsiY3JlYXRlIjozMDAwMDAwMDAwMDB9LCJzY2hlbWFfdmVyc2lvbiI6IjIifQ==",
          "dependencies": [
            "module.eks-cluster-with-import-vpc.module.aws-eks-accelerator-for-terraform.module.aws_eks.aws_security_group.cluster",
            "module.eks-cluster-with-import-vpc.module.aws-eks-accelerator-for-terraform.module.aws_eks.aws_security_group.node",
            "module.eks-cluster-with-import-vpc.module.aws_vpc.aws_vpc.this"
          ],
          "create_before_destroy": true
        },
        {
          "index_key": "ingress_cluster_443",
          "schema_version": 2,
          "attributes": {
            "cidr_blocks": null,
            "description": "Cluster API to node groups",
            "from_port": 443,
            "id": "sgrule-4212852887",
            "ipv6_cidr_blocks": null,
            "prefix_list_ids": [],
            "protocol": "tcp",
            "security_group_id": "sg-0ce1dbfe5753f6deb",
            "self": false,
            "source_security_group_id": "sg-0a1cb7ab132f4ed83",
            "timeouts": null,
            "to_port": 443,
            "type": "ingress"
          },
          "sensitive_attributes": [],
          "private": "eyJlMmJmYjczMC1lY2FhLTExZTYtOGY4OC0zNDM2M2JjN2M0YzAiOnsiY3JlYXRlIjozMDAwMDAwMDAwMDB9LCJzY2hlbWFfdmVyc2lvbiI6IjIifQ==",
          "dependencies": [
            "module.eks-cluster-with-import-vpc.module.aws-eks-accelerator-for-terraform.module.aws_eks.aws_security_group.cluster",
            "module.eks-cluster-with-import-vpc.module.aws-eks-accelerator-for-terraform.module.aws_eks.aws_security_group.node",
            "module.eks-cluster-with-import-vpc.module.aws_vpc.aws_vpc.this"
          ],
          "create_before_destroy": true
        },
        {
          "index_key": "ingress_cluster_kubelet",
          "schema_version": 2,
          "attributes": {
            "cidr_blocks": null,
            "description": "Cluster API to node kubelets",
            "from_port": 10250,
            "id": "sgrule-1121301283",
            "ipv6_cidr_blocks": null,
            "prefix_list_ids": [],
            "protocol": "tcp",
            "security_group_id": "sg-0ce1dbfe5753f6deb",
            "self": false,
            "source_security_group_id": "sg-0a1cb7ab132f4ed83",
            "timeouts": null,
            "to_port": 10250,
            "type": "ingress"
          },
          "sensitive_attributes": [],
          "private": "eyJlMmJmYjczMC1lY2FhLTExZTYtOGY4OC0zNDM2M2JjN2M0YzAiOnsiY3JlYXRlIjozMDAwMDAwMDAwMDB9LCJzY2hlbWFfdmVyc2lvbiI6IjIifQ==",
          "dependencies": [
            "module.eks-cluster-with-import-vpc.module.aws-eks-accelerator-for-terraform.module.aws_eks.aws_security_group.cluster",
            "module.eks-cluster-with-import-vpc.module.aws-eks-accelerator-for-terraform.module.aws_eks.aws_security_group.node",
            "module.eks-cluster-with-import-vpc.module.aws_vpc.aws_vpc.this"
          ],
          "create_before_destroy": true
        },
        {
          "index_key": "ingress_self_coredns_tcp",
          "schema_version": 2,
          "attributes": {
            "cidr_blocks": null,
            "description": "Node to node CoreDNS",
            "from_port": 53,
            "id": "sgrule-1448670683",
            "ipv6_cidr_blocks": null,
            "prefix_list_ids": [],
            "protocol": "tcp",
            "security_group_id": "sg-0ce1dbfe5753f6deb",
            "self": true,
            "source_security_group_id": null,
            "timeouts": null,
            "to_port": 53,
            "type": "ingress"
          },
          "sensitive_attributes": [],
          "private": "eyJlMmJmYjczMC1lY2FhLTExZTYtOGY4OC0zNDM2M2JjN2M0YzAiOnsiY3JlYXRlIjozMDAwMDAwMDAwMDB9LCJzY2hlbWFfdmVyc2lvbiI6IjIifQ==",
          "dependencies": [
            "module.eks-cluster-with-import-vpc.module.aws-eks-accelerator-for-terraform.module.aws_eks.aws_security_group.cluster",
            "module.eks-cluster-with-import-vpc.module.aws-eks-accelerator-for-terraform.module.aws_eks.aws_security_group.node",
            "module.eks-cluster-with-import-vpc.module.aws_vpc.aws_vpc.this"
          ],
          "create_before_destroy": true
        },
        {
          "index_key": "ingress_self_coredns_udp",
          "schema_version": 2,
          "attributes": {
            "cidr_blocks": null,
            "description": "Node to node CoreDNS",
            "from_port": 53,
            "id": "sgrule-4060567092",
            "ipv6_cidr_blocks": null,
            "prefix_list_ids": [],
            "protocol": "udp",
            "security_group_id": "sg-0ce1dbfe5753f6deb",
            "self": true,
            "source_security_group_id": null,
            "timeouts": null,
            "to_port": 53,
            "type": "ingress"
          },
          "sensitive_attributes": [],
          "private": "eyJlMmJmYjczMC1lY2FhLTExZTYtOGY4OC0zNDM2M2JjN2M0YzAiOnsiY3JlYXRlIjozMDAwMDAwMDAwMDB9LCJzY2hlbWFfdmVyc2lvbiI6IjIifQ==",
          "dependencies": [
            "module.eks-cluster-with-import-vpc.module.aws-eks-accelerator-for-terraform.module.aws_eks.aws_security_group.cluster",
            "module.eks-cluster-with-import-vpc.module.aws-eks-accelerator-for-terraform.module.aws_eks.aws_security_group.node",
            "module.eks-cluster-with-import-vpc.module.aws_vpc.aws_vpc.this"
          ],
          "create_before_destroy": true
        },
        {
          "index_key": "node_db_egress",
          "schema_version": 2,
          "attributes": {
            "cidr_blocks": [
              "10.0.0.0/16"
            ],
            "description": "DB egress to Kubernetes API",
            "from_port": 5432,
            "id": "sgrule-3474367176",
            "ipv6_cidr_blocks": null,
            "prefix_list_ids": [],
            "protocol": "tcp",
            "security_group_id": "sg-0ce1dbfe5753f6deb",
            "self": false,
            "source_security_group_id": null,
            "timeouts": null,
            "to_port": 5432,
            "type": "egress"
          },
          "sensitive_attributes": [],
          "private": "eyJlMmJmYjczMC1lY2FhLTExZTYtOGY4OC0zNDM2M2JjN2M0YzAiOnsiY3JlYXRlIjozMDAwMDAwMDAwMDB9LCJzY2hlbWFfdmVyc2lvbiI6IjIifQ==",
          "dependencies": [
            "module.eks-cluster-with-import-vpc.module.aws-eks-accelerator-for-terraform.module.aws_eks.aws_security_group.cluster",
            "module.eks-cluster-with-import-vpc.module.aws-eks-accelerator-for-terraform.module.aws_eks.aws_security_group.node",
            "module.eks-cluster-with-import-vpc.module.aws_vpc.aws_vpc.this"
          ],
          "create_before_destroy": true
        },
        {
          "index_key": "node_db_ingress",
          "schema_version": 2,
          "attributes": {
            "cidr_blocks": [
              "10.0.0.0/16"
            ],
            "description": "DB ingress to Kubernetes API",
            "from_port": 5432,
            "id": "sgrule-647663866",
            "ipv6_cidr_blocks": null,
            "prefix_list_ids": [],
            "protocol": "tcp",
            "security_group_id": "sg-0ce1dbfe5753f6deb",
            "self": false,
            "source_security_group_id": null,
            "timeouts": null,
            "to_port": 5432,
            "type": "ingress"
          },
          "sensitive_attributes": [],
          "private": "eyJlMmJmYjczMC1lY2FhLTExZTYtOGY4OC0zNDM2M2JjN2M0YzAiOnsiY3JlYXRlIjozMDAwMDAwMDAwMDB9LCJzY2hlbWFfdmVyc2lvbiI6IjIifQ==",
          "dependencies": [
            "module.eks-cluster-with-import-vpc.module.aws-eks-accelerator-for-terraform.module.aws_eks.aws_security_group.cluster",
            "module.eks-cluster-with-import-vpc.module.aws-eks-accelerator-for-terraform.module.aws_eks.aws_security_group.node",
            "module.eks-cluster-with-import-vpc.module.aws_vpc.aws_vpc.this"
          ],
          "create_before_destroy": true
        }
      ]
    },
    {
      "module": "module.eks-cluster-with-import-vpc.module.aws-eks-accelerator-for-terraform.module.aws_eks_managed_node_groups[\"mg_4\"]",
      "mode": "data",
      "type": "aws_iam_policy_document",
      "name": "managed_ng_assume_role_policy",
      "provider": "provider[\"registry.terraform.io/hashicorp/aws\"]",
      "instances": [
        {
          "schema_version": 0,
          "attributes": {
            "id": "3778018924",
            "json": "{\n  \"Version\": \"2012-10-17\",\n  \"Statement\": [\n    {\n      \"Sid\": \"EKSWorkerAssumeRole\",\n      \"Effect\": \"Allow\",\n      \"Action\": \"sts:AssumeRole\",\n      \"Principal\": {\n        \"Service\": \"ec2.amazonaws.com\"\n      }\n    }\n  ]\n}",
            "override_json": null,
            "override_policy_documents": null,
            "policy_id": null,
            "source_json": null,
            "source_policy_documents": null,
            "statement": [
              {
                "actions": [
                  "sts:AssumeRole"
                ],
                "condition": [],
                "effect": "Allow",
                "not_actions": [],
                "not_principals": [],
                "not_resources": [],
                "principals": [
                  {
                    "identifiers": [
                      "ec2.amazonaws.com"
                    ],
                    "type": "Service"
                  }
                ],
                "resources": [],
                "sid": "EKSWorkerAssumeRole"
              }
            ],
            "version": "2012-10-17"
          },
          "sensitive_attributes": []
        }
      ]
    },
    {
      "module": "module.eks-cluster-with-import-vpc.module.aws-eks-accelerator-for-terraform.module.aws_eks_managed_node_groups[\"mg_4\"]",
      "mode": "managed",
      "type": "aws_eks_node_group",
      "name": "managed_ng",
      "provider": "provider[\"registry.terraform.io/hashicorp/aws\"]",
      "instances": [
        {
          "schema_version": 0,
          "attributes": {
            "ami_type": "AL2_x86_64",
            "arn": "arn:aws:eks:us-east-1:411309562081:nodegroup/eclipz-sndbx-devops-eks/managed-ondemand-2022111707580102910000000b/3cc2424c-b992-acc2-600d-67ed9cb2962c",
            "capacity_type": "ON_DEMAND",
            "cluster_name": "eclipz-sndbx-devops-eks",
            "disk_size": 50,
            "force_update_version": null,
            "id": "eclipz-sndbx-devops-eks:managed-ondemand-2022111707580102910000000b",
            "instance_types": [
              "t3.medium"
            ],
            "labels": {},
            "launch_template": [],
            "node_group_name": "managed-ondemand-2022111707580102910000000b",
            "node_group_name_prefix": "managed-ondemand-",
            "node_role_arn": "arn:aws:iam::411309562081:role/eclipz-sndbx-devops-eks-managed-ondemand",
            "release_version": "1.21.14-20221112",
            "remote_access": [],
            "resources": [
              {
                "autoscaling_groups": [
                  {
                    "name": "eks-managed-ondemand-2022111707580102910000000b-3cc2424c-b992-acc2-600d-67ed9cb2962c"
                  }
                ],
                "remote_access_security_group_id": ""
              }
            ],
            "scaling_config": [
              {
                "desired_size": 5,
                "max_size": 5,
                "min_size": 2
              }
            ],
            "status": "ACTIVE",
            "subnet_ids": [
              "subnet-041f62c3f1c166d60",
              "subnet-04a4f30bbba6ac904",
              "subnet-0ecb0848e1fe9d6e3"
            ],
            "tags": {
              "Name": "eclipz-sndbx-devops-eks-managed-ondemand",
              "created-by": "Terraform v1.0.1",
              "environment": "sndbx",
              "k8s.io/cluster-autoscaler/eclipz-sndbx-devops-eks": "owned",
              "k8s.io/cluster-autoscaler/enabled": "TRUE",
              "kubernetes.io/cluster/eclipz-sndbx-devops-eks": "owned",
              "name": "eclipz-sndbx-devops-eks",
              "org": "",
              "resource": "eks",
              "tenant": "eclipz",
              "zone": "devops"
            },
            "tags_all": {
              "Name": "eclipz-sndbx-devops-eks-managed-ondemand",
              "created-by": "Terraform v1.0.1",
              "environment": "sndbx",
              "k8s.io/cluster-autoscaler/eclipz-sndbx-devops-eks": "owned",
              "k8s.io/cluster-autoscaler/enabled": "TRUE",
              "kubernetes.io/cluster/eclipz-sndbx-devops-eks": "owned",
              "name": "eclipz-sndbx-devops-eks",
              "org": "",
              "resource": "eks",
              "tenant": "eclipz",
              "zone": "devops"
            },
            "taint": [],
            "timeouts": {
              "create": "30m",
              "delete": "30m",
              "update": "2h"
            },
            "update_config": [
              {
                "max_unavailable": 1,
                "max_unavailable_percentage": 0
              }
            ],
            "version": "1.21"
          },
          "sensitive_attributes": [],
          "private": "eyJlMmJmYjczMC1lY2FhLTExZTYtOGY4OC0zNDM2M2JjN2M0YzAiOnsiY3JlYXRlIjoxODAwMDAwMDAwMDAwLCJkZWxldGUiOjE4MDAwMDAwMDAwMDAsInVwZGF0ZSI6NzIwMDAwMDAwMDAwMH19",
          "dependencies": [
            "module.eks-cluster-with-import-vpc.data.aws_availability_zones.available",
            "module.eks-cluster-with-import-vpc.data.aws_eks_cluster.cluster",
            "module.eks-cluster-with-import-vpc.data.aws_eks_cluster_auth.cluster",
            "module.eks-cluster-with-import-vpc.module.aws-eks-accelerator-for-terraform.data.aws_caller_identity.current",
            "module.eks-cluster-with-import-vpc.module.aws-eks-accelerator-for-terraform.data.aws_eks_cluster.cluster",
            "module.eks-cluster-with-import-vpc.module.aws-eks-accelerator-for-terraform.data.aws_iam_policy_document.eks_key",
            "module.eks-cluster-with-import-vpc.module.aws-eks-accelerator-for-terraform.data.aws_iam_session_context.current",
            "module.eks-cluster-with-import-vpc.module.aws-eks-accelerator-for-terraform.data.aws_partition.current",
            "module.eks-cluster-with-import-vpc.module.aws-eks-accelerator-for-terraform.data.aws_region.current",
            "module.eks-cluster-with-import-vpc.module.aws-eks-accelerator-for-terraform.data.http.eks_cluster_readiness",
            "module.eks-cluster-with-import-vpc.module.aws-eks-accelerator-for-terraform.kubernetes_config_map.aws_auth",
            "module.eks-cluster-with-import-vpc.module.aws-eks-accelerator-for-terraform.module.aws_eks.aws_cloudwatch_log_group.this",
            "module.eks-cluster-with-import-vpc.module.aws-eks-accelerator-for-terraform.module.aws_eks.aws_eks_cluster.this",
            "module.eks-cluster-with-import-vpc.module.aws-eks-accelerator-for-terraform.module.aws_eks.aws_iam_role.this",
            "module.eks-cluster-with-import-vpc.module.aws-eks-accelerator-for-terraform.module.aws_eks.aws_iam_role_policy_attachment.this",
            "module.eks-cluster-with-import-vpc.module.aws-eks-accelerator-for-terraform.module.aws_eks.aws_security_group.cluster",
            "module.eks-cluster-with-import-vpc.module.aws-eks-accelerator-for-terraform.module.aws_eks.aws_security_group.node",
            "module.eks-cluster-with-import-vpc.module.aws-eks-accelerator-for-terraform.module.aws_eks.aws_security_group_rule.cluster",
            "module.eks-cluster-with-import-vpc.module.aws-eks-accelerator-for-terraform.module.aws_eks.aws_security_group_rule.node",
            "module.eks-cluster-with-import-vpc.module.aws-eks-accelerator-for-terraform.module.aws_eks.data.aws_iam_policy_document.assume_role_policy",
            "module.eks-cluster-with-import-vpc.module.aws-eks-accelerator-for-terraform.module.aws_eks.data.aws_partition.current",
            "module.eks-cluster-with-import-vpc.module.aws-eks-accelerator-for-terraform.module.aws_eks_managed_node_groups.aws_iam_instance_profile.managed_ng",
            "module.eks-cluster-with-import-vpc.module.aws-eks-accelerator-for-terraform.module.aws_eks_managed_node_groups.aws_iam_role.managed_ng",
            "module.eks-cluster-with-import-vpc.module.aws-eks-accelerator-for-terraform.module.aws_eks_managed_node_groups.aws_iam_role_policy_attachment.managed_ng",
            "module.eks-cluster-with-import-vpc.module.aws-eks-accelerator-for-terraform.module.aws_eks_managed_node_groups.aws_iam_role_policy_attachment.managed_ng_AmazonEC2ContainerRegistryReadOnly",
            "module.eks-cluster-with-import-vpc.module.aws-eks-accelerator-for-terraform.module.aws_eks_managed_node_groups.aws_iam_role_policy_attachment.managed_ng_AmazonEKSWorkerNodePolicy",
            "module.eks-cluster-with-import-vpc.module.aws-eks-accelerator-for-terraform.module.aws_eks_managed_node_groups.aws_iam_role_policy_attachment.managed_ng_AmazonEKS_CNI_Policy",
            "module.eks-cluster-with-import-vpc.module.aws-eks-accelerator-for-terraform.module.aws_eks_managed_node_groups.aws_launch_template.managed_node_groups",
            "module.eks-cluster-with-import-vpc.module.aws-eks-accelerator-for-terraform.module.aws_eks_managed_node_groups.data.aws_iam_policy_document.managed_ng_assume_role_policy",
            "module.eks-cluster-with-import-vpc.module.aws-eks-accelerator-for-terraform.module.kms.aws_kms_key.this",
            "module.eks-cluster-with-import-vpc.module.aws_vpc.aws_subnet.private",
            "module.eks-cluster-with-import-vpc.module.aws_vpc.aws_vpc.this",
            "module.eks-cluster-with-import-vpc.module.aws_vpc.aws_vpc_ipv4_cidr_block_association.this"
          ],
          "create_before_destroy": true
        }
      ]
    },
    {
      "module": "module.eks-cluster-with-import-vpc.module.aws-eks-accelerator-for-terraform.module.aws_eks_managed_node_groups[\"mg_4\"]",
      "mode": "managed",
      "type": "aws_iam_instance_profile",
      "name": "managed_ng",
      "provider": "provider[\"registry.terraform.io/hashicorp/aws\"]",
      "instances": [
        {
          "schema_version": 0,
          "attributes": {
            "arn": "arn:aws:iam::411309562081:instance-profile/eclipz-sndbx-devops-eks-managed-ondemand",
            "create_date": "2022-11-17T07:59:18Z",
            "id": "eclipz-sndbx-devops-eks-managed-ondemand",
            "name": "eclipz-sndbx-devops-eks-managed-ondemand",
            "name_prefix": null,
            "path": "/",
            "role": "eclipz-sndbx-devops-eks-managed-ondemand",
            "tags": {
              "created-by": "Terraform v1.0.1",
              "environment": "sndbx",
              "name": "eclipz-sndbx-devops-eks",
              "org": "",
              "resource": "eks",
              "tenant": "eclipz",
              "zone": "devops"
            },
            "tags_all": {
              "created-by": "Terraform v1.0.1",
              "environment": "sndbx",
              "name": "eclipz-sndbx-devops-eks",
              "org": "",
              "resource": "eks",
              "tenant": "eclipz",
              "zone": "devops"
            },
            "unique_id": "AIPAV7Q7V3DQSQOB7I5LD"
          },
          "sensitive_attributes": [],
          "private": "bnVsbA==",
          "dependencies": [
            "module.eks-cluster-with-import-vpc.data.aws_availability_zones.available",
            "module.eks-cluster-with-import-vpc.data.aws_eks_cluster.cluster",
            "module.eks-cluster-with-import-vpc.data.aws_eks_cluster_auth.cluster",
            "module.eks-cluster-with-import-vpc.module.aws-eks-accelerator-for-terraform.data.aws_caller_identity.current",
            "module.eks-cluster-with-import-vpc.module.aws-eks-accelerator-for-terraform.data.aws_eks_cluster.cluster",
            "module.eks-cluster-with-import-vpc.module.aws-eks-accelerator-for-terraform.data.aws_iam_policy_document.eks_key",
            "module.eks-cluster-with-import-vpc.module.aws-eks-accelerator-for-terraform.data.aws_iam_session_context.current",
            "module.eks-cluster-with-import-vpc.module.aws-eks-accelerator-for-terraform.data.aws_partition.current",
            "module.eks-cluster-with-import-vpc.module.aws-eks-accelerator-for-terraform.data.aws_region.current",
            "module.eks-cluster-with-import-vpc.module.aws-eks-accelerator-for-terraform.data.http.eks_cluster_readiness",
            "module.eks-cluster-with-import-vpc.module.aws-eks-accelerator-for-terraform.kubernetes_config_map.aws_auth",
            "module.eks-cluster-with-import-vpc.module.aws-eks-accelerator-for-terraform.module.aws_eks.aws_cloudwatch_log_group.this",
            "module.eks-cluster-with-import-vpc.module.aws-eks-accelerator-for-terraform.module.aws_eks.aws_eks_cluster.this",
            "module.eks-cluster-with-import-vpc.module.aws-eks-accelerator-for-terraform.module.aws_eks.aws_iam_role.this",
            "module.eks-cluster-with-import-vpc.module.aws-eks-accelerator-for-terraform.module.aws_eks.aws_iam_role_policy_attachment.this",
            "module.eks-cluster-with-import-vpc.module.aws-eks-accelerator-for-terraform.module.aws_eks.aws_security_group.cluster",
            "module.eks-cluster-with-import-vpc.module.aws-eks-accelerator-for-terraform.module.aws_eks.aws_security_group.node",
            "module.eks-cluster-with-import-vpc.module.aws-eks-accelerator-for-terraform.module.aws_eks.aws_security_group_rule.cluster",
            "module.eks-cluster-with-import-vpc.module.aws-eks-accelerator-for-terraform.module.aws_eks.aws_security_group_rule.node",
            "module.eks-cluster-with-import-vpc.module.aws-eks-accelerator-for-terraform.module.aws_eks.data.aws_iam_policy_document.assume_role_policy",
            "module.eks-cluster-with-import-vpc.module.aws-eks-accelerator-for-terraform.module.aws_eks.data.aws_partition.current",
            "module.eks-cluster-with-import-vpc.module.aws-eks-accelerator-for-terraform.module.aws_eks_managed_node_groups.aws_iam_role.managed_ng",
            "module.eks-cluster-with-import-vpc.module.aws-eks-accelerator-for-terraform.module.aws_eks_managed_node_groups.data.aws_iam_policy_document.managed_ng_assume_role_policy",
            "module.eks-cluster-with-import-vpc.module.aws-eks-accelerator-for-terraform.module.kms.aws_kms_key.this",
            "module.eks-cluster-with-import-vpc.module.aws_vpc.aws_subnet.private",
            "module.eks-cluster-with-import-vpc.module.aws_vpc.aws_vpc.this",
            "module.eks-cluster-with-import-vpc.module.aws_vpc.aws_vpc_ipv4_cidr_block_association.this"
          ],
          "create_before_destroy": true
        }
      ]
    },
    {
      "module": "module.eks-cluster-with-import-vpc.module.aws-eks-accelerator-for-terraform.module.aws_eks_managed_node_groups[\"mg_4\"]",
      "mode": "managed",
      "type": "aws_iam_role",
      "name": "managed_ng",
      "provider": "provider[\"registry.terraform.io/hashicorp/aws\"]",
      "instances": [
        {
          "schema_version": 0,
          "attributes": {
            "arn": "arn:aws:iam::411309562081:role/eclipz-sndbx-devops-eks-managed-ondemand",
            "assume_role_policy": "{\"Statement\":[{\"Action\":\"sts:AssumeRole\",\"Effect\":\"Allow\",\"Principal\":{\"Service\":\"ec2.amazonaws.com\"},\"Sid\":\"EKSWorkerAssumeRole\"}],\"Version\":\"2012-10-17\"}",
            "create_date": "2022-11-17T07:59:16Z",
            "description": "EKS Managed Node group IAM Role",
            "force_detach_policies": true,
            "id": "eclipz-sndbx-devops-eks-managed-ondemand",
            "inline_policy": [],
            "managed_policy_arns": [
              "arn:aws:iam::aws:policy/AmazonEC2ContainerRegistryReadOnly",
              "arn:aws:iam::aws:policy/AmazonEKSWorkerNodePolicy",
              "arn:aws:iam::aws:policy/AmazonEKS_CNI_Policy",
              "arn:aws:iam::aws:policy/AmazonSSMManagedInstanceCore"
            ],
            "max_session_duration": 3600,
            "name": "eclipz-sndbx-devops-eks-managed-ondemand",
            "name_prefix": "",
            "path": "/",
            "permissions_boundary": null,
            "tags": {
              "created-by": "Terraform v1.0.1",
              "environment": "sndbx",
              "name": "eclipz-sndbx-devops-eks",
              "org": "",
              "resource": "eks",
              "tenant": "eclipz",
              "zone": "devops"
            },
            "tags_all": {
              "created-by": "Terraform v1.0.1",
              "environment": "sndbx",
              "name": "eclipz-sndbx-devops-eks",
              "org": "",
              "resource": "eks",
              "tenant": "eclipz",
              "zone": "devops"
            },
            "unique_id": "AROAV7Q7V3DQQKVII6II6"
          },
          "sensitive_attributes": [],
          "private": "bnVsbA==",
          "dependencies": [
            "module.eks-cluster-with-import-vpc.data.aws_availability_zones.available",
            "module.eks-cluster-with-import-vpc.data.aws_eks_cluster.cluster",
            "module.eks-cluster-with-import-vpc.data.aws_eks_cluster_auth.cluster",
            "module.eks-cluster-with-import-vpc.module.aws-eks-accelerator-for-terraform.data.aws_caller_identity.current",
            "module.eks-cluster-with-import-vpc.module.aws-eks-accelerator-for-terraform.data.aws_eks_cluster.cluster",
            "module.eks-cluster-with-import-vpc.module.aws-eks-accelerator-for-terraform.data.aws_iam_policy_document.eks_key",
            "module.eks-cluster-with-import-vpc.module.aws-eks-accelerator-for-terraform.data.aws_iam_session_context.current",
            "module.eks-cluster-with-import-vpc.module.aws-eks-accelerator-for-terraform.data.aws_partition.current",
            "module.eks-cluster-with-import-vpc.module.aws-eks-accelerator-for-terraform.data.aws_region.current",
            "module.eks-cluster-with-import-vpc.module.aws-eks-accelerator-for-terraform.data.http.eks_cluster_readiness",
            "module.eks-cluster-with-import-vpc.module.aws-eks-accelerator-for-terraform.kubernetes_config_map.aws_auth",
            "module.eks-cluster-with-import-vpc.module.aws-eks-accelerator-for-terraform.module.aws_eks.aws_cloudwatch_log_group.this",
            "module.eks-cluster-with-import-vpc.module.aws-eks-accelerator-for-terraform.module.aws_eks.aws_eks_cluster.this",
            "module.eks-cluster-with-import-vpc.module.aws-eks-accelerator-for-terraform.module.aws_eks.aws_iam_role.this",
            "module.eks-cluster-with-import-vpc.module.aws-eks-accelerator-for-terraform.module.aws_eks.aws_iam_role_policy_attachment.this",
            "module.eks-cluster-with-import-vpc.module.aws-eks-accelerator-for-terraform.module.aws_eks.aws_security_group.cluster",
            "module.eks-cluster-with-import-vpc.module.aws-eks-accelerator-for-terraform.module.aws_eks.aws_security_group.node",
            "module.eks-cluster-with-import-vpc.module.aws-eks-accelerator-for-terraform.module.aws_eks.aws_security_group_rule.cluster",
            "module.eks-cluster-with-import-vpc.module.aws-eks-accelerator-for-terraform.module.aws_eks.aws_security_group_rule.node",
            "module.eks-cluster-with-import-vpc.module.aws-eks-accelerator-for-terraform.module.aws_eks.data.aws_iam_policy_document.assume_role_policy",
            "module.eks-cluster-with-import-vpc.module.aws-eks-accelerator-for-terraform.module.aws_eks.data.aws_partition.current",
            "module.eks-cluster-with-import-vpc.module.aws-eks-accelerator-for-terraform.module.aws_eks_managed_node_groups.data.aws_iam_policy_document.managed_ng_assume_role_policy",
            "module.eks-cluster-with-import-vpc.module.aws-eks-accelerator-for-terraform.module.kms.aws_kms_key.this",
            "module.eks-cluster-with-import-vpc.module.aws_vpc.aws_subnet.private",
            "module.eks-cluster-with-import-vpc.module.aws_vpc.aws_vpc.this",
            "module.eks-cluster-with-import-vpc.module.aws_vpc.aws_vpc_ipv4_cidr_block_association.this"
          ],
          "create_before_destroy": true
        }
      ]
    },
    {
      "module": "module.eks-cluster-with-import-vpc.module.aws-eks-accelerator-for-terraform.module.aws_eks_managed_node_groups[\"mg_4\"]",
      "mode": "managed",
      "type": "aws_iam_role_policy_attachment",
      "name": "managed_ng_AmazonEC2ContainerRegistryReadOnly",
      "provider": "provider[\"registry.terraform.io/hashicorp/aws\"]",
      "instances": [
        {
          "schema_version": 0,
          "attributes": {
            "id": "eclipz-sndbx-devops-eks-managed-ondemand-20221117075759396300000007",
            "policy_arn": "arn:aws:iam::aws:policy/AmazonEC2ContainerRegistryReadOnly",
            "role": "eclipz-sndbx-devops-eks-managed-ondemand"
          },
          "sensitive_attributes": [],
          "private": "bnVsbA==",
          "dependencies": [
            "module.eks-cluster-with-import-vpc.data.aws_availability_zones.available",
            "module.eks-cluster-with-import-vpc.data.aws_eks_cluster.cluster",
            "module.eks-cluster-with-import-vpc.data.aws_eks_cluster_auth.cluster",
            "module.eks-cluster-with-import-vpc.module.aws-eks-accelerator-for-terraform.data.aws_caller_identity.current",
            "module.eks-cluster-with-import-vpc.module.aws-eks-accelerator-for-terraform.data.aws_eks_cluster.cluster",
            "module.eks-cluster-with-import-vpc.module.aws-eks-accelerator-for-terraform.data.aws_iam_policy_document.eks_key",
            "module.eks-cluster-with-import-vpc.module.aws-eks-accelerator-for-terraform.data.aws_iam_session_context.current",
            "module.eks-cluster-with-import-vpc.module.aws-eks-accelerator-for-terraform.data.aws_partition.current",
            "module.eks-cluster-with-import-vpc.module.aws-eks-accelerator-for-terraform.data.aws_region.current",
            "module.eks-cluster-with-import-vpc.module.aws-eks-accelerator-for-terraform.data.http.eks_cluster_readiness",
            "module.eks-cluster-with-import-vpc.module.aws-eks-accelerator-for-terraform.kubernetes_config_map.aws_auth",
            "module.eks-cluster-with-import-vpc.module.aws-eks-accelerator-for-terraform.module.aws_eks.aws_cloudwatch_log_group.this",
            "module.eks-cluster-with-import-vpc.module.aws-eks-accelerator-for-terraform.module.aws_eks.aws_eks_cluster.this",
            "module.eks-cluster-with-import-vpc.module.aws-eks-accelerator-for-terraform.module.aws_eks.aws_iam_role.this",
            "module.eks-cluster-with-import-vpc.module.aws-eks-accelerator-for-terraform.module.aws_eks.aws_iam_role_policy_attachment.this",
            "module.eks-cluster-with-import-vpc.module.aws-eks-accelerator-for-terraform.module.aws_eks.aws_security_group.cluster",
            "module.eks-cluster-with-import-vpc.module.aws-eks-accelerator-for-terraform.module.aws_eks.aws_security_group.node",
            "module.eks-cluster-with-import-vpc.module.aws-eks-accelerator-for-terraform.module.aws_eks.aws_security_group_rule.cluster",
            "module.eks-cluster-with-import-vpc.module.aws-eks-accelerator-for-terraform.module.aws_eks.aws_security_group_rule.node",
            "module.eks-cluster-with-import-vpc.module.aws-eks-accelerator-for-terraform.module.aws_eks.data.aws_iam_policy_document.assume_role_policy",
            "module.eks-cluster-with-import-vpc.module.aws-eks-accelerator-for-terraform.module.aws_eks.data.aws_partition.current",
            "module.eks-cluster-with-import-vpc.module.aws-eks-accelerator-for-terraform.module.aws_eks_managed_node_groups.aws_iam_role.managed_ng",
            "module.eks-cluster-with-import-vpc.module.aws-eks-accelerator-for-terraform.module.aws_eks_managed_node_groups.data.aws_iam_policy_document.managed_ng_assume_role_policy",
            "module.eks-cluster-with-import-vpc.module.aws-eks-accelerator-for-terraform.module.kms.aws_kms_key.this",
            "module.eks-cluster-with-import-vpc.module.aws_vpc.aws_subnet.private",
            "module.eks-cluster-with-import-vpc.module.aws_vpc.aws_vpc.this",
            "module.eks-cluster-with-import-vpc.module.aws_vpc.aws_vpc_ipv4_cidr_block_association.this"
          ],
          "create_before_destroy": true
        }
      ]
    },
    {
      "module": "module.eks-cluster-with-import-vpc.module.aws-eks-accelerator-for-terraform.module.aws_eks_managed_node_groups[\"mg_4\"]",
      "mode": "managed",
      "type": "aws_iam_role_policy_attachment",
      "name": "managed_ng_AmazonEKSWorkerNodePolicy",
      "provider": "provider[\"registry.terraform.io/hashicorp/aws\"]",
      "instances": [
        {
          "schema_version": 0,
          "attributes": {
            "id": "eclipz-sndbx-devops-eks-managed-ondemand-2022111707580023700000000a",
            "policy_arn": "arn:aws:iam::aws:policy/AmazonEKSWorkerNodePolicy",
            "role": "eclipz-sndbx-devops-eks-managed-ondemand"
          },
          "sensitive_attributes": [],
          "private": "bnVsbA==",
          "dependencies": [
            "module.eks-cluster-with-import-vpc.data.aws_availability_zones.available",
            "module.eks-cluster-with-import-vpc.data.aws_eks_cluster.cluster",
            "module.eks-cluster-with-import-vpc.data.aws_eks_cluster_auth.cluster",
            "module.eks-cluster-with-import-vpc.module.aws-eks-accelerator-for-terraform.data.aws_caller_identity.current",
            "module.eks-cluster-with-import-vpc.module.aws-eks-accelerator-for-terraform.data.aws_eks_cluster.cluster",
            "module.eks-cluster-with-import-vpc.module.aws-eks-accelerator-for-terraform.data.aws_iam_policy_document.eks_key",
            "module.eks-cluster-with-import-vpc.module.aws-eks-accelerator-for-terraform.data.aws_iam_session_context.current",
            "module.eks-cluster-with-import-vpc.module.aws-eks-accelerator-for-terraform.data.aws_partition.current",
            "module.eks-cluster-with-import-vpc.module.aws-eks-accelerator-for-terraform.data.aws_region.current",
            "module.eks-cluster-with-import-vpc.module.aws-eks-accelerator-for-terraform.data.http.eks_cluster_readiness",
            "module.eks-cluster-with-import-vpc.module.aws-eks-accelerator-for-terraform.kubernetes_config_map.aws_auth",
            "module.eks-cluster-with-import-vpc.module.aws-eks-accelerator-for-terraform.module.aws_eks.aws_cloudwatch_log_group.this",
            "module.eks-cluster-with-import-vpc.module.aws-eks-accelerator-for-terraform.module.aws_eks.aws_eks_cluster.this",
            "module.eks-cluster-with-import-vpc.module.aws-eks-accelerator-for-terraform.module.aws_eks.aws_iam_role.this",
            "module.eks-cluster-with-import-vpc.module.aws-eks-accelerator-for-terraform.module.aws_eks.aws_iam_role_policy_attachment.this",
            "module.eks-cluster-with-import-vpc.module.aws-eks-accelerator-for-terraform.module.aws_eks.aws_security_group.cluster",
            "module.eks-cluster-with-import-vpc.module.aws-eks-accelerator-for-terraform.module.aws_eks.aws_security_group.node",
            "module.eks-cluster-with-import-vpc.module.aws-eks-accelerator-for-terraform.module.aws_eks.aws_security_group_rule.cluster",
            "module.eks-cluster-with-import-vpc.module.aws-eks-accelerator-for-terraform.module.aws_eks.aws_security_group_rule.node",
            "module.eks-cluster-with-import-vpc.module.aws-eks-accelerator-for-terraform.module.aws_eks.data.aws_iam_policy_document.assume_role_policy",
            "module.eks-cluster-with-import-vpc.module.aws-eks-accelerator-for-terraform.module.aws_eks.data.aws_partition.current",
            "module.eks-cluster-with-import-vpc.module.aws-eks-accelerator-for-terraform.module.aws_eks_managed_node_groups.aws_iam_role.managed_ng",
            "module.eks-cluster-with-import-vpc.module.aws-eks-accelerator-for-terraform.module.aws_eks_managed_node_groups.data.aws_iam_policy_document.managed_ng_assume_role_policy",
            "module.eks-cluster-with-import-vpc.module.aws-eks-accelerator-for-terraform.module.kms.aws_kms_key.this",
            "module.eks-cluster-with-import-vpc.module.aws_vpc.aws_subnet.private",
            "module.eks-cluster-with-import-vpc.module.aws_vpc.aws_vpc.this",
            "module.eks-cluster-with-import-vpc.module.aws_vpc.aws_vpc_ipv4_cidr_block_association.this"
          ],
          "create_before_destroy": true
        }
      ]
    },
    {
      "module": "module.eks-cluster-with-import-vpc.module.aws-eks-accelerator-for-terraform.module.aws_eks_managed_node_groups[\"mg_4\"]",
      "mode": "managed",
      "type": "aws_iam_role_policy_attachment",
      "name": "managed_ng_AmazonEKS_CNI_Policy",
      "provider": "provider[\"registry.terraform.io/hashicorp/aws\"]",
      "instances": [
        {
          "schema_version": 0,
          "attributes": {
            "id": "eclipz-sndbx-devops-eks-managed-ondemand-20221117075759969900000009",
            "policy_arn": "arn:aws:iam::aws:policy/AmazonEKS_CNI_Policy",
            "role": "eclipz-sndbx-devops-eks-managed-ondemand"
          },
          "sensitive_attributes": [],
          "private": "bnVsbA==",
          "dependencies": [
            "module.eks-cluster-with-import-vpc.data.aws_availability_zones.available",
            "module.eks-cluster-with-import-vpc.data.aws_eks_cluster.cluster",
            "module.eks-cluster-with-import-vpc.data.aws_eks_cluster_auth.cluster",
            "module.eks-cluster-with-import-vpc.module.aws-eks-accelerator-for-terraform.data.aws_caller_identity.current",
            "module.eks-cluster-with-import-vpc.module.aws-eks-accelerator-for-terraform.data.aws_eks_cluster.cluster",
            "module.eks-cluster-with-import-vpc.module.aws-eks-accelerator-for-terraform.data.aws_iam_policy_document.eks_key",
            "module.eks-cluster-with-import-vpc.module.aws-eks-accelerator-for-terraform.data.aws_iam_session_context.current",
            "module.eks-cluster-with-import-vpc.module.aws-eks-accelerator-for-terraform.data.aws_partition.current",
            "module.eks-cluster-with-import-vpc.module.aws-eks-accelerator-for-terraform.data.aws_region.current",
            "module.eks-cluster-with-import-vpc.module.aws-eks-accelerator-for-terraform.data.http.eks_cluster_readiness",
            "module.eks-cluster-with-import-vpc.module.aws-eks-accelerator-for-terraform.kubernetes_config_map.aws_auth",
            "module.eks-cluster-with-import-vpc.module.aws-eks-accelerator-for-terraform.module.aws_eks.aws_cloudwatch_log_group.this",
            "module.eks-cluster-with-import-vpc.module.aws-eks-accelerator-for-terraform.module.aws_eks.aws_eks_cluster.this",
            "module.eks-cluster-with-import-vpc.module.aws-eks-accelerator-for-terraform.module.aws_eks.aws_iam_role.this",
            "module.eks-cluster-with-import-vpc.module.aws-eks-accelerator-for-terraform.module.aws_eks.aws_iam_role_policy_attachment.this",
            "module.eks-cluster-with-import-vpc.module.aws-eks-accelerator-for-terraform.module.aws_eks.aws_security_group.cluster",
            "module.eks-cluster-with-import-vpc.module.aws-eks-accelerator-for-terraform.module.aws_eks.aws_security_group.node",
            "module.eks-cluster-with-import-vpc.module.aws-eks-accelerator-for-terraform.module.aws_eks.aws_security_group_rule.cluster",
            "module.eks-cluster-with-import-vpc.module.aws-eks-accelerator-for-terraform.module.aws_eks.aws_security_group_rule.node",
            "module.eks-cluster-with-import-vpc.module.aws-eks-accelerator-for-terraform.module.aws_eks.data.aws_iam_policy_document.assume_role_policy",
            "module.eks-cluster-with-import-vpc.module.aws-eks-accelerator-for-terraform.module.aws_eks.data.aws_partition.current",
            "module.eks-cluster-with-import-vpc.module.aws-eks-accelerator-for-terraform.module.aws_eks_managed_node_groups.aws_iam_role.managed_ng",
            "module.eks-cluster-with-import-vpc.module.aws-eks-accelerator-for-terraform.module.aws_eks_managed_node_groups.data.aws_iam_policy_document.managed_ng_assume_role_policy",
            "module.eks-cluster-with-import-vpc.module.aws-eks-accelerator-for-terraform.module.kms.aws_kms_key.this",
            "module.eks-cluster-with-import-vpc.module.aws_vpc.aws_subnet.private",
            "module.eks-cluster-with-import-vpc.module.aws_vpc.aws_vpc.this",
            "module.eks-cluster-with-import-vpc.module.aws_vpc.aws_vpc_ipv4_cidr_block_association.this"
          ],
          "create_before_destroy": true
        }
      ]
    },
    {
      "module": "module.eks-cluster-with-import-vpc.module.aws-eks-accelerator-for-terraform.module.aws_eks_managed_node_groups[\"mg_4\"]",
      "mode": "managed",
      "type": "aws_iam_role_policy_attachment",
      "name": "managed_ng_AmazonSSMManagedInstanceCore",
      "provider": "provider[\"registry.terraform.io/hashicorp/aws\"]",
      "instances": [
        {
          "schema_version": 0,
          "attributes": {
            "id": "eclipz-sndbx-devops-eks-managed-ondemand-20221117075759688700000008",
            "policy_arn": "arn:aws:iam::aws:policy/AmazonSSMManagedInstanceCore",
            "role": "eclipz-sndbx-devops-eks-managed-ondemand"
          },
          "sensitive_attributes": [],
          "private": "bnVsbA==",
          "dependencies": [
            "module.eks-cluster-with-import-vpc.data.aws_availability_zones.available",
            "module.eks-cluster-with-import-vpc.data.aws_eks_cluster.cluster",
            "module.eks-cluster-with-import-vpc.data.aws_eks_cluster_auth.cluster",
            "module.eks-cluster-with-import-vpc.module.aws-eks-accelerator-for-terraform.data.aws_caller_identity.current",
            "module.eks-cluster-with-import-vpc.module.aws-eks-accelerator-for-terraform.data.aws_eks_cluster.cluster",
            "module.eks-cluster-with-import-vpc.module.aws-eks-accelerator-for-terraform.data.aws_iam_policy_document.eks_key",
            "module.eks-cluster-with-import-vpc.module.aws-eks-accelerator-for-terraform.data.aws_iam_session_context.current",
            "module.eks-cluster-with-import-vpc.module.aws-eks-accelerator-for-terraform.data.aws_partition.current",
            "module.eks-cluster-with-import-vpc.module.aws-eks-accelerator-for-terraform.data.aws_region.current",
            "module.eks-cluster-with-import-vpc.module.aws-eks-accelerator-for-terraform.data.http.eks_cluster_readiness",
            "module.eks-cluster-with-import-vpc.module.aws-eks-accelerator-for-terraform.kubernetes_config_map.aws_auth",
            "module.eks-cluster-with-import-vpc.module.aws-eks-accelerator-for-terraform.module.aws_eks.aws_cloudwatch_log_group.this",
            "module.eks-cluster-with-import-vpc.module.aws-eks-accelerator-for-terraform.module.aws_eks.aws_eks_cluster.this",
            "module.eks-cluster-with-import-vpc.module.aws-eks-accelerator-for-terraform.module.aws_eks.aws_iam_role.this",
            "module.eks-cluster-with-import-vpc.module.aws-eks-accelerator-for-terraform.module.aws_eks.aws_iam_role_policy_attachment.this",
            "module.eks-cluster-with-import-vpc.module.aws-eks-accelerator-for-terraform.module.aws_eks.aws_security_group.cluster",
            "module.eks-cluster-with-import-vpc.module.aws-eks-accelerator-for-terraform.module.aws_eks.aws_security_group.node",
            "module.eks-cluster-with-import-vpc.module.aws-eks-accelerator-for-terraform.module.aws_eks.aws_security_group_rule.cluster",
            "module.eks-cluster-with-import-vpc.module.aws-eks-accelerator-for-terraform.module.aws_eks.aws_security_group_rule.node",
            "module.eks-cluster-with-import-vpc.module.aws-eks-accelerator-for-terraform.module.aws_eks.data.aws_iam_policy_document.assume_role_policy",
            "module.eks-cluster-with-import-vpc.module.aws-eks-accelerator-for-terraform.module.aws_eks.data.aws_partition.current",
            "module.eks-cluster-with-import-vpc.module.aws-eks-accelerator-for-terraform.module.aws_eks_managed_node_groups.aws_iam_role.managed_ng",
            "module.eks-cluster-with-import-vpc.module.aws-eks-accelerator-for-terraform.module.aws_eks_managed_node_groups.data.aws_iam_policy_document.managed_ng_assume_role_policy",
            "module.eks-cluster-with-import-vpc.module.aws-eks-accelerator-for-terraform.module.kms.aws_kms_key.this",
            "module.eks-cluster-with-import-vpc.module.aws_vpc.aws_subnet.private",
            "module.eks-cluster-with-import-vpc.module.aws_vpc.aws_vpc.this",
            "module.eks-cluster-with-import-vpc.module.aws_vpc.aws_vpc_ipv4_cidr_block_association.this"
          ]
        }
      ]
    },
    {
      "module": "module.eks-cluster-with-import-vpc.module.aws-eks-accelerator-for-terraform.module.kms[0]",
      "mode": "managed",
      "type": "aws_kms_alias",
      "name": "this",
      "provider": "provider[\"registry.terraform.io/hashicorp/aws\"]",
      "instances": [
        {
          "schema_version": 0,
          "attributes": {
            "arn": "arn:aws:kms:us-east-1:411309562081:alias/eclipz-sndbx-devops-eks",
            "id": "alias/eclipz-sndbx-devops-eks",
            "name": "alias/eclipz-sndbx-devops-eks",
            "name_prefix": "",
            "target_key_arn": "arn:aws:kms:us-east-1:411309562081:key/f364ce57-fa67-47bf-ba17-a209eca85a32",
            "target_key_id": "f364ce57-fa67-47bf-ba17-a209eca85a32"
          },
          "sensitive_attributes": [],
          "private": "bnVsbA==",
          "dependencies": [
            "module.eks-cluster-with-import-vpc.module.aws-eks-accelerator-for-terraform.data.aws_caller_identity.current",
            "module.eks-cluster-with-import-vpc.module.aws-eks-accelerator-for-terraform.data.aws_iam_policy_document.eks_key",
            "module.eks-cluster-with-import-vpc.module.aws-eks-accelerator-for-terraform.data.aws_iam_session_context.current",
            "module.eks-cluster-with-import-vpc.module.aws-eks-accelerator-for-terraform.data.aws_partition.current",
            "module.eks-cluster-with-import-vpc.module.aws-eks-accelerator-for-terraform.data.aws_region.current",
            "module.eks-cluster-with-import-vpc.module.aws-eks-accelerator-for-terraform.module.kms.aws_kms_key.this"
          ]
        }
      ]
    },
    {
      "module": "module.eks-cluster-with-import-vpc.module.aws-eks-accelerator-for-terraform.module.kms[0]",
      "mode": "managed",
      "type": "aws_kms_key",
      "name": "this",
      "provider": "provider[\"registry.terraform.io/hashicorp/aws\"]",
      "instances": [
        {
          "schema_version": 0,
          "attributes": {
            "arn": "arn:aws:kms:us-east-1:411309562081:key/f364ce57-fa67-47bf-ba17-a209eca85a32",
            "bypass_policy_lockout_safety_check": false,
            "custom_key_store_id": "",
            "customer_master_key_spec": "SYMMETRIC_DEFAULT",
            "deletion_window_in_days": 30,
            "description": "eclipz-sndbx-devops-eks EKS cluster secret encryption key",
            "enable_key_rotation": true,
            "id": "f364ce57-fa67-47bf-ba17-a209eca85a32",
            "is_enabled": true,
            "key_id": "f364ce57-fa67-47bf-ba17-a209eca85a32",
            "key_usage": "ENCRYPT_DECRYPT",
            "multi_region": false,
            "policy": "{\n  \"Version\": \"2012-10-17\",\n  \"Statement\": [\n    {\n      \"Sid\": \"Allow access for all principals in the account that are authorized\",\n      \"Effect\": \"Allow\",\n      \"Action\": [\n        \"kms:ReEncrypt*\",\n        \"kms:GenerateDataKey*\",\n        \"kms:Encrypt\",\n        \"kms:DescribeKey\",\n        \"kms:Decrypt\",\n        \"kms:CreateGrant\"\n      ],\n      \"Resource\": \"*\",\n      \"Principal\": {\n        \"AWS\": \"arn:aws:iam::411309562081:root\"\n      },\n      \"Condition\": {\n        \"StringEquals\": {\n          \"kms:CallerAccount\": \"411309562081\",\n          \"kms:ViaService\": \"eks.us-east-1.amazonaws.com\"\n        }\n      }\n    },\n    {\n      \"Sid\": \"Allow direct access to key metadata to the account\",\n      \"Effect\": \"Allow\",\n      \"Action\": [\n        \"kms:RevokeGrant\",\n        \"kms:List*\",\n        \"kms:Get*\",\n        \"kms:Describe*\"\n      ],\n      \"Resource\": \"*\",\n      \"Principal\": {\n        \"AWS\": \"arn:aws:iam::411309562081:root\"\n      }\n    },\n    {\n      \"Sid\": \"Allow access for Key Administrators\",\n      \"Effect\": \"Allow\",\n      \"Action\": \"kms:*\",\n      \"Resource\": \"*\",\n      \"Principal\": {\n        \"AWS\": [\n          \"arn:aws:iam::411309562081:user/nahmed@puffersoft.com\",\n          \"arn:aws:iam::411309562081:role/eclipz-sndbx-devops-eks-cluster-role\"\n        ]\n      }\n    },\n    {\n      \"Sid\": \"Allow use of the key\",\n      \"Effect\": \"Allow\",\n      \"Action\": [\n        \"kms:ReEncrypt*\",\n        \"kms:GenerateDataKey*\",\n        \"kms:Encrypt\",\n        \"kms:DescribeKey\",\n        \"kms:Decrypt\"\n      ],\n      \"Resource\": \"*\",\n      \"Principal\": {\n        \"AWS\": \"arn:aws:iam::411309562081:role/eclipz-sndbx-devops-eks-cluster-role\"\n      }\n    },\n    {\n      \"Sid\": \"Allow attachment of persistent resources\",\n      \"Effect\": \"Allow\",\n      \"Action\": [\n        \"kms:RevokeGrant\",\n        \"kms:ListGrants\",\n        \"kms:CreateGrant\"\n      ],\n      \"Resource\": \"*\",\n      \"Principal\": {\n        \"AWS\": \"arn:aws:iam::411309562081:role/eclipz-sndbx-devops-eks-cluster-role\"\n      },\n      \"Condition\": {\n        \"Bool\": {\n          \"kms:GrantIsForAWSResource\": \"true\"\n        }\n      }\n    }\n  ]\n}",
            "tags": {
              "created-by": "Terraform v1.0.1",
              "environment": "sndbx",
              "name": "eclipz-sndbx-devops-eks",
              "org": "",
              "resource": "eks",
              "tenant": "eclipz",
              "zone": "devops"
            },
            "tags_all": {
              "created-by": "Terraform v1.0.1",
              "environment": "sndbx",
              "name": "eclipz-sndbx-devops-eks",
              "org": "",
              "resource": "eks",
              "tenant": "eclipz",
              "zone": "devops"
            }
          },
          "sensitive_attributes": [],
          "private": "bnVsbA==",
          "dependencies": [
            "module.eks-cluster-with-import-vpc.module.aws-eks-accelerator-for-terraform.data.aws_caller_identity.current",
            "module.eks-cluster-with-import-vpc.module.aws-eks-accelerator-for-terraform.data.aws_iam_policy_document.eks_key",
            "module.eks-cluster-with-import-vpc.module.aws-eks-accelerator-for-terraform.data.aws_iam_session_context.current",
            "module.eks-cluster-with-import-vpc.module.aws-eks-accelerator-for-terraform.data.aws_partition.current",
            "module.eks-cluster-with-import-vpc.module.aws-eks-accelerator-for-terraform.data.aws_region.current"
          ],
          "create_before_destroy": true
        }
      ]
    },
    {
      "module": "module.eks-cluster-with-import-vpc.module.aws_vpc",
      "mode": "managed",
      "type": "aws_eip",
      "name": "nat",
      "provider": "provider[\"registry.terraform.io/hashicorp/aws\"]",
      "instances": [
        {
          "index_key": 0,
          "schema_version": 0,
          "attributes": {
            "address": null,
            "allocation_id": "eipalloc-02d9fa90da7950925",
            "associate_with_private_ip": null,
            "association_id": "eipassoc-02e6ec85b8c7e27d1",
            "carrier_ip": "",
            "customer_owned_ip": "",
            "customer_owned_ipv4_pool": "",
            "domain": "vpc",
            "id": "eipalloc-02d9fa90da7950925",
            "instance": "",
            "network_border_group": "us-east-1",
            "network_interface": "eni-0bb7916bf959a9849",
            "private_dns": "ip-10-0-0-176.ec2.internal",
            "private_ip": "10.0.0.176",
            "public_dns": "ec2-3-83-19-134.compute-1.amazonaws.com",
            "public_ip": "3.83.19.134",
            "public_ipv4_pool": "amazon",
            "tags": {
              "Name": "eclipz-sndbx-devops-vpc-us-east-1a"
            },
            "tags_all": {
              "Name": "eclipz-sndbx-devops-vpc-us-east-1a"
            },
            "timeouts": null,
            "vpc": true
          },
          "sensitive_attributes": [],
          "private": "eyJlMmJmYjczMC1lY2FhLTExZTYtOGY4OC0zNDM2M2JjN2M0YzAiOnsiZGVsZXRlIjoxODAwMDAwMDAwMDAsInJlYWQiOjkwMDAwMDAwMDAwMCwidXBkYXRlIjozMDAwMDAwMDAwMDB9fQ==",
          "dependencies": [
            "module.eks-cluster-with-import-vpc.data.aws_availability_zones.available"
          ]
        }
      ]
    },
    {
      "module": "module.eks-cluster-with-import-vpc.module.aws_vpc",
      "mode": "managed",
      "type": "aws_internet_gateway",
      "name": "this",
      "provider": "provider[\"registry.terraform.io/hashicorp/aws\"]",
      "instances": [
        {
          "index_key": 0,
          "schema_version": 0,
          "attributes": {
            "arn": "arn:aws:ec2:us-east-1:411309562081:internet-gateway/igw-0c81384b8f2aaf31b",
            "id": "igw-0c81384b8f2aaf31b",
            "owner_id": "411309562081",
            "tags": {
              "Name": "eclipz-sndbx-devops-vpc"
            },
            "tags_all": {
              "Name": "eclipz-sndbx-devops-vpc"
            },
            "timeouts": null,
            "vpc_id": "vpc-0404837b5d107024c"
          },
          "sensitive_attributes": [],
          "private": "eyJlMmJmYjczMC1lY2FhLTExZTYtOGY4OC0zNDM2M2JjN2M0YzAiOnsiY3JlYXRlIjoxMjAwMDAwMDAwMDAwLCJkZWxldGUiOjEyMDAwMDAwMDAwMDAsInVwZGF0ZSI6MTIwMDAwMDAwMDAwMH19",
          "dependencies": [
            "module.eks-cluster-with-import-vpc.data.aws_availability_zones.available",
            "module.eks-cluster-with-import-vpc.module.aws_vpc.aws_vpc.this",
            "module.eks-cluster-with-import-vpc.module.aws_vpc.aws_vpc_ipv4_cidr_block_association.this"
          ]
        }
      ]
    },
    {
      "module": "module.eks-cluster-with-import-vpc.module.aws_vpc",
      "mode": "managed",
      "type": "aws_nat_gateway",
      "name": "this",
      "provider": "provider[\"registry.terraform.io/hashicorp/aws\"]",
      "instances": [
        {
          "index_key": 0,
          "schema_version": 0,
          "attributes": {
            "allocation_id": "eipalloc-02d9fa90da7950925",
            "connectivity_type": "public",
            "id": "nat-0f1cc7798ee8ac0a1",
            "network_interface_id": "eni-0bb7916bf959a9849",
            "private_ip": "10.0.0.176",
            "public_ip": "3.83.19.134",
            "subnet_id": "subnet-08a945580ae4da171",
            "tags": {
              "Name": "eclipz-sndbx-devops-vpc-us-east-1a"
            },
            "tags_all": {
              "Name": "eclipz-sndbx-devops-vpc-us-east-1a"
            }
          },
          "sensitive_attributes": [],
          "private": "bnVsbA==",
          "dependencies": [
            "module.eks-cluster-with-import-vpc.data.aws_availability_zones.available",
            "module.eks-cluster-with-import-vpc.module.aws_vpc.aws_eip.nat",
            "module.eks-cluster-with-import-vpc.module.aws_vpc.aws_internet_gateway.this",
            "module.eks-cluster-with-import-vpc.module.aws_vpc.aws_subnet.public",
            "module.eks-cluster-with-import-vpc.module.aws_vpc.aws_vpc.this",
            "module.eks-cluster-with-import-vpc.module.aws_vpc.aws_vpc_ipv4_cidr_block_association.this"
          ]
        }
      ]
    },
    {
      "module": "module.eks-cluster-with-import-vpc.module.aws_vpc",
      "mode": "managed",
      "type": "aws_route",
      "name": "private_nat_gateway",
      "provider": "provider[\"registry.terraform.io/hashicorp/aws\"]",
      "instances": [
        {
          "index_key": 0,
          "schema_version": 0,
          "attributes": {
            "carrier_gateway_id": "",
            "core_network_arn": "",
            "destination_cidr_block": "0.0.0.0/0",
            "destination_ipv6_cidr_block": "",
            "destination_prefix_list_id": "",
            "egress_only_gateway_id": "",
            "gateway_id": "",
            "id": "r-rtb-009e0b7e6128db5b11080289494",
            "instance_id": "",
            "instance_owner_id": "",
            "local_gateway_id": "",
            "nat_gateway_id": "nat-0f1cc7798ee8ac0a1",
            "network_interface_id": "",
            "origin": "CreateRoute",
            "route_table_id": "rtb-009e0b7e6128db5b1",
            "state": "active",
            "timeouts": {
              "create": "5m",
              "delete": null,
              "update": null
            },
            "transit_gateway_id": "",
            "vpc_endpoint_id": "",
            "vpc_peering_connection_id": ""
          },
          "sensitive_attributes": [],
          "private": "eyJlMmJmYjczMC1lY2FhLTExZTYtOGY4OC0zNDM2M2JjN2M0YzAiOnsiY3JlYXRlIjozMDAwMDAwMDAwMDAsImRlbGV0ZSI6MzAwMDAwMDAwMDAwLCJ1cGRhdGUiOjEyMDAwMDAwMDAwMH19",
          "dependencies": [
            "module.eks-cluster-with-import-vpc.data.aws_availability_zones.available",
            "module.eks-cluster-with-import-vpc.module.aws_vpc.aws_eip.nat",
            "module.eks-cluster-with-import-vpc.module.aws_vpc.aws_internet_gateway.this",
            "module.eks-cluster-with-import-vpc.module.aws_vpc.aws_nat_gateway.this",
            "module.eks-cluster-with-import-vpc.module.aws_vpc.aws_route_table.private",
            "module.eks-cluster-with-import-vpc.module.aws_vpc.aws_subnet.public",
            "module.eks-cluster-with-import-vpc.module.aws_vpc.aws_vpc.this",
            "module.eks-cluster-with-import-vpc.module.aws_vpc.aws_vpc_ipv4_cidr_block_association.this"
          ]
        }
      ]
    },
    {
      "module": "module.eks-cluster-with-import-vpc.module.aws_vpc",
      "mode": "managed",
      "type": "aws_route",
      "name": "public_internet_gateway",
      "provider": "provider[\"registry.terraform.io/hashicorp/aws\"]",
      "instances": [
        {
          "index_key": 0,
          "schema_version": 0,
          "attributes": {
            "carrier_gateway_id": "",
            "core_network_arn": "",
            "destination_cidr_block": "0.0.0.0/0",
            "destination_ipv6_cidr_block": "",
            "destination_prefix_list_id": "",
            "egress_only_gateway_id": "",
            "gateway_id": "igw-0c81384b8f2aaf31b",
            "id": "r-rtb-0334277bd0ed7c1d91080289494",
            "instance_id": "",
            "instance_owner_id": "",
            "local_gateway_id": "",
            "nat_gateway_id": "",
            "network_interface_id": "",
            "origin": "CreateRoute",
            "route_table_id": "rtb-0334277bd0ed7c1d9",
            "state": "active",
            "timeouts": {
              "create": "5m",
              "delete": null,
              "update": null
            },
            "transit_gateway_id": "",
            "vpc_endpoint_id": "",
            "vpc_peering_connection_id": ""
          },
          "sensitive_attributes": [],
          "private": "eyJlMmJmYjczMC1lY2FhLTExZTYtOGY4OC0zNDM2M2JjN2M0YzAiOnsiY3JlYXRlIjozMDAwMDAwMDAwMDAsImRlbGV0ZSI6MzAwMDAwMDAwMDAwLCJ1cGRhdGUiOjEyMDAwMDAwMDAwMH19",
          "dependencies": [
            "module.eks-cluster-with-import-vpc.data.aws_availability_zones.available",
            "module.eks-cluster-with-import-vpc.module.aws_vpc.aws_internet_gateway.this",
            "module.eks-cluster-with-import-vpc.module.aws_vpc.aws_route_table.public",
            "module.eks-cluster-with-import-vpc.module.aws_vpc.aws_vpc.this",
            "module.eks-cluster-with-import-vpc.module.aws_vpc.aws_vpc_ipv4_cidr_block_association.this"
          ]
        }
      ]
    },
    {
      "module": "module.eks-cluster-with-import-vpc.module.aws_vpc",
      "mode": "managed",
      "type": "aws_route_table",
      "name": "private",
      "provider": "provider[\"registry.terraform.io/hashicorp/aws\"]",
      "instances": [
        {
          "index_key": 0,
          "schema_version": 0,
          "attributes": {
            "arn": "arn:aws:ec2:us-east-1:411309562081:route-table/rtb-009e0b7e6128db5b1",
            "id": "rtb-009e0b7e6128db5b1",
            "owner_id": "411309562081",
            "propagating_vgws": [],
            "route": [
              {
                "carrier_gateway_id": "",
                "cidr_block": "0.0.0.0/0",
                "core_network_arn": "",
                "destination_prefix_list_id": "",
                "egress_only_gateway_id": "",
                "gateway_id": "",
                "instance_id": "",
                "ipv6_cidr_block": "",
                "local_gateway_id": "",
                "nat_gateway_id": "nat-0f1cc7798ee8ac0a1",
                "network_interface_id": "",
                "transit_gateway_id": "",
                "vpc_endpoint_id": "",
                "vpc_peering_connection_id": ""
              }
            ],
            "tags": {
              "Name": "eclipz-sndbx-devops-vpc-private"
            },
            "tags_all": {
              "Name": "eclipz-sndbx-devops-vpc-private"
            },
            "timeouts": null,
            "vpc_id": "vpc-0404837b5d107024c"
          },
          "sensitive_attributes": [],
          "private": "eyJlMmJmYjczMC1lY2FhLTExZTYtOGY4OC0zNDM2M2JjN2M0YzAiOnsiY3JlYXRlIjozMDAwMDAwMDAwMDAsImRlbGV0ZSI6MzAwMDAwMDAwMDAwLCJ1cGRhdGUiOjEyMDAwMDAwMDAwMH19",
          "dependencies": [
            "module.eks-cluster-with-import-vpc.data.aws_availability_zones.available",
            "module.eks-cluster-with-import-vpc.module.aws_vpc.aws_vpc.this",
            "module.eks-cluster-with-import-vpc.module.aws_vpc.aws_vpc_ipv4_cidr_block_association.this"
          ]
        }
      ]
    },
    {
      "module": "module.eks-cluster-with-import-vpc.module.aws_vpc",
      "mode": "managed",
      "type": "aws_route_table",
      "name": "public",
      "provider": "provider[\"registry.terraform.io/hashicorp/aws\"]",
      "instances": [
        {
          "index_key": 0,
          "schema_version": 0,
          "attributes": {
            "arn": "arn:aws:ec2:us-east-1:411309562081:route-table/rtb-0334277bd0ed7c1d9",
            "id": "rtb-0334277bd0ed7c1d9",
            "owner_id": "411309562081",
            "propagating_vgws": [],
            "route": [
              {
                "carrier_gateway_id": "",
                "cidr_block": "0.0.0.0/0",
                "core_network_arn": "",
                "destination_prefix_list_id": "",
                "egress_only_gateway_id": "",
                "gateway_id": "igw-0c81384b8f2aaf31b",
                "instance_id": "",
                "ipv6_cidr_block": "",
                "local_gateway_id": "",
                "nat_gateway_id": "",
                "network_interface_id": "",
                "transit_gateway_id": "",
                "vpc_endpoint_id": "",
                "vpc_peering_connection_id": ""
              }
            ],
            "tags": {
              "Name": "eclipz-sndbx-devops-vpc-public"
            },
            "tags_all": {
              "Name": "eclipz-sndbx-devops-vpc-public"
            },
            "timeouts": null,
            "vpc_id": "vpc-0404837b5d107024c"
          },
          "sensitive_attributes": [],
          "private": "eyJlMmJmYjczMC1lY2FhLTExZTYtOGY4OC0zNDM2M2JjN2M0YzAiOnsiY3JlYXRlIjozMDAwMDAwMDAwMDAsImRlbGV0ZSI6MzAwMDAwMDAwMDAwLCJ1cGRhdGUiOjEyMDAwMDAwMDAwMH19",
          "dependencies": [
            "module.eks-cluster-with-import-vpc.data.aws_availability_zones.available",
            "module.eks-cluster-with-import-vpc.module.aws_vpc.aws_vpc.this",
            "module.eks-cluster-with-import-vpc.module.aws_vpc.aws_vpc_ipv4_cidr_block_association.this"
          ]
        }
      ]
    },
    {
      "module": "module.eks-cluster-with-import-vpc.module.aws_vpc",
      "mode": "managed",
      "type": "aws_route_table_association",
      "name": "private",
      "provider": "provider[\"registry.terraform.io/hashicorp/aws\"]",
      "instances": [
        {
          "index_key": 0,
          "schema_version": 0,
          "attributes": {
            "gateway_id": "",
            "id": "rtbassoc-093d470460a754f55",
            "route_table_id": "rtb-009e0b7e6128db5b1",
            "subnet_id": "subnet-04a4f30bbba6ac904"
          },
          "sensitive_attributes": [],
          "private": "bnVsbA==",
          "dependencies": [
            "module.eks-cluster-with-import-vpc.data.aws_availability_zones.available",
            "module.eks-cluster-with-import-vpc.module.aws_vpc.aws_route_table.private",
            "module.eks-cluster-with-import-vpc.module.aws_vpc.aws_subnet.private",
            "module.eks-cluster-with-import-vpc.module.aws_vpc.aws_vpc.this",
            "module.eks-cluster-with-import-vpc.module.aws_vpc.aws_vpc_ipv4_cidr_block_association.this"
          ]
        },
        {
          "index_key": 1,
          "schema_version": 0,
          "attributes": {
            "gateway_id": "",
            "id": "rtbassoc-058d19e6d28f775d1",
            "route_table_id": "rtb-009e0b7e6128db5b1",
            "subnet_id": "subnet-041f62c3f1c166d60"
          },
          "sensitive_attributes": [],
          "private": "bnVsbA==",
          "dependencies": [
            "module.eks-cluster-with-import-vpc.data.aws_availability_zones.available",
            "module.eks-cluster-with-import-vpc.module.aws_vpc.aws_route_table.private",
            "module.eks-cluster-with-import-vpc.module.aws_vpc.aws_subnet.private",
            "module.eks-cluster-with-import-vpc.module.aws_vpc.aws_vpc.this",
            "module.eks-cluster-with-import-vpc.module.aws_vpc.aws_vpc_ipv4_cidr_block_association.this"
          ]
        },
        {
          "index_key": 2,
          "schema_version": 0,
          "attributes": {
            "gateway_id": "",
            "id": "rtbassoc-0b6d60cbfe3a39917",
            "route_table_id": "rtb-009e0b7e6128db5b1",
            "subnet_id": "subnet-0ecb0848e1fe9d6e3"
          },
          "sensitive_attributes": [],
          "private": "bnVsbA==",
          "dependencies": [
            "module.eks-cluster-with-import-vpc.data.aws_availability_zones.available",
            "module.eks-cluster-with-import-vpc.module.aws_vpc.aws_route_table.private",
            "module.eks-cluster-with-import-vpc.module.aws_vpc.aws_subnet.private",
            "module.eks-cluster-with-import-vpc.module.aws_vpc.aws_vpc.this",
            "module.eks-cluster-with-import-vpc.module.aws_vpc.aws_vpc_ipv4_cidr_block_association.this"
          ]
        }
      ]
    },
    {
      "module": "module.eks-cluster-with-import-vpc.module.aws_vpc",
      "mode": "managed",
      "type": "aws_route_table_association",
      "name": "public",
      "provider": "provider[\"registry.terraform.io/hashicorp/aws\"]",
      "instances": [
        {
          "index_key": 0,
          "schema_version": 0,
          "attributes": {
            "gateway_id": "",
            "id": "rtbassoc-02fc09946db326e16",
            "route_table_id": "rtb-0334277bd0ed7c1d9",
            "subnet_id": "subnet-08a945580ae4da171"
          },
          "sensitive_attributes": [],
          "private": "bnVsbA==",
          "dependencies": [
            "module.eks-cluster-with-import-vpc.data.aws_availability_zones.available",
            "module.eks-cluster-with-import-vpc.module.aws_vpc.aws_route_table.public",
            "module.eks-cluster-with-import-vpc.module.aws_vpc.aws_subnet.public",
            "module.eks-cluster-with-import-vpc.module.aws_vpc.aws_vpc.this",
            "module.eks-cluster-with-import-vpc.module.aws_vpc.aws_vpc_ipv4_cidr_block_association.this"
          ]
        },
        {
          "index_key": 1,
          "schema_version": 0,
          "attributes": {
            "gateway_id": "",
            "id": "rtbassoc-01c9a3526b56fb683",
            "route_table_id": "rtb-0334277bd0ed7c1d9",
            "subnet_id": "subnet-0fc4fa0e2936ec663"
          },
          "sensitive_attributes": [],
          "private": "bnVsbA==",
          "dependencies": [
            "module.eks-cluster-with-import-vpc.data.aws_availability_zones.available",
            "module.eks-cluster-with-import-vpc.module.aws_vpc.aws_route_table.public",
            "module.eks-cluster-with-import-vpc.module.aws_vpc.aws_subnet.public",
            "module.eks-cluster-with-import-vpc.module.aws_vpc.aws_vpc.this",
            "module.eks-cluster-with-import-vpc.module.aws_vpc.aws_vpc_ipv4_cidr_block_association.this"
          ]
        },
        {
          "index_key": 2,
          "schema_version": 0,
          "attributes": {
            "gateway_id": "",
            "id": "rtbassoc-009d4f1098917e6ad",
            "route_table_id": "rtb-0334277bd0ed7c1d9",
            "subnet_id": "subnet-02037a78615234cf2"
          },
          "sensitive_attributes": [],
          "private": "bnVsbA==",
          "dependencies": [
            "module.eks-cluster-with-import-vpc.data.aws_availability_zones.available",
            "module.eks-cluster-with-import-vpc.module.aws_vpc.aws_route_table.public",
            "module.eks-cluster-with-import-vpc.module.aws_vpc.aws_subnet.public",
            "module.eks-cluster-with-import-vpc.module.aws_vpc.aws_vpc.this",
            "module.eks-cluster-with-import-vpc.module.aws_vpc.aws_vpc_ipv4_cidr_block_association.this"
          ]
        }
      ]
    },
    {
      "module": "module.eks-cluster-with-import-vpc.module.aws_vpc",
      "mode": "managed",
      "type": "aws_subnet",
      "name": "private",
      "provider": "provider[\"registry.terraform.io/hashicorp/aws\"]",
      "instances": [
        {
          "index_key": 0,
          "schema_version": 1,
          "attributes": {
            "arn": "arn:aws:ec2:us-east-1:411309562081:subnet/subnet-04a4f30bbba6ac904",
            "assign_ipv6_address_on_creation": false,
            "availability_zone": "us-east-1a",
            "availability_zone_id": "use1-az4",
            "cidr_block": "10.0.10.0/24",
            "customer_owned_ipv4_pool": "",
            "enable_dns64": false,
            "enable_resource_name_dns_a_record_on_launch": false,
            "enable_resource_name_dns_aaaa_record_on_launch": false,
            "id": "subnet-04a4f30bbba6ac904",
            "ipv6_cidr_block": "",
            "ipv6_cidr_block_association_id": "",
            "ipv6_native": false,
            "map_customer_owned_ip_on_launch": false,
            "map_public_ip_on_launch": false,
            "outpost_arn": "",
            "owner_id": "411309562081",
            "private_dns_hostname_type_on_launch": "ip-name",
            "tags": {
              "Name": "eclipz-sndbx-devops-vpc-private-us-east-1a",
              "kubernetes.io/cluster/eclipz-sndbx-devops-eks": "shared",
              "kubernetes.io/role/internal-elb": "1"
            },
            "tags_all": {
              "Name": "eclipz-sndbx-devops-vpc-private-us-east-1a",
              "kubernetes.io/cluster/eclipz-sndbx-devops-eks": "shared",
              "kubernetes.io/role/internal-elb": "1"
            },
            "timeouts": null,
            "vpc_id": "vpc-0404837b5d107024c"
          },
          "sensitive_attributes": [],
          "private": "eyJlMmJmYjczMC1lY2FhLTExZTYtOGY4OC0zNDM2M2JjN2M0YzAiOnsiY3JlYXRlIjo2MDAwMDAwMDAwMDAsImRlbGV0ZSI6MTIwMDAwMDAwMDAwMH0sInNjaGVtYV92ZXJzaW9uIjoiMSJ9",
          "dependencies": [
            "module.eks-cluster-with-import-vpc.data.aws_availability_zones.available",
            "module.eks-cluster-with-import-vpc.module.aws_vpc.aws_vpc.this",
            "module.eks-cluster-with-import-vpc.module.aws_vpc.aws_vpc_ipv4_cidr_block_association.this"
          ],
          "create_before_destroy": true
        },
        {
          "index_key": 1,
          "schema_version": 1,
          "attributes": {
            "arn": "arn:aws:ec2:us-east-1:411309562081:subnet/subnet-041f62c3f1c166d60",
            "assign_ipv6_address_on_creation": false,
            "availability_zone": "us-east-1b",
            "availability_zone_id": "use1-az6",
            "cidr_block": "10.0.11.0/24",
            "customer_owned_ipv4_pool": "",
            "enable_dns64": false,
            "enable_resource_name_dns_a_record_on_launch": false,
            "enable_resource_name_dns_aaaa_record_on_launch": false,
            "id": "subnet-041f62c3f1c166d60",
            "ipv6_cidr_block": "",
            "ipv6_cidr_block_association_id": "",
            "ipv6_native": false,
            "map_customer_owned_ip_on_launch": false,
            "map_public_ip_on_launch": false,
            "outpost_arn": "",
            "owner_id": "411309562081",
            "private_dns_hostname_type_on_launch": "ip-name",
            "tags": {
              "Name": "eclipz-sndbx-devops-vpc-private-us-east-1b",
              "kubernetes.io/cluster/eclipz-sndbx-devops-eks": "shared",
              "kubernetes.io/role/internal-elb": "1"
            },
            "tags_all": {
              "Name": "eclipz-sndbx-devops-vpc-private-us-east-1b",
              "kubernetes.io/cluster/eclipz-sndbx-devops-eks": "shared",
              "kubernetes.io/role/internal-elb": "1"
            },
            "timeouts": null,
            "vpc_id": "vpc-0404837b5d107024c"
          },
          "sensitive_attributes": [],
          "private": "eyJlMmJmYjczMC1lY2FhLTExZTYtOGY4OC0zNDM2M2JjN2M0YzAiOnsiY3JlYXRlIjo2MDAwMDAwMDAwMDAsImRlbGV0ZSI6MTIwMDAwMDAwMDAwMH0sInNjaGVtYV92ZXJzaW9uIjoiMSJ9",
          "dependencies": [
            "module.eks-cluster-with-import-vpc.data.aws_availability_zones.available",
            "module.eks-cluster-with-import-vpc.module.aws_vpc.aws_vpc.this",
            "module.eks-cluster-with-import-vpc.module.aws_vpc.aws_vpc_ipv4_cidr_block_association.this"
          ],
          "create_before_destroy": true
        },
        {
          "index_key": 2,
          "schema_version": 1,
          "attributes": {
            "arn": "arn:aws:ec2:us-east-1:411309562081:subnet/subnet-0ecb0848e1fe9d6e3",
            "assign_ipv6_address_on_creation": false,
            "availability_zone": "us-east-1c",
            "availability_zone_id": "use1-az1",
            "cidr_block": "10.0.12.0/24",
            "customer_owned_ipv4_pool": "",
            "enable_dns64": false,
            "enable_resource_name_dns_a_record_on_launch": false,
            "enable_resource_name_dns_aaaa_record_on_launch": false,
            "id": "subnet-0ecb0848e1fe9d6e3",
            "ipv6_cidr_block": "",
            "ipv6_cidr_block_association_id": "",
            "ipv6_native": false,
            "map_customer_owned_ip_on_launch": false,
            "map_public_ip_on_launch": false,
            "outpost_arn": "",
            "owner_id": "411309562081",
            "private_dns_hostname_type_on_launch": "ip-name",
            "tags": {
              "Name": "eclipz-sndbx-devops-vpc-private-us-east-1c",
              "kubernetes.io/cluster/eclipz-sndbx-devops-eks": "shared",
              "kubernetes.io/role/internal-elb": "1"
            },
            "tags_all": {
              "Name": "eclipz-sndbx-devops-vpc-private-us-east-1c",
              "kubernetes.io/cluster/eclipz-sndbx-devops-eks": "shared",
              "kubernetes.io/role/internal-elb": "1"
            },
            "timeouts": null,
            "vpc_id": "vpc-0404837b5d107024c"
          },
          "sensitive_attributes": [],
          "private": "eyJlMmJmYjczMC1lY2FhLTExZTYtOGY4OC0zNDM2M2JjN2M0YzAiOnsiY3JlYXRlIjo2MDAwMDAwMDAwMDAsImRlbGV0ZSI6MTIwMDAwMDAwMDAwMH0sInNjaGVtYV92ZXJzaW9uIjoiMSJ9",
          "dependencies": [
            "module.eks-cluster-with-import-vpc.data.aws_availability_zones.available",
            "module.eks-cluster-with-import-vpc.module.aws_vpc.aws_vpc.this",
            "module.eks-cluster-with-import-vpc.module.aws_vpc.aws_vpc_ipv4_cidr_block_association.this"
          ],
          "create_before_destroy": true
        }
      ]
    },
    {
      "module": "module.eks-cluster-with-import-vpc.module.aws_vpc",
      "mode": "managed",
      "type": "aws_subnet",
      "name": "public",
      "provider": "provider[\"registry.terraform.io/hashicorp/aws\"]",
      "instances": [
        {
          "index_key": 0,
          "schema_version": 1,
          "attributes": {
            "arn": "arn:aws:ec2:us-east-1:411309562081:subnet/subnet-08a945580ae4da171",
            "assign_ipv6_address_on_creation": false,
            "availability_zone": "us-east-1a",
            "availability_zone_id": "use1-az4",
            "cidr_block": "10.0.0.0/24",
            "customer_owned_ipv4_pool": "",
            "enable_dns64": false,
            "enable_resource_name_dns_a_record_on_launch": false,
            "enable_resource_name_dns_aaaa_record_on_launch": false,
            "id": "subnet-08a945580ae4da171",
            "ipv6_cidr_block": "",
            "ipv6_cidr_block_association_id": "",
            "ipv6_native": false,
            "map_customer_owned_ip_on_launch": false,
            "map_public_ip_on_launch": true,
            "outpost_arn": "",
            "owner_id": "411309562081",
            "private_dns_hostname_type_on_launch": "ip-name",
            "tags": {
              "Name": "eclipz-sndbx-devops-vpc-public-us-east-1a",
              "kubernetes.io/cluster/eclipz-sndbx-devops-eks": "shared",
              "kubernetes.io/role/elb": "1"
            },
            "tags_all": {
              "Name": "eclipz-sndbx-devops-vpc-public-us-east-1a",
              "kubernetes.io/cluster/eclipz-sndbx-devops-eks": "shared",
              "kubernetes.io/role/elb": "1"
            },
            "timeouts": null,
            "vpc_id": "vpc-0404837b5d107024c"
          },
          "sensitive_attributes": [],
          "private": "eyJlMmJmYjczMC1lY2FhLTExZTYtOGY4OC0zNDM2M2JjN2M0YzAiOnsiY3JlYXRlIjo2MDAwMDAwMDAwMDAsImRlbGV0ZSI6MTIwMDAwMDAwMDAwMH0sInNjaGVtYV92ZXJzaW9uIjoiMSJ9",
          "dependencies": [
            "module.eks-cluster-with-import-vpc.data.aws_availability_zones.available",
            "module.eks-cluster-with-import-vpc.module.aws_vpc.aws_vpc.this",
            "module.eks-cluster-with-import-vpc.module.aws_vpc.aws_vpc_ipv4_cidr_block_association.this"
          ]
        },
        {
          "index_key": 1,
          "schema_version": 1,
          "attributes": {
            "arn": "arn:aws:ec2:us-east-1:411309562081:subnet/subnet-0fc4fa0e2936ec663",
            "assign_ipv6_address_on_creation": false,
            "availability_zone": "us-east-1b",
            "availability_zone_id": "use1-az6",
            "cidr_block": "10.0.1.0/24",
            "customer_owned_ipv4_pool": "",
            "enable_dns64": false,
            "enable_resource_name_dns_a_record_on_launch": false,
            "enable_resource_name_dns_aaaa_record_on_launch": false,
            "id": "subnet-0fc4fa0e2936ec663",
            "ipv6_cidr_block": "",
            "ipv6_cidr_block_association_id": "",
            "ipv6_native": false,
            "map_customer_owned_ip_on_launch": false,
            "map_public_ip_on_launch": true,
            "outpost_arn": "",
            "owner_id": "411309562081",
            "private_dns_hostname_type_on_launch": "ip-name",
            "tags": {
              "Name": "eclipz-sndbx-devops-vpc-public-us-east-1b",
              "kubernetes.io/cluster/eclipz-sndbx-devops-eks": "shared",
              "kubernetes.io/role/elb": "1"
            },
            "tags_all": {
              "Name": "eclipz-sndbx-devops-vpc-public-us-east-1b",
              "kubernetes.io/cluster/eclipz-sndbx-devops-eks": "shared",
              "kubernetes.io/role/elb": "1"
            },
            "timeouts": null,
            "vpc_id": "vpc-0404837b5d107024c"
          },
          "sensitive_attributes": [],
          "private": "eyJlMmJmYjczMC1lY2FhLTExZTYtOGY4OC0zNDM2M2JjN2M0YzAiOnsiY3JlYXRlIjo2MDAwMDAwMDAwMDAsImRlbGV0ZSI6MTIwMDAwMDAwMDAwMH0sInNjaGVtYV92ZXJzaW9uIjoiMSJ9",
          "dependencies": [
            "module.eks-cluster-with-import-vpc.data.aws_availability_zones.available",
            "module.eks-cluster-with-import-vpc.module.aws_vpc.aws_vpc.this",
            "module.eks-cluster-with-import-vpc.module.aws_vpc.aws_vpc_ipv4_cidr_block_association.this"
          ]
        },
        {
          "index_key": 2,
          "schema_version": 1,
          "attributes": {
            "arn": "arn:aws:ec2:us-east-1:411309562081:subnet/subnet-02037a78615234cf2",
            "assign_ipv6_address_on_creation": false,
            "availability_zone": "us-east-1c",
            "availability_zone_id": "use1-az1",
            "cidr_block": "10.0.2.0/24",
            "customer_owned_ipv4_pool": "",
            "enable_dns64": false,
            "enable_resource_name_dns_a_record_on_launch": false,
            "enable_resource_name_dns_aaaa_record_on_launch": false,
            "id": "subnet-02037a78615234cf2",
            "ipv6_cidr_block": "",
            "ipv6_cidr_block_association_id": "",
            "ipv6_native": false,
            "map_customer_owned_ip_on_launch": false,
            "map_public_ip_on_launch": true,
            "outpost_arn": "",
            "owner_id": "411309562081",
            "private_dns_hostname_type_on_launch": "ip-name",
            "tags": {
              "Name": "eclipz-sndbx-devops-vpc-public-us-east-1c",
              "kubernetes.io/cluster/eclipz-sndbx-devops-eks": "shared",
              "kubernetes.io/role/elb": "1"
            },
            "tags_all": {
              "Name": "eclipz-sndbx-devops-vpc-public-us-east-1c",
              "kubernetes.io/cluster/eclipz-sndbx-devops-eks": "shared",
              "kubernetes.io/role/elb": "1"
            },
            "timeouts": null,
            "vpc_id": "vpc-0404837b5d107024c"
          },
          "sensitive_attributes": [],
          "private": "eyJlMmJmYjczMC1lY2FhLTExZTYtOGY4OC0zNDM2M2JjN2M0YzAiOnsiY3JlYXRlIjo2MDAwMDAwMDAwMDAsImRlbGV0ZSI6MTIwMDAwMDAwMDAwMH0sInNjaGVtYV92ZXJzaW9uIjoiMSJ9",
          "dependencies": [
            "module.eks-cluster-with-import-vpc.data.aws_availability_zones.available",
            "module.eks-cluster-with-import-vpc.module.aws_vpc.aws_vpc.this",
            "module.eks-cluster-with-import-vpc.module.aws_vpc.aws_vpc_ipv4_cidr_block_association.this"
          ]
        }
      ]
    },
    {
      "module": "module.eks-cluster-with-import-vpc.module.aws_vpc",
      "mode": "managed",
      "type": "aws_vpc",
      "name": "this",
      "provider": "provider[\"registry.terraform.io/hashicorp/aws\"]",
      "instances": [
        {
          "index_key": 0,
          "schema_version": 1,
          "attributes": {
            "arn": "arn:aws:ec2:us-east-1:411309562081:vpc/vpc-0404837b5d107024c",
            "assign_generated_ipv6_cidr_block": false,
            "cidr_block": "10.0.0.0/16",
            "default_network_acl_id": "acl-057f3a1834ac2affb",
            "default_route_table_id": "rtb-087103fff9ebbb39b",
            "default_security_group_id": "sg-08cf408cc8b02cbd3",
            "dhcp_options_id": "dopt-0f45ffa4a7445290d",
            "enable_classiclink": false,
            "enable_classiclink_dns_support": false,
            "enable_dns_hostnames": true,
            "enable_dns_support": true,
            "enable_network_address_usage_metrics": false,
            "id": "vpc-0404837b5d107024c",
            "instance_tenancy": "default",
            "ipv4_ipam_pool_id": null,
            "ipv4_netmask_length": null,
            "ipv6_association_id": "",
            "ipv6_cidr_block": "",
            "ipv6_cidr_block_network_border_group": "",
            "ipv6_ipam_pool_id": "",
            "ipv6_netmask_length": 0,
            "main_route_table_id": "rtb-087103fff9ebbb39b",
            "owner_id": "411309562081",
            "tags": {
              "Name": "eclipz-sndbx-devops-vpc"
            },
            "tags_all": {
              "Name": "eclipz-sndbx-devops-vpc"
            }
          },
          "sensitive_attributes": [],
          "private": "eyJzY2hlbWFfdmVyc2lvbiI6IjEifQ==",
          "create_before_destroy": true
        }
      ]
    },
    {
      "module": "module.eks-cluster-with-import-vpc.module.ec2_instance",
      "mode": "data",
      "type": "aws_partition",
      "name": "current",
      "provider": "provider[\"registry.terraform.io/hashicorp/aws\"]",
      "instances": [
        {
          "schema_version": 0,
          "attributes": {
            "dns_suffix": "amazonaws.com",
            "id": "aws",
            "partition": "aws",
            "reverse_dns_prefix": "com.amazonaws"
          },
          "sensitive_attributes": []
        }
      ]
    },
    {
      "module": "module.eks-cluster-with-import-vpc.module.ec2_instance",
      "mode": "data",
      "type": "aws_ssm_parameter",
      "name": "this",
      "provider": "provider[\"registry.terraform.io/hashicorp/aws\"]",
      "instances": [
        {
          "index_key": 0,
          "schema_version": 0,
          "attributes": {
            "arn": "arn:aws:ssm:us-east-1::parameter/aws/service/ami-amazon-linux-latest/amzn2-ami-hvm-x86_64-gp2",
            "id": "/aws/service/ami-amazon-linux-latest/amzn2-ami-hvm-x86_64-gp2",
            "name": "/aws/service/ami-amazon-linux-latest/amzn2-ami-hvm-x86_64-gp2",
            "type": "String",
            "value": "ami-02b972fec07f1e659",
            "version": 75,
            "with_decryption": true
          },
          "sensitive_attributes": []
        }
      ]
    },
    {
      "module": "module.eks-cluster-with-import-vpc.module.ec2_instance",
      "mode": "managed",
      "type": "aws_instance",
      "name": "this",
      "provider": "provider[\"registry.terraform.io/hashicorp/aws\"]",
      "instances": [
        {
          "index_key": 0,
          "schema_version": 1,
          "attributes": {
            "ami": "ami-0b0dcb5067f052a63",
            "arn": "arn:aws:ec2:us-east-1:411309562081:instance/i-0c50155d1329746cb",
            "associate_public_ip_address": true,
            "availability_zone": "us-east-1a",
            "capacity_reservation_specification": [
              {
                "capacity_reservation_preference": "open",
                "capacity_reservation_target": []
              }
            ],
            "cpu_core_count": 1,
            "cpu_threads_per_core": 1,
            "credit_specification": [
              {
                "cpu_credits": "standard"
              }
            ],
            "disable_api_stop": false,
            "disable_api_termination": false,
            "ebs_block_device": [],
            "ebs_optimized": false,
            "enclave_options": [
              {
                "enabled": false
              }
            ],
            "ephemeral_block_device": [],
            "get_password_data": false,
            "hibernation": false,
            "host_id": null,
            "host_resource_group_arn": null,
            "iam_instance_profile": "",
            "id": "i-0c50155d1329746cb",
            "instance_initiated_shutdown_behavior": "stop",
            "instance_state": "running",
            "instance_type": "t2.micro",
            "ipv6_address_count": 0,
            "ipv6_addresses": [],
            "key_name": "Elviskey",
            "launch_template": [],
            "maintenance_options": [
              {
                "auto_recovery": "default"
              }
            ],
            "metadata_options": [
              {
                "http_endpoint": "enabled",
                "http_put_response_hop_limit": 1,
                "http_tokens": "optional",
                "instance_metadata_tags": "disabled"
              }
            ],
            "monitoring": true,
            "network_interface": [],
            "outpost_arn": "",
            "password_data": "",
            "placement_group": "",
            "placement_partition_number": null,
            "primary_network_interface_id": "eni-03f7057b583f93608",
            "private_dns": "ip-10-0-0-202.ec2.internal",
            "private_dns_name_options": [
              {
                "enable_resource_name_dns_a_record": false,
                "enable_resource_name_dns_aaaa_record": false,
                "hostname_type": "ip-name"
              }
            ],
            "private_ip": "10.0.0.202",
            "public_dns": "ec2-44-194-252-225.compute-1.amazonaws.com",
            "public_ip": "44.194.252.225",
            "root_block_device": [
              {
                "delete_on_termination": true,
                "device_name": "/dev/xvda",
                "encrypted": false,
                "iops": 100,
                "kms_key_id": "",
                "tags": {},
                "throughput": 0,
                "volume_id": "vol-060f7236d6ac7d808",
                "volume_size": 8,
                "volume_type": "gp2"
              }
            ],
            "secondary_private_ips": [],
            "security_groups": [],
            "source_dest_check": true,
            "subnet_id": "subnet-08a945580ae4da171",
            "tags": {
              "Name": "bastion_host"
            },
            "tags_all": {
              "Name": "bastion_host"
            },
            "tenancy": "default",
            "timeouts": {
              "create": null,
              "delete": null,
              "update": null
            },
            "user_data": null,
            "user_data_base64": null,
            "user_data_replace_on_change": false,
            "volume_tags": {
              "Name": "bastion_host"
            },
            "vpc_security_group_ids": [
              "sg-0c313d1ba8fb87067"
            ]
          },
          "sensitive_attributes": [
            [
              {
                "type": "get_attr",
                "value": "ami"
              }
            ]
          ],
          "private": "eyJlMmJmYjczMC1lY2FhLTExZTYtOGY4OC0zNDM2M2JjN2M0YzAiOnsiY3JlYXRlIjo2MDAwMDAwMDAwMDAsImRlbGV0ZSI6MTIwMDAwMDAwMDAwMCwidXBkYXRlIjo2MDAwMDAwMDAwMDB9LCJzY2hlbWFfdmVyc2lvbiI6IjEifQ==",
          "dependencies": [
            "module.eks-cluster-with-import-vpc.aws_security_group.allow_ssl",
            "module.eks-cluster-with-import-vpc.data.aws_availability_zones.available",
            "module.eks-cluster-with-import-vpc.module.aws_vpc.aws_subnet.public",
            "module.eks-cluster-with-import-vpc.module.aws_vpc.aws_vpc.this",
            "module.eks-cluster-with-import-vpc.module.aws_vpc.aws_vpc_ipv4_cidr_block_association.this",
            "module.eks-cluster-with-import-vpc.module.ec2_instance.aws_iam_instance_profile.this",
            "module.eks-cluster-with-import-vpc.module.ec2_instance.aws_iam_role.this",
            "module.eks-cluster-with-import-vpc.module.ec2_instance.data.aws_iam_policy_document.assume_role_policy",
            "module.eks-cluster-with-import-vpc.module.ec2_instance.data.aws_partition.current",
            "module.eks-cluster-with-import-vpc.module.ec2_instance.data.aws_ssm_parameter.this"
          ]
        }
      ]
    },
    {
      "module": "module.eks-cluster-with-import-vpc.module.kubernetes-addons",
      "mode": "data",
      "type": "aws_caller_identity",
      "name": "current",
      "provider": "provider[\"registry.terraform.io/hashicorp/aws\"]",
      "instances": [
        {
          "schema_version": 0,
          "attributes": {
            "account_id": "411309562081",
            "arn": "arn:aws:iam::411309562081:user/nahmed@puffersoft.com",
            "id": "411309562081",
            "user_id": "AIDAV7Q7V3DQ4QDGQEA75"
          },
          "sensitive_attributes": []
        }
      ]
    },
    {
      "module": "module.eks-cluster-with-import-vpc.module.kubernetes-addons",
      "mode": "data",
      "type": "aws_eks_cluster",
      "name": "eks_cluster",
      "provider": "provider[\"registry.terraform.io/hashicorp/aws\"]",
      "instances": [
        {
          "schema_version": 0,
          "attributes": {
            "arn": "arn:aws:eks:us-east-1:411309562081:cluster/eclipz-sndbx-devops-eks",
            "certificate_authority": [
              {
                "data": "LS0tLS1CRUdJTiBDRVJUSUZJQ0FURS0tLS0tCk1JSUM1ekNDQWMrZ0F3SUJBZ0lCQURBTkJna3Foa2lHOXcwQkFRc0ZBREFWTVJNd0VRWURWUVFERXdwcmRXSmwKY201bGRHVnpNQjRYRFRJeU1URXhOekEzTlRVd04xb1hEVE15TVRFeE5EQTNOVFV3TjFvd0ZURVRNQkVHQTFVRQpBeE1LYTNWaVpYSnVaWFJsY3pDQ0FTSXdEUVlKS29aSWh2Y05BUUVCQlFBRGdnRVBBRENDQVFvQ2dnRUJBTGs0CnJrTU00Y0FMQmcvelVaa0thVjV4R1R3dU5mcXZwYkF3UTNEM0FsbGJzOWZUbVNFejVuTWlCOXgwU2JaL3RsRWoKYVhCT2szdzNvaTVrWUdMNGJOTW9GWDNaUVBFYmh1c0I0K3o5UnFXNUhURjIwdEd3azBRYVp1LzVtQTd5UW53TQpKeWRoajZxUDV3akdnRmVFMmJhVjlkWkFpNExEOFBBamFDT2hZZER5TWdhRkwrbW8vZUhiOEJRbmlXQjNLNjJWCnZMNWdRb1o5NVNmZllFRXBOQjdjbDZxa00va2s5cU5oZUxkU1ljVjhUWmVmU1E0NTJGR1VXL3pBaFB1UDBIQmwKRGc5Q3Jqd3VlZm1ETTZQYjRDSWlKSENoMFZ2eXlCTHptd1pySkc3M1YyYXlnUlRsalVYdkxBSHQ4VzhvdVpLNwp2ZEtUYWpVY015alNZUTVIV1gwQ0F3RUFBYU5DTUVBd0RnWURWUjBQQVFIL0JBUURBZ0trTUE4R0ExVWRFd0VCCi93UUZNQU1CQWY4d0hRWURWUjBPQkJZRUZDaVZhN1Y3UVhHZGVtU3kyVXRuOWdYMG96UTdNQTBHQ1NxR1NJYjMKRFFFQkN3VUFBNElCQVFDam9jM3JDSTFyQ1p1a2dTNG81azF0a08xaVNRb1hSY0dCUDJIdWViaTZ5cjhzRHhpVApJdWRVc0tFdm5OUEIraUpLRnozYXhEaUI5RENnTHQrblJHRVorZUhrWlEvVGxmK0dNUFJZSU4vOG0wN2dyVjQ4CnM3am9VRjdzSkdoOUJTWUxOcWs3em0wRGdtNWp4eXVtdWhCSENMTEVlREo5a3h1dXBIYnNXZU9jS0h1d1YvZHYKQnNUZ1EwYUJmZzlIRER3UUlOTUpibjcyU1RNQnYvNDc2YlhoTmV2MHpwTnhpb3ZnejRWN09UTWZkNExpV0srMgp1TWJESk5lT3JOV091VEsvbHNWUnZtejFjSysrR3g5ZUVzcGVtQTVYa1RMbFp4cG51Q2hONmd6NzB6Uy9iTEZuCnUvU01PNVlHdllPNXBuWGJ5YlNUOGhmc2lMSEZsYjFxMzB4ZAotLS0tLUVORCBDRVJUSUZJQ0FURS0tLS0tCg=="
              }
            ],
            "created_at": "2022-11-17 07:48:53.171 +0000 UTC",
            "enabled_cluster_log_types": [
              "api",
              "audit",
              "authenticator",
              "controllerManager",
              "scheduler"
            ],
            "endpoint": "https://B5E4A8F73D2823F247F70443DF689A3C.gr7.us-east-1.eks.amazonaws.com",
            "id": "eclipz-sndbx-devops-eks",
            "identity": [
              {
                "oidc": [
                  {
                    "issuer": "https://oidc.eks.us-east-1.amazonaws.com/id/B5E4A8F73D2823F247F70443DF689A3C"
                  }
                ]
              }
            ],
            "kubernetes_network_config": [
              {
                "ip_family": "ipv4",
                "service_ipv4_cidr": "172.20.0.0/16",
                "service_ipv6_cidr": ""
              }
            ],
            "name": "eclipz-sndbx-devops-eks",
            "outpost_config": [],
            "platform_version": "eks.13",
            "role_arn": "arn:aws:iam::411309562081:role/eclipz-sndbx-devops-eks-cluster-role",
            "status": "ACTIVE",
            "tags": {
              "created-by": "Terraform v1.0.1",
              "environment": "sndbx",
              "name": "eclipz-sndbx-devops-eks",
              "org": "",
              "resource": "eks",
              "tenant": "eclipz",
              "zone": "devops"
            },
            "version": "1.21",
            "vpc_config": [
              {
                "cluster_security_group_id": "sg-05e935e459fe8631f",
                "endpoint_private_access": false,
                "endpoint_public_access": true,
                "public_access_cidrs": [
                  "0.0.0.0/0"
                ],
                "security_group_ids": [
                  "sg-0a1cb7ab132f4ed83"
                ],
                "subnet_ids": [
                  "subnet-041f62c3f1c166d60",
                  "subnet-04a4f30bbba6ac904",
                  "subnet-0ecb0848e1fe9d6e3"
                ],
                "vpc_id": "vpc-0404837b5d107024c"
              }
            ]
          },
          "sensitive_attributes": []
        }
      ]
    },
    {
      "module": "module.eks-cluster-with-import-vpc.module.kubernetes-addons",
      "mode": "data",
      "type": "aws_partition",
      "name": "current",
      "provider": "provider[\"registry.terraform.io/hashicorp/aws\"]",
      "instances": [
        {
          "schema_version": 0,
          "attributes": {
            "dns_suffix": "amazonaws.com",
            "id": "aws",
            "partition": "aws",
            "reverse_dns_prefix": "com.amazonaws"
          },
          "sensitive_attributes": []
        }
      ]
    },
    {
      "module": "module.eks-cluster-with-import-vpc.module.kubernetes-addons",
      "mode": "data",
      "type": "aws_region",
      "name": "current",
      "provider": "provider[\"registry.terraform.io/hashicorp/aws\"]",
      "instances": [
        {
          "schema_version": 0,
          "attributes": {
            "description": "US East (N. Virginia)",
            "endpoint": "ec2.us-east-1.amazonaws.com",
            "id": "us-east-1",
            "name": "us-east-1"
          },
          "sensitive_attributes": []
        }
      ]
    },
    {
      "module": "module.eks-cluster-with-import-vpc.module.kubernetes-addons.module.argocd[0]",
      "mode": "data",
      "type": "aws_secretsmanager_secret_version",
      "name": "admin_password_version",
      "provider": "provider[\"registry.terraform.io/hashicorp/aws\"]",
      "instances": []
    },
    {
      "module": "module.eks-cluster-with-import-vpc.module.kubernetes-addons.module.argocd[0]",
      "mode": "managed",
      "type": "helm_release",
      "name": "argocd_application",
      "provider": "module.eks-cluster-with-import-vpc.provider[\"registry.terraform.io/hashicorp/helm\"]",
      "instances": [
        {
          "index_key": "addons",
          "schema_version": 0,
          "attributes": {
            "atomic": false,
            "chart": "../../../modules/kubernetes-addons/argocd/argocd-application",
            "cleanup_on_fail": false,
            "create_namespace": false,
            "dependency_update": false,
            "description": null,
            "devel": null,
            "disable_crd_hooks": false,
            "disable_openapi_validation": false,
            "disable_webhooks": false,
            "force_update": false,
            "id": "addons",
            "keyring": null,
            "lint": false,
            "manifest": null,
            "max_history": 0,
            "metadata": [
              {
                "app_version": "0.1.0",
                "chart": "argo-application",
                "name": "addons",
                "namespace": "argocd",
                "revision": 1,
                "values": "{\"destination\":{\"server\":\"https://kubernetes.default.svc\"},\"name\":\"addons\",\"project\":\"default\",\"source\":{\"helm\":{\"releaseName\":\"addons\",\"values\":\"\\\"account\\\": \\\"411309562081\\\"\\n\\\"awsLoadBalancerController\\\":\\n  \\\"enable\\\": \\\"true\\\"\\n  \\\"serviceAccountName\\\": \\\"aws-load-balancer-controller-sa\\\"\\n\\\"clusterName\\\": \\\"eclipz-sndbx-devops-eks\\\"\\n\\\"grafana\\\":\\n  \\\"enable\\\": \\\"true\\\"\\n  \\\"serviceAccountName\\\": \\\"grafana\\\"\\n\\\"ingressNginx\\\":\\n  \\\"enable\\\": \\\"true\\\"\\n\\\"prometheus\\\":\\n  \\\"enable\\\": \\\"true\\\"\\n\\\"promtail\\\":\\n  \\\"enable\\\": \\\"true\\\"\\n\\\"region\\\": \\\"us-east-1\\\"\\n\\\"repo_url\\\": \\\"https://github.com/aws-samples/eks-blueprints-add-ons.git\\\"\\n\\\"tetrateIstio\\\":\\n  \\\"enable\\\": \\\"true\\\"\\n\"},\"path\":\"chart\",\"repoUrl\":\"https://github.com/aws-samples/eks-blueprints-add-ons.git\",\"targetRevision\":\"HEAD\"}}",
                "version": "0.1.0"
              }
            ],
            "name": "addons",
            "namespace": "argocd",
            "pass_credentials": false,
            "postrender": [],
            "recreate_pods": false,
            "render_subchart_notes": true,
            "replace": false,
            "repository": null,
            "repository_ca_file": null,
            "repository_cert_file": null,
            "repository_key_file": null,
            "repository_password": null,
            "repository_username": null,
            "reset_values": false,
            "reuse_values": false,
            "set": [
              {
                "name": "destination.server",
                "type": "",
                "value": "https://kubernetes.default.svc"
              },
              {
                "name": "name",
                "type": "",
                "value": "addons"
              },
              {
                "name": "project",
                "type": "",
                "value": "default"
              },
              {
                "name": "source.helm.releaseName",
                "type": "",
                "value": "addons"
              },
              {
                "name": "source.helm.values",
                "type": "",
                "value": "\"account\": \"411309562081\"\n\"awsLoadBalancerController\":\n  \"enable\": \"true\"\n  \"serviceAccountName\": \"aws-load-balancer-controller-sa\"\n\"clusterName\": \"eclipz-sndbx-devops-eks\"\n\"grafana\":\n  \"enable\": \"true\"\n  \"serviceAccountName\": \"grafana\"\n\"ingressNginx\":\n  \"enable\": \"true\"\n\"prometheus\":\n  \"enable\": \"true\"\n\"promtail\":\n  \"enable\": \"true\"\n\"region\": \"us-east-1\"\n\"repo_url\": \"https://github.com/aws-samples/eks-blueprints-add-ons.git\"\n\"tetrateIstio\":\n  \"enable\": \"true\"\n"
              },
              {
                "name": "source.path",
                "type": "",
                "value": "chart"
              },
              {
                "name": "source.repoUrl",
                "type": "",
                "value": "https://github.com/aws-samples/eks-blueprints-add-ons.git"
              },
              {
                "name": "source.targetRevision",
                "type": "",
                "value": "HEAD"
              }
            ],
            "set_sensitive": [],
            "skip_crds": false,
            "status": "deployed",
            "timeout": 300,
            "values": null,
            "verify": false,
            "version": "0.1.0",
            "wait": true,
            "wait_for_jobs": false
          },
          "sensitive_attributes": [],
          "private": "bnVsbA==",
          "dependencies": [
            "module.eks-cluster-with-import-vpc.data.aws_availability_zones.available",
            "module.eks-cluster-with-import-vpc.data.aws_eks_cluster.cluster",
            "module.eks-cluster-with-import-vpc.data.aws_eks_cluster_auth.cluster",
            "module.eks-cluster-with-import-vpc.module.aws-eks-accelerator-for-terraform.data.aws_availability_zones.available",
            "module.eks-cluster-with-import-vpc.module.aws-eks-accelerator-for-terraform.data.aws_caller_identity.current",
            "module.eks-cluster-with-import-vpc.module.aws-eks-accelerator-for-terraform.data.aws_eks_cluster.cluster",
            "module.eks-cluster-with-import-vpc.module.aws-eks-accelerator-for-terraform.data.aws_eks_cluster_auth.cluster",
            "module.eks-cluster-with-import-vpc.module.aws-eks-accelerator-for-terraform.data.aws_iam_policy_document.eks_key",
            "module.eks-cluster-with-import-vpc.module.aws-eks-accelerator-for-terraform.data.aws_iam_session_context.current",
            "module.eks-cluster-with-import-vpc.module.aws-eks-accelerator-for-terraform.data.aws_partition.current",
            "module.eks-cluster-with-import-vpc.module.aws-eks-accelerator-for-terraform.data.aws_region.current",
            "module.eks-cluster-with-import-vpc.module.aws-eks-accelerator-for-terraform.data.http.eks_cluster_readiness",
            "module.eks-cluster-with-import-vpc.module.aws-eks-accelerator-for-terraform.kubernetes_config_map.amazon_vpc_cni",
            "module.eks-cluster-with-import-vpc.module.aws-eks-accelerator-for-terraform.kubernetes_config_map.aws_auth",
            "module.eks-cluster-with-import-vpc.module.aws-eks-accelerator-for-terraform.module.aws_eks.aws_cloudwatch_log_group.this",
            "module.eks-cluster-with-import-vpc.module.aws-eks-accelerator-for-terraform.module.aws_eks.aws_eks_addon.this",
            "module.eks-cluster-with-import-vpc.module.aws-eks-accelerator-for-terraform.module.aws_eks.aws_eks_cluster.this",
            "module.eks-cluster-with-import-vpc.module.aws-eks-accelerator-for-terraform.module.aws_eks.aws_eks_identity_provider_config.this",
            "module.eks-cluster-with-import-vpc.module.aws-eks-accelerator-for-terraform.module.aws_eks.aws_iam_openid_connect_provider.oidc_provider",
            "module.eks-cluster-with-import-vpc.module.aws-eks-accelerator-for-terraform.module.aws_eks.aws_iam_policy.cluster_encryption",
            "module.eks-cluster-with-import-vpc.module.aws-eks-accelerator-for-terraform.module.aws_eks.aws_iam_policy.cni_ipv6_policy",
            "module.eks-cluster-with-import-vpc.module.aws-eks-accelerator-for-terraform.module.aws_eks.aws_iam_role.this",
            "module.eks-cluster-with-import-vpc.module.aws-eks-accelerator-for-terraform.module.aws_eks.aws_iam_role_policy_attachment.cluster_encryption",
            "module.eks-cluster-with-import-vpc.module.aws-eks-accelerator-for-terraform.module.aws_eks.aws_iam_role_policy_attachment.this",
            "module.eks-cluster-with-import-vpc.module.aws-eks-accelerator-for-terraform.module.aws_eks.aws_security_group.cluster",
            "module.eks-cluster-with-import-vpc.module.aws-eks-accelerator-for-terraform.module.aws_eks.aws_security_group.node",
            "module.eks-cluster-with-import-vpc.module.aws-eks-accelerator-for-terraform.module.aws_eks.aws_security_group_rule.cluster",
            "module.eks-cluster-with-import-vpc.module.aws-eks-accelerator-for-terraform.module.aws_eks.aws_security_group_rule.node",
            "module.eks-cluster-with-import-vpc.module.aws-eks-accelerator-for-terraform.module.aws_eks.data.aws_iam_policy_document.assume_role_policy",
            "module.eks-cluster-with-import-vpc.module.aws-eks-accelerator-for-terraform.module.aws_eks.data.aws_iam_policy_document.cni_ipv6_policy",
            "module.eks-cluster-with-import-vpc.module.aws-eks-accelerator-for-terraform.module.aws_eks.data.aws_partition.current",
            "module.eks-cluster-with-import-vpc.module.aws-eks-accelerator-for-terraform.module.aws_eks.data.tls_certificate.this",
            "module.eks-cluster-with-import-vpc.module.aws-eks-accelerator-for-terraform.module.aws_eks.module.eks_managed_node_group.aws_eks_node_group.this",
            "module.eks-cluster-with-import-vpc.module.aws-eks-accelerator-for-terraform.module.aws_eks.module.eks_managed_node_group.aws_iam_role.this",
            "module.eks-cluster-with-import-vpc.module.aws-eks-accelerator-for-terraform.module.aws_eks.module.eks_managed_node_group.aws_iam_role_policy_attachment.this",
            "module.eks-cluster-with-import-vpc.module.aws-eks-accelerator-for-terraform.module.aws_eks.module.eks_managed_node_group.aws_launch_template.this",
            "module.eks-cluster-with-import-vpc.module.aws-eks-accelerator-for-terraform.module.aws_eks.module.eks_managed_node_group.aws_security_group.this",
            "module.eks-cluster-with-import-vpc.module.aws-eks-accelerator-for-terraform.module.aws_eks.module.eks_managed_node_group.aws_security_group_rule.this",
            "module.eks-cluster-with-import-vpc.module.aws-eks-accelerator-for-terraform.module.aws_eks.module.eks_managed_node_group.data.aws_caller_identity.current",
            "module.eks-cluster-with-import-vpc.module.aws-eks-accelerator-for-terraform.module.aws_eks.module.eks_managed_node_group.data.aws_iam_policy_document.assume_role_policy",
            "module.eks-cluster-with-import-vpc.module.aws-eks-accelerator-for-terraform.module.aws_eks.module.eks_managed_node_group.data.aws_partition.current",
            "module.eks-cluster-with-import-vpc.module.aws-eks-accelerator-for-terraform.module.aws_eks.module.eks_managed_node_group.module.user_data.data.cloudinit_config.linux_eks_managed_node_group",
            "module.eks-cluster-with-import-vpc.module.aws-eks-accelerator-for-terraform.module.aws_eks.module.fargate_profile.aws_eks_fargate_profile.this",
            "module.eks-cluster-with-import-vpc.module.aws-eks-accelerator-for-terraform.module.aws_eks.module.fargate_profile.aws_iam_role.this",
            "module.eks-cluster-with-import-vpc.module.aws-eks-accelerator-for-terraform.module.aws_eks.module.fargate_profile.aws_iam_role_policy_attachment.this",
            "module.eks-cluster-with-import-vpc.module.aws-eks-accelerator-for-terraform.module.aws_eks.module.fargate_profile.data.aws_caller_identity.current",
            "module.eks-cluster-with-import-vpc.module.aws-eks-accelerator-for-terraform.module.aws_eks.module.fargate_profile.data.aws_iam_policy_document.assume_role_policy",
            "module.eks-cluster-with-import-vpc.module.aws-eks-accelerator-for-terraform.module.aws_eks.module.fargate_profile.data.aws_partition.current",
            "module.eks-cluster-with-import-vpc.module.aws-eks-accelerator-for-terraform.module.aws_eks.module.self_managed_node_group.aws_autoscaling_group.this",
            "module.eks-cluster-with-import-vpc.module.aws-eks-accelerator-for-terraform.module.aws_eks.module.self_managed_node_group.aws_autoscaling_schedule.this",
            "module.eks-cluster-with-import-vpc.module.aws-eks-accelerator-for-terraform.module.aws_eks.module.self_managed_node_group.aws_iam_instance_profile.this",
            "module.eks-cluster-with-import-vpc.module.aws-eks-accelerator-for-terraform.module.aws_eks.module.self_managed_node_group.aws_iam_role.this",
            "module.eks-cluster-with-import-vpc.module.aws-eks-accelerator-for-terraform.module.aws_eks.module.self_managed_node_group.aws_iam_role_policy_attachment.this",
            "module.eks-cluster-with-import-vpc.module.aws-eks-accelerator-for-terraform.module.aws_eks.module.self_managed_node_group.aws_launch_template.this",
            "module.eks-cluster-with-import-vpc.module.aws-eks-accelerator-for-terraform.module.aws_eks.module.self_managed_node_group.aws_security_group.this",
            "module.eks-cluster-with-import-vpc.module.aws-eks-accelerator-for-terraform.module.aws_eks.module.self_managed_node_group.aws_security_group_rule.this",
            "module.eks-cluster-with-import-vpc.module.aws-eks-accelerator-for-terraform.module.aws_eks.module.self_managed_node_group.data.aws_ami.eks_default",
            "module.eks-cluster-with-import-vpc.module.aws-eks-accelerator-for-terraform.module.aws_eks.module.self_managed_node_group.data.aws_caller_identity.current",
            "module.eks-cluster-with-import-vpc.module.aws-eks-accelerator-for-terraform.module.aws_eks.module.self_managed_node_group.data.aws_iam_policy_document.assume_role_policy",
            "module.eks-cluster-with-import-vpc.module.aws-eks-accelerator-for-terraform.module.aws_eks.module.self_managed_node_group.data.aws_partition.current",
            "module.eks-cluster-with-import-vpc.module.aws-eks-accelerator-for-terraform.module.aws_eks.module.self_managed_node_group.module.user_data.data.cloudinit_config.linux_eks_managed_node_group",
            "module.eks-cluster-with-import-vpc.module.aws-eks-accelerator-for-terraform.module.aws_eks_fargate_profiles.aws_eks_fargate_profile.eks_fargate",
            "module.eks-cluster-with-import-vpc.module.aws-eks-accelerator-for-terraform.module.aws_eks_fargate_profiles.aws_iam_policy.cwlogs",
            "module.eks-cluster-with-import-vpc.module.aws-eks-accelerator-for-terraform.module.aws_eks_fargate_profiles.aws_iam_role.fargate",
            "module.eks-cluster-with-import-vpc.module.aws-eks-accelerator-for-terraform.module.aws_eks_fargate_profiles.aws_iam_role_policy_attachment.cwlogs",
            "module.eks-cluster-with-import-vpc.module.aws-eks-accelerator-for-terraform.module.aws_eks_fargate_profiles.aws_iam_role_policy_attachment.fargate_pod_execution_role_policy",
            "module.eks-cluster-with-import-vpc.module.aws-eks-accelerator-for-terraform.module.aws_eks_fargate_profiles.data.aws_iam_policy_document.cwlogs",
            "module.eks-cluster-with-import-vpc.module.aws-eks-accelerator-for-terraform.module.aws_eks_fargate_profiles.data.aws_iam_policy_document.fargate_assume_role_policy",
            "module.eks-cluster-with-import-vpc.module.aws-eks-accelerator-for-terraform.module.aws_eks_managed_node_groups.aws_eks_node_group.managed_ng",
            "module.eks-cluster-with-import-vpc.module.aws-eks-accelerator-for-terraform.module.aws_eks_managed_node_groups.aws_iam_instance_profile.managed_ng",
            "module.eks-cluster-with-import-vpc.module.aws-eks-accelerator-for-terraform.module.aws_eks_managed_node_groups.aws_iam_role.managed_ng",
            "module.eks-cluster-with-import-vpc.module.aws-eks-accelerator-for-terraform.module.aws_eks_managed_node_groups.aws_iam_role_policy_attachment.managed_ng",
            "module.eks-cluster-with-import-vpc.module.aws-eks-accelerator-for-terraform.module.aws_eks_managed_node_groups.aws_iam_role_policy_attachment.managed_ng_AmazonEC2ContainerRegistryReadOnly",
            "module.eks-cluster-with-import-vpc.module.aws-eks-accelerator-for-terraform.module.aws_eks_managed_node_groups.aws_iam_role_policy_attachment.managed_ng_AmazonEKSWorkerNodePolicy",
            "module.eks-cluster-with-import-vpc.module.aws-eks-accelerator-for-terraform.module.aws_eks_managed_node_groups.aws_iam_role_policy_attachment.managed_ng_AmazonEKS_CNI_Policy",
            "module.eks-cluster-with-import-vpc.module.aws-eks-accelerator-for-terraform.module.aws_eks_managed_node_groups.aws_iam_role_policy_attachment.managed_ng_AmazonSSMManagedInstanceCore",
            "module.eks-cluster-with-import-vpc.module.aws-eks-accelerator-for-terraform.module.aws_eks_managed_node_groups.aws_launch_template.managed_node_groups",
            "module.eks-cluster-with-import-vpc.module.aws-eks-accelerator-for-terraform.module.aws_eks_managed_node_groups.data.aws_iam_policy_document.managed_ng_assume_role_policy",
            "module.eks-cluster-with-import-vpc.module.aws-eks-accelerator-for-terraform.module.aws_eks_self_managed_node_groups.aws_autoscaling_group.self_managed_ng",
            "module.eks-cluster-with-import-vpc.module.aws-eks-accelerator-for-terraform.module.aws_eks_self_managed_node_groups.aws_iam_instance_profile.self_managed_ng",
            "module.eks-cluster-with-import-vpc.module.aws-eks-accelerator-for-terraform.module.aws_eks_self_managed_node_groups.aws_iam_policy.eks_windows_cni",
            "module.eks-cluster-with-import-vpc.module.aws-eks-accelerator-for-terraform.module.aws_eks_self_managed_node_groups.aws_iam_role.self_managed_ng",
            "module.eks-cluster-with-import-vpc.module.aws-eks-accelerator-for-terraform.module.aws_eks_self_managed_node_groups.aws_iam_role_policy_attachment.eks_windows_cni",
            "module.eks-cluster-with-import-vpc.module.aws-eks-accelerator-for-terraform.module.aws_eks_self_managed_node_groups.aws_iam_role_policy_attachment.self_managed_ng",
            "module.eks-cluster-with-import-vpc.module.aws-eks-accelerator-for-terraform.module.aws_eks_self_managed_node_groups.data.aws_ami.predefined",
            "module.eks-cluster-with-import-vpc.module.aws-eks-accelerator-for-terraform.module.aws_eks_self_managed_node_groups.data.aws_iam_policy_document.eks_windows_cni",
            "module.eks-cluster-with-import-vpc.module.aws-eks-accelerator-for-terraform.module.aws_eks_self_managed_node_groups.data.aws_iam_policy_document.self_managed_ng_assume_role_policy",
            "module.eks-cluster-with-import-vpc.module.aws-eks-accelerator-for-terraform.module.aws_eks_self_managed_node_groups.module.launch_template_self_managed_ng.aws_launch_template.this",
            "module.eks-cluster-with-import-vpc.module.aws-eks-accelerator-for-terraform.module.aws_eks_self_managed_node_groups.module.launch_template_self_managed_ng.data.aws_eks_cluster.eks",
            "module.eks-cluster-with-import-vpc.module.aws-eks-accelerator-for-terraform.module.aws_eks_self_managed_node_groups.module.launch_template_self_managed_ng.data.aws_eks_cluster_auth.eks",
            "module.eks-cluster-with-import-vpc.module.aws-eks-accelerator-for-terraform.module.aws_eks_teams.aws_iam_policy.platform_team_eks_access",
            "module.eks-cluster-with-import-vpc.module.aws-eks-accelerator-for-terraform.module.aws_eks_teams.aws_iam_role.platform_team",
            "module.eks-cluster-with-import-vpc.module.aws-eks-accelerator-for-terraform.module.aws_eks_teams.aws_iam_role.team_access",
            "module.eks-cluster-with-import-vpc.module.aws-eks-accelerator-for-terraform.module.aws_eks_teams.aws_iam_role.team_sa_irsa",
            "module.eks-cluster-with-import-vpc.module.aws-eks-accelerator-for-terraform.module.aws_eks_teams.data.aws_caller_identity.current",
            "module.eks-cluster-with-import-vpc.module.aws-eks-accelerator-for-terraform.module.aws_eks_teams.data.aws_eks_cluster.eks_cluster",
            "module.eks-cluster-with-import-vpc.module.aws-eks-accelerator-for-terraform.module.aws_eks_teams.data.aws_iam_policy_document.platform_team_eks_access",
            "module.eks-cluster-with-import-vpc.module.aws-eks-accelerator-for-terraform.module.aws_eks_teams.data.aws_partition.current",
            "module.eks-cluster-with-import-vpc.module.aws-eks-accelerator-for-terraform.module.aws_eks_teams.data.aws_region.current",
            "module.eks-cluster-with-import-vpc.module.aws-eks-accelerator-for-terraform.module.aws_eks_teams.kubectl_manifest.team",
            "module.eks-cluster-with-import-vpc.module.aws-eks-accelerator-for-terraform.module.aws_eks_teams.kubernetes_cluster_role.team",
            "module.eks-cluster-with-import-vpc.module.aws-eks-accelerator-for-terraform.module.aws_eks_teams.kubernetes_cluster_role_binding.team",
            "module.eks-cluster-with-import-vpc.module.aws-eks-accelerator-for-terraform.module.aws_eks_teams.kubernetes_namespace.team",
            "module.eks-cluster-with-import-vpc.module.aws-eks-accelerator-for-terraform.module.aws_eks_teams.kubernetes_resource_quota.team_compute_quota",
            "module.eks-cluster-with-import-vpc.module.aws-eks-accelerator-for-terraform.module.aws_eks_teams.kubernetes_resource_quota.team_object_quota",
            "module.eks-cluster-with-import-vpc.module.aws-eks-accelerator-for-terraform.module.aws_eks_teams.kubernetes_role.team",
            "module.eks-cluster-with-import-vpc.module.aws-eks-accelerator-for-terraform.module.aws_eks_teams.kubernetes_role_binding.team",
            "module.eks-cluster-with-import-vpc.module.aws-eks-accelerator-for-terraform.module.aws_eks_teams.kubernetes_service_account.team",
            "module.eks-cluster-with-import-vpc.module.aws-eks-accelerator-for-terraform.module.aws_managed_prometheus.aws_prometheus_workspace.amp_workspace",
            "module.eks-cluster-with-import-vpc.module.aws-eks-accelerator-for-terraform.module.emr_on_eks.aws_iam_policy.emr_on_eks_execution",
            "module.eks-cluster-with-import-vpc.module.aws-eks-accelerator-for-terraform.module.emr_on_eks.aws_iam_role.emr_on_eks_execution",
            "module.eks-cluster-with-import-vpc.module.aws-eks-accelerator-for-terraform.module.emr_on_eks.aws_iam_role_policy_attachment.emr_on_eks_execution",
            "module.eks-cluster-with-import-vpc.module.aws-eks-accelerator-for-terraform.module.emr_on_eks.data.aws_caller_identity.current",
            "module.eks-cluster-with-import-vpc.module.aws-eks-accelerator-for-terraform.module.emr_on_eks.data.aws_iam_policy_document.emr_assume_role",
            "module.eks-cluster-with-import-vpc.module.aws-eks-accelerator-for-terraform.module.emr_on_eks.data.aws_iam_policy_document.emr_on_eks",
            "module.eks-cluster-with-import-vpc.module.aws-eks-accelerator-for-terraform.module.emr_on_eks.data.aws_partition.current",
            "module.eks-cluster-with-import-vpc.module.aws-eks-accelerator-for-terraform.module.emr_on_eks.data.aws_region.current",
            "module.eks-cluster-with-import-vpc.module.aws-eks-accelerator-for-terraform.module.emr_on_eks.kubernetes_namespace.spark",
            "module.eks-cluster-with-import-vpc.module.aws-eks-accelerator-for-terraform.module.emr_on_eks.kubernetes_role.emr_containers",
            "module.eks-cluster-with-import-vpc.module.aws-eks-accelerator-for-terraform.module.emr_on_eks.kubernetes_role_binding.emr_containers",
            "module.eks-cluster-with-import-vpc.module.aws-eks-accelerator-for-terraform.module.emr_on_eks.null_resource.update_trust_policy",
            "module.eks-cluster-with-import-vpc.module.aws-eks-accelerator-for-terraform.module.kms.aws_kms_alias.this",
            "module.eks-cluster-with-import-vpc.module.aws-eks-accelerator-for-terraform.module.kms.aws_kms_key.this",
            "module.eks-cluster-with-import-vpc.module.aws_vpc.aws_subnet.private",
            "module.eks-cluster-with-import-vpc.module.aws_vpc.aws_vpc.this",
            "module.eks-cluster-with-import-vpc.module.aws_vpc.aws_vpc_ipv4_cidr_block_association.this",
            "module.eks-cluster-with-import-vpc.module.kubernetes-addons.data.aws_caller_identity.current",
            "module.eks-cluster-with-import-vpc.module.kubernetes-addons.data.aws_eks_cluster.eks_cluster",
            "module.eks-cluster-with-import-vpc.module.kubernetes-addons.data.aws_partition.current",
            "module.eks-cluster-with-import-vpc.module.kubernetes-addons.data.aws_region.current",
            "module.eks-cluster-with-import-vpc.module.kubernetes-addons.module.argocd.data.aws_secretsmanager_secret.admin_password",
            "module.eks-cluster-with-import-vpc.module.kubernetes-addons.module.argocd.data.aws_secretsmanager_secret_version.admin_password_version",
            "module.eks-cluster-with-import-vpc.module.kubernetes-addons.module.argocd.kubernetes_namespace_v1.this",
            "module.eks-cluster-with-import-vpc.module.kubernetes-addons.module.argocd.module.helm_addon.helm_release.addon",
            "module.eks-cluster-with-import-vpc.module.kubernetes-addons.module.argocd.module.helm_addon.module.irsa.aws_iam_role.irsa",
            "module.eks-cluster-with-import-vpc.module.kubernetes-addons.module.argocd.module.helm_addon.module.irsa.aws_iam_role_policy_attachment.irsa",
            "module.eks-cluster-with-import-vpc.module.kubernetes-addons.module.argocd.module.helm_addon.module.irsa.kubernetes_namespace_v1.irsa",
            "module.eks-cluster-with-import-vpc.module.kubernetes-addons.module.argocd.module.helm_addon.module.irsa.kubernetes_service_account_v1.irsa",
            "module.eks-cluster-with-import-vpc.module.kubernetes-addons.module.aws_for_fluent_bit.aws_cloudwatch_log_group.aws_for_fluent_bit",
            "module.eks-cluster-with-import-vpc.module.kubernetes-addons.module.aws_for_fluent_bit.data.aws_iam_policy_document.kms",
            "module.eks-cluster-with-import-vpc.module.kubernetes-addons.module.aws_for_fluent_bit.data.aws_iam_session_context.current",
            "module.eks-cluster-with-import-vpc.module.kubernetes-addons.module.aws_for_fluent_bit.module.kms.aws_kms_key.this",
            "module.eks-cluster-with-import-vpc.module.kubernetes-addons.module.prometheus.aws_iam_policy.ingest",
            "module.eks-cluster-with-import-vpc.module.kubernetes-addons.module.prometheus.data.aws_iam_policy_document.ingest",
            "module.eks-cluster-with-import-vpc.module.kubernetes-addons.module.prometheus.kubernetes_namespace_v1.prometheus",
            "module.eks-cluster-with-import-vpc.module.kubernetes-addons.module.prometheus.module.irsa_amp_ingest.aws_iam_role.irsa"
          ]
        },
        {
          "index_key": "vault",
          "schema_version": 0,
          "attributes": {
            "atomic": false,
            "chart": "../../../modules/kubernetes-addons/argocd/argocd-application",
            "cleanup_on_fail": false,
            "create_namespace": false,
            "dependency_update": false,
            "description": null,
            "devel": null,
            "disable_crd_hooks": false,
            "disable_openapi_validation": false,
            "disable_webhooks": false,
            "force_update": false,
            "id": "vault",
            "keyring": null,
            "lint": false,
            "manifest": null,
            "max_history": 0,
            "metadata": [
              {
                "app_version": "0.1.0",
                "chart": "argo-application",
                "name": "vault",
                "namespace": "argocd",
                "revision": 4,
                "values": "{\"destination\":{\"server\":\"https://kubernetes.default.svc\"},\"name\":\"vault\",\"project\":\"default\",\"source\":{\"helm\":{\"releaseName\":\"vault\",\"values\":\"\\\"account\\\": \\\"411309562081\\\"\\n\\\"clusterName\\\": \\\"eclipz-sndbx-devops-eks\\\"\\n\\\"region\\\": \\\"us-east-1\\\"\\n\\\"repo_url\\\": \\\"https://github.com/nouman2ahmed/vault-helm\\\"\\n\"},\"path\":\".\",\"repoUrl\":\"https://github.com/nouman2ahmed/vault-helm\",\"targetRevision\":\"HEAD\"}}",
                "version": "0.1.0"
              }
            ],
            "name": "vault",
            "namespace": "argocd",
            "pass_credentials": false,
            "postrender": [],
            "recreate_pods": false,
            "render_subchart_notes": true,
            "replace": false,
            "repository": null,
            "repository_ca_file": null,
            "repository_cert_file": null,
            "repository_key_file": null,
            "repository_password": null,
            "repository_username": null,
            "reset_values": false,
            "reuse_values": false,
            "set": [
              {
                "name": "destination.server",
                "type": null,
                "value": "https://kubernetes.default.svc"
              },
              {
                "name": "name",
                "type": null,
                "value": "vault"
              },
              {
                "name": "project",
                "type": null,
                "value": "default"
              },
              {
                "name": "source.helm.releaseName",
                "type": null,
                "value": "vault"
              },
              {
                "name": "source.helm.values",
                "type": "",
                "value": "\"account\": \"411309562081\"\n\"clusterName\": \"eclipz-sndbx-devops-eks\"\n\"region\": \"us-east-1\"\n\"repo_url\": \"https://github.com/nouman2ahmed/vault-helm\"\n"
              },
              {
                "name": "source.path",
                "type": null,
                "value": "."
              },
              {
                "name": "source.repoUrl",
                "type": "",
                "value": "https://github.com/nouman2ahmed/vault-helm"
              },
              {
                "name": "source.targetRevision",
                "type": null,
                "value": "HEAD"
              }
            ],
            "set_sensitive": [],
            "skip_crds": false,
            "status": "deployed",
            "timeout": 300,
            "values": null,
            "verify": false,
            "version": "0.1.0",
            "wait": true,
            "wait_for_jobs": false
          },
          "sensitive_attributes": [],
          "private": "bnVsbA==",
          "dependencies": [
            "module.eks-cluster-with-import-vpc.data.aws_availability_zones.available",
            "module.eks-cluster-with-import-vpc.data.aws_eks_cluster.cluster",
            "module.eks-cluster-with-import-vpc.data.aws_eks_cluster_auth.cluster",
            "module.eks-cluster-with-import-vpc.module.aws-eks-accelerator-for-terraform.data.aws_availability_zones.available",
            "module.eks-cluster-with-import-vpc.module.aws-eks-accelerator-for-terraform.data.aws_caller_identity.current",
            "module.eks-cluster-with-import-vpc.module.aws-eks-accelerator-for-terraform.data.aws_eks_cluster.cluster",
            "module.eks-cluster-with-import-vpc.module.aws-eks-accelerator-for-terraform.data.aws_eks_cluster_auth.cluster",
            "module.eks-cluster-with-import-vpc.module.aws-eks-accelerator-for-terraform.data.aws_iam_policy_document.eks_key",
            "module.eks-cluster-with-import-vpc.module.aws-eks-accelerator-for-terraform.data.aws_iam_session_context.current",
            "module.eks-cluster-with-import-vpc.module.aws-eks-accelerator-for-terraform.data.aws_partition.current",
            "module.eks-cluster-with-import-vpc.module.aws-eks-accelerator-for-terraform.data.aws_region.current",
            "module.eks-cluster-with-import-vpc.module.aws-eks-accelerator-for-terraform.data.http.eks_cluster_readiness",
            "module.eks-cluster-with-import-vpc.module.aws-eks-accelerator-for-terraform.kubernetes_config_map.amazon_vpc_cni",
            "module.eks-cluster-with-import-vpc.module.aws-eks-accelerator-for-terraform.kubernetes_config_map.aws_auth",
            "module.eks-cluster-with-import-vpc.module.aws-eks-accelerator-for-terraform.module.aws_eks.aws_cloudwatch_log_group.this",
            "module.eks-cluster-with-import-vpc.module.aws-eks-accelerator-for-terraform.module.aws_eks.aws_eks_addon.this",
            "module.eks-cluster-with-import-vpc.module.aws-eks-accelerator-for-terraform.module.aws_eks.aws_eks_cluster.this",
            "module.eks-cluster-with-import-vpc.module.aws-eks-accelerator-for-terraform.module.aws_eks.aws_eks_identity_provider_config.this",
            "module.eks-cluster-with-import-vpc.module.aws-eks-accelerator-for-terraform.module.aws_eks.aws_iam_openid_connect_provider.oidc_provider",
            "module.eks-cluster-with-import-vpc.module.aws-eks-accelerator-for-terraform.module.aws_eks.aws_iam_policy.cluster_encryption",
            "module.eks-cluster-with-import-vpc.module.aws-eks-accelerator-for-terraform.module.aws_eks.aws_iam_policy.cni_ipv6_policy",
            "module.eks-cluster-with-import-vpc.module.aws-eks-accelerator-for-terraform.module.aws_eks.aws_iam_role.this",
            "module.eks-cluster-with-import-vpc.module.aws-eks-accelerator-for-terraform.module.aws_eks.aws_iam_role_policy_attachment.cluster_encryption",
            "module.eks-cluster-with-import-vpc.module.aws-eks-accelerator-for-terraform.module.aws_eks.aws_iam_role_policy_attachment.this",
            "module.eks-cluster-with-import-vpc.module.aws-eks-accelerator-for-terraform.module.aws_eks.aws_security_group.cluster",
            "module.eks-cluster-with-import-vpc.module.aws-eks-accelerator-for-terraform.module.aws_eks.aws_security_group.node",
            "module.eks-cluster-with-import-vpc.module.aws-eks-accelerator-for-terraform.module.aws_eks.aws_security_group_rule.cluster",
            "module.eks-cluster-with-import-vpc.module.aws-eks-accelerator-for-terraform.module.aws_eks.aws_security_group_rule.node",
            "module.eks-cluster-with-import-vpc.module.aws-eks-accelerator-for-terraform.module.aws_eks.data.aws_iam_policy_document.assume_role_policy",
            "module.eks-cluster-with-import-vpc.module.aws-eks-accelerator-for-terraform.module.aws_eks.data.aws_iam_policy_document.cni_ipv6_policy",
            "module.eks-cluster-with-import-vpc.module.aws-eks-accelerator-for-terraform.module.aws_eks.data.aws_partition.current",
            "module.eks-cluster-with-import-vpc.module.aws-eks-accelerator-for-terraform.module.aws_eks.data.tls_certificate.this",
            "module.eks-cluster-with-import-vpc.module.aws-eks-accelerator-for-terraform.module.aws_eks.module.eks_managed_node_group.aws_eks_node_group.this",
            "module.eks-cluster-with-import-vpc.module.aws-eks-accelerator-for-terraform.module.aws_eks.module.eks_managed_node_group.aws_iam_role.this",
            "module.eks-cluster-with-import-vpc.module.aws-eks-accelerator-for-terraform.module.aws_eks.module.eks_managed_node_group.aws_iam_role_policy_attachment.this",
            "module.eks-cluster-with-import-vpc.module.aws-eks-accelerator-for-terraform.module.aws_eks.module.eks_managed_node_group.aws_launch_template.this",
            "module.eks-cluster-with-import-vpc.module.aws-eks-accelerator-for-terraform.module.aws_eks.module.eks_managed_node_group.aws_security_group.this",
            "module.eks-cluster-with-import-vpc.module.aws-eks-accelerator-for-terraform.module.aws_eks.module.eks_managed_node_group.aws_security_group_rule.this",
            "module.eks-cluster-with-import-vpc.module.aws-eks-accelerator-for-terraform.module.aws_eks.module.eks_managed_node_group.data.aws_caller_identity.current",
            "module.eks-cluster-with-import-vpc.module.aws-eks-accelerator-for-terraform.module.aws_eks.module.eks_managed_node_group.data.aws_iam_policy_document.assume_role_policy",
            "module.eks-cluster-with-import-vpc.module.aws-eks-accelerator-for-terraform.module.aws_eks.module.eks_managed_node_group.data.aws_partition.current",
            "module.eks-cluster-with-import-vpc.module.aws-eks-accelerator-for-terraform.module.aws_eks.module.eks_managed_node_group.module.user_data.data.cloudinit_config.linux_eks_managed_node_group",
            "module.eks-cluster-with-import-vpc.module.aws-eks-accelerator-for-terraform.module.aws_eks.module.fargate_profile.aws_eks_fargate_profile.this",
            "module.eks-cluster-with-import-vpc.module.aws-eks-accelerator-for-terraform.module.aws_eks.module.fargate_profile.aws_iam_role.this",
            "module.eks-cluster-with-import-vpc.module.aws-eks-accelerator-for-terraform.module.aws_eks.module.fargate_profile.aws_iam_role_policy_attachment.this",
            "module.eks-cluster-with-import-vpc.module.aws-eks-accelerator-for-terraform.module.aws_eks.module.fargate_profile.data.aws_caller_identity.current",
            "module.eks-cluster-with-import-vpc.module.aws-eks-accelerator-for-terraform.module.aws_eks.module.fargate_profile.data.aws_iam_policy_document.assume_role_policy",
            "module.eks-cluster-with-import-vpc.module.aws-eks-accelerator-for-terraform.module.aws_eks.module.fargate_profile.data.aws_partition.current",
            "module.eks-cluster-with-import-vpc.module.aws-eks-accelerator-for-terraform.module.aws_eks.module.self_managed_node_group.aws_autoscaling_group.this",
            "module.eks-cluster-with-import-vpc.module.aws-eks-accelerator-for-terraform.module.aws_eks.module.self_managed_node_group.aws_autoscaling_schedule.this",
            "module.eks-cluster-with-import-vpc.module.aws-eks-accelerator-for-terraform.module.aws_eks.module.self_managed_node_group.aws_iam_instance_profile.this",
            "module.eks-cluster-with-import-vpc.module.aws-eks-accelerator-for-terraform.module.aws_eks.module.self_managed_node_group.aws_iam_role.this",
            "module.eks-cluster-with-import-vpc.module.aws-eks-accelerator-for-terraform.module.aws_eks.module.self_managed_node_group.aws_iam_role_policy_attachment.this",
            "module.eks-cluster-with-import-vpc.module.aws-eks-accelerator-for-terraform.module.aws_eks.module.self_managed_node_group.aws_launch_template.this",
            "module.eks-cluster-with-import-vpc.module.aws-eks-accelerator-for-terraform.module.aws_eks.module.self_managed_node_group.aws_security_group.this",
            "module.eks-cluster-with-import-vpc.module.aws-eks-accelerator-for-terraform.module.aws_eks.module.self_managed_node_group.aws_security_group_rule.this",
            "module.eks-cluster-with-import-vpc.module.aws-eks-accelerator-for-terraform.module.aws_eks.module.self_managed_node_group.data.aws_ami.eks_default",
            "module.eks-cluster-with-import-vpc.module.aws-eks-accelerator-for-terraform.module.aws_eks.module.self_managed_node_group.data.aws_caller_identity.current",
            "module.eks-cluster-with-import-vpc.module.aws-eks-accelerator-for-terraform.module.aws_eks.module.self_managed_node_group.data.aws_iam_policy_document.assume_role_policy",
            "module.eks-cluster-with-import-vpc.module.aws-eks-accelerator-for-terraform.module.aws_eks.module.self_managed_node_group.data.aws_partition.current",
            "module.eks-cluster-with-import-vpc.module.aws-eks-accelerator-for-terraform.module.aws_eks.module.self_managed_node_group.module.user_data.data.cloudinit_config.linux_eks_managed_node_group",
            "module.eks-cluster-with-import-vpc.module.aws-eks-accelerator-for-terraform.module.aws_eks_fargate_profiles.aws_eks_fargate_profile.eks_fargate",
            "module.eks-cluster-with-import-vpc.module.aws-eks-accelerator-for-terraform.module.aws_eks_fargate_profiles.aws_iam_policy.cwlogs",
            "module.eks-cluster-with-import-vpc.module.aws-eks-accelerator-for-terraform.module.aws_eks_fargate_profiles.aws_iam_role.fargate",
            "module.eks-cluster-with-import-vpc.module.aws-eks-accelerator-for-terraform.module.aws_eks_fargate_profiles.aws_iam_role_policy_attachment.cwlogs",
            "module.eks-cluster-with-import-vpc.module.aws-eks-accelerator-for-terraform.module.aws_eks_fargate_profiles.aws_iam_role_policy_attachment.fargate_pod_execution_role_policy",
            "module.eks-cluster-with-import-vpc.module.aws-eks-accelerator-for-terraform.module.aws_eks_fargate_profiles.data.aws_iam_policy_document.cwlogs",
            "module.eks-cluster-with-import-vpc.module.aws-eks-accelerator-for-terraform.module.aws_eks_fargate_profiles.data.aws_iam_policy_document.fargate_assume_role_policy",
            "module.eks-cluster-with-import-vpc.module.aws-eks-accelerator-for-terraform.module.aws_eks_managed_node_groups.aws_eks_node_group.managed_ng",
            "module.eks-cluster-with-import-vpc.module.aws-eks-accelerator-for-terraform.module.aws_eks_managed_node_groups.aws_iam_instance_profile.managed_ng",
            "module.eks-cluster-with-import-vpc.module.aws-eks-accelerator-for-terraform.module.aws_eks_managed_node_groups.aws_iam_role.managed_ng",
            "module.eks-cluster-with-import-vpc.module.aws-eks-accelerator-for-terraform.module.aws_eks_managed_node_groups.aws_iam_role_policy_attachment.managed_ng",
            "module.eks-cluster-with-import-vpc.module.aws-eks-accelerator-for-terraform.module.aws_eks_managed_node_groups.aws_iam_role_policy_attachment.managed_ng_AmazonEC2ContainerRegistryReadOnly",
            "module.eks-cluster-with-import-vpc.module.aws-eks-accelerator-for-terraform.module.aws_eks_managed_node_groups.aws_iam_role_policy_attachment.managed_ng_AmazonEKSWorkerNodePolicy",
            "module.eks-cluster-with-import-vpc.module.aws-eks-accelerator-for-terraform.module.aws_eks_managed_node_groups.aws_iam_role_policy_attachment.managed_ng_AmazonEKS_CNI_Policy",
            "module.eks-cluster-with-import-vpc.module.aws-eks-accelerator-for-terraform.module.aws_eks_managed_node_groups.aws_iam_role_policy_attachment.managed_ng_AmazonSSMManagedInstanceCore",
            "module.eks-cluster-with-import-vpc.module.aws-eks-accelerator-for-terraform.module.aws_eks_managed_node_groups.aws_launch_template.managed_node_groups",
            "module.eks-cluster-with-import-vpc.module.aws-eks-accelerator-for-terraform.module.aws_eks_managed_node_groups.data.aws_iam_policy_document.managed_ng_assume_role_policy",
            "module.eks-cluster-with-import-vpc.module.aws-eks-accelerator-for-terraform.module.aws_eks_self_managed_node_groups.aws_autoscaling_group.self_managed_ng",
            "module.eks-cluster-with-import-vpc.module.aws-eks-accelerator-for-terraform.module.aws_eks_self_managed_node_groups.aws_iam_instance_profile.self_managed_ng",
            "module.eks-cluster-with-import-vpc.module.aws-eks-accelerator-for-terraform.module.aws_eks_self_managed_node_groups.aws_iam_policy.eks_windows_cni",
            "module.eks-cluster-with-import-vpc.module.aws-eks-accelerator-for-terraform.module.aws_eks_self_managed_node_groups.aws_iam_role.self_managed_ng",
            "module.eks-cluster-with-import-vpc.module.aws-eks-accelerator-for-terraform.module.aws_eks_self_managed_node_groups.aws_iam_role_policy_attachment.eks_windows_cni",
            "module.eks-cluster-with-import-vpc.module.aws-eks-accelerator-for-terraform.module.aws_eks_self_managed_node_groups.aws_iam_role_policy_attachment.self_managed_ng",
            "module.eks-cluster-with-import-vpc.module.aws-eks-accelerator-for-terraform.module.aws_eks_self_managed_node_groups.data.aws_ami.predefined",
            "module.eks-cluster-with-import-vpc.module.aws-eks-accelerator-for-terraform.module.aws_eks_self_managed_node_groups.data.aws_iam_policy_document.eks_windows_cni",
            "module.eks-cluster-with-import-vpc.module.aws-eks-accelerator-for-terraform.module.aws_eks_self_managed_node_groups.data.aws_iam_policy_document.self_managed_ng_assume_role_policy",
            "module.eks-cluster-with-import-vpc.module.aws-eks-accelerator-for-terraform.module.aws_eks_self_managed_node_groups.module.launch_template_self_managed_ng.aws_launch_template.this",
            "module.eks-cluster-with-import-vpc.module.aws-eks-accelerator-for-terraform.module.aws_eks_self_managed_node_groups.module.launch_template_self_managed_ng.data.aws_eks_cluster.eks",
            "module.eks-cluster-with-import-vpc.module.aws-eks-accelerator-for-terraform.module.aws_eks_self_managed_node_groups.module.launch_template_self_managed_ng.data.aws_eks_cluster_auth.eks",
            "module.eks-cluster-with-import-vpc.module.aws-eks-accelerator-for-terraform.module.aws_eks_teams.aws_iam_policy.platform_team_eks_access",
            "module.eks-cluster-with-import-vpc.module.aws-eks-accelerator-for-terraform.module.aws_eks_teams.aws_iam_role.platform_team",
            "module.eks-cluster-with-import-vpc.module.aws-eks-accelerator-for-terraform.module.aws_eks_teams.aws_iam_role.team_access",
            "module.eks-cluster-with-import-vpc.module.aws-eks-accelerator-for-terraform.module.aws_eks_teams.aws_iam_role.team_sa_irsa",
            "module.eks-cluster-with-import-vpc.module.aws-eks-accelerator-for-terraform.module.aws_eks_teams.data.aws_caller_identity.current",
            "module.eks-cluster-with-import-vpc.module.aws-eks-accelerator-for-terraform.module.aws_eks_teams.data.aws_eks_cluster.eks_cluster",
            "module.eks-cluster-with-import-vpc.module.aws-eks-accelerator-for-terraform.module.aws_eks_teams.data.aws_iam_policy_document.platform_team_eks_access",
            "module.eks-cluster-with-import-vpc.module.aws-eks-accelerator-for-terraform.module.aws_eks_teams.data.aws_partition.current",
            "module.eks-cluster-with-import-vpc.module.aws-eks-accelerator-for-terraform.module.aws_eks_teams.data.aws_region.current",
            "module.eks-cluster-with-import-vpc.module.aws-eks-accelerator-for-terraform.module.aws_eks_teams.kubectl_manifest.team",
            "module.eks-cluster-with-import-vpc.module.aws-eks-accelerator-for-terraform.module.aws_eks_teams.kubernetes_cluster_role.team",
            "module.eks-cluster-with-import-vpc.module.aws-eks-accelerator-for-terraform.module.aws_eks_teams.kubernetes_cluster_role_binding.team",
            "module.eks-cluster-with-import-vpc.module.aws-eks-accelerator-for-terraform.module.aws_eks_teams.kubernetes_namespace.team",
            "module.eks-cluster-with-import-vpc.module.aws-eks-accelerator-for-terraform.module.aws_eks_teams.kubernetes_resource_quota.team_compute_quota",
            "module.eks-cluster-with-import-vpc.module.aws-eks-accelerator-for-terraform.module.aws_eks_teams.kubernetes_resource_quota.team_object_quota",
            "module.eks-cluster-with-import-vpc.module.aws-eks-accelerator-for-terraform.module.aws_eks_teams.kubernetes_role.team",
            "module.eks-cluster-with-import-vpc.module.aws-eks-accelerator-for-terraform.module.aws_eks_teams.kubernetes_role_binding.team",
            "module.eks-cluster-with-import-vpc.module.aws-eks-accelerator-for-terraform.module.aws_eks_teams.kubernetes_service_account.team",
            "module.eks-cluster-with-import-vpc.module.aws-eks-accelerator-for-terraform.module.aws_managed_prometheus.aws_prometheus_workspace.amp_workspace",
            "module.eks-cluster-with-import-vpc.module.aws-eks-accelerator-for-terraform.module.emr_on_eks.aws_iam_policy.emr_on_eks_execution",
            "module.eks-cluster-with-import-vpc.module.aws-eks-accelerator-for-terraform.module.emr_on_eks.aws_iam_role.emr_on_eks_execution",
            "module.eks-cluster-with-import-vpc.module.aws-eks-accelerator-for-terraform.module.emr_on_eks.aws_iam_role_policy_attachment.emr_on_eks_execution",
            "module.eks-cluster-with-import-vpc.module.aws-eks-accelerator-for-terraform.module.emr_on_eks.data.aws_caller_identity.current",
            "module.eks-cluster-with-import-vpc.module.aws-eks-accelerator-for-terraform.module.emr_on_eks.data.aws_iam_policy_document.emr_assume_role",
            "module.eks-cluster-with-import-vpc.module.aws-eks-accelerator-for-terraform.module.emr_on_eks.data.aws_iam_policy_document.emr_on_eks",
            "module.eks-cluster-with-import-vpc.module.aws-eks-accelerator-for-terraform.module.emr_on_eks.data.aws_partition.current",
            "module.eks-cluster-with-import-vpc.module.aws-eks-accelerator-for-terraform.module.emr_on_eks.data.aws_region.current",
            "module.eks-cluster-with-import-vpc.module.aws-eks-accelerator-for-terraform.module.emr_on_eks.kubernetes_namespace.spark",
            "module.eks-cluster-with-import-vpc.module.aws-eks-accelerator-for-terraform.module.emr_on_eks.kubernetes_role.emr_containers",
            "module.eks-cluster-with-import-vpc.module.aws-eks-accelerator-for-terraform.module.emr_on_eks.kubernetes_role_binding.emr_containers",
            "module.eks-cluster-with-import-vpc.module.aws-eks-accelerator-for-terraform.module.emr_on_eks.null_resource.update_trust_policy",
            "module.eks-cluster-with-import-vpc.module.aws-eks-accelerator-for-terraform.module.kms.aws_kms_alias.this",
            "module.eks-cluster-with-import-vpc.module.aws-eks-accelerator-for-terraform.module.kms.aws_kms_key.this",
            "module.eks-cluster-with-import-vpc.module.aws_vpc.aws_subnet.private",
            "module.eks-cluster-with-import-vpc.module.aws_vpc.aws_vpc.this",
            "module.eks-cluster-with-import-vpc.module.kubernetes-addons.data.aws_caller_identity.current",
            "module.eks-cluster-with-import-vpc.module.kubernetes-addons.data.aws_eks_cluster.eks_cluster",
            "module.eks-cluster-with-import-vpc.module.kubernetes-addons.data.aws_partition.current",
            "module.eks-cluster-with-import-vpc.module.kubernetes-addons.data.aws_region.current",
            "module.eks-cluster-with-import-vpc.module.kubernetes-addons.module.argocd.data.aws_secretsmanager_secret_version.admin_password_version",
            "module.eks-cluster-with-import-vpc.module.kubernetes-addons.module.argocd.kubernetes_namespace_v1.this",
            "module.eks-cluster-with-import-vpc.module.kubernetes-addons.module.argocd.module.helm_addon.helm_release.addon",
            "module.eks-cluster-with-import-vpc.module.kubernetes-addons.module.argocd.module.helm_addon.module.irsa.aws_iam_role.irsa",
            "module.eks-cluster-with-import-vpc.module.kubernetes-addons.module.argocd.module.helm_addon.module.irsa.aws_iam_role_policy_attachment.irsa",
            "module.eks-cluster-with-import-vpc.module.kubernetes-addons.module.argocd.module.helm_addon.module.irsa.kubernetes_namespace_v1.irsa",
            "module.eks-cluster-with-import-vpc.module.kubernetes-addons.module.argocd.module.helm_addon.module.irsa.kubernetes_service_account_v1.irsa",
            "module.eks-cluster-with-import-vpc.module.kubernetes-addons.module.aws_for_fluent_bit.aws_cloudwatch_log_group.aws_for_fluent_bit",
            "module.eks-cluster-with-import-vpc.module.kubernetes-addons.module.prometheus.aws_iam_policy.ingest",
            "module.eks-cluster-with-import-vpc.module.kubernetes-addons.module.prometheus.kubernetes_namespace_v1.prometheus",
            "module.eks-cluster-with-import-vpc.module.kubernetes-addons.module.prometheus.module.irsa_amp_ingest.aws_iam_role.irsa"
          ]
        }
      ]
    },
    {
      "module": "module.eks-cluster-with-import-vpc.module.kubernetes-addons.module.argocd[0]",
      "mode": "managed",
      "type": "kubernetes_namespace_v1",
      "name": "this",
      "provider": "module.eks-cluster-with-import-vpc.provider[\"registry.terraform.io/hashicorp/kubernetes\"]",
      "instances": [
        {
          "schema_version": 0,
          "attributes": {
            "id": "argocd",
            "metadata": [
              {
                "annotations": {},
                "generate_name": "",
                "generation": 0,
                "labels": {
                  "app.kubernetes.io/managed-by": "terraform-eks-blueprints"
                },
                "name": "argocd",
                "resource_version": "1869",
                "uid": "b566a1e1-f39e-4687-8b64-95a466273ca4"
              }
            ],
            "timeouts": null
          },
          "sensitive_attributes": [],
          "private": "eyJlMmJmYjczMC1lY2FhLTExZTYtOGY4OC0zNDM2M2JjN2M0YzAiOnsiZGVsZXRlIjozMDAwMDAwMDAwMDB9fQ==",
          "dependencies": [
            "module.eks-cluster-with-import-vpc.data.aws_availability_zones.available",
            "module.eks-cluster-with-import-vpc.data.aws_eks_cluster.cluster",
            "module.eks-cluster-with-import-vpc.data.aws_eks_cluster_auth.cluster",
            "module.eks-cluster-with-import-vpc.module.aws-eks-accelerator-for-terraform.data.aws_availability_zones.available",
            "module.eks-cluster-with-import-vpc.module.aws-eks-accelerator-for-terraform.data.aws_caller_identity.current",
            "module.eks-cluster-with-import-vpc.module.aws-eks-accelerator-for-terraform.data.aws_eks_cluster.cluster",
            "module.eks-cluster-with-import-vpc.module.aws-eks-accelerator-for-terraform.data.aws_eks_cluster_auth.cluster",
            "module.eks-cluster-with-import-vpc.module.aws-eks-accelerator-for-terraform.data.aws_iam_policy_document.eks_key",
            "module.eks-cluster-with-import-vpc.module.aws-eks-accelerator-for-terraform.data.aws_iam_session_context.current",
            "module.eks-cluster-with-import-vpc.module.aws-eks-accelerator-for-terraform.data.aws_partition.current",
            "module.eks-cluster-with-import-vpc.module.aws-eks-accelerator-for-terraform.data.aws_region.current",
            "module.eks-cluster-with-import-vpc.module.aws-eks-accelerator-for-terraform.data.http.eks_cluster_readiness",
            "module.eks-cluster-with-import-vpc.module.aws-eks-accelerator-for-terraform.kubernetes_config_map.amazon_vpc_cni",
            "module.eks-cluster-with-import-vpc.module.aws-eks-accelerator-for-terraform.kubernetes_config_map.aws_auth",
            "module.eks-cluster-with-import-vpc.module.aws-eks-accelerator-for-terraform.module.aws_eks.aws_cloudwatch_log_group.this",
            "module.eks-cluster-with-import-vpc.module.aws-eks-accelerator-for-terraform.module.aws_eks.aws_eks_addon.this",
            "module.eks-cluster-with-import-vpc.module.aws-eks-accelerator-for-terraform.module.aws_eks.aws_eks_cluster.this",
            "module.eks-cluster-with-import-vpc.module.aws-eks-accelerator-for-terraform.module.aws_eks.aws_eks_identity_provider_config.this",
            "module.eks-cluster-with-import-vpc.module.aws-eks-accelerator-for-terraform.module.aws_eks.aws_iam_openid_connect_provider.oidc_provider",
            "module.eks-cluster-with-import-vpc.module.aws-eks-accelerator-for-terraform.module.aws_eks.aws_iam_policy.cluster_encryption",
            "module.eks-cluster-with-import-vpc.module.aws-eks-accelerator-for-terraform.module.aws_eks.aws_iam_policy.cni_ipv6_policy",
            "module.eks-cluster-with-import-vpc.module.aws-eks-accelerator-for-terraform.module.aws_eks.aws_iam_role.this",
            "module.eks-cluster-with-import-vpc.module.aws-eks-accelerator-for-terraform.module.aws_eks.aws_iam_role_policy_attachment.cluster_encryption",
            "module.eks-cluster-with-import-vpc.module.aws-eks-accelerator-for-terraform.module.aws_eks.aws_iam_role_policy_attachment.this",
            "module.eks-cluster-with-import-vpc.module.aws-eks-accelerator-for-terraform.module.aws_eks.aws_security_group.cluster",
            "module.eks-cluster-with-import-vpc.module.aws-eks-accelerator-for-terraform.module.aws_eks.aws_security_group.node",
            "module.eks-cluster-with-import-vpc.module.aws-eks-accelerator-for-terraform.module.aws_eks.aws_security_group_rule.cluster",
            "module.eks-cluster-with-import-vpc.module.aws-eks-accelerator-for-terraform.module.aws_eks.aws_security_group_rule.node",
            "module.eks-cluster-with-import-vpc.module.aws-eks-accelerator-for-terraform.module.aws_eks.data.aws_iam_policy_document.assume_role_policy",
            "module.eks-cluster-with-import-vpc.module.aws-eks-accelerator-for-terraform.module.aws_eks.data.aws_iam_policy_document.cni_ipv6_policy",
            "module.eks-cluster-with-import-vpc.module.aws-eks-accelerator-for-terraform.module.aws_eks.data.aws_partition.current",
            "module.eks-cluster-with-import-vpc.module.aws-eks-accelerator-for-terraform.module.aws_eks.data.tls_certificate.this",
            "module.eks-cluster-with-import-vpc.module.aws-eks-accelerator-for-terraform.module.aws_eks.module.eks_managed_node_group.aws_eks_node_group.this",
            "module.eks-cluster-with-import-vpc.module.aws-eks-accelerator-for-terraform.module.aws_eks.module.eks_managed_node_group.aws_iam_role.this",
            "module.eks-cluster-with-import-vpc.module.aws-eks-accelerator-for-terraform.module.aws_eks.module.eks_managed_node_group.aws_iam_role_policy_attachment.this",
            "module.eks-cluster-with-import-vpc.module.aws-eks-accelerator-for-terraform.module.aws_eks.module.eks_managed_node_group.aws_launch_template.this",
            "module.eks-cluster-with-import-vpc.module.aws-eks-accelerator-for-terraform.module.aws_eks.module.eks_managed_node_group.aws_security_group.this",
            "module.eks-cluster-with-import-vpc.module.aws-eks-accelerator-for-terraform.module.aws_eks.module.eks_managed_node_group.aws_security_group_rule.this",
            "module.eks-cluster-with-import-vpc.module.aws-eks-accelerator-for-terraform.module.aws_eks.module.eks_managed_node_group.data.aws_caller_identity.current",
            "module.eks-cluster-with-import-vpc.module.aws-eks-accelerator-for-terraform.module.aws_eks.module.eks_managed_node_group.data.aws_iam_policy_document.assume_role_policy",
            "module.eks-cluster-with-import-vpc.module.aws-eks-accelerator-for-terraform.module.aws_eks.module.eks_managed_node_group.data.aws_partition.current",
            "module.eks-cluster-with-import-vpc.module.aws-eks-accelerator-for-terraform.module.aws_eks.module.eks_managed_node_group.module.user_data.data.cloudinit_config.linux_eks_managed_node_group",
            "module.eks-cluster-with-import-vpc.module.aws-eks-accelerator-for-terraform.module.aws_eks.module.fargate_profile.aws_eks_fargate_profile.this",
            "module.eks-cluster-with-import-vpc.module.aws-eks-accelerator-for-terraform.module.aws_eks.module.fargate_profile.aws_iam_role.this",
            "module.eks-cluster-with-import-vpc.module.aws-eks-accelerator-for-terraform.module.aws_eks.module.fargate_profile.aws_iam_role_policy_attachment.this",
            "module.eks-cluster-with-import-vpc.module.aws-eks-accelerator-for-terraform.module.aws_eks.module.fargate_profile.data.aws_caller_identity.current",
            "module.eks-cluster-with-import-vpc.module.aws-eks-accelerator-for-terraform.module.aws_eks.module.fargate_profile.data.aws_iam_policy_document.assume_role_policy",
            "module.eks-cluster-with-import-vpc.module.aws-eks-accelerator-for-terraform.module.aws_eks.module.fargate_profile.data.aws_partition.current",
            "module.eks-cluster-with-import-vpc.module.aws-eks-accelerator-for-terraform.module.aws_eks.module.self_managed_node_group.aws_autoscaling_group.this",
            "module.eks-cluster-with-import-vpc.module.aws-eks-accelerator-for-terraform.module.aws_eks.module.self_managed_node_group.aws_autoscaling_schedule.this",
            "module.eks-cluster-with-import-vpc.module.aws-eks-accelerator-for-terraform.module.aws_eks.module.self_managed_node_group.aws_iam_instance_profile.this",
            "module.eks-cluster-with-import-vpc.module.aws-eks-accelerator-for-terraform.module.aws_eks.module.self_managed_node_group.aws_iam_role.this",
            "module.eks-cluster-with-import-vpc.module.aws-eks-accelerator-for-terraform.module.aws_eks.module.self_managed_node_group.aws_iam_role_policy_attachment.this",
            "module.eks-cluster-with-import-vpc.module.aws-eks-accelerator-for-terraform.module.aws_eks.module.self_managed_node_group.aws_launch_template.this",
            "module.eks-cluster-with-import-vpc.module.aws-eks-accelerator-for-terraform.module.aws_eks.module.self_managed_node_group.aws_security_group.this",
            "module.eks-cluster-with-import-vpc.module.aws-eks-accelerator-for-terraform.module.aws_eks.module.self_managed_node_group.aws_security_group_rule.this",
            "module.eks-cluster-with-import-vpc.module.aws-eks-accelerator-for-terraform.module.aws_eks.module.self_managed_node_group.data.aws_ami.eks_default",
            "module.eks-cluster-with-import-vpc.module.aws-eks-accelerator-for-terraform.module.aws_eks.module.self_managed_node_group.data.aws_caller_identity.current",
            "module.eks-cluster-with-import-vpc.module.aws-eks-accelerator-for-terraform.module.aws_eks.module.self_managed_node_group.data.aws_iam_policy_document.assume_role_policy",
            "module.eks-cluster-with-import-vpc.module.aws-eks-accelerator-for-terraform.module.aws_eks.module.self_managed_node_group.data.aws_partition.current",
            "module.eks-cluster-with-import-vpc.module.aws-eks-accelerator-for-terraform.module.aws_eks.module.self_managed_node_group.module.user_data.data.cloudinit_config.linux_eks_managed_node_group",
            "module.eks-cluster-with-import-vpc.module.aws-eks-accelerator-for-terraform.module.aws_eks_fargate_profiles.aws_eks_fargate_profile.eks_fargate",
            "module.eks-cluster-with-import-vpc.module.aws-eks-accelerator-for-terraform.module.aws_eks_fargate_profiles.aws_iam_policy.cwlogs",
            "module.eks-cluster-with-import-vpc.module.aws-eks-accelerator-for-terraform.module.aws_eks_fargate_profiles.aws_iam_role.fargate",
            "module.eks-cluster-with-import-vpc.module.aws-eks-accelerator-for-terraform.module.aws_eks_fargate_profiles.aws_iam_role_policy_attachment.cwlogs",
            "module.eks-cluster-with-import-vpc.module.aws-eks-accelerator-for-terraform.module.aws_eks_fargate_profiles.aws_iam_role_policy_attachment.fargate_pod_execution_role_policy",
            "module.eks-cluster-with-import-vpc.module.aws-eks-accelerator-for-terraform.module.aws_eks_fargate_profiles.data.aws_iam_policy_document.cwlogs",
            "module.eks-cluster-with-import-vpc.module.aws-eks-accelerator-for-terraform.module.aws_eks_fargate_profiles.data.aws_iam_policy_document.fargate_assume_role_policy",
            "module.eks-cluster-with-import-vpc.module.aws-eks-accelerator-for-terraform.module.aws_eks_managed_node_groups.aws_eks_node_group.managed_ng",
            "module.eks-cluster-with-import-vpc.module.aws-eks-accelerator-for-terraform.module.aws_eks_managed_node_groups.aws_iam_instance_profile.managed_ng",
            "module.eks-cluster-with-import-vpc.module.aws-eks-accelerator-for-terraform.module.aws_eks_managed_node_groups.aws_iam_role.managed_ng",
            "module.eks-cluster-with-import-vpc.module.aws-eks-accelerator-for-terraform.module.aws_eks_managed_node_groups.aws_iam_role_policy_attachment.managed_ng",
            "module.eks-cluster-with-import-vpc.module.aws-eks-accelerator-for-terraform.module.aws_eks_managed_node_groups.aws_iam_role_policy_attachment.managed_ng_AmazonEC2ContainerRegistryReadOnly",
            "module.eks-cluster-with-import-vpc.module.aws-eks-accelerator-for-terraform.module.aws_eks_managed_node_groups.aws_iam_role_policy_attachment.managed_ng_AmazonEKSWorkerNodePolicy",
            "module.eks-cluster-with-import-vpc.module.aws-eks-accelerator-for-terraform.module.aws_eks_managed_node_groups.aws_iam_role_policy_attachment.managed_ng_AmazonEKS_CNI_Policy",
            "module.eks-cluster-with-import-vpc.module.aws-eks-accelerator-for-terraform.module.aws_eks_managed_node_groups.aws_iam_role_policy_attachment.managed_ng_AmazonSSMManagedInstanceCore",
            "module.eks-cluster-with-import-vpc.module.aws-eks-accelerator-for-terraform.module.aws_eks_managed_node_groups.aws_launch_template.managed_node_groups",
            "module.eks-cluster-with-import-vpc.module.aws-eks-accelerator-for-terraform.module.aws_eks_managed_node_groups.data.aws_iam_policy_document.managed_ng_assume_role_policy",
            "module.eks-cluster-with-import-vpc.module.aws-eks-accelerator-for-terraform.module.aws_eks_self_managed_node_groups.aws_autoscaling_group.self_managed_ng",
            "module.eks-cluster-with-import-vpc.module.aws-eks-accelerator-for-terraform.module.aws_eks_self_managed_node_groups.aws_iam_instance_profile.self_managed_ng",
            "module.eks-cluster-with-import-vpc.module.aws-eks-accelerator-for-terraform.module.aws_eks_self_managed_node_groups.aws_iam_policy.eks_windows_cni",
            "module.eks-cluster-with-import-vpc.module.aws-eks-accelerator-for-terraform.module.aws_eks_self_managed_node_groups.aws_iam_role.self_managed_ng",
            "module.eks-cluster-with-import-vpc.module.aws-eks-accelerator-for-terraform.module.aws_eks_self_managed_node_groups.aws_iam_role_policy_attachment.eks_windows_cni",
            "module.eks-cluster-with-import-vpc.module.aws-eks-accelerator-for-terraform.module.aws_eks_self_managed_node_groups.aws_iam_role_policy_attachment.self_managed_ng",
            "module.eks-cluster-with-import-vpc.module.aws-eks-accelerator-for-terraform.module.aws_eks_self_managed_node_groups.data.aws_ami.predefined",
            "module.eks-cluster-with-import-vpc.module.aws-eks-accelerator-for-terraform.module.aws_eks_self_managed_node_groups.data.aws_iam_policy_document.eks_windows_cni",
            "module.eks-cluster-with-import-vpc.module.aws-eks-accelerator-for-terraform.module.aws_eks_self_managed_node_groups.data.aws_iam_policy_document.self_managed_ng_assume_role_policy",
            "module.eks-cluster-with-import-vpc.module.aws-eks-accelerator-for-terraform.module.aws_eks_self_managed_node_groups.module.launch_template_self_managed_ng.aws_launch_template.this",
            "module.eks-cluster-with-import-vpc.module.aws-eks-accelerator-for-terraform.module.aws_eks_self_managed_node_groups.module.launch_template_self_managed_ng.data.aws_eks_cluster.eks",
            "module.eks-cluster-with-import-vpc.module.aws-eks-accelerator-for-terraform.module.aws_eks_self_managed_node_groups.module.launch_template_self_managed_ng.data.aws_eks_cluster_auth.eks",
            "module.eks-cluster-with-import-vpc.module.aws-eks-accelerator-for-terraform.module.aws_eks_teams.aws_iam_policy.platform_team_eks_access",
            "module.eks-cluster-with-import-vpc.module.aws-eks-accelerator-for-terraform.module.aws_eks_teams.aws_iam_role.platform_team",
            "module.eks-cluster-with-import-vpc.module.aws-eks-accelerator-for-terraform.module.aws_eks_teams.aws_iam_role.team_access",
            "module.eks-cluster-with-import-vpc.module.aws-eks-accelerator-for-terraform.module.aws_eks_teams.aws_iam_role.team_sa_irsa",
            "module.eks-cluster-with-import-vpc.module.aws-eks-accelerator-for-terraform.module.aws_eks_teams.data.aws_caller_identity.current",
            "module.eks-cluster-with-import-vpc.module.aws-eks-accelerator-for-terraform.module.aws_eks_teams.data.aws_eks_cluster.eks_cluster",
            "module.eks-cluster-with-import-vpc.module.aws-eks-accelerator-for-terraform.module.aws_eks_teams.data.aws_iam_policy_document.platform_team_eks_access",
            "module.eks-cluster-with-import-vpc.module.aws-eks-accelerator-for-terraform.module.aws_eks_teams.data.aws_partition.current",
            "module.eks-cluster-with-import-vpc.module.aws-eks-accelerator-for-terraform.module.aws_eks_teams.data.aws_region.current",
            "module.eks-cluster-with-import-vpc.module.aws-eks-accelerator-for-terraform.module.aws_eks_teams.kubectl_manifest.team",
            "module.eks-cluster-with-import-vpc.module.aws-eks-accelerator-for-terraform.module.aws_eks_teams.kubernetes_cluster_role.team",
            "module.eks-cluster-with-import-vpc.module.aws-eks-accelerator-for-terraform.module.aws_eks_teams.kubernetes_cluster_role_binding.team",
            "module.eks-cluster-with-import-vpc.module.aws-eks-accelerator-for-terraform.module.aws_eks_teams.kubernetes_namespace.team",
            "module.eks-cluster-with-import-vpc.module.aws-eks-accelerator-for-terraform.module.aws_eks_teams.kubernetes_resource_quota.team_compute_quota",
            "module.eks-cluster-with-import-vpc.module.aws-eks-accelerator-for-terraform.module.aws_eks_teams.kubernetes_resource_quota.team_object_quota",
            "module.eks-cluster-with-import-vpc.module.aws-eks-accelerator-for-terraform.module.aws_eks_teams.kubernetes_role.team",
            "module.eks-cluster-with-import-vpc.module.aws-eks-accelerator-for-terraform.module.aws_eks_teams.kubernetes_role_binding.team",
            "module.eks-cluster-with-import-vpc.module.aws-eks-accelerator-for-terraform.module.aws_eks_teams.kubernetes_service_account.team",
            "module.eks-cluster-with-import-vpc.module.aws-eks-accelerator-for-terraform.module.aws_managed_prometheus.aws_prometheus_workspace.amp_workspace",
            "module.eks-cluster-with-import-vpc.module.aws-eks-accelerator-for-terraform.module.emr_on_eks.aws_iam_policy.emr_on_eks_execution",
            "module.eks-cluster-with-import-vpc.module.aws-eks-accelerator-for-terraform.module.emr_on_eks.aws_iam_role.emr_on_eks_execution",
            "module.eks-cluster-with-import-vpc.module.aws-eks-accelerator-for-terraform.module.emr_on_eks.aws_iam_role_policy_attachment.emr_on_eks_execution",
            "module.eks-cluster-with-import-vpc.module.aws-eks-accelerator-for-terraform.module.emr_on_eks.data.aws_caller_identity.current",
            "module.eks-cluster-with-import-vpc.module.aws-eks-accelerator-for-terraform.module.emr_on_eks.data.aws_iam_policy_document.emr_assume_role",
            "module.eks-cluster-with-import-vpc.module.aws-eks-accelerator-for-terraform.module.emr_on_eks.data.aws_iam_policy_document.emr_on_eks",
            "module.eks-cluster-with-import-vpc.module.aws-eks-accelerator-for-terraform.module.emr_on_eks.data.aws_partition.current",
            "module.eks-cluster-with-import-vpc.module.aws-eks-accelerator-for-terraform.module.emr_on_eks.data.aws_region.current",
            "module.eks-cluster-with-import-vpc.module.aws-eks-accelerator-for-terraform.module.emr_on_eks.kubernetes_namespace.spark",
            "module.eks-cluster-with-import-vpc.module.aws-eks-accelerator-for-terraform.module.emr_on_eks.kubernetes_role.emr_containers",
            "module.eks-cluster-with-import-vpc.module.aws-eks-accelerator-for-terraform.module.emr_on_eks.kubernetes_role_binding.emr_containers",
            "module.eks-cluster-with-import-vpc.module.aws-eks-accelerator-for-terraform.module.emr_on_eks.null_resource.update_trust_policy",
            "module.eks-cluster-with-import-vpc.module.aws-eks-accelerator-for-terraform.module.kms.aws_kms_alias.this",
            "module.eks-cluster-with-import-vpc.module.aws-eks-accelerator-for-terraform.module.kms.aws_kms_key.this",
            "module.eks-cluster-with-import-vpc.module.aws_vpc.aws_subnet.private",
            "module.eks-cluster-with-import-vpc.module.aws_vpc.aws_vpc.this",
            "module.eks-cluster-with-import-vpc.module.aws_vpc.aws_vpc_ipv4_cidr_block_association.this",
            "module.eks-cluster-with-import-vpc.module.kubernetes-addons.module.argocd.data.aws_secretsmanager_secret.admin_password",
            "module.eks-cluster-with-import-vpc.module.kubernetes-addons.module.argocd.data.aws_secretsmanager_secret_version.admin_password_version"
          ]
        }
      ]
    },
    {
      "module": "module.eks-cluster-with-import-vpc.module.kubernetes-addons.module.argocd[0].module.helm_addon",
      "mode": "managed",
      "type": "helm_release",
      "name": "addon",
      "provider": "module.eks-cluster-with-import-vpc.provider[\"registry.terraform.io/hashicorp/helm\"]",
      "instances": [
        {
          "index_key": 0,
          "schema_version": 0,
          "attributes": {
            "atomic": false,
            "chart": "argo-cd",
            "cleanup_on_fail": false,
            "create_namespace": true,
            "dependency_update": false,
            "description": "The argocd HelmChart Ingress Controller deployment configuration",
            "devel": null,
            "disable_crd_hooks": false,
            "disable_openapi_validation": false,
            "disable_webhooks": false,
            "force_update": false,
            "id": "argo-cd",
            "keyring": "",
            "lint": false,
            "manifest": null,
            "max_history": 0,
            "metadata": [
              {
                "app_version": "v2.2.4",
                "chart": "argo-cd",
                "name": "argo-cd",
                "namespace": "argocd",
                "revision": 1,
                "values": "{\"controller\":{\"enableStatefulSet\":true},\"redis-ha\":{\"enabled\":true},\"repoServer\":{\"autoscaling\":{\"enabled\":true,\"minReplicas\":2}},\"server\":{\"autoscaling\":{\"enabled\":true,\"minReplicas\":2}}}",
                "version": "3.33.3"
              }
            ],
            "name": "argo-cd",
            "namespace": "argocd",
            "pass_credentials": false,
            "postrender": [
              {
                "args": [],
                "binary_path": ""
              }
            ],
            "recreate_pods": false,
            "render_subchart_notes": true,
            "replace": false,
            "repository": "https://argoproj.github.io/argo-helm",
            "repository_ca_file": null,
            "repository_cert_file": "",
            "repository_key_file": "",
            "repository_password": "",
            "repository_username": "",
            "reset_values": false,
            "reuse_values": false,
            "set": [],
            "set_sensitive": [],
            "skip_crds": false,
            "status": "deployed",
            "timeout": 1200,
            "values": [
              "redis-ha:\n  enabled: true\n\ncontroller:\n  enableStatefulSet: true\n\nserver:\n  autoscaling:\n    enabled: true\n    minReplicas: 2\n\nrepoServer:\n  autoscaling:\n    enabled: true\n    minReplicas: 2\n"
            ],
            "verify": false,
            "version": "3.33.3",
            "wait": true,
            "wait_for_jobs": false
          },
          "sensitive_attributes": [],
          "private": "bnVsbA==",
          "dependencies": [
            "module.eks-cluster-with-import-vpc.data.aws_availability_zones.available",
            "module.eks-cluster-with-import-vpc.data.aws_eks_cluster.cluster",
            "module.eks-cluster-with-import-vpc.data.aws_eks_cluster_auth.cluster",
            "module.eks-cluster-with-import-vpc.module.aws-eks-accelerator-for-terraform.data.aws_availability_zones.available",
            "module.eks-cluster-with-import-vpc.module.aws-eks-accelerator-for-terraform.data.aws_caller_identity.current",
            "module.eks-cluster-with-import-vpc.module.aws-eks-accelerator-for-terraform.data.aws_eks_cluster.cluster",
            "module.eks-cluster-with-import-vpc.module.aws-eks-accelerator-for-terraform.data.aws_eks_cluster_auth.cluster",
            "module.eks-cluster-with-import-vpc.module.aws-eks-accelerator-for-terraform.data.aws_iam_policy_document.eks_key",
            "module.eks-cluster-with-import-vpc.module.aws-eks-accelerator-for-terraform.data.aws_iam_session_context.current",
            "module.eks-cluster-with-import-vpc.module.aws-eks-accelerator-for-terraform.data.aws_partition.current",
            "module.eks-cluster-with-import-vpc.module.aws-eks-accelerator-for-terraform.data.aws_region.current",
            "module.eks-cluster-with-import-vpc.module.aws-eks-accelerator-for-terraform.data.http.eks_cluster_readiness",
            "module.eks-cluster-with-import-vpc.module.aws-eks-accelerator-for-terraform.kubernetes_config_map.amazon_vpc_cni",
            "module.eks-cluster-with-import-vpc.module.aws-eks-accelerator-for-terraform.kubernetes_config_map.aws_auth",
            "module.eks-cluster-with-import-vpc.module.aws-eks-accelerator-for-terraform.module.aws_eks.aws_cloudwatch_log_group.this",
            "module.eks-cluster-with-import-vpc.module.aws-eks-accelerator-for-terraform.module.aws_eks.aws_eks_addon.this",
            "module.eks-cluster-with-import-vpc.module.aws-eks-accelerator-for-terraform.module.aws_eks.aws_eks_cluster.this",
            "module.eks-cluster-with-import-vpc.module.aws-eks-accelerator-for-terraform.module.aws_eks.aws_eks_identity_provider_config.this",
            "module.eks-cluster-with-import-vpc.module.aws-eks-accelerator-for-terraform.module.aws_eks.aws_iam_openid_connect_provider.oidc_provider",
            "module.eks-cluster-with-import-vpc.module.aws-eks-accelerator-for-terraform.module.aws_eks.aws_iam_policy.cluster_encryption",
            "module.eks-cluster-with-import-vpc.module.aws-eks-accelerator-for-terraform.module.aws_eks.aws_iam_policy.cni_ipv6_policy",
            "module.eks-cluster-with-import-vpc.module.aws-eks-accelerator-for-terraform.module.aws_eks.aws_iam_role.this",
            "module.eks-cluster-with-import-vpc.module.aws-eks-accelerator-for-terraform.module.aws_eks.aws_iam_role_policy_attachment.cluster_encryption",
            "module.eks-cluster-with-import-vpc.module.aws-eks-accelerator-for-terraform.module.aws_eks.aws_iam_role_policy_attachment.this",
            "module.eks-cluster-with-import-vpc.module.aws-eks-accelerator-for-terraform.module.aws_eks.aws_security_group.cluster",
            "module.eks-cluster-with-import-vpc.module.aws-eks-accelerator-for-terraform.module.aws_eks.aws_security_group.node",
            "module.eks-cluster-with-import-vpc.module.aws-eks-accelerator-for-terraform.module.aws_eks.aws_security_group_rule.cluster",
            "module.eks-cluster-with-import-vpc.module.aws-eks-accelerator-for-terraform.module.aws_eks.aws_security_group_rule.node",
            "module.eks-cluster-with-import-vpc.module.aws-eks-accelerator-for-terraform.module.aws_eks.data.aws_iam_policy_document.assume_role_policy",
            "module.eks-cluster-with-import-vpc.module.aws-eks-accelerator-for-terraform.module.aws_eks.data.aws_iam_policy_document.cni_ipv6_policy",
            "module.eks-cluster-with-import-vpc.module.aws-eks-accelerator-for-terraform.module.aws_eks.data.aws_partition.current",
            "module.eks-cluster-with-import-vpc.module.aws-eks-accelerator-for-terraform.module.aws_eks.data.tls_certificate.this",
            "module.eks-cluster-with-import-vpc.module.aws-eks-accelerator-for-terraform.module.aws_eks.module.eks_managed_node_group.aws_eks_node_group.this",
            "module.eks-cluster-with-import-vpc.module.aws-eks-accelerator-for-terraform.module.aws_eks.module.eks_managed_node_group.aws_iam_role.this",
            "module.eks-cluster-with-import-vpc.module.aws-eks-accelerator-for-terraform.module.aws_eks.module.eks_managed_node_group.aws_iam_role_policy_attachment.this",
            "module.eks-cluster-with-import-vpc.module.aws-eks-accelerator-for-terraform.module.aws_eks.module.eks_managed_node_group.aws_launch_template.this",
            "module.eks-cluster-with-import-vpc.module.aws-eks-accelerator-for-terraform.module.aws_eks.module.eks_managed_node_group.aws_security_group.this",
            "module.eks-cluster-with-import-vpc.module.aws-eks-accelerator-for-terraform.module.aws_eks.module.eks_managed_node_group.aws_security_group_rule.this",
            "module.eks-cluster-with-import-vpc.module.aws-eks-accelerator-for-terraform.module.aws_eks.module.eks_managed_node_group.data.aws_caller_identity.current",
            "module.eks-cluster-with-import-vpc.module.aws-eks-accelerator-for-terraform.module.aws_eks.module.eks_managed_node_group.data.aws_iam_policy_document.assume_role_policy",
            "module.eks-cluster-with-import-vpc.module.aws-eks-accelerator-for-terraform.module.aws_eks.module.eks_managed_node_group.data.aws_partition.current",
            "module.eks-cluster-with-import-vpc.module.aws-eks-accelerator-for-terraform.module.aws_eks.module.eks_managed_node_group.module.user_data.data.cloudinit_config.linux_eks_managed_node_group",
            "module.eks-cluster-with-import-vpc.module.aws-eks-accelerator-for-terraform.module.aws_eks.module.fargate_profile.aws_eks_fargate_profile.this",
            "module.eks-cluster-with-import-vpc.module.aws-eks-accelerator-for-terraform.module.aws_eks.module.fargate_profile.aws_iam_role.this",
            "module.eks-cluster-with-import-vpc.module.aws-eks-accelerator-for-terraform.module.aws_eks.module.fargate_profile.aws_iam_role_policy_attachment.this",
            "module.eks-cluster-with-import-vpc.module.aws-eks-accelerator-for-terraform.module.aws_eks.module.fargate_profile.data.aws_caller_identity.current",
            "module.eks-cluster-with-import-vpc.module.aws-eks-accelerator-for-terraform.module.aws_eks.module.fargate_profile.data.aws_iam_policy_document.assume_role_policy",
            "module.eks-cluster-with-import-vpc.module.aws-eks-accelerator-for-terraform.module.aws_eks.module.fargate_profile.data.aws_partition.current",
            "module.eks-cluster-with-import-vpc.module.aws-eks-accelerator-for-terraform.module.aws_eks.module.self_managed_node_group.aws_autoscaling_group.this",
            "module.eks-cluster-with-import-vpc.module.aws-eks-accelerator-for-terraform.module.aws_eks.module.self_managed_node_group.aws_autoscaling_schedule.this",
            "module.eks-cluster-with-import-vpc.module.aws-eks-accelerator-for-terraform.module.aws_eks.module.self_managed_node_group.aws_iam_instance_profile.this",
            "module.eks-cluster-with-import-vpc.module.aws-eks-accelerator-for-terraform.module.aws_eks.module.self_managed_node_group.aws_iam_role.this",
            "module.eks-cluster-with-import-vpc.module.aws-eks-accelerator-for-terraform.module.aws_eks.module.self_managed_node_group.aws_iam_role_policy_attachment.this",
            "module.eks-cluster-with-import-vpc.module.aws-eks-accelerator-for-terraform.module.aws_eks.module.self_managed_node_group.aws_launch_template.this",
            "module.eks-cluster-with-import-vpc.module.aws-eks-accelerator-for-terraform.module.aws_eks.module.self_managed_node_group.aws_security_group.this",
            "module.eks-cluster-with-import-vpc.module.aws-eks-accelerator-for-terraform.module.aws_eks.module.self_managed_node_group.aws_security_group_rule.this",
            "module.eks-cluster-with-import-vpc.module.aws-eks-accelerator-for-terraform.module.aws_eks.module.self_managed_node_group.data.aws_ami.eks_default",
            "module.eks-cluster-with-import-vpc.module.aws-eks-accelerator-for-terraform.module.aws_eks.module.self_managed_node_group.data.aws_caller_identity.current",
            "module.eks-cluster-with-import-vpc.module.aws-eks-accelerator-for-terraform.module.aws_eks.module.self_managed_node_group.data.aws_iam_policy_document.assume_role_policy",
            "module.eks-cluster-with-import-vpc.module.aws-eks-accelerator-for-terraform.module.aws_eks.module.self_managed_node_group.data.aws_partition.current",
            "module.eks-cluster-with-import-vpc.module.aws-eks-accelerator-for-terraform.module.aws_eks.module.self_managed_node_group.module.user_data.data.cloudinit_config.linux_eks_managed_node_group",
            "module.eks-cluster-with-import-vpc.module.aws-eks-accelerator-for-terraform.module.aws_eks_fargate_profiles.aws_eks_fargate_profile.eks_fargate",
            "module.eks-cluster-with-import-vpc.module.aws-eks-accelerator-for-terraform.module.aws_eks_fargate_profiles.aws_iam_policy.cwlogs",
            "module.eks-cluster-with-import-vpc.module.aws-eks-accelerator-for-terraform.module.aws_eks_fargate_profiles.aws_iam_role.fargate",
            "module.eks-cluster-with-import-vpc.module.aws-eks-accelerator-for-terraform.module.aws_eks_fargate_profiles.aws_iam_role_policy_attachment.cwlogs",
            "module.eks-cluster-with-import-vpc.module.aws-eks-accelerator-for-terraform.module.aws_eks_fargate_profiles.aws_iam_role_policy_attachment.fargate_pod_execution_role_policy",
            "module.eks-cluster-with-import-vpc.module.aws-eks-accelerator-for-terraform.module.aws_eks_fargate_profiles.data.aws_iam_policy_document.cwlogs",
            "module.eks-cluster-with-import-vpc.module.aws-eks-accelerator-for-terraform.module.aws_eks_fargate_profiles.data.aws_iam_policy_document.fargate_assume_role_policy",
            "module.eks-cluster-with-import-vpc.module.aws-eks-accelerator-for-terraform.module.aws_eks_managed_node_groups.aws_eks_node_group.managed_ng",
            "module.eks-cluster-with-import-vpc.module.aws-eks-accelerator-for-terraform.module.aws_eks_managed_node_groups.aws_iam_instance_profile.managed_ng",
            "module.eks-cluster-with-import-vpc.module.aws-eks-accelerator-for-terraform.module.aws_eks_managed_node_groups.aws_iam_role.managed_ng",
            "module.eks-cluster-with-import-vpc.module.aws-eks-accelerator-for-terraform.module.aws_eks_managed_node_groups.aws_iam_role_policy_attachment.managed_ng",
            "module.eks-cluster-with-import-vpc.module.aws-eks-accelerator-for-terraform.module.aws_eks_managed_node_groups.aws_iam_role_policy_attachment.managed_ng_AmazonEC2ContainerRegistryReadOnly",
            "module.eks-cluster-with-import-vpc.module.aws-eks-accelerator-for-terraform.module.aws_eks_managed_node_groups.aws_iam_role_policy_attachment.managed_ng_AmazonEKSWorkerNodePolicy",
            "module.eks-cluster-with-import-vpc.module.aws-eks-accelerator-for-terraform.module.aws_eks_managed_node_groups.aws_iam_role_policy_attachment.managed_ng_AmazonEKS_CNI_Policy",
            "module.eks-cluster-with-import-vpc.module.aws-eks-accelerator-for-terraform.module.aws_eks_managed_node_groups.aws_iam_role_policy_attachment.managed_ng_AmazonSSMManagedInstanceCore",
            "module.eks-cluster-with-import-vpc.module.aws-eks-accelerator-for-terraform.module.aws_eks_managed_node_groups.aws_launch_template.managed_node_groups",
            "module.eks-cluster-with-import-vpc.module.aws-eks-accelerator-for-terraform.module.aws_eks_managed_node_groups.data.aws_iam_policy_document.managed_ng_assume_role_policy",
            "module.eks-cluster-with-import-vpc.module.aws-eks-accelerator-for-terraform.module.aws_eks_self_managed_node_groups.aws_autoscaling_group.self_managed_ng",
            "module.eks-cluster-with-import-vpc.module.aws-eks-accelerator-for-terraform.module.aws_eks_self_managed_node_groups.aws_iam_instance_profile.self_managed_ng",
            "module.eks-cluster-with-import-vpc.module.aws-eks-accelerator-for-terraform.module.aws_eks_self_managed_node_groups.aws_iam_policy.eks_windows_cni",
            "module.eks-cluster-with-import-vpc.module.aws-eks-accelerator-for-terraform.module.aws_eks_self_managed_node_groups.aws_iam_role.self_managed_ng",
            "module.eks-cluster-with-import-vpc.module.aws-eks-accelerator-for-terraform.module.aws_eks_self_managed_node_groups.aws_iam_role_policy_attachment.eks_windows_cni",
            "module.eks-cluster-with-import-vpc.module.aws-eks-accelerator-for-terraform.module.aws_eks_self_managed_node_groups.aws_iam_role_policy_attachment.self_managed_ng",
            "module.eks-cluster-with-import-vpc.module.aws-eks-accelerator-for-terraform.module.aws_eks_self_managed_node_groups.data.aws_ami.predefined",
            "module.eks-cluster-with-import-vpc.module.aws-eks-accelerator-for-terraform.module.aws_eks_self_managed_node_groups.data.aws_iam_policy_document.eks_windows_cni",
            "module.eks-cluster-with-import-vpc.module.aws-eks-accelerator-for-terraform.module.aws_eks_self_managed_node_groups.data.aws_iam_policy_document.self_managed_ng_assume_role_policy",
            "module.eks-cluster-with-import-vpc.module.aws-eks-accelerator-for-terraform.module.aws_eks_self_managed_node_groups.module.launch_template_self_managed_ng.aws_launch_template.this",
            "module.eks-cluster-with-import-vpc.module.aws-eks-accelerator-for-terraform.module.aws_eks_self_managed_node_groups.module.launch_template_self_managed_ng.data.aws_eks_cluster.eks",
            "module.eks-cluster-with-import-vpc.module.aws-eks-accelerator-for-terraform.module.aws_eks_self_managed_node_groups.module.launch_template_self_managed_ng.data.aws_eks_cluster_auth.eks",
            "module.eks-cluster-with-import-vpc.module.aws-eks-accelerator-for-terraform.module.aws_eks_teams.aws_iam_policy.platform_team_eks_access",
            "module.eks-cluster-with-import-vpc.module.aws-eks-accelerator-for-terraform.module.aws_eks_teams.aws_iam_role.platform_team",
            "module.eks-cluster-with-import-vpc.module.aws-eks-accelerator-for-terraform.module.aws_eks_teams.aws_iam_role.team_access",
            "module.eks-cluster-with-import-vpc.module.aws-eks-accelerator-for-terraform.module.aws_eks_teams.aws_iam_role.team_sa_irsa",
            "module.eks-cluster-with-import-vpc.module.aws-eks-accelerator-for-terraform.module.aws_eks_teams.data.aws_caller_identity.current",
            "module.eks-cluster-with-import-vpc.module.aws-eks-accelerator-for-terraform.module.aws_eks_teams.data.aws_eks_cluster.eks_cluster",
            "module.eks-cluster-with-import-vpc.module.aws-eks-accelerator-for-terraform.module.aws_eks_teams.data.aws_iam_policy_document.platform_team_eks_access",
            "module.eks-cluster-with-import-vpc.module.aws-eks-accelerator-for-terraform.module.aws_eks_teams.data.aws_partition.current",
            "module.eks-cluster-with-import-vpc.module.aws-eks-accelerator-for-terraform.module.aws_eks_teams.data.aws_region.current",
            "module.eks-cluster-with-import-vpc.module.aws-eks-accelerator-for-terraform.module.aws_eks_teams.kubectl_manifest.team",
            "module.eks-cluster-with-import-vpc.module.aws-eks-accelerator-for-terraform.module.aws_eks_teams.kubernetes_cluster_role.team",
            "module.eks-cluster-with-import-vpc.module.aws-eks-accelerator-for-terraform.module.aws_eks_teams.kubernetes_cluster_role_binding.team",
            "module.eks-cluster-with-import-vpc.module.aws-eks-accelerator-for-terraform.module.aws_eks_teams.kubernetes_namespace.team",
            "module.eks-cluster-with-import-vpc.module.aws-eks-accelerator-for-terraform.module.aws_eks_teams.kubernetes_resource_quota.team_compute_quota",
            "module.eks-cluster-with-import-vpc.module.aws-eks-accelerator-for-terraform.module.aws_eks_teams.kubernetes_resource_quota.team_object_quota",
            "module.eks-cluster-with-import-vpc.module.aws-eks-accelerator-for-terraform.module.aws_eks_teams.kubernetes_role.team",
            "module.eks-cluster-with-import-vpc.module.aws-eks-accelerator-for-terraform.module.aws_eks_teams.kubernetes_role_binding.team",
            "module.eks-cluster-with-import-vpc.module.aws-eks-accelerator-for-terraform.module.aws_eks_teams.kubernetes_service_account.team",
            "module.eks-cluster-with-import-vpc.module.aws-eks-accelerator-for-terraform.module.aws_managed_prometheus.aws_prometheus_workspace.amp_workspace",
            "module.eks-cluster-with-import-vpc.module.aws-eks-accelerator-for-terraform.module.emr_on_eks.aws_iam_policy.emr_on_eks_execution",
            "module.eks-cluster-with-import-vpc.module.aws-eks-accelerator-for-terraform.module.emr_on_eks.aws_iam_role.emr_on_eks_execution",
            "module.eks-cluster-with-import-vpc.module.aws-eks-accelerator-for-terraform.module.emr_on_eks.aws_iam_role_policy_attachment.emr_on_eks_execution",
            "module.eks-cluster-with-import-vpc.module.aws-eks-accelerator-for-terraform.module.emr_on_eks.data.aws_caller_identity.current",
            "module.eks-cluster-with-import-vpc.module.aws-eks-accelerator-for-terraform.module.emr_on_eks.data.aws_iam_policy_document.emr_assume_role",
            "module.eks-cluster-with-import-vpc.module.aws-eks-accelerator-for-terraform.module.emr_on_eks.data.aws_iam_policy_document.emr_on_eks",
            "module.eks-cluster-with-import-vpc.module.aws-eks-accelerator-for-terraform.module.emr_on_eks.data.aws_partition.current",
            "module.eks-cluster-with-import-vpc.module.aws-eks-accelerator-for-terraform.module.emr_on_eks.data.aws_region.current",
            "module.eks-cluster-with-import-vpc.module.aws-eks-accelerator-for-terraform.module.emr_on_eks.kubernetes_namespace.spark",
            "module.eks-cluster-with-import-vpc.module.aws-eks-accelerator-for-terraform.module.emr_on_eks.kubernetes_role.emr_containers",
            "module.eks-cluster-with-import-vpc.module.aws-eks-accelerator-for-terraform.module.emr_on_eks.kubernetes_role_binding.emr_containers",
            "module.eks-cluster-with-import-vpc.module.aws-eks-accelerator-for-terraform.module.emr_on_eks.null_resource.update_trust_policy",
            "module.eks-cluster-with-import-vpc.module.aws-eks-accelerator-for-terraform.module.kms.aws_kms_alias.this",
            "module.eks-cluster-with-import-vpc.module.aws-eks-accelerator-for-terraform.module.kms.aws_kms_key.this",
            "module.eks-cluster-with-import-vpc.module.aws_vpc.aws_subnet.private",
            "module.eks-cluster-with-import-vpc.module.aws_vpc.aws_vpc.this",
            "module.eks-cluster-with-import-vpc.module.aws_vpc.aws_vpc_ipv4_cidr_block_association.this",
            "module.eks-cluster-with-import-vpc.module.kubernetes-addons.data.aws_caller_identity.current",
            "module.eks-cluster-with-import-vpc.module.kubernetes-addons.data.aws_eks_cluster.eks_cluster",
            "module.eks-cluster-with-import-vpc.module.kubernetes-addons.data.aws_partition.current",
            "module.eks-cluster-with-import-vpc.module.kubernetes-addons.data.aws_region.current",
            "module.eks-cluster-with-import-vpc.module.kubernetes-addons.module.argocd.data.aws_secretsmanager_secret.admin_password",
            "module.eks-cluster-with-import-vpc.module.kubernetes-addons.module.argocd.data.aws_secretsmanager_secret_version.admin_password_version",
            "module.eks-cluster-with-import-vpc.module.kubernetes-addons.module.argocd.kubernetes_namespace_v1.this",
            "module.eks-cluster-with-import-vpc.module.kubernetes-addons.module.argocd.module.helm_addon.module.irsa.aws_iam_role.irsa",
            "module.eks-cluster-with-import-vpc.module.kubernetes-addons.module.argocd.module.helm_addon.module.irsa.aws_iam_role_policy_attachment.irsa",
            "module.eks-cluster-with-import-vpc.module.kubernetes-addons.module.argocd.module.helm_addon.module.irsa.kubernetes_namespace_v1.irsa",
            "module.eks-cluster-with-import-vpc.module.kubernetes-addons.module.argocd.module.helm_addon.module.irsa.kubernetes_service_account_v1.irsa"
          ]
        }
      ]
    },
    {
      "module": "module.eks-cluster-with-import-vpc.module.kubernetes-addons.module.aws_ebs_csi_driver[0]",
      "mode": "data",
      "type": "aws_iam_policy_document",
      "name": "aws_ebs_csi_driver",
      "provider": "provider[\"registry.terraform.io/hashicorp/aws\"]",
      "instances": [
        {
          "schema_version": 0,
          "attributes": {
            "id": "1888929143",
            "json": "{\n  \"Version\": \"2012-10-17\",\n  \"Statement\": [\n    {\n      \"Sid\": \"\",\n      \"Effect\": \"Allow\",\n      \"Action\": [\n        \"ec2:ModifyVolume\",\n        \"ec2:DetachVolume\",\n        \"ec2:DescribeVolumesModifications\",\n        \"ec2:DescribeVolumes\",\n        \"ec2:DescribeTags\",\n        \"ec2:DescribeSnapshots\",\n        \"ec2:DescribeInstances\",\n        \"ec2:DescribeAvailabilityZones\",\n        \"ec2:CreateSnapshot\",\n        \"ec2:AttachVolume\"\n      ],\n      \"Resource\": \"*\"\n    },\n    {\n      \"Sid\": \"\",\n      \"Effect\": \"Allow\",\n      \"Action\": \"ec2:CreateTags\",\n      \"Resource\": [\n        \"arn:aws:ec2:*:*:volume/*\",\n        \"arn:aws:ec2:*:*:snapshot/*\"\n      ],\n      \"Condition\": {\n        \"StringEquals\": {\n          \"ec2:CreateAction\": [\n            \"CreateVolume\",\n            \"CreateSnapshot\"\n          ]\n        }\n      }\n    },\n    {\n      \"Sid\": \"\",\n      \"Effect\": \"Allow\",\n      \"Action\": \"ec2:DeleteTags\",\n      \"Resource\": [\n        \"arn:aws:ec2:*:*:volume/*\",\n        \"arn:aws:ec2:*:*:snapshot/*\"\n      ]\n    },\n    {\n      \"Sid\": \"\",\n      \"Effect\": \"Allow\",\n      \"Action\": \"ec2:CreateVolume\",\n      \"Resource\": \"*\",\n      \"Condition\": {\n        \"StringLike\": {\n          \"aws:RequestTag/ebs.csi.aws.com/cluster\": \"true\"\n        }\n      }\n    },\n    {\n      \"Sid\": \"\",\n      \"Effect\": \"Allow\",\n      \"Action\": \"ec2:CreateVolume\",\n      \"Resource\": \"*\",\n      \"Condition\": {\n        \"StringLike\": {\n          \"aws:RequestTag/CSIVolumeName\": \"*\"\n        }\n      }\n    },\n    {\n      \"Sid\": \"\",\n      \"Effect\": \"Allow\",\n      \"Action\": \"ec2:CreateVolume\",\n      \"Resource\": \"*\",\n      \"Condition\": {\n        \"StringLike\": {\n          \"aws:RequestTag/kubernetes.io/cluster/*\": \"owned\"\n        }\n      }\n    },\n    {\n      \"Sid\": \"\",\n      \"Effect\": \"Allow\",\n      \"Action\": \"ec2:DeleteVolume\",\n      \"Resource\": \"*\",\n      \"Condition\": {\n        \"StringLike\": {\n          \"ec2:ResourceTag/ebs.csi.aws.com/cluster\": \"true\"\n        }\n      }\n    },\n    {\n      \"Sid\": \"\",\n      \"Effect\": \"Allow\",\n      \"Action\": \"ec2:DeleteVolume\",\n      \"Resource\": \"*\",\n      \"Condition\": {\n        \"StringLike\": {\n          \"ec2:ResourceTag/CSIVolumeName\": \"*\"\n        }\n      }\n    },\n    {\n      \"Sid\": \"\",\n      \"Effect\": \"Allow\",\n      \"Action\": \"ec2:DeleteVolume\",\n      \"Resource\": \"*\",\n      \"Condition\": {\n        \"StringLike\": {\n          \"ec2:ResourceTag/kubernetes.io/cluster/*\": \"owned\"\n        }\n      }\n    },\n    {\n      \"Sid\": \"\",\n      \"Effect\": \"Allow\",\n      \"Action\": \"ec2:DeleteSnapshot\",\n      \"Resource\": \"*\",\n      \"Condition\": {\n        \"StringLike\": {\n          \"ec2:ResourceTag/CSIVolumeSnapshotName\": \"*\"\n        }\n      }\n    },\n    {\n      \"Sid\": \"\",\n      \"Effect\": \"Allow\",\n      \"Action\": \"ec2:DeleteSnapshot\",\n      \"Resource\": \"*\",\n      \"Condition\": {\n        \"StringLike\": {\n          \"ec2:ResourceTag/ebs.csi.aws.com/cluster\": \"true\"\n        }\n      }\n    }\n  ]\n}",
            "override_json": null,
            "override_policy_documents": null,
            "policy_id": null,
            "source_json": null,
            "source_policy_documents": null,
            "statement": [
              {
                "actions": [
                  "ec2:AttachVolume",
                  "ec2:CreateSnapshot",
                  "ec2:DescribeAvailabilityZones",
                  "ec2:DescribeInstances",
                  "ec2:DescribeSnapshots",
                  "ec2:DescribeTags",
                  "ec2:DescribeVolumes",
                  "ec2:DescribeVolumesModifications",
                  "ec2:DetachVolume",
                  "ec2:ModifyVolume"
                ],
                "condition": [],
                "effect": "Allow",
                "not_actions": [],
                "not_principals": [],
                "not_resources": [],
                "principals": [],
                "resources": [
                  "*"
                ],
                "sid": ""
              },
              {
                "actions": [
                  "ec2:CreateTags"
                ],
                "condition": [
                  {
                    "test": "StringEquals",
                    "values": [
                      "CreateVolume",
                      "CreateSnapshot"
                    ],
                    "variable": "ec2:CreateAction"
                  }
                ],
                "effect": "Allow",
                "not_actions": [],
                "not_principals": [],
                "not_resources": [],
                "principals": [],
                "resources": [
                  "arn:aws:ec2:*:*:snapshot/*",
                  "arn:aws:ec2:*:*:volume/*"
                ],
                "sid": ""
              },
              {
                "actions": [
                  "ec2:DeleteTags"
                ],
                "condition": [],
                "effect": "Allow",
                "not_actions": [],
                "not_principals": [],
                "not_resources": [],
                "principals": [],
                "resources": [
                  "arn:aws:ec2:*:*:snapshot/*",
                  "arn:aws:ec2:*:*:volume/*"
                ],
                "sid": ""
              },
              {
                "actions": [
                  "ec2:CreateVolume"
                ],
                "condition": [
                  {
                    "test": "StringLike",
                    "values": [
                      "true"
                    ],
                    "variable": "aws:RequestTag/ebs.csi.aws.com/cluster"
                  }
                ],
                "effect": "Allow",
                "not_actions": [],
                "not_principals": [],
                "not_resources": [],
                "principals": [],
                "resources": [
                  "*"
                ],
                "sid": ""
              },
              {
                "actions": [
                  "ec2:CreateVolume"
                ],
                "condition": [
                  {
                    "test": "StringLike",
                    "values": [
                      "*"
                    ],
                    "variable": "aws:RequestTag/CSIVolumeName"
                  }
                ],
                "effect": "Allow",
                "not_actions": [],
                "not_principals": [],
                "not_resources": [],
                "principals": [],
                "resources": [
                  "*"
                ],
                "sid": ""
              },
              {
                "actions": [
                  "ec2:CreateVolume"
                ],
                "condition": [
                  {
                    "test": "StringLike",
                    "values": [
                      "owned"
                    ],
                    "variable": "aws:RequestTag/kubernetes.io/cluster/*"
                  }
                ],
                "effect": "Allow",
                "not_actions": [],
                "not_principals": [],
                "not_resources": [],
                "principals": [],
                "resources": [
                  "*"
                ],
                "sid": ""
              },
              {
                "actions": [
                  "ec2:DeleteVolume"
                ],
                "condition": [
                  {
                    "test": "StringLike",
                    "values": [
                      "true"
                    ],
                    "variable": "ec2:ResourceTag/ebs.csi.aws.com/cluster"
                  }
                ],
                "effect": "Allow",
                "not_actions": [],
                "not_principals": [],
                "not_resources": [],
                "principals": [],
                "resources": [
                  "*"
                ],
                "sid": ""
              },
              {
                "actions": [
                  "ec2:DeleteVolume"
                ],
                "condition": [
                  {
                    "test": "StringLike",
                    "values": [
                      "*"
                    ],
                    "variable": "ec2:ResourceTag/CSIVolumeName"
                  }
                ],
                "effect": "Allow",
                "not_actions": [],
                "not_principals": [],
                "not_resources": [],
                "principals": [],
                "resources": [
                  "*"
                ],
                "sid": ""
              },
              {
                "actions": [
                  "ec2:DeleteVolume"
                ],
                "condition": [
                  {
                    "test": "StringLike",
                    "values": [
                      "owned"
                    ],
                    "variable": "ec2:ResourceTag/kubernetes.io/cluster/*"
                  }
                ],
                "effect": "Allow",
                "not_actions": [],
                "not_principals": [],
                "not_resources": [],
                "principals": [],
                "resources": [
                  "*"
                ],
                "sid": ""
              },
              {
                "actions": [
                  "ec2:DeleteSnapshot"
                ],
                "condition": [
                  {
                    "test": "StringLike",
                    "values": [
                      "*"
                    ],
                    "variable": "ec2:ResourceTag/CSIVolumeSnapshotName"
                  }
                ],
                "effect": "Allow",
                "not_actions": [],
                "not_principals": [],
                "not_resources": [],
                "principals": [],
                "resources": [
                  "*"
                ],
                "sid": ""
              },
              {
                "actions": [
                  "ec2:DeleteSnapshot"
                ],
                "condition": [
                  {
                    "test": "StringLike",
                    "values": [
                      "true"
                    ],
                    "variable": "ec2:ResourceTag/ebs.csi.aws.com/cluster"
                  }
                ],
                "effect": "Allow",
                "not_actions": [],
                "not_principals": [],
                "not_resources": [],
                "principals": [],
                "resources": [
                  "*"
                ],
                "sid": ""
              }
            ],
            "version": "2012-10-17"
          },
          "sensitive_attributes": []
        }
      ]
    },
    {
      "module": "module.eks-cluster-with-import-vpc.module.kubernetes-addons.module.aws_ebs_csi_driver[0]",
      "mode": "managed",
      "type": "aws_eks_addon",
      "name": "aws_ebs_csi_driver",
      "provider": "provider[\"registry.terraform.io/hashicorp/aws\"]",
      "instances": [
        {
          "schema_version": 0,
          "attributes": {
            "addon_name": "aws-ebs-csi-driver",
            "addon_version": "v1.4.0-eksbuild.preview",
            "arn": "arn:aws:eks:us-east-1:411309562081:addon/eclipz-sndbx-devops-eks/aws-ebs-csi-driver/a2c2424e-182d-0786-a996-3497be1ff3e0",
            "cluster_name": "eclipz-sndbx-devops-eks",
            "created_at": "2022-11-17T08:02:19Z",
            "id": "eclipz-sndbx-devops-eks:aws-ebs-csi-driver",
            "modified_at": "2022-11-17T08:03:27Z",
            "preserve": null,
            "resolve_conflicts": "OVERWRITE",
            "service_account_role_arn": "arn:aws:iam::411309562081:role/eclipz-sndbx-devops-eks-ebs-csi-controller-sa-irsa",
            "tags": {
              "eks_addon": "aws-ebs-csi-driver"
            },
            "tags_all": {
              "eks_addon": "aws-ebs-csi-driver"
            },
            "timeouts": null
          },
          "sensitive_attributes": [],
          "private": "eyJlMmJmYjczMC1lY2FhLTExZTYtOGY4OC0zNDM2M2JjN2M0YzAiOnsiY3JlYXRlIjoxMjAwMDAwMDAwMDAwLCJkZWxldGUiOjI0MDAwMDAwMDAwMDAsInVwZGF0ZSI6MTIwMDAwMDAwMDAwMH19",
          "dependencies": [
            "module.eks-cluster-with-import-vpc.data.aws_availability_zones.available",
            "module.eks-cluster-with-import-vpc.data.aws_eks_cluster.cluster",
            "module.eks-cluster-with-import-vpc.data.aws_eks_cluster_auth.cluster",
            "module.eks-cluster-with-import-vpc.module.aws-eks-accelerator-for-terraform.data.aws_availability_zones.available",
            "module.eks-cluster-with-import-vpc.module.aws-eks-accelerator-for-terraform.data.aws_caller_identity.current",
            "module.eks-cluster-with-import-vpc.module.aws-eks-accelerator-for-terraform.data.aws_eks_cluster.cluster",
            "module.eks-cluster-with-import-vpc.module.aws-eks-accelerator-for-terraform.data.aws_eks_cluster_auth.cluster",
            "module.eks-cluster-with-import-vpc.module.aws-eks-accelerator-for-terraform.data.aws_iam_policy_document.eks_key",
            "module.eks-cluster-with-import-vpc.module.aws-eks-accelerator-for-terraform.data.aws_iam_session_context.current",
            "module.eks-cluster-with-import-vpc.module.aws-eks-accelerator-for-terraform.data.aws_partition.current",
            "module.eks-cluster-with-import-vpc.module.aws-eks-accelerator-for-terraform.data.aws_region.current",
            "module.eks-cluster-with-import-vpc.module.aws-eks-accelerator-for-terraform.data.http.eks_cluster_readiness",
            "module.eks-cluster-with-import-vpc.module.aws-eks-accelerator-for-terraform.kubernetes_config_map.amazon_vpc_cni",
            "module.eks-cluster-with-import-vpc.module.aws-eks-accelerator-for-terraform.kubernetes_config_map.aws_auth",
            "module.eks-cluster-with-import-vpc.module.aws-eks-accelerator-for-terraform.module.aws_eks.aws_cloudwatch_log_group.this",
            "module.eks-cluster-with-import-vpc.module.aws-eks-accelerator-for-terraform.module.aws_eks.aws_eks_addon.this",
            "module.eks-cluster-with-import-vpc.module.aws-eks-accelerator-for-terraform.module.aws_eks.aws_eks_cluster.this",
            "module.eks-cluster-with-import-vpc.module.aws-eks-accelerator-for-terraform.module.aws_eks.aws_eks_identity_provider_config.this",
            "module.eks-cluster-with-import-vpc.module.aws-eks-accelerator-for-terraform.module.aws_eks.aws_iam_openid_connect_provider.oidc_provider",
            "module.eks-cluster-with-import-vpc.module.aws-eks-accelerator-for-terraform.module.aws_eks.aws_iam_policy.cluster_encryption",
            "module.eks-cluster-with-import-vpc.module.aws-eks-accelerator-for-terraform.module.aws_eks.aws_iam_policy.cni_ipv6_policy",
            "module.eks-cluster-with-import-vpc.module.aws-eks-accelerator-for-terraform.module.aws_eks.aws_iam_role.this",
            "module.eks-cluster-with-import-vpc.module.aws-eks-accelerator-for-terraform.module.aws_eks.aws_iam_role_policy_attachment.cluster_encryption",
            "module.eks-cluster-with-import-vpc.module.aws-eks-accelerator-for-terraform.module.aws_eks.aws_iam_role_policy_attachment.this",
            "module.eks-cluster-with-import-vpc.module.aws-eks-accelerator-for-terraform.module.aws_eks.aws_security_group.cluster",
            "module.eks-cluster-with-import-vpc.module.aws-eks-accelerator-for-terraform.module.aws_eks.aws_security_group.node",
            "module.eks-cluster-with-import-vpc.module.aws-eks-accelerator-for-terraform.module.aws_eks.aws_security_group_rule.cluster",
            "module.eks-cluster-with-import-vpc.module.aws-eks-accelerator-for-terraform.module.aws_eks.aws_security_group_rule.node",
            "module.eks-cluster-with-import-vpc.module.aws-eks-accelerator-for-terraform.module.aws_eks.data.aws_iam_policy_document.assume_role_policy",
            "module.eks-cluster-with-import-vpc.module.aws-eks-accelerator-for-terraform.module.aws_eks.data.aws_iam_policy_document.cni_ipv6_policy",
            "module.eks-cluster-with-import-vpc.module.aws-eks-accelerator-for-terraform.module.aws_eks.data.aws_partition.current",
            "module.eks-cluster-with-import-vpc.module.aws-eks-accelerator-for-terraform.module.aws_eks.data.tls_certificate.this",
            "module.eks-cluster-with-import-vpc.module.aws-eks-accelerator-for-terraform.module.aws_eks.module.eks_managed_node_group.aws_eks_node_group.this",
            "module.eks-cluster-with-import-vpc.module.aws-eks-accelerator-for-terraform.module.aws_eks.module.eks_managed_node_group.aws_iam_role.this",
            "module.eks-cluster-with-import-vpc.module.aws-eks-accelerator-for-terraform.module.aws_eks.module.eks_managed_node_group.aws_iam_role_policy_attachment.this",
            "module.eks-cluster-with-import-vpc.module.aws-eks-accelerator-for-terraform.module.aws_eks.module.eks_managed_node_group.aws_launch_template.this",
            "module.eks-cluster-with-import-vpc.module.aws-eks-accelerator-for-terraform.module.aws_eks.module.eks_managed_node_group.aws_security_group.this",
            "module.eks-cluster-with-import-vpc.module.aws-eks-accelerator-for-terraform.module.aws_eks.module.eks_managed_node_group.aws_security_group_rule.this",
            "module.eks-cluster-with-import-vpc.module.aws-eks-accelerator-for-terraform.module.aws_eks.module.eks_managed_node_group.data.aws_caller_identity.current",
            "module.eks-cluster-with-import-vpc.module.aws-eks-accelerator-for-terraform.module.aws_eks.module.eks_managed_node_group.data.aws_iam_policy_document.assume_role_policy",
            "module.eks-cluster-with-import-vpc.module.aws-eks-accelerator-for-terraform.module.aws_eks.module.eks_managed_node_group.data.aws_partition.current",
            "module.eks-cluster-with-import-vpc.module.aws-eks-accelerator-for-terraform.module.aws_eks.module.eks_managed_node_group.module.user_data.data.cloudinit_config.linux_eks_managed_node_group",
            "module.eks-cluster-with-import-vpc.module.aws-eks-accelerator-for-terraform.module.aws_eks.module.fargate_profile.aws_eks_fargate_profile.this",
            "module.eks-cluster-with-import-vpc.module.aws-eks-accelerator-for-terraform.module.aws_eks.module.fargate_profile.aws_iam_role.this",
            "module.eks-cluster-with-import-vpc.module.aws-eks-accelerator-for-terraform.module.aws_eks.module.fargate_profile.aws_iam_role_policy_attachment.this",
            "module.eks-cluster-with-import-vpc.module.aws-eks-accelerator-for-terraform.module.aws_eks.module.fargate_profile.data.aws_caller_identity.current",
            "module.eks-cluster-with-import-vpc.module.aws-eks-accelerator-for-terraform.module.aws_eks.module.fargate_profile.data.aws_iam_policy_document.assume_role_policy",
            "module.eks-cluster-with-import-vpc.module.aws-eks-accelerator-for-terraform.module.aws_eks.module.fargate_profile.data.aws_partition.current",
            "module.eks-cluster-with-import-vpc.module.aws-eks-accelerator-for-terraform.module.aws_eks.module.self_managed_node_group.aws_autoscaling_group.this",
            "module.eks-cluster-with-import-vpc.module.aws-eks-accelerator-for-terraform.module.aws_eks.module.self_managed_node_group.aws_autoscaling_schedule.this",
            "module.eks-cluster-with-import-vpc.module.aws-eks-accelerator-for-terraform.module.aws_eks.module.self_managed_node_group.aws_iam_instance_profile.this",
            "module.eks-cluster-with-import-vpc.module.aws-eks-accelerator-for-terraform.module.aws_eks.module.self_managed_node_group.aws_iam_role.this",
            "module.eks-cluster-with-import-vpc.module.aws-eks-accelerator-for-terraform.module.aws_eks.module.self_managed_node_group.aws_iam_role_policy_attachment.this",
            "module.eks-cluster-with-import-vpc.module.aws-eks-accelerator-for-terraform.module.aws_eks.module.self_managed_node_group.aws_launch_template.this",
            "module.eks-cluster-with-import-vpc.module.aws-eks-accelerator-for-terraform.module.aws_eks.module.self_managed_node_group.aws_security_group.this",
            "module.eks-cluster-with-import-vpc.module.aws-eks-accelerator-for-terraform.module.aws_eks.module.self_managed_node_group.aws_security_group_rule.this",
            "module.eks-cluster-with-import-vpc.module.aws-eks-accelerator-for-terraform.module.aws_eks.module.self_managed_node_group.data.aws_ami.eks_default",
            "module.eks-cluster-with-import-vpc.module.aws-eks-accelerator-for-terraform.module.aws_eks.module.self_managed_node_group.data.aws_caller_identity.current",
            "module.eks-cluster-with-import-vpc.module.aws-eks-accelerator-for-terraform.module.aws_eks.module.self_managed_node_group.data.aws_iam_policy_document.assume_role_policy",
            "module.eks-cluster-with-import-vpc.module.aws-eks-accelerator-for-terraform.module.aws_eks.module.self_managed_node_group.data.aws_partition.current",
            "module.eks-cluster-with-import-vpc.module.aws-eks-accelerator-for-terraform.module.aws_eks.module.self_managed_node_group.module.user_data.data.cloudinit_config.linux_eks_managed_node_group",
            "module.eks-cluster-with-import-vpc.module.aws-eks-accelerator-for-terraform.module.aws_eks_fargate_profiles.aws_eks_fargate_profile.eks_fargate",
            "module.eks-cluster-with-import-vpc.module.aws-eks-accelerator-for-terraform.module.aws_eks_fargate_profiles.aws_iam_policy.cwlogs",
            "module.eks-cluster-with-import-vpc.module.aws-eks-accelerator-for-terraform.module.aws_eks_fargate_profiles.aws_iam_role.fargate",
            "module.eks-cluster-with-import-vpc.module.aws-eks-accelerator-for-terraform.module.aws_eks_fargate_profiles.aws_iam_role_policy_attachment.cwlogs",
            "module.eks-cluster-with-import-vpc.module.aws-eks-accelerator-for-terraform.module.aws_eks_fargate_profiles.aws_iam_role_policy_attachment.fargate_pod_execution_role_policy",
            "module.eks-cluster-with-import-vpc.module.aws-eks-accelerator-for-terraform.module.aws_eks_fargate_profiles.data.aws_iam_policy_document.cwlogs",
            "module.eks-cluster-with-import-vpc.module.aws-eks-accelerator-for-terraform.module.aws_eks_fargate_profiles.data.aws_iam_policy_document.fargate_assume_role_policy",
            "module.eks-cluster-with-import-vpc.module.aws-eks-accelerator-for-terraform.module.aws_eks_managed_node_groups.aws_eks_node_group.managed_ng",
            "module.eks-cluster-with-import-vpc.module.aws-eks-accelerator-for-terraform.module.aws_eks_managed_node_groups.aws_iam_instance_profile.managed_ng",
            "module.eks-cluster-with-import-vpc.module.aws-eks-accelerator-for-terraform.module.aws_eks_managed_node_groups.aws_iam_role.managed_ng",
            "module.eks-cluster-with-import-vpc.module.aws-eks-accelerator-for-terraform.module.aws_eks_managed_node_groups.aws_iam_role_policy_attachment.managed_ng",
            "module.eks-cluster-with-import-vpc.module.aws-eks-accelerator-for-terraform.module.aws_eks_managed_node_groups.aws_iam_role_policy_attachment.managed_ng_AmazonEC2ContainerRegistryReadOnly",
            "module.eks-cluster-with-import-vpc.module.aws-eks-accelerator-for-terraform.module.aws_eks_managed_node_groups.aws_iam_role_policy_attachment.managed_ng_AmazonEKSWorkerNodePolicy",
            "module.eks-cluster-with-import-vpc.module.aws-eks-accelerator-for-terraform.module.aws_eks_managed_node_groups.aws_iam_role_policy_attachment.managed_ng_AmazonEKS_CNI_Policy",
            "module.eks-cluster-with-import-vpc.module.aws-eks-accelerator-for-terraform.module.aws_eks_managed_node_groups.aws_iam_role_policy_attachment.managed_ng_AmazonSSMManagedInstanceCore",
            "module.eks-cluster-with-import-vpc.module.aws-eks-accelerator-for-terraform.module.aws_eks_managed_node_groups.aws_launch_template.managed_node_groups",
            "module.eks-cluster-with-import-vpc.module.aws-eks-accelerator-for-terraform.module.aws_eks_managed_node_groups.data.aws_iam_policy_document.managed_ng_assume_role_policy",
            "module.eks-cluster-with-import-vpc.module.aws-eks-accelerator-for-terraform.module.aws_eks_self_managed_node_groups.aws_autoscaling_group.self_managed_ng",
            "module.eks-cluster-with-import-vpc.module.aws-eks-accelerator-for-terraform.module.aws_eks_self_managed_node_groups.aws_iam_instance_profile.self_managed_ng",
            "module.eks-cluster-with-import-vpc.module.aws-eks-accelerator-for-terraform.module.aws_eks_self_managed_node_groups.aws_iam_policy.eks_windows_cni",
            "module.eks-cluster-with-import-vpc.module.aws-eks-accelerator-for-terraform.module.aws_eks_self_managed_node_groups.aws_iam_role.self_managed_ng",
            "module.eks-cluster-with-import-vpc.module.aws-eks-accelerator-for-terraform.module.aws_eks_self_managed_node_groups.aws_iam_role_policy_attachment.eks_windows_cni",
            "module.eks-cluster-with-import-vpc.module.aws-eks-accelerator-for-terraform.module.aws_eks_self_managed_node_groups.aws_iam_role_policy_attachment.self_managed_ng",
            "module.eks-cluster-with-import-vpc.module.aws-eks-accelerator-for-terraform.module.aws_eks_self_managed_node_groups.data.aws_ami.predefined",
            "module.eks-cluster-with-import-vpc.module.aws-eks-accelerator-for-terraform.module.aws_eks_self_managed_node_groups.data.aws_iam_policy_document.eks_windows_cni",
            "module.eks-cluster-with-import-vpc.module.aws-eks-accelerator-for-terraform.module.aws_eks_self_managed_node_groups.data.aws_iam_policy_document.self_managed_ng_assume_role_policy",
            "module.eks-cluster-with-import-vpc.module.aws-eks-accelerator-for-terraform.module.aws_eks_self_managed_node_groups.module.launch_template_self_managed_ng.aws_launch_template.this",
            "module.eks-cluster-with-import-vpc.module.aws-eks-accelerator-for-terraform.module.aws_eks_self_managed_node_groups.module.launch_template_self_managed_ng.data.aws_eks_cluster.eks",
            "module.eks-cluster-with-import-vpc.module.aws-eks-accelerator-for-terraform.module.aws_eks_self_managed_node_groups.module.launch_template_self_managed_ng.data.aws_eks_cluster_auth.eks",
            "module.eks-cluster-with-import-vpc.module.aws-eks-accelerator-for-terraform.module.aws_eks_teams.aws_iam_policy.platform_team_eks_access",
            "module.eks-cluster-with-import-vpc.module.aws-eks-accelerator-for-terraform.module.aws_eks_teams.aws_iam_role.platform_team",
            "module.eks-cluster-with-import-vpc.module.aws-eks-accelerator-for-terraform.module.aws_eks_teams.aws_iam_role.team_access",
            "module.eks-cluster-with-import-vpc.module.aws-eks-accelerator-for-terraform.module.aws_eks_teams.aws_iam_role.team_sa_irsa",
            "module.eks-cluster-with-import-vpc.module.aws-eks-accelerator-for-terraform.module.aws_eks_teams.data.aws_caller_identity.current",
            "module.eks-cluster-with-import-vpc.module.aws-eks-accelerator-for-terraform.module.aws_eks_teams.data.aws_eks_cluster.eks_cluster",
            "module.eks-cluster-with-import-vpc.module.aws-eks-accelerator-for-terraform.module.aws_eks_teams.data.aws_iam_policy_document.platform_team_eks_access",
            "module.eks-cluster-with-import-vpc.module.aws-eks-accelerator-for-terraform.module.aws_eks_teams.data.aws_partition.current",
            "module.eks-cluster-with-import-vpc.module.aws-eks-accelerator-for-terraform.module.aws_eks_teams.data.aws_region.current",
            "module.eks-cluster-with-import-vpc.module.aws-eks-accelerator-for-terraform.module.aws_eks_teams.kubectl_manifest.team",
            "module.eks-cluster-with-import-vpc.module.aws-eks-accelerator-for-terraform.module.aws_eks_teams.kubernetes_cluster_role.team",
            "module.eks-cluster-with-import-vpc.module.aws-eks-accelerator-for-terraform.module.aws_eks_teams.kubernetes_cluster_role_binding.team",
            "module.eks-cluster-with-import-vpc.module.aws-eks-accelerator-for-terraform.module.aws_eks_teams.kubernetes_namespace.team",
            "module.eks-cluster-with-import-vpc.module.aws-eks-accelerator-for-terraform.module.aws_eks_teams.kubernetes_resource_quota.team_compute_quota",
            "module.eks-cluster-with-import-vpc.module.aws-eks-accelerator-for-terraform.module.aws_eks_teams.kubernetes_resource_quota.team_object_quota",
            "module.eks-cluster-with-import-vpc.module.aws-eks-accelerator-for-terraform.module.aws_eks_teams.kubernetes_role.team",
            "module.eks-cluster-with-import-vpc.module.aws-eks-accelerator-for-terraform.module.aws_eks_teams.kubernetes_role_binding.team",
            "module.eks-cluster-with-import-vpc.module.aws-eks-accelerator-for-terraform.module.aws_eks_teams.kubernetes_service_account.team",
            "module.eks-cluster-with-import-vpc.module.aws-eks-accelerator-for-terraform.module.aws_managed_prometheus.aws_prometheus_workspace.amp_workspace",
            "module.eks-cluster-with-import-vpc.module.aws-eks-accelerator-for-terraform.module.emr_on_eks.aws_iam_policy.emr_on_eks_execution",
            "module.eks-cluster-with-import-vpc.module.aws-eks-accelerator-for-terraform.module.emr_on_eks.aws_iam_role.emr_on_eks_execution",
            "module.eks-cluster-with-import-vpc.module.aws-eks-accelerator-for-terraform.module.emr_on_eks.aws_iam_role_policy_attachment.emr_on_eks_execution",
            "module.eks-cluster-with-import-vpc.module.aws-eks-accelerator-for-terraform.module.emr_on_eks.data.aws_caller_identity.current",
            "module.eks-cluster-with-import-vpc.module.aws-eks-accelerator-for-terraform.module.emr_on_eks.data.aws_iam_policy_document.emr_assume_role",
            "module.eks-cluster-with-import-vpc.module.aws-eks-accelerator-for-terraform.module.emr_on_eks.data.aws_iam_policy_document.emr_on_eks",
            "module.eks-cluster-with-import-vpc.module.aws-eks-accelerator-for-terraform.module.emr_on_eks.data.aws_partition.current",
            "module.eks-cluster-with-import-vpc.module.aws-eks-accelerator-for-terraform.module.emr_on_eks.data.aws_region.current",
            "module.eks-cluster-with-import-vpc.module.aws-eks-accelerator-for-terraform.module.emr_on_eks.kubernetes_namespace.spark",
            "module.eks-cluster-with-import-vpc.module.aws-eks-accelerator-for-terraform.module.emr_on_eks.kubernetes_role.emr_containers",
            "module.eks-cluster-with-import-vpc.module.aws-eks-accelerator-for-terraform.module.emr_on_eks.kubernetes_role_binding.emr_containers",
            "module.eks-cluster-with-import-vpc.module.aws-eks-accelerator-for-terraform.module.emr_on_eks.null_resource.update_trust_policy",
            "module.eks-cluster-with-import-vpc.module.aws-eks-accelerator-for-terraform.module.kms.aws_kms_alias.this",
            "module.eks-cluster-with-import-vpc.module.aws-eks-accelerator-for-terraform.module.kms.aws_kms_key.this",
            "module.eks-cluster-with-import-vpc.module.aws_vpc.aws_subnet.private",
            "module.eks-cluster-with-import-vpc.module.aws_vpc.aws_vpc.this",
            "module.eks-cluster-with-import-vpc.module.aws_vpc.aws_vpc_ipv4_cidr_block_association.this",
            "module.eks-cluster-with-import-vpc.module.kubernetes-addons.data.aws_caller_identity.current",
            "module.eks-cluster-with-import-vpc.module.kubernetes-addons.data.aws_eks_cluster.eks_cluster",
            "module.eks-cluster-with-import-vpc.module.kubernetes-addons.data.aws_partition.current",
            "module.eks-cluster-with-import-vpc.module.kubernetes-addons.data.aws_region.current",
            "module.eks-cluster-with-import-vpc.module.kubernetes-addons.module.aws_ebs_csi_driver.aws_iam_policy.aws_ebs_csi_driver",
            "module.eks-cluster-with-import-vpc.module.kubernetes-addons.module.aws_ebs_csi_driver.data.aws_iam_policy_document.aws_ebs_csi_driver",
            "module.eks-cluster-with-import-vpc.module.kubernetes-addons.module.aws_ebs_csi_driver.module.irsa_addon.aws_iam_role.irsa",
            "module.eks-cluster-with-import-vpc.module.kubernetes-addons.module.aws_ebs_csi_driver.module.irsa_addon.aws_iam_role_policy_attachment.irsa",
            "module.eks-cluster-with-import-vpc.module.kubernetes-addons.module.aws_ebs_csi_driver.module.irsa_addon.kubernetes_namespace_v1.irsa",
            "module.eks-cluster-with-import-vpc.module.kubernetes-addons.module.aws_ebs_csi_driver.module.irsa_addon.kubernetes_service_account_v1.irsa"
          ]
        }
      ]
    },
    {
      "module": "module.eks-cluster-with-import-vpc.module.kubernetes-addons.module.aws_ebs_csi_driver[0]",
      "mode": "managed",
      "type": "aws_iam_policy",
      "name": "aws_ebs_csi_driver",
      "provider": "provider[\"registry.terraform.io/hashicorp/aws\"]",
      "instances": [
        {
          "schema_version": 0,
          "attributes": {
            "arn": "arn:aws:iam::411309562081:policy/eclipz-sndbx-devops-eks-aws-ebs-csi-driver-irsa",
            "description": "IAM Policy for AWS EBS CSI Driver",
            "id": "arn:aws:iam::411309562081:policy/eclipz-sndbx-devops-eks-aws-ebs-csi-driver-irsa",
            "name": "eclipz-sndbx-devops-eks-aws-ebs-csi-driver-irsa",
            "name_prefix": null,
            "path": "/",
            "policy": "{\"Statement\":[{\"Action\":[\"ec2:ModifyVolume\",\"ec2:DetachVolume\",\"ec2:DescribeVolumesModifications\",\"ec2:DescribeVolumes\",\"ec2:DescribeTags\",\"ec2:DescribeSnapshots\",\"ec2:DescribeInstances\",\"ec2:DescribeAvailabilityZones\",\"ec2:CreateSnapshot\",\"ec2:AttachVolume\"],\"Effect\":\"Allow\",\"Resource\":\"*\",\"Sid\":\"\"},{\"Action\":\"ec2:CreateTags\",\"Condition\":{\"StringEquals\":{\"ec2:CreateAction\":[\"CreateVolume\",\"CreateSnapshot\"]}},\"Effect\":\"Allow\",\"Resource\":[\"arn:aws:ec2:*:*:volume/*\",\"arn:aws:ec2:*:*:snapshot/*\"],\"Sid\":\"\"},{\"Action\":\"ec2:DeleteTags\",\"Effect\":\"Allow\",\"Resource\":[\"arn:aws:ec2:*:*:volume/*\",\"arn:aws:ec2:*:*:snapshot/*\"],\"Sid\":\"\"},{\"Action\":\"ec2:CreateVolume\",\"Condition\":{\"StringLike\":{\"aws:RequestTag/ebs.csi.aws.com/cluster\":\"true\"}},\"Effect\":\"Allow\",\"Resource\":\"*\",\"Sid\":\"\"},{\"Action\":\"ec2:CreateVolume\",\"Condition\":{\"StringLike\":{\"aws:RequestTag/CSIVolumeName\":\"*\"}},\"Effect\":\"Allow\",\"Resource\":\"*\",\"Sid\":\"\"},{\"Action\":\"ec2:CreateVolume\",\"Condition\":{\"StringLike\":{\"aws:RequestTag/kubernetes.io/cluster/*\":\"owned\"}},\"Effect\":\"Allow\",\"Resource\":\"*\",\"Sid\":\"\"},{\"Action\":\"ec2:DeleteVolume\",\"Condition\":{\"StringLike\":{\"ec2:ResourceTag/ebs.csi.aws.com/cluster\":\"true\"}},\"Effect\":\"Allow\",\"Resource\":\"*\",\"Sid\":\"\"},{\"Action\":\"ec2:DeleteVolume\",\"Condition\":{\"StringLike\":{\"ec2:ResourceTag/CSIVolumeName\":\"*\"}},\"Effect\":\"Allow\",\"Resource\":\"*\",\"Sid\":\"\"},{\"Action\":\"ec2:DeleteVolume\",\"Condition\":{\"StringLike\":{\"ec2:ResourceTag/kubernetes.io/cluster/*\":\"owned\"}},\"Effect\":\"Allow\",\"Resource\":\"*\",\"Sid\":\"\"},{\"Action\":\"ec2:DeleteSnapshot\",\"Condition\":{\"StringLike\":{\"ec2:ResourceTag/CSIVolumeSnapshotName\":\"*\"}},\"Effect\":\"Allow\",\"Resource\":\"*\",\"Sid\":\"\"},{\"Action\":\"ec2:DeleteSnapshot\",\"Condition\":{\"StringLike\":{\"ec2:ResourceTag/ebs.csi.aws.com/cluster\":\"true\"}},\"Effect\":\"Allow\",\"Resource\":\"*\",\"Sid\":\"\"}],\"Version\":\"2012-10-17\"}",
            "policy_id": "ANPAV7Q7V3DQWUOLGEWBX",
            "tags": {},
            "tags_all": {}
          },
          "sensitive_attributes": [],
          "private": "bnVsbA==",
          "dependencies": [
            "module.eks-cluster-with-import-vpc.data.aws_availability_zones.available",
            "module.eks-cluster-with-import-vpc.data.aws_eks_cluster.cluster",
            "module.eks-cluster-with-import-vpc.data.aws_eks_cluster_auth.cluster",
            "module.eks-cluster-with-import-vpc.module.aws-eks-accelerator-for-terraform.data.aws_availability_zones.available",
            "module.eks-cluster-with-import-vpc.module.aws-eks-accelerator-for-terraform.data.aws_caller_identity.current",
            "module.eks-cluster-with-import-vpc.module.aws-eks-accelerator-for-terraform.data.aws_eks_cluster.cluster",
            "module.eks-cluster-with-import-vpc.module.aws-eks-accelerator-for-terraform.data.aws_eks_cluster_auth.cluster",
            "module.eks-cluster-with-import-vpc.module.aws-eks-accelerator-for-terraform.data.aws_iam_policy_document.eks_key",
            "module.eks-cluster-with-import-vpc.module.aws-eks-accelerator-for-terraform.data.aws_iam_session_context.current",
            "module.eks-cluster-with-import-vpc.module.aws-eks-accelerator-for-terraform.data.aws_partition.current",
            "module.eks-cluster-with-import-vpc.module.aws-eks-accelerator-for-terraform.data.aws_region.current",
            "module.eks-cluster-with-import-vpc.module.aws-eks-accelerator-for-terraform.data.http.eks_cluster_readiness",
            "module.eks-cluster-with-import-vpc.module.aws-eks-accelerator-for-terraform.kubernetes_config_map.amazon_vpc_cni",
            "module.eks-cluster-with-import-vpc.module.aws-eks-accelerator-for-terraform.kubernetes_config_map.aws_auth",
            "module.eks-cluster-with-import-vpc.module.aws-eks-accelerator-for-terraform.module.aws_eks.aws_cloudwatch_log_group.this",
            "module.eks-cluster-with-import-vpc.module.aws-eks-accelerator-for-terraform.module.aws_eks.aws_eks_addon.this",
            "module.eks-cluster-with-import-vpc.module.aws-eks-accelerator-for-terraform.module.aws_eks.aws_eks_cluster.this",
            "module.eks-cluster-with-import-vpc.module.aws-eks-accelerator-for-terraform.module.aws_eks.aws_eks_identity_provider_config.this",
            "module.eks-cluster-with-import-vpc.module.aws-eks-accelerator-for-terraform.module.aws_eks.aws_iam_openid_connect_provider.oidc_provider",
            "module.eks-cluster-with-import-vpc.module.aws-eks-accelerator-for-terraform.module.aws_eks.aws_iam_policy.cluster_encryption",
            "module.eks-cluster-with-import-vpc.module.aws-eks-accelerator-for-terraform.module.aws_eks.aws_iam_policy.cni_ipv6_policy",
            "module.eks-cluster-with-import-vpc.module.aws-eks-accelerator-for-terraform.module.aws_eks.aws_iam_role.this",
            "module.eks-cluster-with-import-vpc.module.aws-eks-accelerator-for-terraform.module.aws_eks.aws_iam_role_policy_attachment.cluster_encryption",
            "module.eks-cluster-with-import-vpc.module.aws-eks-accelerator-for-terraform.module.aws_eks.aws_iam_role_policy_attachment.this",
            "module.eks-cluster-with-import-vpc.module.aws-eks-accelerator-for-terraform.module.aws_eks.aws_security_group.cluster",
            "module.eks-cluster-with-import-vpc.module.aws-eks-accelerator-for-terraform.module.aws_eks.aws_security_group.node",
            "module.eks-cluster-with-import-vpc.module.aws-eks-accelerator-for-terraform.module.aws_eks.aws_security_group_rule.cluster",
            "module.eks-cluster-with-import-vpc.module.aws-eks-accelerator-for-terraform.module.aws_eks.aws_security_group_rule.node",
            "module.eks-cluster-with-import-vpc.module.aws-eks-accelerator-for-terraform.module.aws_eks.data.aws_iam_policy_document.assume_role_policy",
            "module.eks-cluster-with-import-vpc.module.aws-eks-accelerator-for-terraform.module.aws_eks.data.aws_iam_policy_document.cni_ipv6_policy",
            "module.eks-cluster-with-import-vpc.module.aws-eks-accelerator-for-terraform.module.aws_eks.data.aws_partition.current",
            "module.eks-cluster-with-import-vpc.module.aws-eks-accelerator-for-terraform.module.aws_eks.data.tls_certificate.this",
            "module.eks-cluster-with-import-vpc.module.aws-eks-accelerator-for-terraform.module.aws_eks.module.eks_managed_node_group.aws_eks_node_group.this",
            "module.eks-cluster-with-import-vpc.module.aws-eks-accelerator-for-terraform.module.aws_eks.module.eks_managed_node_group.aws_iam_role.this",
            "module.eks-cluster-with-import-vpc.module.aws-eks-accelerator-for-terraform.module.aws_eks.module.eks_managed_node_group.aws_iam_role_policy_attachment.this",
            "module.eks-cluster-with-import-vpc.module.aws-eks-accelerator-for-terraform.module.aws_eks.module.eks_managed_node_group.aws_launch_template.this",
            "module.eks-cluster-with-import-vpc.module.aws-eks-accelerator-for-terraform.module.aws_eks.module.eks_managed_node_group.aws_security_group.this",
            "module.eks-cluster-with-import-vpc.module.aws-eks-accelerator-for-terraform.module.aws_eks.module.eks_managed_node_group.aws_security_group_rule.this",
            "module.eks-cluster-with-import-vpc.module.aws-eks-accelerator-for-terraform.module.aws_eks.module.eks_managed_node_group.data.aws_caller_identity.current",
            "module.eks-cluster-with-import-vpc.module.aws-eks-accelerator-for-terraform.module.aws_eks.module.eks_managed_node_group.data.aws_iam_policy_document.assume_role_policy",
            "module.eks-cluster-with-import-vpc.module.aws-eks-accelerator-for-terraform.module.aws_eks.module.eks_managed_node_group.data.aws_partition.current",
            "module.eks-cluster-with-import-vpc.module.aws-eks-accelerator-for-terraform.module.aws_eks.module.eks_managed_node_group.module.user_data.data.cloudinit_config.linux_eks_managed_node_group",
            "module.eks-cluster-with-import-vpc.module.aws-eks-accelerator-for-terraform.module.aws_eks.module.fargate_profile.aws_eks_fargate_profile.this",
            "module.eks-cluster-with-import-vpc.module.aws-eks-accelerator-for-terraform.module.aws_eks.module.fargate_profile.aws_iam_role.this",
            "module.eks-cluster-with-import-vpc.module.aws-eks-accelerator-for-terraform.module.aws_eks.module.fargate_profile.aws_iam_role_policy_attachment.this",
            "module.eks-cluster-with-import-vpc.module.aws-eks-accelerator-for-terraform.module.aws_eks.module.fargate_profile.data.aws_caller_identity.current",
            "module.eks-cluster-with-import-vpc.module.aws-eks-accelerator-for-terraform.module.aws_eks.module.fargate_profile.data.aws_iam_policy_document.assume_role_policy",
            "module.eks-cluster-with-import-vpc.module.aws-eks-accelerator-for-terraform.module.aws_eks.module.fargate_profile.data.aws_partition.current",
            "module.eks-cluster-with-import-vpc.module.aws-eks-accelerator-for-terraform.module.aws_eks.module.self_managed_node_group.aws_autoscaling_group.this",
            "module.eks-cluster-with-import-vpc.module.aws-eks-accelerator-for-terraform.module.aws_eks.module.self_managed_node_group.aws_autoscaling_schedule.this",
            "module.eks-cluster-with-import-vpc.module.aws-eks-accelerator-for-terraform.module.aws_eks.module.self_managed_node_group.aws_iam_instance_profile.this",
            "module.eks-cluster-with-import-vpc.module.aws-eks-accelerator-for-terraform.module.aws_eks.module.self_managed_node_group.aws_iam_role.this",
            "module.eks-cluster-with-import-vpc.module.aws-eks-accelerator-for-terraform.module.aws_eks.module.self_managed_node_group.aws_iam_role_policy_attachment.this",
            "module.eks-cluster-with-import-vpc.module.aws-eks-accelerator-for-terraform.module.aws_eks.module.self_managed_node_group.aws_launch_template.this",
            "module.eks-cluster-with-import-vpc.module.aws-eks-accelerator-for-terraform.module.aws_eks.module.self_managed_node_group.aws_security_group.this",
            "module.eks-cluster-with-import-vpc.module.aws-eks-accelerator-for-terraform.module.aws_eks.module.self_managed_node_group.aws_security_group_rule.this",
            "module.eks-cluster-with-import-vpc.module.aws-eks-accelerator-for-terraform.module.aws_eks.module.self_managed_node_group.data.aws_ami.eks_default",
            "module.eks-cluster-with-import-vpc.module.aws-eks-accelerator-for-terraform.module.aws_eks.module.self_managed_node_group.data.aws_caller_identity.current",
            "module.eks-cluster-with-import-vpc.module.aws-eks-accelerator-for-terraform.module.aws_eks.module.self_managed_node_group.data.aws_iam_policy_document.assume_role_policy",
            "module.eks-cluster-with-import-vpc.module.aws-eks-accelerator-for-terraform.module.aws_eks.module.self_managed_node_group.data.aws_partition.current",
            "module.eks-cluster-with-import-vpc.module.aws-eks-accelerator-for-terraform.module.aws_eks.module.self_managed_node_group.module.user_data.data.cloudinit_config.linux_eks_managed_node_group",
            "module.eks-cluster-with-import-vpc.module.aws-eks-accelerator-for-terraform.module.aws_eks_fargate_profiles.aws_eks_fargate_profile.eks_fargate",
            "module.eks-cluster-with-import-vpc.module.aws-eks-accelerator-for-terraform.module.aws_eks_fargate_profiles.aws_iam_policy.cwlogs",
            "module.eks-cluster-with-import-vpc.module.aws-eks-accelerator-for-terraform.module.aws_eks_fargate_profiles.aws_iam_role.fargate",
            "module.eks-cluster-with-import-vpc.module.aws-eks-accelerator-for-terraform.module.aws_eks_fargate_profiles.aws_iam_role_policy_attachment.cwlogs",
            "module.eks-cluster-with-import-vpc.module.aws-eks-accelerator-for-terraform.module.aws_eks_fargate_profiles.aws_iam_role_policy_attachment.fargate_pod_execution_role_policy",
            "module.eks-cluster-with-import-vpc.module.aws-eks-accelerator-for-terraform.module.aws_eks_fargate_profiles.data.aws_iam_policy_document.cwlogs",
            "module.eks-cluster-with-import-vpc.module.aws-eks-accelerator-for-terraform.module.aws_eks_fargate_profiles.data.aws_iam_policy_document.fargate_assume_role_policy",
            "module.eks-cluster-with-import-vpc.module.aws-eks-accelerator-for-terraform.module.aws_eks_managed_node_groups.aws_eks_node_group.managed_ng",
            "module.eks-cluster-with-import-vpc.module.aws-eks-accelerator-for-terraform.module.aws_eks_managed_node_groups.aws_iam_instance_profile.managed_ng",
            "module.eks-cluster-with-import-vpc.module.aws-eks-accelerator-for-terraform.module.aws_eks_managed_node_groups.aws_iam_role.managed_ng",
            "module.eks-cluster-with-import-vpc.module.aws-eks-accelerator-for-terraform.module.aws_eks_managed_node_groups.aws_iam_role_policy_attachment.managed_ng",
            "module.eks-cluster-with-import-vpc.module.aws-eks-accelerator-for-terraform.module.aws_eks_managed_node_groups.aws_iam_role_policy_attachment.managed_ng_AmazonEC2ContainerRegistryReadOnly",
            "module.eks-cluster-with-import-vpc.module.aws-eks-accelerator-for-terraform.module.aws_eks_managed_node_groups.aws_iam_role_policy_attachment.managed_ng_AmazonEKSWorkerNodePolicy",
            "module.eks-cluster-with-import-vpc.module.aws-eks-accelerator-for-terraform.module.aws_eks_managed_node_groups.aws_iam_role_policy_attachment.managed_ng_AmazonEKS_CNI_Policy",
            "module.eks-cluster-with-import-vpc.module.aws-eks-accelerator-for-terraform.module.aws_eks_managed_node_groups.aws_iam_role_policy_attachment.managed_ng_AmazonSSMManagedInstanceCore",
            "module.eks-cluster-with-import-vpc.module.aws-eks-accelerator-for-terraform.module.aws_eks_managed_node_groups.aws_launch_template.managed_node_groups",
            "module.eks-cluster-with-import-vpc.module.aws-eks-accelerator-for-terraform.module.aws_eks_managed_node_groups.data.aws_iam_policy_document.managed_ng_assume_role_policy",
            "module.eks-cluster-with-import-vpc.module.aws-eks-accelerator-for-terraform.module.aws_eks_self_managed_node_groups.aws_autoscaling_group.self_managed_ng",
            "module.eks-cluster-with-import-vpc.module.aws-eks-accelerator-for-terraform.module.aws_eks_self_managed_node_groups.aws_iam_instance_profile.self_managed_ng",
            "module.eks-cluster-with-import-vpc.module.aws-eks-accelerator-for-terraform.module.aws_eks_self_managed_node_groups.aws_iam_policy.eks_windows_cni",
            "module.eks-cluster-with-import-vpc.module.aws-eks-accelerator-for-terraform.module.aws_eks_self_managed_node_groups.aws_iam_role.self_managed_ng",
            "module.eks-cluster-with-import-vpc.module.aws-eks-accelerator-for-terraform.module.aws_eks_self_managed_node_groups.aws_iam_role_policy_attachment.eks_windows_cni",
            "module.eks-cluster-with-import-vpc.module.aws-eks-accelerator-for-terraform.module.aws_eks_self_managed_node_groups.aws_iam_role_policy_attachment.self_managed_ng",
            "module.eks-cluster-with-import-vpc.module.aws-eks-accelerator-for-terraform.module.aws_eks_self_managed_node_groups.data.aws_ami.predefined",
            "module.eks-cluster-with-import-vpc.module.aws-eks-accelerator-for-terraform.module.aws_eks_self_managed_node_groups.data.aws_iam_policy_document.eks_windows_cni",
            "module.eks-cluster-with-import-vpc.module.aws-eks-accelerator-for-terraform.module.aws_eks_self_managed_node_groups.data.aws_iam_policy_document.self_managed_ng_assume_role_policy",
            "module.eks-cluster-with-import-vpc.module.aws-eks-accelerator-for-terraform.module.aws_eks_self_managed_node_groups.module.launch_template_self_managed_ng.aws_launch_template.this",
            "module.eks-cluster-with-import-vpc.module.aws-eks-accelerator-for-terraform.module.aws_eks_self_managed_node_groups.module.launch_template_self_managed_ng.data.aws_eks_cluster.eks",
            "module.eks-cluster-with-import-vpc.module.aws-eks-accelerator-for-terraform.module.aws_eks_self_managed_node_groups.module.launch_template_self_managed_ng.data.aws_eks_cluster_auth.eks",
            "module.eks-cluster-with-import-vpc.module.aws-eks-accelerator-for-terraform.module.aws_eks_teams.aws_iam_policy.platform_team_eks_access",
            "module.eks-cluster-with-import-vpc.module.aws-eks-accelerator-for-terraform.module.aws_eks_teams.aws_iam_role.platform_team",
            "module.eks-cluster-with-import-vpc.module.aws-eks-accelerator-for-terraform.module.aws_eks_teams.aws_iam_role.team_access",
            "module.eks-cluster-with-import-vpc.module.aws-eks-accelerator-for-terraform.module.aws_eks_teams.aws_iam_role.team_sa_irsa",
            "module.eks-cluster-with-import-vpc.module.aws-eks-accelerator-for-terraform.module.aws_eks_teams.data.aws_caller_identity.current",
            "module.eks-cluster-with-import-vpc.module.aws-eks-accelerator-for-terraform.module.aws_eks_teams.data.aws_eks_cluster.eks_cluster",
            "module.eks-cluster-with-import-vpc.module.aws-eks-accelerator-for-terraform.module.aws_eks_teams.data.aws_iam_policy_document.platform_team_eks_access",
            "module.eks-cluster-with-import-vpc.module.aws-eks-accelerator-for-terraform.module.aws_eks_teams.data.aws_partition.current",
            "module.eks-cluster-with-import-vpc.module.aws-eks-accelerator-for-terraform.module.aws_eks_teams.data.aws_region.current",
            "module.eks-cluster-with-import-vpc.module.aws-eks-accelerator-for-terraform.module.aws_eks_teams.kubectl_manifest.team",
            "module.eks-cluster-with-import-vpc.module.aws-eks-accelerator-for-terraform.module.aws_eks_teams.kubernetes_cluster_role.team",
            "module.eks-cluster-with-import-vpc.module.aws-eks-accelerator-for-terraform.module.aws_eks_teams.kubernetes_cluster_role_binding.team",
            "module.eks-cluster-with-import-vpc.module.aws-eks-accelerator-for-terraform.module.aws_eks_teams.kubernetes_namespace.team",
            "module.eks-cluster-with-import-vpc.module.aws-eks-accelerator-for-terraform.module.aws_eks_teams.kubernetes_resource_quota.team_compute_quota",
            "module.eks-cluster-with-import-vpc.module.aws-eks-accelerator-for-terraform.module.aws_eks_teams.kubernetes_resource_quota.team_object_quota",
            "module.eks-cluster-with-import-vpc.module.aws-eks-accelerator-for-terraform.module.aws_eks_teams.kubernetes_role.team",
            "module.eks-cluster-with-import-vpc.module.aws-eks-accelerator-for-terraform.module.aws_eks_teams.kubernetes_role_binding.team",
            "module.eks-cluster-with-import-vpc.module.aws-eks-accelerator-for-terraform.module.aws_eks_teams.kubernetes_service_account.team",
            "module.eks-cluster-with-import-vpc.module.aws-eks-accelerator-for-terraform.module.aws_managed_prometheus.aws_prometheus_workspace.amp_workspace",
            "module.eks-cluster-with-import-vpc.module.aws-eks-accelerator-for-terraform.module.emr_on_eks.aws_iam_policy.emr_on_eks_execution",
            "module.eks-cluster-with-import-vpc.module.aws-eks-accelerator-for-terraform.module.emr_on_eks.aws_iam_role.emr_on_eks_execution",
            "module.eks-cluster-with-import-vpc.module.aws-eks-accelerator-for-terraform.module.emr_on_eks.aws_iam_role_policy_attachment.emr_on_eks_execution",
            "module.eks-cluster-with-import-vpc.module.aws-eks-accelerator-for-terraform.module.emr_on_eks.data.aws_caller_identity.current",
            "module.eks-cluster-with-import-vpc.module.aws-eks-accelerator-for-terraform.module.emr_on_eks.data.aws_iam_policy_document.emr_assume_role",
            "module.eks-cluster-with-import-vpc.module.aws-eks-accelerator-for-terraform.module.emr_on_eks.data.aws_iam_policy_document.emr_on_eks",
            "module.eks-cluster-with-import-vpc.module.aws-eks-accelerator-for-terraform.module.emr_on_eks.data.aws_partition.current",
            "module.eks-cluster-with-import-vpc.module.aws-eks-accelerator-for-terraform.module.emr_on_eks.data.aws_region.current",
            "module.eks-cluster-with-import-vpc.module.aws-eks-accelerator-for-terraform.module.emr_on_eks.kubernetes_namespace.spark",
            "module.eks-cluster-with-import-vpc.module.aws-eks-accelerator-for-terraform.module.emr_on_eks.kubernetes_role.emr_containers",
            "module.eks-cluster-with-import-vpc.module.aws-eks-accelerator-for-terraform.module.emr_on_eks.kubernetes_role_binding.emr_containers",
            "module.eks-cluster-with-import-vpc.module.aws-eks-accelerator-for-terraform.module.emr_on_eks.null_resource.update_trust_policy",
            "module.eks-cluster-with-import-vpc.module.aws-eks-accelerator-for-terraform.module.kms.aws_kms_alias.this",
            "module.eks-cluster-with-import-vpc.module.aws-eks-accelerator-for-terraform.module.kms.aws_kms_key.this",
            "module.eks-cluster-with-import-vpc.module.aws_vpc.aws_subnet.private",
            "module.eks-cluster-with-import-vpc.module.aws_vpc.aws_vpc.this",
            "module.eks-cluster-with-import-vpc.module.aws_vpc.aws_vpc_ipv4_cidr_block_association.this",
            "module.eks-cluster-with-import-vpc.module.kubernetes-addons.data.aws_caller_identity.current",
            "module.eks-cluster-with-import-vpc.module.kubernetes-addons.data.aws_eks_cluster.eks_cluster",
            "module.eks-cluster-with-import-vpc.module.kubernetes-addons.data.aws_partition.current",
            "module.eks-cluster-with-import-vpc.module.kubernetes-addons.data.aws_region.current",
            "module.eks-cluster-with-import-vpc.module.kubernetes-addons.module.aws_ebs_csi_driver.data.aws_iam_policy_document.aws_ebs_csi_driver"
          ]
        }
      ]
    },
    {
      "module": "module.eks-cluster-with-import-vpc.module.kubernetes-addons.module.aws_ebs_csi_driver[0].module.irsa_addon",
      "mode": "managed",
      "type": "aws_iam_role",
      "name": "irsa",
      "provider": "provider[\"registry.terraform.io/hashicorp/aws\"]",
      "instances": [
        {
          "index_key": 0,
          "schema_version": 0,
          "attributes": {
            "arn": "arn:aws:iam::411309562081:role/eclipz-sndbx-devops-eks-ebs-csi-controller-sa-irsa",
            "assume_role_policy": "{\"Statement\":[{\"Action\":\"sts:AssumeRoleWithWebIdentity\",\"Condition\":{\"StringLike\":{\"oidc.eks.us-east-1.amazonaws.com/id/B5E4A8F73D2823F247F70443DF689A3C:sub\":\"system:serviceaccount:kube-system:ebs-csi-controller-sa\"}},\"Effect\":\"Allow\",\"Principal\":{\"Federated\":\"arn:aws:iam::411309562081:oidc-provider/oidc.eks.us-east-1.amazonaws.com/id/B5E4A8F73D2823F247F70443DF689A3C\"}}],\"Version\":\"2012-10-17\"}",
            "create_date": "2022-11-17T08:02:16Z",
            "description": "AWS IAM Role for the Kubernetes service account ebs-csi-controller-sa.",
            "force_detach_policies": true,
            "id": "eclipz-sndbx-devops-eks-ebs-csi-controller-sa-irsa",
            "inline_policy": [],
            "managed_policy_arns": [
              "arn:aws:iam::411309562081:policy/eclipz-sndbx-devops-eks-aws-ebs-csi-driver-irsa"
            ],
            "max_session_duration": 3600,
            "name": "eclipz-sndbx-devops-eks-ebs-csi-controller-sa-irsa",
            "name_prefix": "",
            "path": "/",
            "permissions_boundary": "",
            "tags": {
              "Name": "eclipz-sndbx-devops-eks-ebs-csi-controller-sa-irsa",
              "app.kubernetes.io/managed-by": "terraform-eks-blueprints"
            },
            "tags_all": {
              "Name": "eclipz-sndbx-devops-eks-ebs-csi-controller-sa-irsa",
              "app.kubernetes.io/managed-by": "terraform-eks-blueprints"
            },
            "unique_id": "AROAV7Q7V3DQ2ASGWNK46"
          },
          "sensitive_attributes": [],
          "private": "bnVsbA==",
          "dependencies": [
            "module.eks-cluster-with-import-vpc.data.aws_availability_zones.available",
            "module.eks-cluster-with-import-vpc.data.aws_eks_cluster.cluster",
            "module.eks-cluster-with-import-vpc.data.aws_eks_cluster_auth.cluster",
            "module.eks-cluster-with-import-vpc.module.aws-eks-accelerator-for-terraform.data.aws_availability_zones.available",
            "module.eks-cluster-with-import-vpc.module.aws-eks-accelerator-for-terraform.data.aws_caller_identity.current",
            "module.eks-cluster-with-import-vpc.module.aws-eks-accelerator-for-terraform.data.aws_eks_cluster.cluster",
            "module.eks-cluster-with-import-vpc.module.aws-eks-accelerator-for-terraform.data.aws_eks_cluster_auth.cluster",
            "module.eks-cluster-with-import-vpc.module.aws-eks-accelerator-for-terraform.data.aws_iam_policy_document.eks_key",
            "module.eks-cluster-with-import-vpc.module.aws-eks-accelerator-for-terraform.data.aws_iam_session_context.current",
            "module.eks-cluster-with-import-vpc.module.aws-eks-accelerator-for-terraform.data.aws_partition.current",
            "module.eks-cluster-with-import-vpc.module.aws-eks-accelerator-for-terraform.data.aws_region.current",
            "module.eks-cluster-with-import-vpc.module.aws-eks-accelerator-for-terraform.data.http.eks_cluster_readiness",
            "module.eks-cluster-with-import-vpc.module.aws-eks-accelerator-for-terraform.kubernetes_config_map.amazon_vpc_cni",
            "module.eks-cluster-with-import-vpc.module.aws-eks-accelerator-for-terraform.kubernetes_config_map.aws_auth",
            "module.eks-cluster-with-import-vpc.module.aws-eks-accelerator-for-terraform.module.aws_eks.aws_cloudwatch_log_group.this",
            "module.eks-cluster-with-import-vpc.module.aws-eks-accelerator-for-terraform.module.aws_eks.aws_eks_addon.this",
            "module.eks-cluster-with-import-vpc.module.aws-eks-accelerator-for-terraform.module.aws_eks.aws_eks_cluster.this",
            "module.eks-cluster-with-import-vpc.module.aws-eks-accelerator-for-terraform.module.aws_eks.aws_eks_identity_provider_config.this",
            "module.eks-cluster-with-import-vpc.module.aws-eks-accelerator-for-terraform.module.aws_eks.aws_iam_openid_connect_provider.oidc_provider",
            "module.eks-cluster-with-import-vpc.module.aws-eks-accelerator-for-terraform.module.aws_eks.aws_iam_policy.cluster_encryption",
            "module.eks-cluster-with-import-vpc.module.aws-eks-accelerator-for-terraform.module.aws_eks.aws_iam_policy.cni_ipv6_policy",
            "module.eks-cluster-with-import-vpc.module.aws-eks-accelerator-for-terraform.module.aws_eks.aws_iam_role.this",
            "module.eks-cluster-with-import-vpc.module.aws-eks-accelerator-for-terraform.module.aws_eks.aws_iam_role_policy_attachment.cluster_encryption",
            "module.eks-cluster-with-import-vpc.module.aws-eks-accelerator-for-terraform.module.aws_eks.aws_iam_role_policy_attachment.this",
            "module.eks-cluster-with-import-vpc.module.aws-eks-accelerator-for-terraform.module.aws_eks.aws_security_group.cluster",
            "module.eks-cluster-with-import-vpc.module.aws-eks-accelerator-for-terraform.module.aws_eks.aws_security_group.node",
            "module.eks-cluster-with-import-vpc.module.aws-eks-accelerator-for-terraform.module.aws_eks.aws_security_group_rule.cluster",
            "module.eks-cluster-with-import-vpc.module.aws-eks-accelerator-for-terraform.module.aws_eks.aws_security_group_rule.node",
            "module.eks-cluster-with-import-vpc.module.aws-eks-accelerator-for-terraform.module.aws_eks.data.aws_iam_policy_document.assume_role_policy",
            "module.eks-cluster-with-import-vpc.module.aws-eks-accelerator-for-terraform.module.aws_eks.data.aws_iam_policy_document.cni_ipv6_policy",
            "module.eks-cluster-with-import-vpc.module.aws-eks-accelerator-for-terraform.module.aws_eks.data.aws_partition.current",
            "module.eks-cluster-with-import-vpc.module.aws-eks-accelerator-for-terraform.module.aws_eks.data.tls_certificate.this",
            "module.eks-cluster-with-import-vpc.module.aws-eks-accelerator-for-terraform.module.aws_eks.module.eks_managed_node_group.aws_eks_node_group.this",
            "module.eks-cluster-with-import-vpc.module.aws-eks-accelerator-for-terraform.module.aws_eks.module.eks_managed_node_group.aws_iam_role.this",
            "module.eks-cluster-with-import-vpc.module.aws-eks-accelerator-for-terraform.module.aws_eks.module.eks_managed_node_group.aws_iam_role_policy_attachment.this",
            "module.eks-cluster-with-import-vpc.module.aws-eks-accelerator-for-terraform.module.aws_eks.module.eks_managed_node_group.aws_launch_template.this",
            "module.eks-cluster-with-import-vpc.module.aws-eks-accelerator-for-terraform.module.aws_eks.module.eks_managed_node_group.aws_security_group.this",
            "module.eks-cluster-with-import-vpc.module.aws-eks-accelerator-for-terraform.module.aws_eks.module.eks_managed_node_group.aws_security_group_rule.this",
            "module.eks-cluster-with-import-vpc.module.aws-eks-accelerator-for-terraform.module.aws_eks.module.eks_managed_node_group.data.aws_caller_identity.current",
            "module.eks-cluster-with-import-vpc.module.aws-eks-accelerator-for-terraform.module.aws_eks.module.eks_managed_node_group.data.aws_iam_policy_document.assume_role_policy",
            "module.eks-cluster-with-import-vpc.module.aws-eks-accelerator-for-terraform.module.aws_eks.module.eks_managed_node_group.data.aws_partition.current",
            "module.eks-cluster-with-import-vpc.module.aws-eks-accelerator-for-terraform.module.aws_eks.module.eks_managed_node_group.module.user_data.data.cloudinit_config.linux_eks_managed_node_group",
            "module.eks-cluster-with-import-vpc.module.aws-eks-accelerator-for-terraform.module.aws_eks.module.fargate_profile.aws_eks_fargate_profile.this",
            "module.eks-cluster-with-import-vpc.module.aws-eks-accelerator-for-terraform.module.aws_eks.module.fargate_profile.aws_iam_role.this",
            "module.eks-cluster-with-import-vpc.module.aws-eks-accelerator-for-terraform.module.aws_eks.module.fargate_profile.aws_iam_role_policy_attachment.this",
            "module.eks-cluster-with-import-vpc.module.aws-eks-accelerator-for-terraform.module.aws_eks.module.fargate_profile.data.aws_caller_identity.current",
            "module.eks-cluster-with-import-vpc.module.aws-eks-accelerator-for-terraform.module.aws_eks.module.fargate_profile.data.aws_iam_policy_document.assume_role_policy",
            "module.eks-cluster-with-import-vpc.module.aws-eks-accelerator-for-terraform.module.aws_eks.module.fargate_profile.data.aws_partition.current",
            "module.eks-cluster-with-import-vpc.module.aws-eks-accelerator-for-terraform.module.aws_eks.module.self_managed_node_group.aws_autoscaling_group.this",
            "module.eks-cluster-with-import-vpc.module.aws-eks-accelerator-for-terraform.module.aws_eks.module.self_managed_node_group.aws_autoscaling_schedule.this",
            "module.eks-cluster-with-import-vpc.module.aws-eks-accelerator-for-terraform.module.aws_eks.module.self_managed_node_group.aws_iam_instance_profile.this",
            "module.eks-cluster-with-import-vpc.module.aws-eks-accelerator-for-terraform.module.aws_eks.module.self_managed_node_group.aws_iam_role.this",
            "module.eks-cluster-with-import-vpc.module.aws-eks-accelerator-for-terraform.module.aws_eks.module.self_managed_node_group.aws_iam_role_policy_attachment.this",
            "module.eks-cluster-with-import-vpc.module.aws-eks-accelerator-for-terraform.module.aws_eks.module.self_managed_node_group.aws_launch_template.this",
            "module.eks-cluster-with-import-vpc.module.aws-eks-accelerator-for-terraform.module.aws_eks.module.self_managed_node_group.aws_security_group.this",
            "module.eks-cluster-with-import-vpc.module.aws-eks-accelerator-for-terraform.module.aws_eks.module.self_managed_node_group.aws_security_group_rule.this",
            "module.eks-cluster-with-import-vpc.module.aws-eks-accelerator-for-terraform.module.aws_eks.module.self_managed_node_group.data.aws_ami.eks_default",
            "module.eks-cluster-with-import-vpc.module.aws-eks-accelerator-for-terraform.module.aws_eks.module.self_managed_node_group.data.aws_caller_identity.current",
            "module.eks-cluster-with-import-vpc.module.aws-eks-accelerator-for-terraform.module.aws_eks.module.self_managed_node_group.data.aws_iam_policy_document.assume_role_policy",
            "module.eks-cluster-with-import-vpc.module.aws-eks-accelerator-for-terraform.module.aws_eks.module.self_managed_node_group.data.aws_partition.current",
            "module.eks-cluster-with-import-vpc.module.aws-eks-accelerator-for-terraform.module.aws_eks.module.self_managed_node_group.module.user_data.data.cloudinit_config.linux_eks_managed_node_group",
            "module.eks-cluster-with-import-vpc.module.aws-eks-accelerator-for-terraform.module.aws_eks_fargate_profiles.aws_eks_fargate_profile.eks_fargate",
            "module.eks-cluster-with-import-vpc.module.aws-eks-accelerator-for-terraform.module.aws_eks_fargate_profiles.aws_iam_policy.cwlogs",
            "module.eks-cluster-with-import-vpc.module.aws-eks-accelerator-for-terraform.module.aws_eks_fargate_profiles.aws_iam_role.fargate",
            "module.eks-cluster-with-import-vpc.module.aws-eks-accelerator-for-terraform.module.aws_eks_fargate_profiles.aws_iam_role_policy_attachment.cwlogs",
            "module.eks-cluster-with-import-vpc.module.aws-eks-accelerator-for-terraform.module.aws_eks_fargate_profiles.aws_iam_role_policy_attachment.fargate_pod_execution_role_policy",
            "module.eks-cluster-with-import-vpc.module.aws-eks-accelerator-for-terraform.module.aws_eks_fargate_profiles.data.aws_iam_policy_document.cwlogs",
            "module.eks-cluster-with-import-vpc.module.aws-eks-accelerator-for-terraform.module.aws_eks_fargate_profiles.data.aws_iam_policy_document.fargate_assume_role_policy",
            "module.eks-cluster-with-import-vpc.module.aws-eks-accelerator-for-terraform.module.aws_eks_managed_node_groups.aws_eks_node_group.managed_ng",
            "module.eks-cluster-with-import-vpc.module.aws-eks-accelerator-for-terraform.module.aws_eks_managed_node_groups.aws_iam_instance_profile.managed_ng",
            "module.eks-cluster-with-import-vpc.module.aws-eks-accelerator-for-terraform.module.aws_eks_managed_node_groups.aws_iam_role.managed_ng",
            "module.eks-cluster-with-import-vpc.module.aws-eks-accelerator-for-terraform.module.aws_eks_managed_node_groups.aws_iam_role_policy_attachment.managed_ng",
            "module.eks-cluster-with-import-vpc.module.aws-eks-accelerator-for-terraform.module.aws_eks_managed_node_groups.aws_iam_role_policy_attachment.managed_ng_AmazonEC2ContainerRegistryReadOnly",
            "module.eks-cluster-with-import-vpc.module.aws-eks-accelerator-for-terraform.module.aws_eks_managed_node_groups.aws_iam_role_policy_attachment.managed_ng_AmazonEKSWorkerNodePolicy",
            "module.eks-cluster-with-import-vpc.module.aws-eks-accelerator-for-terraform.module.aws_eks_managed_node_groups.aws_iam_role_policy_attachment.managed_ng_AmazonEKS_CNI_Policy",
            "module.eks-cluster-with-import-vpc.module.aws-eks-accelerator-for-terraform.module.aws_eks_managed_node_groups.aws_iam_role_policy_attachment.managed_ng_AmazonSSMManagedInstanceCore",
            "module.eks-cluster-with-import-vpc.module.aws-eks-accelerator-for-terraform.module.aws_eks_managed_node_groups.aws_launch_template.managed_node_groups",
            "module.eks-cluster-with-import-vpc.module.aws-eks-accelerator-for-terraform.module.aws_eks_managed_node_groups.data.aws_iam_policy_document.managed_ng_assume_role_policy",
            "module.eks-cluster-with-import-vpc.module.aws-eks-accelerator-for-terraform.module.aws_eks_self_managed_node_groups.aws_autoscaling_group.self_managed_ng",
            "module.eks-cluster-with-import-vpc.module.aws-eks-accelerator-for-terraform.module.aws_eks_self_managed_node_groups.aws_iam_instance_profile.self_managed_ng",
            "module.eks-cluster-with-import-vpc.module.aws-eks-accelerator-for-terraform.module.aws_eks_self_managed_node_groups.aws_iam_policy.eks_windows_cni",
            "module.eks-cluster-with-import-vpc.module.aws-eks-accelerator-for-terraform.module.aws_eks_self_managed_node_groups.aws_iam_role.self_managed_ng",
            "module.eks-cluster-with-import-vpc.module.aws-eks-accelerator-for-terraform.module.aws_eks_self_managed_node_groups.aws_iam_role_policy_attachment.eks_windows_cni",
            "module.eks-cluster-with-import-vpc.module.aws-eks-accelerator-for-terraform.module.aws_eks_self_managed_node_groups.aws_iam_role_policy_attachment.self_managed_ng",
            "module.eks-cluster-with-import-vpc.module.aws-eks-accelerator-for-terraform.module.aws_eks_self_managed_node_groups.data.aws_ami.predefined",
            "module.eks-cluster-with-import-vpc.module.aws-eks-accelerator-for-terraform.module.aws_eks_self_managed_node_groups.data.aws_iam_policy_document.eks_windows_cni",
            "module.eks-cluster-with-import-vpc.module.aws-eks-accelerator-for-terraform.module.aws_eks_self_managed_node_groups.data.aws_iam_policy_document.self_managed_ng_assume_role_policy",
            "module.eks-cluster-with-import-vpc.module.aws-eks-accelerator-for-terraform.module.aws_eks_self_managed_node_groups.module.launch_template_self_managed_ng.aws_launch_template.this",
            "module.eks-cluster-with-import-vpc.module.aws-eks-accelerator-for-terraform.module.aws_eks_self_managed_node_groups.module.launch_template_self_managed_ng.data.aws_eks_cluster.eks",
            "module.eks-cluster-with-import-vpc.module.aws-eks-accelerator-for-terraform.module.aws_eks_self_managed_node_groups.module.launch_template_self_managed_ng.data.aws_eks_cluster_auth.eks",
            "module.eks-cluster-with-import-vpc.module.aws-eks-accelerator-for-terraform.module.aws_eks_teams.aws_iam_policy.platform_team_eks_access",
            "module.eks-cluster-with-import-vpc.module.aws-eks-accelerator-for-terraform.module.aws_eks_teams.aws_iam_role.platform_team",
            "module.eks-cluster-with-import-vpc.module.aws-eks-accelerator-for-terraform.module.aws_eks_teams.aws_iam_role.team_access",
            "module.eks-cluster-with-import-vpc.module.aws-eks-accelerator-for-terraform.module.aws_eks_teams.aws_iam_role.team_sa_irsa",
            "module.eks-cluster-with-import-vpc.module.aws-eks-accelerator-for-terraform.module.aws_eks_teams.data.aws_caller_identity.current",
            "module.eks-cluster-with-import-vpc.module.aws-eks-accelerator-for-terraform.module.aws_eks_teams.data.aws_eks_cluster.eks_cluster",
            "module.eks-cluster-with-import-vpc.module.aws-eks-accelerator-for-terraform.module.aws_eks_teams.data.aws_iam_policy_document.platform_team_eks_access",
            "module.eks-cluster-with-import-vpc.module.aws-eks-accelerator-for-terraform.module.aws_eks_teams.data.aws_partition.current",
            "module.eks-cluster-with-import-vpc.module.aws-eks-accelerator-for-terraform.module.aws_eks_teams.data.aws_region.current",
            "module.eks-cluster-with-import-vpc.module.aws-eks-accelerator-for-terraform.module.aws_eks_teams.kubectl_manifest.team",
            "module.eks-cluster-with-import-vpc.module.aws-eks-accelerator-for-terraform.module.aws_eks_teams.kubernetes_cluster_role.team",
            "module.eks-cluster-with-import-vpc.module.aws-eks-accelerator-for-terraform.module.aws_eks_teams.kubernetes_cluster_role_binding.team",
            "module.eks-cluster-with-import-vpc.module.aws-eks-accelerator-for-terraform.module.aws_eks_teams.kubernetes_namespace.team",
            "module.eks-cluster-with-import-vpc.module.aws-eks-accelerator-for-terraform.module.aws_eks_teams.kubernetes_resource_quota.team_compute_quota",
            "module.eks-cluster-with-import-vpc.module.aws-eks-accelerator-for-terraform.module.aws_eks_teams.kubernetes_resource_quota.team_object_quota",
            "module.eks-cluster-with-import-vpc.module.aws-eks-accelerator-for-terraform.module.aws_eks_teams.kubernetes_role.team",
            "module.eks-cluster-with-import-vpc.module.aws-eks-accelerator-for-terraform.module.aws_eks_teams.kubernetes_role_binding.team",
            "module.eks-cluster-with-import-vpc.module.aws-eks-accelerator-for-terraform.module.aws_eks_teams.kubernetes_service_account.team",
            "module.eks-cluster-with-import-vpc.module.aws-eks-accelerator-for-terraform.module.aws_managed_prometheus.aws_prometheus_workspace.amp_workspace",
            "module.eks-cluster-with-import-vpc.module.aws-eks-accelerator-for-terraform.module.emr_on_eks.aws_iam_policy.emr_on_eks_execution",
            "module.eks-cluster-with-import-vpc.module.aws-eks-accelerator-for-terraform.module.emr_on_eks.aws_iam_role.emr_on_eks_execution",
            "module.eks-cluster-with-import-vpc.module.aws-eks-accelerator-for-terraform.module.emr_on_eks.aws_iam_role_policy_attachment.emr_on_eks_execution",
            "module.eks-cluster-with-import-vpc.module.aws-eks-accelerator-for-terraform.module.emr_on_eks.data.aws_caller_identity.current",
            "module.eks-cluster-with-import-vpc.module.aws-eks-accelerator-for-terraform.module.emr_on_eks.data.aws_iam_policy_document.emr_assume_role",
            "module.eks-cluster-with-import-vpc.module.aws-eks-accelerator-for-terraform.module.emr_on_eks.data.aws_iam_policy_document.emr_on_eks",
            "module.eks-cluster-with-import-vpc.module.aws-eks-accelerator-for-terraform.module.emr_on_eks.data.aws_partition.current",
            "module.eks-cluster-with-import-vpc.module.aws-eks-accelerator-for-terraform.module.emr_on_eks.data.aws_region.current",
            "module.eks-cluster-with-import-vpc.module.aws-eks-accelerator-for-terraform.module.emr_on_eks.kubernetes_namespace.spark",
            "module.eks-cluster-with-import-vpc.module.aws-eks-accelerator-for-terraform.module.emr_on_eks.kubernetes_role.emr_containers",
            "module.eks-cluster-with-import-vpc.module.aws-eks-accelerator-for-terraform.module.emr_on_eks.kubernetes_role_binding.emr_containers",
            "module.eks-cluster-with-import-vpc.module.aws-eks-accelerator-for-terraform.module.emr_on_eks.null_resource.update_trust_policy",
            "module.eks-cluster-with-import-vpc.module.aws-eks-accelerator-for-terraform.module.kms.aws_kms_alias.this",
            "module.eks-cluster-with-import-vpc.module.aws-eks-accelerator-for-terraform.module.kms.aws_kms_key.this",
            "module.eks-cluster-with-import-vpc.module.aws_vpc.aws_subnet.private",
            "module.eks-cluster-with-import-vpc.module.aws_vpc.aws_vpc.this",
            "module.eks-cluster-with-import-vpc.module.aws_vpc.aws_vpc_ipv4_cidr_block_association.this",
            "module.eks-cluster-with-import-vpc.module.kubernetes-addons.data.aws_caller_identity.current",
            "module.eks-cluster-with-import-vpc.module.kubernetes-addons.data.aws_eks_cluster.eks_cluster",
            "module.eks-cluster-with-import-vpc.module.kubernetes-addons.data.aws_partition.current",
            "module.eks-cluster-with-import-vpc.module.kubernetes-addons.data.aws_region.current",
            "module.eks-cluster-with-import-vpc.module.kubernetes-addons.module.aws_ebs_csi_driver.aws_iam_policy.aws_ebs_csi_driver",
            "module.eks-cluster-with-import-vpc.module.kubernetes-addons.module.aws_ebs_csi_driver.data.aws_iam_policy_document.aws_ebs_csi_driver"
          ]
        }
      ]
    },
    {
      "module": "module.eks-cluster-with-import-vpc.module.kubernetes-addons.module.aws_ebs_csi_driver[0].module.irsa_addon",
      "mode": "managed",
      "type": "aws_iam_role_policy_attachment",
      "name": "irsa",
      "provider": "provider[\"registry.terraform.io/hashicorp/aws\"]",
      "instances": [
        {
          "index_key": 0,
          "schema_version": 0,
          "attributes": {
            "id": "eclipz-sndbx-devops-eks-ebs-csi-controller-sa-irsa-2022111708010016650000000f",
            "policy_arn": "arn:aws:iam::411309562081:policy/eclipz-sndbx-devops-eks-aws-ebs-csi-driver-irsa",
            "role": "eclipz-sndbx-devops-eks-ebs-csi-controller-sa-irsa"
          },
          "sensitive_attributes": [],
          "private": "bnVsbA==",
          "dependencies": [
            "module.eks-cluster-with-import-vpc.data.aws_availability_zones.available",
            "module.eks-cluster-with-import-vpc.data.aws_eks_cluster.cluster",
            "module.eks-cluster-with-import-vpc.data.aws_eks_cluster_auth.cluster",
            "module.eks-cluster-with-import-vpc.module.aws-eks-accelerator-for-terraform.data.aws_availability_zones.available",
            "module.eks-cluster-with-import-vpc.module.aws-eks-accelerator-for-terraform.data.aws_caller_identity.current",
            "module.eks-cluster-with-import-vpc.module.aws-eks-accelerator-for-terraform.data.aws_eks_cluster.cluster",
            "module.eks-cluster-with-import-vpc.module.aws-eks-accelerator-for-terraform.data.aws_eks_cluster_auth.cluster",
            "module.eks-cluster-with-import-vpc.module.aws-eks-accelerator-for-terraform.data.aws_iam_policy_document.eks_key",
            "module.eks-cluster-with-import-vpc.module.aws-eks-accelerator-for-terraform.data.aws_iam_session_context.current",
            "module.eks-cluster-with-import-vpc.module.aws-eks-accelerator-for-terraform.data.aws_partition.current",
            "module.eks-cluster-with-import-vpc.module.aws-eks-accelerator-for-terraform.data.aws_region.current",
            "module.eks-cluster-with-import-vpc.module.aws-eks-accelerator-for-terraform.data.http.eks_cluster_readiness",
            "module.eks-cluster-with-import-vpc.module.aws-eks-accelerator-for-terraform.kubernetes_config_map.amazon_vpc_cni",
            "module.eks-cluster-with-import-vpc.module.aws-eks-accelerator-for-terraform.kubernetes_config_map.aws_auth",
            "module.eks-cluster-with-import-vpc.module.aws-eks-accelerator-for-terraform.module.aws_eks.aws_cloudwatch_log_group.this",
            "module.eks-cluster-with-import-vpc.module.aws-eks-accelerator-for-terraform.module.aws_eks.aws_eks_addon.this",
            "module.eks-cluster-with-import-vpc.module.aws-eks-accelerator-for-terraform.module.aws_eks.aws_eks_cluster.this",
            "module.eks-cluster-with-import-vpc.module.aws-eks-accelerator-for-terraform.module.aws_eks.aws_eks_identity_provider_config.this",
            "module.eks-cluster-with-import-vpc.module.aws-eks-accelerator-for-terraform.module.aws_eks.aws_iam_openid_connect_provider.oidc_provider",
            "module.eks-cluster-with-import-vpc.module.aws-eks-accelerator-for-terraform.module.aws_eks.aws_iam_policy.cluster_encryption",
            "module.eks-cluster-with-import-vpc.module.aws-eks-accelerator-for-terraform.module.aws_eks.aws_iam_policy.cni_ipv6_policy",
            "module.eks-cluster-with-import-vpc.module.aws-eks-accelerator-for-terraform.module.aws_eks.aws_iam_role.this",
            "module.eks-cluster-with-import-vpc.module.aws-eks-accelerator-for-terraform.module.aws_eks.aws_iam_role_policy_attachment.cluster_encryption",
            "module.eks-cluster-with-import-vpc.module.aws-eks-accelerator-for-terraform.module.aws_eks.aws_iam_role_policy_attachment.this",
            "module.eks-cluster-with-import-vpc.module.aws-eks-accelerator-for-terraform.module.aws_eks.aws_security_group.cluster",
            "module.eks-cluster-with-import-vpc.module.aws-eks-accelerator-for-terraform.module.aws_eks.aws_security_group.node",
            "module.eks-cluster-with-import-vpc.module.aws-eks-accelerator-for-terraform.module.aws_eks.aws_security_group_rule.cluster",
            "module.eks-cluster-with-import-vpc.module.aws-eks-accelerator-for-terraform.module.aws_eks.aws_security_group_rule.node",
            "module.eks-cluster-with-import-vpc.module.aws-eks-accelerator-for-terraform.module.aws_eks.data.aws_iam_policy_document.assume_role_policy",
            "module.eks-cluster-with-import-vpc.module.aws-eks-accelerator-for-terraform.module.aws_eks.data.aws_iam_policy_document.cni_ipv6_policy",
            "module.eks-cluster-with-import-vpc.module.aws-eks-accelerator-for-terraform.module.aws_eks.data.aws_partition.current",
            "module.eks-cluster-with-import-vpc.module.aws-eks-accelerator-for-terraform.module.aws_eks.data.tls_certificate.this",
            "module.eks-cluster-with-import-vpc.module.aws-eks-accelerator-for-terraform.module.aws_eks.module.eks_managed_node_group.aws_eks_node_group.this",
            "module.eks-cluster-with-import-vpc.module.aws-eks-accelerator-for-terraform.module.aws_eks.module.eks_managed_node_group.aws_iam_role.this",
            "module.eks-cluster-with-import-vpc.module.aws-eks-accelerator-for-terraform.module.aws_eks.module.eks_managed_node_group.aws_iam_role_policy_attachment.this",
            "module.eks-cluster-with-import-vpc.module.aws-eks-accelerator-for-terraform.module.aws_eks.module.eks_managed_node_group.aws_launch_template.this",
            "module.eks-cluster-with-import-vpc.module.aws-eks-accelerator-for-terraform.module.aws_eks.module.eks_managed_node_group.aws_security_group.this",
            "module.eks-cluster-with-import-vpc.module.aws-eks-accelerator-for-terraform.module.aws_eks.module.eks_managed_node_group.aws_security_group_rule.this",
            "module.eks-cluster-with-import-vpc.module.aws-eks-accelerator-for-terraform.module.aws_eks.module.eks_managed_node_group.data.aws_caller_identity.current",
            "module.eks-cluster-with-import-vpc.module.aws-eks-accelerator-for-terraform.module.aws_eks.module.eks_managed_node_group.data.aws_iam_policy_document.assume_role_policy",
            "module.eks-cluster-with-import-vpc.module.aws-eks-accelerator-for-terraform.module.aws_eks.module.eks_managed_node_group.data.aws_partition.current",
            "module.eks-cluster-with-import-vpc.module.aws-eks-accelerator-for-terraform.module.aws_eks.module.eks_managed_node_group.module.user_data.data.cloudinit_config.linux_eks_managed_node_group",
            "module.eks-cluster-with-import-vpc.module.aws-eks-accelerator-for-terraform.module.aws_eks.module.fargate_profile.aws_eks_fargate_profile.this",
            "module.eks-cluster-with-import-vpc.module.aws-eks-accelerator-for-terraform.module.aws_eks.module.fargate_profile.aws_iam_role.this",
            "module.eks-cluster-with-import-vpc.module.aws-eks-accelerator-for-terraform.module.aws_eks.module.fargate_profile.aws_iam_role_policy_attachment.this",
            "module.eks-cluster-with-import-vpc.module.aws-eks-accelerator-for-terraform.module.aws_eks.module.fargate_profile.data.aws_caller_identity.current",
            "module.eks-cluster-with-import-vpc.module.aws-eks-accelerator-for-terraform.module.aws_eks.module.fargate_profile.data.aws_iam_policy_document.assume_role_policy",
            "module.eks-cluster-with-import-vpc.module.aws-eks-accelerator-for-terraform.module.aws_eks.module.fargate_profile.data.aws_partition.current",
            "module.eks-cluster-with-import-vpc.module.aws-eks-accelerator-for-terraform.module.aws_eks.module.self_managed_node_group.aws_autoscaling_group.this",
            "module.eks-cluster-with-import-vpc.module.aws-eks-accelerator-for-terraform.module.aws_eks.module.self_managed_node_group.aws_autoscaling_schedule.this",
            "module.eks-cluster-with-import-vpc.module.aws-eks-accelerator-for-terraform.module.aws_eks.module.self_managed_node_group.aws_iam_instance_profile.this",
            "module.eks-cluster-with-import-vpc.module.aws-eks-accelerator-for-terraform.module.aws_eks.module.self_managed_node_group.aws_iam_role.this",
            "module.eks-cluster-with-import-vpc.module.aws-eks-accelerator-for-terraform.module.aws_eks.module.self_managed_node_group.aws_iam_role_policy_attachment.this",
            "module.eks-cluster-with-import-vpc.module.aws-eks-accelerator-for-terraform.module.aws_eks.module.self_managed_node_group.aws_launch_template.this",
            "module.eks-cluster-with-import-vpc.module.aws-eks-accelerator-for-terraform.module.aws_eks.module.self_managed_node_group.aws_security_group.this",
            "module.eks-cluster-with-import-vpc.module.aws-eks-accelerator-for-terraform.module.aws_eks.module.self_managed_node_group.aws_security_group_rule.this",
            "module.eks-cluster-with-import-vpc.module.aws-eks-accelerator-for-terraform.module.aws_eks.module.self_managed_node_group.data.aws_ami.eks_default",
            "module.eks-cluster-with-import-vpc.module.aws-eks-accelerator-for-terraform.module.aws_eks.module.self_managed_node_group.data.aws_caller_identity.current",
            "module.eks-cluster-with-import-vpc.module.aws-eks-accelerator-for-terraform.module.aws_eks.module.self_managed_node_group.data.aws_iam_policy_document.assume_role_policy",
            "module.eks-cluster-with-import-vpc.module.aws-eks-accelerator-for-terraform.module.aws_eks.module.self_managed_node_group.data.aws_partition.current",
            "module.eks-cluster-with-import-vpc.module.aws-eks-accelerator-for-terraform.module.aws_eks.module.self_managed_node_group.module.user_data.data.cloudinit_config.linux_eks_managed_node_group",
            "module.eks-cluster-with-import-vpc.module.aws-eks-accelerator-for-terraform.module.aws_eks_fargate_profiles.aws_eks_fargate_profile.eks_fargate",
            "module.eks-cluster-with-import-vpc.module.aws-eks-accelerator-for-terraform.module.aws_eks_fargate_profiles.aws_iam_policy.cwlogs",
            "module.eks-cluster-with-import-vpc.module.aws-eks-accelerator-for-terraform.module.aws_eks_fargate_profiles.aws_iam_role.fargate",
            "module.eks-cluster-with-import-vpc.module.aws-eks-accelerator-for-terraform.module.aws_eks_fargate_profiles.aws_iam_role_policy_attachment.cwlogs",
            "module.eks-cluster-with-import-vpc.module.aws-eks-accelerator-for-terraform.module.aws_eks_fargate_profiles.aws_iam_role_policy_attachment.fargate_pod_execution_role_policy",
            "module.eks-cluster-with-import-vpc.module.aws-eks-accelerator-for-terraform.module.aws_eks_fargate_profiles.data.aws_iam_policy_document.cwlogs",
            "module.eks-cluster-with-import-vpc.module.aws-eks-accelerator-for-terraform.module.aws_eks_fargate_profiles.data.aws_iam_policy_document.fargate_assume_role_policy",
            "module.eks-cluster-with-import-vpc.module.aws-eks-accelerator-for-terraform.module.aws_eks_managed_node_groups.aws_eks_node_group.managed_ng",
            "module.eks-cluster-with-import-vpc.module.aws-eks-accelerator-for-terraform.module.aws_eks_managed_node_groups.aws_iam_instance_profile.managed_ng",
            "module.eks-cluster-with-import-vpc.module.aws-eks-accelerator-for-terraform.module.aws_eks_managed_node_groups.aws_iam_role.managed_ng",
            "module.eks-cluster-with-import-vpc.module.aws-eks-accelerator-for-terraform.module.aws_eks_managed_node_groups.aws_iam_role_policy_attachment.managed_ng",
            "module.eks-cluster-with-import-vpc.module.aws-eks-accelerator-for-terraform.module.aws_eks_managed_node_groups.aws_iam_role_policy_attachment.managed_ng_AmazonEC2ContainerRegistryReadOnly",
            "module.eks-cluster-with-import-vpc.module.aws-eks-accelerator-for-terraform.module.aws_eks_managed_node_groups.aws_iam_role_policy_attachment.managed_ng_AmazonEKSWorkerNodePolicy",
            "module.eks-cluster-with-import-vpc.module.aws-eks-accelerator-for-terraform.module.aws_eks_managed_node_groups.aws_iam_role_policy_attachment.managed_ng_AmazonEKS_CNI_Policy",
            "module.eks-cluster-with-import-vpc.module.aws-eks-accelerator-for-terraform.module.aws_eks_managed_node_groups.aws_iam_role_policy_attachment.managed_ng_AmazonSSMManagedInstanceCore",
            "module.eks-cluster-with-import-vpc.module.aws-eks-accelerator-for-terraform.module.aws_eks_managed_node_groups.aws_launch_template.managed_node_groups",
            "module.eks-cluster-with-import-vpc.module.aws-eks-accelerator-for-terraform.module.aws_eks_managed_node_groups.data.aws_iam_policy_document.managed_ng_assume_role_policy",
            "module.eks-cluster-with-import-vpc.module.aws-eks-accelerator-for-terraform.module.aws_eks_self_managed_node_groups.aws_autoscaling_group.self_managed_ng",
            "module.eks-cluster-with-import-vpc.module.aws-eks-accelerator-for-terraform.module.aws_eks_self_managed_node_groups.aws_iam_instance_profile.self_managed_ng",
            "module.eks-cluster-with-import-vpc.module.aws-eks-accelerator-for-terraform.module.aws_eks_self_managed_node_groups.aws_iam_policy.eks_windows_cni",
            "module.eks-cluster-with-import-vpc.module.aws-eks-accelerator-for-terraform.module.aws_eks_self_managed_node_groups.aws_iam_role.self_managed_ng",
            "module.eks-cluster-with-import-vpc.module.aws-eks-accelerator-for-terraform.module.aws_eks_self_managed_node_groups.aws_iam_role_policy_attachment.eks_windows_cni",
            "module.eks-cluster-with-import-vpc.module.aws-eks-accelerator-for-terraform.module.aws_eks_self_managed_node_groups.aws_iam_role_policy_attachment.self_managed_ng",
            "module.eks-cluster-with-import-vpc.module.aws-eks-accelerator-for-terraform.module.aws_eks_self_managed_node_groups.data.aws_ami.predefined",
            "module.eks-cluster-with-import-vpc.module.aws-eks-accelerator-for-terraform.module.aws_eks_self_managed_node_groups.data.aws_iam_policy_document.eks_windows_cni",
            "module.eks-cluster-with-import-vpc.module.aws-eks-accelerator-for-terraform.module.aws_eks_self_managed_node_groups.data.aws_iam_policy_document.self_managed_ng_assume_role_policy",
            "module.eks-cluster-with-import-vpc.module.aws-eks-accelerator-for-terraform.module.aws_eks_self_managed_node_groups.module.launch_template_self_managed_ng.aws_launch_template.this",
            "module.eks-cluster-with-import-vpc.module.aws-eks-accelerator-for-terraform.module.aws_eks_self_managed_node_groups.module.launch_template_self_managed_ng.data.aws_eks_cluster.eks",
            "module.eks-cluster-with-import-vpc.module.aws-eks-accelerator-for-terraform.module.aws_eks_self_managed_node_groups.module.launch_template_self_managed_ng.data.aws_eks_cluster_auth.eks",
            "module.eks-cluster-with-import-vpc.module.aws-eks-accelerator-for-terraform.module.aws_eks_teams.aws_iam_policy.platform_team_eks_access",
            "module.eks-cluster-with-import-vpc.module.aws-eks-accelerator-for-terraform.module.aws_eks_teams.aws_iam_role.platform_team",
            "module.eks-cluster-with-import-vpc.module.aws-eks-accelerator-for-terraform.module.aws_eks_teams.aws_iam_role.team_access",
            "module.eks-cluster-with-import-vpc.module.aws-eks-accelerator-for-terraform.module.aws_eks_teams.aws_iam_role.team_sa_irsa",
            "module.eks-cluster-with-import-vpc.module.aws-eks-accelerator-for-terraform.module.aws_eks_teams.data.aws_caller_identity.current",
            "module.eks-cluster-with-import-vpc.module.aws-eks-accelerator-for-terraform.module.aws_eks_teams.data.aws_eks_cluster.eks_cluster",
            "module.eks-cluster-with-import-vpc.module.aws-eks-accelerator-for-terraform.module.aws_eks_teams.data.aws_iam_policy_document.platform_team_eks_access",
            "module.eks-cluster-with-import-vpc.module.aws-eks-accelerator-for-terraform.module.aws_eks_teams.data.aws_partition.current",
            "module.eks-cluster-with-import-vpc.module.aws-eks-accelerator-for-terraform.module.aws_eks_teams.data.aws_region.current",
            "module.eks-cluster-with-import-vpc.module.aws-eks-accelerator-for-terraform.module.aws_eks_teams.kubectl_manifest.team",
            "module.eks-cluster-with-import-vpc.module.aws-eks-accelerator-for-terraform.module.aws_eks_teams.kubernetes_cluster_role.team",
            "module.eks-cluster-with-import-vpc.module.aws-eks-accelerator-for-terraform.module.aws_eks_teams.kubernetes_cluster_role_binding.team",
            "module.eks-cluster-with-import-vpc.module.aws-eks-accelerator-for-terraform.module.aws_eks_teams.kubernetes_namespace.team",
            "module.eks-cluster-with-import-vpc.module.aws-eks-accelerator-for-terraform.module.aws_eks_teams.kubernetes_resource_quota.team_compute_quota",
            "module.eks-cluster-with-import-vpc.module.aws-eks-accelerator-for-terraform.module.aws_eks_teams.kubernetes_resource_quota.team_object_quota",
            "module.eks-cluster-with-import-vpc.module.aws-eks-accelerator-for-terraform.module.aws_eks_teams.kubernetes_role.team",
            "module.eks-cluster-with-import-vpc.module.aws-eks-accelerator-for-terraform.module.aws_eks_teams.kubernetes_role_binding.team",
            "module.eks-cluster-with-import-vpc.module.aws-eks-accelerator-for-terraform.module.aws_eks_teams.kubernetes_service_account.team",
            "module.eks-cluster-with-import-vpc.module.aws-eks-accelerator-for-terraform.module.aws_managed_prometheus.aws_prometheus_workspace.amp_workspace",
            "module.eks-cluster-with-import-vpc.module.aws-eks-accelerator-for-terraform.module.emr_on_eks.aws_iam_policy.emr_on_eks_execution",
            "module.eks-cluster-with-import-vpc.module.aws-eks-accelerator-for-terraform.module.emr_on_eks.aws_iam_role.emr_on_eks_execution",
            "module.eks-cluster-with-import-vpc.module.aws-eks-accelerator-for-terraform.module.emr_on_eks.aws_iam_role_policy_attachment.emr_on_eks_execution",
            "module.eks-cluster-with-import-vpc.module.aws-eks-accelerator-for-terraform.module.emr_on_eks.data.aws_caller_identity.current",
            "module.eks-cluster-with-import-vpc.module.aws-eks-accelerator-for-terraform.module.emr_on_eks.data.aws_iam_policy_document.emr_assume_role",
            "module.eks-cluster-with-import-vpc.module.aws-eks-accelerator-for-terraform.module.emr_on_eks.data.aws_iam_policy_document.emr_on_eks",
            "module.eks-cluster-with-import-vpc.module.aws-eks-accelerator-for-terraform.module.emr_on_eks.data.aws_partition.current",
            "module.eks-cluster-with-import-vpc.module.aws-eks-accelerator-for-terraform.module.emr_on_eks.data.aws_region.current",
            "module.eks-cluster-with-import-vpc.module.aws-eks-accelerator-for-terraform.module.emr_on_eks.kubernetes_namespace.spark",
            "module.eks-cluster-with-import-vpc.module.aws-eks-accelerator-for-terraform.module.emr_on_eks.kubernetes_role.emr_containers",
            "module.eks-cluster-with-import-vpc.module.aws-eks-accelerator-for-terraform.module.emr_on_eks.kubernetes_role_binding.emr_containers",
            "module.eks-cluster-with-import-vpc.module.aws-eks-accelerator-for-terraform.module.emr_on_eks.null_resource.update_trust_policy",
            "module.eks-cluster-with-import-vpc.module.aws-eks-accelerator-for-terraform.module.kms.aws_kms_alias.this",
            "module.eks-cluster-with-import-vpc.module.aws-eks-accelerator-for-terraform.module.kms.aws_kms_key.this",
            "module.eks-cluster-with-import-vpc.module.aws_vpc.aws_subnet.private",
            "module.eks-cluster-with-import-vpc.module.aws_vpc.aws_vpc.this",
            "module.eks-cluster-with-import-vpc.module.aws_vpc.aws_vpc_ipv4_cidr_block_association.this",
            "module.eks-cluster-with-import-vpc.module.kubernetes-addons.data.aws_caller_identity.current",
            "module.eks-cluster-with-import-vpc.module.kubernetes-addons.data.aws_eks_cluster.eks_cluster",
            "module.eks-cluster-with-import-vpc.module.kubernetes-addons.data.aws_partition.current",
            "module.eks-cluster-with-import-vpc.module.kubernetes-addons.data.aws_region.current",
            "module.eks-cluster-with-import-vpc.module.kubernetes-addons.module.aws_ebs_csi_driver.aws_iam_policy.aws_ebs_csi_driver",
            "module.eks-cluster-with-import-vpc.module.kubernetes-addons.module.aws_ebs_csi_driver.data.aws_iam_policy_document.aws_ebs_csi_driver",
            "module.eks-cluster-with-import-vpc.module.kubernetes-addons.module.aws_ebs_csi_driver.module.irsa_addon.aws_iam_role.irsa"
          ]
        }
      ]
    },
    {
      "module": "module.eks-cluster-with-import-vpc.module.kubernetes-addons.module.aws_load_balancer_controller[0]",
      "mode": "data",
      "type": "aws_iam_policy_document",
      "name": "aws_lb",
      "provider": "provider[\"registry.terraform.io/hashicorp/aws\"]",
      "instances": [
        {
          "schema_version": 0,
          "attributes": {
            "id": "2593514191",
            "json": "{\n  \"Version\": \"2012-10-17\",\n  \"Statement\": [\n    {\n      \"Sid\": \"\",\n      \"Effect\": \"Allow\",\n      \"Action\": [\n        \"iam:CreateServiceLinkedRole\",\n        \"elasticloadbalancing:DescribeTargetHealth\",\n        \"elasticloadbalancing:DescribeTargetGroups\",\n        \"elasticloadbalancing:DescribeTargetGroupAttributes\",\n        \"elasticloadbalancing:DescribeTags\",\n        \"elasticloadbalancing:DescribeSSLPolicies\",\n        \"elasticloadbalancing:DescribeRules\",\n        \"elasticloadbalancing:DescribeLoadBalancers\",\n        \"elasticloadbalancing:DescribeLoadBalancerAttributes\",\n        \"elasticloadbalancing:DescribeListeners\",\n        \"elasticloadbalancing:DescribeListenerCertificates\",\n        \"ec2:GetCoipPoolUsage\",\n        \"ec2:DescribeVpcs\",\n        \"ec2:DescribeTags\",\n        \"ec2:DescribeSubnets\",\n        \"ec2:DescribeSecurityGroups\",\n        \"ec2:DescribeNetworkInterfaces\",\n        \"ec2:DescribeInternetGateways\",\n        \"ec2:DescribeInstances\",\n        \"ec2:DescribeCoipPools\",\n        \"ec2:DescribeAvailabilityZones\",\n        \"ec2:DescribeAddresses\",\n        \"ec2:DescribeAccountAttributes\"\n      ],\n      \"Resource\": \"*\"\n    },\n    {\n      \"Sid\": \"\",\n      \"Effect\": \"Allow\",\n      \"Action\": [\n        \"wafv2:GetWebACLForResource\",\n        \"wafv2:GetWebACL\",\n        \"wafv2:DisassociateWebACL\",\n        \"wafv2:AssociateWebACL\",\n        \"waf-regional:GetWebACLForResource\",\n        \"waf-regional:GetWebACL\",\n        \"waf-regional:DisassociateWebACL\",\n        \"waf-regional:AssociateWebACL\",\n        \"shield:GetSubscriptionState\",\n        \"shield:DescribeProtection\",\n        \"shield:DeleteProtection\",\n        \"shield:CreateProtection\",\n        \"iam:ListServerCertificates\",\n        \"iam:GetServerCertificate\",\n        \"cognito-idp:DescribeUserPoolClient\",\n        \"acm:ListCertificates\",\n        \"acm:DescribeCertificate\"\n      ],\n      \"Resource\": \"*\"\n    },\n    {\n      \"Sid\": \"\",\n      \"Effect\": \"Allow\",\n      \"Action\": [\n        \"ec2:RevokeSecurityGroupIngress\",\n        \"ec2:AuthorizeSecurityGroupIngress\"\n      ],\n      \"Resource\": \"*\"\n    },\n    {\n      \"Sid\": \"\",\n      \"Effect\": \"Allow\",\n      \"Action\": \"ec2:CreateSecurityGroup\",\n      \"Resource\": \"*\"\n    },\n    {\n      \"Sid\": \"\",\n      \"Effect\": \"Allow\",\n      \"Action\": \"ec2:CreateTags\",\n      \"Resource\": \"arn:aws:ec2:*:*:security-group/*\",\n      \"Condition\": {\n        \"Null\": {\n          \"aws:RequestTag/elbv2.k8s.aws/cluster\": \"false\"\n        },\n        \"StringEquals\": {\n          \"ec2:CreateAction\": \"CreateSecurityGroup\"\n        }\n      }\n    },\n    {\n      \"Sid\": \"\",\n      \"Effect\": \"Allow\",\n      \"Action\": [\n        \"ec2:DeleteTags\",\n        \"ec2:CreateTags\"\n      ],\n      \"Resource\": \"arn:aws:ec2:*:*:security-group/*\",\n      \"Condition\": {\n        \"Null\": {\n          \"aws:ResourceTag/ingress.k8s.aws/cluster\": \"false\"\n        }\n      }\n    },\n    {\n      \"Sid\": \"\",\n      \"Effect\": \"Allow\",\n      \"Action\": [\n        \"elasticloadbalancing:RemoveTags\",\n        \"elasticloadbalancing:DeleteTargetGroup\",\n        \"elasticloadbalancing:AddTags\"\n      ],\n      \"Resource\": [\n        \"arn:aws:elasticloadbalancing:*:*:targetgroup/*/*\",\n        \"arn:aws:elasticloadbalancing:*:*:loadbalancer/net/*/*\",\n        \"arn:aws:elasticloadbalancing:*:*:loadbalancer/app/*/*\"\n      ],\n      \"Condition\": {\n        \"Null\": {\n          \"aws:ResourceTag/ingress.k8s.aws/cluster\": \"false\"\n        }\n      }\n    },\n    {\n      \"Sid\": \"\",\n      \"Effect\": \"Allow\",\n      \"Action\": [\n        \"ec2:DeleteTags\",\n        \"ec2:CreateTags\"\n      ],\n      \"Resource\": \"arn:aws:ec2:*:*:security-group/*\",\n      \"Condition\": {\n        \"Null\": {\n          \"aws:RequestTag/elbv2.k8s.aws/cluster\": \"true\",\n          \"aws:ResourceTag/elbv2.k8s.aws/cluster\": \"false\"\n        }\n      }\n    },\n    {\n      \"Sid\": \"\",\n      \"Effect\": \"Allow\",\n      \"Action\": [\n        \"ec2:RevokeSecurityGroupIngress\",\n        \"ec2:DeleteSecurityGroup\",\n        \"ec2:AuthorizeSecurityGroupIngress\"\n      ],\n      \"Resource\": \"*\",\n      \"Condition\": {\n        \"Null\": {\n          \"aws:ResourceTag/elbv2.k8s.aws/cluster\": \"false\"\n        }\n      }\n    },\n    {\n      \"Sid\": \"\",\n      \"Effect\": \"Allow\",\n      \"Action\": [\n        \"elasticloadbalancing:CreateTargetGroup\",\n        \"elasticloadbalancing:CreateLoadBalancer\"\n      ],\n      \"Resource\": \"*\",\n      \"Condition\": {\n        \"Null\": {\n          \"aws:RequestTag/elbv2.k8s.aws/cluster\": \"false\"\n        }\n      }\n    },\n    {\n      \"Sid\": \"\",\n      \"Effect\": \"Allow\",\n      \"Action\": [\n        \"elasticloadbalancing:DeleteRule\",\n        \"elasticloadbalancing:DeleteListener\",\n        \"elasticloadbalancing:CreateRule\",\n        \"elasticloadbalancing:CreateListener\"\n      ],\n      \"Resource\": \"*\"\n    },\n    {\n      \"Sid\": \"\",\n      \"Effect\": \"Allow\",\n      \"Action\": [\n        \"elasticloadbalancing:RemoveTags\",\n        \"elasticloadbalancing:AddTags\"\n      ],\n      \"Resource\": [\n        \"arn:aws:elasticloadbalancing:*:*:targetgroup/*/*\",\n        \"arn:aws:elasticloadbalancing:*:*:loadbalancer/net/*/*\",\n        \"arn:aws:elasticloadbalancing:*:*:loadbalancer/app/*/*\"\n      ],\n      \"Condition\": {\n        \"Null\": {\n          \"aws:RequestTag/elbv2.k8s.aws/cluster\": \"true\",\n          \"aws:ResourceTag/elbv2.k8s.aws/cluster\": \"false\"\n        }\n      }\n    },\n    {\n      \"Sid\": \"\",\n      \"Effect\": \"Allow\",\n      \"Action\": [\n        \"elasticloadbalancing:SetSubnets\",\n        \"elasticloadbalancing:SetSecurityGroups\",\n        \"elasticloadbalancing:SetIpAddressType\",\n        \"elasticloadbalancing:ModifyTargetGroupAttributes\",\n        \"elasticloadbalancing:ModifyTargetGroup\",\n        \"elasticloadbalancing:ModifyLoadBalancerAttributes\",\n        \"elasticloadbalancing:DeleteTargetGroup\",\n        \"elasticloadbalancing:DeleteLoadBalancer\"\n      ],\n      \"Resource\": \"*\",\n      \"Condition\": {\n        \"Null\": {\n          \"aws:ResourceTag/elbv2.k8s.aws/cluster\": \"false\"\n        }\n      }\n    },\n    {\n      \"Sid\": \"\",\n      \"Effect\": \"Allow\",\n      \"Action\": [\n        \"elasticloadbalancing:RegisterTargets\",\n        \"elasticloadbalancing:DeregisterTargets\"\n      ],\n      \"Resource\": \"arn:aws:elasticloadbalancing:*:*:targetgroup/*/*\"\n    },\n    {\n      \"Sid\": \"\",\n      \"Effect\": \"Allow\",\n      \"Action\": [\n        \"elasticloadbalancing:SetWebAcl\",\n        \"elasticloadbalancing:RemoveListenerCertificates\",\n        \"elasticloadbalancing:ModifyRule\",\n        \"elasticloadbalancing:ModifyListener\",\n        \"elasticloadbalancing:AddListenerCertificates\"\n      ],\n      \"Resource\": \"*\"\n    }\n  ]\n}",
            "override_json": null,
            "override_policy_documents": null,
            "policy_id": null,
            "source_json": null,
            "source_policy_documents": null,
            "statement": [
              {
                "actions": [
                  "ec2:DescribeAccountAttributes",
                  "ec2:DescribeAddresses",
                  "ec2:DescribeAvailabilityZones",
                  "ec2:DescribeCoipPools",
                  "ec2:DescribeInstances",
                  "ec2:DescribeInternetGateways",
                  "ec2:DescribeNetworkInterfaces",
                  "ec2:DescribeSecurityGroups",
                  "ec2:DescribeSubnets",
                  "ec2:DescribeTags",
                  "ec2:DescribeVpcs",
                  "ec2:GetCoipPoolUsage",
                  "elasticloadbalancing:DescribeListenerCertificates",
                  "elasticloadbalancing:DescribeListeners",
                  "elasticloadbalancing:DescribeLoadBalancerAttributes",
                  "elasticloadbalancing:DescribeLoadBalancers",
                  "elasticloadbalancing:DescribeRules",
                  "elasticloadbalancing:DescribeSSLPolicies",
                  "elasticloadbalancing:DescribeTags",
                  "elasticloadbalancing:DescribeTargetGroupAttributes",
                  "elasticloadbalancing:DescribeTargetGroups",
                  "elasticloadbalancing:DescribeTargetHealth",
                  "iam:CreateServiceLinkedRole"
                ],
                "condition": [],
                "effect": "Allow",
                "not_actions": [],
                "not_principals": [],
                "not_resources": [],
                "principals": [],
                "resources": [
                  "*"
                ],
                "sid": ""
              },
              {
                "actions": [
                  "acm:DescribeCertificate",
                  "acm:ListCertificates",
                  "cognito-idp:DescribeUserPoolClient",
                  "iam:GetServerCertificate",
                  "iam:ListServerCertificates",
                  "shield:CreateProtection",
                  "shield:DeleteProtection",
                  "shield:DescribeProtection",
                  "shield:GetSubscriptionState",
                  "waf-regional:AssociateWebACL",
                  "waf-regional:DisassociateWebACL",
                  "waf-regional:GetWebACL",
                  "waf-regional:GetWebACLForResource",
                  "wafv2:AssociateWebACL",
                  "wafv2:DisassociateWebACL",
                  "wafv2:GetWebACL",
                  "wafv2:GetWebACLForResource"
                ],
                "condition": [],
                "effect": "Allow",
                "not_actions": [],
                "not_principals": [],
                "not_resources": [],
                "principals": [],
                "resources": [
                  "*"
                ],
                "sid": ""
              },
              {
                "actions": [
                  "ec2:AuthorizeSecurityGroupIngress",
                  "ec2:RevokeSecurityGroupIngress"
                ],
                "condition": [],
                "effect": "Allow",
                "not_actions": [],
                "not_principals": [],
                "not_resources": [],
                "principals": [],
                "resources": [
                  "*"
                ],
                "sid": ""
              },
              {
                "actions": [
                  "ec2:CreateSecurityGroup"
                ],
                "condition": [],
                "effect": "Allow",
                "not_actions": [],
                "not_principals": [],
                "not_resources": [],
                "principals": [],
                "resources": [
                  "*"
                ],
                "sid": ""
              },
              {
                "actions": [
                  "ec2:CreateTags"
                ],
                "condition": [
                  {
                    "test": "Null",
                    "values": [
                      "false"
                    ],
                    "variable": "aws:RequestTag/elbv2.k8s.aws/cluster"
                  },
                  {
                    "test": "StringEquals",
                    "values": [
                      "CreateSecurityGroup"
                    ],
                    "variable": "ec2:CreateAction"
                  }
                ],
                "effect": "Allow",
                "not_actions": [],
                "not_principals": [],
                "not_resources": [],
                "principals": [],
                "resources": [
                  "arn:aws:ec2:*:*:security-group/*"
                ],
                "sid": ""
              },
              {
                "actions": [
                  "ec2:CreateTags",
                  "ec2:DeleteTags"
                ],
                "condition": [
                  {
                    "test": "Null",
                    "values": [
                      "false"
                    ],
                    "variable": "aws:ResourceTag/ingress.k8s.aws/cluster"
                  }
                ],
                "effect": "Allow",
                "not_actions": [],
                "not_principals": [],
                "not_resources": [],
                "principals": [],
                "resources": [
                  "arn:aws:ec2:*:*:security-group/*"
                ],
                "sid": ""
              },
              {
                "actions": [
                  "elasticloadbalancing:AddTags",
                  "elasticloadbalancing:DeleteTargetGroup",
                  "elasticloadbalancing:RemoveTags"
                ],
                "condition": [
                  {
                    "test": "Null",
                    "values": [
                      "false"
                    ],
                    "variable": "aws:ResourceTag/ingress.k8s.aws/cluster"
                  }
                ],
                "effect": "Allow",
                "not_actions": [],
                "not_principals": [],
                "not_resources": [],
                "principals": [],
                "resources": [
                  "arn:aws:elasticloadbalancing:*:*:loadbalancer/app/*/*",
                  "arn:aws:elasticloadbalancing:*:*:loadbalancer/net/*/*",
                  "arn:aws:elasticloadbalancing:*:*:targetgroup/*/*"
                ],
                "sid": ""
              },
              {
                "actions": [
                  "ec2:CreateTags",
                  "ec2:DeleteTags"
                ],
                "condition": [
                  {
                    "test": "Null",
                    "values": [
                      "false"
                    ],
                    "variable": "aws:ResourceTag/elbv2.k8s.aws/cluster"
                  },
                  {
                    "test": "Null",
                    "values": [
                      "true"
                    ],
                    "variable": "aws:RequestTag/elbv2.k8s.aws/cluster"
                  }
                ],
                "effect": "Allow",
                "not_actions": [],
                "not_principals": [],
                "not_resources": [],
                "principals": [],
                "resources": [
                  "arn:aws:ec2:*:*:security-group/*"
                ],
                "sid": ""
              },
              {
                "actions": [
                  "ec2:AuthorizeSecurityGroupIngress",
                  "ec2:DeleteSecurityGroup",
                  "ec2:RevokeSecurityGroupIngress"
                ],
                "condition": [
                  {
                    "test": "Null",
                    "values": [
                      "false"
                    ],
                    "variable": "aws:ResourceTag/elbv2.k8s.aws/cluster"
                  }
                ],
                "effect": "Allow",
                "not_actions": [],
                "not_principals": [],
                "not_resources": [],
                "principals": [],
                "resources": [
                  "*"
                ],
                "sid": ""
              },
              {
                "actions": [
                  "elasticloadbalancing:CreateLoadBalancer",
                  "elasticloadbalancing:CreateTargetGroup"
                ],
                "condition": [
                  {
                    "test": "Null",
                    "values": [
                      "false"
                    ],
                    "variable": "aws:RequestTag/elbv2.k8s.aws/cluster"
                  }
                ],
                "effect": "Allow",
                "not_actions": [],
                "not_principals": [],
                "not_resources": [],
                "principals": [],
                "resources": [
                  "*"
                ],
                "sid": ""
              },
              {
                "actions": [
                  "elasticloadbalancing:CreateListener",
                  "elasticloadbalancing:CreateRule",
                  "elasticloadbalancing:DeleteListener",
                  "elasticloadbalancing:DeleteRule"
                ],
                "condition": [],
                "effect": "Allow",
                "not_actions": [],
                "not_principals": [],
                "not_resources": [],
                "principals": [],
                "resources": [
                  "*"
                ],
                "sid": ""
              },
              {
                "actions": [
                  "elasticloadbalancing:AddTags",
                  "elasticloadbalancing:RemoveTags"
                ],
                "condition": [
                  {
                    "test": "Null",
                    "values": [
                      "false"
                    ],
                    "variable": "aws:ResourceTag/elbv2.k8s.aws/cluster"
                  },
                  {
                    "test": "Null",
                    "values": [
                      "true"
                    ],
                    "variable": "aws:RequestTag/elbv2.k8s.aws/cluster"
                  }
                ],
                "effect": "Allow",
                "not_actions": [],
                "not_principals": [],
                "not_resources": [],
                "principals": [],
                "resources": [
                  "arn:aws:elasticloadbalancing:*:*:loadbalancer/app/*/*",
                  "arn:aws:elasticloadbalancing:*:*:loadbalancer/net/*/*",
                  "arn:aws:elasticloadbalancing:*:*:targetgroup/*/*"
                ],
                "sid": ""
              },
              {
                "actions": [
                  "elasticloadbalancing:DeleteLoadBalancer",
                  "elasticloadbalancing:DeleteTargetGroup",
                  "elasticloadbalancing:ModifyLoadBalancerAttributes",
                  "elasticloadbalancing:ModifyTargetGroup",
                  "elasticloadbalancing:ModifyTargetGroupAttributes",
                  "elasticloadbalancing:SetIpAddressType",
                  "elasticloadbalancing:SetSecurityGroups",
                  "elasticloadbalancing:SetSubnets"
                ],
                "condition": [
                  {
                    "test": "Null",
                    "values": [
                      "false"
                    ],
                    "variable": "aws:ResourceTag/elbv2.k8s.aws/cluster"
                  }
                ],
                "effect": "Allow",
                "not_actions": [],
                "not_principals": [],
                "not_resources": [],
                "principals": [],
                "resources": [
                  "*"
                ],
                "sid": ""
              },
              {
                "actions": [
                  "elasticloadbalancing:DeregisterTargets",
                  "elasticloadbalancing:RegisterTargets"
                ],
                "condition": [],
                "effect": "Allow",
                "not_actions": [],
                "not_principals": [],
                "not_resources": [],
                "principals": [],
                "resources": [
                  "arn:aws:elasticloadbalancing:*:*:targetgroup/*/*"
                ],
                "sid": ""
              },
              {
                "actions": [
                  "elasticloadbalancing:AddListenerCertificates",
                  "elasticloadbalancing:ModifyListener",
                  "elasticloadbalancing:ModifyRule",
                  "elasticloadbalancing:RemoveListenerCertificates",
                  "elasticloadbalancing:SetWebAcl"
                ],
                "condition": [],
                "effect": "Allow",
                "not_actions": [],
                "not_principals": [],
                "not_resources": [],
                "principals": [],
                "resources": [
                  "*"
                ],
                "sid": ""
              }
            ],
            "version": "2012-10-17"
          },
          "sensitive_attributes": []
        }
      ]
    },
    {
      "module": "module.eks-cluster-with-import-vpc.module.kubernetes-addons.module.aws_load_balancer_controller[0]",
      "mode": "managed",
      "type": "aws_iam_policy",
      "name": "aws_load_balancer_controller",
      "provider": "provider[\"registry.terraform.io/hashicorp/aws\"]",
      "instances": [
        {
          "schema_version": 0,
          "attributes": {
            "arn": "arn:aws:iam::411309562081:policy/eclipz-sndbx-devops-eks-lb-irsa",
            "description": "Allows lb controller to manage ALB and NLB",
            "id": "arn:aws:iam::411309562081:policy/eclipz-sndbx-devops-eks-lb-irsa",
            "name": "eclipz-sndbx-devops-eks-lb-irsa",
            "name_prefix": null,
            "path": "/",
            "policy": "{\"Statement\":[{\"Action\":[\"iam:CreateServiceLinkedRole\",\"elasticloadbalancing:DescribeTargetHealth\",\"elasticloadbalancing:DescribeTargetGroups\",\"elasticloadbalancing:DescribeTargetGroupAttributes\",\"elasticloadbalancing:DescribeTags\",\"elasticloadbalancing:DescribeSSLPolicies\",\"elasticloadbalancing:DescribeRules\",\"elasticloadbalancing:DescribeLoadBalancers\",\"elasticloadbalancing:DescribeLoadBalancerAttributes\",\"elasticloadbalancing:DescribeListeners\",\"elasticloadbalancing:DescribeListenerCertificates\",\"ec2:GetCoipPoolUsage\",\"ec2:DescribeVpcs\",\"ec2:DescribeTags\",\"ec2:DescribeSubnets\",\"ec2:DescribeSecurityGroups\",\"ec2:DescribeNetworkInterfaces\",\"ec2:DescribeInternetGateways\",\"ec2:DescribeInstances\",\"ec2:DescribeCoipPools\",\"ec2:DescribeAvailabilityZones\",\"ec2:DescribeAddresses\",\"ec2:DescribeAccountAttributes\"],\"Effect\":\"Allow\",\"Resource\":\"*\",\"Sid\":\"\"},{\"Action\":[\"wafv2:GetWebACLForResource\",\"wafv2:GetWebACL\",\"wafv2:DisassociateWebACL\",\"wafv2:AssociateWebACL\",\"waf-regional:GetWebACLForResource\",\"waf-regional:GetWebACL\",\"waf-regional:DisassociateWebACL\",\"waf-regional:AssociateWebACL\",\"shield:GetSubscriptionState\",\"shield:DescribeProtection\",\"shield:DeleteProtection\",\"shield:CreateProtection\",\"iam:ListServerCertificates\",\"iam:GetServerCertificate\",\"cognito-idp:DescribeUserPoolClient\",\"acm:ListCertificates\",\"acm:DescribeCertificate\"],\"Effect\":\"Allow\",\"Resource\":\"*\",\"Sid\":\"\"},{\"Action\":[\"ec2:RevokeSecurityGroupIngress\",\"ec2:AuthorizeSecurityGroupIngress\"],\"Effect\":\"Allow\",\"Resource\":\"*\",\"Sid\":\"\"},{\"Action\":\"ec2:CreateSecurityGroup\",\"Effect\":\"Allow\",\"Resource\":\"*\",\"Sid\":\"\"},{\"Action\":\"ec2:CreateTags\",\"Condition\":{\"Null\":{\"aws:RequestTag/elbv2.k8s.aws/cluster\":\"false\"},\"StringEquals\":{\"ec2:CreateAction\":\"CreateSecurityGroup\"}},\"Effect\":\"Allow\",\"Resource\":\"arn:aws:ec2:*:*:security-group/*\",\"Sid\":\"\"},{\"Action\":[\"ec2:DeleteTags\",\"ec2:CreateTags\"],\"Condition\":{\"Null\":{\"aws:ResourceTag/ingress.k8s.aws/cluster\":\"false\"}},\"Effect\":\"Allow\",\"Resource\":\"arn:aws:ec2:*:*:security-group/*\",\"Sid\":\"\"},{\"Action\":[\"elasticloadbalancing:RemoveTags\",\"elasticloadbalancing:DeleteTargetGroup\",\"elasticloadbalancing:AddTags\"],\"Condition\":{\"Null\":{\"aws:ResourceTag/ingress.k8s.aws/cluster\":\"false\"}},\"Effect\":\"Allow\",\"Resource\":[\"arn:aws:elasticloadbalancing:*:*:targetgroup/*/*\",\"arn:aws:elasticloadbalancing:*:*:loadbalancer/net/*/*\",\"arn:aws:elasticloadbalancing:*:*:loadbalancer/app/*/*\"],\"Sid\":\"\"},{\"Action\":[\"ec2:DeleteTags\",\"ec2:CreateTags\"],\"Condition\":{\"Null\":{\"aws:RequestTag/elbv2.k8s.aws/cluster\":\"true\",\"aws:ResourceTag/elbv2.k8s.aws/cluster\":\"false\"}},\"Effect\":\"Allow\",\"Resource\":\"arn:aws:ec2:*:*:security-group/*\",\"Sid\":\"\"},{\"Action\":[\"ec2:RevokeSecurityGroupIngress\",\"ec2:DeleteSecurityGroup\",\"ec2:AuthorizeSecurityGroupIngress\"],\"Condition\":{\"Null\":{\"aws:ResourceTag/elbv2.k8s.aws/cluster\":\"false\"}},\"Effect\":\"Allow\",\"Resource\":\"*\",\"Sid\":\"\"},{\"Action\":[\"elasticloadbalancing:CreateTargetGroup\",\"elasticloadbalancing:CreateLoadBalancer\"],\"Condition\":{\"Null\":{\"aws:RequestTag/elbv2.k8s.aws/cluster\":\"false\"}},\"Effect\":\"Allow\",\"Resource\":\"*\",\"Sid\":\"\"},{\"Action\":[\"elasticloadbalancing:DeleteRule\",\"elasticloadbalancing:DeleteListener\",\"elasticloadbalancing:CreateRule\",\"elasticloadbalancing:CreateListener\"],\"Effect\":\"Allow\",\"Resource\":\"*\",\"Sid\":\"\"},{\"Action\":[\"elasticloadbalancing:RemoveTags\",\"elasticloadbalancing:AddTags\"],\"Condition\":{\"Null\":{\"aws:RequestTag/elbv2.k8s.aws/cluster\":\"true\",\"aws:ResourceTag/elbv2.k8s.aws/cluster\":\"false\"}},\"Effect\":\"Allow\",\"Resource\":[\"arn:aws:elasticloadbalancing:*:*:targetgroup/*/*\",\"arn:aws:elasticloadbalancing:*:*:loadbalancer/net/*/*\",\"arn:aws:elasticloadbalancing:*:*:loadbalancer/app/*/*\"],\"Sid\":\"\"},{\"Action\":[\"elasticloadbalancing:SetSubnets\",\"elasticloadbalancing:SetSecurityGroups\",\"elasticloadbalancing:SetIpAddressType\",\"elasticloadbalancing:ModifyTargetGroupAttributes\",\"elasticloadbalancing:ModifyTargetGroup\",\"elasticloadbalancing:ModifyLoadBalancerAttributes\",\"elasticloadbalancing:DeleteTargetGroup\",\"elasticloadbalancing:DeleteLoadBalancer\"],\"Condition\":{\"Null\":{\"aws:ResourceTag/elbv2.k8s.aws/cluster\":\"false\"}},\"Effect\":\"Allow\",\"Resource\":\"*\",\"Sid\":\"\"},{\"Action\":[\"elasticloadbalancing:RegisterTargets\",\"elasticloadbalancing:DeregisterTargets\"],\"Effect\":\"Allow\",\"Resource\":\"arn:aws:elasticloadbalancing:*:*:targetgroup/*/*\",\"Sid\":\"\"},{\"Action\":[\"elasticloadbalancing:SetWebAcl\",\"elasticloadbalancing:RemoveListenerCertificates\",\"elasticloadbalancing:ModifyRule\",\"elasticloadbalancing:ModifyListener\",\"elasticloadbalancing:AddListenerCertificates\"],\"Effect\":\"Allow\",\"Resource\":\"*\",\"Sid\":\"\"}],\"Version\":\"2012-10-17\"}",
            "policy_id": "ANPAV7Q7V3DQ6MLWIADL7",
            "tags": {},
            "tags_all": {}
          },
          "sensitive_attributes": [],
          "private": "bnVsbA==",
          "dependencies": [
            "module.eks-cluster-with-import-vpc.data.aws_availability_zones.available",
            "module.eks-cluster-with-import-vpc.data.aws_eks_cluster.cluster",
            "module.eks-cluster-with-import-vpc.data.aws_eks_cluster_auth.cluster",
            "module.eks-cluster-with-import-vpc.module.aws-eks-accelerator-for-terraform.data.aws_availability_zones.available",
            "module.eks-cluster-with-import-vpc.module.aws-eks-accelerator-for-terraform.data.aws_caller_identity.current",
            "module.eks-cluster-with-import-vpc.module.aws-eks-accelerator-for-terraform.data.aws_eks_cluster.cluster",
            "module.eks-cluster-with-import-vpc.module.aws-eks-accelerator-for-terraform.data.aws_eks_cluster_auth.cluster",
            "module.eks-cluster-with-import-vpc.module.aws-eks-accelerator-for-terraform.data.aws_iam_policy_document.eks_key",
            "module.eks-cluster-with-import-vpc.module.aws-eks-accelerator-for-terraform.data.aws_iam_session_context.current",
            "module.eks-cluster-with-import-vpc.module.aws-eks-accelerator-for-terraform.data.aws_partition.current",
            "module.eks-cluster-with-import-vpc.module.aws-eks-accelerator-for-terraform.data.aws_region.current",
            "module.eks-cluster-with-import-vpc.module.aws-eks-accelerator-for-terraform.data.http.eks_cluster_readiness",
            "module.eks-cluster-with-import-vpc.module.aws-eks-accelerator-for-terraform.kubernetes_config_map.amazon_vpc_cni",
            "module.eks-cluster-with-import-vpc.module.aws-eks-accelerator-for-terraform.kubernetes_config_map.aws_auth",
            "module.eks-cluster-with-import-vpc.module.aws-eks-accelerator-for-terraform.module.aws_eks.aws_cloudwatch_log_group.this",
            "module.eks-cluster-with-import-vpc.module.aws-eks-accelerator-for-terraform.module.aws_eks.aws_eks_addon.this",
            "module.eks-cluster-with-import-vpc.module.aws-eks-accelerator-for-terraform.module.aws_eks.aws_eks_cluster.this",
            "module.eks-cluster-with-import-vpc.module.aws-eks-accelerator-for-terraform.module.aws_eks.aws_eks_identity_provider_config.this",
            "module.eks-cluster-with-import-vpc.module.aws-eks-accelerator-for-terraform.module.aws_eks.aws_iam_openid_connect_provider.oidc_provider",
            "module.eks-cluster-with-import-vpc.module.aws-eks-accelerator-for-terraform.module.aws_eks.aws_iam_policy.cluster_encryption",
            "module.eks-cluster-with-import-vpc.module.aws-eks-accelerator-for-terraform.module.aws_eks.aws_iam_policy.cni_ipv6_policy",
            "module.eks-cluster-with-import-vpc.module.aws-eks-accelerator-for-terraform.module.aws_eks.aws_iam_role.this",
            "module.eks-cluster-with-import-vpc.module.aws-eks-accelerator-for-terraform.module.aws_eks.aws_iam_role_policy_attachment.cluster_encryption",
            "module.eks-cluster-with-import-vpc.module.aws-eks-accelerator-for-terraform.module.aws_eks.aws_iam_role_policy_attachment.this",
            "module.eks-cluster-with-import-vpc.module.aws-eks-accelerator-for-terraform.module.aws_eks.aws_security_group.cluster",
            "module.eks-cluster-with-import-vpc.module.aws-eks-accelerator-for-terraform.module.aws_eks.aws_security_group.node",
            "module.eks-cluster-with-import-vpc.module.aws-eks-accelerator-for-terraform.module.aws_eks.aws_security_group_rule.cluster",
            "module.eks-cluster-with-import-vpc.module.aws-eks-accelerator-for-terraform.module.aws_eks.aws_security_group_rule.node",
            "module.eks-cluster-with-import-vpc.module.aws-eks-accelerator-for-terraform.module.aws_eks.data.aws_iam_policy_document.assume_role_policy",
            "module.eks-cluster-with-import-vpc.module.aws-eks-accelerator-for-terraform.module.aws_eks.data.aws_iam_policy_document.cni_ipv6_policy",
            "module.eks-cluster-with-import-vpc.module.aws-eks-accelerator-for-terraform.module.aws_eks.data.aws_partition.current",
            "module.eks-cluster-with-import-vpc.module.aws-eks-accelerator-for-terraform.module.aws_eks.data.tls_certificate.this",
            "module.eks-cluster-with-import-vpc.module.aws-eks-accelerator-for-terraform.module.aws_eks.module.eks_managed_node_group.aws_eks_node_group.this",
            "module.eks-cluster-with-import-vpc.module.aws-eks-accelerator-for-terraform.module.aws_eks.module.eks_managed_node_group.aws_iam_role.this",
            "module.eks-cluster-with-import-vpc.module.aws-eks-accelerator-for-terraform.module.aws_eks.module.eks_managed_node_group.aws_iam_role_policy_attachment.this",
            "module.eks-cluster-with-import-vpc.module.aws-eks-accelerator-for-terraform.module.aws_eks.module.eks_managed_node_group.aws_launch_template.this",
            "module.eks-cluster-with-import-vpc.module.aws-eks-accelerator-for-terraform.module.aws_eks.module.eks_managed_node_group.aws_security_group.this",
            "module.eks-cluster-with-import-vpc.module.aws-eks-accelerator-for-terraform.module.aws_eks.module.eks_managed_node_group.aws_security_group_rule.this",
            "module.eks-cluster-with-import-vpc.module.aws-eks-accelerator-for-terraform.module.aws_eks.module.eks_managed_node_group.data.aws_caller_identity.current",
            "module.eks-cluster-with-import-vpc.module.aws-eks-accelerator-for-terraform.module.aws_eks.module.eks_managed_node_group.data.aws_iam_policy_document.assume_role_policy",
            "module.eks-cluster-with-import-vpc.module.aws-eks-accelerator-for-terraform.module.aws_eks.module.eks_managed_node_group.data.aws_partition.current",
            "module.eks-cluster-with-import-vpc.module.aws-eks-accelerator-for-terraform.module.aws_eks.module.eks_managed_node_group.module.user_data.data.cloudinit_config.linux_eks_managed_node_group",
            "module.eks-cluster-with-import-vpc.module.aws-eks-accelerator-for-terraform.module.aws_eks.module.fargate_profile.aws_eks_fargate_profile.this",
            "module.eks-cluster-with-import-vpc.module.aws-eks-accelerator-for-terraform.module.aws_eks.module.fargate_profile.aws_iam_role.this",
            "module.eks-cluster-with-import-vpc.module.aws-eks-accelerator-for-terraform.module.aws_eks.module.fargate_profile.aws_iam_role_policy_attachment.this",
            "module.eks-cluster-with-import-vpc.module.aws-eks-accelerator-for-terraform.module.aws_eks.module.fargate_profile.data.aws_caller_identity.current",
            "module.eks-cluster-with-import-vpc.module.aws-eks-accelerator-for-terraform.module.aws_eks.module.fargate_profile.data.aws_iam_policy_document.assume_role_policy",
            "module.eks-cluster-with-import-vpc.module.aws-eks-accelerator-for-terraform.module.aws_eks.module.fargate_profile.data.aws_partition.current",
            "module.eks-cluster-with-import-vpc.module.aws-eks-accelerator-for-terraform.module.aws_eks.module.self_managed_node_group.aws_autoscaling_group.this",
            "module.eks-cluster-with-import-vpc.module.aws-eks-accelerator-for-terraform.module.aws_eks.module.self_managed_node_group.aws_autoscaling_schedule.this",
            "module.eks-cluster-with-import-vpc.module.aws-eks-accelerator-for-terraform.module.aws_eks.module.self_managed_node_group.aws_iam_instance_profile.this",
            "module.eks-cluster-with-import-vpc.module.aws-eks-accelerator-for-terraform.module.aws_eks.module.self_managed_node_group.aws_iam_role.this",
            "module.eks-cluster-with-import-vpc.module.aws-eks-accelerator-for-terraform.module.aws_eks.module.self_managed_node_group.aws_iam_role_policy_attachment.this",
            "module.eks-cluster-with-import-vpc.module.aws-eks-accelerator-for-terraform.module.aws_eks.module.self_managed_node_group.aws_launch_template.this",
            "module.eks-cluster-with-import-vpc.module.aws-eks-accelerator-for-terraform.module.aws_eks.module.self_managed_node_group.aws_security_group.this",
            "module.eks-cluster-with-import-vpc.module.aws-eks-accelerator-for-terraform.module.aws_eks.module.self_managed_node_group.aws_security_group_rule.this",
            "module.eks-cluster-with-import-vpc.module.aws-eks-accelerator-for-terraform.module.aws_eks.module.self_managed_node_group.data.aws_ami.eks_default",
            "module.eks-cluster-with-import-vpc.module.aws-eks-accelerator-for-terraform.module.aws_eks.module.self_managed_node_group.data.aws_caller_identity.current",
            "module.eks-cluster-with-import-vpc.module.aws-eks-accelerator-for-terraform.module.aws_eks.module.self_managed_node_group.data.aws_iam_policy_document.assume_role_policy",
            "module.eks-cluster-with-import-vpc.module.aws-eks-accelerator-for-terraform.module.aws_eks.module.self_managed_node_group.data.aws_partition.current",
            "module.eks-cluster-with-import-vpc.module.aws-eks-accelerator-for-terraform.module.aws_eks.module.self_managed_node_group.module.user_data.data.cloudinit_config.linux_eks_managed_node_group",
            "module.eks-cluster-with-import-vpc.module.aws-eks-accelerator-for-terraform.module.aws_eks_fargate_profiles.aws_eks_fargate_profile.eks_fargate",
            "module.eks-cluster-with-import-vpc.module.aws-eks-accelerator-for-terraform.module.aws_eks_fargate_profiles.aws_iam_policy.cwlogs",
            "module.eks-cluster-with-import-vpc.module.aws-eks-accelerator-for-terraform.module.aws_eks_fargate_profiles.aws_iam_role.fargate",
            "module.eks-cluster-with-import-vpc.module.aws-eks-accelerator-for-terraform.module.aws_eks_fargate_profiles.aws_iam_role_policy_attachment.cwlogs",
            "module.eks-cluster-with-import-vpc.module.aws-eks-accelerator-for-terraform.module.aws_eks_fargate_profiles.aws_iam_role_policy_attachment.fargate_pod_execution_role_policy",
            "module.eks-cluster-with-import-vpc.module.aws-eks-accelerator-for-terraform.module.aws_eks_fargate_profiles.data.aws_iam_policy_document.cwlogs",
            "module.eks-cluster-with-import-vpc.module.aws-eks-accelerator-for-terraform.module.aws_eks_fargate_profiles.data.aws_iam_policy_document.fargate_assume_role_policy",
            "module.eks-cluster-with-import-vpc.module.aws-eks-accelerator-for-terraform.module.aws_eks_managed_node_groups.aws_eks_node_group.managed_ng",
            "module.eks-cluster-with-import-vpc.module.aws-eks-accelerator-for-terraform.module.aws_eks_managed_node_groups.aws_iam_instance_profile.managed_ng",
            "module.eks-cluster-with-import-vpc.module.aws-eks-accelerator-for-terraform.module.aws_eks_managed_node_groups.aws_iam_role.managed_ng",
            "module.eks-cluster-with-import-vpc.module.aws-eks-accelerator-for-terraform.module.aws_eks_managed_node_groups.aws_iam_role_policy_attachment.managed_ng",
            "module.eks-cluster-with-import-vpc.module.aws-eks-accelerator-for-terraform.module.aws_eks_managed_node_groups.aws_iam_role_policy_attachment.managed_ng_AmazonEC2ContainerRegistryReadOnly",
            "module.eks-cluster-with-import-vpc.module.aws-eks-accelerator-for-terraform.module.aws_eks_managed_node_groups.aws_iam_role_policy_attachment.managed_ng_AmazonEKSWorkerNodePolicy",
            "module.eks-cluster-with-import-vpc.module.aws-eks-accelerator-for-terraform.module.aws_eks_managed_node_groups.aws_iam_role_policy_attachment.managed_ng_AmazonEKS_CNI_Policy",
            "module.eks-cluster-with-import-vpc.module.aws-eks-accelerator-for-terraform.module.aws_eks_managed_node_groups.aws_iam_role_policy_attachment.managed_ng_AmazonSSMManagedInstanceCore",
            "module.eks-cluster-with-import-vpc.module.aws-eks-accelerator-for-terraform.module.aws_eks_managed_node_groups.aws_launch_template.managed_node_groups",
            "module.eks-cluster-with-import-vpc.module.aws-eks-accelerator-for-terraform.module.aws_eks_managed_node_groups.data.aws_iam_policy_document.managed_ng_assume_role_policy",
            "module.eks-cluster-with-import-vpc.module.aws-eks-accelerator-for-terraform.module.aws_eks_self_managed_node_groups.aws_autoscaling_group.self_managed_ng",
            "module.eks-cluster-with-import-vpc.module.aws-eks-accelerator-for-terraform.module.aws_eks_self_managed_node_groups.aws_iam_instance_profile.self_managed_ng",
            "module.eks-cluster-with-import-vpc.module.aws-eks-accelerator-for-terraform.module.aws_eks_self_managed_node_groups.aws_iam_policy.eks_windows_cni",
            "module.eks-cluster-with-import-vpc.module.aws-eks-accelerator-for-terraform.module.aws_eks_self_managed_node_groups.aws_iam_role.self_managed_ng",
            "module.eks-cluster-with-import-vpc.module.aws-eks-accelerator-for-terraform.module.aws_eks_self_managed_node_groups.aws_iam_role_policy_attachment.eks_windows_cni",
            "module.eks-cluster-with-import-vpc.module.aws-eks-accelerator-for-terraform.module.aws_eks_self_managed_node_groups.aws_iam_role_policy_attachment.self_managed_ng",
            "module.eks-cluster-with-import-vpc.module.aws-eks-accelerator-for-terraform.module.aws_eks_self_managed_node_groups.data.aws_ami.predefined",
            "module.eks-cluster-with-import-vpc.module.aws-eks-accelerator-for-terraform.module.aws_eks_self_managed_node_groups.data.aws_iam_policy_document.eks_windows_cni",
            "module.eks-cluster-with-import-vpc.module.aws-eks-accelerator-for-terraform.module.aws_eks_self_managed_node_groups.data.aws_iam_policy_document.self_managed_ng_assume_role_policy",
            "module.eks-cluster-with-import-vpc.module.aws-eks-accelerator-for-terraform.module.aws_eks_self_managed_node_groups.module.launch_template_self_managed_ng.aws_launch_template.this",
            "module.eks-cluster-with-import-vpc.module.aws-eks-accelerator-for-terraform.module.aws_eks_self_managed_node_groups.module.launch_template_self_managed_ng.data.aws_eks_cluster.eks",
            "module.eks-cluster-with-import-vpc.module.aws-eks-accelerator-for-terraform.module.aws_eks_self_managed_node_groups.module.launch_template_self_managed_ng.data.aws_eks_cluster_auth.eks",
            "module.eks-cluster-with-import-vpc.module.aws-eks-accelerator-for-terraform.module.aws_eks_teams.aws_iam_policy.platform_team_eks_access",
            "module.eks-cluster-with-import-vpc.module.aws-eks-accelerator-for-terraform.module.aws_eks_teams.aws_iam_role.platform_team",
            "module.eks-cluster-with-import-vpc.module.aws-eks-accelerator-for-terraform.module.aws_eks_teams.aws_iam_role.team_access",
            "module.eks-cluster-with-import-vpc.module.aws-eks-accelerator-for-terraform.module.aws_eks_teams.aws_iam_role.team_sa_irsa",
            "module.eks-cluster-with-import-vpc.module.aws-eks-accelerator-for-terraform.module.aws_eks_teams.data.aws_caller_identity.current",
            "module.eks-cluster-with-import-vpc.module.aws-eks-accelerator-for-terraform.module.aws_eks_teams.data.aws_eks_cluster.eks_cluster",
            "module.eks-cluster-with-import-vpc.module.aws-eks-accelerator-for-terraform.module.aws_eks_teams.data.aws_iam_policy_document.platform_team_eks_access",
            "module.eks-cluster-with-import-vpc.module.aws-eks-accelerator-for-terraform.module.aws_eks_teams.data.aws_partition.current",
            "module.eks-cluster-with-import-vpc.module.aws-eks-accelerator-for-terraform.module.aws_eks_teams.data.aws_region.current",
            "module.eks-cluster-with-import-vpc.module.aws-eks-accelerator-for-terraform.module.aws_eks_teams.kubectl_manifest.team",
            "module.eks-cluster-with-import-vpc.module.aws-eks-accelerator-for-terraform.module.aws_eks_teams.kubernetes_cluster_role.team",
            "module.eks-cluster-with-import-vpc.module.aws-eks-accelerator-for-terraform.module.aws_eks_teams.kubernetes_cluster_role_binding.team",
            "module.eks-cluster-with-import-vpc.module.aws-eks-accelerator-for-terraform.module.aws_eks_teams.kubernetes_namespace.team",
            "module.eks-cluster-with-import-vpc.module.aws-eks-accelerator-for-terraform.module.aws_eks_teams.kubernetes_resource_quota.team_compute_quota",
            "module.eks-cluster-with-import-vpc.module.aws-eks-accelerator-for-terraform.module.aws_eks_teams.kubernetes_resource_quota.team_object_quota",
            "module.eks-cluster-with-import-vpc.module.aws-eks-accelerator-for-terraform.module.aws_eks_teams.kubernetes_role.team",
            "module.eks-cluster-with-import-vpc.module.aws-eks-accelerator-for-terraform.module.aws_eks_teams.kubernetes_role_binding.team",
            "module.eks-cluster-with-import-vpc.module.aws-eks-accelerator-for-terraform.module.aws_eks_teams.kubernetes_service_account.team",
            "module.eks-cluster-with-import-vpc.module.aws-eks-accelerator-for-terraform.module.aws_managed_prometheus.aws_prometheus_workspace.amp_workspace",
            "module.eks-cluster-with-import-vpc.module.aws-eks-accelerator-for-terraform.module.emr_on_eks.aws_iam_policy.emr_on_eks_execution",
            "module.eks-cluster-with-import-vpc.module.aws-eks-accelerator-for-terraform.module.emr_on_eks.aws_iam_role.emr_on_eks_execution",
            "module.eks-cluster-with-import-vpc.module.aws-eks-accelerator-for-terraform.module.emr_on_eks.aws_iam_role_policy_attachment.emr_on_eks_execution",
            "module.eks-cluster-with-import-vpc.module.aws-eks-accelerator-for-terraform.module.emr_on_eks.data.aws_caller_identity.current",
            "module.eks-cluster-with-import-vpc.module.aws-eks-accelerator-for-terraform.module.emr_on_eks.data.aws_iam_policy_document.emr_assume_role",
            "module.eks-cluster-with-import-vpc.module.aws-eks-accelerator-for-terraform.module.emr_on_eks.data.aws_iam_policy_document.emr_on_eks",
            "module.eks-cluster-with-import-vpc.module.aws-eks-accelerator-for-terraform.module.emr_on_eks.data.aws_partition.current",
            "module.eks-cluster-with-import-vpc.module.aws-eks-accelerator-for-terraform.module.emr_on_eks.data.aws_region.current",
            "module.eks-cluster-with-import-vpc.module.aws-eks-accelerator-for-terraform.module.emr_on_eks.kubernetes_namespace.spark",
            "module.eks-cluster-with-import-vpc.module.aws-eks-accelerator-for-terraform.module.emr_on_eks.kubernetes_role.emr_containers",
            "module.eks-cluster-with-import-vpc.module.aws-eks-accelerator-for-terraform.module.emr_on_eks.kubernetes_role_binding.emr_containers",
            "module.eks-cluster-with-import-vpc.module.aws-eks-accelerator-for-terraform.module.emr_on_eks.null_resource.update_trust_policy",
            "module.eks-cluster-with-import-vpc.module.aws-eks-accelerator-for-terraform.module.kms.aws_kms_alias.this",
            "module.eks-cluster-with-import-vpc.module.aws-eks-accelerator-for-terraform.module.kms.aws_kms_key.this",
            "module.eks-cluster-with-import-vpc.module.aws_vpc.aws_subnet.private",
            "module.eks-cluster-with-import-vpc.module.aws_vpc.aws_vpc.this",
            "module.eks-cluster-with-import-vpc.module.aws_vpc.aws_vpc_ipv4_cidr_block_association.this",
            "module.eks-cluster-with-import-vpc.module.kubernetes-addons.data.aws_caller_identity.current",
            "module.eks-cluster-with-import-vpc.module.kubernetes-addons.data.aws_eks_cluster.eks_cluster",
            "module.eks-cluster-with-import-vpc.module.kubernetes-addons.data.aws_partition.current",
            "module.eks-cluster-with-import-vpc.module.kubernetes-addons.data.aws_region.current",
            "module.eks-cluster-with-import-vpc.module.kubernetes-addons.module.aws_load_balancer_controller.data.aws_iam_policy_document.aws_lb"
          ]
        }
      ]
    },
    {
      "module": "module.eks-cluster-with-import-vpc.module.kubernetes-addons.module.aws_load_balancer_controller[0]",
      "mode": "managed",
      "type": "kubernetes_ingress_v1",
      "name": "addons_ingress2",
      "provider": "module.eks-cluster-with-import-vpc.provider[\"registry.terraform.io/hashicorp/kubernetes\"]",
      "instances": [
        {
          "schema_version": 0,
          "attributes": {
            "id": "argocd/apps-ingress2",
            "metadata": [
              {
                "annotations": {
                  "alb.ingress.kubernetes.io/backend-protocol": "HTTP",
                  "alb.ingress.kubernetes.io/group.name": "myingresses",
                  "alb.ingress.kubernetes.io/group.order": "2",
                  "alb.ingress.kubernetes.io/scheme": "internet-facing",
                  "alb.ingress.kubernetes.io/target-type": "ip",
                  "kubernetes.io/ingress.class": "alb"
                },
                "generate_name": "",
                "generation": 1,
                "labels": null,
                "name": "apps-ingress2",
                "namespace": "argocd",
                "resource_version": "8262166",
                "uid": "6c896988-a2db-4896-83a0-b31dbc2345ad"
              }
            ],
            "spec": [
              {
                "default_backend": [],
                "ingress_class_name": "",
                "rule": [
                  {
                    "host": "grafana.awssolutionsprovider.com",
                    "http": [
                      {
                        "path": [
                          {
                            "backend": [
                              {
                                "resource": [],
                                "service": [
                                  {
                                    "name": "vault-ui",
                                    "port": [
                                      {
                                        "name": "",
                                        "number": 8200
                                      }
                                    ]
                                  }
                                ]
                              }
                            ],
                            "path": "/",
                            "path_type": "Prefix"
                          }
                        ]
                      }
                    ]
                  }
                ],
                "tls": [
                  {
                    "hosts": null,
                    "secret_name": "tls-secret"
                  }
                ]
              }
            ],
            "status": [
              {
                "load_balancer": [
                  {
                    "ingress": []
                  }
                ]
              }
            ],
            "wait_for_load_balancer": null
          },
          "sensitive_attributes": [],
          "private": "bnVsbA==",
          "dependencies": [
            "module.eks-cluster-with-import-vpc.data.aws_availability_zones.available",
            "module.eks-cluster-with-import-vpc.data.aws_eks_cluster.cluster",
            "module.eks-cluster-with-import-vpc.data.aws_eks_cluster_auth.cluster",
            "module.eks-cluster-with-import-vpc.module.aws-eks-accelerator-for-terraform.data.aws_availability_zones.available",
            "module.eks-cluster-with-import-vpc.module.aws-eks-accelerator-for-terraform.data.aws_caller_identity.current",
            "module.eks-cluster-with-import-vpc.module.aws-eks-accelerator-for-terraform.data.aws_eks_cluster.cluster",
            "module.eks-cluster-with-import-vpc.module.aws-eks-accelerator-for-terraform.data.aws_eks_cluster_auth.cluster",
            "module.eks-cluster-with-import-vpc.module.aws-eks-accelerator-for-terraform.data.aws_iam_policy_document.eks_key",
            "module.eks-cluster-with-import-vpc.module.aws-eks-accelerator-for-terraform.data.aws_iam_session_context.current",
            "module.eks-cluster-with-import-vpc.module.aws-eks-accelerator-for-terraform.data.aws_partition.current",
            "module.eks-cluster-with-import-vpc.module.aws-eks-accelerator-for-terraform.data.aws_region.current",
            "module.eks-cluster-with-import-vpc.module.aws-eks-accelerator-for-terraform.data.http.eks_cluster_readiness",
            "module.eks-cluster-with-import-vpc.module.aws-eks-accelerator-for-terraform.kubernetes_config_map.amazon_vpc_cni",
            "module.eks-cluster-with-import-vpc.module.aws-eks-accelerator-for-terraform.kubernetes_config_map.aws_auth",
            "module.eks-cluster-with-import-vpc.module.aws-eks-accelerator-for-terraform.module.aws_eks.aws_cloudwatch_log_group.this",
            "module.eks-cluster-with-import-vpc.module.aws-eks-accelerator-for-terraform.module.aws_eks.aws_eks_addon.this",
            "module.eks-cluster-with-import-vpc.module.aws-eks-accelerator-for-terraform.module.aws_eks.aws_eks_cluster.this",
            "module.eks-cluster-with-import-vpc.module.aws-eks-accelerator-for-terraform.module.aws_eks.aws_eks_identity_provider_config.this",
            "module.eks-cluster-with-import-vpc.module.aws-eks-accelerator-for-terraform.module.aws_eks.aws_iam_openid_connect_provider.oidc_provider",
            "module.eks-cluster-with-import-vpc.module.aws-eks-accelerator-for-terraform.module.aws_eks.aws_iam_policy.cluster_encryption",
            "module.eks-cluster-with-import-vpc.module.aws-eks-accelerator-for-terraform.module.aws_eks.aws_iam_policy.cni_ipv6_policy",
            "module.eks-cluster-with-import-vpc.module.aws-eks-accelerator-for-terraform.module.aws_eks.aws_iam_role.this",
            "module.eks-cluster-with-import-vpc.module.aws-eks-accelerator-for-terraform.module.aws_eks.aws_iam_role_policy_attachment.cluster_encryption",
            "module.eks-cluster-with-import-vpc.module.aws-eks-accelerator-for-terraform.module.aws_eks.aws_iam_role_policy_attachment.this",
            "module.eks-cluster-with-import-vpc.module.aws-eks-accelerator-for-terraform.module.aws_eks.aws_security_group.cluster",
            "module.eks-cluster-with-import-vpc.module.aws-eks-accelerator-for-terraform.module.aws_eks.aws_security_group.node",
            "module.eks-cluster-with-import-vpc.module.aws-eks-accelerator-for-terraform.module.aws_eks.aws_security_group_rule.cluster",
            "module.eks-cluster-with-import-vpc.module.aws-eks-accelerator-for-terraform.module.aws_eks.aws_security_group_rule.node",
            "module.eks-cluster-with-import-vpc.module.aws-eks-accelerator-for-terraform.module.aws_eks.data.aws_iam_policy_document.assume_role_policy",
            "module.eks-cluster-with-import-vpc.module.aws-eks-accelerator-for-terraform.module.aws_eks.data.aws_iam_policy_document.cni_ipv6_policy",
            "module.eks-cluster-with-import-vpc.module.aws-eks-accelerator-for-terraform.module.aws_eks.data.aws_partition.current",
            "module.eks-cluster-with-import-vpc.module.aws-eks-accelerator-for-terraform.module.aws_eks.data.tls_certificate.this",
            "module.eks-cluster-with-import-vpc.module.aws-eks-accelerator-for-terraform.module.aws_eks.module.eks_managed_node_group.aws_eks_node_group.this",
            "module.eks-cluster-with-import-vpc.module.aws-eks-accelerator-for-terraform.module.aws_eks.module.eks_managed_node_group.aws_iam_role.this",
            "module.eks-cluster-with-import-vpc.module.aws-eks-accelerator-for-terraform.module.aws_eks.module.eks_managed_node_group.aws_iam_role_policy_attachment.this",
            "module.eks-cluster-with-import-vpc.module.aws-eks-accelerator-for-terraform.module.aws_eks.module.eks_managed_node_group.aws_launch_template.this",
            "module.eks-cluster-with-import-vpc.module.aws-eks-accelerator-for-terraform.module.aws_eks.module.eks_managed_node_group.aws_security_group.this",
            "module.eks-cluster-with-import-vpc.module.aws-eks-accelerator-for-terraform.module.aws_eks.module.eks_managed_node_group.aws_security_group_rule.this",
            "module.eks-cluster-with-import-vpc.module.aws-eks-accelerator-for-terraform.module.aws_eks.module.eks_managed_node_group.data.aws_caller_identity.current",
            "module.eks-cluster-with-import-vpc.module.aws-eks-accelerator-for-terraform.module.aws_eks.module.eks_managed_node_group.data.aws_iam_policy_document.assume_role_policy",
            "module.eks-cluster-with-import-vpc.module.aws-eks-accelerator-for-terraform.module.aws_eks.module.eks_managed_node_group.data.aws_partition.current",
            "module.eks-cluster-with-import-vpc.module.aws-eks-accelerator-for-terraform.module.aws_eks.module.eks_managed_node_group.module.user_data.data.cloudinit_config.linux_eks_managed_node_group",
            "module.eks-cluster-with-import-vpc.module.aws-eks-accelerator-for-terraform.module.aws_eks.module.fargate_profile.aws_eks_fargate_profile.this",
            "module.eks-cluster-with-import-vpc.module.aws-eks-accelerator-for-terraform.module.aws_eks.module.fargate_profile.aws_iam_role.this",
            "module.eks-cluster-with-import-vpc.module.aws-eks-accelerator-for-terraform.module.aws_eks.module.fargate_profile.aws_iam_role_policy_attachment.this",
            "module.eks-cluster-with-import-vpc.module.aws-eks-accelerator-for-terraform.module.aws_eks.module.fargate_profile.data.aws_caller_identity.current",
            "module.eks-cluster-with-import-vpc.module.aws-eks-accelerator-for-terraform.module.aws_eks.module.fargate_profile.data.aws_iam_policy_document.assume_role_policy",
            "module.eks-cluster-with-import-vpc.module.aws-eks-accelerator-for-terraform.module.aws_eks.module.fargate_profile.data.aws_partition.current",
            "module.eks-cluster-with-import-vpc.module.aws-eks-accelerator-for-terraform.module.aws_eks.module.self_managed_node_group.aws_autoscaling_group.this",
            "module.eks-cluster-with-import-vpc.module.aws-eks-accelerator-for-terraform.module.aws_eks.module.self_managed_node_group.aws_autoscaling_schedule.this",
            "module.eks-cluster-with-import-vpc.module.aws-eks-accelerator-for-terraform.module.aws_eks.module.self_managed_node_group.aws_iam_instance_profile.this",
            "module.eks-cluster-with-import-vpc.module.aws-eks-accelerator-for-terraform.module.aws_eks.module.self_managed_node_group.aws_iam_role.this",
            "module.eks-cluster-with-import-vpc.module.aws-eks-accelerator-for-terraform.module.aws_eks.module.self_managed_node_group.aws_iam_role_policy_attachment.this",
            "module.eks-cluster-with-import-vpc.module.aws-eks-accelerator-for-terraform.module.aws_eks.module.self_managed_node_group.aws_launch_template.this",
            "module.eks-cluster-with-import-vpc.module.aws-eks-accelerator-for-terraform.module.aws_eks.module.self_managed_node_group.aws_security_group.this",
            "module.eks-cluster-with-import-vpc.module.aws-eks-accelerator-for-terraform.module.aws_eks.module.self_managed_node_group.aws_security_group_rule.this",
            "module.eks-cluster-with-import-vpc.module.aws-eks-accelerator-for-terraform.module.aws_eks.module.self_managed_node_group.data.aws_ami.eks_default",
            "module.eks-cluster-with-import-vpc.module.aws-eks-accelerator-for-terraform.module.aws_eks.module.self_managed_node_group.data.aws_caller_identity.current",
            "module.eks-cluster-with-import-vpc.module.aws-eks-accelerator-for-terraform.module.aws_eks.module.self_managed_node_group.data.aws_iam_policy_document.assume_role_policy",
            "module.eks-cluster-with-import-vpc.module.aws-eks-accelerator-for-terraform.module.aws_eks.module.self_managed_node_group.data.aws_partition.current",
            "module.eks-cluster-with-import-vpc.module.aws-eks-accelerator-for-terraform.module.aws_eks.module.self_managed_node_group.module.user_data.data.cloudinit_config.linux_eks_managed_node_group",
            "module.eks-cluster-with-import-vpc.module.aws-eks-accelerator-for-terraform.module.aws_eks_fargate_profiles.aws_eks_fargate_profile.eks_fargate",
            "module.eks-cluster-with-import-vpc.module.aws-eks-accelerator-for-terraform.module.aws_eks_fargate_profiles.aws_iam_policy.cwlogs",
            "module.eks-cluster-with-import-vpc.module.aws-eks-accelerator-for-terraform.module.aws_eks_fargate_profiles.aws_iam_role.fargate",
            "module.eks-cluster-with-import-vpc.module.aws-eks-accelerator-for-terraform.module.aws_eks_fargate_profiles.aws_iam_role_policy_attachment.cwlogs",
            "module.eks-cluster-with-import-vpc.module.aws-eks-accelerator-for-terraform.module.aws_eks_fargate_profiles.aws_iam_role_policy_attachment.fargate_pod_execution_role_policy",
            "module.eks-cluster-with-import-vpc.module.aws-eks-accelerator-for-terraform.module.aws_eks_fargate_profiles.data.aws_iam_policy_document.cwlogs",
            "module.eks-cluster-with-import-vpc.module.aws-eks-accelerator-for-terraform.module.aws_eks_fargate_profiles.data.aws_iam_policy_document.fargate_assume_role_policy",
            "module.eks-cluster-with-import-vpc.module.aws-eks-accelerator-for-terraform.module.aws_eks_managed_node_groups.aws_eks_node_group.managed_ng",
            "module.eks-cluster-with-import-vpc.module.aws-eks-accelerator-for-terraform.module.aws_eks_managed_node_groups.aws_iam_instance_profile.managed_ng",
            "module.eks-cluster-with-import-vpc.module.aws-eks-accelerator-for-terraform.module.aws_eks_managed_node_groups.aws_iam_role.managed_ng",
            "module.eks-cluster-with-import-vpc.module.aws-eks-accelerator-for-terraform.module.aws_eks_managed_node_groups.aws_iam_role_policy_attachment.managed_ng",
            "module.eks-cluster-with-import-vpc.module.aws-eks-accelerator-for-terraform.module.aws_eks_managed_node_groups.aws_iam_role_policy_attachment.managed_ng_AmazonEC2ContainerRegistryReadOnly",
            "module.eks-cluster-with-import-vpc.module.aws-eks-accelerator-for-terraform.module.aws_eks_managed_node_groups.aws_iam_role_policy_attachment.managed_ng_AmazonEKSWorkerNodePolicy",
            "module.eks-cluster-with-import-vpc.module.aws-eks-accelerator-for-terraform.module.aws_eks_managed_node_groups.aws_iam_role_policy_attachment.managed_ng_AmazonEKS_CNI_Policy",
            "module.eks-cluster-with-import-vpc.module.aws-eks-accelerator-for-terraform.module.aws_eks_managed_node_groups.aws_iam_role_policy_attachment.managed_ng_AmazonSSMManagedInstanceCore",
            "module.eks-cluster-with-import-vpc.module.aws-eks-accelerator-for-terraform.module.aws_eks_managed_node_groups.aws_launch_template.managed_node_groups",
            "module.eks-cluster-with-import-vpc.module.aws-eks-accelerator-for-terraform.module.aws_eks_managed_node_groups.data.aws_iam_policy_document.managed_ng_assume_role_policy",
            "module.eks-cluster-with-import-vpc.module.aws-eks-accelerator-for-terraform.module.aws_eks_self_managed_node_groups.aws_autoscaling_group.self_managed_ng",
            "module.eks-cluster-with-import-vpc.module.aws-eks-accelerator-for-terraform.module.aws_eks_self_managed_node_groups.aws_iam_instance_profile.self_managed_ng",
            "module.eks-cluster-with-import-vpc.module.aws-eks-accelerator-for-terraform.module.aws_eks_self_managed_node_groups.aws_iam_policy.eks_windows_cni",
            "module.eks-cluster-with-import-vpc.module.aws-eks-accelerator-for-terraform.module.aws_eks_self_managed_node_groups.aws_iam_role.self_managed_ng",
            "module.eks-cluster-with-import-vpc.module.aws-eks-accelerator-for-terraform.module.aws_eks_self_managed_node_groups.aws_iam_role_policy_attachment.eks_windows_cni",
            "module.eks-cluster-with-import-vpc.module.aws-eks-accelerator-for-terraform.module.aws_eks_self_managed_node_groups.aws_iam_role_policy_attachment.self_managed_ng",
            "module.eks-cluster-with-import-vpc.module.aws-eks-accelerator-for-terraform.module.aws_eks_self_managed_node_groups.data.aws_ami.predefined",
            "module.eks-cluster-with-import-vpc.module.aws-eks-accelerator-for-terraform.module.aws_eks_self_managed_node_groups.data.aws_iam_policy_document.eks_windows_cni",
            "module.eks-cluster-with-import-vpc.module.aws-eks-accelerator-for-terraform.module.aws_eks_self_managed_node_groups.data.aws_iam_policy_document.self_managed_ng_assume_role_policy",
            "module.eks-cluster-with-import-vpc.module.aws-eks-accelerator-for-terraform.module.aws_eks_self_managed_node_groups.module.launch_template_self_managed_ng.aws_launch_template.this",
            "module.eks-cluster-with-import-vpc.module.aws-eks-accelerator-for-terraform.module.aws_eks_self_managed_node_groups.module.launch_template_self_managed_ng.data.aws_eks_cluster.eks",
            "module.eks-cluster-with-import-vpc.module.aws-eks-accelerator-for-terraform.module.aws_eks_self_managed_node_groups.module.launch_template_self_managed_ng.data.aws_eks_cluster_auth.eks",
            "module.eks-cluster-with-import-vpc.module.aws-eks-accelerator-for-terraform.module.aws_eks_teams.aws_iam_policy.platform_team_eks_access",
            "module.eks-cluster-with-import-vpc.module.aws-eks-accelerator-for-terraform.module.aws_eks_teams.aws_iam_role.platform_team",
            "module.eks-cluster-with-import-vpc.module.aws-eks-accelerator-for-terraform.module.aws_eks_teams.aws_iam_role.team_access",
            "module.eks-cluster-with-import-vpc.module.aws-eks-accelerator-for-terraform.module.aws_eks_teams.aws_iam_role.team_sa_irsa",
            "module.eks-cluster-with-import-vpc.module.aws-eks-accelerator-for-terraform.module.aws_eks_teams.data.aws_caller_identity.current",
            "module.eks-cluster-with-import-vpc.module.aws-eks-accelerator-for-terraform.module.aws_eks_teams.data.aws_eks_cluster.eks_cluster",
            "module.eks-cluster-with-import-vpc.module.aws-eks-accelerator-for-terraform.module.aws_eks_teams.data.aws_iam_policy_document.platform_team_eks_access",
            "module.eks-cluster-with-import-vpc.module.aws-eks-accelerator-for-terraform.module.aws_eks_teams.data.aws_partition.current",
            "module.eks-cluster-with-import-vpc.module.aws-eks-accelerator-for-terraform.module.aws_eks_teams.data.aws_region.current",
            "module.eks-cluster-with-import-vpc.module.aws-eks-accelerator-for-terraform.module.aws_eks_teams.kubectl_manifest.team",
            "module.eks-cluster-with-import-vpc.module.aws-eks-accelerator-for-terraform.module.aws_eks_teams.kubernetes_cluster_role.team",
            "module.eks-cluster-with-import-vpc.module.aws-eks-accelerator-for-terraform.module.aws_eks_teams.kubernetes_cluster_role_binding.team",
            "module.eks-cluster-with-import-vpc.module.aws-eks-accelerator-for-terraform.module.aws_eks_teams.kubernetes_namespace.team",
            "module.eks-cluster-with-import-vpc.module.aws-eks-accelerator-for-terraform.module.aws_eks_teams.kubernetes_resource_quota.team_compute_quota",
            "module.eks-cluster-with-import-vpc.module.aws-eks-accelerator-for-terraform.module.aws_eks_teams.kubernetes_resource_quota.team_object_quota",
            "module.eks-cluster-with-import-vpc.module.aws-eks-accelerator-for-terraform.module.aws_eks_teams.kubernetes_role.team",
            "module.eks-cluster-with-import-vpc.module.aws-eks-accelerator-for-terraform.module.aws_eks_teams.kubernetes_role_binding.team",
            "module.eks-cluster-with-import-vpc.module.aws-eks-accelerator-for-terraform.module.aws_eks_teams.kubernetes_service_account.team",
            "module.eks-cluster-with-import-vpc.module.aws-eks-accelerator-for-terraform.module.aws_managed_prometheus.aws_prometheus_workspace.amp_workspace",
            "module.eks-cluster-with-import-vpc.module.aws-eks-accelerator-for-terraform.module.emr_on_eks.aws_iam_policy.emr_on_eks_execution",
            "module.eks-cluster-with-import-vpc.module.aws-eks-accelerator-for-terraform.module.emr_on_eks.aws_iam_role.emr_on_eks_execution",
            "module.eks-cluster-with-import-vpc.module.aws-eks-accelerator-for-terraform.module.emr_on_eks.aws_iam_role_policy_attachment.emr_on_eks_execution",
            "module.eks-cluster-with-import-vpc.module.aws-eks-accelerator-for-terraform.module.emr_on_eks.data.aws_caller_identity.current",
            "module.eks-cluster-with-import-vpc.module.aws-eks-accelerator-for-terraform.module.emr_on_eks.data.aws_iam_policy_document.emr_assume_role",
            "module.eks-cluster-with-import-vpc.module.aws-eks-accelerator-for-terraform.module.emr_on_eks.data.aws_iam_policy_document.emr_on_eks",
            "module.eks-cluster-with-import-vpc.module.aws-eks-accelerator-for-terraform.module.emr_on_eks.data.aws_partition.current",
            "module.eks-cluster-with-import-vpc.module.aws-eks-accelerator-for-terraform.module.emr_on_eks.data.aws_region.current",
            "module.eks-cluster-with-import-vpc.module.aws-eks-accelerator-for-terraform.module.emr_on_eks.kubernetes_namespace.spark",
            "module.eks-cluster-with-import-vpc.module.aws-eks-accelerator-for-terraform.module.emr_on_eks.kubernetes_role.emr_containers",
            "module.eks-cluster-with-import-vpc.module.aws-eks-accelerator-for-terraform.module.emr_on_eks.kubernetes_role_binding.emr_containers",
            "module.eks-cluster-with-import-vpc.module.aws-eks-accelerator-for-terraform.module.emr_on_eks.null_resource.update_trust_policy",
            "module.eks-cluster-with-import-vpc.module.aws-eks-accelerator-for-terraform.module.kms.aws_kms_alias.this",
            "module.eks-cluster-with-import-vpc.module.aws-eks-accelerator-for-terraform.module.kms.aws_kms_key.this",
            "module.eks-cluster-with-import-vpc.module.aws_vpc.aws_subnet.private",
            "module.eks-cluster-with-import-vpc.module.aws_vpc.aws_vpc.this"
          ]
        }
      ]
    },
    {
      "module": "module.eks-cluster-with-import-vpc.module.kubernetes-addons.module.aws_load_balancer_controller[0].module.helm_addon.module.irsa[0]",
      "mode": "managed",
      "type": "aws_iam_role",
      "name": "irsa",
      "provider": "provider[\"registry.terraform.io/hashicorp/aws\"]",
      "instances": [
        {
          "index_key": 0,
          "schema_version": 0,
          "attributes": {
            "arn": "arn:aws:iam::411309562081:role/eclipz-sndbx-devops-eks-aws-load-balancer-controller-sa-irsa",
            "assume_role_policy": "{\"Statement\":[{\"Action\":\"sts:AssumeRoleWithWebIdentity\",\"Condition\":{\"StringLike\":{\"oidc.eks.us-east-1.amazonaws.com/id/B5E4A8F73D2823F247F70443DF689A3C:sub\":\"system:serviceaccount:kube-system:aws-load-balancer-controller-sa\"}},\"Effect\":\"Allow\",\"Principal\":{\"Federated\":\"arn:aws:iam::411309562081:oidc-provider/oidc.eks.us-east-1.amazonaws.com/id/B5E4A8F73D2823F247F70443DF689A3C\"}}],\"Version\":\"2012-10-17\"}",
            "create_date": "2022-11-17T08:02:16Z",
            "description": "AWS IAM Role for the Kubernetes service account aws-load-balancer-controller-sa.",
            "force_detach_policies": true,
            "id": "eclipz-sndbx-devops-eks-aws-load-balancer-controller-sa-irsa",
            "inline_policy": [],
            "managed_policy_arns": [
              "arn:aws:iam::411309562081:policy/eclipz-sndbx-devops-eks-lb-irsa"
            ],
            "max_session_duration": 3600,
            "name": "eclipz-sndbx-devops-eks-aws-load-balancer-controller-sa-irsa",
            "name_prefix": "",
            "path": "/",
            "permissions_boundary": "",
            "tags": {
              "Name": "eclipz-sndbx-devops-eks-aws-load-balancer-controller-sa-irsa",
              "app.kubernetes.io/managed-by": "terraform-eks-blueprints"
            },
            "tags_all": {
              "Name": "eclipz-sndbx-devops-eks-aws-load-balancer-controller-sa-irsa",
              "app.kubernetes.io/managed-by": "terraform-eks-blueprints"
            },
            "unique_id": "AROAV7Q7V3DQ47MGBYQDI"
          },
          "sensitive_attributes": [],
          "private": "bnVsbA==",
          "dependencies": [
            "module.eks-cluster-with-import-vpc.data.aws_availability_zones.available",
            "module.eks-cluster-with-import-vpc.data.aws_eks_cluster.cluster",
            "module.eks-cluster-with-import-vpc.data.aws_eks_cluster_auth.cluster",
            "module.eks-cluster-with-import-vpc.module.aws-eks-accelerator-for-terraform.data.aws_availability_zones.available",
            "module.eks-cluster-with-import-vpc.module.aws-eks-accelerator-for-terraform.data.aws_caller_identity.current",
            "module.eks-cluster-with-import-vpc.module.aws-eks-accelerator-for-terraform.data.aws_eks_cluster.cluster",
            "module.eks-cluster-with-import-vpc.module.aws-eks-accelerator-for-terraform.data.aws_eks_cluster_auth.cluster",
            "module.eks-cluster-with-import-vpc.module.aws-eks-accelerator-for-terraform.data.aws_iam_policy_document.eks_key",
            "module.eks-cluster-with-import-vpc.module.aws-eks-accelerator-for-terraform.data.aws_iam_session_context.current",
            "module.eks-cluster-with-import-vpc.module.aws-eks-accelerator-for-terraform.data.aws_partition.current",
            "module.eks-cluster-with-import-vpc.module.aws-eks-accelerator-for-terraform.data.aws_region.current",
            "module.eks-cluster-with-import-vpc.module.aws-eks-accelerator-for-terraform.data.http.eks_cluster_readiness",
            "module.eks-cluster-with-import-vpc.module.aws-eks-accelerator-for-terraform.kubernetes_config_map.amazon_vpc_cni",
            "module.eks-cluster-with-import-vpc.module.aws-eks-accelerator-for-terraform.kubernetes_config_map.aws_auth",
            "module.eks-cluster-with-import-vpc.module.aws-eks-accelerator-for-terraform.module.aws_eks.aws_cloudwatch_log_group.this",
            "module.eks-cluster-with-import-vpc.module.aws-eks-accelerator-for-terraform.module.aws_eks.aws_eks_addon.this",
            "module.eks-cluster-with-import-vpc.module.aws-eks-accelerator-for-terraform.module.aws_eks.aws_eks_cluster.this",
            "module.eks-cluster-with-import-vpc.module.aws-eks-accelerator-for-terraform.module.aws_eks.aws_eks_identity_provider_config.this",
            "module.eks-cluster-with-import-vpc.module.aws-eks-accelerator-for-terraform.module.aws_eks.aws_iam_openid_connect_provider.oidc_provider",
            "module.eks-cluster-with-import-vpc.module.aws-eks-accelerator-for-terraform.module.aws_eks.aws_iam_policy.cluster_encryption",
            "module.eks-cluster-with-import-vpc.module.aws-eks-accelerator-for-terraform.module.aws_eks.aws_iam_policy.cni_ipv6_policy",
            "module.eks-cluster-with-import-vpc.module.aws-eks-accelerator-for-terraform.module.aws_eks.aws_iam_role.this",
            "module.eks-cluster-with-import-vpc.module.aws-eks-accelerator-for-terraform.module.aws_eks.aws_iam_role_policy_attachment.cluster_encryption",
            "module.eks-cluster-with-import-vpc.module.aws-eks-accelerator-for-terraform.module.aws_eks.aws_iam_role_policy_attachment.this",
            "module.eks-cluster-with-import-vpc.module.aws-eks-accelerator-for-terraform.module.aws_eks.aws_security_group.cluster",
            "module.eks-cluster-with-import-vpc.module.aws-eks-accelerator-for-terraform.module.aws_eks.aws_security_group.node",
            "module.eks-cluster-with-import-vpc.module.aws-eks-accelerator-for-terraform.module.aws_eks.aws_security_group_rule.cluster",
            "module.eks-cluster-with-import-vpc.module.aws-eks-accelerator-for-terraform.module.aws_eks.aws_security_group_rule.node",
            "module.eks-cluster-with-import-vpc.module.aws-eks-accelerator-for-terraform.module.aws_eks.data.aws_iam_policy_document.assume_role_policy",
            "module.eks-cluster-with-import-vpc.module.aws-eks-accelerator-for-terraform.module.aws_eks.data.aws_iam_policy_document.cni_ipv6_policy",
            "module.eks-cluster-with-import-vpc.module.aws-eks-accelerator-for-terraform.module.aws_eks.data.aws_partition.current",
            "module.eks-cluster-with-import-vpc.module.aws-eks-accelerator-for-terraform.module.aws_eks.data.tls_certificate.this",
            "module.eks-cluster-with-import-vpc.module.aws-eks-accelerator-for-terraform.module.aws_eks.module.eks_managed_node_group.aws_eks_node_group.this",
            "module.eks-cluster-with-import-vpc.module.aws-eks-accelerator-for-terraform.module.aws_eks.module.eks_managed_node_group.aws_iam_role.this",
            "module.eks-cluster-with-import-vpc.module.aws-eks-accelerator-for-terraform.module.aws_eks.module.eks_managed_node_group.aws_iam_role_policy_attachment.this",
            "module.eks-cluster-with-import-vpc.module.aws-eks-accelerator-for-terraform.module.aws_eks.module.eks_managed_node_group.aws_launch_template.this",
            "module.eks-cluster-with-import-vpc.module.aws-eks-accelerator-for-terraform.module.aws_eks.module.eks_managed_node_group.aws_security_group.this",
            "module.eks-cluster-with-import-vpc.module.aws-eks-accelerator-for-terraform.module.aws_eks.module.eks_managed_node_group.aws_security_group_rule.this",
            "module.eks-cluster-with-import-vpc.module.aws-eks-accelerator-for-terraform.module.aws_eks.module.eks_managed_node_group.data.aws_caller_identity.current",
            "module.eks-cluster-with-import-vpc.module.aws-eks-accelerator-for-terraform.module.aws_eks.module.eks_managed_node_group.data.aws_iam_policy_document.assume_role_policy",
            "module.eks-cluster-with-import-vpc.module.aws-eks-accelerator-for-terraform.module.aws_eks.module.eks_managed_node_group.data.aws_partition.current",
            "module.eks-cluster-with-import-vpc.module.aws-eks-accelerator-for-terraform.module.aws_eks.module.eks_managed_node_group.module.user_data.data.cloudinit_config.linux_eks_managed_node_group",
            "module.eks-cluster-with-import-vpc.module.aws-eks-accelerator-for-terraform.module.aws_eks.module.fargate_profile.aws_eks_fargate_profile.this",
            "module.eks-cluster-with-import-vpc.module.aws-eks-accelerator-for-terraform.module.aws_eks.module.fargate_profile.aws_iam_role.this",
            "module.eks-cluster-with-import-vpc.module.aws-eks-accelerator-for-terraform.module.aws_eks.module.fargate_profile.aws_iam_role_policy_attachment.this",
            "module.eks-cluster-with-import-vpc.module.aws-eks-accelerator-for-terraform.module.aws_eks.module.fargate_profile.data.aws_caller_identity.current",
            "module.eks-cluster-with-import-vpc.module.aws-eks-accelerator-for-terraform.module.aws_eks.module.fargate_profile.data.aws_iam_policy_document.assume_role_policy",
            "module.eks-cluster-with-import-vpc.module.aws-eks-accelerator-for-terraform.module.aws_eks.module.fargate_profile.data.aws_partition.current",
            "module.eks-cluster-with-import-vpc.module.aws-eks-accelerator-for-terraform.module.aws_eks.module.self_managed_node_group.aws_autoscaling_group.this",
            "module.eks-cluster-with-import-vpc.module.aws-eks-accelerator-for-terraform.module.aws_eks.module.self_managed_node_group.aws_autoscaling_schedule.this",
            "module.eks-cluster-with-import-vpc.module.aws-eks-accelerator-for-terraform.module.aws_eks.module.self_managed_node_group.aws_iam_instance_profile.this",
            "module.eks-cluster-with-import-vpc.module.aws-eks-accelerator-for-terraform.module.aws_eks.module.self_managed_node_group.aws_iam_role.this",
            "module.eks-cluster-with-import-vpc.module.aws-eks-accelerator-for-terraform.module.aws_eks.module.self_managed_node_group.aws_iam_role_policy_attachment.this",
            "module.eks-cluster-with-import-vpc.module.aws-eks-accelerator-for-terraform.module.aws_eks.module.self_managed_node_group.aws_launch_template.this",
            "module.eks-cluster-with-import-vpc.module.aws-eks-accelerator-for-terraform.module.aws_eks.module.self_managed_node_group.aws_security_group.this",
            "module.eks-cluster-with-import-vpc.module.aws-eks-accelerator-for-terraform.module.aws_eks.module.self_managed_node_group.aws_security_group_rule.this",
            "module.eks-cluster-with-import-vpc.module.aws-eks-accelerator-for-terraform.module.aws_eks.module.self_managed_node_group.data.aws_ami.eks_default",
            "module.eks-cluster-with-import-vpc.module.aws-eks-accelerator-for-terraform.module.aws_eks.module.self_managed_node_group.data.aws_caller_identity.current",
            "module.eks-cluster-with-import-vpc.module.aws-eks-accelerator-for-terraform.module.aws_eks.module.self_managed_node_group.data.aws_iam_policy_document.assume_role_policy",
            "module.eks-cluster-with-import-vpc.module.aws-eks-accelerator-for-terraform.module.aws_eks.module.self_managed_node_group.data.aws_partition.current",
            "module.eks-cluster-with-import-vpc.module.aws-eks-accelerator-for-terraform.module.aws_eks.module.self_managed_node_group.module.user_data.data.cloudinit_config.linux_eks_managed_node_group",
            "module.eks-cluster-with-import-vpc.module.aws-eks-accelerator-for-terraform.module.aws_eks_fargate_profiles.aws_eks_fargate_profile.eks_fargate",
            "module.eks-cluster-with-import-vpc.module.aws-eks-accelerator-for-terraform.module.aws_eks_fargate_profiles.aws_iam_policy.cwlogs",
            "module.eks-cluster-with-import-vpc.module.aws-eks-accelerator-for-terraform.module.aws_eks_fargate_profiles.aws_iam_role.fargate",
            "module.eks-cluster-with-import-vpc.module.aws-eks-accelerator-for-terraform.module.aws_eks_fargate_profiles.aws_iam_role_policy_attachment.cwlogs",
            "module.eks-cluster-with-import-vpc.module.aws-eks-accelerator-for-terraform.module.aws_eks_fargate_profiles.aws_iam_role_policy_attachment.fargate_pod_execution_role_policy",
            "module.eks-cluster-with-import-vpc.module.aws-eks-accelerator-for-terraform.module.aws_eks_fargate_profiles.data.aws_iam_policy_document.cwlogs",
            "module.eks-cluster-with-import-vpc.module.aws-eks-accelerator-for-terraform.module.aws_eks_fargate_profiles.data.aws_iam_policy_document.fargate_assume_role_policy",
            "module.eks-cluster-with-import-vpc.module.aws-eks-accelerator-for-terraform.module.aws_eks_managed_node_groups.aws_eks_node_group.managed_ng",
            "module.eks-cluster-with-import-vpc.module.aws-eks-accelerator-for-terraform.module.aws_eks_managed_node_groups.aws_iam_instance_profile.managed_ng",
            "module.eks-cluster-with-import-vpc.module.aws-eks-accelerator-for-terraform.module.aws_eks_managed_node_groups.aws_iam_role.managed_ng",
            "module.eks-cluster-with-import-vpc.module.aws-eks-accelerator-for-terraform.module.aws_eks_managed_node_groups.aws_iam_role_policy_attachment.managed_ng",
            "module.eks-cluster-with-import-vpc.module.aws-eks-accelerator-for-terraform.module.aws_eks_managed_node_groups.aws_iam_role_policy_attachment.managed_ng_AmazonEC2ContainerRegistryReadOnly",
            "module.eks-cluster-with-import-vpc.module.aws-eks-accelerator-for-terraform.module.aws_eks_managed_node_groups.aws_iam_role_policy_attachment.managed_ng_AmazonEKSWorkerNodePolicy",
            "module.eks-cluster-with-import-vpc.module.aws-eks-accelerator-for-terraform.module.aws_eks_managed_node_groups.aws_iam_role_policy_attachment.managed_ng_AmazonEKS_CNI_Policy",
            "module.eks-cluster-with-import-vpc.module.aws-eks-accelerator-for-terraform.module.aws_eks_managed_node_groups.aws_iam_role_policy_attachment.managed_ng_AmazonSSMManagedInstanceCore",
            "module.eks-cluster-with-import-vpc.module.aws-eks-accelerator-for-terraform.module.aws_eks_managed_node_groups.aws_launch_template.managed_node_groups",
            "module.eks-cluster-with-import-vpc.module.aws-eks-accelerator-for-terraform.module.aws_eks_managed_node_groups.data.aws_iam_policy_document.managed_ng_assume_role_policy",
            "module.eks-cluster-with-import-vpc.module.aws-eks-accelerator-for-terraform.module.aws_eks_self_managed_node_groups.aws_autoscaling_group.self_managed_ng",
            "module.eks-cluster-with-import-vpc.module.aws-eks-accelerator-for-terraform.module.aws_eks_self_managed_node_groups.aws_iam_instance_profile.self_managed_ng",
            "module.eks-cluster-with-import-vpc.module.aws-eks-accelerator-for-terraform.module.aws_eks_self_managed_node_groups.aws_iam_policy.eks_windows_cni",
            "module.eks-cluster-with-import-vpc.module.aws-eks-accelerator-for-terraform.module.aws_eks_self_managed_node_groups.aws_iam_role.self_managed_ng",
            "module.eks-cluster-with-import-vpc.module.aws-eks-accelerator-for-terraform.module.aws_eks_self_managed_node_groups.aws_iam_role_policy_attachment.eks_windows_cni",
            "module.eks-cluster-with-import-vpc.module.aws-eks-accelerator-for-terraform.module.aws_eks_self_managed_node_groups.aws_iam_role_policy_attachment.self_managed_ng",
            "module.eks-cluster-with-import-vpc.module.aws-eks-accelerator-for-terraform.module.aws_eks_self_managed_node_groups.data.aws_ami.predefined",
            "module.eks-cluster-with-import-vpc.module.aws-eks-accelerator-for-terraform.module.aws_eks_self_managed_node_groups.data.aws_iam_policy_document.eks_windows_cni",
            "module.eks-cluster-with-import-vpc.module.aws-eks-accelerator-for-terraform.module.aws_eks_self_managed_node_groups.data.aws_iam_policy_document.self_managed_ng_assume_role_policy",
            "module.eks-cluster-with-import-vpc.module.aws-eks-accelerator-for-terraform.module.aws_eks_self_managed_node_groups.module.launch_template_self_managed_ng.aws_launch_template.this",
            "module.eks-cluster-with-import-vpc.module.aws-eks-accelerator-for-terraform.module.aws_eks_self_managed_node_groups.module.launch_template_self_managed_ng.data.aws_eks_cluster.eks",
            "module.eks-cluster-with-import-vpc.module.aws-eks-accelerator-for-terraform.module.aws_eks_self_managed_node_groups.module.launch_template_self_managed_ng.data.aws_eks_cluster_auth.eks",
            "module.eks-cluster-with-import-vpc.module.aws-eks-accelerator-for-terraform.module.aws_eks_teams.aws_iam_policy.platform_team_eks_access",
            "module.eks-cluster-with-import-vpc.module.aws-eks-accelerator-for-terraform.module.aws_eks_teams.aws_iam_role.platform_team",
            "module.eks-cluster-with-import-vpc.module.aws-eks-accelerator-for-terraform.module.aws_eks_teams.aws_iam_role.team_access",
            "module.eks-cluster-with-import-vpc.module.aws-eks-accelerator-for-terraform.module.aws_eks_teams.aws_iam_role.team_sa_irsa",
            "module.eks-cluster-with-import-vpc.module.aws-eks-accelerator-for-terraform.module.aws_eks_teams.data.aws_caller_identity.current",
            "module.eks-cluster-with-import-vpc.module.aws-eks-accelerator-for-terraform.module.aws_eks_teams.data.aws_eks_cluster.eks_cluster",
            "module.eks-cluster-with-import-vpc.module.aws-eks-accelerator-for-terraform.module.aws_eks_teams.data.aws_iam_policy_document.platform_team_eks_access",
            "module.eks-cluster-with-import-vpc.module.aws-eks-accelerator-for-terraform.module.aws_eks_teams.data.aws_partition.current",
            "module.eks-cluster-with-import-vpc.module.aws-eks-accelerator-for-terraform.module.aws_eks_teams.data.aws_region.current",
            "module.eks-cluster-with-import-vpc.module.aws-eks-accelerator-for-terraform.module.aws_eks_teams.kubectl_manifest.team",
            "module.eks-cluster-with-import-vpc.module.aws-eks-accelerator-for-terraform.module.aws_eks_teams.kubernetes_cluster_role.team",
            "module.eks-cluster-with-import-vpc.module.aws-eks-accelerator-for-terraform.module.aws_eks_teams.kubernetes_cluster_role_binding.team",
            "module.eks-cluster-with-import-vpc.module.aws-eks-accelerator-for-terraform.module.aws_eks_teams.kubernetes_namespace.team",
            "module.eks-cluster-with-import-vpc.module.aws-eks-accelerator-for-terraform.module.aws_eks_teams.kubernetes_resource_quota.team_compute_quota",
            "module.eks-cluster-with-import-vpc.module.aws-eks-accelerator-for-terraform.module.aws_eks_teams.kubernetes_resource_quota.team_object_quota",
            "module.eks-cluster-with-import-vpc.module.aws-eks-accelerator-for-terraform.module.aws_eks_teams.kubernetes_role.team",
            "module.eks-cluster-with-import-vpc.module.aws-eks-accelerator-for-terraform.module.aws_eks_teams.kubernetes_role_binding.team",
            "module.eks-cluster-with-import-vpc.module.aws-eks-accelerator-for-terraform.module.aws_eks_teams.kubernetes_service_account.team",
            "module.eks-cluster-with-import-vpc.module.aws-eks-accelerator-for-terraform.module.aws_managed_prometheus.aws_prometheus_workspace.amp_workspace",
            "module.eks-cluster-with-import-vpc.module.aws-eks-accelerator-for-terraform.module.emr_on_eks.aws_iam_policy.emr_on_eks_execution",
            "module.eks-cluster-with-import-vpc.module.aws-eks-accelerator-for-terraform.module.emr_on_eks.aws_iam_role.emr_on_eks_execution",
            "module.eks-cluster-with-import-vpc.module.aws-eks-accelerator-for-terraform.module.emr_on_eks.aws_iam_role_policy_attachment.emr_on_eks_execution",
            "module.eks-cluster-with-import-vpc.module.aws-eks-accelerator-for-terraform.module.emr_on_eks.data.aws_caller_identity.current",
            "module.eks-cluster-with-import-vpc.module.aws-eks-accelerator-for-terraform.module.emr_on_eks.data.aws_iam_policy_document.emr_assume_role",
            "module.eks-cluster-with-import-vpc.module.aws-eks-accelerator-for-terraform.module.emr_on_eks.data.aws_iam_policy_document.emr_on_eks",
            "module.eks-cluster-with-import-vpc.module.aws-eks-accelerator-for-terraform.module.emr_on_eks.data.aws_partition.current",
            "module.eks-cluster-with-import-vpc.module.aws-eks-accelerator-for-terraform.module.emr_on_eks.data.aws_region.current",
            "module.eks-cluster-with-import-vpc.module.aws-eks-accelerator-for-terraform.module.emr_on_eks.kubernetes_namespace.spark",
            "module.eks-cluster-with-import-vpc.module.aws-eks-accelerator-for-terraform.module.emr_on_eks.kubernetes_role.emr_containers",
            "module.eks-cluster-with-import-vpc.module.aws-eks-accelerator-for-terraform.module.emr_on_eks.kubernetes_role_binding.emr_containers",
            "module.eks-cluster-with-import-vpc.module.aws-eks-accelerator-for-terraform.module.emr_on_eks.null_resource.update_trust_policy",
            "module.eks-cluster-with-import-vpc.module.aws-eks-accelerator-for-terraform.module.kms.aws_kms_alias.this",
            "module.eks-cluster-with-import-vpc.module.aws-eks-accelerator-for-terraform.module.kms.aws_kms_key.this",
            "module.eks-cluster-with-import-vpc.module.aws_vpc.aws_subnet.private",
            "module.eks-cluster-with-import-vpc.module.aws_vpc.aws_vpc.this",
            "module.eks-cluster-with-import-vpc.module.aws_vpc.aws_vpc_ipv4_cidr_block_association.this",
            "module.eks-cluster-with-import-vpc.module.kubernetes-addons.data.aws_caller_identity.current",
            "module.eks-cluster-with-import-vpc.module.kubernetes-addons.data.aws_eks_cluster.eks_cluster",
            "module.eks-cluster-with-import-vpc.module.kubernetes-addons.data.aws_partition.current",
            "module.eks-cluster-with-import-vpc.module.kubernetes-addons.data.aws_region.current",
            "module.eks-cluster-with-import-vpc.module.kubernetes-addons.module.aws_load_balancer_controller.aws_iam_policy.aws_load_balancer_controller",
            "module.eks-cluster-with-import-vpc.module.kubernetes-addons.module.aws_load_balancer_controller.data.aws_iam_policy_document.aws_lb"
          ]
        }
      ]
    },
    {
      "module": "module.eks-cluster-with-import-vpc.module.kubernetes-addons.module.aws_load_balancer_controller[0].module.helm_addon.module.irsa[0]",
      "mode": "managed",
      "type": "aws_iam_role_policy_attachment",
      "name": "irsa",
      "provider": "provider[\"registry.terraform.io/hashicorp/aws\"]",
      "instances": [
        {
          "index_key": 0,
          "schema_version": 0,
          "attributes": {
            "id": "eclipz-sndbx-devops-eks-aws-load-balancer-controller-sa-irsa-20221117080100179000000010",
            "policy_arn": "arn:aws:iam::411309562081:policy/eclipz-sndbx-devops-eks-lb-irsa",
            "role": "eclipz-sndbx-devops-eks-aws-load-balancer-controller-sa-irsa"
          },
          "sensitive_attributes": [],
          "private": "bnVsbA==",
          "dependencies": [
            "module.eks-cluster-with-import-vpc.data.aws_availability_zones.available",
            "module.eks-cluster-with-import-vpc.data.aws_eks_cluster.cluster",
            "module.eks-cluster-with-import-vpc.data.aws_eks_cluster_auth.cluster",
            "module.eks-cluster-with-import-vpc.module.aws-eks-accelerator-for-terraform.data.aws_availability_zones.available",
            "module.eks-cluster-with-import-vpc.module.aws-eks-accelerator-for-terraform.data.aws_caller_identity.current",
            "module.eks-cluster-with-import-vpc.module.aws-eks-accelerator-for-terraform.data.aws_eks_cluster.cluster",
            "module.eks-cluster-with-import-vpc.module.aws-eks-accelerator-for-terraform.data.aws_eks_cluster_auth.cluster",
            "module.eks-cluster-with-import-vpc.module.aws-eks-accelerator-for-terraform.data.aws_iam_policy_document.eks_key",
            "module.eks-cluster-with-import-vpc.module.aws-eks-accelerator-for-terraform.data.aws_iam_session_context.current",
            "module.eks-cluster-with-import-vpc.module.aws-eks-accelerator-for-terraform.data.aws_partition.current",
            "module.eks-cluster-with-import-vpc.module.aws-eks-accelerator-for-terraform.data.aws_region.current",
            "module.eks-cluster-with-import-vpc.module.aws-eks-accelerator-for-terraform.data.http.eks_cluster_readiness",
            "module.eks-cluster-with-import-vpc.module.aws-eks-accelerator-for-terraform.kubernetes_config_map.amazon_vpc_cni",
            "module.eks-cluster-with-import-vpc.module.aws-eks-accelerator-for-terraform.kubernetes_config_map.aws_auth",
            "module.eks-cluster-with-import-vpc.module.aws-eks-accelerator-for-terraform.module.aws_eks.aws_cloudwatch_log_group.this",
            "module.eks-cluster-with-import-vpc.module.aws-eks-accelerator-for-terraform.module.aws_eks.aws_eks_addon.this",
            "module.eks-cluster-with-import-vpc.module.aws-eks-accelerator-for-terraform.module.aws_eks.aws_eks_cluster.this",
            "module.eks-cluster-with-import-vpc.module.aws-eks-accelerator-for-terraform.module.aws_eks.aws_eks_identity_provider_config.this",
            "module.eks-cluster-with-import-vpc.module.aws-eks-accelerator-for-terraform.module.aws_eks.aws_iam_openid_connect_provider.oidc_provider",
            "module.eks-cluster-with-import-vpc.module.aws-eks-accelerator-for-terraform.module.aws_eks.aws_iam_policy.cluster_encryption",
            "module.eks-cluster-with-import-vpc.module.aws-eks-accelerator-for-terraform.module.aws_eks.aws_iam_policy.cni_ipv6_policy",
            "module.eks-cluster-with-import-vpc.module.aws-eks-accelerator-for-terraform.module.aws_eks.aws_iam_role.this",
            "module.eks-cluster-with-import-vpc.module.aws-eks-accelerator-for-terraform.module.aws_eks.aws_iam_role_policy_attachment.cluster_encryption",
            "module.eks-cluster-with-import-vpc.module.aws-eks-accelerator-for-terraform.module.aws_eks.aws_iam_role_policy_attachment.this",
            "module.eks-cluster-with-import-vpc.module.aws-eks-accelerator-for-terraform.module.aws_eks.aws_security_group.cluster",
            "module.eks-cluster-with-import-vpc.module.aws-eks-accelerator-for-terraform.module.aws_eks.aws_security_group.node",
            "module.eks-cluster-with-import-vpc.module.aws-eks-accelerator-for-terraform.module.aws_eks.aws_security_group_rule.cluster",
            "module.eks-cluster-with-import-vpc.module.aws-eks-accelerator-for-terraform.module.aws_eks.aws_security_group_rule.node",
            "module.eks-cluster-with-import-vpc.module.aws-eks-accelerator-for-terraform.module.aws_eks.data.aws_iam_policy_document.assume_role_policy",
            "module.eks-cluster-with-import-vpc.module.aws-eks-accelerator-for-terraform.module.aws_eks.data.aws_iam_policy_document.cni_ipv6_policy",
            "module.eks-cluster-with-import-vpc.module.aws-eks-accelerator-for-terraform.module.aws_eks.data.aws_partition.current",
            "module.eks-cluster-with-import-vpc.module.aws-eks-accelerator-for-terraform.module.aws_eks.data.tls_certificate.this",
            "module.eks-cluster-with-import-vpc.module.aws-eks-accelerator-for-terraform.module.aws_eks.module.eks_managed_node_group.aws_eks_node_group.this",
            "module.eks-cluster-with-import-vpc.module.aws-eks-accelerator-for-terraform.module.aws_eks.module.eks_managed_node_group.aws_iam_role.this",
            "module.eks-cluster-with-import-vpc.module.aws-eks-accelerator-for-terraform.module.aws_eks.module.eks_managed_node_group.aws_iam_role_policy_attachment.this",
            "module.eks-cluster-with-import-vpc.module.aws-eks-accelerator-for-terraform.module.aws_eks.module.eks_managed_node_group.aws_launch_template.this",
            "module.eks-cluster-with-import-vpc.module.aws-eks-accelerator-for-terraform.module.aws_eks.module.eks_managed_node_group.aws_security_group.this",
            "module.eks-cluster-with-import-vpc.module.aws-eks-accelerator-for-terraform.module.aws_eks.module.eks_managed_node_group.aws_security_group_rule.this",
            "module.eks-cluster-with-import-vpc.module.aws-eks-accelerator-for-terraform.module.aws_eks.module.eks_managed_node_group.data.aws_caller_identity.current",
            "module.eks-cluster-with-import-vpc.module.aws-eks-accelerator-for-terraform.module.aws_eks.module.eks_managed_node_group.data.aws_iam_policy_document.assume_role_policy",
            "module.eks-cluster-with-import-vpc.module.aws-eks-accelerator-for-terraform.module.aws_eks.module.eks_managed_node_group.data.aws_partition.current",
            "module.eks-cluster-with-import-vpc.module.aws-eks-accelerator-for-terraform.module.aws_eks.module.eks_managed_node_group.module.user_data.data.cloudinit_config.linux_eks_managed_node_group",
            "module.eks-cluster-with-import-vpc.module.aws-eks-accelerator-for-terraform.module.aws_eks.module.fargate_profile.aws_eks_fargate_profile.this",
            "module.eks-cluster-with-import-vpc.module.aws-eks-accelerator-for-terraform.module.aws_eks.module.fargate_profile.aws_iam_role.this",
            "module.eks-cluster-with-import-vpc.module.aws-eks-accelerator-for-terraform.module.aws_eks.module.fargate_profile.aws_iam_role_policy_attachment.this",
            "module.eks-cluster-with-import-vpc.module.aws-eks-accelerator-for-terraform.module.aws_eks.module.fargate_profile.data.aws_caller_identity.current",
            "module.eks-cluster-with-import-vpc.module.aws-eks-accelerator-for-terraform.module.aws_eks.module.fargate_profile.data.aws_iam_policy_document.assume_role_policy",
            "module.eks-cluster-with-import-vpc.module.aws-eks-accelerator-for-terraform.module.aws_eks.module.fargate_profile.data.aws_partition.current",
            "module.eks-cluster-with-import-vpc.module.aws-eks-accelerator-for-terraform.module.aws_eks.module.self_managed_node_group.aws_autoscaling_group.this",
            "module.eks-cluster-with-import-vpc.module.aws-eks-accelerator-for-terraform.module.aws_eks.module.self_managed_node_group.aws_autoscaling_schedule.this",
            "module.eks-cluster-with-import-vpc.module.aws-eks-accelerator-for-terraform.module.aws_eks.module.self_managed_node_group.aws_iam_instance_profile.this",
            "module.eks-cluster-with-import-vpc.module.aws-eks-accelerator-for-terraform.module.aws_eks.module.self_managed_node_group.aws_iam_role.this",
            "module.eks-cluster-with-import-vpc.module.aws-eks-accelerator-for-terraform.module.aws_eks.module.self_managed_node_group.aws_iam_role_policy_attachment.this",
            "module.eks-cluster-with-import-vpc.module.aws-eks-accelerator-for-terraform.module.aws_eks.module.self_managed_node_group.aws_launch_template.this",
            "module.eks-cluster-with-import-vpc.module.aws-eks-accelerator-for-terraform.module.aws_eks.module.self_managed_node_group.aws_security_group.this",
            "module.eks-cluster-with-import-vpc.module.aws-eks-accelerator-for-terraform.module.aws_eks.module.self_managed_node_group.aws_security_group_rule.this",
            "module.eks-cluster-with-import-vpc.module.aws-eks-accelerator-for-terraform.module.aws_eks.module.self_managed_node_group.data.aws_ami.eks_default",
            "module.eks-cluster-with-import-vpc.module.aws-eks-accelerator-for-terraform.module.aws_eks.module.self_managed_node_group.data.aws_caller_identity.current",
            "module.eks-cluster-with-import-vpc.module.aws-eks-accelerator-for-terraform.module.aws_eks.module.self_managed_node_group.data.aws_iam_policy_document.assume_role_policy",
            "module.eks-cluster-with-import-vpc.module.aws-eks-accelerator-for-terraform.module.aws_eks.module.self_managed_node_group.data.aws_partition.current",
            "module.eks-cluster-with-import-vpc.module.aws-eks-accelerator-for-terraform.module.aws_eks.module.self_managed_node_group.module.user_data.data.cloudinit_config.linux_eks_managed_node_group",
            "module.eks-cluster-with-import-vpc.module.aws-eks-accelerator-for-terraform.module.aws_eks_fargate_profiles.aws_eks_fargate_profile.eks_fargate",
            "module.eks-cluster-with-import-vpc.module.aws-eks-accelerator-for-terraform.module.aws_eks_fargate_profiles.aws_iam_policy.cwlogs",
            "module.eks-cluster-with-import-vpc.module.aws-eks-accelerator-for-terraform.module.aws_eks_fargate_profiles.aws_iam_role.fargate",
            "module.eks-cluster-with-import-vpc.module.aws-eks-accelerator-for-terraform.module.aws_eks_fargate_profiles.aws_iam_role_policy_attachment.cwlogs",
            "module.eks-cluster-with-import-vpc.module.aws-eks-accelerator-for-terraform.module.aws_eks_fargate_profiles.aws_iam_role_policy_attachment.fargate_pod_execution_role_policy",
            "module.eks-cluster-with-import-vpc.module.aws-eks-accelerator-for-terraform.module.aws_eks_fargate_profiles.data.aws_iam_policy_document.cwlogs",
            "module.eks-cluster-with-import-vpc.module.aws-eks-accelerator-for-terraform.module.aws_eks_fargate_profiles.data.aws_iam_policy_document.fargate_assume_role_policy",
            "module.eks-cluster-with-import-vpc.module.aws-eks-accelerator-for-terraform.module.aws_eks_managed_node_groups.aws_eks_node_group.managed_ng",
            "module.eks-cluster-with-import-vpc.module.aws-eks-accelerator-for-terraform.module.aws_eks_managed_node_groups.aws_iam_instance_profile.managed_ng",
            "module.eks-cluster-with-import-vpc.module.aws-eks-accelerator-for-terraform.module.aws_eks_managed_node_groups.aws_iam_role.managed_ng",
            "module.eks-cluster-with-import-vpc.module.aws-eks-accelerator-for-terraform.module.aws_eks_managed_node_groups.aws_iam_role_policy_attachment.managed_ng",
            "module.eks-cluster-with-import-vpc.module.aws-eks-accelerator-for-terraform.module.aws_eks_managed_node_groups.aws_iam_role_policy_attachment.managed_ng_AmazonEC2ContainerRegistryReadOnly",
            "module.eks-cluster-with-import-vpc.module.aws-eks-accelerator-for-terraform.module.aws_eks_managed_node_groups.aws_iam_role_policy_attachment.managed_ng_AmazonEKSWorkerNodePolicy",
            "module.eks-cluster-with-import-vpc.module.aws-eks-accelerator-for-terraform.module.aws_eks_managed_node_groups.aws_iam_role_policy_attachment.managed_ng_AmazonEKS_CNI_Policy",
            "module.eks-cluster-with-import-vpc.module.aws-eks-accelerator-for-terraform.module.aws_eks_managed_node_groups.aws_iam_role_policy_attachment.managed_ng_AmazonSSMManagedInstanceCore",
            "module.eks-cluster-with-import-vpc.module.aws-eks-accelerator-for-terraform.module.aws_eks_managed_node_groups.aws_launch_template.managed_node_groups",
            "module.eks-cluster-with-import-vpc.module.aws-eks-accelerator-for-terraform.module.aws_eks_managed_node_groups.data.aws_iam_policy_document.managed_ng_assume_role_policy",
            "module.eks-cluster-with-import-vpc.module.aws-eks-accelerator-for-terraform.module.aws_eks_self_managed_node_groups.aws_autoscaling_group.self_managed_ng",
            "module.eks-cluster-with-import-vpc.module.aws-eks-accelerator-for-terraform.module.aws_eks_self_managed_node_groups.aws_iam_instance_profile.self_managed_ng",
            "module.eks-cluster-with-import-vpc.module.aws-eks-accelerator-for-terraform.module.aws_eks_self_managed_node_groups.aws_iam_policy.eks_windows_cni",
            "module.eks-cluster-with-import-vpc.module.aws-eks-accelerator-for-terraform.module.aws_eks_self_managed_node_groups.aws_iam_role.self_managed_ng",
            "module.eks-cluster-with-import-vpc.module.aws-eks-accelerator-for-terraform.module.aws_eks_self_managed_node_groups.aws_iam_role_policy_attachment.eks_windows_cni",
            "module.eks-cluster-with-import-vpc.module.aws-eks-accelerator-for-terraform.module.aws_eks_self_managed_node_groups.aws_iam_role_policy_attachment.self_managed_ng",
            "module.eks-cluster-with-import-vpc.module.aws-eks-accelerator-for-terraform.module.aws_eks_self_managed_node_groups.data.aws_ami.predefined",
            "module.eks-cluster-with-import-vpc.module.aws-eks-accelerator-for-terraform.module.aws_eks_self_managed_node_groups.data.aws_iam_policy_document.eks_windows_cni",
            "module.eks-cluster-with-import-vpc.module.aws-eks-accelerator-for-terraform.module.aws_eks_self_managed_node_groups.data.aws_iam_policy_document.self_managed_ng_assume_role_policy",
            "module.eks-cluster-with-import-vpc.module.aws-eks-accelerator-for-terraform.module.aws_eks_self_managed_node_groups.module.launch_template_self_managed_ng.aws_launch_template.this",
            "module.eks-cluster-with-import-vpc.module.aws-eks-accelerator-for-terraform.module.aws_eks_self_managed_node_groups.module.launch_template_self_managed_ng.data.aws_eks_cluster.eks",
            "module.eks-cluster-with-import-vpc.module.aws-eks-accelerator-for-terraform.module.aws_eks_self_managed_node_groups.module.launch_template_self_managed_ng.data.aws_eks_cluster_auth.eks",
            "module.eks-cluster-with-import-vpc.module.aws-eks-accelerator-for-terraform.module.aws_eks_teams.aws_iam_policy.platform_team_eks_access",
            "module.eks-cluster-with-import-vpc.module.aws-eks-accelerator-for-terraform.module.aws_eks_teams.aws_iam_role.platform_team",
            "module.eks-cluster-with-import-vpc.module.aws-eks-accelerator-for-terraform.module.aws_eks_teams.aws_iam_role.team_access",
            "module.eks-cluster-with-import-vpc.module.aws-eks-accelerator-for-terraform.module.aws_eks_teams.aws_iam_role.team_sa_irsa",
            "module.eks-cluster-with-import-vpc.module.aws-eks-accelerator-for-terraform.module.aws_eks_teams.data.aws_caller_identity.current",
            "module.eks-cluster-with-import-vpc.module.aws-eks-accelerator-for-terraform.module.aws_eks_teams.data.aws_eks_cluster.eks_cluster",
            "module.eks-cluster-with-import-vpc.module.aws-eks-accelerator-for-terraform.module.aws_eks_teams.data.aws_iam_policy_document.platform_team_eks_access",
            "module.eks-cluster-with-import-vpc.module.aws-eks-accelerator-for-terraform.module.aws_eks_teams.data.aws_partition.current",
            "module.eks-cluster-with-import-vpc.module.aws-eks-accelerator-for-terraform.module.aws_eks_teams.data.aws_region.current",
            "module.eks-cluster-with-import-vpc.module.aws-eks-accelerator-for-terraform.module.aws_eks_teams.kubectl_manifest.team",
            "module.eks-cluster-with-import-vpc.module.aws-eks-accelerator-for-terraform.module.aws_eks_teams.kubernetes_cluster_role.team",
            "module.eks-cluster-with-import-vpc.module.aws-eks-accelerator-for-terraform.module.aws_eks_teams.kubernetes_cluster_role_binding.team",
            "module.eks-cluster-with-import-vpc.module.aws-eks-accelerator-for-terraform.module.aws_eks_teams.kubernetes_namespace.team",
            "module.eks-cluster-with-import-vpc.module.aws-eks-accelerator-for-terraform.module.aws_eks_teams.kubernetes_resource_quota.team_compute_quota",
            "module.eks-cluster-with-import-vpc.module.aws-eks-accelerator-for-terraform.module.aws_eks_teams.kubernetes_resource_quota.team_object_quota",
            "module.eks-cluster-with-import-vpc.module.aws-eks-accelerator-for-terraform.module.aws_eks_teams.kubernetes_role.team",
            "module.eks-cluster-with-import-vpc.module.aws-eks-accelerator-for-terraform.module.aws_eks_teams.kubernetes_role_binding.team",
            "module.eks-cluster-with-import-vpc.module.aws-eks-accelerator-for-terraform.module.aws_eks_teams.kubernetes_service_account.team",
            "module.eks-cluster-with-import-vpc.module.aws-eks-accelerator-for-terraform.module.aws_managed_prometheus.aws_prometheus_workspace.amp_workspace",
            "module.eks-cluster-with-import-vpc.module.aws-eks-accelerator-for-terraform.module.emr_on_eks.aws_iam_policy.emr_on_eks_execution",
            "module.eks-cluster-with-import-vpc.module.aws-eks-accelerator-for-terraform.module.emr_on_eks.aws_iam_role.emr_on_eks_execution",
            "module.eks-cluster-with-import-vpc.module.aws-eks-accelerator-for-terraform.module.emr_on_eks.aws_iam_role_policy_attachment.emr_on_eks_execution",
            "module.eks-cluster-with-import-vpc.module.aws-eks-accelerator-for-terraform.module.emr_on_eks.data.aws_caller_identity.current",
            "module.eks-cluster-with-import-vpc.module.aws-eks-accelerator-for-terraform.module.emr_on_eks.data.aws_iam_policy_document.emr_assume_role",
            "module.eks-cluster-with-import-vpc.module.aws-eks-accelerator-for-terraform.module.emr_on_eks.data.aws_iam_policy_document.emr_on_eks",
            "module.eks-cluster-with-import-vpc.module.aws-eks-accelerator-for-terraform.module.emr_on_eks.data.aws_partition.current",
            "module.eks-cluster-with-import-vpc.module.aws-eks-accelerator-for-terraform.module.emr_on_eks.data.aws_region.current",
            "module.eks-cluster-with-import-vpc.module.aws-eks-accelerator-for-terraform.module.emr_on_eks.kubernetes_namespace.spark",
            "module.eks-cluster-with-import-vpc.module.aws-eks-accelerator-for-terraform.module.emr_on_eks.kubernetes_role.emr_containers",
            "module.eks-cluster-with-import-vpc.module.aws-eks-accelerator-for-terraform.module.emr_on_eks.kubernetes_role_binding.emr_containers",
            "module.eks-cluster-with-import-vpc.module.aws-eks-accelerator-for-terraform.module.emr_on_eks.null_resource.update_trust_policy",
            "module.eks-cluster-with-import-vpc.module.aws-eks-accelerator-for-terraform.module.kms.aws_kms_alias.this",
            "module.eks-cluster-with-import-vpc.module.aws-eks-accelerator-for-terraform.module.kms.aws_kms_key.this",
            "module.eks-cluster-with-import-vpc.module.aws_vpc.aws_subnet.private",
            "module.eks-cluster-with-import-vpc.module.aws_vpc.aws_vpc.this",
            "module.eks-cluster-with-import-vpc.module.aws_vpc.aws_vpc_ipv4_cidr_block_association.this",
            "module.eks-cluster-with-import-vpc.module.kubernetes-addons.data.aws_caller_identity.current",
            "module.eks-cluster-with-import-vpc.module.kubernetes-addons.data.aws_eks_cluster.eks_cluster",
            "module.eks-cluster-with-import-vpc.module.kubernetes-addons.data.aws_partition.current",
            "module.eks-cluster-with-import-vpc.module.kubernetes-addons.data.aws_region.current",
            "module.eks-cluster-with-import-vpc.module.kubernetes-addons.module.aws_load_balancer_controller.aws_iam_policy.aws_load_balancer_controller",
            "module.eks-cluster-with-import-vpc.module.kubernetes-addons.module.aws_load_balancer_controller.data.aws_iam_policy_document.aws_lb",
            "module.eks-cluster-with-import-vpc.module.kubernetes-addons.module.aws_load_balancer_controller.module.helm_addon.module.irsa.aws_iam_role.irsa"
          ]
        }
      ]
    },
    {
      "module": "module.eks-cluster-with-import-vpc.module.kubernetes-addons.module.aws_load_balancer_controller[0].module.helm_addon.module.irsa[0]",
      "mode": "managed",
      "type": "kubernetes_service_account_v1",
      "name": "irsa",
      "provider": "module.eks-cluster-with-import-vpc.provider[\"registry.terraform.io/hashicorp/kubernetes\"]",
      "instances": [
        {
          "index_key": 0,
          "schema_version": 0,
          "attributes": {
            "automount_service_account_token": true,
            "default_secret_name": "aws-load-balancer-controller-sa-token-vxqmx",
            "id": "kube-system/aws-load-balancer-controller-sa",
            "image_pull_secret": [],
            "metadata": [
              {
                "annotations": {
                  "eks.amazonaws.com/role-arn": "arn:aws:iam::411309562081:role/eclipz-sndbx-devops-eks-aws-load-balancer-controller-sa-irsa"
                },
                "generate_name": "",
                "generation": 0,
                "labels": {
                  "app.kubernetes.io/managed-by": "terraform-eks-blueprints"
                },
                "name": "aws-load-balancer-controller-sa",
                "namespace": "kube-system",
                "resource_version": "1920",
                "uid": "b4c8f107-ebf5-4b91-94ce-dfe03acb8aa4"
              }
            ],
            "secret": [],
            "timeouts": null
          },
          "sensitive_attributes": [],
          "private": "eyJlMmJmYjczMC1lY2FhLTExZTYtOGY4OC0zNDM2M2JjN2M0YzAiOnsiY3JlYXRlIjozMDAwMDAwMDAwMH19",
          "dependencies": [
            "module.eks-cluster-with-import-vpc.data.aws_availability_zones.available",
            "module.eks-cluster-with-import-vpc.data.aws_eks_cluster.cluster",
            "module.eks-cluster-with-import-vpc.data.aws_eks_cluster_auth.cluster",
            "module.eks-cluster-with-import-vpc.module.aws-eks-accelerator-for-terraform.data.aws_availability_zones.available",
            "module.eks-cluster-with-import-vpc.module.aws-eks-accelerator-for-terraform.data.aws_caller_identity.current",
            "module.eks-cluster-with-import-vpc.module.aws-eks-accelerator-for-terraform.data.aws_eks_cluster.cluster",
            "module.eks-cluster-with-import-vpc.module.aws-eks-accelerator-for-terraform.data.aws_eks_cluster_auth.cluster",
            "module.eks-cluster-with-import-vpc.module.aws-eks-accelerator-for-terraform.data.aws_iam_policy_document.eks_key",
            "module.eks-cluster-with-import-vpc.module.aws-eks-accelerator-for-terraform.data.aws_iam_session_context.current",
            "module.eks-cluster-with-import-vpc.module.aws-eks-accelerator-for-terraform.data.aws_partition.current",
            "module.eks-cluster-with-import-vpc.module.aws-eks-accelerator-for-terraform.data.aws_region.current",
            "module.eks-cluster-with-import-vpc.module.aws-eks-accelerator-for-terraform.data.http.eks_cluster_readiness",
            "module.eks-cluster-with-import-vpc.module.aws-eks-accelerator-for-terraform.kubernetes_config_map.amazon_vpc_cni",
            "module.eks-cluster-with-import-vpc.module.aws-eks-accelerator-for-terraform.kubernetes_config_map.aws_auth",
            "module.eks-cluster-with-import-vpc.module.aws-eks-accelerator-for-terraform.module.aws_eks.aws_cloudwatch_log_group.this",
            "module.eks-cluster-with-import-vpc.module.aws-eks-accelerator-for-terraform.module.aws_eks.aws_eks_addon.this",
            "module.eks-cluster-with-import-vpc.module.aws-eks-accelerator-for-terraform.module.aws_eks.aws_eks_cluster.this",
            "module.eks-cluster-with-import-vpc.module.aws-eks-accelerator-for-terraform.module.aws_eks.aws_eks_identity_provider_config.this",
            "module.eks-cluster-with-import-vpc.module.aws-eks-accelerator-for-terraform.module.aws_eks.aws_iam_openid_connect_provider.oidc_provider",
            "module.eks-cluster-with-import-vpc.module.aws-eks-accelerator-for-terraform.module.aws_eks.aws_iam_policy.cluster_encryption",
            "module.eks-cluster-with-import-vpc.module.aws-eks-accelerator-for-terraform.module.aws_eks.aws_iam_policy.cni_ipv6_policy",
            "module.eks-cluster-with-import-vpc.module.aws-eks-accelerator-for-terraform.module.aws_eks.aws_iam_role.this",
            "module.eks-cluster-with-import-vpc.module.aws-eks-accelerator-for-terraform.module.aws_eks.aws_iam_role_policy_attachment.cluster_encryption",
            "module.eks-cluster-with-import-vpc.module.aws-eks-accelerator-for-terraform.module.aws_eks.aws_iam_role_policy_attachment.this",
            "module.eks-cluster-with-import-vpc.module.aws-eks-accelerator-for-terraform.module.aws_eks.aws_security_group.cluster",
            "module.eks-cluster-with-import-vpc.module.aws-eks-accelerator-for-terraform.module.aws_eks.aws_security_group.node",
            "module.eks-cluster-with-import-vpc.module.aws-eks-accelerator-for-terraform.module.aws_eks.aws_security_group_rule.cluster",
            "module.eks-cluster-with-import-vpc.module.aws-eks-accelerator-for-terraform.module.aws_eks.aws_security_group_rule.node",
            "module.eks-cluster-with-import-vpc.module.aws-eks-accelerator-for-terraform.module.aws_eks.data.aws_iam_policy_document.assume_role_policy",
            "module.eks-cluster-with-import-vpc.module.aws-eks-accelerator-for-terraform.module.aws_eks.data.aws_iam_policy_document.cni_ipv6_policy",
            "module.eks-cluster-with-import-vpc.module.aws-eks-accelerator-for-terraform.module.aws_eks.data.aws_partition.current",
            "module.eks-cluster-with-import-vpc.module.aws-eks-accelerator-for-terraform.module.aws_eks.data.tls_certificate.this",
            "module.eks-cluster-with-import-vpc.module.aws-eks-accelerator-for-terraform.module.aws_eks.module.eks_managed_node_group.aws_eks_node_group.this",
            "module.eks-cluster-with-import-vpc.module.aws-eks-accelerator-for-terraform.module.aws_eks.module.eks_managed_node_group.aws_iam_role.this",
            "module.eks-cluster-with-import-vpc.module.aws-eks-accelerator-for-terraform.module.aws_eks.module.eks_managed_node_group.aws_iam_role_policy_attachment.this",
            "module.eks-cluster-with-import-vpc.module.aws-eks-accelerator-for-terraform.module.aws_eks.module.eks_managed_node_group.aws_launch_template.this",
            "module.eks-cluster-with-import-vpc.module.aws-eks-accelerator-for-terraform.module.aws_eks.module.eks_managed_node_group.aws_security_group.this",
            "module.eks-cluster-with-import-vpc.module.aws-eks-accelerator-for-terraform.module.aws_eks.module.eks_managed_node_group.aws_security_group_rule.this",
            "module.eks-cluster-with-import-vpc.module.aws-eks-accelerator-for-terraform.module.aws_eks.module.eks_managed_node_group.data.aws_caller_identity.current",
            "module.eks-cluster-with-import-vpc.module.aws-eks-accelerator-for-terraform.module.aws_eks.module.eks_managed_node_group.data.aws_iam_policy_document.assume_role_policy",
            "module.eks-cluster-with-import-vpc.module.aws-eks-accelerator-for-terraform.module.aws_eks.module.eks_managed_node_group.data.aws_partition.current",
            "module.eks-cluster-with-import-vpc.module.aws-eks-accelerator-for-terraform.module.aws_eks.module.eks_managed_node_group.module.user_data.data.cloudinit_config.linux_eks_managed_node_group",
            "module.eks-cluster-with-import-vpc.module.aws-eks-accelerator-for-terraform.module.aws_eks.module.fargate_profile.aws_eks_fargate_profile.this",
            "module.eks-cluster-with-import-vpc.module.aws-eks-accelerator-for-terraform.module.aws_eks.module.fargate_profile.aws_iam_role.this",
            "module.eks-cluster-with-import-vpc.module.aws-eks-accelerator-for-terraform.module.aws_eks.module.fargate_profile.aws_iam_role_policy_attachment.this",
            "module.eks-cluster-with-import-vpc.module.aws-eks-accelerator-for-terraform.module.aws_eks.module.fargate_profile.data.aws_caller_identity.current",
            "module.eks-cluster-with-import-vpc.module.aws-eks-accelerator-for-terraform.module.aws_eks.module.fargate_profile.data.aws_iam_policy_document.assume_role_policy",
            "module.eks-cluster-with-import-vpc.module.aws-eks-accelerator-for-terraform.module.aws_eks.module.fargate_profile.data.aws_partition.current",
            "module.eks-cluster-with-import-vpc.module.aws-eks-accelerator-for-terraform.module.aws_eks.module.self_managed_node_group.aws_autoscaling_group.this",
            "module.eks-cluster-with-import-vpc.module.aws-eks-accelerator-for-terraform.module.aws_eks.module.self_managed_node_group.aws_autoscaling_schedule.this",
            "module.eks-cluster-with-import-vpc.module.aws-eks-accelerator-for-terraform.module.aws_eks.module.self_managed_node_group.aws_iam_instance_profile.this",
            "module.eks-cluster-with-import-vpc.module.aws-eks-accelerator-for-terraform.module.aws_eks.module.self_managed_node_group.aws_iam_role.this",
            "module.eks-cluster-with-import-vpc.module.aws-eks-accelerator-for-terraform.module.aws_eks.module.self_managed_node_group.aws_iam_role_policy_attachment.this",
            "module.eks-cluster-with-import-vpc.module.aws-eks-accelerator-for-terraform.module.aws_eks.module.self_managed_node_group.aws_launch_template.this",
            "module.eks-cluster-with-import-vpc.module.aws-eks-accelerator-for-terraform.module.aws_eks.module.self_managed_node_group.aws_security_group.this",
            "module.eks-cluster-with-import-vpc.module.aws-eks-accelerator-for-terraform.module.aws_eks.module.self_managed_node_group.aws_security_group_rule.this",
            "module.eks-cluster-with-import-vpc.module.aws-eks-accelerator-for-terraform.module.aws_eks.module.self_managed_node_group.data.aws_ami.eks_default",
            "module.eks-cluster-with-import-vpc.module.aws-eks-accelerator-for-terraform.module.aws_eks.module.self_managed_node_group.data.aws_caller_identity.current",
            "module.eks-cluster-with-import-vpc.module.aws-eks-accelerator-for-terraform.module.aws_eks.module.self_managed_node_group.data.aws_iam_policy_document.assume_role_policy",
            "module.eks-cluster-with-import-vpc.module.aws-eks-accelerator-for-terraform.module.aws_eks.module.self_managed_node_group.data.aws_partition.current",
            "module.eks-cluster-with-import-vpc.module.aws-eks-accelerator-for-terraform.module.aws_eks.module.self_managed_node_group.module.user_data.data.cloudinit_config.linux_eks_managed_node_group",
            "module.eks-cluster-with-import-vpc.module.aws-eks-accelerator-for-terraform.module.aws_eks_fargate_profiles.aws_eks_fargate_profile.eks_fargate",
            "module.eks-cluster-with-import-vpc.module.aws-eks-accelerator-for-terraform.module.aws_eks_fargate_profiles.aws_iam_policy.cwlogs",
            "module.eks-cluster-with-import-vpc.module.aws-eks-accelerator-for-terraform.module.aws_eks_fargate_profiles.aws_iam_role.fargate",
            "module.eks-cluster-with-import-vpc.module.aws-eks-accelerator-for-terraform.module.aws_eks_fargate_profiles.aws_iam_role_policy_attachment.cwlogs",
            "module.eks-cluster-with-import-vpc.module.aws-eks-accelerator-for-terraform.module.aws_eks_fargate_profiles.aws_iam_role_policy_attachment.fargate_pod_execution_role_policy",
            "module.eks-cluster-with-import-vpc.module.aws-eks-accelerator-for-terraform.module.aws_eks_fargate_profiles.data.aws_iam_policy_document.cwlogs",
            "module.eks-cluster-with-import-vpc.module.aws-eks-accelerator-for-terraform.module.aws_eks_fargate_profiles.data.aws_iam_policy_document.fargate_assume_role_policy",
            "module.eks-cluster-with-import-vpc.module.aws-eks-accelerator-for-terraform.module.aws_eks_managed_node_groups.aws_eks_node_group.managed_ng",
            "module.eks-cluster-with-import-vpc.module.aws-eks-accelerator-for-terraform.module.aws_eks_managed_node_groups.aws_iam_instance_profile.managed_ng",
            "module.eks-cluster-with-import-vpc.module.aws-eks-accelerator-for-terraform.module.aws_eks_managed_node_groups.aws_iam_role.managed_ng",
            "module.eks-cluster-with-import-vpc.module.aws-eks-accelerator-for-terraform.module.aws_eks_managed_node_groups.aws_iam_role_policy_attachment.managed_ng",
            "module.eks-cluster-with-import-vpc.module.aws-eks-accelerator-for-terraform.module.aws_eks_managed_node_groups.aws_iam_role_policy_attachment.managed_ng_AmazonEC2ContainerRegistryReadOnly",
            "module.eks-cluster-with-import-vpc.module.aws-eks-accelerator-for-terraform.module.aws_eks_managed_node_groups.aws_iam_role_policy_attachment.managed_ng_AmazonEKSWorkerNodePolicy",
            "module.eks-cluster-with-import-vpc.module.aws-eks-accelerator-for-terraform.module.aws_eks_managed_node_groups.aws_iam_role_policy_attachment.managed_ng_AmazonEKS_CNI_Policy",
            "module.eks-cluster-with-import-vpc.module.aws-eks-accelerator-for-terraform.module.aws_eks_managed_node_groups.aws_iam_role_policy_attachment.managed_ng_AmazonSSMManagedInstanceCore",
            "module.eks-cluster-with-import-vpc.module.aws-eks-accelerator-for-terraform.module.aws_eks_managed_node_groups.aws_launch_template.managed_node_groups",
            "module.eks-cluster-with-import-vpc.module.aws-eks-accelerator-for-terraform.module.aws_eks_managed_node_groups.data.aws_iam_policy_document.managed_ng_assume_role_policy",
            "module.eks-cluster-with-import-vpc.module.aws-eks-accelerator-for-terraform.module.aws_eks_self_managed_node_groups.aws_autoscaling_group.self_managed_ng",
            "module.eks-cluster-with-import-vpc.module.aws-eks-accelerator-for-terraform.module.aws_eks_self_managed_node_groups.aws_iam_instance_profile.self_managed_ng",
            "module.eks-cluster-with-import-vpc.module.aws-eks-accelerator-for-terraform.module.aws_eks_self_managed_node_groups.aws_iam_policy.eks_windows_cni",
            "module.eks-cluster-with-import-vpc.module.aws-eks-accelerator-for-terraform.module.aws_eks_self_managed_node_groups.aws_iam_role.self_managed_ng",
            "module.eks-cluster-with-import-vpc.module.aws-eks-accelerator-for-terraform.module.aws_eks_self_managed_node_groups.aws_iam_role_policy_attachment.eks_windows_cni",
            "module.eks-cluster-with-import-vpc.module.aws-eks-accelerator-for-terraform.module.aws_eks_self_managed_node_groups.aws_iam_role_policy_attachment.self_managed_ng",
            "module.eks-cluster-with-import-vpc.module.aws-eks-accelerator-for-terraform.module.aws_eks_self_managed_node_groups.data.aws_ami.predefined",
            "module.eks-cluster-with-import-vpc.module.aws-eks-accelerator-for-terraform.module.aws_eks_self_managed_node_groups.data.aws_iam_policy_document.eks_windows_cni",
            "module.eks-cluster-with-import-vpc.module.aws-eks-accelerator-for-terraform.module.aws_eks_self_managed_node_groups.data.aws_iam_policy_document.self_managed_ng_assume_role_policy",
            "module.eks-cluster-with-import-vpc.module.aws-eks-accelerator-for-terraform.module.aws_eks_self_managed_node_groups.module.launch_template_self_managed_ng.aws_launch_template.this",
            "module.eks-cluster-with-import-vpc.module.aws-eks-accelerator-for-terraform.module.aws_eks_self_managed_node_groups.module.launch_template_self_managed_ng.data.aws_eks_cluster.eks",
            "module.eks-cluster-with-import-vpc.module.aws-eks-accelerator-for-terraform.module.aws_eks_self_managed_node_groups.module.launch_template_self_managed_ng.data.aws_eks_cluster_auth.eks",
            "module.eks-cluster-with-import-vpc.module.aws-eks-accelerator-for-terraform.module.aws_eks_teams.aws_iam_policy.platform_team_eks_access",
            "module.eks-cluster-with-import-vpc.module.aws-eks-accelerator-for-terraform.module.aws_eks_teams.aws_iam_role.platform_team",
            "module.eks-cluster-with-import-vpc.module.aws-eks-accelerator-for-terraform.module.aws_eks_teams.aws_iam_role.team_access",
            "module.eks-cluster-with-import-vpc.module.aws-eks-accelerator-for-terraform.module.aws_eks_teams.aws_iam_role.team_sa_irsa",
            "module.eks-cluster-with-import-vpc.module.aws-eks-accelerator-for-terraform.module.aws_eks_teams.data.aws_caller_identity.current",
            "module.eks-cluster-with-import-vpc.module.aws-eks-accelerator-for-terraform.module.aws_eks_teams.data.aws_eks_cluster.eks_cluster",
            "module.eks-cluster-with-import-vpc.module.aws-eks-accelerator-for-terraform.module.aws_eks_teams.data.aws_iam_policy_document.platform_team_eks_access",
            "module.eks-cluster-with-import-vpc.module.aws-eks-accelerator-for-terraform.module.aws_eks_teams.data.aws_partition.current",
            "module.eks-cluster-with-import-vpc.module.aws-eks-accelerator-for-terraform.module.aws_eks_teams.data.aws_region.current",
            "module.eks-cluster-with-import-vpc.module.aws-eks-accelerator-for-terraform.module.aws_eks_teams.kubectl_manifest.team",
            "module.eks-cluster-with-import-vpc.module.aws-eks-accelerator-for-terraform.module.aws_eks_teams.kubernetes_cluster_role.team",
            "module.eks-cluster-with-import-vpc.module.aws-eks-accelerator-for-terraform.module.aws_eks_teams.kubernetes_cluster_role_binding.team",
            "module.eks-cluster-with-import-vpc.module.aws-eks-accelerator-for-terraform.module.aws_eks_teams.kubernetes_namespace.team",
            "module.eks-cluster-with-import-vpc.module.aws-eks-accelerator-for-terraform.module.aws_eks_teams.kubernetes_resource_quota.team_compute_quota",
            "module.eks-cluster-with-import-vpc.module.aws-eks-accelerator-for-terraform.module.aws_eks_teams.kubernetes_resource_quota.team_object_quota",
            "module.eks-cluster-with-import-vpc.module.aws-eks-accelerator-for-terraform.module.aws_eks_teams.kubernetes_role.team",
            "module.eks-cluster-with-import-vpc.module.aws-eks-accelerator-for-terraform.module.aws_eks_teams.kubernetes_role_binding.team",
            "module.eks-cluster-with-import-vpc.module.aws-eks-accelerator-for-terraform.module.aws_eks_teams.kubernetes_service_account.team",
            "module.eks-cluster-with-import-vpc.module.aws-eks-accelerator-for-terraform.module.aws_managed_prometheus.aws_prometheus_workspace.amp_workspace",
            "module.eks-cluster-with-import-vpc.module.aws-eks-accelerator-for-terraform.module.emr_on_eks.aws_iam_policy.emr_on_eks_execution",
            "module.eks-cluster-with-import-vpc.module.aws-eks-accelerator-for-terraform.module.emr_on_eks.aws_iam_role.emr_on_eks_execution",
            "module.eks-cluster-with-import-vpc.module.aws-eks-accelerator-for-terraform.module.emr_on_eks.aws_iam_role_policy_attachment.emr_on_eks_execution",
            "module.eks-cluster-with-import-vpc.module.aws-eks-accelerator-for-terraform.module.emr_on_eks.data.aws_caller_identity.current",
            "module.eks-cluster-with-import-vpc.module.aws-eks-accelerator-for-terraform.module.emr_on_eks.data.aws_iam_policy_document.emr_assume_role",
            "module.eks-cluster-with-import-vpc.module.aws-eks-accelerator-for-terraform.module.emr_on_eks.data.aws_iam_policy_document.emr_on_eks",
            "module.eks-cluster-with-import-vpc.module.aws-eks-accelerator-for-terraform.module.emr_on_eks.data.aws_partition.current",
            "module.eks-cluster-with-import-vpc.module.aws-eks-accelerator-for-terraform.module.emr_on_eks.data.aws_region.current",
            "module.eks-cluster-with-import-vpc.module.aws-eks-accelerator-for-terraform.module.emr_on_eks.kubernetes_namespace.spark",
            "module.eks-cluster-with-import-vpc.module.aws-eks-accelerator-for-terraform.module.emr_on_eks.kubernetes_role.emr_containers",
            "module.eks-cluster-with-import-vpc.module.aws-eks-accelerator-for-terraform.module.emr_on_eks.kubernetes_role_binding.emr_containers",
            "module.eks-cluster-with-import-vpc.module.aws-eks-accelerator-for-terraform.module.emr_on_eks.null_resource.update_trust_policy",
            "module.eks-cluster-with-import-vpc.module.aws-eks-accelerator-for-terraform.module.kms.aws_kms_alias.this",
            "module.eks-cluster-with-import-vpc.module.aws-eks-accelerator-for-terraform.module.kms.aws_kms_key.this",
            "module.eks-cluster-with-import-vpc.module.aws_vpc.aws_subnet.private",
            "module.eks-cluster-with-import-vpc.module.aws_vpc.aws_vpc.this",
            "module.eks-cluster-with-import-vpc.module.aws_vpc.aws_vpc_ipv4_cidr_block_association.this",
            "module.eks-cluster-with-import-vpc.module.kubernetes-addons.data.aws_caller_identity.current",
            "module.eks-cluster-with-import-vpc.module.kubernetes-addons.data.aws_eks_cluster.eks_cluster",
            "module.eks-cluster-with-import-vpc.module.kubernetes-addons.data.aws_partition.current",
            "module.eks-cluster-with-import-vpc.module.kubernetes-addons.data.aws_region.current",
            "module.eks-cluster-with-import-vpc.module.kubernetes-addons.module.aws_load_balancer_controller.aws_iam_policy.aws_load_balancer_controller",
            "module.eks-cluster-with-import-vpc.module.kubernetes-addons.module.aws_load_balancer_controller.data.aws_iam_policy_document.aws_lb",
            "module.eks-cluster-with-import-vpc.module.kubernetes-addons.module.aws_load_balancer_controller.module.helm_addon.module.irsa.aws_iam_role.irsa"
          ]
        }
      ]
    },
    {
      "module": "module.eks-cluster-with-import-vpc.module.kubernetes-addons.module.grafana[0]",
      "mode": "data",
      "type": "aws_iam_policy_document",
      "name": "this",
      "provider": "provider[\"registry.terraform.io/hashicorp/aws\"]",
      "instances": [
        {
          "schema_version": 0,
          "attributes": {
            "id": "1796279157",
            "json": "{\n  \"Version\": \"2012-10-17\",\n  \"Statement\": [\n    {\n      \"Sid\": \"AllowReadingMetricsFromCloudWatch\",\n      \"Effect\": \"Allow\",\n      \"Action\": [\n        \"cloudwatch:ListMetrics\",\n        \"cloudwatch:GetMetricData\",\n        \"cloudwatch:GetInsightRuleReport\",\n        \"cloudwatch:DescribeAlarmsForMetric\",\n        \"cloudwatch:DescribeAlarms\",\n        \"cloudwatch:DescribeAlarmHistory\"\n      ],\n      \"Resource\": \"*\"\n    },\n    {\n      \"Sid\": \"AllowReadingLogsFromCloudWatch\",\n      \"Effect\": \"Allow\",\n      \"Action\": [\n        \"logs:StopQuery\",\n        \"logs:StartQuery\",\n        \"logs:GetQueryResults\",\n        \"logs:GetLogGroupFields\",\n        \"logs:GetLogEvents\",\n        \"logs:DescribeLogGroups\"\n      ],\n      \"Resource\": \"arn:aws:logs:us-east-1:411309562081:log-group:*:log-stream:*\"\n    },\n    {\n      \"Sid\": \"AllowReadingTagsInstancesRegionsFromEC2\",\n      \"Effect\": \"Allow\",\n      \"Action\": [\n        \"ec2:DescribeTags\",\n        \"ec2:DescribeRegions\",\n        \"ec2:DescribeInstances\"\n      ],\n      \"Resource\": \"*\"\n    },\n    {\n      \"Sid\": \"AllowReadingResourcesForTags\",\n      \"Effect\": \"Allow\",\n      \"Action\": \"tag:GetResources\",\n      \"Resource\": \"*\"\n    }\n  ]\n}",
            "override_json": null,
            "override_policy_documents": null,
            "policy_id": null,
            "source_json": null,
            "source_policy_documents": null,
            "statement": [
              {
                "actions": [
                  "cloudwatch:DescribeAlarmHistory",
                  "cloudwatch:DescribeAlarms",
                  "cloudwatch:DescribeAlarmsForMetric",
                  "cloudwatch:GetInsightRuleReport",
                  "cloudwatch:GetMetricData",
                  "cloudwatch:ListMetrics"
                ],
                "condition": [],
                "effect": "Allow",
                "not_actions": [],
                "not_principals": [],
                "not_resources": [],
                "principals": [],
                "resources": [
                  "*"
                ],
                "sid": "AllowReadingMetricsFromCloudWatch"
              },
              {
                "actions": [
                  "logs:DescribeLogGroups",
                  "logs:GetLogEvents",
                  "logs:GetLogGroupFields",
                  "logs:GetQueryResults",
                  "logs:StartQuery",
                  "logs:StopQuery"
                ],
                "condition": [],
                "effect": "Allow",
                "not_actions": [],
                "not_principals": [],
                "not_resources": [],
                "principals": [],
                "resources": [
                  "arn:aws:logs:us-east-1:411309562081:log-group:*:log-stream:*"
                ],
                "sid": "AllowReadingLogsFromCloudWatch"
              },
              {
                "actions": [
                  "ec2:DescribeInstances",
                  "ec2:DescribeRegions",
                  "ec2:DescribeTags"
                ],
                "condition": [],
                "effect": "Allow",
                "not_actions": [],
                "not_principals": [],
                "not_resources": [],
                "principals": [],
                "resources": [
                  "*"
                ],
                "sid": "AllowReadingTagsInstancesRegionsFromEC2"
              },
              {
                "actions": [
                  "tag:GetResources"
                ],
                "condition": [],
                "effect": "Allow",
                "not_actions": [],
                "not_principals": [],
                "not_resources": [],
                "principals": [],
                "resources": [
                  "*"
                ],
                "sid": "AllowReadingResourcesForTags"
              }
            ],
            "version": "2012-10-17"
          },
          "sensitive_attributes": []
        }
      ]
    },
    {
      "module": "module.eks-cluster-with-import-vpc.module.kubernetes-addons.module.grafana[0]",
      "mode": "managed",
      "type": "aws_iam_policy",
      "name": "grafana",
      "provider": "provider[\"registry.terraform.io/hashicorp/aws\"]",
      "instances": [
        {
          "schema_version": 0,
          "attributes": {
            "arn": "arn:aws:iam::411309562081:policy/eclipz-sndbx-devops-eks-grafana",
            "description": "IAM policy for Grafana Pod",
            "id": "arn:aws:iam::411309562081:policy/eclipz-sndbx-devops-eks-grafana",
            "name": "eclipz-sndbx-devops-eks-grafana",
            "name_prefix": null,
            "path": "/",
            "policy": "{\"Statement\":[{\"Action\":[\"cloudwatch:ListMetrics\",\"cloudwatch:GetMetricData\",\"cloudwatch:GetInsightRuleReport\",\"cloudwatch:DescribeAlarmsForMetric\",\"cloudwatch:DescribeAlarms\",\"cloudwatch:DescribeAlarmHistory\"],\"Effect\":\"Allow\",\"Resource\":\"*\",\"Sid\":\"AllowReadingMetricsFromCloudWatch\"},{\"Action\":[\"logs:StopQuery\",\"logs:StartQuery\",\"logs:GetQueryResults\",\"logs:GetLogGroupFields\",\"logs:GetLogEvents\",\"logs:DescribeLogGroups\"],\"Effect\":\"Allow\",\"Resource\":\"arn:aws:logs:us-east-1:411309562081:log-group:*:log-stream:*\",\"Sid\":\"AllowReadingLogsFromCloudWatch\"},{\"Action\":[\"ec2:DescribeTags\",\"ec2:DescribeRegions\",\"ec2:DescribeInstances\"],\"Effect\":\"Allow\",\"Resource\":\"*\",\"Sid\":\"AllowReadingTagsInstancesRegionsFromEC2\"},{\"Action\":\"tag:GetResources\",\"Effect\":\"Allow\",\"Resource\":\"*\",\"Sid\":\"AllowReadingResourcesForTags\"}],\"Version\":\"2012-10-17\"}",
            "policy_id": "ANPAV7Q7V3DQ5FVGPF6GG",
            "tags": {},
            "tags_all": {}
          },
          "sensitive_attributes": [],
          "private": "bnVsbA==",
          "dependencies": [
            "module.eks-cluster-with-import-vpc.data.aws_availability_zones.available",
            "module.eks-cluster-with-import-vpc.data.aws_eks_cluster.cluster",
            "module.eks-cluster-with-import-vpc.data.aws_eks_cluster_auth.cluster",
            "module.eks-cluster-with-import-vpc.module.aws-eks-accelerator-for-terraform.data.aws_availability_zones.available",
            "module.eks-cluster-with-import-vpc.module.aws-eks-accelerator-for-terraform.data.aws_caller_identity.current",
            "module.eks-cluster-with-import-vpc.module.aws-eks-accelerator-for-terraform.data.aws_eks_cluster.cluster",
            "module.eks-cluster-with-import-vpc.module.aws-eks-accelerator-for-terraform.data.aws_eks_cluster_auth.cluster",
            "module.eks-cluster-with-import-vpc.module.aws-eks-accelerator-for-terraform.data.aws_iam_policy_document.eks_key",
            "module.eks-cluster-with-import-vpc.module.aws-eks-accelerator-for-terraform.data.aws_iam_session_context.current",
            "module.eks-cluster-with-import-vpc.module.aws-eks-accelerator-for-terraform.data.aws_partition.current",
            "module.eks-cluster-with-import-vpc.module.aws-eks-accelerator-for-terraform.data.aws_region.current",
            "module.eks-cluster-with-import-vpc.module.aws-eks-accelerator-for-terraform.data.http.eks_cluster_readiness",
            "module.eks-cluster-with-import-vpc.module.aws-eks-accelerator-for-terraform.kubernetes_config_map.amazon_vpc_cni",
            "module.eks-cluster-with-import-vpc.module.aws-eks-accelerator-for-terraform.kubernetes_config_map.aws_auth",
            "module.eks-cluster-with-import-vpc.module.aws-eks-accelerator-for-terraform.module.aws_eks.aws_cloudwatch_log_group.this",
            "module.eks-cluster-with-import-vpc.module.aws-eks-accelerator-for-terraform.module.aws_eks.aws_eks_addon.this",
            "module.eks-cluster-with-import-vpc.module.aws-eks-accelerator-for-terraform.module.aws_eks.aws_eks_cluster.this",
            "module.eks-cluster-with-import-vpc.module.aws-eks-accelerator-for-terraform.module.aws_eks.aws_eks_identity_provider_config.this",
            "module.eks-cluster-with-import-vpc.module.aws-eks-accelerator-for-terraform.module.aws_eks.aws_iam_openid_connect_provider.oidc_provider",
            "module.eks-cluster-with-import-vpc.module.aws-eks-accelerator-for-terraform.module.aws_eks.aws_iam_policy.cluster_encryption",
            "module.eks-cluster-with-import-vpc.module.aws-eks-accelerator-for-terraform.module.aws_eks.aws_iam_policy.cni_ipv6_policy",
            "module.eks-cluster-with-import-vpc.module.aws-eks-accelerator-for-terraform.module.aws_eks.aws_iam_role.this",
            "module.eks-cluster-with-import-vpc.module.aws-eks-accelerator-for-terraform.module.aws_eks.aws_iam_role_policy_attachment.cluster_encryption",
            "module.eks-cluster-with-import-vpc.module.aws-eks-accelerator-for-terraform.module.aws_eks.aws_iam_role_policy_attachment.this",
            "module.eks-cluster-with-import-vpc.module.aws-eks-accelerator-for-terraform.module.aws_eks.aws_security_group.cluster",
            "module.eks-cluster-with-import-vpc.module.aws-eks-accelerator-for-terraform.module.aws_eks.aws_security_group.node",
            "module.eks-cluster-with-import-vpc.module.aws-eks-accelerator-for-terraform.module.aws_eks.aws_security_group_rule.cluster",
            "module.eks-cluster-with-import-vpc.module.aws-eks-accelerator-for-terraform.module.aws_eks.aws_security_group_rule.node",
            "module.eks-cluster-with-import-vpc.module.aws-eks-accelerator-for-terraform.module.aws_eks.data.aws_iam_policy_document.assume_role_policy",
            "module.eks-cluster-with-import-vpc.module.aws-eks-accelerator-for-terraform.module.aws_eks.data.aws_iam_policy_document.cni_ipv6_policy",
            "module.eks-cluster-with-import-vpc.module.aws-eks-accelerator-for-terraform.module.aws_eks.data.aws_partition.current",
            "module.eks-cluster-with-import-vpc.module.aws-eks-accelerator-for-terraform.module.aws_eks.data.tls_certificate.this",
            "module.eks-cluster-with-import-vpc.module.aws-eks-accelerator-for-terraform.module.aws_eks.module.eks_managed_node_group.aws_eks_node_group.this",
            "module.eks-cluster-with-import-vpc.module.aws-eks-accelerator-for-terraform.module.aws_eks.module.eks_managed_node_group.aws_iam_role.this",
            "module.eks-cluster-with-import-vpc.module.aws-eks-accelerator-for-terraform.module.aws_eks.module.eks_managed_node_group.aws_iam_role_policy_attachment.this",
            "module.eks-cluster-with-import-vpc.module.aws-eks-accelerator-for-terraform.module.aws_eks.module.eks_managed_node_group.aws_launch_template.this",
            "module.eks-cluster-with-import-vpc.module.aws-eks-accelerator-for-terraform.module.aws_eks.module.eks_managed_node_group.aws_security_group.this",
            "module.eks-cluster-with-import-vpc.module.aws-eks-accelerator-for-terraform.module.aws_eks.module.eks_managed_node_group.aws_security_group_rule.this",
            "module.eks-cluster-with-import-vpc.module.aws-eks-accelerator-for-terraform.module.aws_eks.module.eks_managed_node_group.data.aws_caller_identity.current",
            "module.eks-cluster-with-import-vpc.module.aws-eks-accelerator-for-terraform.module.aws_eks.module.eks_managed_node_group.data.aws_iam_policy_document.assume_role_policy",
            "module.eks-cluster-with-import-vpc.module.aws-eks-accelerator-for-terraform.module.aws_eks.module.eks_managed_node_group.data.aws_partition.current",
            "module.eks-cluster-with-import-vpc.module.aws-eks-accelerator-for-terraform.module.aws_eks.module.eks_managed_node_group.module.user_data.data.cloudinit_config.linux_eks_managed_node_group",
            "module.eks-cluster-with-import-vpc.module.aws-eks-accelerator-for-terraform.module.aws_eks.module.fargate_profile.aws_eks_fargate_profile.this",
            "module.eks-cluster-with-import-vpc.module.aws-eks-accelerator-for-terraform.module.aws_eks.module.fargate_profile.aws_iam_role.this",
            "module.eks-cluster-with-import-vpc.module.aws-eks-accelerator-for-terraform.module.aws_eks.module.fargate_profile.aws_iam_role_policy_attachment.this",
            "module.eks-cluster-with-import-vpc.module.aws-eks-accelerator-for-terraform.module.aws_eks.module.fargate_profile.data.aws_caller_identity.current",
            "module.eks-cluster-with-import-vpc.module.aws-eks-accelerator-for-terraform.module.aws_eks.module.fargate_profile.data.aws_iam_policy_document.assume_role_policy",
            "module.eks-cluster-with-import-vpc.module.aws-eks-accelerator-for-terraform.module.aws_eks.module.fargate_profile.data.aws_partition.current",
            "module.eks-cluster-with-import-vpc.module.aws-eks-accelerator-for-terraform.module.aws_eks.module.self_managed_node_group.aws_autoscaling_group.this",
            "module.eks-cluster-with-import-vpc.module.aws-eks-accelerator-for-terraform.module.aws_eks.module.self_managed_node_group.aws_autoscaling_schedule.this",
            "module.eks-cluster-with-import-vpc.module.aws-eks-accelerator-for-terraform.module.aws_eks.module.self_managed_node_group.aws_iam_instance_profile.this",
            "module.eks-cluster-with-import-vpc.module.aws-eks-accelerator-for-terraform.module.aws_eks.module.self_managed_node_group.aws_iam_role.this",
            "module.eks-cluster-with-import-vpc.module.aws-eks-accelerator-for-terraform.module.aws_eks.module.self_managed_node_group.aws_iam_role_policy_attachment.this",
            "module.eks-cluster-with-import-vpc.module.aws-eks-accelerator-for-terraform.module.aws_eks.module.self_managed_node_group.aws_launch_template.this",
            "module.eks-cluster-with-import-vpc.module.aws-eks-accelerator-for-terraform.module.aws_eks.module.self_managed_node_group.aws_security_group.this",
            "module.eks-cluster-with-import-vpc.module.aws-eks-accelerator-for-terraform.module.aws_eks.module.self_managed_node_group.aws_security_group_rule.this",
            "module.eks-cluster-with-import-vpc.module.aws-eks-accelerator-for-terraform.module.aws_eks.module.self_managed_node_group.data.aws_ami.eks_default",
            "module.eks-cluster-with-import-vpc.module.aws-eks-accelerator-for-terraform.module.aws_eks.module.self_managed_node_group.data.aws_caller_identity.current",
            "module.eks-cluster-with-import-vpc.module.aws-eks-accelerator-for-terraform.module.aws_eks.module.self_managed_node_group.data.aws_iam_policy_document.assume_role_policy",
            "module.eks-cluster-with-import-vpc.module.aws-eks-accelerator-for-terraform.module.aws_eks.module.self_managed_node_group.data.aws_partition.current",
            "module.eks-cluster-with-import-vpc.module.aws-eks-accelerator-for-terraform.module.aws_eks.module.self_managed_node_group.module.user_data.data.cloudinit_config.linux_eks_managed_node_group",
            "module.eks-cluster-with-import-vpc.module.aws-eks-accelerator-for-terraform.module.aws_eks_fargate_profiles.aws_eks_fargate_profile.eks_fargate",
            "module.eks-cluster-with-import-vpc.module.aws-eks-accelerator-for-terraform.module.aws_eks_fargate_profiles.aws_iam_policy.cwlogs",
            "module.eks-cluster-with-import-vpc.module.aws-eks-accelerator-for-terraform.module.aws_eks_fargate_profiles.aws_iam_role.fargate",
            "module.eks-cluster-with-import-vpc.module.aws-eks-accelerator-for-terraform.module.aws_eks_fargate_profiles.aws_iam_role_policy_attachment.cwlogs",
            "module.eks-cluster-with-import-vpc.module.aws-eks-accelerator-for-terraform.module.aws_eks_fargate_profiles.aws_iam_role_policy_attachment.fargate_pod_execution_role_policy",
            "module.eks-cluster-with-import-vpc.module.aws-eks-accelerator-for-terraform.module.aws_eks_fargate_profiles.data.aws_iam_policy_document.cwlogs",
            "module.eks-cluster-with-import-vpc.module.aws-eks-accelerator-for-terraform.module.aws_eks_fargate_profiles.data.aws_iam_policy_document.fargate_assume_role_policy",
            "module.eks-cluster-with-import-vpc.module.aws-eks-accelerator-for-terraform.module.aws_eks_managed_node_groups.aws_eks_node_group.managed_ng",
            "module.eks-cluster-with-import-vpc.module.aws-eks-accelerator-for-terraform.module.aws_eks_managed_node_groups.aws_iam_instance_profile.managed_ng",
            "module.eks-cluster-with-import-vpc.module.aws-eks-accelerator-for-terraform.module.aws_eks_managed_node_groups.aws_iam_role.managed_ng",
            "module.eks-cluster-with-import-vpc.module.aws-eks-accelerator-for-terraform.module.aws_eks_managed_node_groups.aws_iam_role_policy_attachment.managed_ng",
            "module.eks-cluster-with-import-vpc.module.aws-eks-accelerator-for-terraform.module.aws_eks_managed_node_groups.aws_iam_role_policy_attachment.managed_ng_AmazonEC2ContainerRegistryReadOnly",
            "module.eks-cluster-with-import-vpc.module.aws-eks-accelerator-for-terraform.module.aws_eks_managed_node_groups.aws_iam_role_policy_attachment.managed_ng_AmazonEKSWorkerNodePolicy",
            "module.eks-cluster-with-import-vpc.module.aws-eks-accelerator-for-terraform.module.aws_eks_managed_node_groups.aws_iam_role_policy_attachment.managed_ng_AmazonEKS_CNI_Policy",
            "module.eks-cluster-with-import-vpc.module.aws-eks-accelerator-for-terraform.module.aws_eks_managed_node_groups.aws_iam_role_policy_attachment.managed_ng_AmazonSSMManagedInstanceCore",
            "module.eks-cluster-with-import-vpc.module.aws-eks-accelerator-for-terraform.module.aws_eks_managed_node_groups.aws_launch_template.managed_node_groups",
            "module.eks-cluster-with-import-vpc.module.aws-eks-accelerator-for-terraform.module.aws_eks_managed_node_groups.data.aws_iam_policy_document.managed_ng_assume_role_policy",
            "module.eks-cluster-with-import-vpc.module.aws-eks-accelerator-for-terraform.module.aws_eks_self_managed_node_groups.aws_autoscaling_group.self_managed_ng",
            "module.eks-cluster-with-import-vpc.module.aws-eks-accelerator-for-terraform.module.aws_eks_self_managed_node_groups.aws_iam_instance_profile.self_managed_ng",
            "module.eks-cluster-with-import-vpc.module.aws-eks-accelerator-for-terraform.module.aws_eks_self_managed_node_groups.aws_iam_policy.eks_windows_cni",
            "module.eks-cluster-with-import-vpc.module.aws-eks-accelerator-for-terraform.module.aws_eks_self_managed_node_groups.aws_iam_role.self_managed_ng",
            "module.eks-cluster-with-import-vpc.module.aws-eks-accelerator-for-terraform.module.aws_eks_self_managed_node_groups.aws_iam_role_policy_attachment.eks_windows_cni",
            "module.eks-cluster-with-import-vpc.module.aws-eks-accelerator-for-terraform.module.aws_eks_self_managed_node_groups.aws_iam_role_policy_attachment.self_managed_ng",
            "module.eks-cluster-with-import-vpc.module.aws-eks-accelerator-for-terraform.module.aws_eks_self_managed_node_groups.data.aws_ami.predefined",
            "module.eks-cluster-with-import-vpc.module.aws-eks-accelerator-for-terraform.module.aws_eks_self_managed_node_groups.data.aws_iam_policy_document.eks_windows_cni",
            "module.eks-cluster-with-import-vpc.module.aws-eks-accelerator-for-terraform.module.aws_eks_self_managed_node_groups.data.aws_iam_policy_document.self_managed_ng_assume_role_policy",
            "module.eks-cluster-with-import-vpc.module.aws-eks-accelerator-for-terraform.module.aws_eks_self_managed_node_groups.module.launch_template_self_managed_ng.aws_launch_template.this",
            "module.eks-cluster-with-import-vpc.module.aws-eks-accelerator-for-terraform.module.aws_eks_self_managed_node_groups.module.launch_template_self_managed_ng.data.aws_eks_cluster.eks",
            "module.eks-cluster-with-import-vpc.module.aws-eks-accelerator-for-terraform.module.aws_eks_self_managed_node_groups.module.launch_template_self_managed_ng.data.aws_eks_cluster_auth.eks",
            "module.eks-cluster-with-import-vpc.module.aws-eks-accelerator-for-terraform.module.aws_eks_teams.aws_iam_policy.platform_team_eks_access",
            "module.eks-cluster-with-import-vpc.module.aws-eks-accelerator-for-terraform.module.aws_eks_teams.aws_iam_role.platform_team",
            "module.eks-cluster-with-import-vpc.module.aws-eks-accelerator-for-terraform.module.aws_eks_teams.aws_iam_role.team_access",
            "module.eks-cluster-with-import-vpc.module.aws-eks-accelerator-for-terraform.module.aws_eks_teams.aws_iam_role.team_sa_irsa",
            "module.eks-cluster-with-import-vpc.module.aws-eks-accelerator-for-terraform.module.aws_eks_teams.data.aws_caller_identity.current",
            "module.eks-cluster-with-import-vpc.module.aws-eks-accelerator-for-terraform.module.aws_eks_teams.data.aws_eks_cluster.eks_cluster",
            "module.eks-cluster-with-import-vpc.module.aws-eks-accelerator-for-terraform.module.aws_eks_teams.data.aws_iam_policy_document.platform_team_eks_access",
            "module.eks-cluster-with-import-vpc.module.aws-eks-accelerator-for-terraform.module.aws_eks_teams.data.aws_partition.current",
            "module.eks-cluster-with-import-vpc.module.aws-eks-accelerator-for-terraform.module.aws_eks_teams.data.aws_region.current",
            "module.eks-cluster-with-import-vpc.module.aws-eks-accelerator-for-terraform.module.aws_eks_teams.kubectl_manifest.team",
            "module.eks-cluster-with-import-vpc.module.aws-eks-accelerator-for-terraform.module.aws_eks_teams.kubernetes_cluster_role.team",
            "module.eks-cluster-with-import-vpc.module.aws-eks-accelerator-for-terraform.module.aws_eks_teams.kubernetes_cluster_role_binding.team",
            "module.eks-cluster-with-import-vpc.module.aws-eks-accelerator-for-terraform.module.aws_eks_teams.kubernetes_namespace.team",
            "module.eks-cluster-with-import-vpc.module.aws-eks-accelerator-for-terraform.module.aws_eks_teams.kubernetes_resource_quota.team_compute_quota",
            "module.eks-cluster-with-import-vpc.module.aws-eks-accelerator-for-terraform.module.aws_eks_teams.kubernetes_resource_quota.team_object_quota",
            "module.eks-cluster-with-import-vpc.module.aws-eks-accelerator-for-terraform.module.aws_eks_teams.kubernetes_role.team",
            "module.eks-cluster-with-import-vpc.module.aws-eks-accelerator-for-terraform.module.aws_eks_teams.kubernetes_role_binding.team",
            "module.eks-cluster-with-import-vpc.module.aws-eks-accelerator-for-terraform.module.aws_eks_teams.kubernetes_service_account.team",
            "module.eks-cluster-with-import-vpc.module.aws-eks-accelerator-for-terraform.module.aws_managed_prometheus.aws_prometheus_workspace.amp_workspace",
            "module.eks-cluster-with-import-vpc.module.aws-eks-accelerator-for-terraform.module.emr_on_eks.aws_iam_policy.emr_on_eks_execution",
            "module.eks-cluster-with-import-vpc.module.aws-eks-accelerator-for-terraform.module.emr_on_eks.aws_iam_role.emr_on_eks_execution",
            "module.eks-cluster-with-import-vpc.module.aws-eks-accelerator-for-terraform.module.emr_on_eks.aws_iam_role_policy_attachment.emr_on_eks_execution",
            "module.eks-cluster-with-import-vpc.module.aws-eks-accelerator-for-terraform.module.emr_on_eks.data.aws_caller_identity.current",
            "module.eks-cluster-with-import-vpc.module.aws-eks-accelerator-for-terraform.module.emr_on_eks.data.aws_iam_policy_document.emr_assume_role",
            "module.eks-cluster-with-import-vpc.module.aws-eks-accelerator-for-terraform.module.emr_on_eks.data.aws_iam_policy_document.emr_on_eks",
            "module.eks-cluster-with-import-vpc.module.aws-eks-accelerator-for-terraform.module.emr_on_eks.data.aws_partition.current",
            "module.eks-cluster-with-import-vpc.module.aws-eks-accelerator-for-terraform.module.emr_on_eks.data.aws_region.current",
            "module.eks-cluster-with-import-vpc.module.aws-eks-accelerator-for-terraform.module.emr_on_eks.kubernetes_namespace.spark",
            "module.eks-cluster-with-import-vpc.module.aws-eks-accelerator-for-terraform.module.emr_on_eks.kubernetes_role.emr_containers",
            "module.eks-cluster-with-import-vpc.module.aws-eks-accelerator-for-terraform.module.emr_on_eks.kubernetes_role_binding.emr_containers",
            "module.eks-cluster-with-import-vpc.module.aws-eks-accelerator-for-terraform.module.emr_on_eks.null_resource.update_trust_policy",
            "module.eks-cluster-with-import-vpc.module.aws-eks-accelerator-for-terraform.module.kms.aws_kms_alias.this",
            "module.eks-cluster-with-import-vpc.module.aws-eks-accelerator-for-terraform.module.kms.aws_kms_key.this",
            "module.eks-cluster-with-import-vpc.module.aws_vpc.aws_subnet.private",
            "module.eks-cluster-with-import-vpc.module.aws_vpc.aws_vpc.this",
            "module.eks-cluster-with-import-vpc.module.aws_vpc.aws_vpc_ipv4_cidr_block_association.this",
            "module.eks-cluster-with-import-vpc.module.kubernetes-addons.data.aws_caller_identity.current",
            "module.eks-cluster-with-import-vpc.module.kubernetes-addons.data.aws_eks_cluster.eks_cluster",
            "module.eks-cluster-with-import-vpc.module.kubernetes-addons.data.aws_partition.current",
            "module.eks-cluster-with-import-vpc.module.kubernetes-addons.data.aws_region.current",
            "module.eks-cluster-with-import-vpc.module.kubernetes-addons.module.grafana.data.aws_iam_policy_document.this"
          ]
        }
      ]
    },
    {
      "module": "module.eks-cluster-with-import-vpc.module.kubernetes-addons.module.grafana[0].module.helm_addon.module.irsa[0]",
      "mode": "managed",
      "type": "aws_iam_role",
      "name": "irsa",
      "provider": "provider[\"registry.terraform.io/hashicorp/aws\"]",
      "instances": [
        {
          "index_key": 0,
          "schema_version": 0,
          "attributes": {
            "arn": "arn:aws:iam::411309562081:role/eclipz-sndbx-devops-eks-grafana-irsa",
            "assume_role_policy": "{\"Statement\":[{\"Action\":\"sts:AssumeRoleWithWebIdentity\",\"Condition\":{\"StringLike\":{\"oidc.eks.us-east-1.amazonaws.com/id/B5E4A8F73D2823F247F70443DF689A3C:sub\":\"system:serviceaccount:grafana:grafana\"}},\"Effect\":\"Allow\",\"Principal\":{\"Federated\":\"arn:aws:iam::411309562081:oidc-provider/oidc.eks.us-east-1.amazonaws.com/id/B5E4A8F73D2823F247F70443DF689A3C\"}}],\"Version\":\"2012-10-17\"}",
            "create_date": "2022-11-17T08:02:16Z",
            "description": "AWS IAM Role for the Kubernetes service account grafana.",
            "force_detach_policies": true,
            "id": "eclipz-sndbx-devops-eks-grafana-irsa",
            "inline_policy": [],
            "managed_policy_arns": [
              "arn:aws:iam::411309562081:policy/eclipz-sndbx-devops-eks-grafana"
            ],
            "max_session_duration": 3600,
            "name": "eclipz-sndbx-devops-eks-grafana-irsa",
            "name_prefix": "",
            "path": "/",
            "permissions_boundary": "",
            "tags": {
              "Name": "eclipz-sndbx-devops-eks-grafana-irsa",
              "app.kubernetes.io/managed-by": "terraform-eks-blueprints"
            },
            "tags_all": {
              "Name": "eclipz-sndbx-devops-eks-grafana-irsa",
              "app.kubernetes.io/managed-by": "terraform-eks-blueprints"
            },
            "unique_id": "AROAV7Q7V3DQQIGJJ526A"
          },
          "sensitive_attributes": [],
          "private": "bnVsbA==",
          "dependencies": [
            "module.eks-cluster-with-import-vpc.data.aws_availability_zones.available",
            "module.eks-cluster-with-import-vpc.data.aws_eks_cluster.cluster",
            "module.eks-cluster-with-import-vpc.data.aws_eks_cluster_auth.cluster",
            "module.eks-cluster-with-import-vpc.module.aws-eks-accelerator-for-terraform.data.aws_availability_zones.available",
            "module.eks-cluster-with-import-vpc.module.aws-eks-accelerator-for-terraform.data.aws_caller_identity.current",
            "module.eks-cluster-with-import-vpc.module.aws-eks-accelerator-for-terraform.data.aws_eks_cluster.cluster",
            "module.eks-cluster-with-import-vpc.module.aws-eks-accelerator-for-terraform.data.aws_eks_cluster_auth.cluster",
            "module.eks-cluster-with-import-vpc.module.aws-eks-accelerator-for-terraform.data.aws_iam_policy_document.eks_key",
            "module.eks-cluster-with-import-vpc.module.aws-eks-accelerator-for-terraform.data.aws_iam_session_context.current",
            "module.eks-cluster-with-import-vpc.module.aws-eks-accelerator-for-terraform.data.aws_partition.current",
            "module.eks-cluster-with-import-vpc.module.aws-eks-accelerator-for-terraform.data.aws_region.current",
            "module.eks-cluster-with-import-vpc.module.aws-eks-accelerator-for-terraform.data.http.eks_cluster_readiness",
            "module.eks-cluster-with-import-vpc.module.aws-eks-accelerator-for-terraform.kubernetes_config_map.amazon_vpc_cni",
            "module.eks-cluster-with-import-vpc.module.aws-eks-accelerator-for-terraform.kubernetes_config_map.aws_auth",
            "module.eks-cluster-with-import-vpc.module.aws-eks-accelerator-for-terraform.module.aws_eks.aws_cloudwatch_log_group.this",
            "module.eks-cluster-with-import-vpc.module.aws-eks-accelerator-for-terraform.module.aws_eks.aws_eks_addon.this",
            "module.eks-cluster-with-import-vpc.module.aws-eks-accelerator-for-terraform.module.aws_eks.aws_eks_cluster.this",
            "module.eks-cluster-with-import-vpc.module.aws-eks-accelerator-for-terraform.module.aws_eks.aws_eks_identity_provider_config.this",
            "module.eks-cluster-with-import-vpc.module.aws-eks-accelerator-for-terraform.module.aws_eks.aws_iam_openid_connect_provider.oidc_provider",
            "module.eks-cluster-with-import-vpc.module.aws-eks-accelerator-for-terraform.module.aws_eks.aws_iam_policy.cluster_encryption",
            "module.eks-cluster-with-import-vpc.module.aws-eks-accelerator-for-terraform.module.aws_eks.aws_iam_policy.cni_ipv6_policy",
            "module.eks-cluster-with-import-vpc.module.aws-eks-accelerator-for-terraform.module.aws_eks.aws_iam_role.this",
            "module.eks-cluster-with-import-vpc.module.aws-eks-accelerator-for-terraform.module.aws_eks.aws_iam_role_policy_attachment.cluster_encryption",
            "module.eks-cluster-with-import-vpc.module.aws-eks-accelerator-for-terraform.module.aws_eks.aws_iam_role_policy_attachment.this",
            "module.eks-cluster-with-import-vpc.module.aws-eks-accelerator-for-terraform.module.aws_eks.aws_security_group.cluster",
            "module.eks-cluster-with-import-vpc.module.aws-eks-accelerator-for-terraform.module.aws_eks.aws_security_group.node",
            "module.eks-cluster-with-import-vpc.module.aws-eks-accelerator-for-terraform.module.aws_eks.aws_security_group_rule.cluster",
            "module.eks-cluster-with-import-vpc.module.aws-eks-accelerator-for-terraform.module.aws_eks.aws_security_group_rule.node",
            "module.eks-cluster-with-import-vpc.module.aws-eks-accelerator-for-terraform.module.aws_eks.data.aws_iam_policy_document.assume_role_policy",
            "module.eks-cluster-with-import-vpc.module.aws-eks-accelerator-for-terraform.module.aws_eks.data.aws_iam_policy_document.cni_ipv6_policy",
            "module.eks-cluster-with-import-vpc.module.aws-eks-accelerator-for-terraform.module.aws_eks.data.aws_partition.current",
            "module.eks-cluster-with-import-vpc.module.aws-eks-accelerator-for-terraform.module.aws_eks.data.tls_certificate.this",
            "module.eks-cluster-with-import-vpc.module.aws-eks-accelerator-for-terraform.module.aws_eks.module.eks_managed_node_group.aws_eks_node_group.this",
            "module.eks-cluster-with-import-vpc.module.aws-eks-accelerator-for-terraform.module.aws_eks.module.eks_managed_node_group.aws_iam_role.this",
            "module.eks-cluster-with-import-vpc.module.aws-eks-accelerator-for-terraform.module.aws_eks.module.eks_managed_node_group.aws_iam_role_policy_attachment.this",
            "module.eks-cluster-with-import-vpc.module.aws-eks-accelerator-for-terraform.module.aws_eks.module.eks_managed_node_group.aws_launch_template.this",
            "module.eks-cluster-with-import-vpc.module.aws-eks-accelerator-for-terraform.module.aws_eks.module.eks_managed_node_group.aws_security_group.this",
            "module.eks-cluster-with-import-vpc.module.aws-eks-accelerator-for-terraform.module.aws_eks.module.eks_managed_node_group.aws_security_group_rule.this",
            "module.eks-cluster-with-import-vpc.module.aws-eks-accelerator-for-terraform.module.aws_eks.module.eks_managed_node_group.data.aws_caller_identity.current",
            "module.eks-cluster-with-import-vpc.module.aws-eks-accelerator-for-terraform.module.aws_eks.module.eks_managed_node_group.data.aws_iam_policy_document.assume_role_policy",
            "module.eks-cluster-with-import-vpc.module.aws-eks-accelerator-for-terraform.module.aws_eks.module.eks_managed_node_group.data.aws_partition.current",
            "module.eks-cluster-with-import-vpc.module.aws-eks-accelerator-for-terraform.module.aws_eks.module.eks_managed_node_group.module.user_data.data.cloudinit_config.linux_eks_managed_node_group",
            "module.eks-cluster-with-import-vpc.module.aws-eks-accelerator-for-terraform.module.aws_eks.module.fargate_profile.aws_eks_fargate_profile.this",
            "module.eks-cluster-with-import-vpc.module.aws-eks-accelerator-for-terraform.module.aws_eks.module.fargate_profile.aws_iam_role.this",
            "module.eks-cluster-with-import-vpc.module.aws-eks-accelerator-for-terraform.module.aws_eks.module.fargate_profile.aws_iam_role_policy_attachment.this",
            "module.eks-cluster-with-import-vpc.module.aws-eks-accelerator-for-terraform.module.aws_eks.module.fargate_profile.data.aws_caller_identity.current",
            "module.eks-cluster-with-import-vpc.module.aws-eks-accelerator-for-terraform.module.aws_eks.module.fargate_profile.data.aws_iam_policy_document.assume_role_policy",
            "module.eks-cluster-with-import-vpc.module.aws-eks-accelerator-for-terraform.module.aws_eks.module.fargate_profile.data.aws_partition.current",
            "module.eks-cluster-with-import-vpc.module.aws-eks-accelerator-for-terraform.module.aws_eks.module.self_managed_node_group.aws_autoscaling_group.this",
            "module.eks-cluster-with-import-vpc.module.aws-eks-accelerator-for-terraform.module.aws_eks.module.self_managed_node_group.aws_autoscaling_schedule.this",
            "module.eks-cluster-with-import-vpc.module.aws-eks-accelerator-for-terraform.module.aws_eks.module.self_managed_node_group.aws_iam_instance_profile.this",
            "module.eks-cluster-with-import-vpc.module.aws-eks-accelerator-for-terraform.module.aws_eks.module.self_managed_node_group.aws_iam_role.this",
            "module.eks-cluster-with-import-vpc.module.aws-eks-accelerator-for-terraform.module.aws_eks.module.self_managed_node_group.aws_iam_role_policy_attachment.this",
            "module.eks-cluster-with-import-vpc.module.aws-eks-accelerator-for-terraform.module.aws_eks.module.self_managed_node_group.aws_launch_template.this",
            "module.eks-cluster-with-import-vpc.module.aws-eks-accelerator-for-terraform.module.aws_eks.module.self_managed_node_group.aws_security_group.this",
            "module.eks-cluster-with-import-vpc.module.aws-eks-accelerator-for-terraform.module.aws_eks.module.self_managed_node_group.aws_security_group_rule.this",
            "module.eks-cluster-with-import-vpc.module.aws-eks-accelerator-for-terraform.module.aws_eks.module.self_managed_node_group.data.aws_ami.eks_default",
            "module.eks-cluster-with-import-vpc.module.aws-eks-accelerator-for-terraform.module.aws_eks.module.self_managed_node_group.data.aws_caller_identity.current",
            "module.eks-cluster-with-import-vpc.module.aws-eks-accelerator-for-terraform.module.aws_eks.module.self_managed_node_group.data.aws_iam_policy_document.assume_role_policy",
            "module.eks-cluster-with-import-vpc.module.aws-eks-accelerator-for-terraform.module.aws_eks.module.self_managed_node_group.data.aws_partition.current",
            "module.eks-cluster-with-import-vpc.module.aws-eks-accelerator-for-terraform.module.aws_eks.module.self_managed_node_group.module.user_data.data.cloudinit_config.linux_eks_managed_node_group",
            "module.eks-cluster-with-import-vpc.module.aws-eks-accelerator-for-terraform.module.aws_eks_fargate_profiles.aws_eks_fargate_profile.eks_fargate",
            "module.eks-cluster-with-import-vpc.module.aws-eks-accelerator-for-terraform.module.aws_eks_fargate_profiles.aws_iam_policy.cwlogs",
            "module.eks-cluster-with-import-vpc.module.aws-eks-accelerator-for-terraform.module.aws_eks_fargate_profiles.aws_iam_role.fargate",
            "module.eks-cluster-with-import-vpc.module.aws-eks-accelerator-for-terraform.module.aws_eks_fargate_profiles.aws_iam_role_policy_attachment.cwlogs",
            "module.eks-cluster-with-import-vpc.module.aws-eks-accelerator-for-terraform.module.aws_eks_fargate_profiles.aws_iam_role_policy_attachment.fargate_pod_execution_role_policy",
            "module.eks-cluster-with-import-vpc.module.aws-eks-accelerator-for-terraform.module.aws_eks_fargate_profiles.data.aws_iam_policy_document.cwlogs",
            "module.eks-cluster-with-import-vpc.module.aws-eks-accelerator-for-terraform.module.aws_eks_fargate_profiles.data.aws_iam_policy_document.fargate_assume_role_policy",
            "module.eks-cluster-with-import-vpc.module.aws-eks-accelerator-for-terraform.module.aws_eks_managed_node_groups.aws_eks_node_group.managed_ng",
            "module.eks-cluster-with-import-vpc.module.aws-eks-accelerator-for-terraform.module.aws_eks_managed_node_groups.aws_iam_instance_profile.managed_ng",
            "module.eks-cluster-with-import-vpc.module.aws-eks-accelerator-for-terraform.module.aws_eks_managed_node_groups.aws_iam_role.managed_ng",
            "module.eks-cluster-with-import-vpc.module.aws-eks-accelerator-for-terraform.module.aws_eks_managed_node_groups.aws_iam_role_policy_attachment.managed_ng",
            "module.eks-cluster-with-import-vpc.module.aws-eks-accelerator-for-terraform.module.aws_eks_managed_node_groups.aws_iam_role_policy_attachment.managed_ng_AmazonEC2ContainerRegistryReadOnly",
            "module.eks-cluster-with-import-vpc.module.aws-eks-accelerator-for-terraform.module.aws_eks_managed_node_groups.aws_iam_role_policy_attachment.managed_ng_AmazonEKSWorkerNodePolicy",
            "module.eks-cluster-with-import-vpc.module.aws-eks-accelerator-for-terraform.module.aws_eks_managed_node_groups.aws_iam_role_policy_attachment.managed_ng_AmazonEKS_CNI_Policy",
            "module.eks-cluster-with-import-vpc.module.aws-eks-accelerator-for-terraform.module.aws_eks_managed_node_groups.aws_iam_role_policy_attachment.managed_ng_AmazonSSMManagedInstanceCore",
            "module.eks-cluster-with-import-vpc.module.aws-eks-accelerator-for-terraform.module.aws_eks_managed_node_groups.aws_launch_template.managed_node_groups",
            "module.eks-cluster-with-import-vpc.module.aws-eks-accelerator-for-terraform.module.aws_eks_managed_node_groups.data.aws_iam_policy_document.managed_ng_assume_role_policy",
            "module.eks-cluster-with-import-vpc.module.aws-eks-accelerator-for-terraform.module.aws_eks_self_managed_node_groups.aws_autoscaling_group.self_managed_ng",
            "module.eks-cluster-with-import-vpc.module.aws-eks-accelerator-for-terraform.module.aws_eks_self_managed_node_groups.aws_iam_instance_profile.self_managed_ng",
            "module.eks-cluster-with-import-vpc.module.aws-eks-accelerator-for-terraform.module.aws_eks_self_managed_node_groups.aws_iam_policy.eks_windows_cni",
            "module.eks-cluster-with-import-vpc.module.aws-eks-accelerator-for-terraform.module.aws_eks_self_managed_node_groups.aws_iam_role.self_managed_ng",
            "module.eks-cluster-with-import-vpc.module.aws-eks-accelerator-for-terraform.module.aws_eks_self_managed_node_groups.aws_iam_role_policy_attachment.eks_windows_cni",
            "module.eks-cluster-with-import-vpc.module.aws-eks-accelerator-for-terraform.module.aws_eks_self_managed_node_groups.aws_iam_role_policy_attachment.self_managed_ng",
            "module.eks-cluster-with-import-vpc.module.aws-eks-accelerator-for-terraform.module.aws_eks_self_managed_node_groups.data.aws_ami.predefined",
            "module.eks-cluster-with-import-vpc.module.aws-eks-accelerator-for-terraform.module.aws_eks_self_managed_node_groups.data.aws_iam_policy_document.eks_windows_cni",
            "module.eks-cluster-with-import-vpc.module.aws-eks-accelerator-for-terraform.module.aws_eks_self_managed_node_groups.data.aws_iam_policy_document.self_managed_ng_assume_role_policy",
            "module.eks-cluster-with-import-vpc.module.aws-eks-accelerator-for-terraform.module.aws_eks_self_managed_node_groups.module.launch_template_self_managed_ng.aws_launch_template.this",
            "module.eks-cluster-with-import-vpc.module.aws-eks-accelerator-for-terraform.module.aws_eks_self_managed_node_groups.module.launch_template_self_managed_ng.data.aws_eks_cluster.eks",
            "module.eks-cluster-with-import-vpc.module.aws-eks-accelerator-for-terraform.module.aws_eks_self_managed_node_groups.module.launch_template_self_managed_ng.data.aws_eks_cluster_auth.eks",
            "module.eks-cluster-with-import-vpc.module.aws-eks-accelerator-for-terraform.module.aws_eks_teams.aws_iam_policy.platform_team_eks_access",
            "module.eks-cluster-with-import-vpc.module.aws-eks-accelerator-for-terraform.module.aws_eks_teams.aws_iam_role.platform_team",
            "module.eks-cluster-with-import-vpc.module.aws-eks-accelerator-for-terraform.module.aws_eks_teams.aws_iam_role.team_access",
            "module.eks-cluster-with-import-vpc.module.aws-eks-accelerator-for-terraform.module.aws_eks_teams.aws_iam_role.team_sa_irsa",
            "module.eks-cluster-with-import-vpc.module.aws-eks-accelerator-for-terraform.module.aws_eks_teams.data.aws_caller_identity.current",
            "module.eks-cluster-with-import-vpc.module.aws-eks-accelerator-for-terraform.module.aws_eks_teams.data.aws_eks_cluster.eks_cluster",
            "module.eks-cluster-with-import-vpc.module.aws-eks-accelerator-for-terraform.module.aws_eks_teams.data.aws_iam_policy_document.platform_team_eks_access",
            "module.eks-cluster-with-import-vpc.module.aws-eks-accelerator-for-terraform.module.aws_eks_teams.data.aws_partition.current",
            "module.eks-cluster-with-import-vpc.module.aws-eks-accelerator-for-terraform.module.aws_eks_teams.data.aws_region.current",
            "module.eks-cluster-with-import-vpc.module.aws-eks-accelerator-for-terraform.module.aws_eks_teams.kubectl_manifest.team",
            "module.eks-cluster-with-import-vpc.module.aws-eks-accelerator-for-terraform.module.aws_eks_teams.kubernetes_cluster_role.team",
            "module.eks-cluster-with-import-vpc.module.aws-eks-accelerator-for-terraform.module.aws_eks_teams.kubernetes_cluster_role_binding.team",
            "module.eks-cluster-with-import-vpc.module.aws-eks-accelerator-for-terraform.module.aws_eks_teams.kubernetes_namespace.team",
            "module.eks-cluster-with-import-vpc.module.aws-eks-accelerator-for-terraform.module.aws_eks_teams.kubernetes_resource_quota.team_compute_quota",
            "module.eks-cluster-with-import-vpc.module.aws-eks-accelerator-for-terraform.module.aws_eks_teams.kubernetes_resource_quota.team_object_quota",
            "module.eks-cluster-with-import-vpc.module.aws-eks-accelerator-for-terraform.module.aws_eks_teams.kubernetes_role.team",
            "module.eks-cluster-with-import-vpc.module.aws-eks-accelerator-for-terraform.module.aws_eks_teams.kubernetes_role_binding.team",
            "module.eks-cluster-with-import-vpc.module.aws-eks-accelerator-for-terraform.module.aws_eks_teams.kubernetes_service_account.team",
            "module.eks-cluster-with-import-vpc.module.aws-eks-accelerator-for-terraform.module.aws_managed_prometheus.aws_prometheus_workspace.amp_workspace",
            "module.eks-cluster-with-import-vpc.module.aws-eks-accelerator-for-terraform.module.emr_on_eks.aws_iam_policy.emr_on_eks_execution",
            "module.eks-cluster-with-import-vpc.module.aws-eks-accelerator-for-terraform.module.emr_on_eks.aws_iam_role.emr_on_eks_execution",
            "module.eks-cluster-with-import-vpc.module.aws-eks-accelerator-for-terraform.module.emr_on_eks.aws_iam_role_policy_attachment.emr_on_eks_execution",
            "module.eks-cluster-with-import-vpc.module.aws-eks-accelerator-for-terraform.module.emr_on_eks.data.aws_caller_identity.current",
            "module.eks-cluster-with-import-vpc.module.aws-eks-accelerator-for-terraform.module.emr_on_eks.data.aws_iam_policy_document.emr_assume_role",
            "module.eks-cluster-with-import-vpc.module.aws-eks-accelerator-for-terraform.module.emr_on_eks.data.aws_iam_policy_document.emr_on_eks",
            "module.eks-cluster-with-import-vpc.module.aws-eks-accelerator-for-terraform.module.emr_on_eks.data.aws_partition.current",
            "module.eks-cluster-with-import-vpc.module.aws-eks-accelerator-for-terraform.module.emr_on_eks.data.aws_region.current",
            "module.eks-cluster-with-import-vpc.module.aws-eks-accelerator-for-terraform.module.emr_on_eks.kubernetes_namespace.spark",
            "module.eks-cluster-with-import-vpc.module.aws-eks-accelerator-for-terraform.module.emr_on_eks.kubernetes_role.emr_containers",
            "module.eks-cluster-with-import-vpc.module.aws-eks-accelerator-for-terraform.module.emr_on_eks.kubernetes_role_binding.emr_containers",
            "module.eks-cluster-with-import-vpc.module.aws-eks-accelerator-for-terraform.module.emr_on_eks.null_resource.update_trust_policy",
            "module.eks-cluster-with-import-vpc.module.aws-eks-accelerator-for-terraform.module.kms.aws_kms_alias.this",
            "module.eks-cluster-with-import-vpc.module.aws-eks-accelerator-for-terraform.module.kms.aws_kms_key.this",
            "module.eks-cluster-with-import-vpc.module.aws_vpc.aws_subnet.private",
            "module.eks-cluster-with-import-vpc.module.aws_vpc.aws_vpc.this",
            "module.eks-cluster-with-import-vpc.module.aws_vpc.aws_vpc_ipv4_cidr_block_association.this",
            "module.eks-cluster-with-import-vpc.module.kubernetes-addons.data.aws_caller_identity.current",
            "module.eks-cluster-with-import-vpc.module.kubernetes-addons.data.aws_eks_cluster.eks_cluster",
            "module.eks-cluster-with-import-vpc.module.kubernetes-addons.data.aws_partition.current",
            "module.eks-cluster-with-import-vpc.module.kubernetes-addons.data.aws_region.current",
            "module.eks-cluster-with-import-vpc.module.kubernetes-addons.module.grafana.aws_iam_policy.grafana",
            "module.eks-cluster-with-import-vpc.module.kubernetes-addons.module.grafana.data.aws_iam_policy_document.this"
          ]
        }
      ]
    },
    {
      "module": "module.eks-cluster-with-import-vpc.module.kubernetes-addons.module.grafana[0].module.helm_addon.module.irsa[0]",
      "mode": "managed",
      "type": "aws_iam_role_policy_attachment",
      "name": "irsa",
      "provider": "provider[\"registry.terraform.io/hashicorp/aws\"]",
      "instances": [
        {
          "index_key": 0,
          "schema_version": 0,
          "attributes": {
            "id": "eclipz-sndbx-devops-eks-grafana-irsa-2022111708005982280000000d",
            "policy_arn": "arn:aws:iam::411309562081:policy/eclipz-sndbx-devops-eks-grafana",
            "role": "eclipz-sndbx-devops-eks-grafana-irsa"
          },
          "sensitive_attributes": [],
          "private": "bnVsbA==",
          "dependencies": [
            "module.eks-cluster-with-import-vpc.data.aws_availability_zones.available",
            "module.eks-cluster-with-import-vpc.data.aws_eks_cluster.cluster",
            "module.eks-cluster-with-import-vpc.data.aws_eks_cluster_auth.cluster",
            "module.eks-cluster-with-import-vpc.module.aws-eks-accelerator-for-terraform.data.aws_availability_zones.available",
            "module.eks-cluster-with-import-vpc.module.aws-eks-accelerator-for-terraform.data.aws_caller_identity.current",
            "module.eks-cluster-with-import-vpc.module.aws-eks-accelerator-for-terraform.data.aws_eks_cluster.cluster",
            "module.eks-cluster-with-import-vpc.module.aws-eks-accelerator-for-terraform.data.aws_eks_cluster_auth.cluster",
            "module.eks-cluster-with-import-vpc.module.aws-eks-accelerator-for-terraform.data.aws_iam_policy_document.eks_key",
            "module.eks-cluster-with-import-vpc.module.aws-eks-accelerator-for-terraform.data.aws_iam_session_context.current",
            "module.eks-cluster-with-import-vpc.module.aws-eks-accelerator-for-terraform.data.aws_partition.current",
            "module.eks-cluster-with-import-vpc.module.aws-eks-accelerator-for-terraform.data.aws_region.current",
            "module.eks-cluster-with-import-vpc.module.aws-eks-accelerator-for-terraform.data.http.eks_cluster_readiness",
            "module.eks-cluster-with-import-vpc.module.aws-eks-accelerator-for-terraform.kubernetes_config_map.amazon_vpc_cni",
            "module.eks-cluster-with-import-vpc.module.aws-eks-accelerator-for-terraform.kubernetes_config_map.aws_auth",
            "module.eks-cluster-with-import-vpc.module.aws-eks-accelerator-for-terraform.module.aws_eks.aws_cloudwatch_log_group.this",
            "module.eks-cluster-with-import-vpc.module.aws-eks-accelerator-for-terraform.module.aws_eks.aws_eks_addon.this",
            "module.eks-cluster-with-import-vpc.module.aws-eks-accelerator-for-terraform.module.aws_eks.aws_eks_cluster.this",
            "module.eks-cluster-with-import-vpc.module.aws-eks-accelerator-for-terraform.module.aws_eks.aws_eks_identity_provider_config.this",
            "module.eks-cluster-with-import-vpc.module.aws-eks-accelerator-for-terraform.module.aws_eks.aws_iam_openid_connect_provider.oidc_provider",
            "module.eks-cluster-with-import-vpc.module.aws-eks-accelerator-for-terraform.module.aws_eks.aws_iam_policy.cluster_encryption",
            "module.eks-cluster-with-import-vpc.module.aws-eks-accelerator-for-terraform.module.aws_eks.aws_iam_policy.cni_ipv6_policy",
            "module.eks-cluster-with-import-vpc.module.aws-eks-accelerator-for-terraform.module.aws_eks.aws_iam_role.this",
            "module.eks-cluster-with-import-vpc.module.aws-eks-accelerator-for-terraform.module.aws_eks.aws_iam_role_policy_attachment.cluster_encryption",
            "module.eks-cluster-with-import-vpc.module.aws-eks-accelerator-for-terraform.module.aws_eks.aws_iam_role_policy_attachment.this",
            "module.eks-cluster-with-import-vpc.module.aws-eks-accelerator-for-terraform.module.aws_eks.aws_security_group.cluster",
            "module.eks-cluster-with-import-vpc.module.aws-eks-accelerator-for-terraform.module.aws_eks.aws_security_group.node",
            "module.eks-cluster-with-import-vpc.module.aws-eks-accelerator-for-terraform.module.aws_eks.aws_security_group_rule.cluster",
            "module.eks-cluster-with-import-vpc.module.aws-eks-accelerator-for-terraform.module.aws_eks.aws_security_group_rule.node",
            "module.eks-cluster-with-import-vpc.module.aws-eks-accelerator-for-terraform.module.aws_eks.data.aws_iam_policy_document.assume_role_policy",
            "module.eks-cluster-with-import-vpc.module.aws-eks-accelerator-for-terraform.module.aws_eks.data.aws_iam_policy_document.cni_ipv6_policy",
            "module.eks-cluster-with-import-vpc.module.aws-eks-accelerator-for-terraform.module.aws_eks.data.aws_partition.current",
            "module.eks-cluster-with-import-vpc.module.aws-eks-accelerator-for-terraform.module.aws_eks.data.tls_certificate.this",
            "module.eks-cluster-with-import-vpc.module.aws-eks-accelerator-for-terraform.module.aws_eks.module.eks_managed_node_group.aws_eks_node_group.this",
            "module.eks-cluster-with-import-vpc.module.aws-eks-accelerator-for-terraform.module.aws_eks.module.eks_managed_node_group.aws_iam_role.this",
            "module.eks-cluster-with-import-vpc.module.aws-eks-accelerator-for-terraform.module.aws_eks.module.eks_managed_node_group.aws_iam_role_policy_attachment.this",
            "module.eks-cluster-with-import-vpc.module.aws-eks-accelerator-for-terraform.module.aws_eks.module.eks_managed_node_group.aws_launch_template.this",
            "module.eks-cluster-with-import-vpc.module.aws-eks-accelerator-for-terraform.module.aws_eks.module.eks_managed_node_group.aws_security_group.this",
            "module.eks-cluster-with-import-vpc.module.aws-eks-accelerator-for-terraform.module.aws_eks.module.eks_managed_node_group.aws_security_group_rule.this",
            "module.eks-cluster-with-import-vpc.module.aws-eks-accelerator-for-terraform.module.aws_eks.module.eks_managed_node_group.data.aws_caller_identity.current",
            "module.eks-cluster-with-import-vpc.module.aws-eks-accelerator-for-terraform.module.aws_eks.module.eks_managed_node_group.data.aws_iam_policy_document.assume_role_policy",
            "module.eks-cluster-with-import-vpc.module.aws-eks-accelerator-for-terraform.module.aws_eks.module.eks_managed_node_group.data.aws_partition.current",
            "module.eks-cluster-with-import-vpc.module.aws-eks-accelerator-for-terraform.module.aws_eks.module.eks_managed_node_group.module.user_data.data.cloudinit_config.linux_eks_managed_node_group",
            "module.eks-cluster-with-import-vpc.module.aws-eks-accelerator-for-terraform.module.aws_eks.module.fargate_profile.aws_eks_fargate_profile.this",
            "module.eks-cluster-with-import-vpc.module.aws-eks-accelerator-for-terraform.module.aws_eks.module.fargate_profile.aws_iam_role.this",
            "module.eks-cluster-with-import-vpc.module.aws-eks-accelerator-for-terraform.module.aws_eks.module.fargate_profile.aws_iam_role_policy_attachment.this",
            "module.eks-cluster-with-import-vpc.module.aws-eks-accelerator-for-terraform.module.aws_eks.module.fargate_profile.data.aws_caller_identity.current",
            "module.eks-cluster-with-import-vpc.module.aws-eks-accelerator-for-terraform.module.aws_eks.module.fargate_profile.data.aws_iam_policy_document.assume_role_policy",
            "module.eks-cluster-with-import-vpc.module.aws-eks-accelerator-for-terraform.module.aws_eks.module.fargate_profile.data.aws_partition.current",
            "module.eks-cluster-with-import-vpc.module.aws-eks-accelerator-for-terraform.module.aws_eks.module.self_managed_node_group.aws_autoscaling_group.this",
            "module.eks-cluster-with-import-vpc.module.aws-eks-accelerator-for-terraform.module.aws_eks.module.self_managed_node_group.aws_autoscaling_schedule.this",
            "module.eks-cluster-with-import-vpc.module.aws-eks-accelerator-for-terraform.module.aws_eks.module.self_managed_node_group.aws_iam_instance_profile.this",
            "module.eks-cluster-with-import-vpc.module.aws-eks-accelerator-for-terraform.module.aws_eks.module.self_managed_node_group.aws_iam_role.this",
            "module.eks-cluster-with-import-vpc.module.aws-eks-accelerator-for-terraform.module.aws_eks.module.self_managed_node_group.aws_iam_role_policy_attachment.this",
            "module.eks-cluster-with-import-vpc.module.aws-eks-accelerator-for-terraform.module.aws_eks.module.self_managed_node_group.aws_launch_template.this",
            "module.eks-cluster-with-import-vpc.module.aws-eks-accelerator-for-terraform.module.aws_eks.module.self_managed_node_group.aws_security_group.this",
            "module.eks-cluster-with-import-vpc.module.aws-eks-accelerator-for-terraform.module.aws_eks.module.self_managed_node_group.aws_security_group_rule.this",
            "module.eks-cluster-with-import-vpc.module.aws-eks-accelerator-for-terraform.module.aws_eks.module.self_managed_node_group.data.aws_ami.eks_default",
            "module.eks-cluster-with-import-vpc.module.aws-eks-accelerator-for-terraform.module.aws_eks.module.self_managed_node_group.data.aws_caller_identity.current",
            "module.eks-cluster-with-import-vpc.module.aws-eks-accelerator-for-terraform.module.aws_eks.module.self_managed_node_group.data.aws_iam_policy_document.assume_role_policy",
            "module.eks-cluster-with-import-vpc.module.aws-eks-accelerator-for-terraform.module.aws_eks.module.self_managed_node_group.data.aws_partition.current",
            "module.eks-cluster-with-import-vpc.module.aws-eks-accelerator-for-terraform.module.aws_eks.module.self_managed_node_group.module.user_data.data.cloudinit_config.linux_eks_managed_node_group",
            "module.eks-cluster-with-import-vpc.module.aws-eks-accelerator-for-terraform.module.aws_eks_fargate_profiles.aws_eks_fargate_profile.eks_fargate",
            "module.eks-cluster-with-import-vpc.module.aws-eks-accelerator-for-terraform.module.aws_eks_fargate_profiles.aws_iam_policy.cwlogs",
            "module.eks-cluster-with-import-vpc.module.aws-eks-accelerator-for-terraform.module.aws_eks_fargate_profiles.aws_iam_role.fargate",
            "module.eks-cluster-with-import-vpc.module.aws-eks-accelerator-for-terraform.module.aws_eks_fargate_profiles.aws_iam_role_policy_attachment.cwlogs",
            "module.eks-cluster-with-import-vpc.module.aws-eks-accelerator-for-terraform.module.aws_eks_fargate_profiles.aws_iam_role_policy_attachment.fargate_pod_execution_role_policy",
            "module.eks-cluster-with-import-vpc.module.aws-eks-accelerator-for-terraform.module.aws_eks_fargate_profiles.data.aws_iam_policy_document.cwlogs",
            "module.eks-cluster-with-import-vpc.module.aws-eks-accelerator-for-terraform.module.aws_eks_fargate_profiles.data.aws_iam_policy_document.fargate_assume_role_policy",
            "module.eks-cluster-with-import-vpc.module.aws-eks-accelerator-for-terraform.module.aws_eks_managed_node_groups.aws_eks_node_group.managed_ng",
            "module.eks-cluster-with-import-vpc.module.aws-eks-accelerator-for-terraform.module.aws_eks_managed_node_groups.aws_iam_instance_profile.managed_ng",
            "module.eks-cluster-with-import-vpc.module.aws-eks-accelerator-for-terraform.module.aws_eks_managed_node_groups.aws_iam_role.managed_ng",
            "module.eks-cluster-with-import-vpc.module.aws-eks-accelerator-for-terraform.module.aws_eks_managed_node_groups.aws_iam_role_policy_attachment.managed_ng",
            "module.eks-cluster-with-import-vpc.module.aws-eks-accelerator-for-terraform.module.aws_eks_managed_node_groups.aws_iam_role_policy_attachment.managed_ng_AmazonEC2ContainerRegistryReadOnly",
            "module.eks-cluster-with-import-vpc.module.aws-eks-accelerator-for-terraform.module.aws_eks_managed_node_groups.aws_iam_role_policy_attachment.managed_ng_AmazonEKSWorkerNodePolicy",
            "module.eks-cluster-with-import-vpc.module.aws-eks-accelerator-for-terraform.module.aws_eks_managed_node_groups.aws_iam_role_policy_attachment.managed_ng_AmazonEKS_CNI_Policy",
            "module.eks-cluster-with-import-vpc.module.aws-eks-accelerator-for-terraform.module.aws_eks_managed_node_groups.aws_iam_role_policy_attachment.managed_ng_AmazonSSMManagedInstanceCore",
            "module.eks-cluster-with-import-vpc.module.aws-eks-accelerator-for-terraform.module.aws_eks_managed_node_groups.aws_launch_template.managed_node_groups",
            "module.eks-cluster-with-import-vpc.module.aws-eks-accelerator-for-terraform.module.aws_eks_managed_node_groups.data.aws_iam_policy_document.managed_ng_assume_role_policy",
            "module.eks-cluster-with-import-vpc.module.aws-eks-accelerator-for-terraform.module.aws_eks_self_managed_node_groups.aws_autoscaling_group.self_managed_ng",
            "module.eks-cluster-with-import-vpc.module.aws-eks-accelerator-for-terraform.module.aws_eks_self_managed_node_groups.aws_iam_instance_profile.self_managed_ng",
            "module.eks-cluster-with-import-vpc.module.aws-eks-accelerator-for-terraform.module.aws_eks_self_managed_node_groups.aws_iam_policy.eks_windows_cni",
            "module.eks-cluster-with-import-vpc.module.aws-eks-accelerator-for-terraform.module.aws_eks_self_managed_node_groups.aws_iam_role.self_managed_ng",
            "module.eks-cluster-with-import-vpc.module.aws-eks-accelerator-for-terraform.module.aws_eks_self_managed_node_groups.aws_iam_role_policy_attachment.eks_windows_cni",
            "module.eks-cluster-with-import-vpc.module.aws-eks-accelerator-for-terraform.module.aws_eks_self_managed_node_groups.aws_iam_role_policy_attachment.self_managed_ng",
            "module.eks-cluster-with-import-vpc.module.aws-eks-accelerator-for-terraform.module.aws_eks_self_managed_node_groups.data.aws_ami.predefined",
            "module.eks-cluster-with-import-vpc.module.aws-eks-accelerator-for-terraform.module.aws_eks_self_managed_node_groups.data.aws_iam_policy_document.eks_windows_cni",
            "module.eks-cluster-with-import-vpc.module.aws-eks-accelerator-for-terraform.module.aws_eks_self_managed_node_groups.data.aws_iam_policy_document.self_managed_ng_assume_role_policy",
            "module.eks-cluster-with-import-vpc.module.aws-eks-accelerator-for-terraform.module.aws_eks_self_managed_node_groups.module.launch_template_self_managed_ng.aws_launch_template.this",
            "module.eks-cluster-with-import-vpc.module.aws-eks-accelerator-for-terraform.module.aws_eks_self_managed_node_groups.module.launch_template_self_managed_ng.data.aws_eks_cluster.eks",
            "module.eks-cluster-with-import-vpc.module.aws-eks-accelerator-for-terraform.module.aws_eks_self_managed_node_groups.module.launch_template_self_managed_ng.data.aws_eks_cluster_auth.eks",
            "module.eks-cluster-with-import-vpc.module.aws-eks-accelerator-for-terraform.module.aws_eks_teams.aws_iam_policy.platform_team_eks_access",
            "module.eks-cluster-with-import-vpc.module.aws-eks-accelerator-for-terraform.module.aws_eks_teams.aws_iam_role.platform_team",
            "module.eks-cluster-with-import-vpc.module.aws-eks-accelerator-for-terraform.module.aws_eks_teams.aws_iam_role.team_access",
            "module.eks-cluster-with-import-vpc.module.aws-eks-accelerator-for-terraform.module.aws_eks_teams.aws_iam_role.team_sa_irsa",
            "module.eks-cluster-with-import-vpc.module.aws-eks-accelerator-for-terraform.module.aws_eks_teams.data.aws_caller_identity.current",
            "module.eks-cluster-with-import-vpc.module.aws-eks-accelerator-for-terraform.module.aws_eks_teams.data.aws_eks_cluster.eks_cluster",
            "module.eks-cluster-with-import-vpc.module.aws-eks-accelerator-for-terraform.module.aws_eks_teams.data.aws_iam_policy_document.platform_team_eks_access",
            "module.eks-cluster-with-import-vpc.module.aws-eks-accelerator-for-terraform.module.aws_eks_teams.data.aws_partition.current",
            "module.eks-cluster-with-import-vpc.module.aws-eks-accelerator-for-terraform.module.aws_eks_teams.data.aws_region.current",
            "module.eks-cluster-with-import-vpc.module.aws-eks-accelerator-for-terraform.module.aws_eks_teams.kubectl_manifest.team",
            "module.eks-cluster-with-import-vpc.module.aws-eks-accelerator-for-terraform.module.aws_eks_teams.kubernetes_cluster_role.team",
            "module.eks-cluster-with-import-vpc.module.aws-eks-accelerator-for-terraform.module.aws_eks_teams.kubernetes_cluster_role_binding.team",
            "module.eks-cluster-with-import-vpc.module.aws-eks-accelerator-for-terraform.module.aws_eks_teams.kubernetes_namespace.team",
            "module.eks-cluster-with-import-vpc.module.aws-eks-accelerator-for-terraform.module.aws_eks_teams.kubernetes_resource_quota.team_compute_quota",
            "module.eks-cluster-with-import-vpc.module.aws-eks-accelerator-for-terraform.module.aws_eks_teams.kubernetes_resource_quota.team_object_quota",
            "module.eks-cluster-with-import-vpc.module.aws-eks-accelerator-for-terraform.module.aws_eks_teams.kubernetes_role.team",
            "module.eks-cluster-with-import-vpc.module.aws-eks-accelerator-for-terraform.module.aws_eks_teams.kubernetes_role_binding.team",
            "module.eks-cluster-with-import-vpc.module.aws-eks-accelerator-for-terraform.module.aws_eks_teams.kubernetes_service_account.team",
            "module.eks-cluster-with-import-vpc.module.aws-eks-accelerator-for-terraform.module.aws_managed_prometheus.aws_prometheus_workspace.amp_workspace",
            "module.eks-cluster-with-import-vpc.module.aws-eks-accelerator-for-terraform.module.emr_on_eks.aws_iam_policy.emr_on_eks_execution",
            "module.eks-cluster-with-import-vpc.module.aws-eks-accelerator-for-terraform.module.emr_on_eks.aws_iam_role.emr_on_eks_execution",
            "module.eks-cluster-with-import-vpc.module.aws-eks-accelerator-for-terraform.module.emr_on_eks.aws_iam_role_policy_attachment.emr_on_eks_execution",
            "module.eks-cluster-with-import-vpc.module.aws-eks-accelerator-for-terraform.module.emr_on_eks.data.aws_caller_identity.current",
            "module.eks-cluster-with-import-vpc.module.aws-eks-accelerator-for-terraform.module.emr_on_eks.data.aws_iam_policy_document.emr_assume_role",
            "module.eks-cluster-with-import-vpc.module.aws-eks-accelerator-for-terraform.module.emr_on_eks.data.aws_iam_policy_document.emr_on_eks",
            "module.eks-cluster-with-import-vpc.module.aws-eks-accelerator-for-terraform.module.emr_on_eks.data.aws_partition.current",
            "module.eks-cluster-with-import-vpc.module.aws-eks-accelerator-for-terraform.module.emr_on_eks.data.aws_region.current",
            "module.eks-cluster-with-import-vpc.module.aws-eks-accelerator-for-terraform.module.emr_on_eks.kubernetes_namespace.spark",
            "module.eks-cluster-with-import-vpc.module.aws-eks-accelerator-for-terraform.module.emr_on_eks.kubernetes_role.emr_containers",
            "module.eks-cluster-with-import-vpc.module.aws-eks-accelerator-for-terraform.module.emr_on_eks.kubernetes_role_binding.emr_containers",
            "module.eks-cluster-with-import-vpc.module.aws-eks-accelerator-for-terraform.module.emr_on_eks.null_resource.update_trust_policy",
            "module.eks-cluster-with-import-vpc.module.aws-eks-accelerator-for-terraform.module.kms.aws_kms_alias.this",
            "module.eks-cluster-with-import-vpc.module.aws-eks-accelerator-for-terraform.module.kms.aws_kms_key.this",
            "module.eks-cluster-with-import-vpc.module.aws_vpc.aws_subnet.private",
            "module.eks-cluster-with-import-vpc.module.aws_vpc.aws_vpc.this",
            "module.eks-cluster-with-import-vpc.module.aws_vpc.aws_vpc_ipv4_cidr_block_association.this",
            "module.eks-cluster-with-import-vpc.module.kubernetes-addons.data.aws_caller_identity.current",
            "module.eks-cluster-with-import-vpc.module.kubernetes-addons.data.aws_eks_cluster.eks_cluster",
            "module.eks-cluster-with-import-vpc.module.kubernetes-addons.data.aws_partition.current",
            "module.eks-cluster-with-import-vpc.module.kubernetes-addons.data.aws_region.current",
            "module.eks-cluster-with-import-vpc.module.kubernetes-addons.module.grafana.aws_iam_policy.grafana",
            "module.eks-cluster-with-import-vpc.module.kubernetes-addons.module.grafana.data.aws_iam_policy_document.this",
            "module.eks-cluster-with-import-vpc.module.kubernetes-addons.module.grafana.module.helm_addon.module.irsa.aws_iam_role.irsa"
          ]
        }
      ]
    },
    {
      "module": "module.eks-cluster-with-import-vpc.module.kubernetes-addons.module.grafana[0].module.helm_addon.module.irsa[0]",
      "mode": "managed",
      "type": "kubernetes_namespace_v1",
      "name": "irsa",
      "provider": "module.eks-cluster-with-import-vpc.provider[\"registry.terraform.io/hashicorp/kubernetes\"]",
      "instances": [
        {
          "index_key": 0,
          "schema_version": 0,
          "attributes": {
            "id": "grafana",
            "metadata": [
              {
                "annotations": {},
                "generate_name": "",
                "generation": 0,
                "labels": {
                  "app.kubernetes.io/managed-by": "terraform-eks-blueprints"
                },
                "name": "grafana",
                "resource_version": "1896",
                "uid": "749169c8-928c-4d16-b1c2-822ec36a0251"
              }
            ],
            "timeouts": null
          },
          "sensitive_attributes": [],
          "private": "eyJlMmJmYjczMC1lY2FhLTExZTYtOGY4OC0zNDM2M2JjN2M0YzAiOnsiZGVsZXRlIjozMDAwMDAwMDAwMDB9fQ==",
          "dependencies": [
            "module.eks-cluster-with-import-vpc.data.aws_availability_zones.available",
            "module.eks-cluster-with-import-vpc.data.aws_eks_cluster.cluster",
            "module.eks-cluster-with-import-vpc.data.aws_eks_cluster_auth.cluster",
            "module.eks-cluster-with-import-vpc.module.aws-eks-accelerator-for-terraform.data.aws_availability_zones.available",
            "module.eks-cluster-with-import-vpc.module.aws-eks-accelerator-for-terraform.data.aws_caller_identity.current",
            "module.eks-cluster-with-import-vpc.module.aws-eks-accelerator-for-terraform.data.aws_eks_cluster.cluster",
            "module.eks-cluster-with-import-vpc.module.aws-eks-accelerator-for-terraform.data.aws_eks_cluster_auth.cluster",
            "module.eks-cluster-with-import-vpc.module.aws-eks-accelerator-for-terraform.data.aws_iam_policy_document.eks_key",
            "module.eks-cluster-with-import-vpc.module.aws-eks-accelerator-for-terraform.data.aws_iam_session_context.current",
            "module.eks-cluster-with-import-vpc.module.aws-eks-accelerator-for-terraform.data.aws_partition.current",
            "module.eks-cluster-with-import-vpc.module.aws-eks-accelerator-for-terraform.data.aws_region.current",
            "module.eks-cluster-with-import-vpc.module.aws-eks-accelerator-for-terraform.data.http.eks_cluster_readiness",
            "module.eks-cluster-with-import-vpc.module.aws-eks-accelerator-for-terraform.kubernetes_config_map.amazon_vpc_cni",
            "module.eks-cluster-with-import-vpc.module.aws-eks-accelerator-for-terraform.kubernetes_config_map.aws_auth",
            "module.eks-cluster-with-import-vpc.module.aws-eks-accelerator-for-terraform.module.aws_eks.aws_cloudwatch_log_group.this",
            "module.eks-cluster-with-import-vpc.module.aws-eks-accelerator-for-terraform.module.aws_eks.aws_eks_addon.this",
            "module.eks-cluster-with-import-vpc.module.aws-eks-accelerator-for-terraform.module.aws_eks.aws_eks_cluster.this",
            "module.eks-cluster-with-import-vpc.module.aws-eks-accelerator-for-terraform.module.aws_eks.aws_eks_identity_provider_config.this",
            "module.eks-cluster-with-import-vpc.module.aws-eks-accelerator-for-terraform.module.aws_eks.aws_iam_openid_connect_provider.oidc_provider",
            "module.eks-cluster-with-import-vpc.module.aws-eks-accelerator-for-terraform.module.aws_eks.aws_iam_policy.cluster_encryption",
            "module.eks-cluster-with-import-vpc.module.aws-eks-accelerator-for-terraform.module.aws_eks.aws_iam_policy.cni_ipv6_policy",
            "module.eks-cluster-with-import-vpc.module.aws-eks-accelerator-for-terraform.module.aws_eks.aws_iam_role.this",
            "module.eks-cluster-with-import-vpc.module.aws-eks-accelerator-for-terraform.module.aws_eks.aws_iam_role_policy_attachment.cluster_encryption",
            "module.eks-cluster-with-import-vpc.module.aws-eks-accelerator-for-terraform.module.aws_eks.aws_iam_role_policy_attachment.this",
            "module.eks-cluster-with-import-vpc.module.aws-eks-accelerator-for-terraform.module.aws_eks.aws_security_group.cluster",
            "module.eks-cluster-with-import-vpc.module.aws-eks-accelerator-for-terraform.module.aws_eks.aws_security_group.node",
            "module.eks-cluster-with-import-vpc.module.aws-eks-accelerator-for-terraform.module.aws_eks.aws_security_group_rule.cluster",
            "module.eks-cluster-with-import-vpc.module.aws-eks-accelerator-for-terraform.module.aws_eks.aws_security_group_rule.node",
            "module.eks-cluster-with-import-vpc.module.aws-eks-accelerator-for-terraform.module.aws_eks.data.aws_iam_policy_document.assume_role_policy",
            "module.eks-cluster-with-import-vpc.module.aws-eks-accelerator-for-terraform.module.aws_eks.data.aws_iam_policy_document.cni_ipv6_policy",
            "module.eks-cluster-with-import-vpc.module.aws-eks-accelerator-for-terraform.module.aws_eks.data.aws_partition.current",
            "module.eks-cluster-with-import-vpc.module.aws-eks-accelerator-for-terraform.module.aws_eks.data.tls_certificate.this",
            "module.eks-cluster-with-import-vpc.module.aws-eks-accelerator-for-terraform.module.aws_eks.module.eks_managed_node_group.aws_eks_node_group.this",
            "module.eks-cluster-with-import-vpc.module.aws-eks-accelerator-for-terraform.module.aws_eks.module.eks_managed_node_group.aws_iam_role.this",
            "module.eks-cluster-with-import-vpc.module.aws-eks-accelerator-for-terraform.module.aws_eks.module.eks_managed_node_group.aws_iam_role_policy_attachment.this",
            "module.eks-cluster-with-import-vpc.module.aws-eks-accelerator-for-terraform.module.aws_eks.module.eks_managed_node_group.aws_launch_template.this",
            "module.eks-cluster-with-import-vpc.module.aws-eks-accelerator-for-terraform.module.aws_eks.module.eks_managed_node_group.aws_security_group.this",
            "module.eks-cluster-with-import-vpc.module.aws-eks-accelerator-for-terraform.module.aws_eks.module.eks_managed_node_group.aws_security_group_rule.this",
            "module.eks-cluster-with-import-vpc.module.aws-eks-accelerator-for-terraform.module.aws_eks.module.eks_managed_node_group.data.aws_caller_identity.current",
            "module.eks-cluster-with-import-vpc.module.aws-eks-accelerator-for-terraform.module.aws_eks.module.eks_managed_node_group.data.aws_iam_policy_document.assume_role_policy",
            "module.eks-cluster-with-import-vpc.module.aws-eks-accelerator-for-terraform.module.aws_eks.module.eks_managed_node_group.data.aws_partition.current",
            "module.eks-cluster-with-import-vpc.module.aws-eks-accelerator-for-terraform.module.aws_eks.module.eks_managed_node_group.module.user_data.data.cloudinit_config.linux_eks_managed_node_group",
            "module.eks-cluster-with-import-vpc.module.aws-eks-accelerator-for-terraform.module.aws_eks.module.fargate_profile.aws_eks_fargate_profile.this",
            "module.eks-cluster-with-import-vpc.module.aws-eks-accelerator-for-terraform.module.aws_eks.module.fargate_profile.aws_iam_role.this",
            "module.eks-cluster-with-import-vpc.module.aws-eks-accelerator-for-terraform.module.aws_eks.module.fargate_profile.aws_iam_role_policy_attachment.this",
            "module.eks-cluster-with-import-vpc.module.aws-eks-accelerator-for-terraform.module.aws_eks.module.fargate_profile.data.aws_caller_identity.current",
            "module.eks-cluster-with-import-vpc.module.aws-eks-accelerator-for-terraform.module.aws_eks.module.fargate_profile.data.aws_iam_policy_document.assume_role_policy",
            "module.eks-cluster-with-import-vpc.module.aws-eks-accelerator-for-terraform.module.aws_eks.module.fargate_profile.data.aws_partition.current",
            "module.eks-cluster-with-import-vpc.module.aws-eks-accelerator-for-terraform.module.aws_eks.module.self_managed_node_group.aws_autoscaling_group.this",
            "module.eks-cluster-with-import-vpc.module.aws-eks-accelerator-for-terraform.module.aws_eks.module.self_managed_node_group.aws_autoscaling_schedule.this",
            "module.eks-cluster-with-import-vpc.module.aws-eks-accelerator-for-terraform.module.aws_eks.module.self_managed_node_group.aws_iam_instance_profile.this",
            "module.eks-cluster-with-import-vpc.module.aws-eks-accelerator-for-terraform.module.aws_eks.module.self_managed_node_group.aws_iam_role.this",
            "module.eks-cluster-with-import-vpc.module.aws-eks-accelerator-for-terraform.module.aws_eks.module.self_managed_node_group.aws_iam_role_policy_attachment.this",
            "module.eks-cluster-with-import-vpc.module.aws-eks-accelerator-for-terraform.module.aws_eks.module.self_managed_node_group.aws_launch_template.this",
            "module.eks-cluster-with-import-vpc.module.aws-eks-accelerator-for-terraform.module.aws_eks.module.self_managed_node_group.aws_security_group.this",
            "module.eks-cluster-with-import-vpc.module.aws-eks-accelerator-for-terraform.module.aws_eks.module.self_managed_node_group.aws_security_group_rule.this",
            "module.eks-cluster-with-import-vpc.module.aws-eks-accelerator-for-terraform.module.aws_eks.module.self_managed_node_group.data.aws_ami.eks_default",
            "module.eks-cluster-with-import-vpc.module.aws-eks-accelerator-for-terraform.module.aws_eks.module.self_managed_node_group.data.aws_caller_identity.current",
            "module.eks-cluster-with-import-vpc.module.aws-eks-accelerator-for-terraform.module.aws_eks.module.self_managed_node_group.data.aws_iam_policy_document.assume_role_policy",
            "module.eks-cluster-with-import-vpc.module.aws-eks-accelerator-for-terraform.module.aws_eks.module.self_managed_node_group.data.aws_partition.current",
            "module.eks-cluster-with-import-vpc.module.aws-eks-accelerator-for-terraform.module.aws_eks.module.self_managed_node_group.module.user_data.data.cloudinit_config.linux_eks_managed_node_group",
            "module.eks-cluster-with-import-vpc.module.aws-eks-accelerator-for-terraform.module.aws_eks_fargate_profiles.aws_eks_fargate_profile.eks_fargate",
            "module.eks-cluster-with-import-vpc.module.aws-eks-accelerator-for-terraform.module.aws_eks_fargate_profiles.aws_iam_policy.cwlogs",
            "module.eks-cluster-with-import-vpc.module.aws-eks-accelerator-for-terraform.module.aws_eks_fargate_profiles.aws_iam_role.fargate",
            "module.eks-cluster-with-import-vpc.module.aws-eks-accelerator-for-terraform.module.aws_eks_fargate_profiles.aws_iam_role_policy_attachment.cwlogs",
            "module.eks-cluster-with-import-vpc.module.aws-eks-accelerator-for-terraform.module.aws_eks_fargate_profiles.aws_iam_role_policy_attachment.fargate_pod_execution_role_policy",
            "module.eks-cluster-with-import-vpc.module.aws-eks-accelerator-for-terraform.module.aws_eks_fargate_profiles.data.aws_iam_policy_document.cwlogs",
            "module.eks-cluster-with-import-vpc.module.aws-eks-accelerator-for-terraform.module.aws_eks_fargate_profiles.data.aws_iam_policy_document.fargate_assume_role_policy",
            "module.eks-cluster-with-import-vpc.module.aws-eks-accelerator-for-terraform.module.aws_eks_managed_node_groups.aws_eks_node_group.managed_ng",
            "module.eks-cluster-with-import-vpc.module.aws-eks-accelerator-for-terraform.module.aws_eks_managed_node_groups.aws_iam_instance_profile.managed_ng",
            "module.eks-cluster-with-import-vpc.module.aws-eks-accelerator-for-terraform.module.aws_eks_managed_node_groups.aws_iam_role.managed_ng",
            "module.eks-cluster-with-import-vpc.module.aws-eks-accelerator-for-terraform.module.aws_eks_managed_node_groups.aws_iam_role_policy_attachment.managed_ng",
            "module.eks-cluster-with-import-vpc.module.aws-eks-accelerator-for-terraform.module.aws_eks_managed_node_groups.aws_iam_role_policy_attachment.managed_ng_AmazonEC2ContainerRegistryReadOnly",
            "module.eks-cluster-with-import-vpc.module.aws-eks-accelerator-for-terraform.module.aws_eks_managed_node_groups.aws_iam_role_policy_attachment.managed_ng_AmazonEKSWorkerNodePolicy",
            "module.eks-cluster-with-import-vpc.module.aws-eks-accelerator-for-terraform.module.aws_eks_managed_node_groups.aws_iam_role_policy_attachment.managed_ng_AmazonEKS_CNI_Policy",
            "module.eks-cluster-with-import-vpc.module.aws-eks-accelerator-for-terraform.module.aws_eks_managed_node_groups.aws_iam_role_policy_attachment.managed_ng_AmazonSSMManagedInstanceCore",
            "module.eks-cluster-with-import-vpc.module.aws-eks-accelerator-for-terraform.module.aws_eks_managed_node_groups.aws_launch_template.managed_node_groups",
            "module.eks-cluster-with-import-vpc.module.aws-eks-accelerator-for-terraform.module.aws_eks_managed_node_groups.data.aws_iam_policy_document.managed_ng_assume_role_policy",
            "module.eks-cluster-with-import-vpc.module.aws-eks-accelerator-for-terraform.module.aws_eks_self_managed_node_groups.aws_autoscaling_group.self_managed_ng",
            "module.eks-cluster-with-import-vpc.module.aws-eks-accelerator-for-terraform.module.aws_eks_self_managed_node_groups.aws_iam_instance_profile.self_managed_ng",
            "module.eks-cluster-with-import-vpc.module.aws-eks-accelerator-for-terraform.module.aws_eks_self_managed_node_groups.aws_iam_policy.eks_windows_cni",
            "module.eks-cluster-with-import-vpc.module.aws-eks-accelerator-for-terraform.module.aws_eks_self_managed_node_groups.aws_iam_role.self_managed_ng",
            "module.eks-cluster-with-import-vpc.module.aws-eks-accelerator-for-terraform.module.aws_eks_self_managed_node_groups.aws_iam_role_policy_attachment.eks_windows_cni",
            "module.eks-cluster-with-import-vpc.module.aws-eks-accelerator-for-terraform.module.aws_eks_self_managed_node_groups.aws_iam_role_policy_attachment.self_managed_ng",
            "module.eks-cluster-with-import-vpc.module.aws-eks-accelerator-for-terraform.module.aws_eks_self_managed_node_groups.data.aws_ami.predefined",
            "module.eks-cluster-with-import-vpc.module.aws-eks-accelerator-for-terraform.module.aws_eks_self_managed_node_groups.data.aws_iam_policy_document.eks_windows_cni",
            "module.eks-cluster-with-import-vpc.module.aws-eks-accelerator-for-terraform.module.aws_eks_self_managed_node_groups.data.aws_iam_policy_document.self_managed_ng_assume_role_policy",
            "module.eks-cluster-with-import-vpc.module.aws-eks-accelerator-for-terraform.module.aws_eks_self_managed_node_groups.module.launch_template_self_managed_ng.aws_launch_template.this",
            "module.eks-cluster-with-import-vpc.module.aws-eks-accelerator-for-terraform.module.aws_eks_self_managed_node_groups.module.launch_template_self_managed_ng.data.aws_eks_cluster.eks",
            "module.eks-cluster-with-import-vpc.module.aws-eks-accelerator-for-terraform.module.aws_eks_self_managed_node_groups.module.launch_template_self_managed_ng.data.aws_eks_cluster_auth.eks",
            "module.eks-cluster-with-import-vpc.module.aws-eks-accelerator-for-terraform.module.aws_eks_teams.aws_iam_policy.platform_team_eks_access",
            "module.eks-cluster-with-import-vpc.module.aws-eks-accelerator-for-terraform.module.aws_eks_teams.aws_iam_role.platform_team",
            "module.eks-cluster-with-import-vpc.module.aws-eks-accelerator-for-terraform.module.aws_eks_teams.aws_iam_role.team_access",
            "module.eks-cluster-with-import-vpc.module.aws-eks-accelerator-for-terraform.module.aws_eks_teams.aws_iam_role.team_sa_irsa",
            "module.eks-cluster-with-import-vpc.module.aws-eks-accelerator-for-terraform.module.aws_eks_teams.data.aws_caller_identity.current",
            "module.eks-cluster-with-import-vpc.module.aws-eks-accelerator-for-terraform.module.aws_eks_teams.data.aws_eks_cluster.eks_cluster",
            "module.eks-cluster-with-import-vpc.module.aws-eks-accelerator-for-terraform.module.aws_eks_teams.data.aws_iam_policy_document.platform_team_eks_access",
            "module.eks-cluster-with-import-vpc.module.aws-eks-accelerator-for-terraform.module.aws_eks_teams.data.aws_partition.current",
            "module.eks-cluster-with-import-vpc.module.aws-eks-accelerator-for-terraform.module.aws_eks_teams.data.aws_region.current",
            "module.eks-cluster-with-import-vpc.module.aws-eks-accelerator-for-terraform.module.aws_eks_teams.kubectl_manifest.team",
            "module.eks-cluster-with-import-vpc.module.aws-eks-accelerator-for-terraform.module.aws_eks_teams.kubernetes_cluster_role.team",
            "module.eks-cluster-with-import-vpc.module.aws-eks-accelerator-for-terraform.module.aws_eks_teams.kubernetes_cluster_role_binding.team",
            "module.eks-cluster-with-import-vpc.module.aws-eks-accelerator-for-terraform.module.aws_eks_teams.kubernetes_namespace.team",
            "module.eks-cluster-with-import-vpc.module.aws-eks-accelerator-for-terraform.module.aws_eks_teams.kubernetes_resource_quota.team_compute_quota",
            "module.eks-cluster-with-import-vpc.module.aws-eks-accelerator-for-terraform.module.aws_eks_teams.kubernetes_resource_quota.team_object_quota",
            "module.eks-cluster-with-import-vpc.module.aws-eks-accelerator-for-terraform.module.aws_eks_teams.kubernetes_role.team",
            "module.eks-cluster-with-import-vpc.module.aws-eks-accelerator-for-terraform.module.aws_eks_teams.kubernetes_role_binding.team",
            "module.eks-cluster-with-import-vpc.module.aws-eks-accelerator-for-terraform.module.aws_eks_teams.kubernetes_service_account.team",
            "module.eks-cluster-with-import-vpc.module.aws-eks-accelerator-for-terraform.module.aws_managed_prometheus.aws_prometheus_workspace.amp_workspace",
            "module.eks-cluster-with-import-vpc.module.aws-eks-accelerator-for-terraform.module.emr_on_eks.aws_iam_policy.emr_on_eks_execution",
            "module.eks-cluster-with-import-vpc.module.aws-eks-accelerator-for-terraform.module.emr_on_eks.aws_iam_role.emr_on_eks_execution",
            "module.eks-cluster-with-import-vpc.module.aws-eks-accelerator-for-terraform.module.emr_on_eks.aws_iam_role_policy_attachment.emr_on_eks_execution",
            "module.eks-cluster-with-import-vpc.module.aws-eks-accelerator-for-terraform.module.emr_on_eks.data.aws_caller_identity.current",
            "module.eks-cluster-with-import-vpc.module.aws-eks-accelerator-for-terraform.module.emr_on_eks.data.aws_iam_policy_document.emr_assume_role",
            "module.eks-cluster-with-import-vpc.module.aws-eks-accelerator-for-terraform.module.emr_on_eks.data.aws_iam_policy_document.emr_on_eks",
            "module.eks-cluster-with-import-vpc.module.aws-eks-accelerator-for-terraform.module.emr_on_eks.data.aws_partition.current",
            "module.eks-cluster-with-import-vpc.module.aws-eks-accelerator-for-terraform.module.emr_on_eks.data.aws_region.current",
            "module.eks-cluster-with-import-vpc.module.aws-eks-accelerator-for-terraform.module.emr_on_eks.kubernetes_namespace.spark",
            "module.eks-cluster-with-import-vpc.module.aws-eks-accelerator-for-terraform.module.emr_on_eks.kubernetes_role.emr_containers",
            "module.eks-cluster-with-import-vpc.module.aws-eks-accelerator-for-terraform.module.emr_on_eks.kubernetes_role_binding.emr_containers",
            "module.eks-cluster-with-import-vpc.module.aws-eks-accelerator-for-terraform.module.emr_on_eks.null_resource.update_trust_policy",
            "module.eks-cluster-with-import-vpc.module.aws-eks-accelerator-for-terraform.module.kms.aws_kms_alias.this",
            "module.eks-cluster-with-import-vpc.module.aws-eks-accelerator-for-terraform.module.kms.aws_kms_key.this",
            "module.eks-cluster-with-import-vpc.module.aws_vpc.aws_subnet.private",
            "module.eks-cluster-with-import-vpc.module.aws_vpc.aws_vpc.this",
            "module.eks-cluster-with-import-vpc.module.aws_vpc.aws_vpc_ipv4_cidr_block_association.this",
            "module.eks-cluster-with-import-vpc.module.kubernetes-addons.data.aws_caller_identity.current",
            "module.eks-cluster-with-import-vpc.module.kubernetes-addons.data.aws_eks_cluster.eks_cluster",
            "module.eks-cluster-with-import-vpc.module.kubernetes-addons.data.aws_partition.current",
            "module.eks-cluster-with-import-vpc.module.kubernetes-addons.data.aws_region.current",
            "module.eks-cluster-with-import-vpc.module.kubernetes-addons.module.grafana.aws_iam_policy.grafana",
            "module.eks-cluster-with-import-vpc.module.kubernetes-addons.module.grafana.data.aws_iam_policy_document.this"
          ]
        }
      ]
    },
    {
      "module": "module.eks-cluster-with-import-vpc.module.kubernetes-addons.module.grafana[0].module.helm_addon.module.irsa[0]",
      "mode": "managed",
      "type": "kubernetes_service_account_v1",
      "name": "irsa",
      "provider": "module.eks-cluster-with-import-vpc.provider[\"registry.terraform.io/hashicorp/kubernetes\"]",
      "instances": [
        {
          "index_key": 0,
          "schema_version": 0,
          "attributes": {
            "automount_service_account_token": true,
            "default_secret_name": "grafana-token-nz42h",
            "id": "grafana/grafana",
            "image_pull_secret": [],
            "metadata": [
              {
                "annotations": {
                  "eks.amazonaws.com/role-arn": "arn:aws:iam::411309562081:role/eclipz-sndbx-devops-eks-grafana-irsa"
                },
                "generate_name": "",
                "generation": 0,
                "labels": {
                  "app.kubernetes.io/managed-by": "terraform-eks-blueprints"
                },
                "name": "grafana",
                "namespace": "grafana",
                "resource_version": "20360",
                "uid": "0f5fead9-8c7b-4b4b-8fcf-3462a3a546f1"
              }
            ],
            "secret": [],
            "timeouts": null
          },
          "sensitive_attributes": [],
          "private": "eyJlMmJmYjczMC1lY2FhLTExZTYtOGY4OC0zNDM2M2JjN2M0YzAiOnsiY3JlYXRlIjozMDAwMDAwMDAwMH19",
          "dependencies": [
            "module.eks-cluster-with-import-vpc.data.aws_availability_zones.available",
            "module.eks-cluster-with-import-vpc.data.aws_eks_cluster.cluster",
            "module.eks-cluster-with-import-vpc.data.aws_eks_cluster_auth.cluster",
            "module.eks-cluster-with-import-vpc.module.aws-eks-accelerator-for-terraform.data.aws_availability_zones.available",
            "module.eks-cluster-with-import-vpc.module.aws-eks-accelerator-for-terraform.data.aws_caller_identity.current",
            "module.eks-cluster-with-import-vpc.module.aws-eks-accelerator-for-terraform.data.aws_eks_cluster.cluster",
            "module.eks-cluster-with-import-vpc.module.aws-eks-accelerator-for-terraform.data.aws_eks_cluster_auth.cluster",
            "module.eks-cluster-with-import-vpc.module.aws-eks-accelerator-for-terraform.data.aws_iam_policy_document.eks_key",
            "module.eks-cluster-with-import-vpc.module.aws-eks-accelerator-for-terraform.data.aws_iam_session_context.current",
            "module.eks-cluster-with-import-vpc.module.aws-eks-accelerator-for-terraform.data.aws_partition.current",
            "module.eks-cluster-with-import-vpc.module.aws-eks-accelerator-for-terraform.data.aws_region.current",
            "module.eks-cluster-with-import-vpc.module.aws-eks-accelerator-for-terraform.data.http.eks_cluster_readiness",
            "module.eks-cluster-with-import-vpc.module.aws-eks-accelerator-for-terraform.kubernetes_config_map.amazon_vpc_cni",
            "module.eks-cluster-with-import-vpc.module.aws-eks-accelerator-for-terraform.kubernetes_config_map.aws_auth",
            "module.eks-cluster-with-import-vpc.module.aws-eks-accelerator-for-terraform.module.aws_eks.aws_cloudwatch_log_group.this",
            "module.eks-cluster-with-import-vpc.module.aws-eks-accelerator-for-terraform.module.aws_eks.aws_eks_addon.this",
            "module.eks-cluster-with-import-vpc.module.aws-eks-accelerator-for-terraform.module.aws_eks.aws_eks_cluster.this",
            "module.eks-cluster-with-import-vpc.module.aws-eks-accelerator-for-terraform.module.aws_eks.aws_eks_identity_provider_config.this",
            "module.eks-cluster-with-import-vpc.module.aws-eks-accelerator-for-terraform.module.aws_eks.aws_iam_openid_connect_provider.oidc_provider",
            "module.eks-cluster-with-import-vpc.module.aws-eks-accelerator-for-terraform.module.aws_eks.aws_iam_policy.cluster_encryption",
            "module.eks-cluster-with-import-vpc.module.aws-eks-accelerator-for-terraform.module.aws_eks.aws_iam_policy.cni_ipv6_policy",
            "module.eks-cluster-with-import-vpc.module.aws-eks-accelerator-for-terraform.module.aws_eks.aws_iam_role.this",
            "module.eks-cluster-with-import-vpc.module.aws-eks-accelerator-for-terraform.module.aws_eks.aws_iam_role_policy_attachment.cluster_encryption",
            "module.eks-cluster-with-import-vpc.module.aws-eks-accelerator-for-terraform.module.aws_eks.aws_iam_role_policy_attachment.this",
            "module.eks-cluster-with-import-vpc.module.aws-eks-accelerator-for-terraform.module.aws_eks.aws_security_group.cluster",
            "module.eks-cluster-with-import-vpc.module.aws-eks-accelerator-for-terraform.module.aws_eks.aws_security_group.node",
            "module.eks-cluster-with-import-vpc.module.aws-eks-accelerator-for-terraform.module.aws_eks.aws_security_group_rule.cluster",
            "module.eks-cluster-with-import-vpc.module.aws-eks-accelerator-for-terraform.module.aws_eks.aws_security_group_rule.node",
            "module.eks-cluster-with-import-vpc.module.aws-eks-accelerator-for-terraform.module.aws_eks.data.aws_iam_policy_document.assume_role_policy",
            "module.eks-cluster-with-import-vpc.module.aws-eks-accelerator-for-terraform.module.aws_eks.data.aws_iam_policy_document.cni_ipv6_policy",
            "module.eks-cluster-with-import-vpc.module.aws-eks-accelerator-for-terraform.module.aws_eks.data.aws_partition.current",
            "module.eks-cluster-with-import-vpc.module.aws-eks-accelerator-for-terraform.module.aws_eks.data.tls_certificate.this",
            "module.eks-cluster-with-import-vpc.module.aws-eks-accelerator-for-terraform.module.aws_eks.module.eks_managed_node_group.aws_eks_node_group.this",
            "module.eks-cluster-with-import-vpc.module.aws-eks-accelerator-for-terraform.module.aws_eks.module.eks_managed_node_group.aws_iam_role.this",
            "module.eks-cluster-with-import-vpc.module.aws-eks-accelerator-for-terraform.module.aws_eks.module.eks_managed_node_group.aws_iam_role_policy_attachment.this",
            "module.eks-cluster-with-import-vpc.module.aws-eks-accelerator-for-terraform.module.aws_eks.module.eks_managed_node_group.aws_launch_template.this",
            "module.eks-cluster-with-import-vpc.module.aws-eks-accelerator-for-terraform.module.aws_eks.module.eks_managed_node_group.aws_security_group.this",
            "module.eks-cluster-with-import-vpc.module.aws-eks-accelerator-for-terraform.module.aws_eks.module.eks_managed_node_group.aws_security_group_rule.this",
            "module.eks-cluster-with-import-vpc.module.aws-eks-accelerator-for-terraform.module.aws_eks.module.eks_managed_node_group.data.aws_caller_identity.current",
            "module.eks-cluster-with-import-vpc.module.aws-eks-accelerator-for-terraform.module.aws_eks.module.eks_managed_node_group.data.aws_iam_policy_document.assume_role_policy",
            "module.eks-cluster-with-import-vpc.module.aws-eks-accelerator-for-terraform.module.aws_eks.module.eks_managed_node_group.data.aws_partition.current",
            "module.eks-cluster-with-import-vpc.module.aws-eks-accelerator-for-terraform.module.aws_eks.module.eks_managed_node_group.module.user_data.data.cloudinit_config.linux_eks_managed_node_group",
            "module.eks-cluster-with-import-vpc.module.aws-eks-accelerator-for-terraform.module.aws_eks.module.fargate_profile.aws_eks_fargate_profile.this",
            "module.eks-cluster-with-import-vpc.module.aws-eks-accelerator-for-terraform.module.aws_eks.module.fargate_profile.aws_iam_role.this",
            "module.eks-cluster-with-import-vpc.module.aws-eks-accelerator-for-terraform.module.aws_eks.module.fargate_profile.aws_iam_role_policy_attachment.this",
            "module.eks-cluster-with-import-vpc.module.aws-eks-accelerator-for-terraform.module.aws_eks.module.fargate_profile.data.aws_caller_identity.current",
            "module.eks-cluster-with-import-vpc.module.aws-eks-accelerator-for-terraform.module.aws_eks.module.fargate_profile.data.aws_iam_policy_document.assume_role_policy",
            "module.eks-cluster-with-import-vpc.module.aws-eks-accelerator-for-terraform.module.aws_eks.module.fargate_profile.data.aws_partition.current",
            "module.eks-cluster-with-import-vpc.module.aws-eks-accelerator-for-terraform.module.aws_eks.module.self_managed_node_group.aws_autoscaling_group.this",
            "module.eks-cluster-with-import-vpc.module.aws-eks-accelerator-for-terraform.module.aws_eks.module.self_managed_node_group.aws_autoscaling_schedule.this",
            "module.eks-cluster-with-import-vpc.module.aws-eks-accelerator-for-terraform.module.aws_eks.module.self_managed_node_group.aws_iam_instance_profile.this",
            "module.eks-cluster-with-import-vpc.module.aws-eks-accelerator-for-terraform.module.aws_eks.module.self_managed_node_group.aws_iam_role.this",
            "module.eks-cluster-with-import-vpc.module.aws-eks-accelerator-for-terraform.module.aws_eks.module.self_managed_node_group.aws_iam_role_policy_attachment.this",
            "module.eks-cluster-with-import-vpc.module.aws-eks-accelerator-for-terraform.module.aws_eks.module.self_managed_node_group.aws_launch_template.this",
            "module.eks-cluster-with-import-vpc.module.aws-eks-accelerator-for-terraform.module.aws_eks.module.self_managed_node_group.aws_security_group.this",
            "module.eks-cluster-with-import-vpc.module.aws-eks-accelerator-for-terraform.module.aws_eks.module.self_managed_node_group.aws_security_group_rule.this",
            "module.eks-cluster-with-import-vpc.module.aws-eks-accelerator-for-terraform.module.aws_eks.module.self_managed_node_group.data.aws_ami.eks_default",
            "module.eks-cluster-with-import-vpc.module.aws-eks-accelerator-for-terraform.module.aws_eks.module.self_managed_node_group.data.aws_caller_identity.current",
            "module.eks-cluster-with-import-vpc.module.aws-eks-accelerator-for-terraform.module.aws_eks.module.self_managed_node_group.data.aws_iam_policy_document.assume_role_policy",
            "module.eks-cluster-with-import-vpc.module.aws-eks-accelerator-for-terraform.module.aws_eks.module.self_managed_node_group.data.aws_partition.current",
            "module.eks-cluster-with-import-vpc.module.aws-eks-accelerator-for-terraform.module.aws_eks.module.self_managed_node_group.module.user_data.data.cloudinit_config.linux_eks_managed_node_group",
            "module.eks-cluster-with-import-vpc.module.aws-eks-accelerator-for-terraform.module.aws_eks_fargate_profiles.aws_eks_fargate_profile.eks_fargate",
            "module.eks-cluster-with-import-vpc.module.aws-eks-accelerator-for-terraform.module.aws_eks_fargate_profiles.aws_iam_policy.cwlogs",
            "module.eks-cluster-with-import-vpc.module.aws-eks-accelerator-for-terraform.module.aws_eks_fargate_profiles.aws_iam_role.fargate",
            "module.eks-cluster-with-import-vpc.module.aws-eks-accelerator-for-terraform.module.aws_eks_fargate_profiles.aws_iam_role_policy_attachment.cwlogs",
            "module.eks-cluster-with-import-vpc.module.aws-eks-accelerator-for-terraform.module.aws_eks_fargate_profiles.aws_iam_role_policy_attachment.fargate_pod_execution_role_policy",
            "module.eks-cluster-with-import-vpc.module.aws-eks-accelerator-for-terraform.module.aws_eks_fargate_profiles.data.aws_iam_policy_document.cwlogs",
            "module.eks-cluster-with-import-vpc.module.aws-eks-accelerator-for-terraform.module.aws_eks_fargate_profiles.data.aws_iam_policy_document.fargate_assume_role_policy",
            "module.eks-cluster-with-import-vpc.module.aws-eks-accelerator-for-terraform.module.aws_eks_managed_node_groups.aws_eks_node_group.managed_ng",
            "module.eks-cluster-with-import-vpc.module.aws-eks-accelerator-for-terraform.module.aws_eks_managed_node_groups.aws_iam_instance_profile.managed_ng",
            "module.eks-cluster-with-import-vpc.module.aws-eks-accelerator-for-terraform.module.aws_eks_managed_node_groups.aws_iam_role.managed_ng",
            "module.eks-cluster-with-import-vpc.module.aws-eks-accelerator-for-terraform.module.aws_eks_managed_node_groups.aws_iam_role_policy_attachment.managed_ng",
            "module.eks-cluster-with-import-vpc.module.aws-eks-accelerator-for-terraform.module.aws_eks_managed_node_groups.aws_iam_role_policy_attachment.managed_ng_AmazonEC2ContainerRegistryReadOnly",
            "module.eks-cluster-with-import-vpc.module.aws-eks-accelerator-for-terraform.module.aws_eks_managed_node_groups.aws_iam_role_policy_attachment.managed_ng_AmazonEKSWorkerNodePolicy",
            "module.eks-cluster-with-import-vpc.module.aws-eks-accelerator-for-terraform.module.aws_eks_managed_node_groups.aws_iam_role_policy_attachment.managed_ng_AmazonEKS_CNI_Policy",
            "module.eks-cluster-with-import-vpc.module.aws-eks-accelerator-for-terraform.module.aws_eks_managed_node_groups.aws_iam_role_policy_attachment.managed_ng_AmazonSSMManagedInstanceCore",
            "module.eks-cluster-with-import-vpc.module.aws-eks-accelerator-for-terraform.module.aws_eks_managed_node_groups.aws_launch_template.managed_node_groups",
            "module.eks-cluster-with-import-vpc.module.aws-eks-accelerator-for-terraform.module.aws_eks_managed_node_groups.data.aws_iam_policy_document.managed_ng_assume_role_policy",
            "module.eks-cluster-with-import-vpc.module.aws-eks-accelerator-for-terraform.module.aws_eks_self_managed_node_groups.aws_autoscaling_group.self_managed_ng",
            "module.eks-cluster-with-import-vpc.module.aws-eks-accelerator-for-terraform.module.aws_eks_self_managed_node_groups.aws_iam_instance_profile.self_managed_ng",
            "module.eks-cluster-with-import-vpc.module.aws-eks-accelerator-for-terraform.module.aws_eks_self_managed_node_groups.aws_iam_policy.eks_windows_cni",
            "module.eks-cluster-with-import-vpc.module.aws-eks-accelerator-for-terraform.module.aws_eks_self_managed_node_groups.aws_iam_role.self_managed_ng",
            "module.eks-cluster-with-import-vpc.module.aws-eks-accelerator-for-terraform.module.aws_eks_self_managed_node_groups.aws_iam_role_policy_attachment.eks_windows_cni",
            "module.eks-cluster-with-import-vpc.module.aws-eks-accelerator-for-terraform.module.aws_eks_self_managed_node_groups.aws_iam_role_policy_attachment.self_managed_ng",
            "module.eks-cluster-with-import-vpc.module.aws-eks-accelerator-for-terraform.module.aws_eks_self_managed_node_groups.data.aws_ami.predefined",
            "module.eks-cluster-with-import-vpc.module.aws-eks-accelerator-for-terraform.module.aws_eks_self_managed_node_groups.data.aws_iam_policy_document.eks_windows_cni",
            "module.eks-cluster-with-import-vpc.module.aws-eks-accelerator-for-terraform.module.aws_eks_self_managed_node_groups.data.aws_iam_policy_document.self_managed_ng_assume_role_policy",
            "module.eks-cluster-with-import-vpc.module.aws-eks-accelerator-for-terraform.module.aws_eks_self_managed_node_groups.module.launch_template_self_managed_ng.aws_launch_template.this",
            "module.eks-cluster-with-import-vpc.module.aws-eks-accelerator-for-terraform.module.aws_eks_self_managed_node_groups.module.launch_template_self_managed_ng.data.aws_eks_cluster.eks",
            "module.eks-cluster-with-import-vpc.module.aws-eks-accelerator-for-terraform.module.aws_eks_self_managed_node_groups.module.launch_template_self_managed_ng.data.aws_eks_cluster_auth.eks",
            "module.eks-cluster-with-import-vpc.module.aws-eks-accelerator-for-terraform.module.aws_eks_teams.aws_iam_policy.platform_team_eks_access",
            "module.eks-cluster-with-import-vpc.module.aws-eks-accelerator-for-terraform.module.aws_eks_teams.aws_iam_role.platform_team",
            "module.eks-cluster-with-import-vpc.module.aws-eks-accelerator-for-terraform.module.aws_eks_teams.aws_iam_role.team_access",
            "module.eks-cluster-with-import-vpc.module.aws-eks-accelerator-for-terraform.module.aws_eks_teams.aws_iam_role.team_sa_irsa",
            "module.eks-cluster-with-import-vpc.module.aws-eks-accelerator-for-terraform.module.aws_eks_teams.data.aws_caller_identity.current",
            "module.eks-cluster-with-import-vpc.module.aws-eks-accelerator-for-terraform.module.aws_eks_teams.data.aws_eks_cluster.eks_cluster",
            "module.eks-cluster-with-import-vpc.module.aws-eks-accelerator-for-terraform.module.aws_eks_teams.data.aws_iam_policy_document.platform_team_eks_access",
            "module.eks-cluster-with-import-vpc.module.aws-eks-accelerator-for-terraform.module.aws_eks_teams.data.aws_partition.current",
            "module.eks-cluster-with-import-vpc.module.aws-eks-accelerator-for-terraform.module.aws_eks_teams.data.aws_region.current",
            "module.eks-cluster-with-import-vpc.module.aws-eks-accelerator-for-terraform.module.aws_eks_teams.kubectl_manifest.team",
            "module.eks-cluster-with-import-vpc.module.aws-eks-accelerator-for-terraform.module.aws_eks_teams.kubernetes_cluster_role.team",
            "module.eks-cluster-with-import-vpc.module.aws-eks-accelerator-for-terraform.module.aws_eks_teams.kubernetes_cluster_role_binding.team",
            "module.eks-cluster-with-import-vpc.module.aws-eks-accelerator-for-terraform.module.aws_eks_teams.kubernetes_namespace.team",
            "module.eks-cluster-with-import-vpc.module.aws-eks-accelerator-for-terraform.module.aws_eks_teams.kubernetes_resource_quota.team_compute_quota",
            "module.eks-cluster-with-import-vpc.module.aws-eks-accelerator-for-terraform.module.aws_eks_teams.kubernetes_resource_quota.team_object_quota",
            "module.eks-cluster-with-import-vpc.module.aws-eks-accelerator-for-terraform.module.aws_eks_teams.kubernetes_role.team",
            "module.eks-cluster-with-import-vpc.module.aws-eks-accelerator-for-terraform.module.aws_eks_teams.kubernetes_role_binding.team",
            "module.eks-cluster-with-import-vpc.module.aws-eks-accelerator-for-terraform.module.aws_eks_teams.kubernetes_service_account.team",
            "module.eks-cluster-with-import-vpc.module.aws-eks-accelerator-for-terraform.module.aws_managed_prometheus.aws_prometheus_workspace.amp_workspace",
            "module.eks-cluster-with-import-vpc.module.aws-eks-accelerator-for-terraform.module.emr_on_eks.aws_iam_policy.emr_on_eks_execution",
            "module.eks-cluster-with-import-vpc.module.aws-eks-accelerator-for-terraform.module.emr_on_eks.aws_iam_role.emr_on_eks_execution",
            "module.eks-cluster-with-import-vpc.module.aws-eks-accelerator-for-terraform.module.emr_on_eks.aws_iam_role_policy_attachment.emr_on_eks_execution",
            "module.eks-cluster-with-import-vpc.module.aws-eks-accelerator-for-terraform.module.emr_on_eks.data.aws_caller_identity.current",
            "module.eks-cluster-with-import-vpc.module.aws-eks-accelerator-for-terraform.module.emr_on_eks.data.aws_iam_policy_document.emr_assume_role",
            "module.eks-cluster-with-import-vpc.module.aws-eks-accelerator-for-terraform.module.emr_on_eks.data.aws_iam_policy_document.emr_on_eks",
            "module.eks-cluster-with-import-vpc.module.aws-eks-accelerator-for-terraform.module.emr_on_eks.data.aws_partition.current",
            "module.eks-cluster-with-import-vpc.module.aws-eks-accelerator-for-terraform.module.emr_on_eks.data.aws_region.current",
            "module.eks-cluster-with-import-vpc.module.aws-eks-accelerator-for-terraform.module.emr_on_eks.kubernetes_namespace.spark",
            "module.eks-cluster-with-import-vpc.module.aws-eks-accelerator-for-terraform.module.emr_on_eks.kubernetes_role.emr_containers",
            "module.eks-cluster-with-import-vpc.module.aws-eks-accelerator-for-terraform.module.emr_on_eks.kubernetes_role_binding.emr_containers",
            "module.eks-cluster-with-import-vpc.module.aws-eks-accelerator-for-terraform.module.emr_on_eks.null_resource.update_trust_policy",
            "module.eks-cluster-with-import-vpc.module.aws-eks-accelerator-for-terraform.module.kms.aws_kms_alias.this",
            "module.eks-cluster-with-import-vpc.module.aws-eks-accelerator-for-terraform.module.kms.aws_kms_key.this",
            "module.eks-cluster-with-import-vpc.module.aws_vpc.aws_subnet.private",
            "module.eks-cluster-with-import-vpc.module.aws_vpc.aws_vpc.this",
            "module.eks-cluster-with-import-vpc.module.aws_vpc.aws_vpc_ipv4_cidr_block_association.this",
            "module.eks-cluster-with-import-vpc.module.kubernetes-addons.data.aws_caller_identity.current",
            "module.eks-cluster-with-import-vpc.module.kubernetes-addons.data.aws_eks_cluster.eks_cluster",
            "module.eks-cluster-with-import-vpc.module.kubernetes-addons.data.aws_partition.current",
            "module.eks-cluster-with-import-vpc.module.kubernetes-addons.data.aws_region.current",
            "module.eks-cluster-with-import-vpc.module.kubernetes-addons.module.grafana.aws_iam_policy.grafana",
            "module.eks-cluster-with-import-vpc.module.kubernetes-addons.module.grafana.data.aws_iam_policy_document.this",
            "module.eks-cluster-with-import-vpc.module.kubernetes-addons.module.grafana.module.helm_addon.module.irsa.aws_iam_role.irsa"
          ]
        }
      ]
    },
    {
      "module": "module.eks-cluster-with-import-vpc.module.kubernetes-addons.module.ingress_nginx[0]",
      "mode": "managed",
      "type": "kubernetes_namespace_v1",
      "name": "this",
      "provider": "module.eks-cluster-with-import-vpc.provider[\"registry.terraform.io/hashicorp/kubernetes\"]",
      "instances": [
        {
          "schema_version": 0,
          "attributes": {
            "id": "nginx",
            "metadata": [
              {
                "annotations": {},
                "generate_name": "",
                "generation": 0,
                "labels": {
                  "app.kubernetes.io/managed-by": "terraform-eks-blueprints"
                },
                "name": "nginx",
                "resource_version": "1868",
                "uid": "8768db86-b556-4eeb-b78c-5bf69ac016ee"
              }
            ],
            "timeouts": null
          },
          "sensitive_attributes": [],
          "private": "eyJlMmJmYjczMC1lY2FhLTExZTYtOGY4OC0zNDM2M2JjN2M0YzAiOnsiZGVsZXRlIjozMDAwMDAwMDAwMDB9fQ==",
          "dependencies": [
            "module.eks-cluster-with-import-vpc.data.aws_availability_zones.available",
            "module.eks-cluster-with-import-vpc.data.aws_eks_cluster.cluster",
            "module.eks-cluster-with-import-vpc.data.aws_eks_cluster_auth.cluster",
            "module.eks-cluster-with-import-vpc.module.aws-eks-accelerator-for-terraform.data.aws_availability_zones.available",
            "module.eks-cluster-with-import-vpc.module.aws-eks-accelerator-for-terraform.data.aws_caller_identity.current",
            "module.eks-cluster-with-import-vpc.module.aws-eks-accelerator-for-terraform.data.aws_eks_cluster.cluster",
            "module.eks-cluster-with-import-vpc.module.aws-eks-accelerator-for-terraform.data.aws_eks_cluster_auth.cluster",
            "module.eks-cluster-with-import-vpc.module.aws-eks-accelerator-for-terraform.data.aws_iam_policy_document.eks_key",
            "module.eks-cluster-with-import-vpc.module.aws-eks-accelerator-for-terraform.data.aws_iam_session_context.current",
            "module.eks-cluster-with-import-vpc.module.aws-eks-accelerator-for-terraform.data.aws_partition.current",
            "module.eks-cluster-with-import-vpc.module.aws-eks-accelerator-for-terraform.data.aws_region.current",
            "module.eks-cluster-with-import-vpc.module.aws-eks-accelerator-for-terraform.data.http.eks_cluster_readiness",
            "module.eks-cluster-with-import-vpc.module.aws-eks-accelerator-for-terraform.kubernetes_config_map.amazon_vpc_cni",
            "module.eks-cluster-with-import-vpc.module.aws-eks-accelerator-for-terraform.kubernetes_config_map.aws_auth",
            "module.eks-cluster-with-import-vpc.module.aws-eks-accelerator-for-terraform.module.aws_eks.aws_cloudwatch_log_group.this",
            "module.eks-cluster-with-import-vpc.module.aws-eks-accelerator-for-terraform.module.aws_eks.aws_eks_addon.this",
            "module.eks-cluster-with-import-vpc.module.aws-eks-accelerator-for-terraform.module.aws_eks.aws_eks_cluster.this",
            "module.eks-cluster-with-import-vpc.module.aws-eks-accelerator-for-terraform.module.aws_eks.aws_eks_identity_provider_config.this",
            "module.eks-cluster-with-import-vpc.module.aws-eks-accelerator-for-terraform.module.aws_eks.aws_iam_openid_connect_provider.oidc_provider",
            "module.eks-cluster-with-import-vpc.module.aws-eks-accelerator-for-terraform.module.aws_eks.aws_iam_policy.cluster_encryption",
            "module.eks-cluster-with-import-vpc.module.aws-eks-accelerator-for-terraform.module.aws_eks.aws_iam_policy.cni_ipv6_policy",
            "module.eks-cluster-with-import-vpc.module.aws-eks-accelerator-for-terraform.module.aws_eks.aws_iam_role.this",
            "module.eks-cluster-with-import-vpc.module.aws-eks-accelerator-for-terraform.module.aws_eks.aws_iam_role_policy_attachment.cluster_encryption",
            "module.eks-cluster-with-import-vpc.module.aws-eks-accelerator-for-terraform.module.aws_eks.aws_iam_role_policy_attachment.this",
            "module.eks-cluster-with-import-vpc.module.aws-eks-accelerator-for-terraform.module.aws_eks.aws_security_group.cluster",
            "module.eks-cluster-with-import-vpc.module.aws-eks-accelerator-for-terraform.module.aws_eks.aws_security_group.node",
            "module.eks-cluster-with-import-vpc.module.aws-eks-accelerator-for-terraform.module.aws_eks.aws_security_group_rule.cluster",
            "module.eks-cluster-with-import-vpc.module.aws-eks-accelerator-for-terraform.module.aws_eks.aws_security_group_rule.node",
            "module.eks-cluster-with-import-vpc.module.aws-eks-accelerator-for-terraform.module.aws_eks.data.aws_iam_policy_document.assume_role_policy",
            "module.eks-cluster-with-import-vpc.module.aws-eks-accelerator-for-terraform.module.aws_eks.data.aws_iam_policy_document.cni_ipv6_policy",
            "module.eks-cluster-with-import-vpc.module.aws-eks-accelerator-for-terraform.module.aws_eks.data.aws_partition.current",
            "module.eks-cluster-with-import-vpc.module.aws-eks-accelerator-for-terraform.module.aws_eks.data.tls_certificate.this",
            "module.eks-cluster-with-import-vpc.module.aws-eks-accelerator-for-terraform.module.aws_eks.module.eks_managed_node_group.aws_eks_node_group.this",
            "module.eks-cluster-with-import-vpc.module.aws-eks-accelerator-for-terraform.module.aws_eks.module.eks_managed_node_group.aws_iam_role.this",
            "module.eks-cluster-with-import-vpc.module.aws-eks-accelerator-for-terraform.module.aws_eks.module.eks_managed_node_group.aws_iam_role_policy_attachment.this",
            "module.eks-cluster-with-import-vpc.module.aws-eks-accelerator-for-terraform.module.aws_eks.module.eks_managed_node_group.aws_launch_template.this",
            "module.eks-cluster-with-import-vpc.module.aws-eks-accelerator-for-terraform.module.aws_eks.module.eks_managed_node_group.aws_security_group.this",
            "module.eks-cluster-with-import-vpc.module.aws-eks-accelerator-for-terraform.module.aws_eks.module.eks_managed_node_group.aws_security_group_rule.this",
            "module.eks-cluster-with-import-vpc.module.aws-eks-accelerator-for-terraform.module.aws_eks.module.eks_managed_node_group.data.aws_caller_identity.current",
            "module.eks-cluster-with-import-vpc.module.aws-eks-accelerator-for-terraform.module.aws_eks.module.eks_managed_node_group.data.aws_iam_policy_document.assume_role_policy",
            "module.eks-cluster-with-import-vpc.module.aws-eks-accelerator-for-terraform.module.aws_eks.module.eks_managed_node_group.data.aws_partition.current",
            "module.eks-cluster-with-import-vpc.module.aws-eks-accelerator-for-terraform.module.aws_eks.module.eks_managed_node_group.module.user_data.data.cloudinit_config.linux_eks_managed_node_group",
            "module.eks-cluster-with-import-vpc.module.aws-eks-accelerator-for-terraform.module.aws_eks.module.fargate_profile.aws_eks_fargate_profile.this",
            "module.eks-cluster-with-import-vpc.module.aws-eks-accelerator-for-terraform.module.aws_eks.module.fargate_profile.aws_iam_role.this",
            "module.eks-cluster-with-import-vpc.module.aws-eks-accelerator-for-terraform.module.aws_eks.module.fargate_profile.aws_iam_role_policy_attachment.this",
            "module.eks-cluster-with-import-vpc.module.aws-eks-accelerator-for-terraform.module.aws_eks.module.fargate_profile.data.aws_caller_identity.current",
            "module.eks-cluster-with-import-vpc.module.aws-eks-accelerator-for-terraform.module.aws_eks.module.fargate_profile.data.aws_iam_policy_document.assume_role_policy",
            "module.eks-cluster-with-import-vpc.module.aws-eks-accelerator-for-terraform.module.aws_eks.module.fargate_profile.data.aws_partition.current",
            "module.eks-cluster-with-import-vpc.module.aws-eks-accelerator-for-terraform.module.aws_eks.module.self_managed_node_group.aws_autoscaling_group.this",
            "module.eks-cluster-with-import-vpc.module.aws-eks-accelerator-for-terraform.module.aws_eks.module.self_managed_node_group.aws_autoscaling_schedule.this",
            "module.eks-cluster-with-import-vpc.module.aws-eks-accelerator-for-terraform.module.aws_eks.module.self_managed_node_group.aws_iam_instance_profile.this",
            "module.eks-cluster-with-import-vpc.module.aws-eks-accelerator-for-terraform.module.aws_eks.module.self_managed_node_group.aws_iam_role.this",
            "module.eks-cluster-with-import-vpc.module.aws-eks-accelerator-for-terraform.module.aws_eks.module.self_managed_node_group.aws_iam_role_policy_attachment.this",
            "module.eks-cluster-with-import-vpc.module.aws-eks-accelerator-for-terraform.module.aws_eks.module.self_managed_node_group.aws_launch_template.this",
            "module.eks-cluster-with-import-vpc.module.aws-eks-accelerator-for-terraform.module.aws_eks.module.self_managed_node_group.aws_security_group.this",
            "module.eks-cluster-with-import-vpc.module.aws-eks-accelerator-for-terraform.module.aws_eks.module.self_managed_node_group.aws_security_group_rule.this",
            "module.eks-cluster-with-import-vpc.module.aws-eks-accelerator-for-terraform.module.aws_eks.module.self_managed_node_group.data.aws_ami.eks_default",
            "module.eks-cluster-with-import-vpc.module.aws-eks-accelerator-for-terraform.module.aws_eks.module.self_managed_node_group.data.aws_caller_identity.current",
            "module.eks-cluster-with-import-vpc.module.aws-eks-accelerator-for-terraform.module.aws_eks.module.self_managed_node_group.data.aws_iam_policy_document.assume_role_policy",
            "module.eks-cluster-with-import-vpc.module.aws-eks-accelerator-for-terraform.module.aws_eks.module.self_managed_node_group.data.aws_partition.current",
            "module.eks-cluster-with-import-vpc.module.aws-eks-accelerator-for-terraform.module.aws_eks.module.self_managed_node_group.module.user_data.data.cloudinit_config.linux_eks_managed_node_group",
            "module.eks-cluster-with-import-vpc.module.aws-eks-accelerator-for-terraform.module.aws_eks_fargate_profiles.aws_eks_fargate_profile.eks_fargate",
            "module.eks-cluster-with-import-vpc.module.aws-eks-accelerator-for-terraform.module.aws_eks_fargate_profiles.aws_iam_policy.cwlogs",
            "module.eks-cluster-with-import-vpc.module.aws-eks-accelerator-for-terraform.module.aws_eks_fargate_profiles.aws_iam_role.fargate",
            "module.eks-cluster-with-import-vpc.module.aws-eks-accelerator-for-terraform.module.aws_eks_fargate_profiles.aws_iam_role_policy_attachment.cwlogs",
            "module.eks-cluster-with-import-vpc.module.aws-eks-accelerator-for-terraform.module.aws_eks_fargate_profiles.aws_iam_role_policy_attachment.fargate_pod_execution_role_policy",
            "module.eks-cluster-with-import-vpc.module.aws-eks-accelerator-for-terraform.module.aws_eks_fargate_profiles.data.aws_iam_policy_document.cwlogs",
            "module.eks-cluster-with-import-vpc.module.aws-eks-accelerator-for-terraform.module.aws_eks_fargate_profiles.data.aws_iam_policy_document.fargate_assume_role_policy",
            "module.eks-cluster-with-import-vpc.module.aws-eks-accelerator-for-terraform.module.aws_eks_managed_node_groups.aws_eks_node_group.managed_ng",
            "module.eks-cluster-with-import-vpc.module.aws-eks-accelerator-for-terraform.module.aws_eks_managed_node_groups.aws_iam_instance_profile.managed_ng",
            "module.eks-cluster-with-import-vpc.module.aws-eks-accelerator-for-terraform.module.aws_eks_managed_node_groups.aws_iam_role.managed_ng",
            "module.eks-cluster-with-import-vpc.module.aws-eks-accelerator-for-terraform.module.aws_eks_managed_node_groups.aws_iam_role_policy_attachment.managed_ng",
            "module.eks-cluster-with-import-vpc.module.aws-eks-accelerator-for-terraform.module.aws_eks_managed_node_groups.aws_iam_role_policy_attachment.managed_ng_AmazonEC2ContainerRegistryReadOnly",
            "module.eks-cluster-with-import-vpc.module.aws-eks-accelerator-for-terraform.module.aws_eks_managed_node_groups.aws_iam_role_policy_attachment.managed_ng_AmazonEKSWorkerNodePolicy",
            "module.eks-cluster-with-import-vpc.module.aws-eks-accelerator-for-terraform.module.aws_eks_managed_node_groups.aws_iam_role_policy_attachment.managed_ng_AmazonEKS_CNI_Policy",
            "module.eks-cluster-with-import-vpc.module.aws-eks-accelerator-for-terraform.module.aws_eks_managed_node_groups.aws_iam_role_policy_attachment.managed_ng_AmazonSSMManagedInstanceCore",
            "module.eks-cluster-with-import-vpc.module.aws-eks-accelerator-for-terraform.module.aws_eks_managed_node_groups.aws_launch_template.managed_node_groups",
            "module.eks-cluster-with-import-vpc.module.aws-eks-accelerator-for-terraform.module.aws_eks_managed_node_groups.data.aws_iam_policy_document.managed_ng_assume_role_policy",
            "module.eks-cluster-with-import-vpc.module.aws-eks-accelerator-for-terraform.module.aws_eks_self_managed_node_groups.aws_autoscaling_group.self_managed_ng",
            "module.eks-cluster-with-import-vpc.module.aws-eks-accelerator-for-terraform.module.aws_eks_self_managed_node_groups.aws_iam_instance_profile.self_managed_ng",
            "module.eks-cluster-with-import-vpc.module.aws-eks-accelerator-for-terraform.module.aws_eks_self_managed_node_groups.aws_iam_policy.eks_windows_cni",
            "module.eks-cluster-with-import-vpc.module.aws-eks-accelerator-for-terraform.module.aws_eks_self_managed_node_groups.aws_iam_role.self_managed_ng",
            "module.eks-cluster-with-import-vpc.module.aws-eks-accelerator-for-terraform.module.aws_eks_self_managed_node_groups.aws_iam_role_policy_attachment.eks_windows_cni",
            "module.eks-cluster-with-import-vpc.module.aws-eks-accelerator-for-terraform.module.aws_eks_self_managed_node_groups.aws_iam_role_policy_attachment.self_managed_ng",
            "module.eks-cluster-with-import-vpc.module.aws-eks-accelerator-for-terraform.module.aws_eks_self_managed_node_groups.data.aws_ami.predefined",
            "module.eks-cluster-with-import-vpc.module.aws-eks-accelerator-for-terraform.module.aws_eks_self_managed_node_groups.data.aws_iam_policy_document.eks_windows_cni",
            "module.eks-cluster-with-import-vpc.module.aws-eks-accelerator-for-terraform.module.aws_eks_self_managed_node_groups.data.aws_iam_policy_document.self_managed_ng_assume_role_policy",
            "module.eks-cluster-with-import-vpc.module.aws-eks-accelerator-for-terraform.module.aws_eks_self_managed_node_groups.module.launch_template_self_managed_ng.aws_launch_template.this",
            "module.eks-cluster-with-import-vpc.module.aws-eks-accelerator-for-terraform.module.aws_eks_self_managed_node_groups.module.launch_template_self_managed_ng.data.aws_eks_cluster.eks",
            "module.eks-cluster-with-import-vpc.module.aws-eks-accelerator-for-terraform.module.aws_eks_self_managed_node_groups.module.launch_template_self_managed_ng.data.aws_eks_cluster_auth.eks",
            "module.eks-cluster-with-import-vpc.module.aws-eks-accelerator-for-terraform.module.aws_eks_teams.aws_iam_policy.platform_team_eks_access",
            "module.eks-cluster-with-import-vpc.module.aws-eks-accelerator-for-terraform.module.aws_eks_teams.aws_iam_role.platform_team",
            "module.eks-cluster-with-import-vpc.module.aws-eks-accelerator-for-terraform.module.aws_eks_teams.aws_iam_role.team_access",
            "module.eks-cluster-with-import-vpc.module.aws-eks-accelerator-for-terraform.module.aws_eks_teams.aws_iam_role.team_sa_irsa",
            "module.eks-cluster-with-import-vpc.module.aws-eks-accelerator-for-terraform.module.aws_eks_teams.data.aws_caller_identity.current",
            "module.eks-cluster-with-import-vpc.module.aws-eks-accelerator-for-terraform.module.aws_eks_teams.data.aws_eks_cluster.eks_cluster",
            "module.eks-cluster-with-import-vpc.module.aws-eks-accelerator-for-terraform.module.aws_eks_teams.data.aws_iam_policy_document.platform_team_eks_access",
            "module.eks-cluster-with-import-vpc.module.aws-eks-accelerator-for-terraform.module.aws_eks_teams.data.aws_partition.current",
            "module.eks-cluster-with-import-vpc.module.aws-eks-accelerator-for-terraform.module.aws_eks_teams.data.aws_region.current",
            "module.eks-cluster-with-import-vpc.module.aws-eks-accelerator-for-terraform.module.aws_eks_teams.kubectl_manifest.team",
            "module.eks-cluster-with-import-vpc.module.aws-eks-accelerator-for-terraform.module.aws_eks_teams.kubernetes_cluster_role.team",
            "module.eks-cluster-with-import-vpc.module.aws-eks-accelerator-for-terraform.module.aws_eks_teams.kubernetes_cluster_role_binding.team",
            "module.eks-cluster-with-import-vpc.module.aws-eks-accelerator-for-terraform.module.aws_eks_teams.kubernetes_namespace.team",
            "module.eks-cluster-with-import-vpc.module.aws-eks-accelerator-for-terraform.module.aws_eks_teams.kubernetes_resource_quota.team_compute_quota",
            "module.eks-cluster-with-import-vpc.module.aws-eks-accelerator-for-terraform.module.aws_eks_teams.kubernetes_resource_quota.team_object_quota",
            "module.eks-cluster-with-import-vpc.module.aws-eks-accelerator-for-terraform.module.aws_eks_teams.kubernetes_role.team",
            "module.eks-cluster-with-import-vpc.module.aws-eks-accelerator-for-terraform.module.aws_eks_teams.kubernetes_role_binding.team",
            "module.eks-cluster-with-import-vpc.module.aws-eks-accelerator-for-terraform.module.aws_eks_teams.kubernetes_service_account.team",
            "module.eks-cluster-with-import-vpc.module.aws-eks-accelerator-for-terraform.module.aws_managed_prometheus.aws_prometheus_workspace.amp_workspace",
            "module.eks-cluster-with-import-vpc.module.aws-eks-accelerator-for-terraform.module.emr_on_eks.aws_iam_policy.emr_on_eks_execution",
            "module.eks-cluster-with-import-vpc.module.aws-eks-accelerator-for-terraform.module.emr_on_eks.aws_iam_role.emr_on_eks_execution",
            "module.eks-cluster-with-import-vpc.module.aws-eks-accelerator-for-terraform.module.emr_on_eks.aws_iam_role_policy_attachment.emr_on_eks_execution",
            "module.eks-cluster-with-import-vpc.module.aws-eks-accelerator-for-terraform.module.emr_on_eks.data.aws_caller_identity.current",
            "module.eks-cluster-with-import-vpc.module.aws-eks-accelerator-for-terraform.module.emr_on_eks.data.aws_iam_policy_document.emr_assume_role",
            "module.eks-cluster-with-import-vpc.module.aws-eks-accelerator-for-terraform.module.emr_on_eks.data.aws_iam_policy_document.emr_on_eks",
            "module.eks-cluster-with-import-vpc.module.aws-eks-accelerator-for-terraform.module.emr_on_eks.data.aws_partition.current",
            "module.eks-cluster-with-import-vpc.module.aws-eks-accelerator-for-terraform.module.emr_on_eks.data.aws_region.current",
            "module.eks-cluster-with-import-vpc.module.aws-eks-accelerator-for-terraform.module.emr_on_eks.kubernetes_namespace.spark",
            "module.eks-cluster-with-import-vpc.module.aws-eks-accelerator-for-terraform.module.emr_on_eks.kubernetes_role.emr_containers",
            "module.eks-cluster-with-import-vpc.module.aws-eks-accelerator-for-terraform.module.emr_on_eks.kubernetes_role_binding.emr_containers",
            "module.eks-cluster-with-import-vpc.module.aws-eks-accelerator-for-terraform.module.emr_on_eks.null_resource.update_trust_policy",
            "module.eks-cluster-with-import-vpc.module.aws-eks-accelerator-for-terraform.module.kms.aws_kms_alias.this",
            "module.eks-cluster-with-import-vpc.module.aws-eks-accelerator-for-terraform.module.kms.aws_kms_key.this",
            "module.eks-cluster-with-import-vpc.module.aws_vpc.aws_subnet.private",
            "module.eks-cluster-with-import-vpc.module.aws_vpc.aws_vpc.this",
            "module.eks-cluster-with-import-vpc.module.aws_vpc.aws_vpc_ipv4_cidr_block_association.this"
          ]
        }
      ]
    },
    {
      "module": "module.eks-cluster-with-import-vpc.module.kubernetes-addons.module.prometheus[0]",
      "mode": "data",
      "type": "aws_iam_policy_document",
      "name": "ingest",
      "provider": "provider[\"registry.terraform.io/hashicorp/aws\"]",
      "instances": [
        {
          "schema_version": 0,
          "attributes": {
            "id": "1804921153",
            "json": "{\n  \"Version\": \"2012-10-17\",\n  \"Statement\": [\n    {\n      \"Sid\": \"\",\n      \"Effect\": \"Allow\",\n      \"Action\": [\n        \"aps:RemoteWrite\",\n        \"aps:GetSeries\",\n        \"aps:GetMetricMetadata\",\n        \"aps:GetLabels\"\n      ],\n      \"Resource\": \"*\"\n    }\n  ]\n}",
            "override_json": null,
            "override_policy_documents": null,
            "policy_id": null,
            "source_json": null,
            "source_policy_documents": null,
            "statement": [
              {
                "actions": [
                  "aps:GetLabels",
                  "aps:GetMetricMetadata",
                  "aps:GetSeries",
                  "aps:RemoteWrite"
                ],
                "condition": [],
                "effect": "Allow",
                "not_actions": [],
                "not_principals": [],
                "not_resources": [],
                "principals": [],
                "resources": [
                  "*"
                ],
                "sid": ""
              }
            ],
            "version": "2012-10-17"
          },
          "sensitive_attributes": []
        }
      ]
    },
    {
      "module": "module.eks-cluster-with-import-vpc.module.kubernetes-addons.module.prometheus[0]",
      "mode": "data",
      "type": "aws_iam_policy_document",
      "name": "query",
      "provider": "provider[\"registry.terraform.io/hashicorp/aws\"]",
      "instances": [
        {
          "schema_version": 0,
          "attributes": {
            "id": "3128596151",
            "json": "{\n  \"Version\": \"2012-10-17\",\n  \"Statement\": [\n    {\n      \"Sid\": \"\",\n      \"Effect\": \"Allow\",\n      \"Action\": [\n        \"aps:QueryMetrics\",\n        \"aps:GetSeries\",\n        \"aps:GetMetricMetadata\",\n        \"aps:GetLabels\"\n      ],\n      \"Resource\": \"*\"\n    }\n  ]\n}",
            "override_json": null,
            "override_policy_documents": null,
            "policy_id": null,
            "source_json": null,
            "source_policy_documents": null,
            "statement": [
              {
                "actions": [
                  "aps:GetLabels",
                  "aps:GetMetricMetadata",
                  "aps:GetSeries",
                  "aps:QueryMetrics"
                ],
                "condition": [],
                "effect": "Allow",
                "not_actions": [],
                "not_principals": [],
                "not_resources": [],
                "principals": [],
                "resources": [
                  "*"
                ],
                "sid": ""
              }
            ],
            "version": "2012-10-17"
          },
          "sensitive_attributes": []
        }
      ]
    },
    {
      "module": "module.eks-cluster-with-import-vpc.module.kubernetes-addons.module.prometheus[0]",
      "mode": "managed",
      "type": "kubernetes_namespace_v1",
      "name": "prometheus",
      "provider": "module.eks-cluster-with-import-vpc.provider[\"registry.terraform.io/hashicorp/kubernetes\"]",
      "instances": [
        {
          "schema_version": 0,
          "attributes": {
            "id": "prometheus",
            "metadata": [
              {
                "annotations": {},
                "generate_name": "",
                "generation": 0,
                "labels": {
                  "app.kubernetes.io/managed-by": "terraform-eks-blueprints"
                },
                "name": "prometheus",
                "resource_version": "1870",
                "uid": "996d7ac9-0506-459f-86ce-ffa27c3f0a52"
              }
            ],
            "timeouts": null
          },
          "sensitive_attributes": [],
          "private": "eyJlMmJmYjczMC1lY2FhLTExZTYtOGY4OC0zNDM2M2JjN2M0YzAiOnsiZGVsZXRlIjozMDAwMDAwMDAwMDB9fQ==",
          "dependencies": [
            "module.eks-cluster-with-import-vpc.data.aws_availability_zones.available",
            "module.eks-cluster-with-import-vpc.data.aws_eks_cluster.cluster",
            "module.eks-cluster-with-import-vpc.data.aws_eks_cluster_auth.cluster",
            "module.eks-cluster-with-import-vpc.module.aws-eks-accelerator-for-terraform.data.aws_availability_zones.available",
            "module.eks-cluster-with-import-vpc.module.aws-eks-accelerator-for-terraform.data.aws_caller_identity.current",
            "module.eks-cluster-with-import-vpc.module.aws-eks-accelerator-for-terraform.data.aws_eks_cluster.cluster",
            "module.eks-cluster-with-import-vpc.module.aws-eks-accelerator-for-terraform.data.aws_eks_cluster_auth.cluster",
            "module.eks-cluster-with-import-vpc.module.aws-eks-accelerator-for-terraform.data.aws_iam_policy_document.eks_key",
            "module.eks-cluster-with-import-vpc.module.aws-eks-accelerator-for-terraform.data.aws_iam_session_context.current",
            "module.eks-cluster-with-import-vpc.module.aws-eks-accelerator-for-terraform.data.aws_partition.current",
            "module.eks-cluster-with-import-vpc.module.aws-eks-accelerator-for-terraform.data.aws_region.current",
            "module.eks-cluster-with-import-vpc.module.aws-eks-accelerator-for-terraform.data.http.eks_cluster_readiness",
            "module.eks-cluster-with-import-vpc.module.aws-eks-accelerator-for-terraform.kubernetes_config_map.amazon_vpc_cni",
            "module.eks-cluster-with-import-vpc.module.aws-eks-accelerator-for-terraform.kubernetes_config_map.aws_auth",
            "module.eks-cluster-with-import-vpc.module.aws-eks-accelerator-for-terraform.module.aws_eks.aws_cloudwatch_log_group.this",
            "module.eks-cluster-with-import-vpc.module.aws-eks-accelerator-for-terraform.module.aws_eks.aws_eks_addon.this",
            "module.eks-cluster-with-import-vpc.module.aws-eks-accelerator-for-terraform.module.aws_eks.aws_eks_cluster.this",
            "module.eks-cluster-with-import-vpc.module.aws-eks-accelerator-for-terraform.module.aws_eks.aws_eks_identity_provider_config.this",
            "module.eks-cluster-with-import-vpc.module.aws-eks-accelerator-for-terraform.module.aws_eks.aws_iam_openid_connect_provider.oidc_provider",
            "module.eks-cluster-with-import-vpc.module.aws-eks-accelerator-for-terraform.module.aws_eks.aws_iam_policy.cluster_encryption",
            "module.eks-cluster-with-import-vpc.module.aws-eks-accelerator-for-terraform.module.aws_eks.aws_iam_policy.cni_ipv6_policy",
            "module.eks-cluster-with-import-vpc.module.aws-eks-accelerator-for-terraform.module.aws_eks.aws_iam_role.this",
            "module.eks-cluster-with-import-vpc.module.aws-eks-accelerator-for-terraform.module.aws_eks.aws_iam_role_policy_attachment.cluster_encryption",
            "module.eks-cluster-with-import-vpc.module.aws-eks-accelerator-for-terraform.module.aws_eks.aws_iam_role_policy_attachment.this",
            "module.eks-cluster-with-import-vpc.module.aws-eks-accelerator-for-terraform.module.aws_eks.aws_security_group.cluster",
            "module.eks-cluster-with-import-vpc.module.aws-eks-accelerator-for-terraform.module.aws_eks.aws_security_group.node",
            "module.eks-cluster-with-import-vpc.module.aws-eks-accelerator-for-terraform.module.aws_eks.aws_security_group_rule.cluster",
            "module.eks-cluster-with-import-vpc.module.aws-eks-accelerator-for-terraform.module.aws_eks.aws_security_group_rule.node",
            "module.eks-cluster-with-import-vpc.module.aws-eks-accelerator-for-terraform.module.aws_eks.data.aws_iam_policy_document.assume_role_policy",
            "module.eks-cluster-with-import-vpc.module.aws-eks-accelerator-for-terraform.module.aws_eks.data.aws_iam_policy_document.cni_ipv6_policy",
            "module.eks-cluster-with-import-vpc.module.aws-eks-accelerator-for-terraform.module.aws_eks.data.aws_partition.current",
            "module.eks-cluster-with-import-vpc.module.aws-eks-accelerator-for-terraform.module.aws_eks.data.tls_certificate.this",
            "module.eks-cluster-with-import-vpc.module.aws-eks-accelerator-for-terraform.module.aws_eks.module.eks_managed_node_group.aws_eks_node_group.this",
            "module.eks-cluster-with-import-vpc.module.aws-eks-accelerator-for-terraform.module.aws_eks.module.eks_managed_node_group.aws_iam_role.this",
            "module.eks-cluster-with-import-vpc.module.aws-eks-accelerator-for-terraform.module.aws_eks.module.eks_managed_node_group.aws_iam_role_policy_attachment.this",
            "module.eks-cluster-with-import-vpc.module.aws-eks-accelerator-for-terraform.module.aws_eks.module.eks_managed_node_group.aws_launch_template.this",
            "module.eks-cluster-with-import-vpc.module.aws-eks-accelerator-for-terraform.module.aws_eks.module.eks_managed_node_group.aws_security_group.this",
            "module.eks-cluster-with-import-vpc.module.aws-eks-accelerator-for-terraform.module.aws_eks.module.eks_managed_node_group.aws_security_group_rule.this",
            "module.eks-cluster-with-import-vpc.module.aws-eks-accelerator-for-terraform.module.aws_eks.module.eks_managed_node_group.data.aws_caller_identity.current",
            "module.eks-cluster-with-import-vpc.module.aws-eks-accelerator-for-terraform.module.aws_eks.module.eks_managed_node_group.data.aws_iam_policy_document.assume_role_policy",
            "module.eks-cluster-with-import-vpc.module.aws-eks-accelerator-for-terraform.module.aws_eks.module.eks_managed_node_group.data.aws_partition.current",
            "module.eks-cluster-with-import-vpc.module.aws-eks-accelerator-for-terraform.module.aws_eks.module.eks_managed_node_group.module.user_data.data.cloudinit_config.linux_eks_managed_node_group",
            "module.eks-cluster-with-import-vpc.module.aws-eks-accelerator-for-terraform.module.aws_eks.module.fargate_profile.aws_eks_fargate_profile.this",
            "module.eks-cluster-with-import-vpc.module.aws-eks-accelerator-for-terraform.module.aws_eks.module.fargate_profile.aws_iam_role.this",
            "module.eks-cluster-with-import-vpc.module.aws-eks-accelerator-for-terraform.module.aws_eks.module.fargate_profile.aws_iam_role_policy_attachment.this",
            "module.eks-cluster-with-import-vpc.module.aws-eks-accelerator-for-terraform.module.aws_eks.module.fargate_profile.data.aws_caller_identity.current",
            "module.eks-cluster-with-import-vpc.module.aws-eks-accelerator-for-terraform.module.aws_eks.module.fargate_profile.data.aws_iam_policy_document.assume_role_policy",
            "module.eks-cluster-with-import-vpc.module.aws-eks-accelerator-for-terraform.module.aws_eks.module.fargate_profile.data.aws_partition.current",
            "module.eks-cluster-with-import-vpc.module.aws-eks-accelerator-for-terraform.module.aws_eks.module.self_managed_node_group.aws_autoscaling_group.this",
            "module.eks-cluster-with-import-vpc.module.aws-eks-accelerator-for-terraform.module.aws_eks.module.self_managed_node_group.aws_autoscaling_schedule.this",
            "module.eks-cluster-with-import-vpc.module.aws-eks-accelerator-for-terraform.module.aws_eks.module.self_managed_node_group.aws_iam_instance_profile.this",
            "module.eks-cluster-with-import-vpc.module.aws-eks-accelerator-for-terraform.module.aws_eks.module.self_managed_node_group.aws_iam_role.this",
            "module.eks-cluster-with-import-vpc.module.aws-eks-accelerator-for-terraform.module.aws_eks.module.self_managed_node_group.aws_iam_role_policy_attachment.this",
            "module.eks-cluster-with-import-vpc.module.aws-eks-accelerator-for-terraform.module.aws_eks.module.self_managed_node_group.aws_launch_template.this",
            "module.eks-cluster-with-import-vpc.module.aws-eks-accelerator-for-terraform.module.aws_eks.module.self_managed_node_group.aws_security_group.this",
            "module.eks-cluster-with-import-vpc.module.aws-eks-accelerator-for-terraform.module.aws_eks.module.self_managed_node_group.aws_security_group_rule.this",
            "module.eks-cluster-with-import-vpc.module.aws-eks-accelerator-for-terraform.module.aws_eks.module.self_managed_node_group.data.aws_ami.eks_default",
            "module.eks-cluster-with-import-vpc.module.aws-eks-accelerator-for-terraform.module.aws_eks.module.self_managed_node_group.data.aws_caller_identity.current",
            "module.eks-cluster-with-import-vpc.module.aws-eks-accelerator-for-terraform.module.aws_eks.module.self_managed_node_group.data.aws_iam_policy_document.assume_role_policy",
            "module.eks-cluster-with-import-vpc.module.aws-eks-accelerator-for-terraform.module.aws_eks.module.self_managed_node_group.data.aws_partition.current",
            "module.eks-cluster-with-import-vpc.module.aws-eks-accelerator-for-terraform.module.aws_eks.module.self_managed_node_group.module.user_data.data.cloudinit_config.linux_eks_managed_node_group",
            "module.eks-cluster-with-import-vpc.module.aws-eks-accelerator-for-terraform.module.aws_eks_fargate_profiles.aws_eks_fargate_profile.eks_fargate",
            "module.eks-cluster-with-import-vpc.module.aws-eks-accelerator-for-terraform.module.aws_eks_fargate_profiles.aws_iam_policy.cwlogs",
            "module.eks-cluster-with-import-vpc.module.aws-eks-accelerator-for-terraform.module.aws_eks_fargate_profiles.aws_iam_role.fargate",
            "module.eks-cluster-with-import-vpc.module.aws-eks-accelerator-for-terraform.module.aws_eks_fargate_profiles.aws_iam_role_policy_attachment.cwlogs",
            "module.eks-cluster-with-import-vpc.module.aws-eks-accelerator-for-terraform.module.aws_eks_fargate_profiles.aws_iam_role_policy_attachment.fargate_pod_execution_role_policy",
            "module.eks-cluster-with-import-vpc.module.aws-eks-accelerator-for-terraform.module.aws_eks_fargate_profiles.data.aws_iam_policy_document.cwlogs",
            "module.eks-cluster-with-import-vpc.module.aws-eks-accelerator-for-terraform.module.aws_eks_fargate_profiles.data.aws_iam_policy_document.fargate_assume_role_policy",
            "module.eks-cluster-with-import-vpc.module.aws-eks-accelerator-for-terraform.module.aws_eks_managed_node_groups.aws_eks_node_group.managed_ng",
            "module.eks-cluster-with-import-vpc.module.aws-eks-accelerator-for-terraform.module.aws_eks_managed_node_groups.aws_iam_instance_profile.managed_ng",
            "module.eks-cluster-with-import-vpc.module.aws-eks-accelerator-for-terraform.module.aws_eks_managed_node_groups.aws_iam_role.managed_ng",
            "module.eks-cluster-with-import-vpc.module.aws-eks-accelerator-for-terraform.module.aws_eks_managed_node_groups.aws_iam_role_policy_attachment.managed_ng",
            "module.eks-cluster-with-import-vpc.module.aws-eks-accelerator-for-terraform.module.aws_eks_managed_node_groups.aws_iam_role_policy_attachment.managed_ng_AmazonEC2ContainerRegistryReadOnly",
            "module.eks-cluster-with-import-vpc.module.aws-eks-accelerator-for-terraform.module.aws_eks_managed_node_groups.aws_iam_role_policy_attachment.managed_ng_AmazonEKSWorkerNodePolicy",
            "module.eks-cluster-with-import-vpc.module.aws-eks-accelerator-for-terraform.module.aws_eks_managed_node_groups.aws_iam_role_policy_attachment.managed_ng_AmazonEKS_CNI_Policy",
            "module.eks-cluster-with-import-vpc.module.aws-eks-accelerator-for-terraform.module.aws_eks_managed_node_groups.aws_iam_role_policy_attachment.managed_ng_AmazonSSMManagedInstanceCore",
            "module.eks-cluster-with-import-vpc.module.aws-eks-accelerator-for-terraform.module.aws_eks_managed_node_groups.aws_launch_template.managed_node_groups",
            "module.eks-cluster-with-import-vpc.module.aws-eks-accelerator-for-terraform.module.aws_eks_managed_node_groups.data.aws_iam_policy_document.managed_ng_assume_role_policy",
            "module.eks-cluster-with-import-vpc.module.aws-eks-accelerator-for-terraform.module.aws_eks_self_managed_node_groups.aws_autoscaling_group.self_managed_ng",
            "module.eks-cluster-with-import-vpc.module.aws-eks-accelerator-for-terraform.module.aws_eks_self_managed_node_groups.aws_iam_instance_profile.self_managed_ng",
            "module.eks-cluster-with-import-vpc.module.aws-eks-accelerator-for-terraform.module.aws_eks_self_managed_node_groups.aws_iam_policy.eks_windows_cni",
            "module.eks-cluster-with-import-vpc.module.aws-eks-accelerator-for-terraform.module.aws_eks_self_managed_node_groups.aws_iam_role.self_managed_ng",
            "module.eks-cluster-with-import-vpc.module.aws-eks-accelerator-for-terraform.module.aws_eks_self_managed_node_groups.aws_iam_role_policy_attachment.eks_windows_cni",
            "module.eks-cluster-with-import-vpc.module.aws-eks-accelerator-for-terraform.module.aws_eks_self_managed_node_groups.aws_iam_role_policy_attachment.self_managed_ng",
            "module.eks-cluster-with-import-vpc.module.aws-eks-accelerator-for-terraform.module.aws_eks_self_managed_node_groups.data.aws_ami.predefined",
            "module.eks-cluster-with-import-vpc.module.aws-eks-accelerator-for-terraform.module.aws_eks_self_managed_node_groups.data.aws_iam_policy_document.eks_windows_cni",
            "module.eks-cluster-with-import-vpc.module.aws-eks-accelerator-for-terraform.module.aws_eks_self_managed_node_groups.data.aws_iam_policy_document.self_managed_ng_assume_role_policy",
            "module.eks-cluster-with-import-vpc.module.aws-eks-accelerator-for-terraform.module.aws_eks_self_managed_node_groups.module.launch_template_self_managed_ng.aws_launch_template.this",
            "module.eks-cluster-with-import-vpc.module.aws-eks-accelerator-for-terraform.module.aws_eks_self_managed_node_groups.module.launch_template_self_managed_ng.data.aws_eks_cluster.eks",
            "module.eks-cluster-with-import-vpc.module.aws-eks-accelerator-for-terraform.module.aws_eks_self_managed_node_groups.module.launch_template_self_managed_ng.data.aws_eks_cluster_auth.eks",
            "module.eks-cluster-with-import-vpc.module.aws-eks-accelerator-for-terraform.module.aws_eks_teams.aws_iam_policy.platform_team_eks_access",
            "module.eks-cluster-with-import-vpc.module.aws-eks-accelerator-for-terraform.module.aws_eks_teams.aws_iam_role.platform_team",
            "module.eks-cluster-with-import-vpc.module.aws-eks-accelerator-for-terraform.module.aws_eks_teams.aws_iam_role.team_access",
            "module.eks-cluster-with-import-vpc.module.aws-eks-accelerator-for-terraform.module.aws_eks_teams.aws_iam_role.team_sa_irsa",
            "module.eks-cluster-with-import-vpc.module.aws-eks-accelerator-for-terraform.module.aws_eks_teams.data.aws_caller_identity.current",
            "module.eks-cluster-with-import-vpc.module.aws-eks-accelerator-for-terraform.module.aws_eks_teams.data.aws_eks_cluster.eks_cluster",
            "module.eks-cluster-with-import-vpc.module.aws-eks-accelerator-for-terraform.module.aws_eks_teams.data.aws_iam_policy_document.platform_team_eks_access",
            "module.eks-cluster-with-import-vpc.module.aws-eks-accelerator-for-terraform.module.aws_eks_teams.data.aws_partition.current",
            "module.eks-cluster-with-import-vpc.module.aws-eks-accelerator-for-terraform.module.aws_eks_teams.data.aws_region.current",
            "module.eks-cluster-with-import-vpc.module.aws-eks-accelerator-for-terraform.module.aws_eks_teams.kubectl_manifest.team",
            "module.eks-cluster-with-import-vpc.module.aws-eks-accelerator-for-terraform.module.aws_eks_teams.kubernetes_cluster_role.team",
            "module.eks-cluster-with-import-vpc.module.aws-eks-accelerator-for-terraform.module.aws_eks_teams.kubernetes_cluster_role_binding.team",
            "module.eks-cluster-with-import-vpc.module.aws-eks-accelerator-for-terraform.module.aws_eks_teams.kubernetes_namespace.team",
            "module.eks-cluster-with-import-vpc.module.aws-eks-accelerator-for-terraform.module.aws_eks_teams.kubernetes_resource_quota.team_compute_quota",
            "module.eks-cluster-with-import-vpc.module.aws-eks-accelerator-for-terraform.module.aws_eks_teams.kubernetes_resource_quota.team_object_quota",
            "module.eks-cluster-with-import-vpc.module.aws-eks-accelerator-for-terraform.module.aws_eks_teams.kubernetes_role.team",
            "module.eks-cluster-with-import-vpc.module.aws-eks-accelerator-for-terraform.module.aws_eks_teams.kubernetes_role_binding.team",
            "module.eks-cluster-with-import-vpc.module.aws-eks-accelerator-for-terraform.module.aws_eks_teams.kubernetes_service_account.team",
            "module.eks-cluster-with-import-vpc.module.aws-eks-accelerator-for-terraform.module.aws_managed_prometheus.aws_prometheus_workspace.amp_workspace",
            "module.eks-cluster-with-import-vpc.module.aws-eks-accelerator-for-terraform.module.emr_on_eks.aws_iam_policy.emr_on_eks_execution",
            "module.eks-cluster-with-import-vpc.module.aws-eks-accelerator-for-terraform.module.emr_on_eks.aws_iam_role.emr_on_eks_execution",
            "module.eks-cluster-with-import-vpc.module.aws-eks-accelerator-for-terraform.module.emr_on_eks.aws_iam_role_policy_attachment.emr_on_eks_execution",
            "module.eks-cluster-with-import-vpc.module.aws-eks-accelerator-for-terraform.module.emr_on_eks.data.aws_caller_identity.current",
            "module.eks-cluster-with-import-vpc.module.aws-eks-accelerator-for-terraform.module.emr_on_eks.data.aws_iam_policy_document.emr_assume_role",
            "module.eks-cluster-with-import-vpc.module.aws-eks-accelerator-for-terraform.module.emr_on_eks.data.aws_iam_policy_document.emr_on_eks",
            "module.eks-cluster-with-import-vpc.module.aws-eks-accelerator-for-terraform.module.emr_on_eks.data.aws_partition.current",
            "module.eks-cluster-with-import-vpc.module.aws-eks-accelerator-for-terraform.module.emr_on_eks.data.aws_region.current",
            "module.eks-cluster-with-import-vpc.module.aws-eks-accelerator-for-terraform.module.emr_on_eks.kubernetes_namespace.spark",
            "module.eks-cluster-with-import-vpc.module.aws-eks-accelerator-for-terraform.module.emr_on_eks.kubernetes_role.emr_containers",
            "module.eks-cluster-with-import-vpc.module.aws-eks-accelerator-for-terraform.module.emr_on_eks.kubernetes_role_binding.emr_containers",
            "module.eks-cluster-with-import-vpc.module.aws-eks-accelerator-for-terraform.module.emr_on_eks.null_resource.update_trust_policy",
            "module.eks-cluster-with-import-vpc.module.aws-eks-accelerator-for-terraform.module.kms.aws_kms_alias.this",
            "module.eks-cluster-with-import-vpc.module.aws-eks-accelerator-for-terraform.module.kms.aws_kms_key.this",
            "module.eks-cluster-with-import-vpc.module.aws_vpc.aws_subnet.private",
            "module.eks-cluster-with-import-vpc.module.aws_vpc.aws_vpc.this",
            "module.eks-cluster-with-import-vpc.module.aws_vpc.aws_vpc_ipv4_cidr_block_association.this"
          ]
        }
      ]
    },
    {
      "module": "module.eks-cluster-with-import-vpc.module.kubernetes-addons.module.promtail[0]",
      "mode": "data",
      "type": "aws_iam_policy_document",
      "name": "this",
      "provider": "provider[\"registry.terraform.io/hashicorp/aws\"]",
      "instances": [
        {
          "schema_version": 0,
          "attributes": {
            "id": "1796279157",
            "json": "{\n  \"Version\": \"2012-10-17\",\n  \"Statement\": [\n    {\n      \"Sid\": \"AllowReadingMetricsFromCloudWatch\",\n      \"Effect\": \"Allow\",\n      \"Action\": [\n        \"cloudwatch:ListMetrics\",\n        \"cloudwatch:GetMetricData\",\n        \"cloudwatch:GetInsightRuleReport\",\n        \"cloudwatch:DescribeAlarmsForMetric\",\n        \"cloudwatch:DescribeAlarms\",\n        \"cloudwatch:DescribeAlarmHistory\"\n      ],\n      \"Resource\": \"*\"\n    },\n    {\n      \"Sid\": \"AllowReadingLogsFromCloudWatch\",\n      \"Effect\": \"Allow\",\n      \"Action\": [\n        \"logs:StopQuery\",\n        \"logs:StartQuery\",\n        \"logs:GetQueryResults\",\n        \"logs:GetLogGroupFields\",\n        \"logs:GetLogEvents\",\n        \"logs:DescribeLogGroups\"\n      ],\n      \"Resource\": \"arn:aws:logs:us-east-1:411309562081:log-group:*:log-stream:*\"\n    },\n    {\n      \"Sid\": \"AllowReadingTagsInstancesRegionsFromEC2\",\n      \"Effect\": \"Allow\",\n      \"Action\": [\n        \"ec2:DescribeTags\",\n        \"ec2:DescribeRegions\",\n        \"ec2:DescribeInstances\"\n      ],\n      \"Resource\": \"*\"\n    },\n    {\n      \"Sid\": \"AllowReadingResourcesForTags\",\n      \"Effect\": \"Allow\",\n      \"Action\": \"tag:GetResources\",\n      \"Resource\": \"*\"\n    }\n  ]\n}",
            "override_json": null,
            "override_policy_documents": null,
            "policy_id": null,
            "source_json": null,
            "source_policy_documents": null,
            "statement": [
              {
                "actions": [
                  "cloudwatch:DescribeAlarmHistory",
                  "cloudwatch:DescribeAlarms",
                  "cloudwatch:DescribeAlarmsForMetric",
                  "cloudwatch:GetInsightRuleReport",
                  "cloudwatch:GetMetricData",
                  "cloudwatch:ListMetrics"
                ],
                "condition": [],
                "effect": "Allow",
                "not_actions": [],
                "not_principals": [],
                "not_resources": [],
                "principals": [],
                "resources": [
                  "*"
                ],
                "sid": "AllowReadingMetricsFromCloudWatch"
              },
              {
                "actions": [
                  "logs:DescribeLogGroups",
                  "logs:GetLogEvents",
                  "logs:GetLogGroupFields",
                  "logs:GetQueryResults",
                  "logs:StartQuery",
                  "logs:StopQuery"
                ],
                "condition": [],
                "effect": "Allow",
                "not_actions": [],
                "not_principals": [],
                "not_resources": [],
                "principals": [],
                "resources": [
                  "arn:aws:logs:us-east-1:411309562081:log-group:*:log-stream:*"
                ],
                "sid": "AllowReadingLogsFromCloudWatch"
              },
              {
                "actions": [
                  "ec2:DescribeInstances",
                  "ec2:DescribeRegions",
                  "ec2:DescribeTags"
                ],
                "condition": [],
                "effect": "Allow",
                "not_actions": [],
                "not_principals": [],
                "not_resources": [],
                "principals": [],
                "resources": [
                  "*"
                ],
                "sid": "AllowReadingTagsInstancesRegionsFromEC2"
              },
              {
                "actions": [
                  "tag:GetResources"
                ],
                "condition": [],
                "effect": "Allow",
                "not_actions": [],
                "not_principals": [],
                "not_resources": [],
                "principals": [],
                "resources": [
                  "*"
                ],
                "sid": "AllowReadingResourcesForTags"
              }
            ],
            "version": "2012-10-17"
          },
          "sensitive_attributes": []
        }
      ]
    },
    {
      "module": "module.eks-cluster-with-import-vpc.module.kubernetes-addons.module.promtail[0]",
      "mode": "managed",
      "type": "aws_iam_policy",
      "name": "promtail",
      "provider": "provider[\"registry.terraform.io/hashicorp/aws\"]",
      "instances": [
        {
          "schema_version": 0,
          "attributes": {
            "arn": "arn:aws:iam::411309562081:policy/eclipz-sndbx-devops-eks-promtail",
            "description": "IAM policy for promtail Pod",
            "id": "arn:aws:iam::411309562081:policy/eclipz-sndbx-devops-eks-promtail",
            "name": "eclipz-sndbx-devops-eks-promtail",
            "name_prefix": null,
            "path": "/",
            "policy": "{\"Statement\":[{\"Action\":[\"cloudwatch:ListMetrics\",\"cloudwatch:GetMetricData\",\"cloudwatch:GetInsightRuleReport\",\"cloudwatch:DescribeAlarmsForMetric\",\"cloudwatch:DescribeAlarms\",\"cloudwatch:DescribeAlarmHistory\"],\"Effect\":\"Allow\",\"Resource\":\"*\",\"Sid\":\"AllowReadingMetricsFromCloudWatch\"},{\"Action\":[\"logs:StopQuery\",\"logs:StartQuery\",\"logs:GetQueryResults\",\"logs:GetLogGroupFields\",\"logs:GetLogEvents\",\"logs:DescribeLogGroups\"],\"Effect\":\"Allow\",\"Resource\":\"arn:aws:logs:us-east-1:411309562081:log-group:*:log-stream:*\",\"Sid\":\"AllowReadingLogsFromCloudWatch\"},{\"Action\":[\"ec2:DescribeTags\",\"ec2:DescribeRegions\",\"ec2:DescribeInstances\"],\"Effect\":\"Allow\",\"Resource\":\"*\",\"Sid\":\"AllowReadingTagsInstancesRegionsFromEC2\"},{\"Action\":\"tag:GetResources\",\"Effect\":\"Allow\",\"Resource\":\"*\",\"Sid\":\"AllowReadingResourcesForTags\"}],\"Version\":\"2012-10-17\"}",
            "policy_id": "ANPAV7Q7V3DQQ3HMYQ5DE",
            "tags": {},
            "tags_all": {}
          },
          "sensitive_attributes": [],
          "private": "bnVsbA==",
          "dependencies": [
            "module.eks-cluster-with-import-vpc.data.aws_availability_zones.available",
            "module.eks-cluster-with-import-vpc.data.aws_eks_cluster.cluster",
            "module.eks-cluster-with-import-vpc.data.aws_eks_cluster_auth.cluster",
            "module.eks-cluster-with-import-vpc.module.aws-eks-accelerator-for-terraform.data.aws_availability_zones.available",
            "module.eks-cluster-with-import-vpc.module.aws-eks-accelerator-for-terraform.data.aws_caller_identity.current",
            "module.eks-cluster-with-import-vpc.module.aws-eks-accelerator-for-terraform.data.aws_eks_cluster.cluster",
            "module.eks-cluster-with-import-vpc.module.aws-eks-accelerator-for-terraform.data.aws_eks_cluster_auth.cluster",
            "module.eks-cluster-with-import-vpc.module.aws-eks-accelerator-for-terraform.data.aws_iam_policy_document.eks_key",
            "module.eks-cluster-with-import-vpc.module.aws-eks-accelerator-for-terraform.data.aws_iam_session_context.current",
            "module.eks-cluster-with-import-vpc.module.aws-eks-accelerator-for-terraform.data.aws_partition.current",
            "module.eks-cluster-with-import-vpc.module.aws-eks-accelerator-for-terraform.data.aws_region.current",
            "module.eks-cluster-with-import-vpc.module.aws-eks-accelerator-for-terraform.data.http.eks_cluster_readiness",
            "module.eks-cluster-with-import-vpc.module.aws-eks-accelerator-for-terraform.kubernetes_config_map.amazon_vpc_cni",
            "module.eks-cluster-with-import-vpc.module.aws-eks-accelerator-for-terraform.kubernetes_config_map.aws_auth",
            "module.eks-cluster-with-import-vpc.module.aws-eks-accelerator-for-terraform.module.aws_eks.aws_cloudwatch_log_group.this",
            "module.eks-cluster-with-import-vpc.module.aws-eks-accelerator-for-terraform.module.aws_eks.aws_eks_addon.this",
            "module.eks-cluster-with-import-vpc.module.aws-eks-accelerator-for-terraform.module.aws_eks.aws_eks_cluster.this",
            "module.eks-cluster-with-import-vpc.module.aws-eks-accelerator-for-terraform.module.aws_eks.aws_eks_identity_provider_config.this",
            "module.eks-cluster-with-import-vpc.module.aws-eks-accelerator-for-terraform.module.aws_eks.aws_iam_openid_connect_provider.oidc_provider",
            "module.eks-cluster-with-import-vpc.module.aws-eks-accelerator-for-terraform.module.aws_eks.aws_iam_policy.cluster_encryption",
            "module.eks-cluster-with-import-vpc.module.aws-eks-accelerator-for-terraform.module.aws_eks.aws_iam_policy.cni_ipv6_policy",
            "module.eks-cluster-with-import-vpc.module.aws-eks-accelerator-for-terraform.module.aws_eks.aws_iam_role.this",
            "module.eks-cluster-with-import-vpc.module.aws-eks-accelerator-for-terraform.module.aws_eks.aws_iam_role_policy_attachment.cluster_encryption",
            "module.eks-cluster-with-import-vpc.module.aws-eks-accelerator-for-terraform.module.aws_eks.aws_iam_role_policy_attachment.this",
            "module.eks-cluster-with-import-vpc.module.aws-eks-accelerator-for-terraform.module.aws_eks.aws_security_group.cluster",
            "module.eks-cluster-with-import-vpc.module.aws-eks-accelerator-for-terraform.module.aws_eks.aws_security_group.node",
            "module.eks-cluster-with-import-vpc.module.aws-eks-accelerator-for-terraform.module.aws_eks.aws_security_group_rule.cluster",
            "module.eks-cluster-with-import-vpc.module.aws-eks-accelerator-for-terraform.module.aws_eks.aws_security_group_rule.node",
            "module.eks-cluster-with-import-vpc.module.aws-eks-accelerator-for-terraform.module.aws_eks.data.aws_iam_policy_document.assume_role_policy",
            "module.eks-cluster-with-import-vpc.module.aws-eks-accelerator-for-terraform.module.aws_eks.data.aws_iam_policy_document.cni_ipv6_policy",
            "module.eks-cluster-with-import-vpc.module.aws-eks-accelerator-for-terraform.module.aws_eks.data.aws_partition.current",
            "module.eks-cluster-with-import-vpc.module.aws-eks-accelerator-for-terraform.module.aws_eks.data.tls_certificate.this",
            "module.eks-cluster-with-import-vpc.module.aws-eks-accelerator-for-terraform.module.aws_eks.module.eks_managed_node_group.aws_eks_node_group.this",
            "module.eks-cluster-with-import-vpc.module.aws-eks-accelerator-for-terraform.module.aws_eks.module.eks_managed_node_group.aws_iam_role.this",
            "module.eks-cluster-with-import-vpc.module.aws-eks-accelerator-for-terraform.module.aws_eks.module.eks_managed_node_group.aws_iam_role_policy_attachment.this",
            "module.eks-cluster-with-import-vpc.module.aws-eks-accelerator-for-terraform.module.aws_eks.module.eks_managed_node_group.aws_launch_template.this",
            "module.eks-cluster-with-import-vpc.module.aws-eks-accelerator-for-terraform.module.aws_eks.module.eks_managed_node_group.aws_security_group.this",
            "module.eks-cluster-with-import-vpc.module.aws-eks-accelerator-for-terraform.module.aws_eks.module.eks_managed_node_group.aws_security_group_rule.this",
            "module.eks-cluster-with-import-vpc.module.aws-eks-accelerator-for-terraform.module.aws_eks.module.eks_managed_node_group.data.aws_caller_identity.current",
            "module.eks-cluster-with-import-vpc.module.aws-eks-accelerator-for-terraform.module.aws_eks.module.eks_managed_node_group.data.aws_iam_policy_document.assume_role_policy",
            "module.eks-cluster-with-import-vpc.module.aws-eks-accelerator-for-terraform.module.aws_eks.module.eks_managed_node_group.data.aws_partition.current",
            "module.eks-cluster-with-import-vpc.module.aws-eks-accelerator-for-terraform.module.aws_eks.module.eks_managed_node_group.module.user_data.data.cloudinit_config.linux_eks_managed_node_group",
            "module.eks-cluster-with-import-vpc.module.aws-eks-accelerator-for-terraform.module.aws_eks.module.fargate_profile.aws_eks_fargate_profile.this",
            "module.eks-cluster-with-import-vpc.module.aws-eks-accelerator-for-terraform.module.aws_eks.module.fargate_profile.aws_iam_role.this",
            "module.eks-cluster-with-import-vpc.module.aws-eks-accelerator-for-terraform.module.aws_eks.module.fargate_profile.aws_iam_role_policy_attachment.this",
            "module.eks-cluster-with-import-vpc.module.aws-eks-accelerator-for-terraform.module.aws_eks.module.fargate_profile.data.aws_caller_identity.current",
            "module.eks-cluster-with-import-vpc.module.aws-eks-accelerator-for-terraform.module.aws_eks.module.fargate_profile.data.aws_iam_policy_document.assume_role_policy",
            "module.eks-cluster-with-import-vpc.module.aws-eks-accelerator-for-terraform.module.aws_eks.module.fargate_profile.data.aws_partition.current",
            "module.eks-cluster-with-import-vpc.module.aws-eks-accelerator-for-terraform.module.aws_eks.module.self_managed_node_group.aws_autoscaling_group.this",
            "module.eks-cluster-with-import-vpc.module.aws-eks-accelerator-for-terraform.module.aws_eks.module.self_managed_node_group.aws_autoscaling_schedule.this",
            "module.eks-cluster-with-import-vpc.module.aws-eks-accelerator-for-terraform.module.aws_eks.module.self_managed_node_group.aws_iam_instance_profile.this",
            "module.eks-cluster-with-import-vpc.module.aws-eks-accelerator-for-terraform.module.aws_eks.module.self_managed_node_group.aws_iam_role.this",
            "module.eks-cluster-with-import-vpc.module.aws-eks-accelerator-for-terraform.module.aws_eks.module.self_managed_node_group.aws_iam_role_policy_attachment.this",
            "module.eks-cluster-with-import-vpc.module.aws-eks-accelerator-for-terraform.module.aws_eks.module.self_managed_node_group.aws_launch_template.this",
            "module.eks-cluster-with-import-vpc.module.aws-eks-accelerator-for-terraform.module.aws_eks.module.self_managed_node_group.aws_security_group.this",
            "module.eks-cluster-with-import-vpc.module.aws-eks-accelerator-for-terraform.module.aws_eks.module.self_managed_node_group.aws_security_group_rule.this",
            "module.eks-cluster-with-import-vpc.module.aws-eks-accelerator-for-terraform.module.aws_eks.module.self_managed_node_group.data.aws_ami.eks_default",
            "module.eks-cluster-with-import-vpc.module.aws-eks-accelerator-for-terraform.module.aws_eks.module.self_managed_node_group.data.aws_caller_identity.current",
            "module.eks-cluster-with-import-vpc.module.aws-eks-accelerator-for-terraform.module.aws_eks.module.self_managed_node_group.data.aws_iam_policy_document.assume_role_policy",
            "module.eks-cluster-with-import-vpc.module.aws-eks-accelerator-for-terraform.module.aws_eks.module.self_managed_node_group.data.aws_partition.current",
            "module.eks-cluster-with-import-vpc.module.aws-eks-accelerator-for-terraform.module.aws_eks.module.self_managed_node_group.module.user_data.data.cloudinit_config.linux_eks_managed_node_group",
            "module.eks-cluster-with-import-vpc.module.aws-eks-accelerator-for-terraform.module.aws_eks_fargate_profiles.aws_eks_fargate_profile.eks_fargate",
            "module.eks-cluster-with-import-vpc.module.aws-eks-accelerator-for-terraform.module.aws_eks_fargate_profiles.aws_iam_policy.cwlogs",
            "module.eks-cluster-with-import-vpc.module.aws-eks-accelerator-for-terraform.module.aws_eks_fargate_profiles.aws_iam_role.fargate",
            "module.eks-cluster-with-import-vpc.module.aws-eks-accelerator-for-terraform.module.aws_eks_fargate_profiles.aws_iam_role_policy_attachment.cwlogs",
            "module.eks-cluster-with-import-vpc.module.aws-eks-accelerator-for-terraform.module.aws_eks_fargate_profiles.aws_iam_role_policy_attachment.fargate_pod_execution_role_policy",
            "module.eks-cluster-with-import-vpc.module.aws-eks-accelerator-for-terraform.module.aws_eks_fargate_profiles.data.aws_iam_policy_document.cwlogs",
            "module.eks-cluster-with-import-vpc.module.aws-eks-accelerator-for-terraform.module.aws_eks_fargate_profiles.data.aws_iam_policy_document.fargate_assume_role_policy",
            "module.eks-cluster-with-import-vpc.module.aws-eks-accelerator-for-terraform.module.aws_eks_managed_node_groups.aws_eks_node_group.managed_ng",
            "module.eks-cluster-with-import-vpc.module.aws-eks-accelerator-for-terraform.module.aws_eks_managed_node_groups.aws_iam_instance_profile.managed_ng",
            "module.eks-cluster-with-import-vpc.module.aws-eks-accelerator-for-terraform.module.aws_eks_managed_node_groups.aws_iam_role.managed_ng",
            "module.eks-cluster-with-import-vpc.module.aws-eks-accelerator-for-terraform.module.aws_eks_managed_node_groups.aws_iam_role_policy_attachment.managed_ng",
            "module.eks-cluster-with-import-vpc.module.aws-eks-accelerator-for-terraform.module.aws_eks_managed_node_groups.aws_iam_role_policy_attachment.managed_ng_AmazonEC2ContainerRegistryReadOnly",
            "module.eks-cluster-with-import-vpc.module.aws-eks-accelerator-for-terraform.module.aws_eks_managed_node_groups.aws_iam_role_policy_attachment.managed_ng_AmazonEKSWorkerNodePolicy",
            "module.eks-cluster-with-import-vpc.module.aws-eks-accelerator-for-terraform.module.aws_eks_managed_node_groups.aws_iam_role_policy_attachment.managed_ng_AmazonEKS_CNI_Policy",
            "module.eks-cluster-with-import-vpc.module.aws-eks-accelerator-for-terraform.module.aws_eks_managed_node_groups.aws_iam_role_policy_attachment.managed_ng_AmazonSSMManagedInstanceCore",
            "module.eks-cluster-with-import-vpc.module.aws-eks-accelerator-for-terraform.module.aws_eks_managed_node_groups.aws_launch_template.managed_node_groups",
            "module.eks-cluster-with-import-vpc.module.aws-eks-accelerator-for-terraform.module.aws_eks_managed_node_groups.data.aws_iam_policy_document.managed_ng_assume_role_policy",
            "module.eks-cluster-with-import-vpc.module.aws-eks-accelerator-for-terraform.module.aws_eks_self_managed_node_groups.aws_autoscaling_group.self_managed_ng",
            "module.eks-cluster-with-import-vpc.module.aws-eks-accelerator-for-terraform.module.aws_eks_self_managed_node_groups.aws_iam_instance_profile.self_managed_ng",
            "module.eks-cluster-with-import-vpc.module.aws-eks-accelerator-for-terraform.module.aws_eks_self_managed_node_groups.aws_iam_policy.eks_windows_cni",
            "module.eks-cluster-with-import-vpc.module.aws-eks-accelerator-for-terraform.module.aws_eks_self_managed_node_groups.aws_iam_role.self_managed_ng",
            "module.eks-cluster-with-import-vpc.module.aws-eks-accelerator-for-terraform.module.aws_eks_self_managed_node_groups.aws_iam_role_policy_attachment.eks_windows_cni",
            "module.eks-cluster-with-import-vpc.module.aws-eks-accelerator-for-terraform.module.aws_eks_self_managed_node_groups.aws_iam_role_policy_attachment.self_managed_ng",
            "module.eks-cluster-with-import-vpc.module.aws-eks-accelerator-for-terraform.module.aws_eks_self_managed_node_groups.data.aws_ami.predefined",
            "module.eks-cluster-with-import-vpc.module.aws-eks-accelerator-for-terraform.module.aws_eks_self_managed_node_groups.data.aws_iam_policy_document.eks_windows_cni",
            "module.eks-cluster-with-import-vpc.module.aws-eks-accelerator-for-terraform.module.aws_eks_self_managed_node_groups.data.aws_iam_policy_document.self_managed_ng_assume_role_policy",
            "module.eks-cluster-with-import-vpc.module.aws-eks-accelerator-for-terraform.module.aws_eks_self_managed_node_groups.module.launch_template_self_managed_ng.aws_launch_template.this",
            "module.eks-cluster-with-import-vpc.module.aws-eks-accelerator-for-terraform.module.aws_eks_self_managed_node_groups.module.launch_template_self_managed_ng.data.aws_eks_cluster.eks",
            "module.eks-cluster-with-import-vpc.module.aws-eks-accelerator-for-terraform.module.aws_eks_self_managed_node_groups.module.launch_template_self_managed_ng.data.aws_eks_cluster_auth.eks",
            "module.eks-cluster-with-import-vpc.module.aws-eks-accelerator-for-terraform.module.aws_eks_teams.aws_iam_policy.platform_team_eks_access",
            "module.eks-cluster-with-import-vpc.module.aws-eks-accelerator-for-terraform.module.aws_eks_teams.aws_iam_role.platform_team",
            "module.eks-cluster-with-import-vpc.module.aws-eks-accelerator-for-terraform.module.aws_eks_teams.aws_iam_role.team_access",
            "module.eks-cluster-with-import-vpc.module.aws-eks-accelerator-for-terraform.module.aws_eks_teams.aws_iam_role.team_sa_irsa",
            "module.eks-cluster-with-import-vpc.module.aws-eks-accelerator-for-terraform.module.aws_eks_teams.data.aws_caller_identity.current",
            "module.eks-cluster-with-import-vpc.module.aws-eks-accelerator-for-terraform.module.aws_eks_teams.data.aws_eks_cluster.eks_cluster",
            "module.eks-cluster-with-import-vpc.module.aws-eks-accelerator-for-terraform.module.aws_eks_teams.data.aws_iam_policy_document.platform_team_eks_access",
            "module.eks-cluster-with-import-vpc.module.aws-eks-accelerator-for-terraform.module.aws_eks_teams.data.aws_partition.current",
            "module.eks-cluster-with-import-vpc.module.aws-eks-accelerator-for-terraform.module.aws_eks_teams.data.aws_region.current",
            "module.eks-cluster-with-import-vpc.module.aws-eks-accelerator-for-terraform.module.aws_eks_teams.kubectl_manifest.team",
            "module.eks-cluster-with-import-vpc.module.aws-eks-accelerator-for-terraform.module.aws_eks_teams.kubernetes_cluster_role.team",
            "module.eks-cluster-with-import-vpc.module.aws-eks-accelerator-for-terraform.module.aws_eks_teams.kubernetes_cluster_role_binding.team",
            "module.eks-cluster-with-import-vpc.module.aws-eks-accelerator-for-terraform.module.aws_eks_teams.kubernetes_namespace.team",
            "module.eks-cluster-with-import-vpc.module.aws-eks-accelerator-for-terraform.module.aws_eks_teams.kubernetes_resource_quota.team_compute_quota",
            "module.eks-cluster-with-import-vpc.module.aws-eks-accelerator-for-terraform.module.aws_eks_teams.kubernetes_resource_quota.team_object_quota",
            "module.eks-cluster-with-import-vpc.module.aws-eks-accelerator-for-terraform.module.aws_eks_teams.kubernetes_role.team",
            "module.eks-cluster-with-import-vpc.module.aws-eks-accelerator-for-terraform.module.aws_eks_teams.kubernetes_role_binding.team",
            "module.eks-cluster-with-import-vpc.module.aws-eks-accelerator-for-terraform.module.aws_eks_teams.kubernetes_service_account.team",
            "module.eks-cluster-with-import-vpc.module.aws-eks-accelerator-for-terraform.module.aws_managed_prometheus.aws_prometheus_workspace.amp_workspace",
            "module.eks-cluster-with-import-vpc.module.aws-eks-accelerator-for-terraform.module.emr_on_eks.aws_iam_policy.emr_on_eks_execution",
            "module.eks-cluster-with-import-vpc.module.aws-eks-accelerator-for-terraform.module.emr_on_eks.aws_iam_role.emr_on_eks_execution",
            "module.eks-cluster-with-import-vpc.module.aws-eks-accelerator-for-terraform.module.emr_on_eks.aws_iam_role_policy_attachment.emr_on_eks_execution",
            "module.eks-cluster-with-import-vpc.module.aws-eks-accelerator-for-terraform.module.emr_on_eks.data.aws_caller_identity.current",
            "module.eks-cluster-with-import-vpc.module.aws-eks-accelerator-for-terraform.module.emr_on_eks.data.aws_iam_policy_document.emr_assume_role",
            "module.eks-cluster-with-import-vpc.module.aws-eks-accelerator-for-terraform.module.emr_on_eks.data.aws_iam_policy_document.emr_on_eks",
            "module.eks-cluster-with-import-vpc.module.aws-eks-accelerator-for-terraform.module.emr_on_eks.data.aws_partition.current",
            "module.eks-cluster-with-import-vpc.module.aws-eks-accelerator-for-terraform.module.emr_on_eks.data.aws_region.current",
            "module.eks-cluster-with-import-vpc.module.aws-eks-accelerator-for-terraform.module.emr_on_eks.kubernetes_namespace.spark",
            "module.eks-cluster-with-import-vpc.module.aws-eks-accelerator-for-terraform.module.emr_on_eks.kubernetes_role.emr_containers",
            "module.eks-cluster-with-import-vpc.module.aws-eks-accelerator-for-terraform.module.emr_on_eks.kubernetes_role_binding.emr_containers",
            "module.eks-cluster-with-import-vpc.module.aws-eks-accelerator-for-terraform.module.emr_on_eks.null_resource.update_trust_policy",
            "module.eks-cluster-with-import-vpc.module.aws-eks-accelerator-for-terraform.module.kms.aws_kms_alias.this",
            "module.eks-cluster-with-import-vpc.module.aws-eks-accelerator-for-terraform.module.kms.aws_kms_key.this",
            "module.eks-cluster-with-import-vpc.module.aws_vpc.aws_subnet.private",
            "module.eks-cluster-with-import-vpc.module.aws_vpc.aws_vpc.this",
            "module.eks-cluster-with-import-vpc.module.aws_vpc.aws_vpc_ipv4_cidr_block_association.this",
            "module.eks-cluster-with-import-vpc.module.kubernetes-addons.data.aws_caller_identity.current",
            "module.eks-cluster-with-import-vpc.module.kubernetes-addons.data.aws_eks_cluster.eks_cluster",
            "module.eks-cluster-with-import-vpc.module.kubernetes-addons.data.aws_partition.current",
            "module.eks-cluster-with-import-vpc.module.kubernetes-addons.data.aws_region.current",
            "module.eks-cluster-with-import-vpc.module.kubernetes-addons.module.promtail.data.aws_iam_policy_document.this"
          ]
        }
      ]
    },
    {
      "module": "module.eks-cluster-with-import-vpc.module.kubernetes-addons.module.promtail[0].module.helm_addon.module.irsa[0]",
      "mode": "managed",
      "type": "aws_iam_role",
      "name": "irsa",
      "provider": "provider[\"registry.terraform.io/hashicorp/aws\"]",
      "instances": [
        {
          "index_key": 0,
          "schema_version": 0,
          "attributes": {
            "arn": "arn:aws:iam::411309562081:role/eclipz-sndbx-devops-eks-promtail-irsa",
            "assume_role_policy": "{\"Statement\":[{\"Action\":\"sts:AssumeRoleWithWebIdentity\",\"Condition\":{\"StringLike\":{\"oidc.eks.us-east-1.amazonaws.com/id/B5E4A8F73D2823F247F70443DF689A3C:sub\":\"system:serviceaccount:promtail:promtail\"}},\"Effect\":\"Allow\",\"Principal\":{\"Federated\":\"arn:aws:iam::411309562081:oidc-provider/oidc.eks.us-east-1.amazonaws.com/id/B5E4A8F73D2823F247F70443DF689A3C\"}}],\"Version\":\"2012-10-17\"}",
            "create_date": "2022-11-17T08:02:16Z",
            "description": "AWS IAM Role for the Kubernetes service account promtail.",
            "force_detach_policies": true,
            "id": "eclipz-sndbx-devops-eks-promtail-irsa",
            "inline_policy": [],
            "managed_policy_arns": [
              "arn:aws:iam::411309562081:policy/eclipz-sndbx-devops-eks-promtail"
            ],
            "max_session_duration": 3600,
            "name": "eclipz-sndbx-devops-eks-promtail-irsa",
            "name_prefix": "",
            "path": "/",
            "permissions_boundary": "",
            "tags": {
              "Name": "eclipz-sndbx-devops-eks-promtail-irsa",
              "app.kubernetes.io/managed-by": "terraform-eks-blueprints"
            },
            "tags_all": {
              "Name": "eclipz-sndbx-devops-eks-promtail-irsa",
              "app.kubernetes.io/managed-by": "terraform-eks-blueprints"
            },
            "unique_id": "AROAV7Q7V3DQTDUOI2BWS"
          },
          "sensitive_attributes": [],
          "private": "bnVsbA==",
          "dependencies": [
            "module.eks-cluster-with-import-vpc.data.aws_availability_zones.available",
            "module.eks-cluster-with-import-vpc.data.aws_eks_cluster.cluster",
            "module.eks-cluster-with-import-vpc.data.aws_eks_cluster_auth.cluster",
            "module.eks-cluster-with-import-vpc.module.aws-eks-accelerator-for-terraform.data.aws_availability_zones.available",
            "module.eks-cluster-with-import-vpc.module.aws-eks-accelerator-for-terraform.data.aws_caller_identity.current",
            "module.eks-cluster-with-import-vpc.module.aws-eks-accelerator-for-terraform.data.aws_eks_cluster.cluster",
            "module.eks-cluster-with-import-vpc.module.aws-eks-accelerator-for-terraform.data.aws_eks_cluster_auth.cluster",
            "module.eks-cluster-with-import-vpc.module.aws-eks-accelerator-for-terraform.data.aws_iam_policy_document.eks_key",
            "module.eks-cluster-with-import-vpc.module.aws-eks-accelerator-for-terraform.data.aws_iam_session_context.current",
            "module.eks-cluster-with-import-vpc.module.aws-eks-accelerator-for-terraform.data.aws_partition.current",
            "module.eks-cluster-with-import-vpc.module.aws-eks-accelerator-for-terraform.data.aws_region.current",
            "module.eks-cluster-with-import-vpc.module.aws-eks-accelerator-for-terraform.data.http.eks_cluster_readiness",
            "module.eks-cluster-with-import-vpc.module.aws-eks-accelerator-for-terraform.kubernetes_config_map.amazon_vpc_cni",
            "module.eks-cluster-with-import-vpc.module.aws-eks-accelerator-for-terraform.kubernetes_config_map.aws_auth",
            "module.eks-cluster-with-import-vpc.module.aws-eks-accelerator-for-terraform.module.aws_eks.aws_cloudwatch_log_group.this",
            "module.eks-cluster-with-import-vpc.module.aws-eks-accelerator-for-terraform.module.aws_eks.aws_eks_addon.this",
            "module.eks-cluster-with-import-vpc.module.aws-eks-accelerator-for-terraform.module.aws_eks.aws_eks_cluster.this",
            "module.eks-cluster-with-import-vpc.module.aws-eks-accelerator-for-terraform.module.aws_eks.aws_eks_identity_provider_config.this",
            "module.eks-cluster-with-import-vpc.module.aws-eks-accelerator-for-terraform.module.aws_eks.aws_iam_openid_connect_provider.oidc_provider",
            "module.eks-cluster-with-import-vpc.module.aws-eks-accelerator-for-terraform.module.aws_eks.aws_iam_policy.cluster_encryption",
            "module.eks-cluster-with-import-vpc.module.aws-eks-accelerator-for-terraform.module.aws_eks.aws_iam_policy.cni_ipv6_policy",
            "module.eks-cluster-with-import-vpc.module.aws-eks-accelerator-for-terraform.module.aws_eks.aws_iam_role.this",
            "module.eks-cluster-with-import-vpc.module.aws-eks-accelerator-for-terraform.module.aws_eks.aws_iam_role_policy_attachment.cluster_encryption",
            "module.eks-cluster-with-import-vpc.module.aws-eks-accelerator-for-terraform.module.aws_eks.aws_iam_role_policy_attachment.this",
            "module.eks-cluster-with-import-vpc.module.aws-eks-accelerator-for-terraform.module.aws_eks.aws_security_group.cluster",
            "module.eks-cluster-with-import-vpc.module.aws-eks-accelerator-for-terraform.module.aws_eks.aws_security_group.node",
            "module.eks-cluster-with-import-vpc.module.aws-eks-accelerator-for-terraform.module.aws_eks.aws_security_group_rule.cluster",
            "module.eks-cluster-with-import-vpc.module.aws-eks-accelerator-for-terraform.module.aws_eks.aws_security_group_rule.node",
            "module.eks-cluster-with-import-vpc.module.aws-eks-accelerator-for-terraform.module.aws_eks.data.aws_iam_policy_document.assume_role_policy",
            "module.eks-cluster-with-import-vpc.module.aws-eks-accelerator-for-terraform.module.aws_eks.data.aws_iam_policy_document.cni_ipv6_policy",
            "module.eks-cluster-with-import-vpc.module.aws-eks-accelerator-for-terraform.module.aws_eks.data.aws_partition.current",
            "module.eks-cluster-with-import-vpc.module.aws-eks-accelerator-for-terraform.module.aws_eks.data.tls_certificate.this",
            "module.eks-cluster-with-import-vpc.module.aws-eks-accelerator-for-terraform.module.aws_eks.module.eks_managed_node_group.aws_eks_node_group.this",
            "module.eks-cluster-with-import-vpc.module.aws-eks-accelerator-for-terraform.module.aws_eks.module.eks_managed_node_group.aws_iam_role.this",
            "module.eks-cluster-with-import-vpc.module.aws-eks-accelerator-for-terraform.module.aws_eks.module.eks_managed_node_group.aws_iam_role_policy_attachment.this",
            "module.eks-cluster-with-import-vpc.module.aws-eks-accelerator-for-terraform.module.aws_eks.module.eks_managed_node_group.aws_launch_template.this",
            "module.eks-cluster-with-import-vpc.module.aws-eks-accelerator-for-terraform.module.aws_eks.module.eks_managed_node_group.aws_security_group.this",
            "module.eks-cluster-with-import-vpc.module.aws-eks-accelerator-for-terraform.module.aws_eks.module.eks_managed_node_group.aws_security_group_rule.this",
            "module.eks-cluster-with-import-vpc.module.aws-eks-accelerator-for-terraform.module.aws_eks.module.eks_managed_node_group.data.aws_caller_identity.current",
            "module.eks-cluster-with-import-vpc.module.aws-eks-accelerator-for-terraform.module.aws_eks.module.eks_managed_node_group.data.aws_iam_policy_document.assume_role_policy",
            "module.eks-cluster-with-import-vpc.module.aws-eks-accelerator-for-terraform.module.aws_eks.module.eks_managed_node_group.data.aws_partition.current",
            "module.eks-cluster-with-import-vpc.module.aws-eks-accelerator-for-terraform.module.aws_eks.module.eks_managed_node_group.module.user_data.data.cloudinit_config.linux_eks_managed_node_group",
            "module.eks-cluster-with-import-vpc.module.aws-eks-accelerator-for-terraform.module.aws_eks.module.fargate_profile.aws_eks_fargate_profile.this",
            "module.eks-cluster-with-import-vpc.module.aws-eks-accelerator-for-terraform.module.aws_eks.module.fargate_profile.aws_iam_role.this",
            "module.eks-cluster-with-import-vpc.module.aws-eks-accelerator-for-terraform.module.aws_eks.module.fargate_profile.aws_iam_role_policy_attachment.this",
            "module.eks-cluster-with-import-vpc.module.aws-eks-accelerator-for-terraform.module.aws_eks.module.fargate_profile.data.aws_caller_identity.current",
            "module.eks-cluster-with-import-vpc.module.aws-eks-accelerator-for-terraform.module.aws_eks.module.fargate_profile.data.aws_iam_policy_document.assume_role_policy",
            "module.eks-cluster-with-import-vpc.module.aws-eks-accelerator-for-terraform.module.aws_eks.module.fargate_profile.data.aws_partition.current",
            "module.eks-cluster-with-import-vpc.module.aws-eks-accelerator-for-terraform.module.aws_eks.module.self_managed_node_group.aws_autoscaling_group.this",
            "module.eks-cluster-with-import-vpc.module.aws-eks-accelerator-for-terraform.module.aws_eks.module.self_managed_node_group.aws_autoscaling_schedule.this",
            "module.eks-cluster-with-import-vpc.module.aws-eks-accelerator-for-terraform.module.aws_eks.module.self_managed_node_group.aws_iam_instance_profile.this",
            "module.eks-cluster-with-import-vpc.module.aws-eks-accelerator-for-terraform.module.aws_eks.module.self_managed_node_group.aws_iam_role.this",
            "module.eks-cluster-with-import-vpc.module.aws-eks-accelerator-for-terraform.module.aws_eks.module.self_managed_node_group.aws_iam_role_policy_attachment.this",
            "module.eks-cluster-with-import-vpc.module.aws-eks-accelerator-for-terraform.module.aws_eks.module.self_managed_node_group.aws_launch_template.this",
            "module.eks-cluster-with-import-vpc.module.aws-eks-accelerator-for-terraform.module.aws_eks.module.self_managed_node_group.aws_security_group.this",
            "module.eks-cluster-with-import-vpc.module.aws-eks-accelerator-for-terraform.module.aws_eks.module.self_managed_node_group.aws_security_group_rule.this",
            "module.eks-cluster-with-import-vpc.module.aws-eks-accelerator-for-terraform.module.aws_eks.module.self_managed_node_group.data.aws_ami.eks_default",
            "module.eks-cluster-with-import-vpc.module.aws-eks-accelerator-for-terraform.module.aws_eks.module.self_managed_node_group.data.aws_caller_identity.current",
            "module.eks-cluster-with-import-vpc.module.aws-eks-accelerator-for-terraform.module.aws_eks.module.self_managed_node_group.data.aws_iam_policy_document.assume_role_policy",
            "module.eks-cluster-with-import-vpc.module.aws-eks-accelerator-for-terraform.module.aws_eks.module.self_managed_node_group.data.aws_partition.current",
            "module.eks-cluster-with-import-vpc.module.aws-eks-accelerator-for-terraform.module.aws_eks.module.self_managed_node_group.module.user_data.data.cloudinit_config.linux_eks_managed_node_group",
            "module.eks-cluster-with-import-vpc.module.aws-eks-accelerator-for-terraform.module.aws_eks_fargate_profiles.aws_eks_fargate_profile.eks_fargate",
            "module.eks-cluster-with-import-vpc.module.aws-eks-accelerator-for-terraform.module.aws_eks_fargate_profiles.aws_iam_policy.cwlogs",
            "module.eks-cluster-with-import-vpc.module.aws-eks-accelerator-for-terraform.module.aws_eks_fargate_profiles.aws_iam_role.fargate",
            "module.eks-cluster-with-import-vpc.module.aws-eks-accelerator-for-terraform.module.aws_eks_fargate_profiles.aws_iam_role_policy_attachment.cwlogs",
            "module.eks-cluster-with-import-vpc.module.aws-eks-accelerator-for-terraform.module.aws_eks_fargate_profiles.aws_iam_role_policy_attachment.fargate_pod_execution_role_policy",
            "module.eks-cluster-with-import-vpc.module.aws-eks-accelerator-for-terraform.module.aws_eks_fargate_profiles.data.aws_iam_policy_document.cwlogs",
            "module.eks-cluster-with-import-vpc.module.aws-eks-accelerator-for-terraform.module.aws_eks_fargate_profiles.data.aws_iam_policy_document.fargate_assume_role_policy",
            "module.eks-cluster-with-import-vpc.module.aws-eks-accelerator-for-terraform.module.aws_eks_managed_node_groups.aws_eks_node_group.managed_ng",
            "module.eks-cluster-with-import-vpc.module.aws-eks-accelerator-for-terraform.module.aws_eks_managed_node_groups.aws_iam_instance_profile.managed_ng",
            "module.eks-cluster-with-import-vpc.module.aws-eks-accelerator-for-terraform.module.aws_eks_managed_node_groups.aws_iam_role.managed_ng",
            "module.eks-cluster-with-import-vpc.module.aws-eks-accelerator-for-terraform.module.aws_eks_managed_node_groups.aws_iam_role_policy_attachment.managed_ng",
            "module.eks-cluster-with-import-vpc.module.aws-eks-accelerator-for-terraform.module.aws_eks_managed_node_groups.aws_iam_role_policy_attachment.managed_ng_AmazonEC2ContainerRegistryReadOnly",
            "module.eks-cluster-with-import-vpc.module.aws-eks-accelerator-for-terraform.module.aws_eks_managed_node_groups.aws_iam_role_policy_attachment.managed_ng_AmazonEKSWorkerNodePolicy",
            "module.eks-cluster-with-import-vpc.module.aws-eks-accelerator-for-terraform.module.aws_eks_managed_node_groups.aws_iam_role_policy_attachment.managed_ng_AmazonEKS_CNI_Policy",
            "module.eks-cluster-with-import-vpc.module.aws-eks-accelerator-for-terraform.module.aws_eks_managed_node_groups.aws_iam_role_policy_attachment.managed_ng_AmazonSSMManagedInstanceCore",
            "module.eks-cluster-with-import-vpc.module.aws-eks-accelerator-for-terraform.module.aws_eks_managed_node_groups.aws_launch_template.managed_node_groups",
            "module.eks-cluster-with-import-vpc.module.aws-eks-accelerator-for-terraform.module.aws_eks_managed_node_groups.data.aws_iam_policy_document.managed_ng_assume_role_policy",
            "module.eks-cluster-with-import-vpc.module.aws-eks-accelerator-for-terraform.module.aws_eks_self_managed_node_groups.aws_autoscaling_group.self_managed_ng",
            "module.eks-cluster-with-import-vpc.module.aws-eks-accelerator-for-terraform.module.aws_eks_self_managed_node_groups.aws_iam_instance_profile.self_managed_ng",
            "module.eks-cluster-with-import-vpc.module.aws-eks-accelerator-for-terraform.module.aws_eks_self_managed_node_groups.aws_iam_policy.eks_windows_cni",
            "module.eks-cluster-with-import-vpc.module.aws-eks-accelerator-for-terraform.module.aws_eks_self_managed_node_groups.aws_iam_role.self_managed_ng",
            "module.eks-cluster-with-import-vpc.module.aws-eks-accelerator-for-terraform.module.aws_eks_self_managed_node_groups.aws_iam_role_policy_attachment.eks_windows_cni",
            "module.eks-cluster-with-import-vpc.module.aws-eks-accelerator-for-terraform.module.aws_eks_self_managed_node_groups.aws_iam_role_policy_attachment.self_managed_ng",
            "module.eks-cluster-with-import-vpc.module.aws-eks-accelerator-for-terraform.module.aws_eks_self_managed_node_groups.data.aws_ami.predefined",
            "module.eks-cluster-with-import-vpc.module.aws-eks-accelerator-for-terraform.module.aws_eks_self_managed_node_groups.data.aws_iam_policy_document.eks_windows_cni",
            "module.eks-cluster-with-import-vpc.module.aws-eks-accelerator-for-terraform.module.aws_eks_self_managed_node_groups.data.aws_iam_policy_document.self_managed_ng_assume_role_policy",
            "module.eks-cluster-with-import-vpc.module.aws-eks-accelerator-for-terraform.module.aws_eks_self_managed_node_groups.module.launch_template_self_managed_ng.aws_launch_template.this",
            "module.eks-cluster-with-import-vpc.module.aws-eks-accelerator-for-terraform.module.aws_eks_self_managed_node_groups.module.launch_template_self_managed_ng.data.aws_eks_cluster.eks",
            "module.eks-cluster-with-import-vpc.module.aws-eks-accelerator-for-terraform.module.aws_eks_self_managed_node_groups.module.launch_template_self_managed_ng.data.aws_eks_cluster_auth.eks",
            "module.eks-cluster-with-import-vpc.module.aws-eks-accelerator-for-terraform.module.aws_eks_teams.aws_iam_policy.platform_team_eks_access",
            "module.eks-cluster-with-import-vpc.module.aws-eks-accelerator-for-terraform.module.aws_eks_teams.aws_iam_role.platform_team",
            "module.eks-cluster-with-import-vpc.module.aws-eks-accelerator-for-terraform.module.aws_eks_teams.aws_iam_role.team_access",
            "module.eks-cluster-with-import-vpc.module.aws-eks-accelerator-for-terraform.module.aws_eks_teams.aws_iam_role.team_sa_irsa",
            "module.eks-cluster-with-import-vpc.module.aws-eks-accelerator-for-terraform.module.aws_eks_teams.data.aws_caller_identity.current",
            "module.eks-cluster-with-import-vpc.module.aws-eks-accelerator-for-terraform.module.aws_eks_teams.data.aws_eks_cluster.eks_cluster",
            "module.eks-cluster-with-import-vpc.module.aws-eks-accelerator-for-terraform.module.aws_eks_teams.data.aws_iam_policy_document.platform_team_eks_access",
            "module.eks-cluster-with-import-vpc.module.aws-eks-accelerator-for-terraform.module.aws_eks_teams.data.aws_partition.current",
            "module.eks-cluster-with-import-vpc.module.aws-eks-accelerator-for-terraform.module.aws_eks_teams.data.aws_region.current",
            "module.eks-cluster-with-import-vpc.module.aws-eks-accelerator-for-terraform.module.aws_eks_teams.kubectl_manifest.team",
            "module.eks-cluster-with-import-vpc.module.aws-eks-accelerator-for-terraform.module.aws_eks_teams.kubernetes_cluster_role.team",
            "module.eks-cluster-with-import-vpc.module.aws-eks-accelerator-for-terraform.module.aws_eks_teams.kubernetes_cluster_role_binding.team",
            "module.eks-cluster-with-import-vpc.module.aws-eks-accelerator-for-terraform.module.aws_eks_teams.kubernetes_namespace.team",
            "module.eks-cluster-with-import-vpc.module.aws-eks-accelerator-for-terraform.module.aws_eks_teams.kubernetes_resource_quota.team_compute_quota",
            "module.eks-cluster-with-import-vpc.module.aws-eks-accelerator-for-terraform.module.aws_eks_teams.kubernetes_resource_quota.team_object_quota",
            "module.eks-cluster-with-import-vpc.module.aws-eks-accelerator-for-terraform.module.aws_eks_teams.kubernetes_role.team",
            "module.eks-cluster-with-import-vpc.module.aws-eks-accelerator-for-terraform.module.aws_eks_teams.kubernetes_role_binding.team",
            "module.eks-cluster-with-import-vpc.module.aws-eks-accelerator-for-terraform.module.aws_eks_teams.kubernetes_service_account.team",
            "module.eks-cluster-with-import-vpc.module.aws-eks-accelerator-for-terraform.module.aws_managed_prometheus.aws_prometheus_workspace.amp_workspace",
            "module.eks-cluster-with-import-vpc.module.aws-eks-accelerator-for-terraform.module.emr_on_eks.aws_iam_policy.emr_on_eks_execution",
            "module.eks-cluster-with-import-vpc.module.aws-eks-accelerator-for-terraform.module.emr_on_eks.aws_iam_role.emr_on_eks_execution",
            "module.eks-cluster-with-import-vpc.module.aws-eks-accelerator-for-terraform.module.emr_on_eks.aws_iam_role_policy_attachment.emr_on_eks_execution",
            "module.eks-cluster-with-import-vpc.module.aws-eks-accelerator-for-terraform.module.emr_on_eks.data.aws_caller_identity.current",
            "module.eks-cluster-with-import-vpc.module.aws-eks-accelerator-for-terraform.module.emr_on_eks.data.aws_iam_policy_document.emr_assume_role",
            "module.eks-cluster-with-import-vpc.module.aws-eks-accelerator-for-terraform.module.emr_on_eks.data.aws_iam_policy_document.emr_on_eks",
            "module.eks-cluster-with-import-vpc.module.aws-eks-accelerator-for-terraform.module.emr_on_eks.data.aws_partition.current",
            "module.eks-cluster-with-import-vpc.module.aws-eks-accelerator-for-terraform.module.emr_on_eks.data.aws_region.current",
            "module.eks-cluster-with-import-vpc.module.aws-eks-accelerator-for-terraform.module.emr_on_eks.kubernetes_namespace.spark",
            "module.eks-cluster-with-import-vpc.module.aws-eks-accelerator-for-terraform.module.emr_on_eks.kubernetes_role.emr_containers",
            "module.eks-cluster-with-import-vpc.module.aws-eks-accelerator-for-terraform.module.emr_on_eks.kubernetes_role_binding.emr_containers",
            "module.eks-cluster-with-import-vpc.module.aws-eks-accelerator-for-terraform.module.emr_on_eks.null_resource.update_trust_policy",
            "module.eks-cluster-with-import-vpc.module.aws-eks-accelerator-for-terraform.module.kms.aws_kms_alias.this",
            "module.eks-cluster-with-import-vpc.module.aws-eks-accelerator-for-terraform.module.kms.aws_kms_key.this",
            "module.eks-cluster-with-import-vpc.module.aws_vpc.aws_subnet.private",
            "module.eks-cluster-with-import-vpc.module.aws_vpc.aws_vpc.this",
            "module.eks-cluster-with-import-vpc.module.aws_vpc.aws_vpc_ipv4_cidr_block_association.this",
            "module.eks-cluster-with-import-vpc.module.kubernetes-addons.data.aws_caller_identity.current",
            "module.eks-cluster-with-import-vpc.module.kubernetes-addons.data.aws_eks_cluster.eks_cluster",
            "module.eks-cluster-with-import-vpc.module.kubernetes-addons.data.aws_partition.current",
            "module.eks-cluster-with-import-vpc.module.kubernetes-addons.data.aws_region.current",
            "module.eks-cluster-with-import-vpc.module.kubernetes-addons.module.promtail.aws_iam_policy.promtail",
            "module.eks-cluster-with-import-vpc.module.kubernetes-addons.module.promtail.data.aws_iam_policy_document.this"
          ]
        }
      ]
    },
    {
      "module": "module.eks-cluster-with-import-vpc.module.kubernetes-addons.module.promtail[0].module.helm_addon.module.irsa[0]",
      "mode": "managed",
      "type": "aws_iam_role_policy_attachment",
      "name": "irsa",
      "provider": "provider[\"registry.terraform.io/hashicorp/aws\"]",
      "instances": [
        {
          "index_key": 0,
          "schema_version": 0,
          "attributes": {
            "id": "eclipz-sndbx-devops-eks-promtail-irsa-2022111708010016440000000e",
            "policy_arn": "arn:aws:iam::411309562081:policy/eclipz-sndbx-devops-eks-promtail",
            "role": "eclipz-sndbx-devops-eks-promtail-irsa"
          },
          "sensitive_attributes": [],
          "private": "bnVsbA==",
          "dependencies": [
            "module.eks-cluster-with-import-vpc.data.aws_availability_zones.available",
            "module.eks-cluster-with-import-vpc.data.aws_eks_cluster.cluster",
            "module.eks-cluster-with-import-vpc.data.aws_eks_cluster_auth.cluster",
            "module.eks-cluster-with-import-vpc.module.aws-eks-accelerator-for-terraform.data.aws_availability_zones.available",
            "module.eks-cluster-with-import-vpc.module.aws-eks-accelerator-for-terraform.data.aws_caller_identity.current",
            "module.eks-cluster-with-import-vpc.module.aws-eks-accelerator-for-terraform.data.aws_eks_cluster.cluster",
            "module.eks-cluster-with-import-vpc.module.aws-eks-accelerator-for-terraform.data.aws_eks_cluster_auth.cluster",
            "module.eks-cluster-with-import-vpc.module.aws-eks-accelerator-for-terraform.data.aws_iam_policy_document.eks_key",
            "module.eks-cluster-with-import-vpc.module.aws-eks-accelerator-for-terraform.data.aws_iam_session_context.current",
            "module.eks-cluster-with-import-vpc.module.aws-eks-accelerator-for-terraform.data.aws_partition.current",
            "module.eks-cluster-with-import-vpc.module.aws-eks-accelerator-for-terraform.data.aws_region.current",
            "module.eks-cluster-with-import-vpc.module.aws-eks-accelerator-for-terraform.data.http.eks_cluster_readiness",
            "module.eks-cluster-with-import-vpc.module.aws-eks-accelerator-for-terraform.kubernetes_config_map.amazon_vpc_cni",
            "module.eks-cluster-with-import-vpc.module.aws-eks-accelerator-for-terraform.kubernetes_config_map.aws_auth",
            "module.eks-cluster-with-import-vpc.module.aws-eks-accelerator-for-terraform.module.aws_eks.aws_cloudwatch_log_group.this",
            "module.eks-cluster-with-import-vpc.module.aws-eks-accelerator-for-terraform.module.aws_eks.aws_eks_addon.this",
            "module.eks-cluster-with-import-vpc.module.aws-eks-accelerator-for-terraform.module.aws_eks.aws_eks_cluster.this",
            "module.eks-cluster-with-import-vpc.module.aws-eks-accelerator-for-terraform.module.aws_eks.aws_eks_identity_provider_config.this",
            "module.eks-cluster-with-import-vpc.module.aws-eks-accelerator-for-terraform.module.aws_eks.aws_iam_openid_connect_provider.oidc_provider",
            "module.eks-cluster-with-import-vpc.module.aws-eks-accelerator-for-terraform.module.aws_eks.aws_iam_policy.cluster_encryption",
            "module.eks-cluster-with-import-vpc.module.aws-eks-accelerator-for-terraform.module.aws_eks.aws_iam_policy.cni_ipv6_policy",
            "module.eks-cluster-with-import-vpc.module.aws-eks-accelerator-for-terraform.module.aws_eks.aws_iam_role.this",
            "module.eks-cluster-with-import-vpc.module.aws-eks-accelerator-for-terraform.module.aws_eks.aws_iam_role_policy_attachment.cluster_encryption",
            "module.eks-cluster-with-import-vpc.module.aws-eks-accelerator-for-terraform.module.aws_eks.aws_iam_role_policy_attachment.this",
            "module.eks-cluster-with-import-vpc.module.aws-eks-accelerator-for-terraform.module.aws_eks.aws_security_group.cluster",
            "module.eks-cluster-with-import-vpc.module.aws-eks-accelerator-for-terraform.module.aws_eks.aws_security_group.node",
            "module.eks-cluster-with-import-vpc.module.aws-eks-accelerator-for-terraform.module.aws_eks.aws_security_group_rule.cluster",
            "module.eks-cluster-with-import-vpc.module.aws-eks-accelerator-for-terraform.module.aws_eks.aws_security_group_rule.node",
            "module.eks-cluster-with-import-vpc.module.aws-eks-accelerator-for-terraform.module.aws_eks.data.aws_iam_policy_document.assume_role_policy",
            "module.eks-cluster-with-import-vpc.module.aws-eks-accelerator-for-terraform.module.aws_eks.data.aws_iam_policy_document.cni_ipv6_policy",
            "module.eks-cluster-with-import-vpc.module.aws-eks-accelerator-for-terraform.module.aws_eks.data.aws_partition.current",
            "module.eks-cluster-with-import-vpc.module.aws-eks-accelerator-for-terraform.module.aws_eks.data.tls_certificate.this",
            "module.eks-cluster-with-import-vpc.module.aws-eks-accelerator-for-terraform.module.aws_eks.module.eks_managed_node_group.aws_eks_node_group.this",
            "module.eks-cluster-with-import-vpc.module.aws-eks-accelerator-for-terraform.module.aws_eks.module.eks_managed_node_group.aws_iam_role.this",
            "module.eks-cluster-with-import-vpc.module.aws-eks-accelerator-for-terraform.module.aws_eks.module.eks_managed_node_group.aws_iam_role_policy_attachment.this",
            "module.eks-cluster-with-import-vpc.module.aws-eks-accelerator-for-terraform.module.aws_eks.module.eks_managed_node_group.aws_launch_template.this",
            "module.eks-cluster-with-import-vpc.module.aws-eks-accelerator-for-terraform.module.aws_eks.module.eks_managed_node_group.aws_security_group.this",
            "module.eks-cluster-with-import-vpc.module.aws-eks-accelerator-for-terraform.module.aws_eks.module.eks_managed_node_group.aws_security_group_rule.this",
            "module.eks-cluster-with-import-vpc.module.aws-eks-accelerator-for-terraform.module.aws_eks.module.eks_managed_node_group.data.aws_caller_identity.current",
            "module.eks-cluster-with-import-vpc.module.aws-eks-accelerator-for-terraform.module.aws_eks.module.eks_managed_node_group.data.aws_iam_policy_document.assume_role_policy",
            "module.eks-cluster-with-import-vpc.module.aws-eks-accelerator-for-terraform.module.aws_eks.module.eks_managed_node_group.data.aws_partition.current",
            "module.eks-cluster-with-import-vpc.module.aws-eks-accelerator-for-terraform.module.aws_eks.module.eks_managed_node_group.module.user_data.data.cloudinit_config.linux_eks_managed_node_group",
            "module.eks-cluster-with-import-vpc.module.aws-eks-accelerator-for-terraform.module.aws_eks.module.fargate_profile.aws_eks_fargate_profile.this",
            "module.eks-cluster-with-import-vpc.module.aws-eks-accelerator-for-terraform.module.aws_eks.module.fargate_profile.aws_iam_role.this",
            "module.eks-cluster-with-import-vpc.module.aws-eks-accelerator-for-terraform.module.aws_eks.module.fargate_profile.aws_iam_role_policy_attachment.this",
            "module.eks-cluster-with-import-vpc.module.aws-eks-accelerator-for-terraform.module.aws_eks.module.fargate_profile.data.aws_caller_identity.current",
            "module.eks-cluster-with-import-vpc.module.aws-eks-accelerator-for-terraform.module.aws_eks.module.fargate_profile.data.aws_iam_policy_document.assume_role_policy",
            "module.eks-cluster-with-import-vpc.module.aws-eks-accelerator-for-terraform.module.aws_eks.module.fargate_profile.data.aws_partition.current",
            "module.eks-cluster-with-import-vpc.module.aws-eks-accelerator-for-terraform.module.aws_eks.module.self_managed_node_group.aws_autoscaling_group.this",
            "module.eks-cluster-with-import-vpc.module.aws-eks-accelerator-for-terraform.module.aws_eks.module.self_managed_node_group.aws_autoscaling_schedule.this",
            "module.eks-cluster-with-import-vpc.module.aws-eks-accelerator-for-terraform.module.aws_eks.module.self_managed_node_group.aws_iam_instance_profile.this",
            "module.eks-cluster-with-import-vpc.module.aws-eks-accelerator-for-terraform.module.aws_eks.module.self_managed_node_group.aws_iam_role.this",
            "module.eks-cluster-with-import-vpc.module.aws-eks-accelerator-for-terraform.module.aws_eks.module.self_managed_node_group.aws_iam_role_policy_attachment.this",
            "module.eks-cluster-with-import-vpc.module.aws-eks-accelerator-for-terraform.module.aws_eks.module.self_managed_node_group.aws_launch_template.this",
            "module.eks-cluster-with-import-vpc.module.aws-eks-accelerator-for-terraform.module.aws_eks.module.self_managed_node_group.aws_security_group.this",
            "module.eks-cluster-with-import-vpc.module.aws-eks-accelerator-for-terraform.module.aws_eks.module.self_managed_node_group.aws_security_group_rule.this",
            "module.eks-cluster-with-import-vpc.module.aws-eks-accelerator-for-terraform.module.aws_eks.module.self_managed_node_group.data.aws_ami.eks_default",
            "module.eks-cluster-with-import-vpc.module.aws-eks-accelerator-for-terraform.module.aws_eks.module.self_managed_node_group.data.aws_caller_identity.current",
            "module.eks-cluster-with-import-vpc.module.aws-eks-accelerator-for-terraform.module.aws_eks.module.self_managed_node_group.data.aws_iam_policy_document.assume_role_policy",
            "module.eks-cluster-with-import-vpc.module.aws-eks-accelerator-for-terraform.module.aws_eks.module.self_managed_node_group.data.aws_partition.current",
            "module.eks-cluster-with-import-vpc.module.aws-eks-accelerator-for-terraform.module.aws_eks.module.self_managed_node_group.module.user_data.data.cloudinit_config.linux_eks_managed_node_group",
            "module.eks-cluster-with-import-vpc.module.aws-eks-accelerator-for-terraform.module.aws_eks_fargate_profiles.aws_eks_fargate_profile.eks_fargate",
            "module.eks-cluster-with-import-vpc.module.aws-eks-accelerator-for-terraform.module.aws_eks_fargate_profiles.aws_iam_policy.cwlogs",
            "module.eks-cluster-with-import-vpc.module.aws-eks-accelerator-for-terraform.module.aws_eks_fargate_profiles.aws_iam_role.fargate",
            "module.eks-cluster-with-import-vpc.module.aws-eks-accelerator-for-terraform.module.aws_eks_fargate_profiles.aws_iam_role_policy_attachment.cwlogs",
            "module.eks-cluster-with-import-vpc.module.aws-eks-accelerator-for-terraform.module.aws_eks_fargate_profiles.aws_iam_role_policy_attachment.fargate_pod_execution_role_policy",
            "module.eks-cluster-with-import-vpc.module.aws-eks-accelerator-for-terraform.module.aws_eks_fargate_profiles.data.aws_iam_policy_document.cwlogs",
            "module.eks-cluster-with-import-vpc.module.aws-eks-accelerator-for-terraform.module.aws_eks_fargate_profiles.data.aws_iam_policy_document.fargate_assume_role_policy",
            "module.eks-cluster-with-import-vpc.module.aws-eks-accelerator-for-terraform.module.aws_eks_managed_node_groups.aws_eks_node_group.managed_ng",
            "module.eks-cluster-with-import-vpc.module.aws-eks-accelerator-for-terraform.module.aws_eks_managed_node_groups.aws_iam_instance_profile.managed_ng",
            "module.eks-cluster-with-import-vpc.module.aws-eks-accelerator-for-terraform.module.aws_eks_managed_node_groups.aws_iam_role.managed_ng",
            "module.eks-cluster-with-import-vpc.module.aws-eks-accelerator-for-terraform.module.aws_eks_managed_node_groups.aws_iam_role_policy_attachment.managed_ng",
            "module.eks-cluster-with-import-vpc.module.aws-eks-accelerator-for-terraform.module.aws_eks_managed_node_groups.aws_iam_role_policy_attachment.managed_ng_AmazonEC2ContainerRegistryReadOnly",
            "module.eks-cluster-with-import-vpc.module.aws-eks-accelerator-for-terraform.module.aws_eks_managed_node_groups.aws_iam_role_policy_attachment.managed_ng_AmazonEKSWorkerNodePolicy",
            "module.eks-cluster-with-import-vpc.module.aws-eks-accelerator-for-terraform.module.aws_eks_managed_node_groups.aws_iam_role_policy_attachment.managed_ng_AmazonEKS_CNI_Policy",
            "module.eks-cluster-with-import-vpc.module.aws-eks-accelerator-for-terraform.module.aws_eks_managed_node_groups.aws_iam_role_policy_attachment.managed_ng_AmazonSSMManagedInstanceCore",
            "module.eks-cluster-with-import-vpc.module.aws-eks-accelerator-for-terraform.module.aws_eks_managed_node_groups.aws_launch_template.managed_node_groups",
            "module.eks-cluster-with-import-vpc.module.aws-eks-accelerator-for-terraform.module.aws_eks_managed_node_groups.data.aws_iam_policy_document.managed_ng_assume_role_policy",
            "module.eks-cluster-with-import-vpc.module.aws-eks-accelerator-for-terraform.module.aws_eks_self_managed_node_groups.aws_autoscaling_group.self_managed_ng",
            "module.eks-cluster-with-import-vpc.module.aws-eks-accelerator-for-terraform.module.aws_eks_self_managed_node_groups.aws_iam_instance_profile.self_managed_ng",
            "module.eks-cluster-with-import-vpc.module.aws-eks-accelerator-for-terraform.module.aws_eks_self_managed_node_groups.aws_iam_policy.eks_windows_cni",
            "module.eks-cluster-with-import-vpc.module.aws-eks-accelerator-for-terraform.module.aws_eks_self_managed_node_groups.aws_iam_role.self_managed_ng",
            "module.eks-cluster-with-import-vpc.module.aws-eks-accelerator-for-terraform.module.aws_eks_self_managed_node_groups.aws_iam_role_policy_attachment.eks_windows_cni",
            "module.eks-cluster-with-import-vpc.module.aws-eks-accelerator-for-terraform.module.aws_eks_self_managed_node_groups.aws_iam_role_policy_attachment.self_managed_ng",
            "module.eks-cluster-with-import-vpc.module.aws-eks-accelerator-for-terraform.module.aws_eks_self_managed_node_groups.data.aws_ami.predefined",
            "module.eks-cluster-with-import-vpc.module.aws-eks-accelerator-for-terraform.module.aws_eks_self_managed_node_groups.data.aws_iam_policy_document.eks_windows_cni",
            "module.eks-cluster-with-import-vpc.module.aws-eks-accelerator-for-terraform.module.aws_eks_self_managed_node_groups.data.aws_iam_policy_document.self_managed_ng_assume_role_policy",
            "module.eks-cluster-with-import-vpc.module.aws-eks-accelerator-for-terraform.module.aws_eks_self_managed_node_groups.module.launch_template_self_managed_ng.aws_launch_template.this",
            "module.eks-cluster-with-import-vpc.module.aws-eks-accelerator-for-terraform.module.aws_eks_self_managed_node_groups.module.launch_template_self_managed_ng.data.aws_eks_cluster.eks",
            "module.eks-cluster-with-import-vpc.module.aws-eks-accelerator-for-terraform.module.aws_eks_self_managed_node_groups.module.launch_template_self_managed_ng.data.aws_eks_cluster_auth.eks",
            "module.eks-cluster-with-import-vpc.module.aws-eks-accelerator-for-terraform.module.aws_eks_teams.aws_iam_policy.platform_team_eks_access",
            "module.eks-cluster-with-import-vpc.module.aws-eks-accelerator-for-terraform.module.aws_eks_teams.aws_iam_role.platform_team",
            "module.eks-cluster-with-import-vpc.module.aws-eks-accelerator-for-terraform.module.aws_eks_teams.aws_iam_role.team_access",
            "module.eks-cluster-with-import-vpc.module.aws-eks-accelerator-for-terraform.module.aws_eks_teams.aws_iam_role.team_sa_irsa",
            "module.eks-cluster-with-import-vpc.module.aws-eks-accelerator-for-terraform.module.aws_eks_teams.data.aws_caller_identity.current",
            "module.eks-cluster-with-import-vpc.module.aws-eks-accelerator-for-terraform.module.aws_eks_teams.data.aws_eks_cluster.eks_cluster",
            "module.eks-cluster-with-import-vpc.module.aws-eks-accelerator-for-terraform.module.aws_eks_teams.data.aws_iam_policy_document.platform_team_eks_access",
            "module.eks-cluster-with-import-vpc.module.aws-eks-accelerator-for-terraform.module.aws_eks_teams.data.aws_partition.current",
            "module.eks-cluster-with-import-vpc.module.aws-eks-accelerator-for-terraform.module.aws_eks_teams.data.aws_region.current",
            "module.eks-cluster-with-import-vpc.module.aws-eks-accelerator-for-terraform.module.aws_eks_teams.kubectl_manifest.team",
            "module.eks-cluster-with-import-vpc.module.aws-eks-accelerator-for-terraform.module.aws_eks_teams.kubernetes_cluster_role.team",
            "module.eks-cluster-with-import-vpc.module.aws-eks-accelerator-for-terraform.module.aws_eks_teams.kubernetes_cluster_role_binding.team",
            "module.eks-cluster-with-import-vpc.module.aws-eks-accelerator-for-terraform.module.aws_eks_teams.kubernetes_namespace.team",
            "module.eks-cluster-with-import-vpc.module.aws-eks-accelerator-for-terraform.module.aws_eks_teams.kubernetes_resource_quota.team_compute_quota",
            "module.eks-cluster-with-import-vpc.module.aws-eks-accelerator-for-terraform.module.aws_eks_teams.kubernetes_resource_quota.team_object_quota",
            "module.eks-cluster-with-import-vpc.module.aws-eks-accelerator-for-terraform.module.aws_eks_teams.kubernetes_role.team",
            "module.eks-cluster-with-import-vpc.module.aws-eks-accelerator-for-terraform.module.aws_eks_teams.kubernetes_role_binding.team",
            "module.eks-cluster-with-import-vpc.module.aws-eks-accelerator-for-terraform.module.aws_eks_teams.kubernetes_service_account.team",
            "module.eks-cluster-with-import-vpc.module.aws-eks-accelerator-for-terraform.module.aws_managed_prometheus.aws_prometheus_workspace.amp_workspace",
            "module.eks-cluster-with-import-vpc.module.aws-eks-accelerator-for-terraform.module.emr_on_eks.aws_iam_policy.emr_on_eks_execution",
            "module.eks-cluster-with-import-vpc.module.aws-eks-accelerator-for-terraform.module.emr_on_eks.aws_iam_role.emr_on_eks_execution",
            "module.eks-cluster-with-import-vpc.module.aws-eks-accelerator-for-terraform.module.emr_on_eks.aws_iam_role_policy_attachment.emr_on_eks_execution",
            "module.eks-cluster-with-import-vpc.module.aws-eks-accelerator-for-terraform.module.emr_on_eks.data.aws_caller_identity.current",
            "module.eks-cluster-with-import-vpc.module.aws-eks-accelerator-for-terraform.module.emr_on_eks.data.aws_iam_policy_document.emr_assume_role",
            "module.eks-cluster-with-import-vpc.module.aws-eks-accelerator-for-terraform.module.emr_on_eks.data.aws_iam_policy_document.emr_on_eks",
            "module.eks-cluster-with-import-vpc.module.aws-eks-accelerator-for-terraform.module.emr_on_eks.data.aws_partition.current",
            "module.eks-cluster-with-import-vpc.module.aws-eks-accelerator-for-terraform.module.emr_on_eks.data.aws_region.current",
            "module.eks-cluster-with-import-vpc.module.aws-eks-accelerator-for-terraform.module.emr_on_eks.kubernetes_namespace.spark",
            "module.eks-cluster-with-import-vpc.module.aws-eks-accelerator-for-terraform.module.emr_on_eks.kubernetes_role.emr_containers",
            "module.eks-cluster-with-import-vpc.module.aws-eks-accelerator-for-terraform.module.emr_on_eks.kubernetes_role_binding.emr_containers",
            "module.eks-cluster-with-import-vpc.module.aws-eks-accelerator-for-terraform.module.emr_on_eks.null_resource.update_trust_policy",
            "module.eks-cluster-with-import-vpc.module.aws-eks-accelerator-for-terraform.module.kms.aws_kms_alias.this",
            "module.eks-cluster-with-import-vpc.module.aws-eks-accelerator-for-terraform.module.kms.aws_kms_key.this",
            "module.eks-cluster-with-import-vpc.module.aws_vpc.aws_subnet.private",
            "module.eks-cluster-with-import-vpc.module.aws_vpc.aws_vpc.this",
            "module.eks-cluster-with-import-vpc.module.aws_vpc.aws_vpc_ipv4_cidr_block_association.this",
            "module.eks-cluster-with-import-vpc.module.kubernetes-addons.data.aws_caller_identity.current",
            "module.eks-cluster-with-import-vpc.module.kubernetes-addons.data.aws_eks_cluster.eks_cluster",
            "module.eks-cluster-with-import-vpc.module.kubernetes-addons.data.aws_partition.current",
            "module.eks-cluster-with-import-vpc.module.kubernetes-addons.data.aws_region.current",
            "module.eks-cluster-with-import-vpc.module.kubernetes-addons.module.promtail.aws_iam_policy.promtail",
            "module.eks-cluster-with-import-vpc.module.kubernetes-addons.module.promtail.data.aws_iam_policy_document.this",
            "module.eks-cluster-with-import-vpc.module.kubernetes-addons.module.promtail.module.helm_addon.module.irsa.aws_iam_role.irsa"
          ]
        }
      ]
    },
    {
      "module": "module.eks-cluster-with-import-vpc.module.kubernetes-addons.module.promtail[0].module.helm_addon.module.irsa[0]",
      "mode": "managed",
      "type": "kubernetes_namespace_v1",
      "name": "irsa",
      "provider": "module.eks-cluster-with-import-vpc.provider[\"registry.terraform.io/hashicorp/kubernetes\"]",
      "instances": [
        {
          "index_key": 0,
          "schema_version": 0,
          "attributes": {
            "id": "promtail",
            "metadata": [
              {
                "annotations": {},
                "generate_name": "",
                "generation": 0,
                "labels": {
                  "app.kubernetes.io/managed-by": "terraform-eks-blueprints"
                },
                "name": "promtail",
                "resource_version": "1898",
                "uid": "9bb330a8-6f2d-4683-8cb5-23b4ce5b26c3"
              }
            ],
            "timeouts": null
          },
          "sensitive_attributes": [],
          "private": "eyJlMmJmYjczMC1lY2FhLTExZTYtOGY4OC0zNDM2M2JjN2M0YzAiOnsiZGVsZXRlIjozMDAwMDAwMDAwMDB9fQ==",
          "dependencies": [
            "module.eks-cluster-with-import-vpc.data.aws_availability_zones.available",
            "module.eks-cluster-with-import-vpc.data.aws_eks_cluster.cluster",
            "module.eks-cluster-with-import-vpc.data.aws_eks_cluster_auth.cluster",
            "module.eks-cluster-with-import-vpc.module.aws-eks-accelerator-for-terraform.data.aws_availability_zones.available",
            "module.eks-cluster-with-import-vpc.module.aws-eks-accelerator-for-terraform.data.aws_caller_identity.current",
            "module.eks-cluster-with-import-vpc.module.aws-eks-accelerator-for-terraform.data.aws_eks_cluster.cluster",
            "module.eks-cluster-with-import-vpc.module.aws-eks-accelerator-for-terraform.data.aws_eks_cluster_auth.cluster",
            "module.eks-cluster-with-import-vpc.module.aws-eks-accelerator-for-terraform.data.aws_iam_policy_document.eks_key",
            "module.eks-cluster-with-import-vpc.module.aws-eks-accelerator-for-terraform.data.aws_iam_session_context.current",
            "module.eks-cluster-with-import-vpc.module.aws-eks-accelerator-for-terraform.data.aws_partition.current",
            "module.eks-cluster-with-import-vpc.module.aws-eks-accelerator-for-terraform.data.aws_region.current",
            "module.eks-cluster-with-import-vpc.module.aws-eks-accelerator-for-terraform.data.http.eks_cluster_readiness",
            "module.eks-cluster-with-import-vpc.module.aws-eks-accelerator-for-terraform.kubernetes_config_map.amazon_vpc_cni",
            "module.eks-cluster-with-import-vpc.module.aws-eks-accelerator-for-terraform.kubernetes_config_map.aws_auth",
            "module.eks-cluster-with-import-vpc.module.aws-eks-accelerator-for-terraform.module.aws_eks.aws_cloudwatch_log_group.this",
            "module.eks-cluster-with-import-vpc.module.aws-eks-accelerator-for-terraform.module.aws_eks.aws_eks_addon.this",
            "module.eks-cluster-with-import-vpc.module.aws-eks-accelerator-for-terraform.module.aws_eks.aws_eks_cluster.this",
            "module.eks-cluster-with-import-vpc.module.aws-eks-accelerator-for-terraform.module.aws_eks.aws_eks_identity_provider_config.this",
            "module.eks-cluster-with-import-vpc.module.aws-eks-accelerator-for-terraform.module.aws_eks.aws_iam_openid_connect_provider.oidc_provider",
            "module.eks-cluster-with-import-vpc.module.aws-eks-accelerator-for-terraform.module.aws_eks.aws_iam_policy.cluster_encryption",
            "module.eks-cluster-with-import-vpc.module.aws-eks-accelerator-for-terraform.module.aws_eks.aws_iam_policy.cni_ipv6_policy",
            "module.eks-cluster-with-import-vpc.module.aws-eks-accelerator-for-terraform.module.aws_eks.aws_iam_role.this",
            "module.eks-cluster-with-import-vpc.module.aws-eks-accelerator-for-terraform.module.aws_eks.aws_iam_role_policy_attachment.cluster_encryption",
            "module.eks-cluster-with-import-vpc.module.aws-eks-accelerator-for-terraform.module.aws_eks.aws_iam_role_policy_attachment.this",
            "module.eks-cluster-with-import-vpc.module.aws-eks-accelerator-for-terraform.module.aws_eks.aws_security_group.cluster",
            "module.eks-cluster-with-import-vpc.module.aws-eks-accelerator-for-terraform.module.aws_eks.aws_security_group.node",
            "module.eks-cluster-with-import-vpc.module.aws-eks-accelerator-for-terraform.module.aws_eks.aws_security_group_rule.cluster",
            "module.eks-cluster-with-import-vpc.module.aws-eks-accelerator-for-terraform.module.aws_eks.aws_security_group_rule.node",
            "module.eks-cluster-with-import-vpc.module.aws-eks-accelerator-for-terraform.module.aws_eks.data.aws_iam_policy_document.assume_role_policy",
            "module.eks-cluster-with-import-vpc.module.aws-eks-accelerator-for-terraform.module.aws_eks.data.aws_iam_policy_document.cni_ipv6_policy",
            "module.eks-cluster-with-import-vpc.module.aws-eks-accelerator-for-terraform.module.aws_eks.data.aws_partition.current",
            "module.eks-cluster-with-import-vpc.module.aws-eks-accelerator-for-terraform.module.aws_eks.data.tls_certificate.this",
            "module.eks-cluster-with-import-vpc.module.aws-eks-accelerator-for-terraform.module.aws_eks.module.eks_managed_node_group.aws_eks_node_group.this",
            "module.eks-cluster-with-import-vpc.module.aws-eks-accelerator-for-terraform.module.aws_eks.module.eks_managed_node_group.aws_iam_role.this",
            "module.eks-cluster-with-import-vpc.module.aws-eks-accelerator-for-terraform.module.aws_eks.module.eks_managed_node_group.aws_iam_role_policy_attachment.this",
            "module.eks-cluster-with-import-vpc.module.aws-eks-accelerator-for-terraform.module.aws_eks.module.eks_managed_node_group.aws_launch_template.this",
            "module.eks-cluster-with-import-vpc.module.aws-eks-accelerator-for-terraform.module.aws_eks.module.eks_managed_node_group.aws_security_group.this",
            "module.eks-cluster-with-import-vpc.module.aws-eks-accelerator-for-terraform.module.aws_eks.module.eks_managed_node_group.aws_security_group_rule.this",
            "module.eks-cluster-with-import-vpc.module.aws-eks-accelerator-for-terraform.module.aws_eks.module.eks_managed_node_group.data.aws_caller_identity.current",
            "module.eks-cluster-with-import-vpc.module.aws-eks-accelerator-for-terraform.module.aws_eks.module.eks_managed_node_group.data.aws_iam_policy_document.assume_role_policy",
            "module.eks-cluster-with-import-vpc.module.aws-eks-accelerator-for-terraform.module.aws_eks.module.eks_managed_node_group.data.aws_partition.current",
            "module.eks-cluster-with-import-vpc.module.aws-eks-accelerator-for-terraform.module.aws_eks.module.eks_managed_node_group.module.user_data.data.cloudinit_config.linux_eks_managed_node_group",
            "module.eks-cluster-with-import-vpc.module.aws-eks-accelerator-for-terraform.module.aws_eks.module.fargate_profile.aws_eks_fargate_profile.this",
            "module.eks-cluster-with-import-vpc.module.aws-eks-accelerator-for-terraform.module.aws_eks.module.fargate_profile.aws_iam_role.this",
            "module.eks-cluster-with-import-vpc.module.aws-eks-accelerator-for-terraform.module.aws_eks.module.fargate_profile.aws_iam_role_policy_attachment.this",
            "module.eks-cluster-with-import-vpc.module.aws-eks-accelerator-for-terraform.module.aws_eks.module.fargate_profile.data.aws_caller_identity.current",
            "module.eks-cluster-with-import-vpc.module.aws-eks-accelerator-for-terraform.module.aws_eks.module.fargate_profile.data.aws_iam_policy_document.assume_role_policy",
            "module.eks-cluster-with-import-vpc.module.aws-eks-accelerator-for-terraform.module.aws_eks.module.fargate_profile.data.aws_partition.current",
            "module.eks-cluster-with-import-vpc.module.aws-eks-accelerator-for-terraform.module.aws_eks.module.self_managed_node_group.aws_autoscaling_group.this",
            "module.eks-cluster-with-import-vpc.module.aws-eks-accelerator-for-terraform.module.aws_eks.module.self_managed_node_group.aws_autoscaling_schedule.this",
            "module.eks-cluster-with-import-vpc.module.aws-eks-accelerator-for-terraform.module.aws_eks.module.self_managed_node_group.aws_iam_instance_profile.this",
            "module.eks-cluster-with-import-vpc.module.aws-eks-accelerator-for-terraform.module.aws_eks.module.self_managed_node_group.aws_iam_role.this",
            "module.eks-cluster-with-import-vpc.module.aws-eks-accelerator-for-terraform.module.aws_eks.module.self_managed_node_group.aws_iam_role_policy_attachment.this",
            "module.eks-cluster-with-import-vpc.module.aws-eks-accelerator-for-terraform.module.aws_eks.module.self_managed_node_group.aws_launch_template.this",
            "module.eks-cluster-with-import-vpc.module.aws-eks-accelerator-for-terraform.module.aws_eks.module.self_managed_node_group.aws_security_group.this",
            "module.eks-cluster-with-import-vpc.module.aws-eks-accelerator-for-terraform.module.aws_eks.module.self_managed_node_group.aws_security_group_rule.this",
            "module.eks-cluster-with-import-vpc.module.aws-eks-accelerator-for-terraform.module.aws_eks.module.self_managed_node_group.data.aws_ami.eks_default",
            "module.eks-cluster-with-import-vpc.module.aws-eks-accelerator-for-terraform.module.aws_eks.module.self_managed_node_group.data.aws_caller_identity.current",
            "module.eks-cluster-with-import-vpc.module.aws-eks-accelerator-for-terraform.module.aws_eks.module.self_managed_node_group.data.aws_iam_policy_document.assume_role_policy",
            "module.eks-cluster-with-import-vpc.module.aws-eks-accelerator-for-terraform.module.aws_eks.module.self_managed_node_group.data.aws_partition.current",
            "module.eks-cluster-with-import-vpc.module.aws-eks-accelerator-for-terraform.module.aws_eks.module.self_managed_node_group.module.user_data.data.cloudinit_config.linux_eks_managed_node_group",
            "module.eks-cluster-with-import-vpc.module.aws-eks-accelerator-for-terraform.module.aws_eks_fargate_profiles.aws_eks_fargate_profile.eks_fargate",
            "module.eks-cluster-with-import-vpc.module.aws-eks-accelerator-for-terraform.module.aws_eks_fargate_profiles.aws_iam_policy.cwlogs",
            "module.eks-cluster-with-import-vpc.module.aws-eks-accelerator-for-terraform.module.aws_eks_fargate_profiles.aws_iam_role.fargate",
            "module.eks-cluster-with-import-vpc.module.aws-eks-accelerator-for-terraform.module.aws_eks_fargate_profiles.aws_iam_role_policy_attachment.cwlogs",
            "module.eks-cluster-with-import-vpc.module.aws-eks-accelerator-for-terraform.module.aws_eks_fargate_profiles.aws_iam_role_policy_attachment.fargate_pod_execution_role_policy",
            "module.eks-cluster-with-import-vpc.module.aws-eks-accelerator-for-terraform.module.aws_eks_fargate_profiles.data.aws_iam_policy_document.cwlogs",
            "module.eks-cluster-with-import-vpc.module.aws-eks-accelerator-for-terraform.module.aws_eks_fargate_profiles.data.aws_iam_policy_document.fargate_assume_role_policy",
            "module.eks-cluster-with-import-vpc.module.aws-eks-accelerator-for-terraform.module.aws_eks_managed_node_groups.aws_eks_node_group.managed_ng",
            "module.eks-cluster-with-import-vpc.module.aws-eks-accelerator-for-terraform.module.aws_eks_managed_node_groups.aws_iam_instance_profile.managed_ng",
            "module.eks-cluster-with-import-vpc.module.aws-eks-accelerator-for-terraform.module.aws_eks_managed_node_groups.aws_iam_role.managed_ng",
            "module.eks-cluster-with-import-vpc.module.aws-eks-accelerator-for-terraform.module.aws_eks_managed_node_groups.aws_iam_role_policy_attachment.managed_ng",
            "module.eks-cluster-with-import-vpc.module.aws-eks-accelerator-for-terraform.module.aws_eks_managed_node_groups.aws_iam_role_policy_attachment.managed_ng_AmazonEC2ContainerRegistryReadOnly",
            "module.eks-cluster-with-import-vpc.module.aws-eks-accelerator-for-terraform.module.aws_eks_managed_node_groups.aws_iam_role_policy_attachment.managed_ng_AmazonEKSWorkerNodePolicy",
            "module.eks-cluster-with-import-vpc.module.aws-eks-accelerator-for-terraform.module.aws_eks_managed_node_groups.aws_iam_role_policy_attachment.managed_ng_AmazonEKS_CNI_Policy",
            "module.eks-cluster-with-import-vpc.module.aws-eks-accelerator-for-terraform.module.aws_eks_managed_node_groups.aws_iam_role_policy_attachment.managed_ng_AmazonSSMManagedInstanceCore",
            "module.eks-cluster-with-import-vpc.module.aws-eks-accelerator-for-terraform.module.aws_eks_managed_node_groups.aws_launch_template.managed_node_groups",
            "module.eks-cluster-with-import-vpc.module.aws-eks-accelerator-for-terraform.module.aws_eks_managed_node_groups.data.aws_iam_policy_document.managed_ng_assume_role_policy",
            "module.eks-cluster-with-import-vpc.module.aws-eks-accelerator-for-terraform.module.aws_eks_self_managed_node_groups.aws_autoscaling_group.self_managed_ng",
            "module.eks-cluster-with-import-vpc.module.aws-eks-accelerator-for-terraform.module.aws_eks_self_managed_node_groups.aws_iam_instance_profile.self_managed_ng",
            "module.eks-cluster-with-import-vpc.module.aws-eks-accelerator-for-terraform.module.aws_eks_self_managed_node_groups.aws_iam_policy.eks_windows_cni",
            "module.eks-cluster-with-import-vpc.module.aws-eks-accelerator-for-terraform.module.aws_eks_self_managed_node_groups.aws_iam_role.self_managed_ng",
            "module.eks-cluster-with-import-vpc.module.aws-eks-accelerator-for-terraform.module.aws_eks_self_managed_node_groups.aws_iam_role_policy_attachment.eks_windows_cni",
            "module.eks-cluster-with-import-vpc.module.aws-eks-accelerator-for-terraform.module.aws_eks_self_managed_node_groups.aws_iam_role_policy_attachment.self_managed_ng",
            "module.eks-cluster-with-import-vpc.module.aws-eks-accelerator-for-terraform.module.aws_eks_self_managed_node_groups.data.aws_ami.predefined",
            "module.eks-cluster-with-import-vpc.module.aws-eks-accelerator-for-terraform.module.aws_eks_self_managed_node_groups.data.aws_iam_policy_document.eks_windows_cni",
            "module.eks-cluster-with-import-vpc.module.aws-eks-accelerator-for-terraform.module.aws_eks_self_managed_node_groups.data.aws_iam_policy_document.self_managed_ng_assume_role_policy",
            "module.eks-cluster-with-import-vpc.module.aws-eks-accelerator-for-terraform.module.aws_eks_self_managed_node_groups.module.launch_template_self_managed_ng.aws_launch_template.this",
            "module.eks-cluster-with-import-vpc.module.aws-eks-accelerator-for-terraform.module.aws_eks_self_managed_node_groups.module.launch_template_self_managed_ng.data.aws_eks_cluster.eks",
            "module.eks-cluster-with-import-vpc.module.aws-eks-accelerator-for-terraform.module.aws_eks_self_managed_node_groups.module.launch_template_self_managed_ng.data.aws_eks_cluster_auth.eks",
            "module.eks-cluster-with-import-vpc.module.aws-eks-accelerator-for-terraform.module.aws_eks_teams.aws_iam_policy.platform_team_eks_access",
            "module.eks-cluster-with-import-vpc.module.aws-eks-accelerator-for-terraform.module.aws_eks_teams.aws_iam_role.platform_team",
            "module.eks-cluster-with-import-vpc.module.aws-eks-accelerator-for-terraform.module.aws_eks_teams.aws_iam_role.team_access",
            "module.eks-cluster-with-import-vpc.module.aws-eks-accelerator-for-terraform.module.aws_eks_teams.aws_iam_role.team_sa_irsa",
            "module.eks-cluster-with-import-vpc.module.aws-eks-accelerator-for-terraform.module.aws_eks_teams.data.aws_caller_identity.current",
            "module.eks-cluster-with-import-vpc.module.aws-eks-accelerator-for-terraform.module.aws_eks_teams.data.aws_eks_cluster.eks_cluster",
            "module.eks-cluster-with-import-vpc.module.aws-eks-accelerator-for-terraform.module.aws_eks_teams.data.aws_iam_policy_document.platform_team_eks_access",
            "module.eks-cluster-with-import-vpc.module.aws-eks-accelerator-for-terraform.module.aws_eks_teams.data.aws_partition.current",
            "module.eks-cluster-with-import-vpc.module.aws-eks-accelerator-for-terraform.module.aws_eks_teams.data.aws_region.current",
            "module.eks-cluster-with-import-vpc.module.aws-eks-accelerator-for-terraform.module.aws_eks_teams.kubectl_manifest.team",
            "module.eks-cluster-with-import-vpc.module.aws-eks-accelerator-for-terraform.module.aws_eks_teams.kubernetes_cluster_role.team",
            "module.eks-cluster-with-import-vpc.module.aws-eks-accelerator-for-terraform.module.aws_eks_teams.kubernetes_cluster_role_binding.team",
            "module.eks-cluster-with-import-vpc.module.aws-eks-accelerator-for-terraform.module.aws_eks_teams.kubernetes_namespace.team",
            "module.eks-cluster-with-import-vpc.module.aws-eks-accelerator-for-terraform.module.aws_eks_teams.kubernetes_resource_quota.team_compute_quota",
            "module.eks-cluster-with-import-vpc.module.aws-eks-accelerator-for-terraform.module.aws_eks_teams.kubernetes_resource_quota.team_object_quota",
            "module.eks-cluster-with-import-vpc.module.aws-eks-accelerator-for-terraform.module.aws_eks_teams.kubernetes_role.team",
            "module.eks-cluster-with-import-vpc.module.aws-eks-accelerator-for-terraform.module.aws_eks_teams.kubernetes_role_binding.team",
            "module.eks-cluster-with-import-vpc.module.aws-eks-accelerator-for-terraform.module.aws_eks_teams.kubernetes_service_account.team",
            "module.eks-cluster-with-import-vpc.module.aws-eks-accelerator-for-terraform.module.aws_managed_prometheus.aws_prometheus_workspace.amp_workspace",
            "module.eks-cluster-with-import-vpc.module.aws-eks-accelerator-for-terraform.module.emr_on_eks.aws_iam_policy.emr_on_eks_execution",
            "module.eks-cluster-with-import-vpc.module.aws-eks-accelerator-for-terraform.module.emr_on_eks.aws_iam_role.emr_on_eks_execution",
            "module.eks-cluster-with-import-vpc.module.aws-eks-accelerator-for-terraform.module.emr_on_eks.aws_iam_role_policy_attachment.emr_on_eks_execution",
            "module.eks-cluster-with-import-vpc.module.aws-eks-accelerator-for-terraform.module.emr_on_eks.data.aws_caller_identity.current",
            "module.eks-cluster-with-import-vpc.module.aws-eks-accelerator-for-terraform.module.emr_on_eks.data.aws_iam_policy_document.emr_assume_role",
            "module.eks-cluster-with-import-vpc.module.aws-eks-accelerator-for-terraform.module.emr_on_eks.data.aws_iam_policy_document.emr_on_eks",
            "module.eks-cluster-with-import-vpc.module.aws-eks-accelerator-for-terraform.module.emr_on_eks.data.aws_partition.current",
            "module.eks-cluster-with-import-vpc.module.aws-eks-accelerator-for-terraform.module.emr_on_eks.data.aws_region.current",
            "module.eks-cluster-with-import-vpc.module.aws-eks-accelerator-for-terraform.module.emr_on_eks.kubernetes_namespace.spark",
            "module.eks-cluster-with-import-vpc.module.aws-eks-accelerator-for-terraform.module.emr_on_eks.kubernetes_role.emr_containers",
            "module.eks-cluster-with-import-vpc.module.aws-eks-accelerator-for-terraform.module.emr_on_eks.kubernetes_role_binding.emr_containers",
            "module.eks-cluster-with-import-vpc.module.aws-eks-accelerator-for-terraform.module.emr_on_eks.null_resource.update_trust_policy",
            "module.eks-cluster-with-import-vpc.module.aws-eks-accelerator-for-terraform.module.kms.aws_kms_alias.this",
            "module.eks-cluster-with-import-vpc.module.aws-eks-accelerator-for-terraform.module.kms.aws_kms_key.this",
            "module.eks-cluster-with-import-vpc.module.aws_vpc.aws_subnet.private",
            "module.eks-cluster-with-import-vpc.module.aws_vpc.aws_vpc.this",
            "module.eks-cluster-with-import-vpc.module.aws_vpc.aws_vpc_ipv4_cidr_block_association.this",
            "module.eks-cluster-with-import-vpc.module.kubernetes-addons.data.aws_caller_identity.current",
            "module.eks-cluster-with-import-vpc.module.kubernetes-addons.data.aws_eks_cluster.eks_cluster",
            "module.eks-cluster-with-import-vpc.module.kubernetes-addons.data.aws_partition.current",
            "module.eks-cluster-with-import-vpc.module.kubernetes-addons.data.aws_region.current",
            "module.eks-cluster-with-import-vpc.module.kubernetes-addons.module.promtail.aws_iam_policy.promtail",
            "module.eks-cluster-with-import-vpc.module.kubernetes-addons.module.promtail.data.aws_iam_policy_document.this"
          ]
        }
      ]
    },
    {
      "module": "module.eks-cluster-with-import-vpc.module.kubernetes-addons.module.promtail[0].module.helm_addon.module.irsa[0]",
      "mode": "managed",
      "type": "kubernetes_service_account_v1",
      "name": "irsa",
      "provider": "module.eks-cluster-with-import-vpc.provider[\"registry.terraform.io/hashicorp/kubernetes\"]",
      "instances": [
        {
          "index_key": 0,
          "schema_version": 0,
          "attributes": {
            "automount_service_account_token": true,
            "default_secret_name": "promtail-token-gpffv",
            "id": "promtail/promtail",
            "image_pull_secret": [],
            "metadata": [
              {
                "annotations": {
                  "eks.amazonaws.com/role-arn": "arn:aws:iam::411309562081:role/eclipz-sndbx-devops-eks-promtail-irsa"
                },
                "generate_name": "",
                "generation": 0,
                "labels": {
                  "app.kubernetes.io/managed-by": "terraform-eks-blueprints"
                },
                "name": "promtail",
                "namespace": "promtail",
                "resource_version": "20359",
                "uid": "199fd469-4af5-436a-b74f-8ebf5077f838"
              }
            ],
            "secret": [],
            "timeouts": null
          },
          "sensitive_attributes": [],
          "private": "eyJlMmJmYjczMC1lY2FhLTExZTYtOGY4OC0zNDM2M2JjN2M0YzAiOnsiY3JlYXRlIjozMDAwMDAwMDAwMH19",
          "dependencies": [
            "module.eks-cluster-with-import-vpc.data.aws_availability_zones.available",
            "module.eks-cluster-with-import-vpc.data.aws_eks_cluster.cluster",
            "module.eks-cluster-with-import-vpc.data.aws_eks_cluster_auth.cluster",
            "module.eks-cluster-with-import-vpc.module.aws-eks-accelerator-for-terraform.data.aws_availability_zones.available",
            "module.eks-cluster-with-import-vpc.module.aws-eks-accelerator-for-terraform.data.aws_caller_identity.current",
            "module.eks-cluster-with-import-vpc.module.aws-eks-accelerator-for-terraform.data.aws_eks_cluster.cluster",
            "module.eks-cluster-with-import-vpc.module.aws-eks-accelerator-for-terraform.data.aws_eks_cluster_auth.cluster",
            "module.eks-cluster-with-import-vpc.module.aws-eks-accelerator-for-terraform.data.aws_iam_policy_document.eks_key",
            "module.eks-cluster-with-import-vpc.module.aws-eks-accelerator-for-terraform.data.aws_iam_session_context.current",
            "module.eks-cluster-with-import-vpc.module.aws-eks-accelerator-for-terraform.data.aws_partition.current",
            "module.eks-cluster-with-import-vpc.module.aws-eks-accelerator-for-terraform.data.aws_region.current",
            "module.eks-cluster-with-import-vpc.module.aws-eks-accelerator-for-terraform.data.http.eks_cluster_readiness",
            "module.eks-cluster-with-import-vpc.module.aws-eks-accelerator-for-terraform.kubernetes_config_map.amazon_vpc_cni",
            "module.eks-cluster-with-import-vpc.module.aws-eks-accelerator-for-terraform.kubernetes_config_map.aws_auth",
            "module.eks-cluster-with-import-vpc.module.aws-eks-accelerator-for-terraform.module.aws_eks.aws_cloudwatch_log_group.this",
            "module.eks-cluster-with-import-vpc.module.aws-eks-accelerator-for-terraform.module.aws_eks.aws_eks_addon.this",
            "module.eks-cluster-with-import-vpc.module.aws-eks-accelerator-for-terraform.module.aws_eks.aws_eks_cluster.this",
            "module.eks-cluster-with-import-vpc.module.aws-eks-accelerator-for-terraform.module.aws_eks.aws_eks_identity_provider_config.this",
            "module.eks-cluster-with-import-vpc.module.aws-eks-accelerator-for-terraform.module.aws_eks.aws_iam_openid_connect_provider.oidc_provider",
            "module.eks-cluster-with-import-vpc.module.aws-eks-accelerator-for-terraform.module.aws_eks.aws_iam_policy.cluster_encryption",
            "module.eks-cluster-with-import-vpc.module.aws-eks-accelerator-for-terraform.module.aws_eks.aws_iam_policy.cni_ipv6_policy",
            "module.eks-cluster-with-import-vpc.module.aws-eks-accelerator-for-terraform.module.aws_eks.aws_iam_role.this",
            "module.eks-cluster-with-import-vpc.module.aws-eks-accelerator-for-terraform.module.aws_eks.aws_iam_role_policy_attachment.cluster_encryption",
            "module.eks-cluster-with-import-vpc.module.aws-eks-accelerator-for-terraform.module.aws_eks.aws_iam_role_policy_attachment.this",
            "module.eks-cluster-with-import-vpc.module.aws-eks-accelerator-for-terraform.module.aws_eks.aws_security_group.cluster",
            "module.eks-cluster-with-import-vpc.module.aws-eks-accelerator-for-terraform.module.aws_eks.aws_security_group.node",
            "module.eks-cluster-with-import-vpc.module.aws-eks-accelerator-for-terraform.module.aws_eks.aws_security_group_rule.cluster",
            "module.eks-cluster-with-import-vpc.module.aws-eks-accelerator-for-terraform.module.aws_eks.aws_security_group_rule.node",
            "module.eks-cluster-with-import-vpc.module.aws-eks-accelerator-for-terraform.module.aws_eks.data.aws_iam_policy_document.assume_role_policy",
            "module.eks-cluster-with-import-vpc.module.aws-eks-accelerator-for-terraform.module.aws_eks.data.aws_iam_policy_document.cni_ipv6_policy",
            "module.eks-cluster-with-import-vpc.module.aws-eks-accelerator-for-terraform.module.aws_eks.data.aws_partition.current",
            "module.eks-cluster-with-import-vpc.module.aws-eks-accelerator-for-terraform.module.aws_eks.data.tls_certificate.this",
            "module.eks-cluster-with-import-vpc.module.aws-eks-accelerator-for-terraform.module.aws_eks.module.eks_managed_node_group.aws_eks_node_group.this",
            "module.eks-cluster-with-import-vpc.module.aws-eks-accelerator-for-terraform.module.aws_eks.module.eks_managed_node_group.aws_iam_role.this",
            "module.eks-cluster-with-import-vpc.module.aws-eks-accelerator-for-terraform.module.aws_eks.module.eks_managed_node_group.aws_iam_role_policy_attachment.this",
            "module.eks-cluster-with-import-vpc.module.aws-eks-accelerator-for-terraform.module.aws_eks.module.eks_managed_node_group.aws_launch_template.this",
            "module.eks-cluster-with-import-vpc.module.aws-eks-accelerator-for-terraform.module.aws_eks.module.eks_managed_node_group.aws_security_group.this",
            "module.eks-cluster-with-import-vpc.module.aws-eks-accelerator-for-terraform.module.aws_eks.module.eks_managed_node_group.aws_security_group_rule.this",
            "module.eks-cluster-with-import-vpc.module.aws-eks-accelerator-for-terraform.module.aws_eks.module.eks_managed_node_group.data.aws_caller_identity.current",
            "module.eks-cluster-with-import-vpc.module.aws-eks-accelerator-for-terraform.module.aws_eks.module.eks_managed_node_group.data.aws_iam_policy_document.assume_role_policy",
            "module.eks-cluster-with-import-vpc.module.aws-eks-accelerator-for-terraform.module.aws_eks.module.eks_managed_node_group.data.aws_partition.current",
            "module.eks-cluster-with-import-vpc.module.aws-eks-accelerator-for-terraform.module.aws_eks.module.eks_managed_node_group.module.user_data.data.cloudinit_config.linux_eks_managed_node_group",
            "module.eks-cluster-with-import-vpc.module.aws-eks-accelerator-for-terraform.module.aws_eks.module.fargate_profile.aws_eks_fargate_profile.this",
            "module.eks-cluster-with-import-vpc.module.aws-eks-accelerator-for-terraform.module.aws_eks.module.fargate_profile.aws_iam_role.this",
            "module.eks-cluster-with-import-vpc.module.aws-eks-accelerator-for-terraform.module.aws_eks.module.fargate_profile.aws_iam_role_policy_attachment.this",
            "module.eks-cluster-with-import-vpc.module.aws-eks-accelerator-for-terraform.module.aws_eks.module.fargate_profile.data.aws_caller_identity.current",
            "module.eks-cluster-with-import-vpc.module.aws-eks-accelerator-for-terraform.module.aws_eks.module.fargate_profile.data.aws_iam_policy_document.assume_role_policy",
            "module.eks-cluster-with-import-vpc.module.aws-eks-accelerator-for-terraform.module.aws_eks.module.fargate_profile.data.aws_partition.current",
            "module.eks-cluster-with-import-vpc.module.aws-eks-accelerator-for-terraform.module.aws_eks.module.self_managed_node_group.aws_autoscaling_group.this",
            "module.eks-cluster-with-import-vpc.module.aws-eks-accelerator-for-terraform.module.aws_eks.module.self_managed_node_group.aws_autoscaling_schedule.this",
            "module.eks-cluster-with-import-vpc.module.aws-eks-accelerator-for-terraform.module.aws_eks.module.self_managed_node_group.aws_iam_instance_profile.this",
            "module.eks-cluster-with-import-vpc.module.aws-eks-accelerator-for-terraform.module.aws_eks.module.self_managed_node_group.aws_iam_role.this",
            "module.eks-cluster-with-import-vpc.module.aws-eks-accelerator-for-terraform.module.aws_eks.module.self_managed_node_group.aws_iam_role_policy_attachment.this",
            "module.eks-cluster-with-import-vpc.module.aws-eks-accelerator-for-terraform.module.aws_eks.module.self_managed_node_group.aws_launch_template.this",
            "module.eks-cluster-with-import-vpc.module.aws-eks-accelerator-for-terraform.module.aws_eks.module.self_managed_node_group.aws_security_group.this",
            "module.eks-cluster-with-import-vpc.module.aws-eks-accelerator-for-terraform.module.aws_eks.module.self_managed_node_group.aws_security_group_rule.this",
            "module.eks-cluster-with-import-vpc.module.aws-eks-accelerator-for-terraform.module.aws_eks.module.self_managed_node_group.data.aws_ami.eks_default",
            "module.eks-cluster-with-import-vpc.module.aws-eks-accelerator-for-terraform.module.aws_eks.module.self_managed_node_group.data.aws_caller_identity.current",
            "module.eks-cluster-with-import-vpc.module.aws-eks-accelerator-for-terraform.module.aws_eks.module.self_managed_node_group.data.aws_iam_policy_document.assume_role_policy",
            "module.eks-cluster-with-import-vpc.module.aws-eks-accelerator-for-terraform.module.aws_eks.module.self_managed_node_group.data.aws_partition.current",
            "module.eks-cluster-with-import-vpc.module.aws-eks-accelerator-for-terraform.module.aws_eks.module.self_managed_node_group.module.user_data.data.cloudinit_config.linux_eks_managed_node_group",
            "module.eks-cluster-with-import-vpc.module.aws-eks-accelerator-for-terraform.module.aws_eks_fargate_profiles.aws_eks_fargate_profile.eks_fargate",
            "module.eks-cluster-with-import-vpc.module.aws-eks-accelerator-for-terraform.module.aws_eks_fargate_profiles.aws_iam_policy.cwlogs",
            "module.eks-cluster-with-import-vpc.module.aws-eks-accelerator-for-terraform.module.aws_eks_fargate_profiles.aws_iam_role.fargate",
            "module.eks-cluster-with-import-vpc.module.aws-eks-accelerator-for-terraform.module.aws_eks_fargate_profiles.aws_iam_role_policy_attachment.cwlogs",
            "module.eks-cluster-with-import-vpc.module.aws-eks-accelerator-for-terraform.module.aws_eks_fargate_profiles.aws_iam_role_policy_attachment.fargate_pod_execution_role_policy",
            "module.eks-cluster-with-import-vpc.module.aws-eks-accelerator-for-terraform.module.aws_eks_fargate_profiles.data.aws_iam_policy_document.cwlogs",
            "module.eks-cluster-with-import-vpc.module.aws-eks-accelerator-for-terraform.module.aws_eks_fargate_profiles.data.aws_iam_policy_document.fargate_assume_role_policy",
            "module.eks-cluster-with-import-vpc.module.aws-eks-accelerator-for-terraform.module.aws_eks_managed_node_groups.aws_eks_node_group.managed_ng",
            "module.eks-cluster-with-import-vpc.module.aws-eks-accelerator-for-terraform.module.aws_eks_managed_node_groups.aws_iam_instance_profile.managed_ng",
            "module.eks-cluster-with-import-vpc.module.aws-eks-accelerator-for-terraform.module.aws_eks_managed_node_groups.aws_iam_role.managed_ng",
            "module.eks-cluster-with-import-vpc.module.aws-eks-accelerator-for-terraform.module.aws_eks_managed_node_groups.aws_iam_role_policy_attachment.managed_ng",
            "module.eks-cluster-with-import-vpc.module.aws-eks-accelerator-for-terraform.module.aws_eks_managed_node_groups.aws_iam_role_policy_attachment.managed_ng_AmazonEC2ContainerRegistryReadOnly",
            "module.eks-cluster-with-import-vpc.module.aws-eks-accelerator-for-terraform.module.aws_eks_managed_node_groups.aws_iam_role_policy_attachment.managed_ng_AmazonEKSWorkerNodePolicy",
            "module.eks-cluster-with-import-vpc.module.aws-eks-accelerator-for-terraform.module.aws_eks_managed_node_groups.aws_iam_role_policy_attachment.managed_ng_AmazonEKS_CNI_Policy",
            "module.eks-cluster-with-import-vpc.module.aws-eks-accelerator-for-terraform.module.aws_eks_managed_node_groups.aws_iam_role_policy_attachment.managed_ng_AmazonSSMManagedInstanceCore",
            "module.eks-cluster-with-import-vpc.module.aws-eks-accelerator-for-terraform.module.aws_eks_managed_node_groups.aws_launch_template.managed_node_groups",
            "module.eks-cluster-with-import-vpc.module.aws-eks-accelerator-for-terraform.module.aws_eks_managed_node_groups.data.aws_iam_policy_document.managed_ng_assume_role_policy",
            "module.eks-cluster-with-import-vpc.module.aws-eks-accelerator-for-terraform.module.aws_eks_self_managed_node_groups.aws_autoscaling_group.self_managed_ng",
            "module.eks-cluster-with-import-vpc.module.aws-eks-accelerator-for-terraform.module.aws_eks_self_managed_node_groups.aws_iam_instance_profile.self_managed_ng",
            "module.eks-cluster-with-import-vpc.module.aws-eks-accelerator-for-terraform.module.aws_eks_self_managed_node_groups.aws_iam_policy.eks_windows_cni",
            "module.eks-cluster-with-import-vpc.module.aws-eks-accelerator-for-terraform.module.aws_eks_self_managed_node_groups.aws_iam_role.self_managed_ng",
            "module.eks-cluster-with-import-vpc.module.aws-eks-accelerator-for-terraform.module.aws_eks_self_managed_node_groups.aws_iam_role_policy_attachment.eks_windows_cni",
            "module.eks-cluster-with-import-vpc.module.aws-eks-accelerator-for-terraform.module.aws_eks_self_managed_node_groups.aws_iam_role_policy_attachment.self_managed_ng",
            "module.eks-cluster-with-import-vpc.module.aws-eks-accelerator-for-terraform.module.aws_eks_self_managed_node_groups.data.aws_ami.predefined",
            "module.eks-cluster-with-import-vpc.module.aws-eks-accelerator-for-terraform.module.aws_eks_self_managed_node_groups.data.aws_iam_policy_document.eks_windows_cni",
            "module.eks-cluster-with-import-vpc.module.aws-eks-accelerator-for-terraform.module.aws_eks_self_managed_node_groups.data.aws_iam_policy_document.self_managed_ng_assume_role_policy",
            "module.eks-cluster-with-import-vpc.module.aws-eks-accelerator-for-terraform.module.aws_eks_self_managed_node_groups.module.launch_template_self_managed_ng.aws_launch_template.this",
            "module.eks-cluster-with-import-vpc.module.aws-eks-accelerator-for-terraform.module.aws_eks_self_managed_node_groups.module.launch_template_self_managed_ng.data.aws_eks_cluster.eks",
            "module.eks-cluster-with-import-vpc.module.aws-eks-accelerator-for-terraform.module.aws_eks_self_managed_node_groups.module.launch_template_self_managed_ng.data.aws_eks_cluster_auth.eks",
            "module.eks-cluster-with-import-vpc.module.aws-eks-accelerator-for-terraform.module.aws_eks_teams.aws_iam_policy.platform_team_eks_access",
            "module.eks-cluster-with-import-vpc.module.aws-eks-accelerator-for-terraform.module.aws_eks_teams.aws_iam_role.platform_team",
            "module.eks-cluster-with-import-vpc.module.aws-eks-accelerator-for-terraform.module.aws_eks_teams.aws_iam_role.team_access",
            "module.eks-cluster-with-import-vpc.module.aws-eks-accelerator-for-terraform.module.aws_eks_teams.aws_iam_role.team_sa_irsa",
            "module.eks-cluster-with-import-vpc.module.aws-eks-accelerator-for-terraform.module.aws_eks_teams.data.aws_caller_identity.current",
            "module.eks-cluster-with-import-vpc.module.aws-eks-accelerator-for-terraform.module.aws_eks_teams.data.aws_eks_cluster.eks_cluster",
            "module.eks-cluster-with-import-vpc.module.aws-eks-accelerator-for-terraform.module.aws_eks_teams.data.aws_iam_policy_document.platform_team_eks_access",
            "module.eks-cluster-with-import-vpc.module.aws-eks-accelerator-for-terraform.module.aws_eks_teams.data.aws_partition.current",
            "module.eks-cluster-with-import-vpc.module.aws-eks-accelerator-for-terraform.module.aws_eks_teams.data.aws_region.current",
            "module.eks-cluster-with-import-vpc.module.aws-eks-accelerator-for-terraform.module.aws_eks_teams.kubectl_manifest.team",
            "module.eks-cluster-with-import-vpc.module.aws-eks-accelerator-for-terraform.module.aws_eks_teams.kubernetes_cluster_role.team",
            "module.eks-cluster-with-import-vpc.module.aws-eks-accelerator-for-terraform.module.aws_eks_teams.kubernetes_cluster_role_binding.team",
            "module.eks-cluster-with-import-vpc.module.aws-eks-accelerator-for-terraform.module.aws_eks_teams.kubernetes_namespace.team",
            "module.eks-cluster-with-import-vpc.module.aws-eks-accelerator-for-terraform.module.aws_eks_teams.kubernetes_resource_quota.team_compute_quota",
            "module.eks-cluster-with-import-vpc.module.aws-eks-accelerator-for-terraform.module.aws_eks_teams.kubernetes_resource_quota.team_object_quota",
            "module.eks-cluster-with-import-vpc.module.aws-eks-accelerator-for-terraform.module.aws_eks_teams.kubernetes_role.team",
            "module.eks-cluster-with-import-vpc.module.aws-eks-accelerator-for-terraform.module.aws_eks_teams.kubernetes_role_binding.team",
            "module.eks-cluster-with-import-vpc.module.aws-eks-accelerator-for-terraform.module.aws_eks_teams.kubernetes_service_account.team",
            "module.eks-cluster-with-import-vpc.module.aws-eks-accelerator-for-terraform.module.aws_managed_prometheus.aws_prometheus_workspace.amp_workspace",
            "module.eks-cluster-with-import-vpc.module.aws-eks-accelerator-for-terraform.module.emr_on_eks.aws_iam_policy.emr_on_eks_execution",
            "module.eks-cluster-with-import-vpc.module.aws-eks-accelerator-for-terraform.module.emr_on_eks.aws_iam_role.emr_on_eks_execution",
            "module.eks-cluster-with-import-vpc.module.aws-eks-accelerator-for-terraform.module.emr_on_eks.aws_iam_role_policy_attachment.emr_on_eks_execution",
            "module.eks-cluster-with-import-vpc.module.aws-eks-accelerator-for-terraform.module.emr_on_eks.data.aws_caller_identity.current",
            "module.eks-cluster-with-import-vpc.module.aws-eks-accelerator-for-terraform.module.emr_on_eks.data.aws_iam_policy_document.emr_assume_role",
            "module.eks-cluster-with-import-vpc.module.aws-eks-accelerator-for-terraform.module.emr_on_eks.data.aws_iam_policy_document.emr_on_eks",
            "module.eks-cluster-with-import-vpc.module.aws-eks-accelerator-for-terraform.module.emr_on_eks.data.aws_partition.current",
            "module.eks-cluster-with-import-vpc.module.aws-eks-accelerator-for-terraform.module.emr_on_eks.data.aws_region.current",
            "module.eks-cluster-with-import-vpc.module.aws-eks-accelerator-for-terraform.module.emr_on_eks.kubernetes_namespace.spark",
            "module.eks-cluster-with-import-vpc.module.aws-eks-accelerator-for-terraform.module.emr_on_eks.kubernetes_role.emr_containers",
            "module.eks-cluster-with-import-vpc.module.aws-eks-accelerator-for-terraform.module.emr_on_eks.kubernetes_role_binding.emr_containers",
            "module.eks-cluster-with-import-vpc.module.aws-eks-accelerator-for-terraform.module.emr_on_eks.null_resource.update_trust_policy",
            "module.eks-cluster-with-import-vpc.module.aws-eks-accelerator-for-terraform.module.kms.aws_kms_alias.this",
            "module.eks-cluster-with-import-vpc.module.aws-eks-accelerator-for-terraform.module.kms.aws_kms_key.this",
            "module.eks-cluster-with-import-vpc.module.aws_vpc.aws_subnet.private",
            "module.eks-cluster-with-import-vpc.module.aws_vpc.aws_vpc.this",
            "module.eks-cluster-with-import-vpc.module.aws_vpc.aws_vpc_ipv4_cidr_block_association.this",
            "module.eks-cluster-with-import-vpc.module.kubernetes-addons.data.aws_caller_identity.current",
            "module.eks-cluster-with-import-vpc.module.kubernetes-addons.data.aws_eks_cluster.eks_cluster",
            "module.eks-cluster-with-import-vpc.module.kubernetes-addons.data.aws_partition.current",
            "module.eks-cluster-with-import-vpc.module.kubernetes-addons.data.aws_region.current",
            "module.eks-cluster-with-import-vpc.module.kubernetes-addons.module.promtail.aws_iam_policy.promtail",
            "module.eks-cluster-with-import-vpc.module.kubernetes-addons.module.promtail.data.aws_iam_policy_document.this",
            "module.eks-cluster-with-import-vpc.module.kubernetes-addons.module.promtail.module.helm_addon.module.irsa.aws_iam_role.irsa"
          ]
        }
      ]
    },
    {
      "module": "module.eks-cluster-with-import-vpc.module.kubernetes-addons.module.tetrate_istio[0]",
      "mode": "managed",
      "type": "kubernetes_namespace_v1",
      "name": "istio",
      "provider": "module.eks-cluster-with-import-vpc.provider[\"registry.terraform.io/hashicorp/kubernetes\"]",
      "instances": [
        {
          "schema_version": 0,
          "attributes": {
            "id": "istio-system",
            "metadata": [
              {
                "annotations": {},
                "generate_name": "",
                "generation": 0,
                "labels": {},
                "name": "istio-system",
                "resource_version": "1867",
                "uid": "cfafa76d-7139-4c5a-b224-88eb5f797dda"
              }
            ],
            "timeouts": null
          },
          "sensitive_attributes": [],
          "private": "eyJlMmJmYjczMC1lY2FhLTExZTYtOGY4OC0zNDM2M2JjN2M0YzAiOnsiZGVsZXRlIjozMDAwMDAwMDAwMDB9fQ==",
          "dependencies": [
            "module.eks-cluster-with-import-vpc.data.aws_availability_zones.available",
            "module.eks-cluster-with-import-vpc.data.aws_eks_cluster.cluster",
            "module.eks-cluster-with-import-vpc.data.aws_eks_cluster_auth.cluster",
            "module.eks-cluster-with-import-vpc.module.aws-eks-accelerator-for-terraform.data.aws_availability_zones.available",
            "module.eks-cluster-with-import-vpc.module.aws-eks-accelerator-for-terraform.data.aws_caller_identity.current",
            "module.eks-cluster-with-import-vpc.module.aws-eks-accelerator-for-terraform.data.aws_eks_cluster.cluster",
            "module.eks-cluster-with-import-vpc.module.aws-eks-accelerator-for-terraform.data.aws_eks_cluster_auth.cluster",
            "module.eks-cluster-with-import-vpc.module.aws-eks-accelerator-for-terraform.data.aws_iam_policy_document.eks_key",
            "module.eks-cluster-with-import-vpc.module.aws-eks-accelerator-for-terraform.data.aws_iam_session_context.current",
            "module.eks-cluster-with-import-vpc.module.aws-eks-accelerator-for-terraform.data.aws_partition.current",
            "module.eks-cluster-with-import-vpc.module.aws-eks-accelerator-for-terraform.data.aws_region.current",
            "module.eks-cluster-with-import-vpc.module.aws-eks-accelerator-for-terraform.data.http.eks_cluster_readiness",
            "module.eks-cluster-with-import-vpc.module.aws-eks-accelerator-for-terraform.kubernetes_config_map.amazon_vpc_cni",
            "module.eks-cluster-with-import-vpc.module.aws-eks-accelerator-for-terraform.kubernetes_config_map.aws_auth",
            "module.eks-cluster-with-import-vpc.module.aws-eks-accelerator-for-terraform.module.aws_eks.aws_cloudwatch_log_group.this",
            "module.eks-cluster-with-import-vpc.module.aws-eks-accelerator-for-terraform.module.aws_eks.aws_eks_addon.this",
            "module.eks-cluster-with-import-vpc.module.aws-eks-accelerator-for-terraform.module.aws_eks.aws_eks_cluster.this",
            "module.eks-cluster-with-import-vpc.module.aws-eks-accelerator-for-terraform.module.aws_eks.aws_eks_identity_provider_config.this",
            "module.eks-cluster-with-import-vpc.module.aws-eks-accelerator-for-terraform.module.aws_eks.aws_iam_openid_connect_provider.oidc_provider",
            "module.eks-cluster-with-import-vpc.module.aws-eks-accelerator-for-terraform.module.aws_eks.aws_iam_policy.cluster_encryption",
            "module.eks-cluster-with-import-vpc.module.aws-eks-accelerator-for-terraform.module.aws_eks.aws_iam_policy.cni_ipv6_policy",
            "module.eks-cluster-with-import-vpc.module.aws-eks-accelerator-for-terraform.module.aws_eks.aws_iam_role.this",
            "module.eks-cluster-with-import-vpc.module.aws-eks-accelerator-for-terraform.module.aws_eks.aws_iam_role_policy_attachment.cluster_encryption",
            "module.eks-cluster-with-import-vpc.module.aws-eks-accelerator-for-terraform.module.aws_eks.aws_iam_role_policy_attachment.this",
            "module.eks-cluster-with-import-vpc.module.aws-eks-accelerator-for-terraform.module.aws_eks.aws_security_group.cluster",
            "module.eks-cluster-with-import-vpc.module.aws-eks-accelerator-for-terraform.module.aws_eks.aws_security_group.node",
            "module.eks-cluster-with-import-vpc.module.aws-eks-accelerator-for-terraform.module.aws_eks.aws_security_group_rule.cluster",
            "module.eks-cluster-with-import-vpc.module.aws-eks-accelerator-for-terraform.module.aws_eks.aws_security_group_rule.node",
            "module.eks-cluster-with-import-vpc.module.aws-eks-accelerator-for-terraform.module.aws_eks.data.aws_iam_policy_document.assume_role_policy",
            "module.eks-cluster-with-import-vpc.module.aws-eks-accelerator-for-terraform.module.aws_eks.data.aws_iam_policy_document.cni_ipv6_policy",
            "module.eks-cluster-with-import-vpc.module.aws-eks-accelerator-for-terraform.module.aws_eks.data.aws_partition.current",
            "module.eks-cluster-with-import-vpc.module.aws-eks-accelerator-for-terraform.module.aws_eks.data.tls_certificate.this",
            "module.eks-cluster-with-import-vpc.module.aws-eks-accelerator-for-terraform.module.aws_eks.module.eks_managed_node_group.aws_eks_node_group.this",
            "module.eks-cluster-with-import-vpc.module.aws-eks-accelerator-for-terraform.module.aws_eks.module.eks_managed_node_group.aws_iam_role.this",
            "module.eks-cluster-with-import-vpc.module.aws-eks-accelerator-for-terraform.module.aws_eks.module.eks_managed_node_group.aws_iam_role_policy_attachment.this",
            "module.eks-cluster-with-import-vpc.module.aws-eks-accelerator-for-terraform.module.aws_eks.module.eks_managed_node_group.aws_launch_template.this",
            "module.eks-cluster-with-import-vpc.module.aws-eks-accelerator-for-terraform.module.aws_eks.module.eks_managed_node_group.aws_security_group.this",
            "module.eks-cluster-with-import-vpc.module.aws-eks-accelerator-for-terraform.module.aws_eks.module.eks_managed_node_group.aws_security_group_rule.this",
            "module.eks-cluster-with-import-vpc.module.aws-eks-accelerator-for-terraform.module.aws_eks.module.eks_managed_node_group.data.aws_caller_identity.current",
            "module.eks-cluster-with-import-vpc.module.aws-eks-accelerator-for-terraform.module.aws_eks.module.eks_managed_node_group.data.aws_iam_policy_document.assume_role_policy",
            "module.eks-cluster-with-import-vpc.module.aws-eks-accelerator-for-terraform.module.aws_eks.module.eks_managed_node_group.data.aws_partition.current",
            "module.eks-cluster-with-import-vpc.module.aws-eks-accelerator-for-terraform.module.aws_eks.module.eks_managed_node_group.module.user_data.data.cloudinit_config.linux_eks_managed_node_group",
            "module.eks-cluster-with-import-vpc.module.aws-eks-accelerator-for-terraform.module.aws_eks.module.fargate_profile.aws_eks_fargate_profile.this",
            "module.eks-cluster-with-import-vpc.module.aws-eks-accelerator-for-terraform.module.aws_eks.module.fargate_profile.aws_iam_role.this",
            "module.eks-cluster-with-import-vpc.module.aws-eks-accelerator-for-terraform.module.aws_eks.module.fargate_profile.aws_iam_role_policy_attachment.this",
            "module.eks-cluster-with-import-vpc.module.aws-eks-accelerator-for-terraform.module.aws_eks.module.fargate_profile.data.aws_caller_identity.current",
            "module.eks-cluster-with-import-vpc.module.aws-eks-accelerator-for-terraform.module.aws_eks.module.fargate_profile.data.aws_iam_policy_document.assume_role_policy",
            "module.eks-cluster-with-import-vpc.module.aws-eks-accelerator-for-terraform.module.aws_eks.module.fargate_profile.data.aws_partition.current",
            "module.eks-cluster-with-import-vpc.module.aws-eks-accelerator-for-terraform.module.aws_eks.module.self_managed_node_group.aws_autoscaling_group.this",
            "module.eks-cluster-with-import-vpc.module.aws-eks-accelerator-for-terraform.module.aws_eks.module.self_managed_node_group.aws_autoscaling_schedule.this",
            "module.eks-cluster-with-import-vpc.module.aws-eks-accelerator-for-terraform.module.aws_eks.module.self_managed_node_group.aws_iam_instance_profile.this",
            "module.eks-cluster-with-import-vpc.module.aws-eks-accelerator-for-terraform.module.aws_eks.module.self_managed_node_group.aws_iam_role.this",
            "module.eks-cluster-with-import-vpc.module.aws-eks-accelerator-for-terraform.module.aws_eks.module.self_managed_node_group.aws_iam_role_policy_attachment.this",
            "module.eks-cluster-with-import-vpc.module.aws-eks-accelerator-for-terraform.module.aws_eks.module.self_managed_node_group.aws_launch_template.this",
            "module.eks-cluster-with-import-vpc.module.aws-eks-accelerator-for-terraform.module.aws_eks.module.self_managed_node_group.aws_security_group.this",
            "module.eks-cluster-with-import-vpc.module.aws-eks-accelerator-for-terraform.module.aws_eks.module.self_managed_node_group.aws_security_group_rule.this",
            "module.eks-cluster-with-import-vpc.module.aws-eks-accelerator-for-terraform.module.aws_eks.module.self_managed_node_group.data.aws_ami.eks_default",
            "module.eks-cluster-with-import-vpc.module.aws-eks-accelerator-for-terraform.module.aws_eks.module.self_managed_node_group.data.aws_caller_identity.current",
            "module.eks-cluster-with-import-vpc.module.aws-eks-accelerator-for-terraform.module.aws_eks.module.self_managed_node_group.data.aws_iam_policy_document.assume_role_policy",
            "module.eks-cluster-with-import-vpc.module.aws-eks-accelerator-for-terraform.module.aws_eks.module.self_managed_node_group.data.aws_partition.current",
            "module.eks-cluster-with-import-vpc.module.aws-eks-accelerator-for-terraform.module.aws_eks.module.self_managed_node_group.module.user_data.data.cloudinit_config.linux_eks_managed_node_group",
            "module.eks-cluster-with-import-vpc.module.aws-eks-accelerator-for-terraform.module.aws_eks_fargate_profiles.aws_eks_fargate_profile.eks_fargate",
            "module.eks-cluster-with-import-vpc.module.aws-eks-accelerator-for-terraform.module.aws_eks_fargate_profiles.aws_iam_policy.cwlogs",
            "module.eks-cluster-with-import-vpc.module.aws-eks-accelerator-for-terraform.module.aws_eks_fargate_profiles.aws_iam_role.fargate",
            "module.eks-cluster-with-import-vpc.module.aws-eks-accelerator-for-terraform.module.aws_eks_fargate_profiles.aws_iam_role_policy_attachment.cwlogs",
            "module.eks-cluster-with-import-vpc.module.aws-eks-accelerator-for-terraform.module.aws_eks_fargate_profiles.aws_iam_role_policy_attachment.fargate_pod_execution_role_policy",
            "module.eks-cluster-with-import-vpc.module.aws-eks-accelerator-for-terraform.module.aws_eks_fargate_profiles.data.aws_iam_policy_document.cwlogs",
            "module.eks-cluster-with-import-vpc.module.aws-eks-accelerator-for-terraform.module.aws_eks_fargate_profiles.data.aws_iam_policy_document.fargate_assume_role_policy",
            "module.eks-cluster-with-import-vpc.module.aws-eks-accelerator-for-terraform.module.aws_eks_managed_node_groups.aws_eks_node_group.managed_ng",
            "module.eks-cluster-with-import-vpc.module.aws-eks-accelerator-for-terraform.module.aws_eks_managed_node_groups.aws_iam_instance_profile.managed_ng",
            "module.eks-cluster-with-import-vpc.module.aws-eks-accelerator-for-terraform.module.aws_eks_managed_node_groups.aws_iam_role.managed_ng",
            "module.eks-cluster-with-import-vpc.module.aws-eks-accelerator-for-terraform.module.aws_eks_managed_node_groups.aws_iam_role_policy_attachment.managed_ng",
            "module.eks-cluster-with-import-vpc.module.aws-eks-accelerator-for-terraform.module.aws_eks_managed_node_groups.aws_iam_role_policy_attachment.managed_ng_AmazonEC2ContainerRegistryReadOnly",
            "module.eks-cluster-with-import-vpc.module.aws-eks-accelerator-for-terraform.module.aws_eks_managed_node_groups.aws_iam_role_policy_attachment.managed_ng_AmazonEKSWorkerNodePolicy",
            "module.eks-cluster-with-import-vpc.module.aws-eks-accelerator-for-terraform.module.aws_eks_managed_node_groups.aws_iam_role_policy_attachment.managed_ng_AmazonEKS_CNI_Policy",
            "module.eks-cluster-with-import-vpc.module.aws-eks-accelerator-for-terraform.module.aws_eks_managed_node_groups.aws_iam_role_policy_attachment.managed_ng_AmazonSSMManagedInstanceCore",
            "module.eks-cluster-with-import-vpc.module.aws-eks-accelerator-for-terraform.module.aws_eks_managed_node_groups.aws_launch_template.managed_node_groups",
            "module.eks-cluster-with-import-vpc.module.aws-eks-accelerator-for-terraform.module.aws_eks_managed_node_groups.data.aws_iam_policy_document.managed_ng_assume_role_policy",
            "module.eks-cluster-with-import-vpc.module.aws-eks-accelerator-for-terraform.module.aws_eks_self_managed_node_groups.aws_autoscaling_group.self_managed_ng",
            "module.eks-cluster-with-import-vpc.module.aws-eks-accelerator-for-terraform.module.aws_eks_self_managed_node_groups.aws_iam_instance_profile.self_managed_ng",
            "module.eks-cluster-with-import-vpc.module.aws-eks-accelerator-for-terraform.module.aws_eks_self_managed_node_groups.aws_iam_policy.eks_windows_cni",
            "module.eks-cluster-with-import-vpc.module.aws-eks-accelerator-for-terraform.module.aws_eks_self_managed_node_groups.aws_iam_role.self_managed_ng",
            "module.eks-cluster-with-import-vpc.module.aws-eks-accelerator-for-terraform.module.aws_eks_self_managed_node_groups.aws_iam_role_policy_attachment.eks_windows_cni",
            "module.eks-cluster-with-import-vpc.module.aws-eks-accelerator-for-terraform.module.aws_eks_self_managed_node_groups.aws_iam_role_policy_attachment.self_managed_ng",
            "module.eks-cluster-with-import-vpc.module.aws-eks-accelerator-for-terraform.module.aws_eks_self_managed_node_groups.data.aws_ami.predefined",
            "module.eks-cluster-with-import-vpc.module.aws-eks-accelerator-for-terraform.module.aws_eks_self_managed_node_groups.data.aws_iam_policy_document.eks_windows_cni",
            "module.eks-cluster-with-import-vpc.module.aws-eks-accelerator-for-terraform.module.aws_eks_self_managed_node_groups.data.aws_iam_policy_document.self_managed_ng_assume_role_policy",
            "module.eks-cluster-with-import-vpc.module.aws-eks-accelerator-for-terraform.module.aws_eks_self_managed_node_groups.module.launch_template_self_managed_ng.aws_launch_template.this",
            "module.eks-cluster-with-import-vpc.module.aws-eks-accelerator-for-terraform.module.aws_eks_self_managed_node_groups.module.launch_template_self_managed_ng.data.aws_eks_cluster.eks",
            "module.eks-cluster-with-import-vpc.module.aws-eks-accelerator-for-terraform.module.aws_eks_self_managed_node_groups.module.launch_template_self_managed_ng.data.aws_eks_cluster_auth.eks",
            "module.eks-cluster-with-import-vpc.module.aws-eks-accelerator-for-terraform.module.aws_eks_teams.aws_iam_policy.platform_team_eks_access",
            "module.eks-cluster-with-import-vpc.module.aws-eks-accelerator-for-terraform.module.aws_eks_teams.aws_iam_role.platform_team",
            "module.eks-cluster-with-import-vpc.module.aws-eks-accelerator-for-terraform.module.aws_eks_teams.aws_iam_role.team_access",
            "module.eks-cluster-with-import-vpc.module.aws-eks-accelerator-for-terraform.module.aws_eks_teams.aws_iam_role.team_sa_irsa",
            "module.eks-cluster-with-import-vpc.module.aws-eks-accelerator-for-terraform.module.aws_eks_teams.data.aws_caller_identity.current",
            "module.eks-cluster-with-import-vpc.module.aws-eks-accelerator-for-terraform.module.aws_eks_teams.data.aws_eks_cluster.eks_cluster",
            "module.eks-cluster-with-import-vpc.module.aws-eks-accelerator-for-terraform.module.aws_eks_teams.data.aws_iam_policy_document.platform_team_eks_access",
            "module.eks-cluster-with-import-vpc.module.aws-eks-accelerator-for-terraform.module.aws_eks_teams.data.aws_partition.current",
            "module.eks-cluster-with-import-vpc.module.aws-eks-accelerator-for-terraform.module.aws_eks_teams.data.aws_region.current",
            "module.eks-cluster-with-import-vpc.module.aws-eks-accelerator-for-terraform.module.aws_eks_teams.kubectl_manifest.team",
            "module.eks-cluster-with-import-vpc.module.aws-eks-accelerator-for-terraform.module.aws_eks_teams.kubernetes_cluster_role.team",
            "module.eks-cluster-with-import-vpc.module.aws-eks-accelerator-for-terraform.module.aws_eks_teams.kubernetes_cluster_role_binding.team",
            "module.eks-cluster-with-import-vpc.module.aws-eks-accelerator-for-terraform.module.aws_eks_teams.kubernetes_namespace.team",
            "module.eks-cluster-with-import-vpc.module.aws-eks-accelerator-for-terraform.module.aws_eks_teams.kubernetes_resource_quota.team_compute_quota",
            "module.eks-cluster-with-import-vpc.module.aws-eks-accelerator-for-terraform.module.aws_eks_teams.kubernetes_resource_quota.team_object_quota",
            "module.eks-cluster-with-import-vpc.module.aws-eks-accelerator-for-terraform.module.aws_eks_teams.kubernetes_role.team",
            "module.eks-cluster-with-import-vpc.module.aws-eks-accelerator-for-terraform.module.aws_eks_teams.kubernetes_role_binding.team",
            "module.eks-cluster-with-import-vpc.module.aws-eks-accelerator-for-terraform.module.aws_eks_teams.kubernetes_service_account.team",
            "module.eks-cluster-with-import-vpc.module.aws-eks-accelerator-for-terraform.module.aws_managed_prometheus.aws_prometheus_workspace.amp_workspace",
            "module.eks-cluster-with-import-vpc.module.aws-eks-accelerator-for-terraform.module.emr_on_eks.aws_iam_policy.emr_on_eks_execution",
            "module.eks-cluster-with-import-vpc.module.aws-eks-accelerator-for-terraform.module.emr_on_eks.aws_iam_role.emr_on_eks_execution",
            "module.eks-cluster-with-import-vpc.module.aws-eks-accelerator-for-terraform.module.emr_on_eks.aws_iam_role_policy_attachment.emr_on_eks_execution",
            "module.eks-cluster-with-import-vpc.module.aws-eks-accelerator-for-terraform.module.emr_on_eks.data.aws_caller_identity.current",
            "module.eks-cluster-with-import-vpc.module.aws-eks-accelerator-for-terraform.module.emr_on_eks.data.aws_iam_policy_document.emr_assume_role",
            "module.eks-cluster-with-import-vpc.module.aws-eks-accelerator-for-terraform.module.emr_on_eks.data.aws_iam_policy_document.emr_on_eks",
            "module.eks-cluster-with-import-vpc.module.aws-eks-accelerator-for-terraform.module.emr_on_eks.data.aws_partition.current",
            "module.eks-cluster-with-import-vpc.module.aws-eks-accelerator-for-terraform.module.emr_on_eks.data.aws_region.current",
            "module.eks-cluster-with-import-vpc.module.aws-eks-accelerator-for-terraform.module.emr_on_eks.kubernetes_namespace.spark",
            "module.eks-cluster-with-import-vpc.module.aws-eks-accelerator-for-terraform.module.emr_on_eks.kubernetes_role.emr_containers",
            "module.eks-cluster-with-import-vpc.module.aws-eks-accelerator-for-terraform.module.emr_on_eks.kubernetes_role_binding.emr_containers",
            "module.eks-cluster-with-import-vpc.module.aws-eks-accelerator-for-terraform.module.emr_on_eks.null_resource.update_trust_policy",
            "module.eks-cluster-with-import-vpc.module.aws-eks-accelerator-for-terraform.module.kms.aws_kms_alias.this",
            "module.eks-cluster-with-import-vpc.module.aws-eks-accelerator-for-terraform.module.kms.aws_kms_key.this",
            "module.eks-cluster-with-import-vpc.module.aws_vpc.aws_subnet.private",
            "module.eks-cluster-with-import-vpc.module.aws_vpc.aws_vpc.this",
            "module.eks-cluster-with-import-vpc.module.aws_vpc.aws_vpc_ipv4_cidr_block_association.this"
          ]
        }
      ]
    },
    {
      "module": "module.rds_postgres.module.aurora",
      "mode": "data",
      "type": "aws_iam_policy_document",
      "name": "monitoring_rds_assume_role",
      "provider": "module.rds_postgres.provider[\"registry.terraform.io/hashicorp/aws\"]",
      "instances": [
        {
          "schema_version": 0,
          "attributes": {
            "id": "1813475199",
            "json": "{\n  \"Version\": \"2012-10-17\",\n  \"Statement\": [\n    {\n      \"Sid\": \"\",\n      \"Effect\": \"Allow\",\n      \"Action\": \"sts:AssumeRole\",\n      \"Principal\": {\n        \"Service\": \"monitoring.rds.amazonaws.com\"\n      }\n    }\n  ]\n}",
            "override_json": null,
            "override_policy_documents": null,
            "policy_id": null,
            "source_json": null,
            "source_policy_documents": null,
            "statement": [
              {
                "actions": [
                  "sts:AssumeRole"
                ],
                "condition": [],
                "effect": "Allow",
                "not_actions": [],
                "not_principals": [],
                "not_resources": [],
                "principals": [
                  {
                    "identifiers": [
                      "monitoring.rds.amazonaws.com"
                    ],
                    "type": "Service"
                  }
                ],
                "resources": [],
                "sid": ""
              }
            ],
            "version": "2012-10-17"
          },
          "sensitive_attributes": []
        }
      ]
    },
    {
      "module": "module.rds_postgres.module.aurora",
      "mode": "data",
      "type": "aws_partition",
      "name": "current",
      "provider": "module.rds_postgres.provider[\"registry.terraform.io/hashicorp/aws\"]",
      "instances": [
        {
          "schema_version": 0,
          "attributes": {
            "dns_suffix": "amazonaws.com",
            "id": "aws",
            "partition": "aws",
            "reverse_dns_prefix": "com.amazonaws"
          },
          "sensitive_attributes": []
        }
      ]
    },
    {
      "module": "module.rds_postgres.module.aurora",
      "mode": "managed",
      "type": "aws_db_subnet_group",
      "name": "this",
      "provider": "module.rds_postgres.provider[\"registry.terraform.io/hashicorp/aws\"]",
      "instances": [
        {
          "index_key": 0,
          "schema_version": 0,
          "attributes": {
            "arn": "arn:aws:rds:us-east-1:411309562081:subgrp:eclipz-sndbx-devops-aurora",
            "description": "For Aurora cluster eclipz-sndbx-devops-aurora",
            "id": "eclipz-sndbx-devops-aurora",
            "name": "eclipz-sndbx-devops-aurora",
            "name_prefix": "",
            "subnet_ids": [
              "subnet-041f62c3f1c166d60",
              "subnet-04a4f30bbba6ac904",
              "subnet-0ecb0848e1fe9d6e3"
            ],
            "supported_network_types": [
              "IPV4"
            ],
            "tags": {},
            "tags_all": {}
          },
          "sensitive_attributes": [],
          "private": "bnVsbA==",
          "dependencies": [
            "module.eks-cluster-with-import-vpc.data.aws_availability_zones.available",
            "module.eks-cluster-with-import-vpc.module.aws_vpc.aws_subnet.private",
            "module.eks-cluster-with-import-vpc.module.aws_vpc.aws_vpc.this",
            "module.eks-cluster-with-import-vpc.module.aws_vpc.aws_vpc_ipv4_cidr_block_association.this"
          ]
        }
      ]
    },
    {
      "module": "module.rds_postgres.module.aurora",
      "mode": "managed",
      "type": "aws_iam_role",
      "name": "rds_enhanced_monitoring",
      "provider": "module.rds_postgres.provider[\"registry.terraform.io/hashicorp/aws\"]",
      "instances": [
        {
          "index_key": 0,
          "schema_version": 0,
          "attributes": {
            "arn": "arn:aws:iam::411309562081:role/terraform-20221117074656877100000001",
            "assume_role_policy": "{\"Statement\":[{\"Action\":\"sts:AssumeRole\",\"Effect\":\"Allow\",\"Principal\":{\"Service\":\"monitoring.rds.amazonaws.com\"},\"Sid\":\"\"}],\"Version\":\"2012-10-17\"}",
            "create_date": "2022-11-17T07:48:16Z",
            "description": "",
            "force_detach_policies": false,
            "id": "terraform-20221117074656877100000001",
            "inline_policy": [],
            "managed_policy_arns": [
              "arn:aws:iam::aws:policy/service-role/AmazonRDSEnhancedMonitoringRole"
            ],
            "max_session_duration": 3600,
            "name": "terraform-20221117074656877100000001",
            "name_prefix": "terraform-",
            "path": "/",
            "permissions_boundary": null,
            "tags": {},
            "tags_all": {},
            "unique_id": "AROAV7Q7V3DQ2NVMLGZX4"
          },
          "sensitive_attributes": [],
          "private": "bnVsbA==",
          "dependencies": [
            "module.rds_postgres.module.aurora.data.aws_iam_policy_document.monitoring_rds_assume_role"
          ]
        }
      ]
    },
    {
      "module": "module.rds_postgres.module.aurora",
      "mode": "managed",
      "type": "aws_iam_role_policy_attachment",
      "name": "rds_enhanced_monitoring",
      "provider": "module.rds_postgres.provider[\"registry.terraform.io/hashicorp/aws\"]",
      "instances": [
        {
          "index_key": 0,
          "schema_version": 0,
          "attributes": {
            "id": "terraform-20221117074656877100000001-20221117074659670800000002",
            "policy_arn": "arn:aws:iam::aws:policy/service-role/AmazonRDSEnhancedMonitoringRole",
            "role": "terraform-20221117074656877100000001"
          },
          "sensitive_attributes": [],
          "private": "bnVsbA==",
          "dependencies": [
            "module.rds_postgres.module.aurora.aws_iam_role.rds_enhanced_monitoring",
            "module.rds_postgres.module.aurora.data.aws_iam_policy_document.monitoring_rds_assume_role",
            "module.rds_postgres.module.aurora.data.aws_partition.current"
          ]
        }
      ]
    },
    {
      "module": "module.rds_postgres.module.aurora",
      "mode": "managed",
      "type": "aws_rds_cluster",
      "name": "this",
      "provider": "module.rds_postgres.provider[\"registry.terraform.io/hashicorp/aws\"]",
      "instances": [
        {
          "index_key": 0,
          "schema_version": 0,
          "attributes": {
            "allocated_storage": 1,
            "allow_major_version_upgrade": false,
            "apply_immediately": true,
            "arn": "arn:aws:rds:us-east-1:411309562081:cluster:eclipz-sndbx-devops-aurora",
            "availability_zones": [
              "us-east-1a",
              "us-east-1b",
              "us-east-1c"
            ],
            "backtrack_window": 0,
            "backup_retention_period": 7,
            "cluster_identifier": "eclipz-sndbx-devops-aurora",
            "cluster_identifier_prefix": null,
            "cluster_members": [
              "eclipz-sndbx-devops-aurora-one"
            ],
            "cluster_resource_id": "cluster-BH4VRT6MMAKTKWXDIJV34WL5XM",
            "copy_tags_to_snapshot": false,
            "database_name": "mydb",
            "db_cluster_instance_class": "",
            "db_cluster_parameter_group_name": "default.aurora-postgresql11",
            "db_instance_parameter_group_name": null,
            "db_subnet_group_name": "eclipz-sndbx-devops-aurora",
            "deletion_protection": false,
            "enable_global_write_forwarding": false,
            "enable_http_endpoint": false,
            "enabled_cloudwatch_logs_exports": [
              "postgresql"
            ],
            "endpoint": "eclipz-sndbx-devops-aurora.cluster-ckukbxtcgunv.us-east-1.rds.amazonaws.com",
            "engine": "aurora-postgresql",
            "engine_mode": "provisioned",
            "engine_version": "11.13",
            "engine_version_actual": "11.13",
            "final_snapshot_identifier": "final-eclipz-sndbx-devops-aurora-ae34f804",
            "global_cluster_identifier": "",
            "hosted_zone_id": "Z2R2ITUGPM61AM",
            "iam_database_authentication_enabled": false,
            "iam_roles": [],
            "id": "eclipz-sndbx-devops-aurora",
            "iops": 0,
            "kms_key_id": "arn:aws:kms:us-east-1:411309562081:key/b8b44941-4ebf-47fe-8d6b-d033e6a1e0fc",
            "master_password": "QpCXrgfYw4",
            "master_username": "root",
            "network_type": "IPV4",
            "port": 5432,
            "preferred_backup_window": "02:00-03:00",
            "preferred_maintenance_window": "sun:05:00-sun:06:00",
            "reader_endpoint": "eclipz-sndbx-devops-aurora.cluster-ro-ckukbxtcgunv.us-east-1.rds.amazonaws.com",
            "replication_source_identifier": "",
            "restore_to_point_in_time": [],
            "s3_import": [],
            "scaling_configuration": [],
            "serverlessv2_scaling_configuration": [],
            "skip_final_snapshot": false,
            "snapshot_identifier": null,
            "source_region": null,
            "storage_encrypted": true,
            "storage_type": "",
            "tags": {},
            "tags_all": {},
            "timeouts": {
              "create": null,
              "delete": null,
              "update": null
            },
            "vpc_security_group_ids": [
              "sg-0ce1dbfe5753f6deb"
            ]
          },
          "sensitive_attributes": [
            [
              {
                "type": "get_attr",
                "value": "master_password"
              }
            ]
          ],
          "private": "eyJlMmJmYjczMC1lY2FhLTExZTYtOGY4OC0zNDM2M2JjN2M0YzAiOnsiY3JlYXRlIjo3MjAwMDAwMDAwMDAwLCJkZWxldGUiOjcyMDAwMDAwMDAwMDAsInVwZGF0ZSI6NzIwMDAwMDAwMDAwMH19",
          "dependencies": [
            "module.eks-cluster-with-import-vpc.data.aws_availability_zones.available",
            "module.eks-cluster-with-import-vpc.module.aws-eks-accelerator-for-terraform.module.aws_eks.aws_security_group.node",
            "module.eks-cluster-with-import-vpc.module.aws_vpc.aws_subnet.private",
            "module.eks-cluster-with-import-vpc.module.aws_vpc.aws_vpc.this",
            "module.eks-cluster-with-import-vpc.module.aws_vpc.aws_vpc_ipv4_cidr_block_association.this",
            "module.rds_postgres.module.aurora.aws_db_subnet_group.this",
            "module.rds_postgres.module.aurora.aws_security_group.this",
            "module.rds_postgres.module.aurora.random_id.snapshot_identifier",
            "module.rds_postgres.module.aurora.random_password.master_password"
          ]
        }
      ]
    },
    {
      "module": "module.rds_postgres.module.aurora",
      "mode": "managed",
      "type": "aws_rds_cluster_instance",
      "name": "this",
      "provider": "module.rds_postgres.provider[\"registry.terraform.io/hashicorp/aws\"]",
      "instances": [
        {
          "index_key": "one",
          "schema_version": 0,
          "attributes": {
            "apply_immediately": true,
            "arn": "arn:aws:rds:us-east-1:411309562081:db:eclipz-sndbx-devops-aurora-one",
            "auto_minor_version_upgrade": true,
            "availability_zone": "us-east-1a",
            "ca_cert_identifier": "rds-ca-2019",
            "cluster_identifier": "eclipz-sndbx-devops-aurora",
            "copy_tags_to_snapshot": false,
            "db_parameter_group_name": "default.aurora-postgresql11",
            "db_subnet_group_name": "eclipz-sndbx-devops-aurora",
            "dbi_resource_id": "db-2N2PL4HOMMJPB42NPJHPG4WW7Y",
            "endpoint": "eclipz-sndbx-devops-aurora-one.ckukbxtcgunv.us-east-1.rds.amazonaws.com",
            "engine": "aurora-postgresql",
            "engine_version": "11.13",
            "engine_version_actual": "11.13",
            "id": "eclipz-sndbx-devops-aurora-one",
            "identifier": "eclipz-sndbx-devops-aurora-one",
            "identifier_prefix": null,
            "instance_class": "db.t3.medium",
            "kms_key_id": "arn:aws:kms:us-east-1:411309562081:key/b8b44941-4ebf-47fe-8d6b-d033e6a1e0fc",
            "monitoring_interval": 10,
            "monitoring_role_arn": "arn:aws:iam::411309562081:role/terraform-20221117074656877100000001",
            "network_type": "IPV4",
            "performance_insights_enabled": false,
            "performance_insights_kms_key_id": "",
            "performance_insights_retention_period": 0,
            "port": 5432,
            "preferred_backup_window": "02:00-03:00",
            "preferred_maintenance_window": "sun:05:00-sun:06:00",
            "promotion_tier": 0,
            "publicly_accessible": false,
            "storage_encrypted": true,
            "tags": {},
            "tags_all": {},
            "timeouts": {
              "create": null,
              "delete": null,
              "update": null
            },
            "writer": true
          },
          "sensitive_attributes": [],
          "private": "eyJlMmJmYjczMC1lY2FhLTExZTYtOGY4OC0zNDM2M2JjN2M0YzAiOnsiY3JlYXRlIjo1NDAwMDAwMDAwMDAwLCJkZWxldGUiOjU0MDAwMDAwMDAwMDAsInVwZGF0ZSI6NTQwMDAwMDAwMDAwMH19",
          "dependencies": [
            "module.eks-cluster-with-import-vpc.data.aws_availability_zones.available",
            "module.eks-cluster-with-import-vpc.module.aws-eks-accelerator-for-terraform.module.aws_eks.aws_security_group.node",
            "module.eks-cluster-with-import-vpc.module.aws_vpc.aws_subnet.private",
            "module.eks-cluster-with-import-vpc.module.aws_vpc.aws_vpc.this",
            "module.eks-cluster-with-import-vpc.module.aws_vpc.aws_vpc_ipv4_cidr_block_association.this",
            "module.rds_postgres.module.aurora.aws_db_subnet_group.this",
            "module.rds_postgres.module.aurora.aws_iam_role.rds_enhanced_monitoring",
            "module.rds_postgres.module.aurora.aws_rds_cluster.this",
            "module.rds_postgres.module.aurora.aws_security_group.this",
            "module.rds_postgres.module.aurora.data.aws_iam_policy_document.monitoring_rds_assume_role",
            "module.rds_postgres.module.aurora.random_id.snapshot_identifier",
            "module.rds_postgres.module.aurora.random_password.master_password"
          ]
        }
      ]
    },
    {
      "module": "module.rds_postgres.module.aurora",
      "mode": "managed",
      "type": "random_id",
      "name": "snapshot_identifier",
      "provider": "provider[\"registry.terraform.io/hashicorp/random\"]",
      "instances": [
        {
          "index_key": 0,
          "schema_version": 0,
          "attributes": {
            "b64_std": "rjT4BA==",
            "b64_url": "rjT4BA",
            "byte_length": 4,
            "dec": "2922706948",
            "hex": "ae34f804",
            "id": "rjT4BA",
            "keepers": {
              "id": "eclipz-sndbx-devops-aurora"
            },
            "prefix": null
          },
          "sensitive_attributes": []
        }
      ]
    },
    {
      "module": "module.rds_postgres.module.aurora",
      "mode": "managed",
      "type": "random_password",
      "name": "master_password",
      "provider": "provider[\"registry.terraform.io/hashicorp/random\"]",
      "instances": [
        {
          "index_key": 0,
          "schema_version": 3,
          "attributes": {
            "bcrypt_hash": "$2a$10$pPQdrfhM3TWLGb0J3kv2LurOzGwT8TjV4fXS5XJ2ez.tL1isFVBvK",
            "id": "none",
            "keepers": null,
            "length": 10,
            "lower": true,
            "min_lower": 0,
            "min_numeric": 0,
            "min_special": 0,
            "min_upper": 0,
            "number": true,
            "numeric": true,
            "override_special": null,
            "result": "QpCXrgfYw4",
            "special": false,
            "upper": true
          },
          "sensitive_attributes": []
        }
      ]
    }
  ]
}
